{
    "version": 3,
    "terraform_version": "0.11.10",
    "serial": 1,
    "lineage": "72c6c710-16df-f1dc-fe06-be9a1b785d20",
    "modules": [
        {
            "path": [
                "root"
            ],
            "outputs": {},
            "resources": {
                "google_compute_image.abtests_all_20161129220131_nginx_dev": {
                    "type": "google_compute_image",
                    "depends_on": [],
                    "primary": {
                        "id": "abtests-all-20161129220131-nginx-dev",
                        "attributes": {
                            "description": "abtests-all-20161129220131-nginx-dev",
                            "family": "",
                            "id": "abtests-all-20161129220131-nginx-dev",
                            "label_fingerprint": "42WmSpB8rSM=",
                            "labels.%": "0",
                            "licenses.#": "1",
                            "licenses.0": "https://www.googleapis.com/compute/v1/projects/ubuntu-os-cloud/global/licenses/ubuntu-1404-trusty",
                            "name": "abtests-all-20161129220131-nginx-dev",
                            "project": "waze-development",
                            "self_link": "https://www.googleapis.com/compute/v1/projects/waze-development/global/images/abtests-all-20161129220131-nginx-dev",
                            "source_disk": "https://www.googleapis.com/compute/v1/projects/waze-development/zones/europe-west1-d/disks/packer-583dfabd-f197-55a3-a5e2-e73a4bc505d0"
                        },
                        "meta": {},
                        "tainted": false
                    },
                    "deposed": [],
                    "provider": "provider.google"
                },
                "google_compute_image.artifactory_image": {
                    "type": "google_compute_image",
                    "depends_on": [],
                    "primary": {
                        "id": "artifactory-image",
                        "attributes": {
                            "description": "An image of artifactory",
                            "family": "",
                            "id": "artifactory-image",
                            "label_fingerprint": "42WmSpB8rSM=",
                            "labels.%": "0",
                            "licenses.#": "1",
                            "licenses.0": "https://www.googleapis.com/compute/v1/projects/debian-cloud/global/licenses/debian-9-stretch",
                            "name": "artifactory-image",
                            "project": "waze-development",
                            "self_link": "https://www.googleapis.com/compute/v1/projects/waze-development/global/images/artifactory-image",
                            "source_disk": "https://www.googleapis.com/compute/v1/projects/waze-development/zones/us-east1-c/disks/artifactory"
                        },
                        "meta": {},
                        "tainted": false
                    },
                    "deposed": [],
                    "provider": "provider.google"
                },
                "google_compute_image.cassandra1_data_20180508": {
                    "type": "google_compute_image",
                    "depends_on": [],
                    "primary": {
                        "id": "cassandra1-data-20180508",
                        "attributes": {
                            "description": "",
                            "family": "cassandra1-data",
                            "id": "cassandra1-data-20180508",
                            "label_fingerprint": "42WmSpB8rSM=",
                            "labels.%": "0",
                            "licenses.#": "0",
                            "name": "cassandra1-data-20180508",
                            "project": "waze-development",
                            "self_link": "https://www.googleapis.com/compute/v1/projects/waze-development/global/images/cassandra1-data-20180508",
                            "source_disk": "https://www.googleapis.com/compute/v1/projects/waze-development/zones/europe-west1-b/disks/stagingmastercassandra-stg-b-v001-gt2c-1"
                        },
                        "meta": {},
                        "tainted": false
                    },
                    "deposed": [],
                    "provider": "provider.google"
                },
                "google_compute_image.cassandra1_data_20181018": {
                    "type": "google_compute_image",
                    "depends_on": [],
                    "primary": {
                        "id": "cassandra1-data-20181018",
                        "attributes": {
                            "description": "",
                            "family": "cassandra1-data",
                            "id": "cassandra1-data-20181018",
                            "label_fingerprint": "42WmSpB8rSM=",
                            "labels.%": "0",
                            "licenses.#": "0",
                            "name": "cassandra1-data-20181018",
                            "project": "waze-development",
                            "self_link": "https://www.googleapis.com/compute/v1/projects/waze-development/global/images/cassandra1-data-20181018",
                            "source_disk": "https://www.googleapis.com/compute/v1/projects/waze-development/zones/europe-west1-c/disks/cassandra1-data-20181018"
                        },
                        "meta": {},
                        "tainted": false
                    },
                    "deposed": [],
                    "provider": "provider.google"
                },
                "google_compute_image.cassandra1_data_20181021": {
                    "type": "google_compute_image",
                    "depends_on": [],
                    "primary": {
                        "id": "cassandra1-data-20181021",
                        "attributes": {
                            "description": "",
                            "family": "cassandra1-data",
                            "id": "cassandra1-data-20181021",
                            "label_fingerprint": "42WmSpB8rSM=",
                            "labels.%": "0",
                            "licenses.#": "0",
                            "name": "cassandra1-data-20181021",
                            "project": "waze-development",
                            "self_link": "https://www.googleapis.com/compute/v1/projects/waze-development/global/images/cassandra1-data-20181021",
                            "source_disk": "https://www.googleapis.com/compute/v1/projects/waze-development/zones/europe-west1-b/disks/cassandra-master-sod-data"
                        },
                        "meta": {},
                        "tainted": false
                    },
                    "deposed": [],
                    "provider": "provider.google"
                },
                "google_compute_image.cassandra1_data_20181021_new": {
                    "type": "google_compute_image",
                    "depends_on": [],
                    "primary": {
                        "id": "cassandra1-data-20181021-new",
                        "attributes": {
                            "description": "",
                            "family": "cassandra1-data",
                            "id": "cassandra1-data-20181021-new",
                            "label_fingerprint": "42WmSpB8rSM=",
                            "labels.%": "0",
                            "licenses.#": "0",
                            "name": "cassandra1-data-20181021-new",
                            "project": "waze-development",
                            "self_link": "https://www.googleapis.com/compute/v1/projects/waze-development/global/images/cassandra1-data-20181021-new",
                            "source_disk": "https://www.googleapis.com/compute/v1/projects/waze-development/zones/europe-west1-b/disks/cassandra-master-sod-data"
                        },
                        "meta": {},
                        "tainted": false
                    },
                    "deposed": [],
                    "provider": "provider.google"
                },
                "google_compute_image.cassandra1_data_20181021_new2": {
                    "type": "google_compute_image",
                    "depends_on": [],
                    "primary": {
                        "id": "cassandra1-data-20181021-new2",
                        "attributes": {
                            "description": "",
                            "family": "cassandra1-data",
                            "id": "cassandra1-data-20181021-new2",
                            "label_fingerprint": "42WmSpB8rSM=",
                            "labels.%": "0",
                            "licenses.#": "0",
                            "name": "cassandra1-data-20181021-new2",
                            "project": "waze-development",
                            "self_link": "https://www.googleapis.com/compute/v1/projects/waze-development/global/images/cassandra1-data-20181021-new2",
                            "source_disk": "https://www.googleapis.com/compute/v1/projects/waze-development/zones/europe-west1-b/disks/cassandra-master-sod-data"
                        },
                        "meta": {},
                        "tainted": false
                    },
                    "deposed": [],
                    "provider": "provider.google"
                },
                "google_compute_image.cassandra1_data_20181022": {
                    "type": "google_compute_image",
                    "depends_on": [],
                    "primary": {
                        "id": "cassandra1-data-20181022",
                        "attributes": {
                            "description": "",
                            "family": "cassandra1-data",
                            "id": "cassandra1-data-20181022",
                            "label_fingerprint": "42WmSpB8rSM=",
                            "labels.%": "0",
                            "licenses.#": "0",
                            "name": "cassandra1-data-20181022",
                            "project": "waze-development",
                            "self_link": "https://www.googleapis.com/compute/v1/projects/waze-development/global/images/cassandra1-data-20181022",
                            "source_disk": "https://www.googleapis.com/compute/v1/projects/waze-development/zones/europe-west1-b/disks/cassandra-master-sod-data"
                        },
                        "meta": {},
                        "tainted": false
                    },
                    "deposed": [],
                    "provider": "provider.google"
                },
                "google_compute_image.cassandra1_data_20181024": {
                    "type": "google_compute_image",
                    "depends_on": [],
                    "primary": {
                        "id": "cassandra1-data-20181024",
                        "attributes": {
                            "description": "",
                            "family": "cassandra1-data",
                            "id": "cassandra1-data-20181024",
                            "label_fingerprint": "42WmSpB8rSM=",
                            "labels.%": "0",
                            "licenses.#": "0",
                            "name": "cassandra1-data-20181024",
                            "project": "waze-development",
                            "self_link": "https://www.googleapis.com/compute/v1/projects/waze-development/global/images/cassandra1-data-20181024",
                            "source_disk": "https://www.googleapis.com/compute/v1/projects/waze-development/zones/europe-west1-b/disks/cassandra-master-sod-data"
                        },
                        "meta": {},
                        "tainted": false
                    },
                    "deposed": [],
                    "provider": "provider.google"
                },
                "google_compute_image.cassandra1_data_20181130": {
                    "type": "google_compute_image",
                    "depends_on": [],
                    "primary": {
                        "id": "cassandra1-data-20181130",
                        "attributes": {
                            "description": "",
                            "family": "cassandra1-data",
                            "id": "cassandra1-data-20181130",
                            "label_fingerprint": "42WmSpB8rSM=",
                            "labels.%": "0",
                            "licenses.#": "0",
                            "name": "cassandra1-data-20181130",
                            "project": "waze-development",
                            "self_link": "https://www.googleapis.com/compute/v1/projects/waze-development/global/images/cassandra1-data-20181130",
                            "source_disk": "https://www.googleapis.com/compute/v1/projects/waze-development/zones/europe-west1-b/disks/cassandra-master-sod-data"
                        },
                        "meta": {},
                        "tainted": false
                    },
                    "deposed": [],
                    "provider": "provider.google"
                },
                "google_compute_image.cassandra2_data_20180509": {
                    "type": "google_compute_image",
                    "depends_on": [],
                    "primary": {
                        "id": "cassandra2-data-20180509",
                        "attributes": {
                            "description": "",
                            "family": "cassandra2-data",
                            "id": "cassandra2-data-20180509",
                            "label_fingerprint": "42WmSpB8rSM=",
                            "labels.%": "0",
                            "licenses.#": "0",
                            "name": "cassandra2-data-20180509",
                            "project": "waze-development",
                            "self_link": "https://www.googleapis.com/compute/v1/projects/waze-development/global/images/cassandra2-data-20180509",
                            "source_disk": "https://www.googleapis.com/compute/v1/projects/waze-development/zones/europe-west1-c/disks/stagingmastercassandra-stg-c-v001-gk74-1"
                        },
                        "meta": {},
                        "tainted": false
                    },
                    "deposed": [],
                    "provider": "provider.google"
                },
                "google_compute_image.cassandra2_data_20181024": {
                    "type": "google_compute_image",
                    "depends_on": [],
                    "primary": {
                        "id": "cassandra2-data-20181024",
                        "attributes": {
                            "description": "",
                            "family": "cassandra2-data",
                            "id": "cassandra2-data-20181024",
                            "label_fingerprint": "42WmSpB8rSM=",
                            "labels.%": "0",
                            "licenses.#": "0",
                            "name": "cassandra2-data-20181024",
                            "project": "waze-development",
                            "self_link": "https://www.googleapis.com/compute/v1/projects/waze-development/global/images/cassandra2-data-20181024",
                            "source_disk": "https://www.googleapis.com/compute/v1/projects/waze-development/zones/europe-west1-c/disks/staging-master-cassandra2-data"
                        },
                        "meta": {},
                        "tainted": false
                    },
                    "deposed": [],
                    "provider": "provider.google"
                },
                "google_compute_image.cassandra2_data_20181130": {
                    "type": "google_compute_image",
                    "depends_on": [],
                    "primary": {
                        "id": "cassandra2-data-20181130",
                        "attributes": {
                            "description": "",
                            "family": "cassandra2-data",
                            "id": "cassandra2-data-20181130",
                            "label_fingerprint": "42WmSpB8rSM=",
                            "labels.%": "0",
                            "licenses.#": "0",
                            "name": "cassandra2-data-20181130",
                            "project": "waze-development",
                            "self_link": "https://www.googleapis.com/compute/v1/projects/waze-development/global/images/cassandra2-data-20181130",
                            "source_disk": "https://www.googleapis.com/compute/v1/projects/waze-development/zones/europe-west1-c/disks/staging-master-cassandra2-data"
                        },
                        "meta": {},
                        "tainted": false
                    },
                    "deposed": [],
                    "provider": "provider.google"
                },
                "google_compute_image.cassandra3_data_20180509": {
                    "type": "google_compute_image",
                    "depends_on": [],
                    "primary": {
                        "id": "cassandra3-data-20180509",
                        "attributes": {
                            "description": "",
                            "family": "cassandra3-data",
                            "id": "cassandra3-data-20180509",
                            "label_fingerprint": "42WmSpB8rSM=",
                            "labels.%": "0",
                            "licenses.#": "0",
                            "name": "cassandra3-data-20180509",
                            "project": "waze-development",
                            "self_link": "https://www.googleapis.com/compute/v1/projects/waze-development/global/images/cassandra3-data-20180509",
                            "source_disk": "https://www.googleapis.com/compute/v1/projects/waze-development/zones/europe-west1-d/disks/stagingmastercassandra-stg-d-v001-fnn3-1"
                        },
                        "meta": {},
                        "tainted": false
                    },
                    "deposed": [],
                    "provider": "provider.google"
                },
                "google_compute_image.cassandra3_data_20181024": {
                    "type": "google_compute_image",
                    "depends_on": [],
                    "primary": {
                        "id": "cassandra3-data-20181024",
                        "attributes": {
                            "description": "",
                            "family": "cassandra3-data",
                            "id": "cassandra3-data-20181024",
                            "label_fingerprint": "42WmSpB8rSM=",
                            "labels.%": "0",
                            "licenses.#": "0",
                            "name": "cassandra3-data-20181024",
                            "project": "waze-development",
                            "self_link": "https://www.googleapis.com/compute/v1/projects/waze-development/global/images/cassandra3-data-20181024",
                            "source_disk": "https://www.googleapis.com/compute/v1/projects/waze-development/zones/europe-west1-d/disks/staging-master-cassandra3-data"
                        },
                        "meta": {},
                        "tainted": false
                    },
                    "deposed": [],
                    "provider": "provider.google"
                },
                "google_compute_image.cassandra3_data_20181130": {
                    "type": "google_compute_image",
                    "depends_on": [],
                    "primary": {
                        "id": "cassandra3-data-20181130",
                        "attributes": {
                            "description": "",
                            "family": "cassandra3-data",
                            "id": "cassandra3-data-20181130",
                            "label_fingerprint": "42WmSpB8rSM=",
                            "labels.%": "0",
                            "licenses.#": "0",
                            "name": "cassandra3-data-20181130",
                            "project": "waze-development",
                            "self_link": "https://www.googleapis.com/compute/v1/projects/waze-development/global/images/cassandra3-data-20181130",
                            "source_disk": "https://www.googleapis.com/compute/v1/projects/waze-development/zones/europe-west1-d/disks/staging-master-cassandra3-data"
                        },
                        "meta": {},
                        "tainted": false
                    },
                    "deposed": [],
                    "provider": "provider.google"
                },
                "google_compute_image.empty_disk_image": {
                    "type": "google_compute_image",
                    "depends_on": [],
                    "primary": {
                        "id": "empty-disk-image",
                        "attributes": {
                            "id": "empty-disk-image",
                            "name": "empty-disk-image",
                            "project": "waze-development"
                        },
                        "meta": {},
                        "tainted": false
                    },
                    "deposed": [],
                    "provider": "provider.google"
                },
                "google_compute_image.empty_disk_image_500gb": {
                    "type": "google_compute_image",
                    "depends_on": [],
                    "primary": {
                        "id": "empty-disk-image-500gb",
                        "attributes": {
                            "description": "",
                            "family": "",
                            "id": "empty-disk-image-500gb",
                            "label_fingerprint": "42WmSpB8rSM=",
                            "labels.%": "0",
                            "licenses.#": "0",
                            "name": "empty-disk-image-500gb",
                            "project": "waze-development",
                            "self_link": "https://www.googleapis.com/compute/v1/projects/waze-development/global/images/empty-disk-image-500gb",
                            "source_disk": "https://www.googleapis.com/compute/v1/projects/waze-development/zones/us-east1-b/disks/emptydisk"
                        },
                        "meta": {},
                        "tainted": false
                    },
                    "deposed": [],
                    "provider": "provider.google"
                },
                "google_compute_image.engagement_all_20161129214252_nginx_dev": {
                    "type": "google_compute_image",
                    "depends_on": [],
                    "primary": {
                        "id": "engagement-all-20161129214252-nginx-dev",
                        "attributes": {
                            "description": "engagement-all-20161129214252-nginx-dev",
                            "family": "",
                            "id": "engagement-all-20161129214252-nginx-dev",
                            "label_fingerprint": "42WmSpB8rSM=",
                            "labels.%": "0",
                            "licenses.#": "1",
                            "licenses.0": "https://www.googleapis.com/compute/v1/projects/ubuntu-os-cloud/global/licenses/ubuntu-1404-trusty",
                            "name": "engagement-all-20161129214252-nginx-dev",
                            "project": "waze-development",
                            "self_link": "https://www.googleapis.com/compute/v1/projects/waze-development/global/images/engagement-all-20161129214252-nginx-dev",
                            "source_disk": "https://www.googleapis.com/compute/v1/projects/waze-development/zones/europe-west1-d/disks/packer-583df65e-ea41-d978-d6e8-417a0c915120"
                        },
                        "meta": {},
                        "tainted": false
                    },
                    "deposed": [],
                    "provider": "provider.google"
                },
                "google_compute_image.engagement_all_20161129214930_nginx_dev": {
                    "type": "google_compute_image",
                    "depends_on": [],
                    "primary": {
                        "id": "engagement-all-20161129214930-nginx-dev",
                        "attributes": {
                            "description": "engagement-all-20161129214930-nginx-dev",
                            "family": "",
                            "id": "engagement-all-20161129214930-nginx-dev",
                            "label_fingerprint": "42WmSpB8rSM=",
                            "labels.%": "0",
                            "licenses.#": "1",
                            "licenses.0": "https://www.googleapis.com/compute/v1/projects/ubuntu-os-cloud/global/licenses/ubuntu-1404-trusty",
                            "name": "engagement-all-20161129214930-nginx-dev",
                            "project": "waze-development",
                            "self_link": "https://www.googleapis.com/compute/v1/projects/waze-development/global/images/engagement-all-20161129214930-nginx-dev",
                            "source_disk": "https://www.googleapis.com/compute/v1/projects/waze-development/zones/europe-west1-d/disks/packer-583df7ec-ac46-6082-801e-1ff6c2fa34e4"
                        },
                        "meta": {},
                        "tainted": false
                    },
                    "deposed": [],
                    "provider": "provider.google"
                },
                "google_compute_image.engagement_all_20161129215543_nginx_dev": {
                    "type": "google_compute_image",
                    "depends_on": [],
                    "primary": {
                        "id": "engagement-all-20161129215543-nginx-dev",
                        "attributes": {
                            "description": "engagement-all-20161129215543-nginx-dev",
                            "family": "",
                            "id": "engagement-all-20161129215543-nginx-dev",
                            "label_fingerprint": "42WmSpB8rSM=",
                            "labels.%": "0",
                            "licenses.#": "1",
                            "licenses.0": "https://www.googleapis.com/compute/v1/projects/ubuntu-os-cloud/global/licenses/ubuntu-1404-trusty",
                            "name": "engagement-all-20161129215543-nginx-dev",
                            "project": "waze-development",
                            "self_link": "https://www.googleapis.com/compute/v1/projects/waze-development/global/images/engagement-all-20161129215543-nginx-dev",
                            "source_disk": "https://www.googleapis.com/compute/v1/projects/waze-development/zones/europe-west1-d/disks/packer-583df961-8d1e-fb41-29a5-39fc8dd9cec7"
                        },
                        "meta": {},
                        "tainted": false
                    },
                    "deposed": [],
                    "provider": "provider.google"
                },
                "google_compute_image.hermetic_routing_na_v1": {
                    "type": "google_compute_image",
                    "depends_on": [],
                    "primary": {
                        "id": "hermetic-routing-na-v1",
                        "attributes": {
                            "description": "An hermetic routing image for GCE p3rf to run",
                            "family": "",
                            "id": "hermetic-routing-na-v1",
                            "label_fingerprint": "42WmSpB8rSM=",
                            "labels.%": "0",
                            "licenses.#": "1",
                            "licenses.0": "https://www.googleapis.com/compute/v1/projects/ubuntu-os-cloud/global/licenses/ubuntu-1404-trusty",
                            "name": "hermetic-routing-na-v1",
                            "project": "waze-development",
                            "self_link": "https://www.googleapis.com/compute/v1/projects/waze-development/global/images/hermetic-routing-na-v1",
                            "source_disk": "https://www.googleapis.com/compute/v1/projects/waze-development/zones/europe-west1-c/disks/routing-standalone-na-nirta"
                        },
                        "meta": {},
                        "tainted": false
                    },
                    "deposed": [],
                    "provider": "provider.google"
                },
                "google_compute_image.hermetic_routing_na_v2": {
                    "type": "google_compute_image",
                    "depends_on": [],
                    "primary": {
                        "id": "hermetic-routing-na-v2",
                        "attributes": {
                            "description": "",
                            "family": "",
                            "id": "hermetic-routing-na-v2",
                            "label_fingerprint": "42WmSpB8rSM=",
                            "labels.%": "0",
                            "licenses.#": "1",
                            "licenses.0": "https://www.googleapis.com/compute/v1/projects/ubuntu-os-cloud/global/licenses/ubuntu-1404-trusty",
                            "name": "hermetic-routing-na-v2",
                            "project": "waze-development",
                            "self_link": "https://www.googleapis.com/compute/v1/projects/waze-development/global/images/hermetic-routing-na-v2",
                            "source_disk": "https://www.googleapis.com/compute/v1/projects/waze-development/zones/europe-west1-c/disks/routing-standalone-na-nirta"
                        },
                        "meta": {},
                        "tainted": false
                    },
                    "deposed": [],
                    "provider": "provider.google"
                },
                "google_compute_image.isolated_routing_test": {
                    "type": "google_compute_image",
                    "depends_on": [],
                    "primary": {
                        "id": "isolated-routing-test",
                        "attributes": {
                            "description": "",
                            "family": "",
                            "id": "isolated-routing-test",
                            "label_fingerprint": "42WmSpB8rSM=",
                            "labels.%": "0",
                            "licenses.#": "1",
                            "licenses.0": "https://www.googleapis.com/compute/v1/projects/ubuntu-os-cloud/global/licenses/ubuntu-1404-trusty",
                            "name": "isolated-routing-test",
                            "project": "waze-development",
                            "self_link": "https://www.googleapis.com/compute/v1/projects/waze-development/global/images/isolated-routing-test",
                            "source_disk": "https://www.googleapis.com/compute/v1/projects/waze-development/zones/europe-west1-c/disks/row-staging-routing-regression-201709151312"
                        },
                        "meta": {},
                        "tainted": false
                    },
                    "deposed": [],
                    "provider": "provider.google"
                },
                "google_compute_image.loghost_image_v1": {
                    "type": "google_compute_image",
                    "depends_on": [],
                    "primary": {
                        "id": "loghost-image-v1",
                        "attributes": {
                            "description": "",
                            "family": "",
                            "id": "loghost-image-v1",
                            "label_fingerprint": "42WmSpB8rSM=",
                            "labels.%": "0",
                            "licenses.#": "1",
                            "licenses.0": "https://www.googleapis.com/compute/v1/projects/ubuntu-os-cloud/global/licenses/ubuntu-1404-trusty",
                            "name": "loghost-image-v1",
                            "project": "waze-development",
                            "self_link": "https://www.googleapis.com/compute/v1/projects/waze-development/global/images/loghost-image-v1",
                            "source_disk": "https://www.googleapis.com/compute/v1/projects/waze-development/zones/europe-west1-b/disks/loghost-deleteme1"
                        },
                        "meta": {},
                        "tainted": false
                    },
                    "deposed": [],
                    "provider": "provider.google"
                },
                "google_compute_image.managed_memcache_v1": {
                    "type": "google_compute_image",
                    "depends_on": [],
                    "primary": {
                        "id": "managed-memcache-v1",
                        "attributes": {
                            "description": "",
                            "family": "",
                            "id": "managed-memcache-v1",
                            "label_fingerprint": "42WmSpB8rSM=",
                            "labels.%": "0",
                            "licenses.#": "1",
                            "licenses.0": "https://www.googleapis.com/compute/v1/projects/ubuntu-os-cloud/global/licenses/ubuntu-1404-trusty",
                            "name": "managed-memcache-v1",
                            "project": "waze-development",
                            "self_link": "https://www.googleapis.com/compute/v1/projects/waze-development/global/images/managed-memcache-v1",
                            "source_disk": "https://www.googleapis.com/compute/v1/projects/waze-development/zones/europe-west1-d/disks/managed-memcache-base-image"
                        },
                        "meta": {},
                        "tainted": false
                    },
                    "deposed": [],
                    "provider": "provider.google"
                },
                "google_compute_image.managed_memcache_v2": {
                    "type": "google_compute_image",
                    "depends_on": [],
                    "primary": {
                        "id": "managed-memcache-v2",
                        "attributes": {
                            "description": "",
                            "family": "",
                            "id": "managed-memcache-v2",
                            "label_fingerprint": "42WmSpB8rSM=",
                            "labels.%": "0",
                            "licenses.#": "1",
                            "licenses.0": "https://www.googleapis.com/compute/v1/projects/ubuntu-os-cloud/global/licenses/ubuntu-1604-xenial",
                            "name": "managed-memcache-v2",
                            "project": "waze-development",
                            "self_link": "https://www.googleapis.com/compute/v1/projects/waze-development/global/images/managed-memcache-v2",
                            "source_disk": "https://www.googleapis.com/compute/v1/projects/waze-development/zones/europe-west1-b/disks/managed-memcache-base-image-stg"
                        },
                        "meta": {},
                        "tainted": false
                    },
                    "deposed": [],
                    "provider": "provider.google"
                },
                "google_compute_image.managed_memcache_v3": {
                    "type": "google_compute_image",
                    "depends_on": [],
                    "primary": {
                        "id": "managed-memcache-v3",
                        "attributes": {
                            "description": "",
                            "family": "",
                            "id": "managed-memcache-v3",
                            "label_fingerprint": "42WmSpB8rSM=",
                            "labels.%": "0",
                            "licenses.#": "1",
                            "licenses.0": "https://www.googleapis.com/compute/v1/projects/ubuntu-os-cloud/global/licenses/ubuntu-1604-xenial",
                            "name": "managed-memcache-v3",
                            "project": "waze-development",
                            "self_link": "https://www.googleapis.com/compute/v1/projects/waze-development/global/images/managed-memcache-v3",
                            "source_disk": "https://www.googleapis.com/compute/v1/projects/waze-development/zones/europe-west1-b/disks/row-managed-memcache-base-image"
                        },
                        "meta": {},
                        "tainted": false
                    },
                    "deposed": [],
                    "provider": "provider.google"
                },
                "google_compute_image.na_benchmark_dev_v02": {
                    "type": "google_compute_image",
                    "depends_on": [],
                    "primary": {
                        "id": "na-benchmark-dev-v02",
                        "attributes": {
                            "description": "",
                            "family": "",
                            "id": "na-benchmark-dev-v02",
                            "label_fingerprint": "42WmSpB8rSM=",
                            "labels.%": "0",
                            "licenses.#": "1",
                            "licenses.0": "https://www.googleapis.com/compute/v1/projects/ubuntu-os-cloud/global/licenses/ubuntu-1604-xenial",
                            "name": "na-benchmark-dev-v02",
                            "project": "waze-development",
                            "self_link": "https://www.googleapis.com/compute/v1/projects/waze-development/global/images/na-benchmark-dev-v02",
                            "source_disk": "https://www.googleapis.com/compute/v1/projects/waze-development/zones/us-east1-b/disks/na-benchmark-dev-v01"
                        },
                        "meta": {},
                        "tainted": false
                    },
                    "deposed": [],
                    "provider": "provider.google"
                },
                "google_compute_image.na_benchmark_dev_v03": {
                    "type": "google_compute_image",
                    "depends_on": [],
                    "primary": {
                        "id": "na-benchmark-dev-v03",
                        "attributes": {
                            "description": "",
                            "family": "",
                            "id": "na-benchmark-dev-v03",
                            "label_fingerprint": "42WmSpB8rSM=",
                            "labels.%": "0",
                            "licenses.#": "1",
                            "licenses.0": "https://www.googleapis.com/compute/v1/projects/ubuntu-os-cloud/global/licenses/ubuntu-1604-xenial",
                            "name": "na-benchmark-dev-v03",
                            "project": "waze-development",
                            "self_link": "https://www.googleapis.com/compute/v1/projects/waze-development/global/images/na-benchmark-dev-v03",
                            "source_disk": "https://www.googleapis.com/compute/v1/projects/waze-development/zones/us-central1-f/disks/na-benchmark-dev-v02-template-3"
                        },
                        "meta": {},
                        "tainted": false
                    },
                    "deposed": [],
                    "provider": "provider.google"
                },
                "google_compute_image.pg_master_15_root": {
                    "type": "google_compute_image",
                    "depends_on": [],
                    "primary": {
                        "id": "pg-master-15-root",
                        "attributes": {
                            "description": "",
                            "family": "",
                            "id": "pg-master-15-root",
                            "label_fingerprint": "42WmSpB8rSM=",
                            "labels.%": "0",
                            "licenses.#": "1",
                            "licenses.0": "https://www.googleapis.com/compute/v1/projects/ubuntu-os-cloud/global/licenses/ubuntu-1204-precise",
                            "name": "pg-master-15-root",
                            "project": "waze-development",
                            "self_link": "https://www.googleapis.com/compute/v1/projects/waze-development/global/images/pg-master-15-root",
                            "source_disk": "https://www.googleapis.com/compute/v1/projects/waze-development/zones/europe-west1-b/disks/row-staging-db-live1-recover-boot"
                        },
                        "meta": {},
                        "tainted": false
                    },
                    "deposed": [],
                    "provider": "provider.google"
                },
                "google_compute_image.realtime_20171026_1208": {
                    "type": "google_compute_image",
                    "depends_on": [],
                    "primary": {
                        "id": "realtime-20171026-1208",
                        "attributes": {
                            "description": "realtime-20171026-1208",
                            "family": "",
                            "id": "realtime-20171026-1208",
                            "label_fingerprint": "-LlnG-juVqA=",
                            "labels.%": "1",
                            "labels.prune": "true",
                            "licenses.#": "1",
                            "licenses.0": "https://www.googleapis.com/compute/v1/projects/ubuntu-os-cloud/global/licenses/ubuntu-1604-xenial",
                            "name": "realtime-20171026-1208",
                            "project": "waze-development",
                            "self_link": "https://www.googleapis.com/compute/v1/projects/waze-development/global/images/realtime-20171026-1208",
                            "source_disk": "https://www.googleapis.com/compute/v1/projects/waze-development/zones/europe-west1-d/disks/packer-59f1d037-58b0-10e1-68b4-44db9a7ca767"
                        },
                        "meta": {},
                        "tainted": false
                    },
                    "deposed": [],
                    "provider": "provider.google"
                },
                "google_compute_image.realtime_20171030_1516": {
                    "type": "google_compute_image",
                    "depends_on": [],
                    "primary": {
                        "id": "realtime-20171030-1516",
                        "attributes": {
                            "description": "realtime-20171030-1516",
                            "family": "",
                            "id": "realtime-20171030-1516",
                            "label_fingerprint": "-LlnG-juVqA=",
                            "labels.%": "1",
                            "labels.prune": "true",
                            "licenses.#": "1",
                            "licenses.0": "https://www.googleapis.com/compute/v1/projects/ubuntu-os-cloud/global/licenses/ubuntu-1604-xenial",
                            "name": "realtime-20171030-1516",
                            "project": "waze-development",
                            "self_link": "https://www.googleapis.com/compute/v1/projects/waze-development/global/images/realtime-20171030-1516",
                            "source_disk": "https://www.googleapis.com/compute/v1/projects/waze-development/zones/europe-west1-d/disks/packer-59f74250-466e-6252-521c-f37486554d90"
                        },
                        "meta": {},
                        "tainted": false
                    },
                    "deposed": [],
                    "provider": "provider.google"
                },
                "google_compute_image.routing_standalone_na_nirta_v1": {
                    "type": "google_compute_image",
                    "depends_on": [],
                    "primary": {
                        "id": "routing-standalone-na-nirta-v1",
                        "attributes": {
                            "description": "",
                            "family": "",
                            "id": "routing-standalone-na-nirta-v1",
                            "label_fingerprint": "42WmSpB8rSM=",
                            "labels.%": "0",
                            "licenses.#": "1",
                            "licenses.0": "https://www.googleapis.com/compute/v1/projects/ubuntu-os-cloud/global/licenses/ubuntu-1404-trusty",
                            "name": "routing-standalone-na-nirta-v1",
                            "project": "waze-development",
                            "self_link": "https://www.googleapis.com/compute/v1/projects/waze-development/global/images/routing-standalone-na-nirta-v1",
                            "source_disk": "https://www.googleapis.com/compute/v1/projects/waze-development/zones/europe-west1-c/disks/routing-standalone-na-nirta"
                        },
                        "meta": {},
                        "tainted": false
                    },
                    "deposed": [],
                    "provider": "provider.google"
                },
                "google_compute_image.row_autoscale_1404_base_image_1404_20180729_0144": {
                    "type": "google_compute_image",
                    "depends_on": [],
                    "primary": {
                        "id": "row-autoscale-1404-base-image-1404-20180729-0144",
                        "attributes": {
                            "description": "",
                            "family": "",
                            "id": "row-autoscale-1404-base-image-1404-20180729-0144",
                            "label_fingerprint": "-LlnG-juVqA=",
                            "labels.%": "1",
                            "labels.prune": "true",
                            "licenses.#": "1",
                            "licenses.0": "https://www.googleapis.com/compute/v1/projects/ubuntu-os-cloud/global/licenses/ubuntu-1404-trusty",
                            "name": "row-autoscale-1404-base-image-1404-20180729-0144",
                            "project": "waze-development",
                            "self_link": "https://www.googleapis.com/compute/v1/projects/waze-development/global/images/row-autoscale-1404-base-image-1404-20180729-0144",
                            "source_disk": "https://www.googleapis.com/compute/v1/projects/waze-development/zones/europe-west1-b/disks/row-autoscale-1404-base-image-1404-d3d0e3a0"
                        },
                        "meta": {},
                        "tainted": false
                    },
                    "deposed": [],
                    "provider": "provider.google"
                },
                "google_compute_image.row_autoscale_1404_base_image_1404_20180805_0144": {
                    "type": "google_compute_image",
                    "depends_on": [],
                    "primary": {
                        "id": "row-autoscale-1404-base-image-1404-20180805-0144",
                        "attributes": {
                            "description": "",
                            "family": "",
                            "id": "row-autoscale-1404-base-image-1404-20180805-0144",
                            "label_fingerprint": "-LlnG-juVqA=",
                            "labels.%": "1",
                            "labels.prune": "true",
                            "licenses.#": "1",
                            "licenses.0": "https://www.googleapis.com/compute/v1/projects/ubuntu-os-cloud/global/licenses/ubuntu-1404-trusty",
                            "name": "row-autoscale-1404-base-image-1404-20180805-0144",
                            "project": "waze-development",
                            "self_link": "https://www.googleapis.com/compute/v1/projects/waze-development/global/images/row-autoscale-1404-base-image-1404-20180805-0144",
                            "source_disk": "https://www.googleapis.com/compute/v1/projects/waze-development/zones/europe-west1-d/disks/row-autoscale-1404-base-image-1404-f3fa729f"
                        },
                        "meta": {},
                        "tainted": false
                    },
                    "deposed": [],
                    "provider": "provider.google"
                },
                "google_compute_image.row_autoscale_1604_base_image_1604_20181230_0121": {
                    "type": "google_compute_image",
                    "depends_on": [],
                    "primary": {
                        "id": "row-autoscale-1604-base-image-1604-20181230-0121",
                        "attributes": {
                            "description": "",
                            "family": "",
                            "id": "row-autoscale-1604-base-image-1604-20181230-0121",
                            "label_fingerprint": "-LlnG-juVqA=",
                            "labels.%": "1",
                            "labels.prune": "true",
                            "licenses.#": "1",
                            "licenses.0": "https://www.googleapis.com/compute/v1/projects/ubuntu-os-cloud/global/licenses/ubuntu-1604-xenial",
                            "name": "row-autoscale-1604-base-image-1604-20181230-0121",
                            "project": "waze-development",
                            "self_link": "https://www.googleapis.com/compute/v1/projects/waze-development/global/images/row-autoscale-1604-base-image-1604-20181230-0121",
                            "source_disk": "https://www.googleapis.com/compute/v1/projects/waze-development/zones/europe-west1-b/disks/row-autoscale-1604-base-image-1604-a37cf8bc"
                        },
                        "meta": {},
                        "tainted": false
                    },
                    "deposed": [],
                    "provider": "provider.google"
                },
                "google_compute_image.row_autoscale_1604_base_image_1604_20190106_0121": {
                    "type": "google_compute_image",
                    "depends_on": [],
                    "primary": {
                        "id": "row-autoscale-1604-base-image-1604-20190106-0121",
                        "attributes": {
                            "description": "",
                            "family": "",
                            "id": "row-autoscale-1604-base-image-1604-20190106-0121",
                            "label_fingerprint": "-LlnG-juVqA=",
                            "labels.%": "1",
                            "labels.prune": "true",
                            "licenses.#": "1",
                            "licenses.0": "https://www.googleapis.com/compute/v1/projects/ubuntu-os-cloud/global/licenses/ubuntu-1604-xenial",
                            "name": "row-autoscale-1604-base-image-1604-20190106-0121",
                            "project": "waze-development",
                            "self_link": "https://www.googleapis.com/compute/v1/projects/waze-development/global/images/row-autoscale-1604-base-image-1604-20190106-0121",
                            "source_disk": "https://www.googleapis.com/compute/v1/projects/waze-development/zones/europe-west1-b/disks/row-autoscale-1604-base-image-1604-4df70ad9"
                        },
                        "meta": {},
                        "tainted": false
                    },
                    "deposed": [],
                    "provider": "provider.google"
                },
                "google_compute_image.row_autoscale_base_image_20160922_1757": {
                    "type": "google_compute_image",
                    "depends_on": [],
                    "primary": {
                        "id": "row-autoscale-base-image-20160922-1757",
                        "attributes": {
                            "description": "",
                            "family": "",
                            "id": "row-autoscale-base-image-20160922-1757",
                            "label_fingerprint": "-LlnG-juVqA=",
                            "labels.%": "1",
                            "labels.prune": "true",
                            "licenses.#": "1",
                            "licenses.0": "https://www.googleapis.com/compute/v1/projects/ubuntu-os-cloud/global/licenses/ubuntu-1404-trusty",
                            "name": "row-autoscale-base-image-20160922-1757",
                            "project": "waze-development",
                            "self_link": "https://www.googleapis.com/compute/v1/projects/waze-development/global/images/row-autoscale-base-image-20160922-1757",
                            "source_disk": "https://www.googleapis.com/compute/v1/projects/waze-development/zones/europe-west1-b/disks/row-autoscale-base-image-310f0b27"
                        },
                        "meta": {},
                        "tainted": false
                    },
                    "deposed": [],
                    "provider": "provider.google"
                },
                "google_compute_image.row_autoscale_base_image_20160922_2210": {
                    "type": "google_compute_image",
                    "depends_on": [],
                    "primary": {
                        "id": "row-autoscale-base-image-20160922-2210",
                        "attributes": {
                            "description": "",
                            "family": "",
                            "id": "row-autoscale-base-image-20160922-2210",
                            "label_fingerprint": "-LlnG-juVqA=",
                            "labels.%": "1",
                            "labels.prune": "true",
                            "licenses.#": "1",
                            "licenses.0": "https://www.googleapis.com/compute/v1/projects/ubuntu-os-cloud/global/licenses/ubuntu-1404-trusty",
                            "name": "row-autoscale-base-image-20160922-2210",
                            "project": "waze-development",
                            "self_link": "https://www.googleapis.com/compute/v1/projects/waze-development/global/images/row-autoscale-base-image-20160922-2210",
                            "source_disk": "https://www.googleapis.com/compute/v1/projects/waze-development/zones/europe-west1-b/disks/row-autoscale-base-image-2e88bc81"
                        },
                        "meta": {},
                        "tainted": false
                    },
                    "deposed": [],
                    "provider": "provider.google"
                },
                "google_compute_image.row_autoscale_cassandra_2_1_19_base_image_1604_20171227_0633": {
                    "type": "google_compute_image",
                    "depends_on": [],
                    "primary": {
                        "id": "row-autoscale-cassandra-2-1-19-base-image-1604-20171227-0633",
                        "attributes": {
                            "description": "",
                            "family": "",
                            "id": "row-autoscale-cassandra-2-1-19-base-image-1604-20171227-0633",
                            "label_fingerprint": "-LlnG-juVqA=",
                            "labels.%": "1",
                            "labels.prune": "true",
                            "licenses.#": "1",
                            "licenses.0": "https://www.googleapis.com/compute/v1/projects/ubuntu-os-cloud/global/licenses/ubuntu-1604-xenial",
                            "name": "row-autoscale-cassandra-2-1-19-base-image-1604-20171227-0633",
                            "project": "waze-development",
                            "self_link": "https://www.googleapis.com/compute/v1/projects/waze-development/global/images/row-autoscale-cassandra-2-1-19-base-image-1604-20171227-0633",
                            "source_disk": "https://www.googleapis.com/compute/v1/projects/waze-development/zones/europe-west1-c/disks/row-autoscale-cassandra-2-1-19-base-image-1604-571956fa"
                        },
                        "meta": {},
                        "tainted": false
                    },
                    "deposed": [],
                    "provider": "provider.google"
                },
                "google_compute_image.row_autoscale_cassandra_2_1_base_image_1604_20180226_0743": {
                    "type": "google_compute_image",
                    "depends_on": [],
                    "primary": {
                        "id": "row-autoscale-cassandra-2-1-base-image-1604-20180226-0743",
                        "attributes": {
                            "description": "",
                            "family": "",
                            "id": "row-autoscale-cassandra-2-1-base-image-1604-20180226-0743",
                            "label_fingerprint": "-LlnG-juVqA=",
                            "labels.%": "1",
                            "labels.prune": "true",
                            "licenses.#": "1",
                            "licenses.0": "https://www.googleapis.com/compute/v1/projects/ubuntu-os-cloud/global/licenses/ubuntu-1604-xenial",
                            "name": "row-autoscale-cassandra-2-1-base-image-1604-20180226-0743",
                            "project": "waze-development",
                            "self_link": "https://www.googleapis.com/compute/v1/projects/waze-development/global/images/row-autoscale-cassandra-2-1-base-image-1604-20180226-0743",
                            "source_disk": "https://www.googleapis.com/compute/v1/projects/waze-development/zones/europe-west1-b/disks/row-autoscale-cassandra-2-1-base-image-1604-015e6d7b"
                        },
                        "meta": {},
                        "tainted": false
                    },
                    "deposed": [],
                    "provider": "provider.google"
                },
                "google_compute_image.row_autoscale_cassandra_2_1_base_image_1604_20180226_1553": {
                    "type": "google_compute_image",
                    "depends_on": [],
                    "primary": {
                        "id": "row-autoscale-cassandra-2-1-base-image-1604-20180226-1553",
                        "attributes": {
                            "description": "",
                            "family": "",
                            "id": "row-autoscale-cassandra-2-1-base-image-1604-20180226-1553",
                            "label_fingerprint": "-LlnG-juVqA=",
                            "labels.%": "1",
                            "labels.prune": "true",
                            "licenses.#": "1",
                            "licenses.0": "https://www.googleapis.com/compute/v1/projects/ubuntu-os-cloud/global/licenses/ubuntu-1604-xenial",
                            "name": "row-autoscale-cassandra-2-1-base-image-1604-20180226-1553",
                            "project": "waze-development",
                            "self_link": "https://www.googleapis.com/compute/v1/projects/waze-development/global/images/row-autoscale-cassandra-2-1-base-image-1604-20180226-1553",
                            "source_disk": "https://www.googleapis.com/compute/v1/projects/waze-development/zones/europe-west1-b/disks/row-autoscale-cassandra-2-1-base-image-1604-0acff1f9"
                        },
                        "meta": {},
                        "tainted": false
                    },
                    "deposed": [],
                    "provider": "provider.google"
                },
                "google_compute_image.row_autoscale_cassandra_2_1_base_image_1604_20180226_1702": {
                    "type": "google_compute_image",
                    "depends_on": [],
                    "primary": {
                        "id": "row-autoscale-cassandra-2-1-base-image-1604-20180226-1702",
                        "attributes": {
                            "description": "",
                            "family": "",
                            "id": "row-autoscale-cassandra-2-1-base-image-1604-20180226-1702",
                            "label_fingerprint": "-LlnG-juVqA=",
                            "labels.%": "1",
                            "labels.prune": "true",
                            "licenses.#": "1",
                            "licenses.0": "https://www.googleapis.com/compute/v1/projects/ubuntu-os-cloud/global/licenses/ubuntu-1604-xenial",
                            "name": "row-autoscale-cassandra-2-1-base-image-1604-20180226-1702",
                            "project": "waze-development",
                            "self_link": "https://www.googleapis.com/compute/v1/projects/waze-development/global/images/row-autoscale-cassandra-2-1-base-image-1604-20180226-1702",
                            "source_disk": "https://www.googleapis.com/compute/v1/projects/waze-development/zones/europe-west1-c/disks/row-autoscale-cassandra-2-1-base-image-1604-76b1399d"
                        },
                        "meta": {},
                        "tainted": false
                    },
                    "deposed": [],
                    "provider": "provider.google"
                },
                "google_compute_image.row_autoscale_cassandra_2_1_base_image_1604_20180903_1332": {
                    "type": "google_compute_image",
                    "depends_on": [],
                    "primary": {
                        "id": "row-autoscale-cassandra-2-1-base-image-1604-20180903-1332",
                        "attributes": {
                            "description": "",
                            "family": "",
                            "id": "row-autoscale-cassandra-2-1-base-image-1604-20180903-1332",
                            "label_fingerprint": "-LlnG-juVqA=",
                            "labels.%": "1",
                            "labels.prune": "true",
                            "licenses.#": "1",
                            "licenses.0": "https://www.googleapis.com/compute/v1/projects/ubuntu-os-cloud/global/licenses/ubuntu-1604-xenial",
                            "name": "row-autoscale-cassandra-2-1-base-image-1604-20180903-1332",
                            "project": "waze-development",
                            "self_link": "https://www.googleapis.com/compute/v1/projects/waze-development/global/images/row-autoscale-cassandra-2-1-base-image-1604-20180903-1332",
                            "source_disk": "https://www.googleapis.com/compute/v1/projects/waze-development/zones/europe-west1-c/disks/row-autoscale-cassandra-2-1-base-image-1604-e7e0cb9d"
                        },
                        "meta": {},
                        "tainted": false
                    },
                    "deposed": [],
                    "provider": "provider.google"
                },
                "google_compute_image.row_autoscale_cassandra_2_1_base_image_1604_20180903_1356": {
                    "type": "google_compute_image",
                    "depends_on": [],
                    "primary": {
                        "id": "row-autoscale-cassandra-2-1-base-image-1604-20180903-1356",
                        "attributes": {
                            "description": "",
                            "family": "",
                            "id": "row-autoscale-cassandra-2-1-base-image-1604-20180903-1356",
                            "label_fingerprint": "-LlnG-juVqA=",
                            "labels.%": "1",
                            "labels.prune": "true",
                            "licenses.#": "1",
                            "licenses.0": "https://www.googleapis.com/compute/v1/projects/ubuntu-os-cloud/global/licenses/ubuntu-1604-xenial",
                            "name": "row-autoscale-cassandra-2-1-base-image-1604-20180903-1356",
                            "project": "waze-development",
                            "self_link": "https://www.googleapis.com/compute/v1/projects/waze-development/global/images/row-autoscale-cassandra-2-1-base-image-1604-20180903-1356",
                            "source_disk": "https://www.googleapis.com/compute/v1/projects/waze-development/zones/europe-west1-b/disks/row-autoscale-cassandra-2-1-base-image-1604-6c618200"
                        },
                        "meta": {},
                        "tainted": false
                    },
                    "deposed": [],
                    "provider": "provider.google"
                },
                "google_compute_image.row_autoscale_cassandra_2_1_base_image_1604_20180903_1458": {
                    "type": "google_compute_image",
                    "depends_on": [],
                    "primary": {
                        "id": "row-autoscale-cassandra-2-1-base-image-1604-20180903-1458",
                        "attributes": {
                            "description": "",
                            "family": "",
                            "id": "row-autoscale-cassandra-2-1-base-image-1604-20180903-1458",
                            "label_fingerprint": "-LlnG-juVqA=",
                            "labels.%": "1",
                            "labels.prune": "true",
                            "licenses.#": "1",
                            "licenses.0": "https://www.googleapis.com/compute/v1/projects/ubuntu-os-cloud/global/licenses/ubuntu-1604-xenial",
                            "name": "row-autoscale-cassandra-2-1-base-image-1604-20180903-1458",
                            "project": "waze-development",
                            "self_link": "https://www.googleapis.com/compute/v1/projects/waze-development/global/images/row-autoscale-cassandra-2-1-base-image-1604-20180903-1458",
                            "source_disk": "https://www.googleapis.com/compute/v1/projects/waze-development/zones/europe-west1-b/disks/row-autoscale-cassandra-2-1-base-image-1604-f067cb82"
                        },
                        "meta": {},
                        "tainted": false
                    },
                    "deposed": [],
                    "provider": "provider.google"
                },
                "google_compute_image.row_autoscale_clean_base_image_1404_20170209_0809": {
                    "type": "google_compute_image",
                    "depends_on": [],
                    "primary": {
                        "id": "row-autoscale-clean-base-image-1404-20170209-0809",
                        "attributes": {
                            "description": "",
                            "family": "",
                            "id": "row-autoscale-clean-base-image-1404-20170209-0809",
                            "label_fingerprint": "42WmSpB8rSM=",
                            "labels.%": "0",
                            "licenses.#": "1",
                            "licenses.0": "https://www.googleapis.com/compute/v1/projects/ubuntu-os-cloud/global/licenses/ubuntu-1404-trusty",
                            "name": "row-autoscale-clean-base-image-1404-20170209-0809",
                            "project": "waze-development",
                            "self_link": "https://www.googleapis.com/compute/v1/projects/waze-development/global/images/row-autoscale-clean-base-image-1404-20170209-0809",
                            "source_disk": "https://www.googleapis.com/compute/v1/projects/waze-development/zones/europe-west1-c/disks/row-autoscale-clean-base-image-1404-cdb0e641"
                        },
                        "meta": {},
                        "tainted": false
                    },
                    "deposed": [],
                    "provider": "provider.google"
                },
                "google_compute_image.row_autoscale_clean_base_image_1404_20180729_0211": {
                    "type": "google_compute_image",
                    "depends_on": [],
                    "primary": {
                        "id": "row-autoscale-clean-base-image-1404-20180729-0211",
                        "attributes": {
                            "description": "",
                            "family": "",
                            "id": "row-autoscale-clean-base-image-1404-20180729-0211",
                            "label_fingerprint": "-LlnG-juVqA=",
                            "labels.%": "1",
                            "labels.prune": "true",
                            "licenses.#": "1",
                            "licenses.0": "https://www.googleapis.com/compute/v1/projects/ubuntu-os-cloud/global/licenses/ubuntu-1404-trusty",
                            "name": "row-autoscale-clean-base-image-1404-20180729-0211",
                            "project": "waze-development",
                            "self_link": "https://www.googleapis.com/compute/v1/projects/waze-development/global/images/row-autoscale-clean-base-image-1404-20180729-0211",
                            "source_disk": "https://www.googleapis.com/compute/v1/projects/waze-development/zones/europe-west1-c/disks/row-autoscale-clean-base-image-1404-39d7c7b2"
                        },
                        "meta": {},
                        "tainted": false
                    },
                    "deposed": [],
                    "provider": "provider.google"
                },
                "google_compute_image.row_autoscale_clean_base_image_1404_20180805_0211": {
                    "type": "google_compute_image",
                    "depends_on": [],
                    "primary": {
                        "id": "row-autoscale-clean-base-image-1404-20180805-0211",
                        "attributes": {
                            "description": "",
                            "family": "",
                            "id": "row-autoscale-clean-base-image-1404-20180805-0211",
                            "label_fingerprint": "-LlnG-juVqA=",
                            "labels.%": "1",
                            "labels.prune": "true",
                            "licenses.#": "1",
                            "licenses.0": "https://www.googleapis.com/compute/v1/projects/ubuntu-os-cloud/global/licenses/ubuntu-1404-trusty",
                            "name": "row-autoscale-clean-base-image-1404-20180805-0211",
                            "project": "waze-development",
                            "self_link": "https://www.googleapis.com/compute/v1/projects/waze-development/global/images/row-autoscale-clean-base-image-1404-20180805-0211",
                            "source_disk": "https://www.googleapis.com/compute/v1/projects/waze-development/zones/europe-west1-c/disks/row-autoscale-clean-base-image-1404-01f7a004"
                        },
                        "meta": {},
                        "tainted": false
                    },
                    "deposed": [],
                    "provider": "provider.google"
                },
                "google_compute_image.row_autoscale_clean_base_image_1604_20171112_0019": {
                    "type": "google_compute_image",
                    "depends_on": [],
                    "primary": {
                        "id": "row-autoscale-clean-base-image-1604-20171112-0019",
                        "attributes": {
                            "description": "",
                            "family": "",
                            "id": "row-autoscale-clean-base-image-1604-20171112-0019",
                            "label_fingerprint": "-LlnG-juVqA=",
                            "labels.%": "1",
                            "labels.prune": "true",
                            "licenses.#": "1",
                            "licenses.0": "https://www.googleapis.com/compute/v1/projects/ubuntu-os-cloud/global/licenses/ubuntu-1604-xenial",
                            "name": "row-autoscale-clean-base-image-1604-20171112-0019",
                            "project": "waze-development",
                            "self_link": "https://www.googleapis.com/compute/v1/projects/waze-development/global/images/row-autoscale-clean-base-image-1604-20171112-0019",
                            "source_disk": "https://www.googleapis.com/compute/v1/projects/waze-development/zones/europe-west1-c/disks/row-autoscale-clean-base-image-1604-977171c6"
                        },
                        "meta": {},
                        "tainted": false
                    },
                    "deposed": [],
                    "provider": "provider.google"
                },
                "google_compute_image.row_autoscale_clean_base_image_1604_20180304_0152": {
                    "type": "google_compute_image",
                    "depends_on": [],
                    "primary": {
                        "id": "row-autoscale-clean-base-image-1604-20180304-0152",
                        "attributes": {
                            "description": "",
                            "family": "",
                            "id": "row-autoscale-clean-base-image-1604-20180304-0152",
                            "label_fingerprint": "-LlnG-juVqA=",
                            "labels.%": "1",
                            "labels.prune": "true",
                            "licenses.#": "1",
                            "licenses.0": "https://www.googleapis.com/compute/v1/projects/ubuntu-os-cloud/global/licenses/ubuntu-1604-xenial",
                            "name": "row-autoscale-clean-base-image-1604-20180304-0152",
                            "project": "waze-development",
                            "self_link": "https://www.googleapis.com/compute/v1/projects/waze-development/global/images/row-autoscale-clean-base-image-1604-20180304-0152",
                            "source_disk": "https://www.googleapis.com/compute/v1/projects/waze-development/zones/europe-west1-d/disks/row-autoscale-clean-base-image-1604-b1b30dc7"
                        },
                        "meta": {},
                        "tainted": false
                    },
                    "deposed": [],
                    "provider": "provider.google"
                },
                "google_compute_image.row_autoscale_clean_base_image_1604_20181021_0136": {
                    "type": "google_compute_image",
                    "depends_on": [],
                    "primary": {
                        "id": "row-autoscale-clean-base-image-1604-20181021-0136",
                        "attributes": {
                            "description": "",
                            "family": "",
                            "id": "row-autoscale-clean-base-image-1604-20181021-0136",
                            "label_fingerprint": "-LlnG-juVqA=",
                            "labels.%": "1",
                            "labels.prune": "true",
                            "licenses.#": "1",
                            "licenses.0": "https://www.googleapis.com/compute/v1/projects/ubuntu-os-cloud/global/licenses/ubuntu-1604-xenial",
                            "name": "row-autoscale-clean-base-image-1604-20181021-0136",
                            "project": "waze-development",
                            "self_link": "https://www.googleapis.com/compute/v1/projects/waze-development/global/images/row-autoscale-clean-base-image-1604-20181021-0136",
                            "source_disk": "https://www.googleapis.com/compute/v1/projects/waze-development/zones/europe-west1-c/disks/row-autoscale-clean-base-image-1604-0d9b1dac"
                        },
                        "meta": {},
                        "tainted": false
                    },
                    "deposed": [],
                    "provider": "provider.google"
                },
                "google_compute_image.row_autoscale_clean_base_image_1604_20181230_0138": {
                    "type": "google_compute_image",
                    "depends_on": [],
                    "primary": {
                        "id": "row-autoscale-clean-base-image-1604-20181230-0138",
                        "attributes": {
                            "description": "",
                            "family": "",
                            "id": "row-autoscale-clean-base-image-1604-20181230-0138",
                            "label_fingerprint": "-LlnG-juVqA=",
                            "labels.%": "1",
                            "labels.prune": "true",
                            "licenses.#": "1",
                            "licenses.0": "https://www.googleapis.com/compute/v1/projects/ubuntu-os-cloud/global/licenses/ubuntu-1604-xenial",
                            "name": "row-autoscale-clean-base-image-1604-20181230-0138",
                            "project": "waze-development",
                            "self_link": "https://www.googleapis.com/compute/v1/projects/waze-development/global/images/row-autoscale-clean-base-image-1604-20181230-0138",
                            "source_disk": "https://www.googleapis.com/compute/v1/projects/waze-development/zones/europe-west1-b/disks/row-autoscale-clean-base-image-1604-77f8da6e"
                        },
                        "meta": {},
                        "tainted": false
                    },
                    "deposed": [],
                    "provider": "provider.google"
                },
                "google_compute_image.row_autoscale_clean_base_image_1604_20181231_1451": {
                    "type": "google_compute_image",
                    "depends_on": [],
                    "primary": {
                        "id": "row-autoscale-clean-base-image-1604-20181231-1451",
                        "attributes": {
                            "description": "",
                            "family": "",
                            "id": "row-autoscale-clean-base-image-1604-20181231-1451",
                            "label_fingerprint": "-LlnG-juVqA=",
                            "labels.%": "1",
                            "labels.prune": "true",
                            "licenses.#": "1",
                            "licenses.0": "https://www.googleapis.com/compute/v1/projects/ubuntu-os-cloud/global/licenses/ubuntu-1604-xenial",
                            "name": "row-autoscale-clean-base-image-1604-20181231-1451",
                            "project": "waze-development",
                            "self_link": "https://www.googleapis.com/compute/v1/projects/waze-development/global/images/row-autoscale-clean-base-image-1604-20181231-1451",
                            "source_disk": "https://www.googleapis.com/compute/v1/projects/waze-development/zones/europe-west1-b/disks/row-autoscale-clean-base-image-1604-bc1dc135"
                        },
                        "meta": {},
                        "tainted": false
                    },
                    "deposed": [],
                    "provider": "provider.google"
                },
                "google_compute_image.row_autoscale_clean_base_image_1604_20190106_0137": {
                    "type": "google_compute_image",
                    "depends_on": [],
                    "primary": {
                        "id": "row-autoscale-clean-base-image-1604-20190106-0137",
                        "attributes": {
                            "description": "",
                            "family": "",
                            "id": "row-autoscale-clean-base-image-1604-20190106-0137",
                            "label_fingerprint": "-LlnG-juVqA=",
                            "labels.%": "1",
                            "labels.prune": "true",
                            "licenses.#": "1",
                            "licenses.0": "https://www.googleapis.com/compute/v1/projects/ubuntu-os-cloud/global/licenses/ubuntu-1604-xenial",
                            "name": "row-autoscale-clean-base-image-1604-20190106-0137",
                            "project": "waze-development",
                            "self_link": "https://www.googleapis.com/compute/v1/projects/waze-development/global/images/row-autoscale-clean-base-image-1604-20190106-0137",
                            "source_disk": "https://www.googleapis.com/compute/v1/projects/waze-development/zones/europe-west1-b/disks/row-autoscale-clean-base-image-1604-d9e7b536"
                        },
                        "meta": {},
                        "tainted": false
                    },
                    "deposed": [],
                    "provider": "provider.google"
                },
                "google_compute_image.row_autoscale_docker_base_image_1604_20180621_0814": {
                    "type": "google_compute_image",
                    "depends_on": [],
                    "primary": {
                        "id": "row-autoscale-docker-base-image-1604-20180621-0814",
                        "attributes": {
                            "description": "",
                            "family": "",
                            "id": "row-autoscale-docker-base-image-1604-20180621-0814",
                            "label_fingerprint": "-LlnG-juVqA=",
                            "labels.%": "1",
                            "labels.prune": "true",
                            "licenses.#": "1",
                            "licenses.0": "https://www.googleapis.com/compute/v1/projects/ubuntu-os-cloud/global/licenses/ubuntu-1604-xenial",
                            "name": "row-autoscale-docker-base-image-1604-20180621-0814",
                            "project": "waze-development",
                            "self_link": "https://www.googleapis.com/compute/v1/projects/waze-development/global/images/row-autoscale-docker-base-image-1604-20180621-0814",
                            "source_disk": "https://www.googleapis.com/compute/v1/projects/waze-development/zones/europe-west1-c/disks/row-autoscale-docker-base-image-1604-08652b72"
                        },
                        "meta": {},
                        "tainted": false
                    },
                    "deposed": [],
                    "provider": "provider.google"
                },
                "google_compute_image.row_autoscale_docker_base_image_1604_20180621_0837": {
                    "type": "google_compute_image",
                    "depends_on": [],
                    "primary": {
                        "id": "row-autoscale-docker-base-image-1604-20180621-0837",
                        "attributes": {
                            "description": "",
                            "family": "",
                            "id": "row-autoscale-docker-base-image-1604-20180621-0837",
                            "label_fingerprint": "-LlnG-juVqA=",
                            "labels.%": "1",
                            "labels.prune": "true",
                            "licenses.#": "1",
                            "licenses.0": "https://www.googleapis.com/compute/v1/projects/ubuntu-os-cloud/global/licenses/ubuntu-1604-xenial",
                            "name": "row-autoscale-docker-base-image-1604-20180621-0837",
                            "project": "waze-development",
                            "self_link": "https://www.googleapis.com/compute/v1/projects/waze-development/global/images/row-autoscale-docker-base-image-1604-20180621-0837",
                            "source_disk": "https://www.googleapis.com/compute/v1/projects/waze-development/zones/europe-west1-c/disks/row-autoscale-docker-base-image-1604-0bd07c9b"
                        },
                        "meta": {},
                        "tainted": false
                    },
                    "deposed": [],
                    "provider": "provider.google"
                },
                "google_compute_image.row_autoscale_fluentd_base_image_1604_20180304_1119": {
                    "type": "google_compute_image",
                    "depends_on": [],
                    "primary": {
                        "id": "row-autoscale-fluentd-base-image-1604-20180304-1119",
                        "attributes": {
                            "description": "",
                            "family": "",
                            "id": "row-autoscale-fluentd-base-image-1604-20180304-1119",
                            "label_fingerprint": "-LlnG-juVqA=",
                            "labels.%": "1",
                            "labels.prune": "true",
                            "licenses.#": "1",
                            "licenses.0": "https://www.googleapis.com/compute/v1/projects/ubuntu-os-cloud/global/licenses/ubuntu-1604-xenial",
                            "name": "row-autoscale-fluentd-base-image-1604-20180304-1119",
                            "project": "waze-development",
                            "self_link": "https://www.googleapis.com/compute/v1/projects/waze-development/global/images/row-autoscale-fluentd-base-image-1604-20180304-1119",
                            "source_disk": "https://www.googleapis.com/compute/v1/projects/waze-development/zones/europe-west1-b/disks/row-autoscale-fluentd-base-image-1604-c2d5640c"
                        },
                        "meta": {},
                        "tainted": false
                    },
                    "deposed": [],
                    "provider": "provider.google"
                },
                "google_compute_image.row_autoscale_fluentd_base_image_1604_20180304_1524": {
                    "type": "google_compute_image",
                    "depends_on": [],
                    "primary": {
                        "id": "row-autoscale-fluentd-base-image-1604-20180304-1524",
                        "attributes": {
                            "description": "",
                            "family": "",
                            "id": "row-autoscale-fluentd-base-image-1604-20180304-1524",
                            "label_fingerprint": "-LlnG-juVqA=",
                            "labels.%": "1",
                            "labels.prune": "true",
                            "licenses.#": "1",
                            "licenses.0": "https://www.googleapis.com/compute/v1/projects/ubuntu-os-cloud/global/licenses/ubuntu-1604-xenial",
                            "name": "row-autoscale-fluentd-base-image-1604-20180304-1524",
                            "project": "waze-development",
                            "self_link": "https://www.googleapis.com/compute/v1/projects/waze-development/global/images/row-autoscale-fluentd-base-image-1604-20180304-1524",
                            "source_disk": "https://www.googleapis.com/compute/v1/projects/waze-development/zones/europe-west1-c/disks/row-autoscale-fluentd-base-image-1604-06a30947"
                        },
                        "meta": {},
                        "tainted": false
                    },
                    "deposed": [],
                    "provider": "provider.google"
                },
                "google_compute_image.row_autoscale_fluentd_base_image_1604_20180425_1832": {
                    "type": "google_compute_image",
                    "depends_on": [],
                    "primary": {
                        "id": "row-autoscale-fluentd-base-image-1604-20180425-1832",
                        "attributes": {
                            "description": "",
                            "family": "",
                            "id": "row-autoscale-fluentd-base-image-1604-20180425-1832",
                            "label_fingerprint": "-LlnG-juVqA=",
                            "labels.%": "1",
                            "labels.prune": "true",
                            "licenses.#": "1",
                            "licenses.0": "https://www.googleapis.com/compute/v1/projects/ubuntu-os-cloud/global/licenses/ubuntu-1604-xenial",
                            "name": "row-autoscale-fluentd-base-image-1604-20180425-1832",
                            "project": "waze-development",
                            "self_link": "https://www.googleapis.com/compute/v1/projects/waze-development/global/images/row-autoscale-fluentd-base-image-1604-20180425-1832",
                            "source_disk": "https://www.googleapis.com/compute/v1/projects/waze-development/zones/europe-west1-c/disks/row-autoscale-fluentd-base-image-1604-83efe062"
                        },
                        "meta": {},
                        "tainted": false
                    },
                    "deposed": [],
                    "provider": "provider.google"
                },
                "google_compute_image.row_autoscale_nginx_base_image_1404_20180729_0211": {
                    "type": "google_compute_image",
                    "depends_on": [],
                    "primary": {
                        "id": "row-autoscale-nginx-base-image-1404-20180729-0211",
                        "attributes": {
                            "description": "",
                            "family": "",
                            "id": "row-autoscale-nginx-base-image-1404-20180729-0211",
                            "label_fingerprint": "-LlnG-juVqA=",
                            "labels.%": "1",
                            "labels.prune": "true",
                            "licenses.#": "1",
                            "licenses.0": "https://www.googleapis.com/compute/v1/projects/ubuntu-os-cloud/global/licenses/ubuntu-1404-trusty",
                            "name": "row-autoscale-nginx-base-image-1404-20180729-0211",
                            "project": "waze-development",
                            "self_link": "https://www.googleapis.com/compute/v1/projects/waze-development/global/images/row-autoscale-nginx-base-image-1404-20180729-0211",
                            "source_disk": "https://www.googleapis.com/compute/v1/projects/waze-development/zones/europe-west1-c/disks/row-autoscale-nginx-base-image-1404-9461d1ea"
                        },
                        "meta": {},
                        "tainted": false
                    },
                    "deposed": [],
                    "provider": "provider.google"
                },
                "google_compute_image.row_autoscale_nginx_base_image_1404_20180805_0212": {
                    "type": "google_compute_image",
                    "depends_on": [],
                    "primary": {
                        "id": "row-autoscale-nginx-base-image-1404-20180805-0212",
                        "attributes": {
                            "description": "",
                            "family": "",
                            "id": "row-autoscale-nginx-base-image-1404-20180805-0212",
                            "label_fingerprint": "-LlnG-juVqA=",
                            "labels.%": "1",
                            "labels.prune": "true",
                            "licenses.#": "1",
                            "licenses.0": "https://www.googleapis.com/compute/v1/projects/ubuntu-os-cloud/global/licenses/ubuntu-1404-trusty",
                            "name": "row-autoscale-nginx-base-image-1404-20180805-0212",
                            "project": "waze-development",
                            "self_link": "https://www.googleapis.com/compute/v1/projects/waze-development/global/images/row-autoscale-nginx-base-image-1404-20180805-0212",
                            "source_disk": "https://www.googleapis.com/compute/v1/projects/waze-development/zones/europe-west1-c/disks/row-autoscale-nginx-base-image-1404-45aa86f2"
                        },
                        "meta": {},
                        "tainted": false
                    },
                    "deposed": [],
                    "provider": "provider.google"
                },
                "google_compute_image.row_autoscale_nginx_base_image_1604_20170305_0037": {
                    "type": "google_compute_image",
                    "depends_on": [],
                    "primary": {
                        "id": "row-autoscale-nginx-base-image-1604-20170305-0037",
                        "attributes": {
                            "description": "",
                            "family": "",
                            "id": "row-autoscale-nginx-base-image-1604-20170305-0037",
                            "label_fingerprint": "42WmSpB8rSM=",
                            "labels.%": "0",
                            "licenses.#": "1",
                            "licenses.0": "https://www.googleapis.com/compute/v1/projects/ubuntu-os-cloud/global/licenses/ubuntu-1604-xenial",
                            "name": "row-autoscale-nginx-base-image-1604-20170305-0037",
                            "project": "waze-development",
                            "self_link": "https://www.googleapis.com/compute/v1/projects/waze-development/global/images/row-autoscale-nginx-base-image-1604-20170305-0037",
                            "source_disk": "https://www.googleapis.com/compute/v1/projects/waze-development/zones/europe-west1-c/disks/row-autoscale-nginx-base-image-1604-8bed90aa"
                        },
                        "meta": {},
                        "tainted": false
                    },
                    "deposed": [],
                    "provider": "provider.google"
                },
                "google_compute_image.row_autoscale_nginx_base_image_1604_20170423_1401": {
                    "type": "google_compute_image",
                    "depends_on": [],
                    "primary": {
                        "id": "row-autoscale-nginx-base-image-1604-20170423-1401",
                        "attributes": {
                            "description": "",
                            "family": "",
                            "id": "row-autoscale-nginx-base-image-1604-20170423-1401",
                            "label_fingerprint": "42WmSpB8rSM=",
                            "labels.%": "0",
                            "licenses.#": "1",
                            "licenses.0": "https://www.googleapis.com/compute/v1/projects/ubuntu-os-cloud/global/licenses/ubuntu-1604-xenial",
                            "name": "row-autoscale-nginx-base-image-1604-20170423-1401",
                            "project": "waze-development",
                            "self_link": "https://www.googleapis.com/compute/v1/projects/waze-development/global/images/row-autoscale-nginx-base-image-1604-20170423-1401",
                            "source_disk": "https://www.googleapis.com/compute/v1/projects/waze-development/zones/europe-west1-b/disks/row-autoscale-nginx-base-image-1604-14b7c2e7"
                        },
                        "meta": {},
                        "tainted": false
                    },
                    "deposed": [],
                    "provider": "provider.google"
                },
                "google_compute_image.row_autoscale_nginx_base_image_1604_20170625_0028": {
                    "type": "google_compute_image",
                    "depends_on": [],
                    "primary": {
                        "id": "row-autoscale-nginx-base-image-1604-20170625-0028",
                        "attributes": {
                            "description": "",
                            "family": "",
                            "id": "row-autoscale-nginx-base-image-1604-20170625-0028",
                            "label_fingerprint": "42WmSpB8rSM=",
                            "labels.%": "0",
                            "licenses.#": "1",
                            "licenses.0": "https://www.googleapis.com/compute/v1/projects/ubuntu-os-cloud/global/licenses/ubuntu-1604-xenial",
                            "name": "row-autoscale-nginx-base-image-1604-20170625-0028",
                            "project": "waze-development",
                            "self_link": "https://www.googleapis.com/compute/v1/projects/waze-development/global/images/row-autoscale-nginx-base-image-1604-20170625-0028",
                            "source_disk": "https://www.googleapis.com/compute/v1/projects/waze-development/zones/europe-west1-b/disks/row-autoscale-nginx-base-image-1604-4c54fccc"
                        },
                        "meta": {},
                        "tainted": false
                    },
                    "deposed": [],
                    "provider": "provider.google"
                },
                "google_compute_image.row_autoscale_nginx_base_image_1604_20170629_0715": {
                    "type": "google_compute_image",
                    "depends_on": [],
                    "primary": {
                        "id": "row-autoscale-nginx-base-image-1604-20170629-0715",
                        "attributes": {
                            "description": "",
                            "family": "",
                            "id": "row-autoscale-nginx-base-image-1604-20170629-0715",
                            "label_fingerprint": "42WmSpB8rSM=",
                            "labels.%": "0",
                            "licenses.#": "1",
                            "licenses.0": "https://www.googleapis.com/compute/v1/projects/ubuntu-os-cloud/global/licenses/ubuntu-1604-xenial",
                            "name": "row-autoscale-nginx-base-image-1604-20170629-0715",
                            "project": "waze-development",
                            "self_link": "https://www.googleapis.com/compute/v1/projects/waze-development/global/images/row-autoscale-nginx-base-image-1604-20170629-0715",
                            "source_disk": "https://www.googleapis.com/compute/v1/projects/waze-development/zones/europe-west1-c/disks/row-autoscale-nginx-base-image-1604-5fb578ec"
                        },
                        "meta": {},
                        "tainted": false
                    },
                    "deposed": [],
                    "provider": "provider.google"
                },
                "google_compute_image.row_autoscale_nginx_base_image_1604_20170702_0031": {
                    "type": "google_compute_image",
                    "depends_on": [],
                    "primary": {
                        "id": "row-autoscale-nginx-base-image-1604-20170702-0031",
                        "attributes": {
                            "description": "",
                            "family": "",
                            "id": "row-autoscale-nginx-base-image-1604-20170702-0031",
                            "label_fingerprint": "42WmSpB8rSM=",
                            "labels.%": "0",
                            "licenses.#": "1",
                            "licenses.0": "https://www.googleapis.com/compute/v1/projects/ubuntu-os-cloud/global/licenses/ubuntu-1604-xenial",
                            "name": "row-autoscale-nginx-base-image-1604-20170702-0031",
                            "project": "waze-development",
                            "self_link": "https://www.googleapis.com/compute/v1/projects/waze-development/global/images/row-autoscale-nginx-base-image-1604-20170702-0031",
                            "source_disk": "https://www.googleapis.com/compute/v1/projects/waze-development/zones/europe-west1-c/disks/row-autoscale-nginx-base-image-1604-c957dc24"
                        },
                        "meta": {},
                        "tainted": false
                    },
                    "deposed": [],
                    "provider": "provider.google"
                },
                "google_compute_image.row_autoscale_nginx_base_image_1604_20170709_1318": {
                    "type": "google_compute_image",
                    "depends_on": [],
                    "primary": {
                        "id": "row-autoscale-nginx-base-image-1604-20170709-1318",
                        "attributes": {
                            "description": "",
                            "family": "",
                            "id": "row-autoscale-nginx-base-image-1604-20170709-1318",
                            "label_fingerprint": "42WmSpB8rSM=",
                            "labels.%": "0",
                            "licenses.#": "1",
                            "licenses.0": "https://www.googleapis.com/compute/v1/projects/ubuntu-os-cloud/global/licenses/ubuntu-1604-xenial",
                            "name": "row-autoscale-nginx-base-image-1604-20170709-1318",
                            "project": "waze-development",
                            "self_link": "https://www.googleapis.com/compute/v1/projects/waze-development/global/images/row-autoscale-nginx-base-image-1604-20170709-1318",
                            "source_disk": "https://www.googleapis.com/compute/v1/projects/waze-development/zones/europe-west1-d/disks/row-autoscale-nginx-base-image-1604-329b86c7"
                        },
                        "meta": {},
                        "tainted": false
                    },
                    "deposed": [],
                    "provider": "provider.google"
                },
                "google_compute_image.row_autoscale_nginx_base_image_1604_20170723_0037": {
                    "type": "google_compute_image",
                    "depends_on": [],
                    "primary": {
                        "id": "row-autoscale-nginx-base-image-1604-20170723-0037",
                        "attributes": {
                            "description": "",
                            "family": "",
                            "id": "row-autoscale-nginx-base-image-1604-20170723-0037",
                            "label_fingerprint": "42WmSpB8rSM=",
                            "labels.%": "0",
                            "licenses.#": "1",
                            "licenses.0": "https://www.googleapis.com/compute/v1/projects/ubuntu-os-cloud/global/licenses/ubuntu-1604-xenial",
                            "name": "row-autoscale-nginx-base-image-1604-20170723-0037",
                            "project": "waze-development",
                            "self_link": "https://www.googleapis.com/compute/v1/projects/waze-development/global/images/row-autoscale-nginx-base-image-1604-20170723-0037",
                            "source_disk": "https://www.googleapis.com/compute/v1/projects/waze-development/zones/europe-west1-c/disks/row-autoscale-nginx-base-image-1604-6897e86e"
                        },
                        "meta": {},
                        "tainted": false
                    },
                    "deposed": [],
                    "provider": "provider.google"
                },
                "google_compute_image.row_autoscale_nginx_base_image_1604_20170730_0029": {
                    "type": "google_compute_image",
                    "depends_on": [],
                    "primary": {
                        "id": "row-autoscale-nginx-base-image-1604-20170730-0029",
                        "attributes": {
                            "description": "",
                            "family": "",
                            "id": "row-autoscale-nginx-base-image-1604-20170730-0029",
                            "label_fingerprint": "42WmSpB8rSM=",
                            "labels.%": "0",
                            "licenses.#": "1",
                            "licenses.0": "https://www.googleapis.com/compute/v1/projects/ubuntu-os-cloud/global/licenses/ubuntu-1604-xenial",
                            "name": "row-autoscale-nginx-base-image-1604-20170730-0029",
                            "project": "waze-development",
                            "self_link": "https://www.googleapis.com/compute/v1/projects/waze-development/global/images/row-autoscale-nginx-base-image-1604-20170730-0029",
                            "source_disk": "https://www.googleapis.com/compute/v1/projects/waze-development/zones/europe-west1-b/disks/row-autoscale-nginx-base-image-1604-b8b36fda"
                        },
                        "meta": {},
                        "tainted": false
                    },
                    "deposed": [],
                    "provider": "provider.google"
                },
                "google_compute_image.row_autoscale_nginx_base_image_1604_20170807_1134": {
                    "type": "google_compute_image",
                    "depends_on": [],
                    "primary": {
                        "id": "row-autoscale-nginx-base-image-1604-20170807-1134",
                        "attributes": {
                            "description": "",
                            "family": "",
                            "id": "row-autoscale-nginx-base-image-1604-20170807-1134",
                            "label_fingerprint": "42WmSpB8rSM=",
                            "labels.%": "0",
                            "licenses.#": "1",
                            "licenses.0": "https://www.googleapis.com/compute/v1/projects/ubuntu-os-cloud/global/licenses/ubuntu-1604-xenial",
                            "name": "row-autoscale-nginx-base-image-1604-20170807-1134",
                            "project": "waze-development",
                            "self_link": "https://www.googleapis.com/compute/v1/projects/waze-development/global/images/row-autoscale-nginx-base-image-1604-20170807-1134",
                            "source_disk": "https://www.googleapis.com/compute/v1/projects/waze-development/zones/europe-west1-d/disks/row-autoscale-nginx-base-image-1604-fab40dd3"
                        },
                        "meta": {},
                        "tainted": false
                    },
                    "deposed": [],
                    "provider": "provider.google"
                },
                "google_compute_image.row_autoscale_nginx_base_image_1604_20170813_0715": {
                    "type": "google_compute_image",
                    "depends_on": [],
                    "primary": {
                        "id": "row-autoscale-nginx-base-image-1604-20170813-0715",
                        "attributes": {
                            "description": "",
                            "family": "",
                            "id": "row-autoscale-nginx-base-image-1604-20170813-0715",
                            "label_fingerprint": "42WmSpB8rSM=",
                            "labels.%": "0",
                            "licenses.#": "1",
                            "licenses.0": "https://www.googleapis.com/compute/v1/projects/ubuntu-os-cloud/global/licenses/ubuntu-1604-xenial",
                            "name": "row-autoscale-nginx-base-image-1604-20170813-0715",
                            "project": "waze-development",
                            "self_link": "https://www.googleapis.com/compute/v1/projects/waze-development/global/images/row-autoscale-nginx-base-image-1604-20170813-0715",
                            "source_disk": "https://www.googleapis.com/compute/v1/projects/waze-development/zones/europe-west1-c/disks/row-autoscale-nginx-base-image-1604-12fc030c"
                        },
                        "meta": {},
                        "tainted": false
                    },
                    "deposed": [],
                    "provider": "provider.google"
                },
                "google_compute_image.row_autoscale_nginx_base_image_1604_20170817_1348": {
                    "type": "google_compute_image",
                    "depends_on": [],
                    "primary": {
                        "id": "row-autoscale-nginx-base-image-1604-20170817-1348",
                        "attributes": {
                            "description": "",
                            "family": "",
                            "id": "row-autoscale-nginx-base-image-1604-20170817-1348",
                            "label_fingerprint": "42WmSpB8rSM=",
                            "labels.%": "0",
                            "licenses.#": "1",
                            "licenses.0": "https://www.googleapis.com/compute/v1/projects/ubuntu-os-cloud/global/licenses/ubuntu-1604-xenial",
                            "name": "row-autoscale-nginx-base-image-1604-20170817-1348",
                            "project": "waze-development",
                            "self_link": "https://www.googleapis.com/compute/v1/projects/waze-development/global/images/row-autoscale-nginx-base-image-1604-20170817-1348",
                            "source_disk": "https://www.googleapis.com/compute/v1/projects/waze-development/zones/europe-west1-d/disks/row-autoscale-nginx-base-image-1604-86a39df6"
                        },
                        "meta": {},
                        "tainted": false
                    },
                    "deposed": [],
                    "provider": "provider.google"
                },
                "google_compute_image.row_autoscale_nginx_base_image_1604_20170820_0031": {
                    "type": "google_compute_image",
                    "depends_on": [],
                    "primary": {
                        "id": "row-autoscale-nginx-base-image-1604-20170820-0031",
                        "attributes": {
                            "description": "",
                            "family": "",
                            "id": "row-autoscale-nginx-base-image-1604-20170820-0031",
                            "label_fingerprint": "42WmSpB8rSM=",
                            "labels.%": "0",
                            "licenses.#": "1",
                            "licenses.0": "https://www.googleapis.com/compute/v1/projects/ubuntu-os-cloud/global/licenses/ubuntu-1604-xenial",
                            "name": "row-autoscale-nginx-base-image-1604-20170820-0031",
                            "project": "waze-development",
                            "self_link": "https://www.googleapis.com/compute/v1/projects/waze-development/global/images/row-autoscale-nginx-base-image-1604-20170820-0031",
                            "source_disk": "https://www.googleapis.com/compute/v1/projects/waze-development/zones/europe-west1-d/disks/row-autoscale-nginx-base-image-1604-f64c5a7b"
                        },
                        "meta": {},
                        "tainted": false
                    },
                    "deposed": [],
                    "provider": "provider.google"
                },
                "google_compute_image.row_autoscale_nginx_base_image_1604_20170820_1101": {
                    "type": "google_compute_image",
                    "depends_on": [],
                    "primary": {
                        "id": "row-autoscale-nginx-base-image-1604-20170820-1101",
                        "attributes": {
                            "description": "",
                            "family": "",
                            "id": "row-autoscale-nginx-base-image-1604-20170820-1101",
                            "label_fingerprint": "42WmSpB8rSM=",
                            "labels.%": "0",
                            "licenses.#": "1",
                            "licenses.0": "https://www.googleapis.com/compute/v1/projects/ubuntu-os-cloud/global/licenses/ubuntu-1604-xenial",
                            "name": "row-autoscale-nginx-base-image-1604-20170820-1101",
                            "project": "waze-development",
                            "self_link": "https://www.googleapis.com/compute/v1/projects/waze-development/global/images/row-autoscale-nginx-base-image-1604-20170820-1101",
                            "source_disk": "https://www.googleapis.com/compute/v1/projects/waze-development/zones/europe-west1-d/disks/row-autoscale-nginx-base-image-1604-2dec3a23"
                        },
                        "meta": {},
                        "tainted": false
                    },
                    "deposed": [],
                    "provider": "provider.google"
                },
                "google_compute_image.row_autoscale_nginx_base_image_1604_20170824_0727": {
                    "type": "google_compute_image",
                    "depends_on": [],
                    "primary": {
                        "id": "row-autoscale-nginx-base-image-1604-20170824-0727",
                        "attributes": {
                            "description": "",
                            "family": "",
                            "id": "row-autoscale-nginx-base-image-1604-20170824-0727",
                            "label_fingerprint": "42WmSpB8rSM=",
                            "labels.%": "0",
                            "licenses.#": "1",
                            "licenses.0": "https://www.googleapis.com/compute/v1/projects/ubuntu-os-cloud/global/licenses/ubuntu-1604-xenial",
                            "name": "row-autoscale-nginx-base-image-1604-20170824-0727",
                            "project": "waze-development",
                            "self_link": "https://www.googleapis.com/compute/v1/projects/waze-development/global/images/row-autoscale-nginx-base-image-1604-20170824-0727",
                            "source_disk": "https://www.googleapis.com/compute/v1/projects/waze-development/zones/europe-west1-c/disks/row-autoscale-nginx-base-image-1604-d6cce184"
                        },
                        "meta": {},
                        "tainted": false
                    },
                    "deposed": [],
                    "provider": "provider.google"
                },
                "google_compute_image.row_autoscale_nginx_base_image_1604_20170827_0030": {
                    "type": "google_compute_image",
                    "depends_on": [],
                    "primary": {
                        "id": "row-autoscale-nginx-base-image-1604-20170827-0030",
                        "attributes": {
                            "description": "",
                            "family": "",
                            "id": "row-autoscale-nginx-base-image-1604-20170827-0030",
                            "label_fingerprint": "42WmSpB8rSM=",
                            "labels.%": "0",
                            "licenses.#": "1",
                            "licenses.0": "https://www.googleapis.com/compute/v1/projects/ubuntu-os-cloud/global/licenses/ubuntu-1604-xenial",
                            "name": "row-autoscale-nginx-base-image-1604-20170827-0030",
                            "project": "waze-development",
                            "self_link": "https://www.googleapis.com/compute/v1/projects/waze-development/global/images/row-autoscale-nginx-base-image-1604-20170827-0030",
                            "source_disk": "https://www.googleapis.com/compute/v1/projects/waze-development/zones/europe-west1-b/disks/row-autoscale-nginx-base-image-1604-1571aab8"
                        },
                        "meta": {},
                        "tainted": false
                    },
                    "deposed": [],
                    "provider": "provider.google"
                },
                "google_compute_image.row_autoscale_nginx_base_image_1604_20170903_0031": {
                    "type": "google_compute_image",
                    "depends_on": [],
                    "primary": {
                        "id": "row-autoscale-nginx-base-image-1604-20170903-0031",
                        "attributes": {
                            "description": "",
                            "family": "",
                            "id": "row-autoscale-nginx-base-image-1604-20170903-0031",
                            "label_fingerprint": "42WmSpB8rSM=",
                            "labels.%": "0",
                            "licenses.#": "1",
                            "licenses.0": "https://www.googleapis.com/compute/v1/projects/ubuntu-os-cloud/global/licenses/ubuntu-1604-xenial",
                            "name": "row-autoscale-nginx-base-image-1604-20170903-0031",
                            "project": "waze-development",
                            "self_link": "https://www.googleapis.com/compute/v1/projects/waze-development/global/images/row-autoscale-nginx-base-image-1604-20170903-0031",
                            "source_disk": "https://www.googleapis.com/compute/v1/projects/waze-development/zones/europe-west1-b/disks/row-autoscale-nginx-base-image-1604-575b640a"
                        },
                        "meta": {},
                        "tainted": false
                    },
                    "deposed": [],
                    "provider": "provider.google"
                },
                "google_compute_image.row_autoscale_nginx_base_image_1604_20170924_0038": {
                    "type": "google_compute_image",
                    "depends_on": [],
                    "primary": {
                        "id": "row-autoscale-nginx-base-image-1604-20170924-0038",
                        "attributes": {
                            "description": "",
                            "family": "",
                            "id": "row-autoscale-nginx-base-image-1604-20170924-0038",
                            "label_fingerprint": "42WmSpB8rSM=",
                            "labels.%": "0",
                            "licenses.#": "1",
                            "licenses.0": "https://www.googleapis.com/compute/v1/projects/ubuntu-os-cloud/global/licenses/ubuntu-1604-xenial",
                            "name": "row-autoscale-nginx-base-image-1604-20170924-0038",
                            "project": "waze-development",
                            "self_link": "https://www.googleapis.com/compute/v1/projects/waze-development/global/images/row-autoscale-nginx-base-image-1604-20170924-0038",
                            "source_disk": "https://www.googleapis.com/compute/v1/projects/waze-development/zones/europe-west1-d/disks/row-autoscale-nginx-base-image-1604-c1a1409d"
                        },
                        "meta": {},
                        "tainted": false
                    },
                    "deposed": [],
                    "provider": "provider.google"
                },
                "google_compute_image.row_autoscale_nginx_base_image_1604_20171015_0030": {
                    "type": "google_compute_image",
                    "depends_on": [],
                    "primary": {
                        "id": "row-autoscale-nginx-base-image-1604-20171015-0030",
                        "attributes": {
                            "description": "",
                            "family": "",
                            "id": "row-autoscale-nginx-base-image-1604-20171015-0030",
                            "label_fingerprint": "42WmSpB8rSM=",
                            "labels.%": "0",
                            "licenses.#": "1",
                            "licenses.0": "https://www.googleapis.com/compute/v1/projects/ubuntu-os-cloud/global/licenses/ubuntu-1604-xenial",
                            "name": "row-autoscale-nginx-base-image-1604-20171015-0030",
                            "project": "waze-development",
                            "self_link": "https://www.googleapis.com/compute/v1/projects/waze-development/global/images/row-autoscale-nginx-base-image-1604-20171015-0030",
                            "source_disk": "https://www.googleapis.com/compute/v1/projects/waze-development/zones/europe-west1-d/disks/row-autoscale-nginx-base-image-1604-e74254dd"
                        },
                        "meta": {},
                        "tainted": false
                    },
                    "deposed": [],
                    "provider": "provider.google"
                },
                "google_compute_image.row_autoscale_nginx_base_image_1604_20171024_2018": {
                    "type": "google_compute_image",
                    "depends_on": [],
                    "primary": {
                        "id": "row-autoscale-nginx-base-image-1604-20171024-2018",
                        "attributes": {
                            "description": "",
                            "family": "",
                            "id": "row-autoscale-nginx-base-image-1604-20171024-2018",
                            "label_fingerprint": "42WmSpB8rSM=",
                            "labels.%": "0",
                            "licenses.#": "1",
                            "licenses.0": "https://www.googleapis.com/compute/v1/projects/ubuntu-os-cloud/global/licenses/ubuntu-1604-xenial",
                            "name": "row-autoscale-nginx-base-image-1604-20171024-2018",
                            "project": "waze-development",
                            "self_link": "https://www.googleapis.com/compute/v1/projects/waze-development/global/images/row-autoscale-nginx-base-image-1604-20171024-2018",
                            "source_disk": "https://www.googleapis.com/compute/v1/projects/waze-development/zones/europe-west1-c/disks/row-autoscale-nginx-base-image-1604-92bd35c7"
                        },
                        "meta": {},
                        "tainted": false
                    },
                    "deposed": [],
                    "provider": "provider.google"
                },
                "google_compute_image.row_autoscale_nginx_base_image_1604_20171210_0030": {
                    "type": "google_compute_image",
                    "depends_on": [],
                    "primary": {
                        "id": "row-autoscale-nginx-base-image-1604-20171210-0030",
                        "attributes": {
                            "description": "",
                            "family": "",
                            "id": "row-autoscale-nginx-base-image-1604-20171210-0030",
                            "label_fingerprint": "-LlnG-juVqA=",
                            "labels.%": "1",
                            "labels.prune": "true",
                            "licenses.#": "1",
                            "licenses.0": "https://www.googleapis.com/compute/v1/projects/ubuntu-os-cloud/global/licenses/ubuntu-1604-xenial",
                            "name": "row-autoscale-nginx-base-image-1604-20171210-0030",
                            "project": "waze-development",
                            "self_link": "https://www.googleapis.com/compute/v1/projects/waze-development/global/images/row-autoscale-nginx-base-image-1604-20171210-0030",
                            "source_disk": "https://www.googleapis.com/compute/v1/projects/waze-development/zones/europe-west1-d/disks/row-autoscale-nginx-base-image-1604-1e66f343"
                        },
                        "meta": {},
                        "tainted": false
                    },
                    "deposed": [],
                    "provider": "provider.google"
                },
                "google_compute_image.row_autoscale_nginx_base_image_1604_20171217_0036": {
                    "type": "google_compute_image",
                    "depends_on": [],
                    "primary": {
                        "id": "row-autoscale-nginx-base-image-1604-20171217-0036",
                        "attributes": {
                            "description": "",
                            "family": "",
                            "id": "row-autoscale-nginx-base-image-1604-20171217-0036",
                            "label_fingerprint": "-LlnG-juVqA=",
                            "labels.%": "1",
                            "labels.prune": "true",
                            "licenses.#": "1",
                            "licenses.0": "https://www.googleapis.com/compute/v1/projects/ubuntu-os-cloud/global/licenses/ubuntu-1604-xenial",
                            "name": "row-autoscale-nginx-base-image-1604-20171217-0036",
                            "project": "waze-development",
                            "self_link": "https://www.googleapis.com/compute/v1/projects/waze-development/global/images/row-autoscale-nginx-base-image-1604-20171217-0036",
                            "source_disk": "https://www.googleapis.com/compute/v1/projects/waze-development/zones/europe-west1-d/disks/row-autoscale-nginx-base-image-1604-52212b0a"
                        },
                        "meta": {},
                        "tainted": false
                    },
                    "deposed": [],
                    "provider": "provider.google"
                },
                "google_compute_image.row_autoscale_nginx_base_image_1604_20180107_0032": {
                    "type": "google_compute_image",
                    "depends_on": [],
                    "primary": {
                        "id": "row-autoscale-nginx-base-image-1604-20180107-0032",
                        "attributes": {
                            "description": "",
                            "family": "",
                            "id": "row-autoscale-nginx-base-image-1604-20180107-0032",
                            "label_fingerprint": "-LlnG-juVqA=",
                            "labels.%": "1",
                            "labels.prune": "true",
                            "licenses.#": "1",
                            "licenses.0": "https://www.googleapis.com/compute/v1/projects/ubuntu-os-cloud/global/licenses/ubuntu-1604-xenial",
                            "name": "row-autoscale-nginx-base-image-1604-20180107-0032",
                            "project": "waze-development",
                            "self_link": "https://www.googleapis.com/compute/v1/projects/waze-development/global/images/row-autoscale-nginx-base-image-1604-20180107-0032",
                            "source_disk": "https://www.googleapis.com/compute/v1/projects/waze-development/zones/europe-west1-d/disks/row-autoscale-nginx-base-image-1604-21d8679c"
                        },
                        "meta": {},
                        "tainted": false
                    },
                    "deposed": [],
                    "provider": "provider.google"
                },
                "google_compute_image.row_autoscale_nginx_base_image_1604_20180114_0032": {
                    "type": "google_compute_image",
                    "depends_on": [],
                    "primary": {
                        "id": "row-autoscale-nginx-base-image-1604-20180114-0032",
                        "attributes": {
                            "description": "",
                            "family": "",
                            "id": "row-autoscale-nginx-base-image-1604-20180114-0032",
                            "label_fingerprint": "-LlnG-juVqA=",
                            "labels.%": "1",
                            "labels.prune": "true",
                            "licenses.#": "1",
                            "licenses.0": "https://www.googleapis.com/compute/v1/projects/ubuntu-os-cloud/global/licenses/ubuntu-1604-xenial",
                            "name": "row-autoscale-nginx-base-image-1604-20180114-0032",
                            "project": "waze-development",
                            "self_link": "https://www.googleapis.com/compute/v1/projects/waze-development/global/images/row-autoscale-nginx-base-image-1604-20180114-0032",
                            "source_disk": "https://www.googleapis.com/compute/v1/projects/waze-development/zones/europe-west1-b/disks/row-autoscale-nginx-base-image-1604-d50731f4"
                        },
                        "meta": {},
                        "tainted": false
                    },
                    "deposed": [],
                    "provider": "provider.google"
                },
                "google_compute_image.row_autoscale_nginx_base_image_1604_20180128_0038": {
                    "type": "google_compute_image",
                    "depends_on": [],
                    "primary": {
                        "id": "row-autoscale-nginx-base-image-1604-20180128-0038",
                        "attributes": {
                            "description": "",
                            "family": "",
                            "id": "row-autoscale-nginx-base-image-1604-20180128-0038",
                            "label_fingerprint": "-LlnG-juVqA=",
                            "labels.%": "1",
                            "labels.prune": "true",
                            "licenses.#": "1",
                            "licenses.0": "https://www.googleapis.com/compute/v1/projects/ubuntu-os-cloud/global/licenses/ubuntu-1604-xenial",
                            "name": "row-autoscale-nginx-base-image-1604-20180128-0038",
                            "project": "waze-development",
                            "self_link": "https://www.googleapis.com/compute/v1/projects/waze-development/global/images/row-autoscale-nginx-base-image-1604-20180128-0038",
                            "source_disk": "https://www.googleapis.com/compute/v1/projects/waze-development/zones/europe-west1-c/disks/row-autoscale-nginx-base-image-1604-3146cb17"
                        },
                        "meta": {},
                        "tainted": false
                    },
                    "deposed": [],
                    "provider": "provider.google"
                },
                "google_compute_image.row_autoscale_nginx_base_image_1604_20180214_1229": {
                    "type": "google_compute_image",
                    "depends_on": [],
                    "primary": {
                        "id": "row-autoscale-nginx-base-image-1604-20180214-1229",
                        "attributes": {
                            "description": "",
                            "family": "",
                            "id": "row-autoscale-nginx-base-image-1604-20180214-1229",
                            "label_fingerprint": "-LlnG-juVqA=",
                            "labels.%": "1",
                            "labels.prune": "true",
                            "licenses.#": "1",
                            "licenses.0": "https://www.googleapis.com/compute/v1/projects/ubuntu-os-cloud/global/licenses/ubuntu-1604-xenial",
                            "name": "row-autoscale-nginx-base-image-1604-20180214-1229",
                            "project": "waze-development",
                            "self_link": "https://www.googleapis.com/compute/v1/projects/waze-development/global/images/row-autoscale-nginx-base-image-1604-20180214-1229",
                            "source_disk": "https://www.googleapis.com/compute/v1/projects/waze-development/zones/europe-west1-d/disks/row-autoscale-nginx-base-image-1604-d3600c37"
                        },
                        "meta": {},
                        "tainted": false
                    },
                    "deposed": [],
                    "provider": "provider.google"
                },
                "google_compute_image.row_autoscale_nginx_base_image_1604_20180219_1252": {
                    "type": "google_compute_image",
                    "depends_on": [],
                    "primary": {
                        "id": "row-autoscale-nginx-base-image-1604-20180219-1252",
                        "attributes": {
                            "description": "",
                            "family": "",
                            "id": "row-autoscale-nginx-base-image-1604-20180219-1252",
                            "label_fingerprint": "-LlnG-juVqA=",
                            "labels.%": "1",
                            "labels.prune": "true",
                            "licenses.#": "1",
                            "licenses.0": "https://www.googleapis.com/compute/v1/projects/ubuntu-os-cloud/global/licenses/ubuntu-1604-xenial",
                            "name": "row-autoscale-nginx-base-image-1604-20180219-1252",
                            "project": "waze-development",
                            "self_link": "https://www.googleapis.com/compute/v1/projects/waze-development/global/images/row-autoscale-nginx-base-image-1604-20180219-1252",
                            "source_disk": "https://www.googleapis.com/compute/v1/projects/waze-development/zones/europe-west1-b/disks/row-autoscale-nginx-base-image-1604-1b681f5c"
                        },
                        "meta": {},
                        "tainted": false
                    },
                    "deposed": [],
                    "provider": "provider.google"
                },
                "google_compute_image.row_autoscale_nginx_base_image_1604_20180306_1101": {
                    "type": "google_compute_image",
                    "depends_on": [],
                    "primary": {
                        "id": "row-autoscale-nginx-base-image-1604-20180306-1101",
                        "attributes": {
                            "description": "",
                            "family": "",
                            "id": "row-autoscale-nginx-base-image-1604-20180306-1101",
                            "label_fingerprint": "-LlnG-juVqA=",
                            "labels.%": "1",
                            "labels.prune": "true",
                            "licenses.#": "1",
                            "licenses.0": "https://www.googleapis.com/compute/v1/projects/ubuntu-os-cloud/global/licenses/ubuntu-1604-xenial",
                            "name": "row-autoscale-nginx-base-image-1604-20180306-1101",
                            "project": "waze-development",
                            "self_link": "https://www.googleapis.com/compute/v1/projects/waze-development/global/images/row-autoscale-nginx-base-image-1604-20180306-1101",
                            "source_disk": "https://www.googleapis.com/compute/v1/projects/waze-development/zones/europe-west1-b/disks/row-autoscale-nginx-base-image-1604-84564a5b"
                        },
                        "meta": {},
                        "tainted": false
                    },
                    "deposed": [],
                    "provider": "provider.google"
                },
                "google_compute_image.row_autoscale_nginx_base_image_1604_20180313_2103": {
                    "type": "google_compute_image",
                    "depends_on": [],
                    "primary": {
                        "id": "row-autoscale-nginx-base-image-1604-20180313-2103",
                        "attributes": {
                            "description": "",
                            "family": "",
                            "id": "row-autoscale-nginx-base-image-1604-20180313-2103",
                            "label_fingerprint": "-LlnG-juVqA=",
                            "labels.%": "1",
                            "labels.prune": "true",
                            "licenses.#": "1",
                            "licenses.0": "https://www.googleapis.com/compute/v1/projects/ubuntu-os-cloud/global/licenses/ubuntu-1604-xenial",
                            "name": "row-autoscale-nginx-base-image-1604-20180313-2103",
                            "project": "waze-development",
                            "self_link": "https://www.googleapis.com/compute/v1/projects/waze-development/global/images/row-autoscale-nginx-base-image-1604-20180313-2103",
                            "source_disk": "https://www.googleapis.com/compute/v1/projects/waze-development/zones/europe-west1-c/disks/row-autoscale-nginx-base-image-1604-cd0695a2"
                        },
                        "meta": {},
                        "tainted": false
                    },
                    "deposed": [],
                    "provider": "provider.google"
                },
                "google_compute_image.row_autoscale_nginx_base_image_1604_20180318_0248": {
                    "type": "google_compute_image",
                    "depends_on": [],
                    "primary": {
                        "id": "row-autoscale-nginx-base-image-1604-20180318-0248",
                        "attributes": {
                            "description": "",
                            "family": "",
                            "id": "row-autoscale-nginx-base-image-1604-20180318-0248",
                            "label_fingerprint": "-LlnG-juVqA=",
                            "labels.%": "1",
                            "labels.prune": "true",
                            "licenses.#": "1",
                            "licenses.0": "https://www.googleapis.com/compute/v1/projects/ubuntu-os-cloud/global/licenses/ubuntu-1604-xenial",
                            "name": "row-autoscale-nginx-base-image-1604-20180318-0248",
                            "project": "waze-development",
                            "self_link": "https://www.googleapis.com/compute/v1/projects/waze-development/global/images/row-autoscale-nginx-base-image-1604-20180318-0248",
                            "source_disk": "https://www.googleapis.com/compute/v1/projects/waze-development/zones/europe-west1-b/disks/row-autoscale-nginx-base-image-1604-5496b8f9"
                        },
                        "meta": {},
                        "tainted": false
                    },
                    "deposed": [],
                    "provider": "provider.google"
                },
                "google_compute_image.row_autoscale_nginx_base_image_1604_20180424_2347": {
                    "type": "google_compute_image",
                    "depends_on": [],
                    "primary": {
                        "id": "row-autoscale-nginx-base-image-1604-20180424-2347",
                        "attributes": {
                            "description": "",
                            "family": "",
                            "id": "row-autoscale-nginx-base-image-1604-20180424-2347",
                            "label_fingerprint": "-LlnG-juVqA=",
                            "labels.%": "1",
                            "labels.prune": "true",
                            "licenses.#": "1",
                            "licenses.0": "https://www.googleapis.com/compute/v1/projects/ubuntu-os-cloud/global/licenses/ubuntu-1604-xenial",
                            "name": "row-autoscale-nginx-base-image-1604-20180424-2347",
                            "project": "waze-development",
                            "self_link": "https://www.googleapis.com/compute/v1/projects/waze-development/global/images/row-autoscale-nginx-base-image-1604-20180424-2347",
                            "source_disk": "https://www.googleapis.com/compute/v1/projects/waze-development/zones/europe-west1-c/disks/row-autoscale-nginx-base-image-1604-ec038177"
                        },
                        "meta": {},
                        "tainted": false
                    },
                    "deposed": [],
                    "provider": "provider.google"
                },
                "google_compute_image.row_autoscale_nginx_base_image_1604_20180429_0206": {
                    "type": "google_compute_image",
                    "depends_on": [],
                    "primary": {
                        "id": "row-autoscale-nginx-base-image-1604-20180429-0206",
                        "attributes": {
                            "description": "",
                            "family": "",
                            "id": "row-autoscale-nginx-base-image-1604-20180429-0206",
                            "label_fingerprint": "-LlnG-juVqA=",
                            "labels.%": "1",
                            "labels.prune": "true",
                            "licenses.#": "1",
                            "licenses.0": "https://www.googleapis.com/compute/v1/projects/ubuntu-os-cloud/global/licenses/ubuntu-1604-xenial",
                            "name": "row-autoscale-nginx-base-image-1604-20180429-0206",
                            "project": "waze-development",
                            "self_link": "https://www.googleapis.com/compute/v1/projects/waze-development/global/images/row-autoscale-nginx-base-image-1604-20180429-0206",
                            "source_disk": "https://www.googleapis.com/compute/v1/projects/waze-development/zones/europe-west1-c/disks/row-autoscale-nginx-base-image-1604-5488efad"
                        },
                        "meta": {},
                        "tainted": false
                    },
                    "deposed": [],
                    "provider": "provider.google"
                },
                "google_compute_image.row_autoscale_nginx_base_image_1604_20180520_0208": {
                    "type": "google_compute_image",
                    "depends_on": [],
                    "primary": {
                        "id": "row-autoscale-nginx-base-image-1604-20180520-0208",
                        "attributes": {
                            "description": "",
                            "family": "",
                            "id": "row-autoscale-nginx-base-image-1604-20180520-0208",
                            "label_fingerprint": "-LlnG-juVqA=",
                            "labels.%": "1",
                            "labels.prune": "true",
                            "licenses.#": "1",
                            "licenses.0": "https://www.googleapis.com/compute/v1/projects/ubuntu-os-cloud/global/licenses/ubuntu-1604-xenial",
                            "name": "row-autoscale-nginx-base-image-1604-20180520-0208",
                            "project": "waze-development",
                            "self_link": "https://www.googleapis.com/compute/v1/projects/waze-development/global/images/row-autoscale-nginx-base-image-1604-20180520-0208",
                            "source_disk": "https://www.googleapis.com/compute/v1/projects/waze-development/zones/europe-west1-d/disks/row-autoscale-nginx-base-image-1604-a361e12c"
                        },
                        "meta": {},
                        "tainted": false
                    },
                    "deposed": [],
                    "provider": "provider.google"
                },
                "google_compute_image.row_autoscale_nginx_base_image_1604_20180527_0208": {
                    "type": "google_compute_image",
                    "depends_on": [],
                    "primary": {
                        "id": "row-autoscale-nginx-base-image-1604-20180527-0208",
                        "attributes": {
                            "description": "",
                            "family": "",
                            "id": "row-autoscale-nginx-base-image-1604-20180527-0208",
                            "label_fingerprint": "-LlnG-juVqA=",
                            "labels.%": "1",
                            "labels.prune": "true",
                            "licenses.#": "1",
                            "licenses.0": "https://www.googleapis.com/compute/v1/projects/ubuntu-os-cloud/global/licenses/ubuntu-1604-xenial",
                            "name": "row-autoscale-nginx-base-image-1604-20180527-0208",
                            "project": "waze-development",
                            "self_link": "https://www.googleapis.com/compute/v1/projects/waze-development/global/images/row-autoscale-nginx-base-image-1604-20180527-0208",
                            "source_disk": "https://www.googleapis.com/compute/v1/projects/waze-development/zones/europe-west1-d/disks/row-autoscale-nginx-base-image-1604-c529d5be"
                        },
                        "meta": {},
                        "tainted": false
                    },
                    "deposed": [],
                    "provider": "provider.google"
                },
                "google_compute_image.row_autoscale_nginx_base_image_1604_20180603_0517": {
                    "type": "google_compute_image",
                    "depends_on": [],
                    "primary": {
                        "id": "row-autoscale-nginx-base-image-1604-20180603-0517",
                        "attributes": {
                            "description": "",
                            "family": "",
                            "id": "row-autoscale-nginx-base-image-1604-20180603-0517",
                            "label_fingerprint": "-LlnG-juVqA=",
                            "labels.%": "1",
                            "labels.prune": "true",
                            "licenses.#": "1",
                            "licenses.0": "https://www.googleapis.com/compute/v1/projects/ubuntu-os-cloud/global/licenses/ubuntu-1604-xenial",
                            "name": "row-autoscale-nginx-base-image-1604-20180603-0517",
                            "project": "waze-development",
                            "self_link": "https://www.googleapis.com/compute/v1/projects/waze-development/global/images/row-autoscale-nginx-base-image-1604-20180603-0517",
                            "source_disk": "https://www.googleapis.com/compute/v1/projects/waze-development/zones/europe-west1-b/disks/row-autoscale-nginx-base-image-1604-8d8471ce"
                        },
                        "meta": {},
                        "tainted": false
                    },
                    "deposed": [],
                    "provider": "provider.google"
                },
                "google_compute_image.row_autoscale_nginx_base_image_1604_20180610_0201": {
                    "type": "google_compute_image",
                    "depends_on": [],
                    "primary": {
                        "id": "row-autoscale-nginx-base-image-1604-20180610-0201",
                        "attributes": {
                            "description": "",
                            "family": "",
                            "id": "row-autoscale-nginx-base-image-1604-20180610-0201",
                            "label_fingerprint": "-LlnG-juVqA=",
                            "labels.%": "1",
                            "labels.prune": "true",
                            "licenses.#": "1",
                            "licenses.0": "https://www.googleapis.com/compute/v1/projects/ubuntu-os-cloud/global/licenses/ubuntu-1604-xenial",
                            "name": "row-autoscale-nginx-base-image-1604-20180610-0201",
                            "project": "waze-development",
                            "self_link": "https://www.googleapis.com/compute/v1/projects/waze-development/global/images/row-autoscale-nginx-base-image-1604-20180610-0201",
                            "source_disk": "https://www.googleapis.com/compute/v1/projects/waze-development/zones/europe-west1-d/disks/row-autoscale-nginx-base-image-1604-251aae2c"
                        },
                        "meta": {},
                        "tainted": false
                    },
                    "deposed": [],
                    "provider": "provider.google"
                },
                "google_compute_image.row_autoscale_nginx_base_image_1604_20180617_1155": {
                    "type": "google_compute_image",
                    "depends_on": [],
                    "primary": {
                        "id": "row-autoscale-nginx-base-image-1604-20180617-1155",
                        "attributes": {
                            "description": "",
                            "family": "",
                            "id": "row-autoscale-nginx-base-image-1604-20180617-1155",
                            "label_fingerprint": "-LlnG-juVqA=",
                            "labels.%": "1",
                            "labels.prune": "true",
                            "licenses.#": "1",
                            "licenses.0": "https://www.googleapis.com/compute/v1/projects/ubuntu-os-cloud/global/licenses/ubuntu-1604-xenial",
                            "name": "row-autoscale-nginx-base-image-1604-20180617-1155",
                            "project": "waze-development",
                            "self_link": "https://www.googleapis.com/compute/v1/projects/waze-development/global/images/row-autoscale-nginx-base-image-1604-20180617-1155",
                            "source_disk": "https://www.googleapis.com/compute/v1/projects/waze-development/zones/europe-west1-b/disks/row-autoscale-nginx-base-image-1604-b02e98e0"
                        },
                        "meta": {},
                        "tainted": false
                    },
                    "deposed": [],
                    "provider": "provider.google"
                },
                "google_compute_image.row_autoscale_nginx_base_image_1604_20180624_0224": {
                    "type": "google_compute_image",
                    "depends_on": [],
                    "primary": {
                        "id": "row-autoscale-nginx-base-image-1604-20180624-0224",
                        "attributes": {
                            "description": "",
                            "family": "",
                            "id": "row-autoscale-nginx-base-image-1604-20180624-0224",
                            "label_fingerprint": "-LlnG-juVqA=",
                            "labels.%": "1",
                            "labels.prune": "true",
                            "licenses.#": "1",
                            "licenses.0": "https://www.googleapis.com/compute/v1/projects/ubuntu-os-cloud/global/licenses/ubuntu-1604-xenial",
                            "name": "row-autoscale-nginx-base-image-1604-20180624-0224",
                            "project": "waze-development",
                            "self_link": "https://www.googleapis.com/compute/v1/projects/waze-development/global/images/row-autoscale-nginx-base-image-1604-20180624-0224",
                            "source_disk": "https://www.googleapis.com/compute/v1/projects/waze-development/zones/europe-west1-b/disks/row-autoscale-nginx-base-image-1604-297648c1"
                        },
                        "meta": {},
                        "tainted": false
                    },
                    "deposed": [],
                    "provider": "provider.google"
                },
                "google_compute_image.row_autoscale_nginx_base_image_1604_20180722_0848": {
                    "type": "google_compute_image",
                    "depends_on": [],
                    "primary": {
                        "id": "row-autoscale-nginx-base-image-1604-20180722-0848",
                        "attributes": {
                            "description": "",
                            "family": "",
                            "id": "row-autoscale-nginx-base-image-1604-20180722-0848",
                            "label_fingerprint": "-LlnG-juVqA=",
                            "labels.%": "1",
                            "labels.prune": "true",
                            "licenses.#": "1",
                            "licenses.0": "https://www.googleapis.com/compute/v1/projects/ubuntu-os-cloud/global/licenses/ubuntu-1604-xenial",
                            "name": "row-autoscale-nginx-base-image-1604-20180722-0848",
                            "project": "waze-development",
                            "self_link": "https://www.googleapis.com/compute/v1/projects/waze-development/global/images/row-autoscale-nginx-base-image-1604-20180722-0848",
                            "source_disk": "https://www.googleapis.com/compute/v1/projects/waze-development/zones/europe-west1-d/disks/row-autoscale-nginx-base-image-1604-7b7c476a"
                        },
                        "meta": {},
                        "tainted": false
                    },
                    "deposed": [],
                    "provider": "provider.google"
                },
                "google_compute_image.row_autoscale_nginx_base_image_1604_20180805_0211": {
                    "type": "google_compute_image",
                    "depends_on": [],
                    "primary": {
                        "id": "row-autoscale-nginx-base-image-1604-20180805-0211",
                        "attributes": {
                            "description": "",
                            "family": "",
                            "id": "row-autoscale-nginx-base-image-1604-20180805-0211",
                            "label_fingerprint": "-LlnG-juVqA=",
                            "labels.%": "1",
                            "labels.prune": "true",
                            "licenses.#": "1",
                            "licenses.0": "https://www.googleapis.com/compute/v1/projects/ubuntu-os-cloud/global/licenses/ubuntu-1604-xenial",
                            "name": "row-autoscale-nginx-base-image-1604-20180805-0211",
                            "project": "waze-development",
                            "self_link": "https://www.googleapis.com/compute/v1/projects/waze-development/global/images/row-autoscale-nginx-base-image-1604-20180805-0211",
                            "source_disk": "https://www.googleapis.com/compute/v1/projects/waze-development/zones/europe-west1-d/disks/row-autoscale-nginx-base-image-1604-87ae9476"
                        },
                        "meta": {},
                        "tainted": false
                    },
                    "deposed": [],
                    "provider": "provider.google"
                },
                "google_compute_image.row_autoscale_nginx_base_image_1604_20180812_0116": {
                    "type": "google_compute_image",
                    "depends_on": [],
                    "primary": {
                        "id": "row-autoscale-nginx-base-image-1604-20180812-0116",
                        "attributes": {
                            "description": "",
                            "family": "",
                            "id": "row-autoscale-nginx-base-image-1604-20180812-0116",
                            "label_fingerprint": "-LlnG-juVqA=",
                            "labels.%": "1",
                            "labels.prune": "true",
                            "licenses.#": "1",
                            "licenses.0": "https://www.googleapis.com/compute/v1/projects/ubuntu-os-cloud/global/licenses/ubuntu-1604-xenial",
                            "name": "row-autoscale-nginx-base-image-1604-20180812-0116",
                            "project": "waze-development",
                            "self_link": "https://www.googleapis.com/compute/v1/projects/waze-development/global/images/row-autoscale-nginx-base-image-1604-20180812-0116",
                            "source_disk": "https://www.googleapis.com/compute/v1/projects/waze-development/zones/europe-west1-c/disks/row-autoscale-nginx-base-image-1604-35b35420"
                        },
                        "meta": {},
                        "tainted": false
                    },
                    "deposed": [],
                    "provider": "provider.google"
                },
                "google_compute_image.row_autoscale_nginx_base_image_1604_20180819_0120": {
                    "type": "google_compute_image",
                    "depends_on": [],
                    "primary": {
                        "id": "row-autoscale-nginx-base-image-1604-20180819-0120",
                        "attributes": {
                            "description": "",
                            "family": "",
                            "id": "row-autoscale-nginx-base-image-1604-20180819-0120",
                            "label_fingerprint": "-LlnG-juVqA=",
                            "labels.%": "1",
                            "labels.prune": "true",
                            "licenses.#": "1",
                            "licenses.0": "https://www.googleapis.com/compute/v1/projects/ubuntu-os-cloud/global/licenses/ubuntu-1604-xenial",
                            "name": "row-autoscale-nginx-base-image-1604-20180819-0120",
                            "project": "waze-development",
                            "self_link": "https://www.googleapis.com/compute/v1/projects/waze-development/global/images/row-autoscale-nginx-base-image-1604-20180819-0120",
                            "source_disk": "https://www.googleapis.com/compute/v1/projects/waze-development/zones/europe-west1-b/disks/row-autoscale-nginx-base-image-1604-1c513afa"
                        },
                        "meta": {},
                        "tainted": false
                    },
                    "deposed": [],
                    "provider": "provider.google"
                },
                "google_compute_image.row_autoscale_nginx_base_image_1604_20180826_0122": {
                    "type": "google_compute_image",
                    "depends_on": [],
                    "primary": {
                        "id": "row-autoscale-nginx-base-image-1604-20180826-0122",
                        "attributes": {
                            "description": "",
                            "family": "",
                            "id": "row-autoscale-nginx-base-image-1604-20180826-0122",
                            "label_fingerprint": "-LlnG-juVqA=",
                            "labels.%": "1",
                            "labels.prune": "true",
                            "licenses.#": "1",
                            "licenses.0": "https://www.googleapis.com/compute/v1/projects/ubuntu-os-cloud/global/licenses/ubuntu-1604-xenial",
                            "name": "row-autoscale-nginx-base-image-1604-20180826-0122",
                            "project": "waze-development",
                            "self_link": "https://www.googleapis.com/compute/v1/projects/waze-development/global/images/row-autoscale-nginx-base-image-1604-20180826-0122",
                            "source_disk": "https://www.googleapis.com/compute/v1/projects/waze-development/zones/europe-west1-c/disks/row-autoscale-nginx-base-image-1604-cc9c16bd"
                        },
                        "meta": {},
                        "tainted": false
                    },
                    "deposed": [],
                    "provider": "provider.google"
                },
                "google_compute_image.row_autoscale_nginx_base_image_1604_20180902_0117": {
                    "type": "google_compute_image",
                    "depends_on": [],
                    "primary": {
                        "id": "row-autoscale-nginx-base-image-1604-20180902-0117",
                        "attributes": {
                            "description": "",
                            "family": "",
                            "id": "row-autoscale-nginx-base-image-1604-20180902-0117",
                            "label_fingerprint": "-LlnG-juVqA=",
                            "labels.%": "1",
                            "labels.prune": "true",
                            "licenses.#": "1",
                            "licenses.0": "https://www.googleapis.com/compute/v1/projects/ubuntu-os-cloud/global/licenses/ubuntu-1604-xenial",
                            "name": "row-autoscale-nginx-base-image-1604-20180902-0117",
                            "project": "waze-development",
                            "self_link": "https://www.googleapis.com/compute/v1/projects/waze-development/global/images/row-autoscale-nginx-base-image-1604-20180902-0117",
                            "source_disk": "https://www.googleapis.com/compute/v1/projects/waze-development/zones/europe-west1-d/disks/row-autoscale-nginx-base-image-1604-7f6d35f1"
                        },
                        "meta": {},
                        "tainted": false
                    },
                    "deposed": [],
                    "provider": "provider.google"
                },
                "google_compute_image.row_autoscale_nginx_base_image_1604_20180909_0118": {
                    "type": "google_compute_image",
                    "depends_on": [],
                    "primary": {
                        "id": "row-autoscale-nginx-base-image-1604-20180909-0118",
                        "attributes": {
                            "description": "",
                            "family": "",
                            "id": "row-autoscale-nginx-base-image-1604-20180909-0118",
                            "label_fingerprint": "-LlnG-juVqA=",
                            "labels.%": "1",
                            "labels.prune": "true",
                            "licenses.#": "1",
                            "licenses.0": "https://www.googleapis.com/compute/v1/projects/ubuntu-os-cloud/global/licenses/ubuntu-1604-xenial",
                            "name": "row-autoscale-nginx-base-image-1604-20180909-0118",
                            "project": "waze-development",
                            "self_link": "https://www.googleapis.com/compute/v1/projects/waze-development/global/images/row-autoscale-nginx-base-image-1604-20180909-0118",
                            "source_disk": "https://www.googleapis.com/compute/v1/projects/waze-development/zones/europe-west1-b/disks/row-autoscale-nginx-base-image-1604-7caad7dc"
                        },
                        "meta": {},
                        "tainted": false
                    },
                    "deposed": [],
                    "provider": "provider.google"
                },
                "google_compute_image.row_autoscale_nginx_base_image_1604_20180916_0118": {
                    "type": "google_compute_image",
                    "depends_on": [],
                    "primary": {
                        "id": "row-autoscale-nginx-base-image-1604-20180916-0118",
                        "attributes": {
                            "description": "",
                            "family": "",
                            "id": "row-autoscale-nginx-base-image-1604-20180916-0118",
                            "label_fingerprint": "-LlnG-juVqA=",
                            "labels.%": "1",
                            "labels.prune": "true",
                            "licenses.#": "1",
                            "licenses.0": "https://www.googleapis.com/compute/v1/projects/ubuntu-os-cloud/global/licenses/ubuntu-1604-xenial",
                            "name": "row-autoscale-nginx-base-image-1604-20180916-0118",
                            "project": "waze-development",
                            "self_link": "https://www.googleapis.com/compute/v1/projects/waze-development/global/images/row-autoscale-nginx-base-image-1604-20180916-0118",
                            "source_disk": "https://www.googleapis.com/compute/v1/projects/waze-development/zones/europe-west1-c/disks/row-autoscale-nginx-base-image-1604-600b1f5c"
                        },
                        "meta": {},
                        "tainted": false
                    },
                    "deposed": [],
                    "provider": "provider.google"
                },
                "google_compute_image.row_autoscale_nginx_base_image_1604_20181014_0141": {
                    "type": "google_compute_image",
                    "depends_on": [],
                    "primary": {
                        "id": "row-autoscale-nginx-base-image-1604-20181014-0141",
                        "attributes": {
                            "description": "",
                            "family": "",
                            "id": "row-autoscale-nginx-base-image-1604-20181014-0141",
                            "label_fingerprint": "-LlnG-juVqA=",
                            "labels.%": "1",
                            "labels.prune": "true",
                            "licenses.#": "1",
                            "licenses.0": "https://www.googleapis.com/compute/v1/projects/ubuntu-os-cloud/global/licenses/ubuntu-1604-xenial",
                            "name": "row-autoscale-nginx-base-image-1604-20181014-0141",
                            "project": "waze-development",
                            "self_link": "https://www.googleapis.com/compute/v1/projects/waze-development/global/images/row-autoscale-nginx-base-image-1604-20181014-0141",
                            "source_disk": "https://www.googleapis.com/compute/v1/projects/waze-development/zones/europe-west1-b/disks/row-autoscale-nginx-base-image-1604-004f089e"
                        },
                        "meta": {},
                        "tainted": false
                    },
                    "deposed": [],
                    "provider": "provider.google"
                },
                "google_compute_image.row_autoscale_nginx_base_image_1604_20181015_1720": {
                    "type": "google_compute_image",
                    "depends_on": [],
                    "primary": {
                        "id": "row-autoscale-nginx-base-image-1604-20181015-1720",
                        "attributes": {
                            "description": "",
                            "family": "",
                            "id": "row-autoscale-nginx-base-image-1604-20181015-1720",
                            "label_fingerprint": "-LlnG-juVqA=",
                            "labels.%": "1",
                            "labels.prune": "true",
                            "licenses.#": "1",
                            "licenses.0": "https://www.googleapis.com/compute/v1/projects/ubuntu-os-cloud/global/licenses/ubuntu-1604-xenial",
                            "name": "row-autoscale-nginx-base-image-1604-20181015-1720",
                            "project": "waze-development",
                            "self_link": "https://www.googleapis.com/compute/v1/projects/waze-development/global/images/row-autoscale-nginx-base-image-1604-20181015-1720",
                            "source_disk": "https://www.googleapis.com/compute/v1/projects/waze-development/zones/europe-west1-d/disks/row-autoscale-nginx-base-image-1604-016ace50"
                        },
                        "meta": {},
                        "tainted": false
                    },
                    "deposed": [],
                    "provider": "provider.google"
                },
                "google_compute_image.row_autoscale_nginx_base_image_1604_20181018_1948": {
                    "type": "google_compute_image",
                    "depends_on": [],
                    "primary": {
                        "id": "row-autoscale-nginx-base-image-1604-20181018-1948",
                        "attributes": {
                            "description": "",
                            "family": "",
                            "id": "row-autoscale-nginx-base-image-1604-20181018-1948",
                            "label_fingerprint": "-LlnG-juVqA=",
                            "labels.%": "1",
                            "labels.prune": "true",
                            "licenses.#": "1",
                            "licenses.0": "https://www.googleapis.com/compute/v1/projects/ubuntu-os-cloud/global/licenses/ubuntu-1604-xenial",
                            "name": "row-autoscale-nginx-base-image-1604-20181018-1948",
                            "project": "waze-development",
                            "self_link": "https://www.googleapis.com/compute/v1/projects/waze-development/global/images/row-autoscale-nginx-base-image-1604-20181018-1948",
                            "source_disk": "https://www.googleapis.com/compute/v1/projects/waze-development/zones/europe-west1-b/disks/row-autoscale-nginx-base-image-1604-ac6bc3e8"
                        },
                        "meta": {},
                        "tainted": false
                    },
                    "deposed": [],
                    "provider": "provider.google"
                },
                "google_compute_image.row_autoscale_nginx_base_image_1604_20181021_1115": {
                    "type": "google_compute_image",
                    "depends_on": [],
                    "primary": {
                        "id": "row-autoscale-nginx-base-image-1604-20181021-1115",
                        "attributes": {
                            "description": "",
                            "family": "",
                            "id": "row-autoscale-nginx-base-image-1604-20181021-1115",
                            "label_fingerprint": "-LlnG-juVqA=",
                            "labels.%": "1",
                            "labels.prune": "true",
                            "licenses.#": "1",
                            "licenses.0": "https://www.googleapis.com/compute/v1/projects/ubuntu-os-cloud/global/licenses/ubuntu-1604-xenial",
                            "name": "row-autoscale-nginx-base-image-1604-20181021-1115",
                            "project": "waze-development",
                            "self_link": "https://www.googleapis.com/compute/v1/projects/waze-development/global/images/row-autoscale-nginx-base-image-1604-20181021-1115",
                            "source_disk": "https://www.googleapis.com/compute/v1/projects/waze-development/zones/europe-west1-d/disks/row-autoscale-nginx-base-image-1604-845df081"
                        },
                        "meta": {},
                        "tainted": false
                    },
                    "deposed": [],
                    "provider": "provider.google"
                },
                "google_compute_image.row_autoscale_nginx_base_image_1604_20181028_1357": {
                    "type": "google_compute_image",
                    "depends_on": [],
                    "primary": {
                        "id": "row-autoscale-nginx-base-image-1604-20181028-1357",
                        "attributes": {
                            "description": "",
                            "family": "",
                            "id": "row-autoscale-nginx-base-image-1604-20181028-1357",
                            "label_fingerprint": "-LlnG-juVqA=",
                            "labels.%": "1",
                            "labels.prune": "true",
                            "licenses.#": "1",
                            "licenses.0": "https://www.googleapis.com/compute/v1/projects/ubuntu-os-cloud/global/licenses/ubuntu-1604-xenial",
                            "name": "row-autoscale-nginx-base-image-1604-20181028-1357",
                            "project": "waze-development",
                            "self_link": "https://www.googleapis.com/compute/v1/projects/waze-development/global/images/row-autoscale-nginx-base-image-1604-20181028-1357",
                            "source_disk": "https://www.googleapis.com/compute/v1/projects/waze-development/zones/europe-west1-c/disks/row-autoscale-nginx-base-image-1604-cdf8fa14"
                        },
                        "meta": {},
                        "tainted": false
                    },
                    "deposed": [],
                    "provider": "provider.google"
                },
                "google_compute_image.row_autoscale_nginx_base_image_1604_20181104_0139": {
                    "type": "google_compute_image",
                    "depends_on": [],
                    "primary": {
                        "id": "row-autoscale-nginx-base-image-1604-20181104-0139",
                        "attributes": {
                            "description": "",
                            "family": "",
                            "id": "row-autoscale-nginx-base-image-1604-20181104-0139",
                            "label_fingerprint": "-LlnG-juVqA=",
                            "labels.%": "1",
                            "labels.prune": "true",
                            "licenses.#": "1",
                            "licenses.0": "https://www.googleapis.com/compute/v1/projects/ubuntu-os-cloud/global/licenses/ubuntu-1604-xenial",
                            "name": "row-autoscale-nginx-base-image-1604-20181104-0139",
                            "project": "waze-development",
                            "self_link": "https://www.googleapis.com/compute/v1/projects/waze-development/global/images/row-autoscale-nginx-base-image-1604-20181104-0139",
                            "source_disk": "https://www.googleapis.com/compute/v1/projects/waze-development/zones/europe-west1-d/disks/row-autoscale-nginx-base-image-1604-b43c08e0"
                        },
                        "meta": {},
                        "tainted": false
                    },
                    "deposed": [],
                    "provider": "provider.google"
                },
                "google_compute_image.row_autoscale_nginx_base_image_1604_20181111_0139": {
                    "type": "google_compute_image",
                    "depends_on": [],
                    "primary": {
                        "id": "row-autoscale-nginx-base-image-1604-20181111-0139",
                        "attributes": {
                            "description": "",
                            "family": "",
                            "id": "row-autoscale-nginx-base-image-1604-20181111-0139",
                            "label_fingerprint": "-LlnG-juVqA=",
                            "labels.%": "1",
                            "labels.prune": "true",
                            "licenses.#": "1",
                            "licenses.0": "https://www.googleapis.com/compute/v1/projects/ubuntu-os-cloud/global/licenses/ubuntu-1604-xenial",
                            "name": "row-autoscale-nginx-base-image-1604-20181111-0139",
                            "project": "waze-development",
                            "self_link": "https://www.googleapis.com/compute/v1/projects/waze-development/global/images/row-autoscale-nginx-base-image-1604-20181111-0139",
                            "source_disk": "https://www.googleapis.com/compute/v1/projects/waze-development/zones/europe-west1-b/disks/row-autoscale-nginx-base-image-1604-72e2945c"
                        },
                        "meta": {},
                        "tainted": false
                    },
                    "deposed": [],
                    "provider": "provider.google"
                },
                "google_compute_image.row_autoscale_nginx_base_image_1604_20181113_0726": {
                    "type": "google_compute_image",
                    "depends_on": [],
                    "primary": {
                        "id": "row-autoscale-nginx-base-image-1604-20181113-0726",
                        "attributes": {
                            "description": "",
                            "family": "",
                            "id": "row-autoscale-nginx-base-image-1604-20181113-0726",
                            "label_fingerprint": "-LlnG-juVqA=",
                            "labels.%": "1",
                            "labels.prune": "true",
                            "licenses.#": "1",
                            "licenses.0": "https://www.googleapis.com/compute/v1/projects/ubuntu-os-cloud/global/licenses/ubuntu-1604-xenial",
                            "name": "row-autoscale-nginx-base-image-1604-20181113-0726",
                            "project": "waze-development",
                            "self_link": "https://www.googleapis.com/compute/v1/projects/waze-development/global/images/row-autoscale-nginx-base-image-1604-20181113-0726",
                            "source_disk": "https://www.googleapis.com/compute/v1/projects/waze-development/zones/europe-west1-c/disks/row-autoscale-nginx-base-image-1604-976f17d1"
                        },
                        "meta": {},
                        "tainted": false
                    },
                    "deposed": [],
                    "provider": "provider.google"
                },
                "google_compute_image.row_autoscale_nginx_base_image_1604_20181118_0139": {
                    "type": "google_compute_image",
                    "depends_on": [],
                    "primary": {
                        "id": "row-autoscale-nginx-base-image-1604-20181118-0139",
                        "attributes": {
                            "description": "",
                            "family": "",
                            "id": "row-autoscale-nginx-base-image-1604-20181118-0139",
                            "label_fingerprint": "-LlnG-juVqA=",
                            "labels.%": "1",
                            "labels.prune": "true",
                            "licenses.#": "1",
                            "licenses.0": "https://www.googleapis.com/compute/v1/projects/ubuntu-os-cloud/global/licenses/ubuntu-1604-xenial",
                            "name": "row-autoscale-nginx-base-image-1604-20181118-0139",
                            "project": "waze-development",
                            "self_link": "https://www.googleapis.com/compute/v1/projects/waze-development/global/images/row-autoscale-nginx-base-image-1604-20181118-0139",
                            "source_disk": "https://www.googleapis.com/compute/v1/projects/waze-development/zones/europe-west1-d/disks/row-autoscale-nginx-base-image-1604-3257e998"
                        },
                        "meta": {},
                        "tainted": false
                    },
                    "deposed": [],
                    "provider": "provider.google"
                },
                "google_compute_image.row_autoscale_nginx_base_image_1604_20181209_0139": {
                    "type": "google_compute_image",
                    "depends_on": [],
                    "primary": {
                        "id": "row-autoscale-nginx-base-image-1604-20181209-0139",
                        "attributes": {
                            "description": "",
                            "family": "",
                            "id": "row-autoscale-nginx-base-image-1604-20181209-0139",
                            "label_fingerprint": "-LlnG-juVqA=",
                            "labels.%": "1",
                            "labels.prune": "true",
                            "licenses.#": "1",
                            "licenses.0": "https://www.googleapis.com/compute/v1/projects/ubuntu-os-cloud/global/licenses/ubuntu-1604-xenial",
                            "name": "row-autoscale-nginx-base-image-1604-20181209-0139",
                            "project": "waze-development",
                            "self_link": "https://www.googleapis.com/compute/v1/projects/waze-development/global/images/row-autoscale-nginx-base-image-1604-20181209-0139",
                            "source_disk": "https://www.googleapis.com/compute/v1/projects/waze-development/zones/europe-west1-d/disks/row-autoscale-nginx-base-image-1604-273f8456"
                        },
                        "meta": {},
                        "tainted": false
                    },
                    "deposed": [],
                    "provider": "provider.google"
                },
                "google_compute_image.row_autoscale_nginx_base_image_1604_20181212_0852": {
                    "type": "google_compute_image",
                    "depends_on": [],
                    "primary": {
                        "id": "row-autoscale-nginx-base-image-1604-20181212-0852",
                        "attributes": {
                            "description": "",
                            "family": "",
                            "id": "row-autoscale-nginx-base-image-1604-20181212-0852",
                            "label_fingerprint": "-LlnG-juVqA=",
                            "labels.%": "1",
                            "labels.prune": "true",
                            "licenses.#": "1",
                            "licenses.0": "https://www.googleapis.com/compute/v1/projects/ubuntu-os-cloud/global/licenses/ubuntu-1604-xenial",
                            "name": "row-autoscale-nginx-base-image-1604-20181212-0852",
                            "project": "waze-development",
                            "self_link": "https://www.googleapis.com/compute/v1/projects/waze-development/global/images/row-autoscale-nginx-base-image-1604-20181212-0852",
                            "source_disk": "https://www.googleapis.com/compute/v1/projects/waze-development/zones/europe-west1-b/disks/row-autoscale-nginx-base-image-1604-ffcfe495"
                        },
                        "meta": {},
                        "tainted": false
                    },
                    "deposed": [],
                    "provider": "provider.google"
                },
                "google_compute_image.row_autoscale_nginx_base_image_1604_20181216_1131": {
                    "type": "google_compute_image",
                    "depends_on": [],
                    "primary": {
                        "id": "row-autoscale-nginx-base-image-1604-20181216-1131",
                        "attributes": {
                            "description": "",
                            "family": "",
                            "id": "row-autoscale-nginx-base-image-1604-20181216-1131",
                            "label_fingerprint": "-LlnG-juVqA=",
                            "labels.%": "1",
                            "labels.prune": "true",
                            "licenses.#": "1",
                            "licenses.0": "https://www.googleapis.com/compute/v1/projects/ubuntu-os-cloud/global/licenses/ubuntu-1604-xenial",
                            "name": "row-autoscale-nginx-base-image-1604-20181216-1131",
                            "project": "waze-development",
                            "self_link": "https://www.googleapis.com/compute/v1/projects/waze-development/global/images/row-autoscale-nginx-base-image-1604-20181216-1131",
                            "source_disk": "https://www.googleapis.com/compute/v1/projects/waze-development/zones/europe-west1-d/disks/row-autoscale-nginx-base-image-1604-47a1dff8"
                        },
                        "meta": {},
                        "tainted": false
                    },
                    "deposed": [],
                    "provider": "provider.google"
                },
                "google_compute_image.row_autoscale_nginx_base_image_1604_20181223_1333": {
                    "type": "google_compute_image",
                    "depends_on": [],
                    "primary": {
                        "id": "row-autoscale-nginx-base-image-1604-20181223-1333",
                        "attributes": {
                            "description": "",
                            "family": "",
                            "id": "row-autoscale-nginx-base-image-1604-20181223-1333",
                            "label_fingerprint": "-LlnG-juVqA=",
                            "labels.%": "1",
                            "labels.prune": "true",
                            "licenses.#": "1",
                            "licenses.0": "https://www.googleapis.com/compute/v1/projects/ubuntu-os-cloud/global/licenses/ubuntu-1604-xenial",
                            "name": "row-autoscale-nginx-base-image-1604-20181223-1333",
                            "project": "waze-development",
                            "self_link": "https://www.googleapis.com/compute/v1/projects/waze-development/global/images/row-autoscale-nginx-base-image-1604-20181223-1333",
                            "source_disk": "https://www.googleapis.com/compute/v1/projects/waze-development/zones/europe-west1-b/disks/row-autoscale-nginx-base-image-1604-d1ae3838"
                        },
                        "meta": {},
                        "tainted": false
                    },
                    "deposed": [],
                    "provider": "provider.google"
                },
                "google_compute_image.row_autoscale_nginx_base_image_1604_20181226_1347": {
                    "type": "google_compute_image",
                    "depends_on": [],
                    "primary": {
                        "id": "row-autoscale-nginx-base-image-1604-20181226-1347",
                        "attributes": {
                            "description": "",
                            "family": "",
                            "id": "row-autoscale-nginx-base-image-1604-20181226-1347",
                            "label_fingerprint": "-LlnG-juVqA=",
                            "labels.%": "1",
                            "labels.prune": "true",
                            "licenses.#": "1",
                            "licenses.0": "https://www.googleapis.com/compute/v1/projects/ubuntu-os-cloud/global/licenses/ubuntu-1604-xenial",
                            "name": "row-autoscale-nginx-base-image-1604-20181226-1347",
                            "project": "waze-development",
                            "self_link": "https://www.googleapis.com/compute/v1/projects/waze-development/global/images/row-autoscale-nginx-base-image-1604-20181226-1347",
                            "source_disk": "https://www.googleapis.com/compute/v1/projects/waze-development/zones/europe-west1-b/disks/row-autoscale-nginx-base-image-1604-0887676a"
                        },
                        "meta": {},
                        "tainted": false
                    },
                    "deposed": [],
                    "provider": "provider.google"
                },
                "google_compute_image.row_autoscale_nginx_base_image_1604_20181230_0138": {
                    "type": "google_compute_image",
                    "depends_on": [],
                    "primary": {
                        "id": "row-autoscale-nginx-base-image-1604-20181230-0138",
                        "attributes": {
                            "description": "",
                            "family": "",
                            "id": "row-autoscale-nginx-base-image-1604-20181230-0138",
                            "label_fingerprint": "-LlnG-juVqA=",
                            "labels.%": "1",
                            "labels.prune": "true",
                            "licenses.#": "1",
                            "licenses.0": "https://www.googleapis.com/compute/v1/projects/ubuntu-os-cloud/global/licenses/ubuntu-1604-xenial",
                            "name": "row-autoscale-nginx-base-image-1604-20181230-0138",
                            "project": "waze-development",
                            "self_link": "https://www.googleapis.com/compute/v1/projects/waze-development/global/images/row-autoscale-nginx-base-image-1604-20181230-0138",
                            "source_disk": "https://www.googleapis.com/compute/v1/projects/waze-development/zones/europe-west1-c/disks/row-autoscale-nginx-base-image-1604-facb5ebc"
                        },
                        "meta": {},
                        "tainted": false
                    },
                    "deposed": [],
                    "provider": "provider.google"
                },
                "google_compute_image.row_autoscale_nginx_base_image_1604_20181231_1436": {
                    "type": "google_compute_image",
                    "depends_on": [],
                    "primary": {
                        "id": "row-autoscale-nginx-base-image-1604-20181231-1436",
                        "attributes": {
                            "description": "",
                            "family": "",
                            "id": "row-autoscale-nginx-base-image-1604-20181231-1436",
                            "label_fingerprint": "-LlnG-juVqA=",
                            "labels.%": "1",
                            "labels.prune": "true",
                            "licenses.#": "1",
                            "licenses.0": "https://www.googleapis.com/compute/v1/projects/ubuntu-os-cloud/global/licenses/ubuntu-1604-xenial",
                            "name": "row-autoscale-nginx-base-image-1604-20181231-1436",
                            "project": "waze-development",
                            "self_link": "https://www.googleapis.com/compute/v1/projects/waze-development/global/images/row-autoscale-nginx-base-image-1604-20181231-1436",
                            "source_disk": "https://www.googleapis.com/compute/v1/projects/waze-development/zones/europe-west1-d/disks/row-autoscale-nginx-base-image-1604-6a04d331"
                        },
                        "meta": {},
                        "tainted": false
                    },
                    "deposed": [],
                    "provider": "provider.google"
                },
                "google_compute_image.row_autoscale_nginx_base_image_1604_20181231_1451": {
                    "type": "google_compute_image",
                    "depends_on": [],
                    "primary": {
                        "id": "row-autoscale-nginx-base-image-1604-20181231-1451",
                        "attributes": {
                            "description": "",
                            "family": "",
                            "id": "row-autoscale-nginx-base-image-1604-20181231-1451",
                            "label_fingerprint": "-LlnG-juVqA=",
                            "labels.%": "1",
                            "labels.prune": "true",
                            "licenses.#": "1",
                            "licenses.0": "https://www.googleapis.com/compute/v1/projects/ubuntu-os-cloud/global/licenses/ubuntu-1604-xenial",
                            "name": "row-autoscale-nginx-base-image-1604-20181231-1451",
                            "project": "waze-development",
                            "self_link": "https://www.googleapis.com/compute/v1/projects/waze-development/global/images/row-autoscale-nginx-base-image-1604-20181231-1451",
                            "source_disk": "https://www.googleapis.com/compute/v1/projects/waze-development/zones/europe-west1-b/disks/row-autoscale-nginx-base-image-1604-3901a51e"
                        },
                        "meta": {},
                        "tainted": false
                    },
                    "deposed": [],
                    "provider": "provider.google"
                },
                "google_compute_image.row_autoscale_nginx_base_image_1604_20190101_1135": {
                    "type": "google_compute_image",
                    "depends_on": [],
                    "primary": {
                        "id": "row-autoscale-nginx-base-image-1604-20190101-1135",
                        "attributes": {
                            "description": "",
                            "family": "",
                            "id": "row-autoscale-nginx-base-image-1604-20190101-1135",
                            "label_fingerprint": "-LlnG-juVqA=",
                            "labels.%": "1",
                            "labels.prune": "true",
                            "licenses.#": "1",
                            "licenses.0": "https://www.googleapis.com/compute/v1/projects/ubuntu-os-cloud/global/licenses/ubuntu-1604-xenial",
                            "name": "row-autoscale-nginx-base-image-1604-20190101-1135",
                            "project": "waze-development",
                            "self_link": "https://www.googleapis.com/compute/v1/projects/waze-development/global/images/row-autoscale-nginx-base-image-1604-20190101-1135",
                            "source_disk": "https://www.googleapis.com/compute/v1/projects/waze-development/zones/europe-west1-c/disks/row-autoscale-nginx-base-image-1604-01fa81f0"
                        },
                        "meta": {},
                        "tainted": false
                    },
                    "deposed": [],
                    "provider": "provider.google"
                },
                "google_compute_image.row_autoscale_nginx_base_image_1604_20190103_0837": {
                    "type": "google_compute_image",
                    "depends_on": [],
                    "primary": {
                        "id": "row-autoscale-nginx-base-image-1604-20190103-0837",
                        "attributes": {
                            "description": "",
                            "family": "",
                            "id": "row-autoscale-nginx-base-image-1604-20190103-0837",
                            "label_fingerprint": "-LlnG-juVqA=",
                            "labels.%": "1",
                            "labels.prune": "true",
                            "licenses.#": "1",
                            "licenses.0": "https://www.googleapis.com/compute/v1/projects/ubuntu-os-cloud/global/licenses/ubuntu-1604-xenial",
                            "name": "row-autoscale-nginx-base-image-1604-20190103-0837",
                            "project": "waze-development",
                            "self_link": "https://www.googleapis.com/compute/v1/projects/waze-development/global/images/row-autoscale-nginx-base-image-1604-20190103-0837",
                            "source_disk": "https://www.googleapis.com/compute/v1/projects/waze-development/zones/europe-west1-c/disks/row-autoscale-nginx-base-image-1604-6eba888f"
                        },
                        "meta": {},
                        "tainted": false
                    },
                    "deposed": [],
                    "provider": "provider.google"
                },
                "google_compute_image.row_autoscale_nginx_base_image_1604_20190106_0137": {
                    "type": "google_compute_image",
                    "depends_on": [],
                    "primary": {
                        "id": "row-autoscale-nginx-base-image-1604-20190106-0137",
                        "attributes": {
                            "description": "",
                            "family": "",
                            "id": "row-autoscale-nginx-base-image-1604-20190106-0137",
                            "label_fingerprint": "-LlnG-juVqA=",
                            "labels.%": "1",
                            "labels.prune": "true",
                            "licenses.#": "1",
                            "licenses.0": "https://www.googleapis.com/compute/v1/projects/ubuntu-os-cloud/global/licenses/ubuntu-1604-xenial",
                            "name": "row-autoscale-nginx-base-image-1604-20190106-0137",
                            "project": "waze-development",
                            "self_link": "https://www.googleapis.com/compute/v1/projects/waze-development/global/images/row-autoscale-nginx-base-image-1604-20190106-0137",
                            "source_disk": "https://www.googleapis.com/compute/v1/projects/waze-development/zones/europe-west1-b/disks/row-autoscale-nginx-base-image-1604-978f87d4"
                        },
                        "meta": {},
                        "tainted": false
                    },
                    "deposed": [],
                    "provider": "provider.google"
                },
                "google_compute_image.row_autoscale_nginx_base_image_20160420_2146": {
                    "type": "google_compute_image",
                    "depends_on": [],
                    "primary": {
                        "id": "row-autoscale-nginx-base-image-20160420-2146",
                        "attributes": {
                            "description": "",
                            "family": "",
                            "id": "row-autoscale-nginx-base-image-20160420-2146",
                            "label_fingerprint": "42WmSpB8rSM=",
                            "labels.%": "0",
                            "licenses.#": "1",
                            "licenses.0": "https://www.googleapis.com/compute/v1/projects/ubuntu-os-cloud/global/licenses/ubuntu-1404-trusty",
                            "name": "row-autoscale-nginx-base-image-20160420-2146",
                            "project": "waze-development",
                            "self_link": "https://www.googleapis.com/compute/v1/projects/waze-development/global/images/row-autoscale-nginx-base-image-20160420-2146",
                            "source_disk": "https://www.googleapis.com/compute/v1/projects/waze-development/zones/europe-west1-b/disks/row-autoscale-nginx-base-image-8c3c481a"
                        },
                        "meta": {},
                        "tainted": false
                    },
                    "deposed": [],
                    "provider": "provider.google"
                },
                "google_compute_image.row_autoscale_nginx_base_image_20160616_1011": {
                    "type": "google_compute_image",
                    "depends_on": [],
                    "primary": {
                        "id": "row-autoscale-nginx-base-image-20160616-1011",
                        "attributes": {
                            "description": "",
                            "family": "",
                            "id": "row-autoscale-nginx-base-image-20160616-1011",
                            "label_fingerprint": "-LlnG-juVqA=",
                            "labels.%": "1",
                            "labels.prune": "true",
                            "licenses.#": "1",
                            "licenses.0": "https://www.googleapis.com/compute/v1/projects/ubuntu-os-cloud/global/licenses/ubuntu-1404-trusty",
                            "name": "row-autoscale-nginx-base-image-20160616-1011",
                            "project": "waze-development",
                            "self_link": "https://www.googleapis.com/compute/v1/projects/waze-development/global/images/row-autoscale-nginx-base-image-20160616-1011",
                            "source_disk": "https://www.googleapis.com/compute/v1/projects/waze-development/zones/europe-west1-d/disks/row-autoscale-nginx-base-image-3adf305c"
                        },
                        "meta": {},
                        "tainted": false
                    },
                    "deposed": [],
                    "provider": "provider.google"
                },
                "google_compute_image.row_autoscale_nginx_base_image_20160811_1336": {
                    "type": "google_compute_image",
                    "depends_on": [],
                    "primary": {
                        "id": "row-autoscale-nginx-base-image-20160811-1336",
                        "attributes": {
                            "description": "",
                            "family": "",
                            "id": "row-autoscale-nginx-base-image-20160811-1336",
                            "label_fingerprint": "-LlnG-juVqA=",
                            "labels.%": "1",
                            "labels.prune": "true",
                            "licenses.#": "1",
                            "licenses.0": "https://www.googleapis.com/compute/v1/projects/ubuntu-os-cloud/global/licenses/ubuntu-1404-trusty",
                            "name": "row-autoscale-nginx-base-image-20160811-1336",
                            "project": "waze-development",
                            "self_link": "https://www.googleapis.com/compute/v1/projects/waze-development/global/images/row-autoscale-nginx-base-image-20160811-1336",
                            "source_disk": "https://www.googleapis.com/compute/v1/projects/waze-development/zones/europe-west1-b/disks/row-autoscale-nginx-base-image-6c32daa8"
                        },
                        "meta": {},
                        "tainted": false
                    },
                    "deposed": [],
                    "provider": "provider.google"
                },
                "google_compute_image.row_autoscale_nginx_base_image_20161202_1831": {
                    "type": "google_compute_image",
                    "depends_on": [],
                    "primary": {
                        "id": "row-autoscale-nginx-base-image-20161202-1831",
                        "attributes": {
                            "description": "",
                            "family": "",
                            "id": "row-autoscale-nginx-base-image-20161202-1831",
                            "label_fingerprint": "42WmSpB8rSM=",
                            "labels.%": "0",
                            "licenses.#": "1",
                            "licenses.0": "https://www.googleapis.com/compute/v1/projects/ubuntu-os-cloud/global/licenses/ubuntu-1604-xenial",
                            "name": "row-autoscale-nginx-base-image-20161202-1831",
                            "project": "waze-development",
                            "self_link": "https://www.googleapis.com/compute/v1/projects/waze-development/global/images/row-autoscale-nginx-base-image-20161202-1831",
                            "source_disk": "https://www.googleapis.com/compute/v1/projects/waze-development/zones/europe-west1-d/disks/row-autoscale-nginx-base-image-b9ff8c3f"
                        },
                        "meta": {},
                        "tainted": false
                    },
                    "deposed": [],
                    "provider": "provider.google"
                },
                "google_compute_image.row_autoscale_nginx_base_image_20170116_0824": {
                    "type": "google_compute_image",
                    "depends_on": [],
                    "primary": {
                        "id": "row-autoscale-nginx-base-image-20170116-0824",
                        "attributes": {
                            "description": "",
                            "family": "",
                            "id": "row-autoscale-nginx-base-image-20170116-0824",
                            "label_fingerprint": "42WmSpB8rSM=",
                            "labels.%": "0",
                            "licenses.#": "1",
                            "licenses.0": "https://www.googleapis.com/compute/v1/projects/ubuntu-os-cloud/global/licenses/ubuntu-1404-trusty",
                            "name": "row-autoscale-nginx-base-image-20170116-0824",
                            "project": "waze-development",
                            "self_link": "https://www.googleapis.com/compute/v1/projects/waze-development/global/images/row-autoscale-nginx-base-image-20170116-0824",
                            "source_disk": "https://www.googleapis.com/compute/v1/projects/waze-development/zones/europe-west1-b/disks/row-autoscale-nginx-base-image-8686107f"
                        },
                        "meta": {},
                        "tainted": false
                    },
                    "deposed": [],
                    "provider": "provider.google"
                },
                "google_compute_image.row_autoscale_realtime_base_image_1404_20180729_0222": {
                    "type": "google_compute_image",
                    "depends_on": [],
                    "primary": {
                        "id": "row-autoscale-realtime-base-image-1404-20180729-0222",
                        "attributes": {
                            "description": "",
                            "family": "",
                            "id": "row-autoscale-realtime-base-image-1404-20180729-0222",
                            "label_fingerprint": "-LlnG-juVqA=",
                            "labels.%": "1",
                            "labels.prune": "true",
                            "licenses.#": "1",
                            "licenses.0": "https://www.googleapis.com/compute/v1/projects/ubuntu-os-cloud/global/licenses/ubuntu-1404-trusty",
                            "name": "row-autoscale-realtime-base-image-1404-20180729-0222",
                            "project": "waze-development",
                            "self_link": "https://www.googleapis.com/compute/v1/projects/waze-development/global/images/row-autoscale-realtime-base-image-1404-20180729-0222",
                            "source_disk": "https://www.googleapis.com/compute/v1/projects/waze-development/zones/europe-west1-d/disks/row-autoscale-realtime-base-image-1404-7ea1c482"
                        },
                        "meta": {},
                        "tainted": false
                    },
                    "deposed": [],
                    "provider": "provider.google"
                },
                "google_compute_image.row_autoscale_realtime_base_image_1404_20180805_0218": {
                    "type": "google_compute_image",
                    "depends_on": [],
                    "primary": {
                        "id": "row-autoscale-realtime-base-image-1404-20180805-0218",
                        "attributes": {
                            "description": "",
                            "family": "",
                            "id": "row-autoscale-realtime-base-image-1404-20180805-0218",
                            "label_fingerprint": "-LlnG-juVqA=",
                            "labels.%": "1",
                            "labels.prune": "true",
                            "licenses.#": "1",
                            "licenses.0": "https://www.googleapis.com/compute/v1/projects/ubuntu-os-cloud/global/licenses/ubuntu-1404-trusty",
                            "name": "row-autoscale-realtime-base-image-1404-20180805-0218",
                            "project": "waze-development",
                            "self_link": "https://www.googleapis.com/compute/v1/projects/waze-development/global/images/row-autoscale-realtime-base-image-1404-20180805-0218",
                            "source_disk": "https://www.googleapis.com/compute/v1/projects/waze-development/zones/europe-west1-b/disks/row-autoscale-realtime-base-image-1404-8ddc4f85"
                        },
                        "meta": {},
                        "tainted": false
                    },
                    "deposed": [],
                    "provider": "provider.google"
                },
                "google_compute_image.row_autoscale_realtime_base_image_1604_20180708_0242": {
                    "type": "google_compute_image",
                    "depends_on": [],
                    "primary": {
                        "id": "row-autoscale-realtime-base-image-1604-20180708-0242",
                        "attributes": {
                            "description": "",
                            "family": "",
                            "id": "row-autoscale-realtime-base-image-1604-20180708-0242",
                            "label_fingerprint": "-LlnG-juVqA=",
                            "labels.%": "1",
                            "labels.prune": "true",
                            "licenses.#": "1",
                            "licenses.0": "https://www.googleapis.com/compute/v1/projects/ubuntu-os-cloud/global/licenses/ubuntu-1604-xenial",
                            "name": "row-autoscale-realtime-base-image-1604-20180708-0242",
                            "project": "waze-development",
                            "self_link": "https://www.googleapis.com/compute/v1/projects/waze-development/global/images/row-autoscale-realtime-base-image-1604-20180708-0242",
                            "source_disk": "https://www.googleapis.com/compute/v1/projects/waze-development/zones/europe-west1-d/disks/row-autoscale-realtime-base-image-1604-cc12c41a"
                        },
                        "meta": {},
                        "tainted": false
                    },
                    "deposed": [],
                    "provider": "provider.google"
                },
                "google_compute_image.row_autoscale_realtime_base_image_1604_20181216_0138": {
                    "type": "google_compute_image",
                    "depends_on": [],
                    "primary": {
                        "id": "row-autoscale-realtime-base-image-1604-20181216-0138",
                        "attributes": {
                            "description": "",
                            "family": "",
                            "id": "row-autoscale-realtime-base-image-1604-20181216-0138",
                            "label_fingerprint": "-LlnG-juVqA=",
                            "labels.%": "1",
                            "labels.prune": "true",
                            "licenses.#": "1",
                            "licenses.0": "https://www.googleapis.com/compute/v1/projects/ubuntu-os-cloud/global/licenses/ubuntu-1604-xenial",
                            "name": "row-autoscale-realtime-base-image-1604-20181216-0138",
                            "project": "waze-development",
                            "self_link": "https://www.googleapis.com/compute/v1/projects/waze-development/global/images/row-autoscale-realtime-base-image-1604-20181216-0138",
                            "source_disk": "https://www.googleapis.com/compute/v1/projects/waze-development/zones/europe-west1-b/disks/row-autoscale-realtime-base-image-1604-16f3c93b"
                        },
                        "meta": {},
                        "tainted": false
                    },
                    "deposed": [],
                    "provider": "provider.google"
                },
                "google_compute_image.row_autoscale_realtime_base_image_1604_20181230_0138": {
                    "type": "google_compute_image",
                    "depends_on": [],
                    "primary": {
                        "id": "row-autoscale-realtime-base-image-1604-20181230-0138",
                        "attributes": {
                            "description": "",
                            "family": "",
                            "id": "row-autoscale-realtime-base-image-1604-20181230-0138",
                            "label_fingerprint": "-LlnG-juVqA=",
                            "labels.%": "1",
                            "labels.prune": "true",
                            "licenses.#": "1",
                            "licenses.0": "https://www.googleapis.com/compute/v1/projects/ubuntu-os-cloud/global/licenses/ubuntu-1604-xenial",
                            "name": "row-autoscale-realtime-base-image-1604-20181230-0138",
                            "project": "waze-development",
                            "self_link": "https://www.googleapis.com/compute/v1/projects/waze-development/global/images/row-autoscale-realtime-base-image-1604-20181230-0138",
                            "source_disk": "https://www.googleapis.com/compute/v1/projects/waze-development/zones/europe-west1-c/disks/row-autoscale-realtime-base-image-1604-459b3f32"
                        },
                        "meta": {},
                        "tainted": false
                    },
                    "deposed": [],
                    "provider": "provider.google"
                },
                "google_compute_image.row_autoscale_realtime_base_image_1604_20181231_1451": {
                    "type": "google_compute_image",
                    "depends_on": [],
                    "primary": {
                        "id": "row-autoscale-realtime-base-image-1604-20181231-1451",
                        "attributes": {
                            "description": "",
                            "family": "",
                            "id": "row-autoscale-realtime-base-image-1604-20181231-1451",
                            "label_fingerprint": "-LlnG-juVqA=",
                            "labels.%": "1",
                            "labels.prune": "true",
                            "licenses.#": "1",
                            "licenses.0": "https://www.googleapis.com/compute/v1/projects/ubuntu-os-cloud/global/licenses/ubuntu-1604-xenial",
                            "name": "row-autoscale-realtime-base-image-1604-20181231-1451",
                            "project": "waze-development",
                            "self_link": "https://www.googleapis.com/compute/v1/projects/waze-development/global/images/row-autoscale-realtime-base-image-1604-20181231-1451",
                            "source_disk": "https://www.googleapis.com/compute/v1/projects/waze-development/zones/europe-west1-d/disks/row-autoscale-realtime-base-image-1604-81ffc492"
                        },
                        "meta": {},
                        "tainted": false
                    },
                    "deposed": [],
                    "provider": "provider.google"
                },
                "google_compute_image.row_autoscale_realtime_base_image_1604_20181231_1537": {
                    "type": "google_compute_image",
                    "depends_on": [],
                    "primary": {
                        "id": "row-autoscale-realtime-base-image-1604-20181231-1537",
                        "attributes": {
                            "description": "",
                            "family": "",
                            "id": "row-autoscale-realtime-base-image-1604-20181231-1537",
                            "label_fingerprint": "-LlnG-juVqA=",
                            "labels.%": "1",
                            "labels.prune": "true",
                            "licenses.#": "1",
                            "licenses.0": "https://www.googleapis.com/compute/v1/projects/ubuntu-os-cloud/global/licenses/ubuntu-1604-xenial",
                            "name": "row-autoscale-realtime-base-image-1604-20181231-1537",
                            "project": "waze-development",
                            "self_link": "https://www.googleapis.com/compute/v1/projects/waze-development/global/images/row-autoscale-realtime-base-image-1604-20181231-1537",
                            "source_disk": "https://www.googleapis.com/compute/v1/projects/waze-development/zones/europe-west1-d/disks/row-autoscale-realtime-base-image-1604-63978339"
                        },
                        "meta": {},
                        "tainted": false
                    },
                    "deposed": [],
                    "provider": "provider.google"
                },
                "google_compute_image.row_autoscale_realtime_base_image_1604_20190106_0138": {
                    "type": "google_compute_image",
                    "depends_on": [],
                    "primary": {
                        "id": "row-autoscale-realtime-base-image-1604-20190106-0138",
                        "attributes": {
                            "description": "",
                            "family": "",
                            "id": "row-autoscale-realtime-base-image-1604-20190106-0138",
                            "label_fingerprint": "-LlnG-juVqA=",
                            "labels.%": "1",
                            "labels.prune": "true",
                            "licenses.#": "1",
                            "licenses.0": "https://www.googleapis.com/compute/v1/projects/ubuntu-os-cloud/global/licenses/ubuntu-1604-xenial",
                            "name": "row-autoscale-realtime-base-image-1604-20190106-0138",
                            "project": "waze-development",
                            "self_link": "https://www.googleapis.com/compute/v1/projects/waze-development/global/images/row-autoscale-realtime-base-image-1604-20190106-0138",
                            "source_disk": "https://www.googleapis.com/compute/v1/projects/waze-development/zones/europe-west1-c/disks/row-autoscale-realtime-base-image-1604-8d8ec6dc"
                        },
                        "meta": {},
                        "tainted": false
                    },
                    "deposed": [],
                    "provider": "provider.google"
                },
                "google_compute_image.row_autoscale_rtproxy_base_image_20151029_1418": {
                    "type": "google_compute_image",
                    "depends_on": [],
                    "primary": {
                        "id": "row-autoscale-rtproxy-base-image-20151029-1418",
                        "attributes": {
                            "description": "",
                            "family": "",
                            "id": "row-autoscale-rtproxy-base-image-20151029-1418",
                            "label_fingerprint": "-LlnG-juVqA=",
                            "labels.%": "1",
                            "labels.prune": "true",
                            "licenses.#": "1",
                            "licenses.0": "https://www.googleapis.com/compute/v1/projects/ubuntu-os-cloud/global/licenses/ubuntu-1404-trusty",
                            "name": "row-autoscale-rtproxy-base-image-20151029-1418",
                            "project": "waze-development",
                            "self_link": "https://www.googleapis.com/compute/v1/projects/waze-development/global/images/row-autoscale-rtproxy-base-image-20151029-1418",
                            "source_disk": "https://www.googleapis.com/compute/v1/projects/waze-development/zones/europe-west1-c/disks/row-autoscale-rtproxy-base-image-1b89dafc"
                        },
                        "meta": {},
                        "tainted": false
                    },
                    "deposed": [],
                    "provider": "provider.google"
                },
                "google_compute_image.row_autoscale_rtproxy_base_image_20151029_1612": {
                    "type": "google_compute_image",
                    "depends_on": [],
                    "primary": {
                        "id": "row-autoscale-rtproxy-base-image-20151029-1612",
                        "attributes": {
                            "description": "",
                            "family": "",
                            "id": "row-autoscale-rtproxy-base-image-20151029-1612",
                            "label_fingerprint": "-LlnG-juVqA=",
                            "labels.%": "1",
                            "labels.prune": "true",
                            "licenses.#": "1",
                            "licenses.0": "https://www.googleapis.com/compute/v1/projects/ubuntu-os-cloud/global/licenses/ubuntu-1404-trusty",
                            "name": "row-autoscale-rtproxy-base-image-20151029-1612",
                            "project": "waze-development",
                            "self_link": "https://www.googleapis.com/compute/v1/projects/waze-development/global/images/row-autoscale-rtproxy-base-image-20151029-1612",
                            "source_disk": "https://www.googleapis.com/compute/v1/projects/waze-development/zones/europe-west1-c/disks/row-autoscale-rtproxy-base-image-37474823"
                        },
                        "meta": {},
                        "tainted": false
                    },
                    "deposed": [],
                    "provider": "provider.google"
                },
                "google_compute_image.row_autoscale_tomcat_base_image_1404_20170207_1145": {
                    "type": "google_compute_image",
                    "depends_on": [],
                    "primary": {
                        "id": "row-autoscale-tomcat-base-image-1404-20170207-1145",
                        "attributes": {
                            "description": "",
                            "family": "",
                            "id": "row-autoscale-tomcat-base-image-1404-20170207-1145",
                            "label_fingerprint": "42WmSpB8rSM=",
                            "labels.%": "0",
                            "licenses.#": "1",
                            "licenses.0": "https://www.googleapis.com/compute/v1/projects/ubuntu-os-cloud/global/licenses/ubuntu-1404-trusty",
                            "name": "row-autoscale-tomcat-base-image-1404-20170207-1145",
                            "project": "waze-development",
                            "self_link": "https://www.googleapis.com/compute/v1/projects/waze-development/global/images/row-autoscale-tomcat-base-image-1404-20170207-1145",
                            "source_disk": "https://www.googleapis.com/compute/v1/projects/waze-development/zones/europe-west1-b/disks/row-autoscale-tomcat-base-image-1404-48973a30"
                        },
                        "meta": {},
                        "tainted": false
                    },
                    "deposed": [],
                    "provider": "provider.google"
                },
                "google_compute_image.row_autoscale_tomcat_base_image_1404_20180729_0218": {
                    "type": "google_compute_image",
                    "depends_on": [],
                    "primary": {
                        "id": "row-autoscale-tomcat-base-image-1404-20180729-0218",
                        "attributes": {
                            "description": "",
                            "family": "",
                            "id": "row-autoscale-tomcat-base-image-1404-20180729-0218",
                            "label_fingerprint": "-LlnG-juVqA=",
                            "labels.%": "1",
                            "labels.prune": "true",
                            "licenses.#": "1",
                            "licenses.0": "https://www.googleapis.com/compute/v1/projects/ubuntu-os-cloud/global/licenses/ubuntu-1404-trusty",
                            "name": "row-autoscale-tomcat-base-image-1404-20180729-0218",
                            "project": "waze-development",
                            "self_link": "https://www.googleapis.com/compute/v1/projects/waze-development/global/images/row-autoscale-tomcat-base-image-1404-20180729-0218",
                            "source_disk": "https://www.googleapis.com/compute/v1/projects/waze-development/zones/europe-west1-d/disks/row-autoscale-tomcat-base-image-1404-44091bba"
                        },
                        "meta": {},
                        "tainted": false
                    },
                    "deposed": [],
                    "provider": "provider.google"
                },
                "google_compute_image.row_autoscale_tomcat_base_image_1404_20180805_0216": {
                    "type": "google_compute_image",
                    "depends_on": [],
                    "primary": {
                        "id": "row-autoscale-tomcat-base-image-1404-20180805-0216",
                        "attributes": {
                            "description": "",
                            "family": "",
                            "id": "row-autoscale-tomcat-base-image-1404-20180805-0216",
                            "label_fingerprint": "-LlnG-juVqA=",
                            "labels.%": "1",
                            "labels.prune": "true",
                            "licenses.#": "1",
                            "licenses.0": "https://www.googleapis.com/compute/v1/projects/ubuntu-os-cloud/global/licenses/ubuntu-1404-trusty",
                            "name": "row-autoscale-tomcat-base-image-1404-20180805-0216",
                            "project": "waze-development",
                            "self_link": "https://www.googleapis.com/compute/v1/projects/waze-development/global/images/row-autoscale-tomcat-base-image-1404-20180805-0216",
                            "source_disk": "https://www.googleapis.com/compute/v1/projects/waze-development/zones/europe-west1-d/disks/row-autoscale-tomcat-base-image-1404-f0467a9c"
                        },
                        "meta": {},
                        "tainted": false
                    },
                    "deposed": [],
                    "provider": "provider.google"
                },
                "google_compute_image.row_autoscale_tomcat_base_image_1604_20170305_0037": {
                    "type": "google_compute_image",
                    "depends_on": [],
                    "primary": {
                        "id": "row-autoscale-tomcat-base-image-1604-20170305-0037",
                        "attributes": {
                            "description": "",
                            "family": "",
                            "id": "row-autoscale-tomcat-base-image-1604-20170305-0037",
                            "label_fingerprint": "42WmSpB8rSM=",
                            "labels.%": "0",
                            "licenses.#": "1",
                            "licenses.0": "https://www.googleapis.com/compute/v1/projects/ubuntu-os-cloud/global/licenses/ubuntu-1604-xenial",
                            "name": "row-autoscale-tomcat-base-image-1604-20170305-0037",
                            "project": "waze-development",
                            "self_link": "https://www.googleapis.com/compute/v1/projects/waze-development/global/images/row-autoscale-tomcat-base-image-1604-20170305-0037",
                            "source_disk": "https://www.googleapis.com/compute/v1/projects/waze-development/zones/europe-west1-b/disks/row-autoscale-tomcat-base-image-1604-f66c1e74"
                        },
                        "meta": {},
                        "tainted": false
                    },
                    "deposed": [],
                    "provider": "provider.google"
                },
                "google_compute_image.row_autoscale_tomcat_base_image_1604_20170709_1256": {
                    "type": "google_compute_image",
                    "depends_on": [],
                    "primary": {
                        "id": "row-autoscale-tomcat-base-image-1604-20170709-1256",
                        "attributes": {
                            "description": "",
                            "family": "",
                            "id": "row-autoscale-tomcat-base-image-1604-20170709-1256",
                            "label_fingerprint": "42WmSpB8rSM=",
                            "labels.%": "0",
                            "licenses.#": "1",
                            "licenses.0": "https://www.googleapis.com/compute/v1/projects/ubuntu-os-cloud/global/licenses/ubuntu-1604-xenial",
                            "name": "row-autoscale-tomcat-base-image-1604-20170709-1256",
                            "project": "waze-development",
                            "self_link": "https://www.googleapis.com/compute/v1/projects/waze-development/global/images/row-autoscale-tomcat-base-image-1604-20170709-1256",
                            "source_disk": "https://www.googleapis.com/compute/v1/projects/waze-development/zones/europe-west1-c/disks/row-autoscale-tomcat-base-image-1604-6a2a0d60"
                        },
                        "meta": {},
                        "tainted": false
                    },
                    "deposed": [],
                    "provider": "provider.google"
                },
                "google_compute_image.row_autoscale_tomcat_base_image_1604_20170806_1229": {
                    "type": "google_compute_image",
                    "depends_on": [],
                    "primary": {
                        "id": "row-autoscale-tomcat-base-image-1604-20170806-1229",
                        "attributes": {
                            "description": "",
                            "family": "",
                            "id": "row-autoscale-tomcat-base-image-1604-20170806-1229",
                            "label_fingerprint": "42WmSpB8rSM=",
                            "labels.%": "0",
                            "licenses.#": "1",
                            "licenses.0": "https://www.googleapis.com/compute/v1/projects/ubuntu-os-cloud/global/licenses/ubuntu-1604-xenial",
                            "name": "row-autoscale-tomcat-base-image-1604-20170806-1229",
                            "project": "waze-development",
                            "self_link": "https://www.googleapis.com/compute/v1/projects/waze-development/global/images/row-autoscale-tomcat-base-image-1604-20170806-1229",
                            "source_disk": "https://www.googleapis.com/compute/v1/projects/waze-development/zones/europe-west1-d/disks/row-autoscale-tomcat-base-image-1604-cd150e22"
                        },
                        "meta": {},
                        "tainted": false
                    },
                    "deposed": [],
                    "provider": "provider.google"
                },
                "google_compute_image.row_autoscale_tomcat_base_image_1604_20170814_0735": {
                    "type": "google_compute_image",
                    "depends_on": [],
                    "primary": {
                        "id": "row-autoscale-tomcat-base-image-1604-20170814-0735",
                        "attributes": {
                            "description": "",
                            "family": "",
                            "id": "row-autoscale-tomcat-base-image-1604-20170814-0735",
                            "label_fingerprint": "42WmSpB8rSM=",
                            "labels.%": "0",
                            "licenses.#": "1",
                            "licenses.0": "https://www.googleapis.com/compute/v1/projects/ubuntu-os-cloud/global/licenses/ubuntu-1604-xenial",
                            "name": "row-autoscale-tomcat-base-image-1604-20170814-0735",
                            "project": "waze-development",
                            "self_link": "https://www.googleapis.com/compute/v1/projects/waze-development/global/images/row-autoscale-tomcat-base-image-1604-20170814-0735",
                            "source_disk": "https://www.googleapis.com/compute/v1/projects/waze-development/zones/europe-west1-d/disks/row-autoscale-tomcat-base-image-1604-9e174ff6"
                        },
                        "meta": {},
                        "tainted": false
                    },
                    "deposed": [],
                    "provider": "provider.google"
                },
                "google_compute_image.row_autoscale_tomcat_base_image_1604_20170822_0754": {
                    "type": "google_compute_image",
                    "depends_on": [],
                    "primary": {
                        "id": "row-autoscale-tomcat-base-image-1604-20170822-0754",
                        "attributes": {
                            "description": "",
                            "family": "",
                            "id": "row-autoscale-tomcat-base-image-1604-20170822-0754",
                            "label_fingerprint": "42WmSpB8rSM=",
                            "labels.%": "0",
                            "licenses.#": "1",
                            "licenses.0": "https://www.googleapis.com/compute/v1/projects/ubuntu-os-cloud/global/licenses/ubuntu-1604-xenial",
                            "name": "row-autoscale-tomcat-base-image-1604-20170822-0754",
                            "project": "waze-development",
                            "self_link": "https://www.googleapis.com/compute/v1/projects/waze-development/global/images/row-autoscale-tomcat-base-image-1604-20170822-0754",
                            "source_disk": "https://www.googleapis.com/compute/v1/projects/waze-development/zones/europe-west1-c/disks/row-autoscale-tomcat-base-image-1604-13a83cde"
                        },
                        "meta": {},
                        "tainted": false
                    },
                    "deposed": [],
                    "provider": "provider.google"
                },
                "google_compute_image.row_autoscale_tomcat_base_image_1604_20170827_0031": {
                    "type": "google_compute_image",
                    "depends_on": [],
                    "primary": {
                        "id": "row-autoscale-tomcat-base-image-1604-20170827-0031",
                        "attributes": {
                            "description": "",
                            "family": "",
                            "id": "row-autoscale-tomcat-base-image-1604-20170827-0031",
                            "label_fingerprint": "42WmSpB8rSM=",
                            "labels.%": "0",
                            "licenses.#": "1",
                            "licenses.0": "https://www.googleapis.com/compute/v1/projects/ubuntu-os-cloud/global/licenses/ubuntu-1604-xenial",
                            "name": "row-autoscale-tomcat-base-image-1604-20170827-0031",
                            "project": "waze-development",
                            "self_link": "https://www.googleapis.com/compute/v1/projects/waze-development/global/images/row-autoscale-tomcat-base-image-1604-20170827-0031",
                            "source_disk": "https://www.googleapis.com/compute/v1/projects/waze-development/zones/europe-west1-c/disks/row-autoscale-tomcat-base-image-1604-38f4a192"
                        },
                        "meta": {},
                        "tainted": false
                    },
                    "deposed": [],
                    "provider": "provider.google"
                },
                "google_compute_image.row_autoscale_tomcat_base_image_1604_20170928_0616": {
                    "type": "google_compute_image",
                    "depends_on": [],
                    "primary": {
                        "id": "row-autoscale-tomcat-base-image-1604-20170928-0616",
                        "attributes": {
                            "description": "",
                            "family": "",
                            "id": "row-autoscale-tomcat-base-image-1604-20170928-0616",
                            "label_fingerprint": "42WmSpB8rSM=",
                            "labels.%": "0",
                            "licenses.#": "1",
                            "licenses.0": "https://www.googleapis.com/compute/v1/projects/ubuntu-os-cloud/global/licenses/ubuntu-1604-xenial",
                            "name": "row-autoscale-tomcat-base-image-1604-20170928-0616",
                            "project": "waze-development",
                            "self_link": "https://www.googleapis.com/compute/v1/projects/waze-development/global/images/row-autoscale-tomcat-base-image-1604-20170928-0616",
                            "source_disk": "https://www.googleapis.com/compute/v1/projects/waze-development/zones/europe-west1-c/disks/row-autoscale-tomcat-base-image-1604-f95a6152"
                        },
                        "meta": {},
                        "tainted": false
                    },
                    "deposed": [],
                    "provider": "provider.google"
                },
                "google_compute_image.row_autoscale_tomcat_base_image_1604_20171018_0929": {
                    "type": "google_compute_image",
                    "depends_on": [],
                    "primary": {
                        "id": "row-autoscale-tomcat-base-image-1604-20171018-0929",
                        "attributes": {
                            "description": "",
                            "family": "",
                            "id": "row-autoscale-tomcat-base-image-1604-20171018-0929",
                            "label_fingerprint": "42WmSpB8rSM=",
                            "labels.%": "0",
                            "licenses.#": "1",
                            "licenses.0": "https://www.googleapis.com/compute/v1/projects/ubuntu-os-cloud/global/licenses/ubuntu-1604-xenial",
                            "name": "row-autoscale-tomcat-base-image-1604-20171018-0929",
                            "project": "waze-development",
                            "self_link": "https://www.googleapis.com/compute/v1/projects/waze-development/global/images/row-autoscale-tomcat-base-image-1604-20171018-0929",
                            "source_disk": "https://www.googleapis.com/compute/v1/projects/waze-development/zones/europe-west1-d/disks/row-autoscale-tomcat-base-image-1604-92ad9eb0"
                        },
                        "meta": {},
                        "tainted": false
                    },
                    "deposed": [],
                    "provider": "provider.google"
                },
                "google_compute_image.row_autoscale_tomcat_base_image_1604_20171023_1355": {
                    "type": "google_compute_image",
                    "depends_on": [],
                    "primary": {
                        "id": "row-autoscale-tomcat-base-image-1604-20171023-1355",
                        "attributes": {
                            "description": "",
                            "family": "",
                            "id": "row-autoscale-tomcat-base-image-1604-20171023-1355",
                            "label_fingerprint": "42WmSpB8rSM=",
                            "labels.%": "0",
                            "licenses.#": "1",
                            "licenses.0": "https://www.googleapis.com/compute/v1/projects/ubuntu-os-cloud/global/licenses/ubuntu-1604-xenial",
                            "name": "row-autoscale-tomcat-base-image-1604-20171023-1355",
                            "project": "waze-development",
                            "self_link": "https://www.googleapis.com/compute/v1/projects/waze-development/global/images/row-autoscale-tomcat-base-image-1604-20171023-1355",
                            "source_disk": "https://www.googleapis.com/compute/v1/projects/waze-development/zones/europe-west1-c/disks/row-autoscale-tomcat-base-image-1604-47635e65"
                        },
                        "meta": {},
                        "tainted": false
                    },
                    "deposed": [],
                    "provider": "provider.google"
                },
                "google_compute_image.row_autoscale_tomcat_base_image_1604_20171123_0954": {
                    "type": "google_compute_image",
                    "depends_on": [],
                    "primary": {
                        "id": "row-autoscale-tomcat-base-image-1604-20171123-0954",
                        "attributes": {
                            "description": "",
                            "family": "",
                            "id": "row-autoscale-tomcat-base-image-1604-20171123-0954",
                            "label_fingerprint": "-LlnG-juVqA=",
                            "labels.%": "1",
                            "labels.prune": "true",
                            "licenses.#": "1",
                            "licenses.0": "https://www.googleapis.com/compute/v1/projects/ubuntu-os-cloud/global/licenses/ubuntu-1604-xenial",
                            "name": "row-autoscale-tomcat-base-image-1604-20171123-0954",
                            "project": "waze-development",
                            "self_link": "https://www.googleapis.com/compute/v1/projects/waze-development/global/images/row-autoscale-tomcat-base-image-1604-20171123-0954",
                            "source_disk": "https://www.googleapis.com/compute/v1/projects/waze-development/zones/europe-west1-b/disks/row-autoscale-tomcat-base-image-1604-bc9f182d"
                        },
                        "meta": {},
                        "tainted": false
                    },
                    "deposed": [],
                    "provider": "provider.google"
                },
                "google_compute_image.row_autoscale_tomcat_base_image_1604_20171205_1300": {
                    "type": "google_compute_image",
                    "depends_on": [],
                    "primary": {
                        "id": "row-autoscale-tomcat-base-image-1604-20171205-1300",
                        "attributes": {
                            "description": "",
                            "family": "",
                            "id": "row-autoscale-tomcat-base-image-1604-20171205-1300",
                            "label_fingerprint": "-LlnG-juVqA=",
                            "labels.%": "1",
                            "labels.prune": "true",
                            "licenses.#": "1",
                            "licenses.0": "https://www.googleapis.com/compute/v1/projects/ubuntu-os-cloud/global/licenses/ubuntu-1604-xenial",
                            "name": "row-autoscale-tomcat-base-image-1604-20171205-1300",
                            "project": "waze-development",
                            "self_link": "https://www.googleapis.com/compute/v1/projects/waze-development/global/images/row-autoscale-tomcat-base-image-1604-20171205-1300",
                            "source_disk": "https://www.googleapis.com/compute/v1/projects/waze-development/zones/europe-west1-d/disks/row-autoscale-tomcat-base-image-1604-c679b520"
                        },
                        "meta": {},
                        "tainted": false
                    },
                    "deposed": [],
                    "provider": "provider.google"
                },
                "google_compute_image.row_autoscale_tomcat_base_image_1604_20171224_0041": {
                    "type": "google_compute_image",
                    "depends_on": [],
                    "primary": {
                        "id": "row-autoscale-tomcat-base-image-1604-20171224-0041",
                        "attributes": {
                            "description": "",
                            "family": "",
                            "id": "row-autoscale-tomcat-base-image-1604-20171224-0041",
                            "label_fingerprint": "-LlnG-juVqA=",
                            "labels.%": "1",
                            "labels.prune": "true",
                            "licenses.#": "1",
                            "licenses.0": "https://www.googleapis.com/compute/v1/projects/ubuntu-os-cloud/global/licenses/ubuntu-1604-xenial",
                            "name": "row-autoscale-tomcat-base-image-1604-20171224-0041",
                            "project": "waze-development",
                            "self_link": "https://www.googleapis.com/compute/v1/projects/waze-development/global/images/row-autoscale-tomcat-base-image-1604-20171224-0041",
                            "source_disk": "https://www.googleapis.com/compute/v1/projects/waze-development/zones/europe-west1-c/disks/row-autoscale-tomcat-base-image-1604-26c5ada5"
                        },
                        "meta": {},
                        "tainted": false
                    },
                    "deposed": [],
                    "provider": "provider.google"
                },
                "google_compute_image.row_autoscale_tomcat_base_image_1604_20171231_0032": {
                    "type": "google_compute_image",
                    "depends_on": [],
                    "primary": {
                        "id": "row-autoscale-tomcat-base-image-1604-20171231-0032",
                        "attributes": {
                            "description": "",
                            "family": "",
                            "id": "row-autoscale-tomcat-base-image-1604-20171231-0032",
                            "label_fingerprint": "-LlnG-juVqA=",
                            "labels.%": "1",
                            "labels.prune": "true",
                            "licenses.#": "1",
                            "licenses.0": "https://www.googleapis.com/compute/v1/projects/ubuntu-os-cloud/global/licenses/ubuntu-1604-xenial",
                            "name": "row-autoscale-tomcat-base-image-1604-20171231-0032",
                            "project": "waze-development",
                            "self_link": "https://www.googleapis.com/compute/v1/projects/waze-development/global/images/row-autoscale-tomcat-base-image-1604-20171231-0032",
                            "source_disk": "https://www.googleapis.com/compute/v1/projects/waze-development/zones/europe-west1-d/disks/row-autoscale-tomcat-base-image-1604-dad95f2c"
                        },
                        "meta": {},
                        "tainted": false
                    },
                    "deposed": [],
                    "provider": "provider.google"
                },
                "google_compute_image.row_autoscale_tomcat_base_image_1604_20180114_0033": {
                    "type": "google_compute_image",
                    "depends_on": [],
                    "primary": {
                        "id": "row-autoscale-tomcat-base-image-1604-20180114-0033",
                        "attributes": {
                            "description": "",
                            "family": "",
                            "id": "row-autoscale-tomcat-base-image-1604-20180114-0033",
                            "label_fingerprint": "-LlnG-juVqA=",
                            "labels.%": "1",
                            "labels.prune": "true",
                            "licenses.#": "1",
                            "licenses.0": "https://www.googleapis.com/compute/v1/projects/ubuntu-os-cloud/global/licenses/ubuntu-1604-xenial",
                            "name": "row-autoscale-tomcat-base-image-1604-20180114-0033",
                            "project": "waze-development",
                            "self_link": "https://www.googleapis.com/compute/v1/projects/waze-development/global/images/row-autoscale-tomcat-base-image-1604-20180114-0033",
                            "source_disk": "https://www.googleapis.com/compute/v1/projects/waze-development/zones/europe-west1-b/disks/row-autoscale-tomcat-base-image-1604-cfd9f621"
                        },
                        "meta": {},
                        "tainted": false
                    },
                    "deposed": [],
                    "provider": "provider.google"
                },
                "google_compute_image.row_autoscale_tomcat_base_image_1604_20180128_0036": {
                    "type": "google_compute_image",
                    "depends_on": [],
                    "primary": {
                        "id": "row-autoscale-tomcat-base-image-1604-20180128-0036",
                        "attributes": {
                            "description": "",
                            "family": "",
                            "id": "row-autoscale-tomcat-base-image-1604-20180128-0036",
                            "label_fingerprint": "-LlnG-juVqA=",
                            "labels.%": "1",
                            "labels.prune": "true",
                            "licenses.#": "1",
                            "licenses.0": "https://www.googleapis.com/compute/v1/projects/ubuntu-os-cloud/global/licenses/ubuntu-1604-xenial",
                            "name": "row-autoscale-tomcat-base-image-1604-20180128-0036",
                            "project": "waze-development",
                            "self_link": "https://www.googleapis.com/compute/v1/projects/waze-development/global/images/row-autoscale-tomcat-base-image-1604-20180128-0036",
                            "source_disk": "https://www.googleapis.com/compute/v1/projects/waze-development/zones/europe-west1-b/disks/row-autoscale-tomcat-base-image-1604-1701e356"
                        },
                        "meta": {},
                        "tainted": false
                    },
                    "deposed": [],
                    "provider": "provider.google"
                },
                "google_compute_image.row_autoscale_tomcat_base_image_1604_20180214_0709": {
                    "type": "google_compute_image",
                    "depends_on": [],
                    "primary": {
                        "id": "row-autoscale-tomcat-base-image-1604-20180214-0709",
                        "attributes": {
                            "description": "",
                            "family": "",
                            "id": "row-autoscale-tomcat-base-image-1604-20180214-0709",
                            "label_fingerprint": "-LlnG-juVqA=",
                            "labels.%": "1",
                            "labels.prune": "true",
                            "licenses.#": "1",
                            "licenses.0": "https://www.googleapis.com/compute/v1/projects/ubuntu-os-cloud/global/licenses/ubuntu-1604-xenial",
                            "name": "row-autoscale-tomcat-base-image-1604-20180214-0709",
                            "project": "waze-development",
                            "self_link": "https://www.googleapis.com/compute/v1/projects/waze-development/global/images/row-autoscale-tomcat-base-image-1604-20180214-0709",
                            "source_disk": "https://www.googleapis.com/compute/v1/projects/waze-development/zones/europe-west1-c/disks/row-autoscale-tomcat-base-image-1604-297bcf25"
                        },
                        "meta": {},
                        "tainted": false
                    },
                    "deposed": [],
                    "provider": "provider.google"
                },
                "google_compute_image.row_autoscale_tomcat_base_image_1604_20180215_0806": {
                    "type": "google_compute_image",
                    "depends_on": [],
                    "primary": {
                        "id": "row-autoscale-tomcat-base-image-1604-20180215-0806",
                        "attributes": {
                            "description": "",
                            "family": "",
                            "id": "row-autoscale-tomcat-base-image-1604-20180215-0806",
                            "label_fingerprint": "-LlnG-juVqA=",
                            "labels.%": "1",
                            "labels.prune": "true",
                            "licenses.#": "1",
                            "licenses.0": "https://www.googleapis.com/compute/v1/projects/ubuntu-os-cloud/global/licenses/ubuntu-1604-xenial",
                            "name": "row-autoscale-tomcat-base-image-1604-20180215-0806",
                            "project": "waze-development",
                            "self_link": "https://www.googleapis.com/compute/v1/projects/waze-development/global/images/row-autoscale-tomcat-base-image-1604-20180215-0806",
                            "source_disk": "https://www.googleapis.com/compute/v1/projects/waze-development/zones/europe-west1-b/disks/row-autoscale-tomcat-base-image-1604-12120247"
                        },
                        "meta": {},
                        "tainted": false
                    },
                    "deposed": [],
                    "provider": "provider.google"
                },
                "google_compute_image.row_autoscale_tomcat_base_image_1604_20180506_0211": {
                    "type": "google_compute_image",
                    "depends_on": [],
                    "primary": {
                        "id": "row-autoscale-tomcat-base-image-1604-20180506-0211",
                        "attributes": {
                            "description": "",
                            "family": "",
                            "id": "row-autoscale-tomcat-base-image-1604-20180506-0211",
                            "label_fingerprint": "-LlnG-juVqA=",
                            "labels.%": "1",
                            "labels.prune": "true",
                            "licenses.#": "1",
                            "licenses.0": "https://www.googleapis.com/compute/v1/projects/ubuntu-os-cloud/global/licenses/ubuntu-1604-xenial",
                            "name": "row-autoscale-tomcat-base-image-1604-20180506-0211",
                            "project": "waze-development",
                            "self_link": "https://www.googleapis.com/compute/v1/projects/waze-development/global/images/row-autoscale-tomcat-base-image-1604-20180506-0211",
                            "source_disk": "https://www.googleapis.com/compute/v1/projects/waze-development/zones/europe-west1-d/disks/row-autoscale-tomcat-base-image-1604-21711eac"
                        },
                        "meta": {},
                        "tainted": false
                    },
                    "deposed": [],
                    "provider": "provider.google"
                },
                "google_compute_image.row_autoscale_tomcat_base_image_1604_20180516_0717": {
                    "type": "google_compute_image",
                    "depends_on": [],
                    "primary": {
                        "id": "row-autoscale-tomcat-base-image-1604-20180516-0717",
                        "attributes": {
                            "description": "",
                            "family": "",
                            "id": "row-autoscale-tomcat-base-image-1604-20180516-0717",
                            "label_fingerprint": "-LlnG-juVqA=",
                            "labels.%": "1",
                            "labels.prune": "true",
                            "licenses.#": "1",
                            "licenses.0": "https://www.googleapis.com/compute/v1/projects/ubuntu-os-cloud/global/licenses/ubuntu-1604-xenial",
                            "name": "row-autoscale-tomcat-base-image-1604-20180516-0717",
                            "project": "waze-development",
                            "self_link": "https://www.googleapis.com/compute/v1/projects/waze-development/global/images/row-autoscale-tomcat-base-image-1604-20180516-0717",
                            "source_disk": "https://www.googleapis.com/compute/v1/projects/waze-development/zones/europe-west1-b/disks/row-autoscale-tomcat-base-image-1604-7ae302be"
                        },
                        "meta": {},
                        "tainted": false
                    },
                    "deposed": [],
                    "provider": "provider.google"
                },
                "google_compute_image.row_autoscale_tomcat_base_image_1604_20180520_0209": {
                    "type": "google_compute_image",
                    "depends_on": [],
                    "primary": {
                        "id": "row-autoscale-tomcat-base-image-1604-20180520-0209",
                        "attributes": {
                            "description": "",
                            "family": "",
                            "id": "row-autoscale-tomcat-base-image-1604-20180520-0209",
                            "label_fingerprint": "-LlnG-juVqA=",
                            "labels.%": "1",
                            "labels.prune": "true",
                            "licenses.#": "1",
                            "licenses.0": "https://www.googleapis.com/compute/v1/projects/ubuntu-os-cloud/global/licenses/ubuntu-1604-xenial",
                            "name": "row-autoscale-tomcat-base-image-1604-20180520-0209",
                            "project": "waze-development",
                            "self_link": "https://www.googleapis.com/compute/v1/projects/waze-development/global/images/row-autoscale-tomcat-base-image-1604-20180520-0209",
                            "source_disk": "https://www.googleapis.com/compute/v1/projects/waze-development/zones/europe-west1-b/disks/row-autoscale-tomcat-base-image-1604-f49a2c1b"
                        },
                        "meta": {},
                        "tainted": false
                    },
                    "deposed": [],
                    "provider": "provider.google"
                },
                "google_compute_image.row_autoscale_tomcat_base_image_1604_20180624_0229": {
                    "type": "google_compute_image",
                    "depends_on": [],
                    "primary": {
                        "id": "row-autoscale-tomcat-base-image-1604-20180624-0229",
                        "attributes": {
                            "description": "",
                            "family": "",
                            "id": "row-autoscale-tomcat-base-image-1604-20180624-0229",
                            "label_fingerprint": "-LlnG-juVqA=",
                            "labels.%": "1",
                            "labels.prune": "true",
                            "licenses.#": "1",
                            "licenses.0": "https://www.googleapis.com/compute/v1/projects/ubuntu-os-cloud/global/licenses/ubuntu-1604-xenial",
                            "name": "row-autoscale-tomcat-base-image-1604-20180624-0229",
                            "project": "waze-development",
                            "self_link": "https://www.googleapis.com/compute/v1/projects/waze-development/global/images/row-autoscale-tomcat-base-image-1604-20180624-0229",
                            "source_disk": "https://www.googleapis.com/compute/v1/projects/waze-development/zones/europe-west1-c/disks/row-autoscale-tomcat-base-image-1604-d4e3bd3b"
                        },
                        "meta": {},
                        "tainted": false
                    },
                    "deposed": [],
                    "provider": "provider.google"
                },
                "google_compute_image.row_autoscale_tomcat_base_image_1604_20180708_0241": {
                    "type": "google_compute_image",
                    "depends_on": [],
                    "primary": {
                        "id": "row-autoscale-tomcat-base-image-1604-20180708-0241",
                        "attributes": {
                            "description": "",
                            "family": "",
                            "id": "row-autoscale-tomcat-base-image-1604-20180708-0241",
                            "label_fingerprint": "-LlnG-juVqA=",
                            "labels.%": "1",
                            "labels.prune": "true",
                            "licenses.#": "1",
                            "licenses.0": "https://www.googleapis.com/compute/v1/projects/ubuntu-os-cloud/global/licenses/ubuntu-1604-xenial",
                            "name": "row-autoscale-tomcat-base-image-1604-20180708-0241",
                            "project": "waze-development",
                            "self_link": "https://www.googleapis.com/compute/v1/projects/waze-development/global/images/row-autoscale-tomcat-base-image-1604-20180708-0241",
                            "source_disk": "https://www.googleapis.com/compute/v1/projects/waze-development/zones/europe-west1-d/disks/row-autoscale-tomcat-base-image-1604-81da2e60"
                        },
                        "meta": {},
                        "tainted": false
                    },
                    "deposed": [],
                    "provider": "provider.google"
                },
                "google_compute_image.row_autoscale_tomcat_base_image_1604_20180729_0219": {
                    "type": "google_compute_image",
                    "depends_on": [],
                    "primary": {
                        "id": "row-autoscale-tomcat-base-image-1604-20180729-0219",
                        "attributes": {
                            "description": "",
                            "family": "",
                            "id": "row-autoscale-tomcat-base-image-1604-20180729-0219",
                            "label_fingerprint": "-LlnG-juVqA=",
                            "labels.%": "1",
                            "labels.prune": "true",
                            "licenses.#": "1",
                            "licenses.0": "https://www.googleapis.com/compute/v1/projects/ubuntu-os-cloud/global/licenses/ubuntu-1604-xenial",
                            "name": "row-autoscale-tomcat-base-image-1604-20180729-0219",
                            "project": "waze-development",
                            "self_link": "https://www.googleapis.com/compute/v1/projects/waze-development/global/images/row-autoscale-tomcat-base-image-1604-20180729-0219",
                            "source_disk": "https://www.googleapis.com/compute/v1/projects/waze-development/zones/europe-west1-b/disks/row-autoscale-tomcat-base-image-1604-d7864ff5"
                        },
                        "meta": {},
                        "tainted": false
                    },
                    "deposed": [],
                    "provider": "provider.google"
                },
                "google_compute_image.row_autoscale_tomcat_base_image_1604_20180819_0120": {
                    "type": "google_compute_image",
                    "depends_on": [],
                    "primary": {
                        "id": "row-autoscale-tomcat-base-image-1604-20180819-0120",
                        "attributes": {
                            "description": "",
                            "family": "",
                            "id": "row-autoscale-tomcat-base-image-1604-20180819-0120",
                            "label_fingerprint": "-LlnG-juVqA=",
                            "labels.%": "1",
                            "labels.prune": "true",
                            "licenses.#": "1",
                            "licenses.0": "https://www.googleapis.com/compute/v1/projects/ubuntu-os-cloud/global/licenses/ubuntu-1604-xenial",
                            "name": "row-autoscale-tomcat-base-image-1604-20180819-0120",
                            "project": "waze-development",
                            "self_link": "https://www.googleapis.com/compute/v1/projects/waze-development/global/images/row-autoscale-tomcat-base-image-1604-20180819-0120",
                            "source_disk": "https://www.googleapis.com/compute/v1/projects/waze-development/zones/europe-west1-d/disks/row-autoscale-tomcat-base-image-1604-cc98b162"
                        },
                        "meta": {},
                        "tainted": false
                    },
                    "deposed": [],
                    "provider": "provider.google"
                },
                "google_compute_image.row_autoscale_tomcat_base_image_1604_20180826_0123": {
                    "type": "google_compute_image",
                    "depends_on": [],
                    "primary": {
                        "id": "row-autoscale-tomcat-base-image-1604-20180826-0123",
                        "attributes": {
                            "description": "",
                            "family": "",
                            "id": "row-autoscale-tomcat-base-image-1604-20180826-0123",
                            "label_fingerprint": "-LlnG-juVqA=",
                            "labels.%": "1",
                            "labels.prune": "true",
                            "licenses.#": "1",
                            "licenses.0": "https://www.googleapis.com/compute/v1/projects/ubuntu-os-cloud/global/licenses/ubuntu-1604-xenial",
                            "name": "row-autoscale-tomcat-base-image-1604-20180826-0123",
                            "project": "waze-development",
                            "self_link": "https://www.googleapis.com/compute/v1/projects/waze-development/global/images/row-autoscale-tomcat-base-image-1604-20180826-0123",
                            "source_disk": "https://www.googleapis.com/compute/v1/projects/waze-development/zones/europe-west1-b/disks/row-autoscale-tomcat-base-image-1604-c7ae0cf0"
                        },
                        "meta": {},
                        "tainted": false
                    },
                    "deposed": [],
                    "provider": "provider.google"
                },
                "google_compute_image.row_autoscale_tomcat_base_image_1604_20180902_0118": {
                    "type": "google_compute_image",
                    "depends_on": [],
                    "primary": {
                        "id": "row-autoscale-tomcat-base-image-1604-20180902-0118",
                        "attributes": {
                            "description": "",
                            "family": "",
                            "id": "row-autoscale-tomcat-base-image-1604-20180902-0118",
                            "label_fingerprint": "-LlnG-juVqA=",
                            "labels.%": "1",
                            "labels.prune": "true",
                            "licenses.#": "1",
                            "licenses.0": "https://www.googleapis.com/compute/v1/projects/ubuntu-os-cloud/global/licenses/ubuntu-1604-xenial",
                            "name": "row-autoscale-tomcat-base-image-1604-20180902-0118",
                            "project": "waze-development",
                            "self_link": "https://www.googleapis.com/compute/v1/projects/waze-development/global/images/row-autoscale-tomcat-base-image-1604-20180902-0118",
                            "source_disk": "https://www.googleapis.com/compute/v1/projects/waze-development/zones/europe-west1-b/disks/row-autoscale-tomcat-base-image-1604-79744440"
                        },
                        "meta": {},
                        "tainted": false
                    },
                    "deposed": [],
                    "provider": "provider.google"
                },
                "google_compute_image.row_autoscale_tomcat_base_image_1604_20180930_0118": {
                    "type": "google_compute_image",
                    "depends_on": [],
                    "primary": {
                        "id": "row-autoscale-tomcat-base-image-1604-20180930-0118",
                        "attributes": {
                            "description": "",
                            "family": "",
                            "id": "row-autoscale-tomcat-base-image-1604-20180930-0118",
                            "label_fingerprint": "-LlnG-juVqA=",
                            "labels.%": "1",
                            "labels.prune": "true",
                            "licenses.#": "1",
                            "licenses.0": "https://www.googleapis.com/compute/v1/projects/ubuntu-os-cloud/global/licenses/ubuntu-1604-xenial",
                            "name": "row-autoscale-tomcat-base-image-1604-20180930-0118",
                            "project": "waze-development",
                            "self_link": "https://www.googleapis.com/compute/v1/projects/waze-development/global/images/row-autoscale-tomcat-base-image-1604-20180930-0118",
                            "source_disk": "https://www.googleapis.com/compute/v1/projects/waze-development/zones/europe-west1-c/disks/row-autoscale-tomcat-base-image-1604-81c98898"
                        },
                        "meta": {},
                        "tainted": false
                    },
                    "deposed": [],
                    "provider": "provider.google"
                },
                "google_compute_image.row_autoscale_tomcat_base_image_1604_20181014_0142": {
                    "type": "google_compute_image",
                    "depends_on": [],
                    "primary": {
                        "id": "row-autoscale-tomcat-base-image-1604-20181014-0142",
                        "attributes": {
                            "description": "",
                            "family": "",
                            "id": "row-autoscale-tomcat-base-image-1604-20181014-0142",
                            "label_fingerprint": "-LlnG-juVqA=",
                            "labels.%": "1",
                            "labels.prune": "true",
                            "licenses.#": "1",
                            "licenses.0": "https://www.googleapis.com/compute/v1/projects/ubuntu-os-cloud/global/licenses/ubuntu-1604-xenial",
                            "name": "row-autoscale-tomcat-base-image-1604-20181014-0142",
                            "project": "waze-development",
                            "self_link": "https://www.googleapis.com/compute/v1/projects/waze-development/global/images/row-autoscale-tomcat-base-image-1604-20181014-0142",
                            "source_disk": "https://www.googleapis.com/compute/v1/projects/waze-development/zones/europe-west1-b/disks/row-autoscale-tomcat-base-image-1604-a575e8d5"
                        },
                        "meta": {},
                        "tainted": false
                    },
                    "deposed": [],
                    "provider": "provider.google"
                },
                "google_compute_image.row_autoscale_tomcat_base_image_1604_20181021_0136": {
                    "type": "google_compute_image",
                    "depends_on": [],
                    "primary": {
                        "id": "row-autoscale-tomcat-base-image-1604-20181021-0136",
                        "attributes": {
                            "description": "",
                            "family": "",
                            "id": "row-autoscale-tomcat-base-image-1604-20181021-0136",
                            "label_fingerprint": "-LlnG-juVqA=",
                            "labels.%": "1",
                            "labels.prune": "true",
                            "licenses.#": "1",
                            "licenses.0": "https://www.googleapis.com/compute/v1/projects/ubuntu-os-cloud/global/licenses/ubuntu-1604-xenial",
                            "name": "row-autoscale-tomcat-base-image-1604-20181021-0136",
                            "project": "waze-development",
                            "self_link": "https://www.googleapis.com/compute/v1/projects/waze-development/global/images/row-autoscale-tomcat-base-image-1604-20181021-0136",
                            "source_disk": "https://www.googleapis.com/compute/v1/projects/waze-development/zones/europe-west1-b/disks/row-autoscale-tomcat-base-image-1604-b28da17d"
                        },
                        "meta": {},
                        "tainted": false
                    },
                    "deposed": [],
                    "provider": "provider.google"
                },
                "google_compute_image.row_autoscale_tomcat_base_image_1604_20181118_0139": {
                    "type": "google_compute_image",
                    "depends_on": [],
                    "primary": {
                        "id": "row-autoscale-tomcat-base-image-1604-20181118-0139",
                        "attributes": {
                            "description": "",
                            "family": "",
                            "id": "row-autoscale-tomcat-base-image-1604-20181118-0139",
                            "label_fingerprint": "-LlnG-juVqA=",
                            "labels.%": "1",
                            "labels.prune": "true",
                            "licenses.#": "1",
                            "licenses.0": "https://www.googleapis.com/compute/v1/projects/ubuntu-os-cloud/global/licenses/ubuntu-1604-xenial",
                            "name": "row-autoscale-tomcat-base-image-1604-20181118-0139",
                            "project": "waze-development",
                            "self_link": "https://www.googleapis.com/compute/v1/projects/waze-development/global/images/row-autoscale-tomcat-base-image-1604-20181118-0139",
                            "source_disk": "https://www.googleapis.com/compute/v1/projects/waze-development/zones/europe-west1-c/disks/row-autoscale-tomcat-base-image-1604-6e912ee6"
                        },
                        "meta": {},
                        "tainted": false
                    },
                    "deposed": [],
                    "provider": "provider.google"
                },
                "google_compute_image.row_autoscale_tomcat_base_image_1604_20181209_0138": {
                    "type": "google_compute_image",
                    "depends_on": [],
                    "primary": {
                        "id": "row-autoscale-tomcat-base-image-1604-20181209-0138",
                        "attributes": {
                            "description": "",
                            "family": "",
                            "id": "row-autoscale-tomcat-base-image-1604-20181209-0138",
                            "label_fingerprint": "-LlnG-juVqA=",
                            "labels.%": "1",
                            "labels.prune": "true",
                            "licenses.#": "1",
                            "licenses.0": "https://www.googleapis.com/compute/v1/projects/ubuntu-os-cloud/global/licenses/ubuntu-1604-xenial",
                            "name": "row-autoscale-tomcat-base-image-1604-20181209-0138",
                            "project": "waze-development",
                            "self_link": "https://www.googleapis.com/compute/v1/projects/waze-development/global/images/row-autoscale-tomcat-base-image-1604-20181209-0138",
                            "source_disk": "https://www.googleapis.com/compute/v1/projects/waze-development/zones/europe-west1-c/disks/row-autoscale-tomcat-base-image-1604-5e1e2e98"
                        },
                        "meta": {},
                        "tainted": false
                    },
                    "deposed": [],
                    "provider": "provider.google"
                },
                "google_compute_image.row_autoscale_tomcat_base_image_1604_20181216_0139": {
                    "type": "google_compute_image",
                    "depends_on": [],
                    "primary": {
                        "id": "row-autoscale-tomcat-base-image-1604-20181216-0139",
                        "attributes": {
                            "description": "",
                            "family": "",
                            "id": "row-autoscale-tomcat-base-image-1604-20181216-0139",
                            "label_fingerprint": "-LlnG-juVqA=",
                            "labels.%": "1",
                            "labels.prune": "true",
                            "licenses.#": "1",
                            "licenses.0": "https://www.googleapis.com/compute/v1/projects/ubuntu-os-cloud/global/licenses/ubuntu-1604-xenial",
                            "name": "row-autoscale-tomcat-base-image-1604-20181216-0139",
                            "project": "waze-development",
                            "self_link": "https://www.googleapis.com/compute/v1/projects/waze-development/global/images/row-autoscale-tomcat-base-image-1604-20181216-0139",
                            "source_disk": "https://www.googleapis.com/compute/v1/projects/waze-development/zones/europe-west1-d/disks/row-autoscale-tomcat-base-image-1604-cc13f59c"
                        },
                        "meta": {},
                        "tainted": false
                    },
                    "deposed": [],
                    "provider": "provider.google"
                },
                "google_compute_image.row_autoscale_tomcat_base_image_1604_20181223_0138": {
                    "type": "google_compute_image",
                    "depends_on": [],
                    "primary": {
                        "id": "row-autoscale-tomcat-base-image-1604-20181223-0138",
                        "attributes": {
                            "description": "",
                            "family": "",
                            "id": "row-autoscale-tomcat-base-image-1604-20181223-0138",
                            "label_fingerprint": "-LlnG-juVqA=",
                            "labels.%": "1",
                            "labels.prune": "true",
                            "licenses.#": "1",
                            "licenses.0": "https://www.googleapis.com/compute/v1/projects/ubuntu-os-cloud/global/licenses/ubuntu-1604-xenial",
                            "name": "row-autoscale-tomcat-base-image-1604-20181223-0138",
                            "project": "waze-development",
                            "self_link": "https://www.googleapis.com/compute/v1/projects/waze-development/global/images/row-autoscale-tomcat-base-image-1604-20181223-0138",
                            "source_disk": "https://www.googleapis.com/compute/v1/projects/waze-development/zones/europe-west1-b/disks/row-autoscale-tomcat-base-image-1604-593eb96c"
                        },
                        "meta": {},
                        "tainted": false
                    },
                    "deposed": [],
                    "provider": "provider.google"
                },
                "google_compute_image.row_autoscale_tomcat_base_image_1604_20181230_0138": {
                    "type": "google_compute_image",
                    "depends_on": [],
                    "primary": {
                        "id": "row-autoscale-tomcat-base-image-1604-20181230-0138",
                        "attributes": {
                            "description": "",
                            "family": "",
                            "id": "row-autoscale-tomcat-base-image-1604-20181230-0138",
                            "label_fingerprint": "-LlnG-juVqA=",
                            "labels.%": "1",
                            "labels.prune": "true",
                            "licenses.#": "1",
                            "licenses.0": "https://www.googleapis.com/compute/v1/projects/ubuntu-os-cloud/global/licenses/ubuntu-1604-xenial",
                            "name": "row-autoscale-tomcat-base-image-1604-20181230-0138",
                            "project": "waze-development",
                            "self_link": "https://www.googleapis.com/compute/v1/projects/waze-development/global/images/row-autoscale-tomcat-base-image-1604-20181230-0138",
                            "source_disk": "https://www.googleapis.com/compute/v1/projects/waze-development/zones/europe-west1-d/disks/row-autoscale-tomcat-base-image-1604-8ab732e0"
                        },
                        "meta": {},
                        "tainted": false
                    },
                    "deposed": [],
                    "provider": "provider.google"
                },
                "google_compute_image.row_autoscale_tomcat_base_image_1604_20181231_1451": {
                    "type": "google_compute_image",
                    "depends_on": [],
                    "primary": {
                        "id": "row-autoscale-tomcat-base-image-1604-20181231-1451",
                        "attributes": {
                            "description": "",
                            "family": "",
                            "id": "row-autoscale-tomcat-base-image-1604-20181231-1451",
                            "label_fingerprint": "-LlnG-juVqA=",
                            "labels.%": "1",
                            "labels.prune": "true",
                            "licenses.#": "1",
                            "licenses.0": "https://www.googleapis.com/compute/v1/projects/ubuntu-os-cloud/global/licenses/ubuntu-1604-xenial",
                            "name": "row-autoscale-tomcat-base-image-1604-20181231-1451",
                            "project": "waze-development",
                            "self_link": "https://www.googleapis.com/compute/v1/projects/waze-development/global/images/row-autoscale-tomcat-base-image-1604-20181231-1451",
                            "source_disk": "https://www.googleapis.com/compute/v1/projects/waze-development/zones/europe-west1-d/disks/row-autoscale-tomcat-base-image-1604-0ead4566"
                        },
                        "meta": {},
                        "tainted": false
                    },
                    "deposed": [],
                    "provider": "provider.google"
                },
                "google_compute_image.row_autoscale_tomcat_base_image_1604_20190106_0138": {
                    "type": "google_compute_image",
                    "depends_on": [],
                    "primary": {
                        "id": "row-autoscale-tomcat-base-image-1604-20190106-0138",
                        "attributes": {
                            "description": "",
                            "family": "",
                            "id": "row-autoscale-tomcat-base-image-1604-20190106-0138",
                            "label_fingerprint": "-LlnG-juVqA=",
                            "labels.%": "1",
                            "labels.prune": "true",
                            "licenses.#": "1",
                            "licenses.0": "https://www.googleapis.com/compute/v1/projects/ubuntu-os-cloud/global/licenses/ubuntu-1604-xenial",
                            "name": "row-autoscale-tomcat-base-image-1604-20190106-0138",
                            "project": "waze-development",
                            "self_link": "https://www.googleapis.com/compute/v1/projects/waze-development/global/images/row-autoscale-tomcat-base-image-1604-20190106-0138",
                            "source_disk": "https://www.googleapis.com/compute/v1/projects/waze-development/zones/europe-west1-b/disks/row-autoscale-tomcat-base-image-1604-f710d2cc"
                        },
                        "meta": {},
                        "tainted": false
                    },
                    "deposed": [],
                    "provider": "provider.google"
                },
                "google_compute_image.row_autoscale_tomcat_base_image_20160530_1456": {
                    "type": "google_compute_image",
                    "depends_on": [],
                    "primary": {
                        "id": "row-autoscale-tomcat-base-image-20160530-1456",
                        "attributes": {
                            "description": "",
                            "family": "",
                            "id": "row-autoscale-tomcat-base-image-20160530-1456",
                            "label_fingerprint": "42WmSpB8rSM=",
                            "labels.%": "0",
                            "licenses.#": "1",
                            "licenses.0": "https://www.googleapis.com/compute/v1/projects/ubuntu-os-cloud/global/licenses/ubuntu-1404-trusty",
                            "name": "row-autoscale-tomcat-base-image-20160530-1456",
                            "project": "waze-development",
                            "self_link": "https://www.googleapis.com/compute/v1/projects/waze-development/global/images/row-autoscale-tomcat-base-image-20160530-1456",
                            "source_disk": "https://www.googleapis.com/compute/v1/projects/waze-development/zones/europe-west1-c/disks/row-autoscale-tomcat-base-image-490a43d4"
                        },
                        "meta": {},
                        "tainted": false
                    },
                    "deposed": [],
                    "provider": "provider.google"
                },
                "google_compute_image.row_autoscale_tomcat_base_image_20160615_1045": {
                    "type": "google_compute_image",
                    "depends_on": [],
                    "primary": {
                        "id": "row-autoscale-tomcat-base-image-20160615-1045",
                        "attributes": {
                            "description": "",
                            "family": "",
                            "id": "row-autoscale-tomcat-base-image-20160615-1045",
                            "label_fingerprint": "42WmSpB8rSM=",
                            "labels.%": "0",
                            "licenses.#": "1",
                            "licenses.0": "https://www.googleapis.com/compute/v1/projects/ubuntu-os-cloud/global/licenses/ubuntu-1404-trusty",
                            "name": "row-autoscale-tomcat-base-image-20160615-1045",
                            "project": "waze-development",
                            "self_link": "https://www.googleapis.com/compute/v1/projects/waze-development/global/images/row-autoscale-tomcat-base-image-20160615-1045",
                            "source_disk": "https://www.googleapis.com/compute/v1/projects/waze-development/zones/europe-west1-c/disks/row-autoscale-tomcat-base-image-7d760efd"
                        },
                        "meta": {},
                        "tainted": false
                    },
                    "deposed": [],
                    "provider": "provider.google"
                },
                "google_compute_image.row_autoscale_tomcat_base_image_20160929_1047": {
                    "type": "google_compute_image",
                    "depends_on": [],
                    "primary": {
                        "id": "row-autoscale-tomcat-base-image-20160929-1047",
                        "attributes": {
                            "description": "",
                            "family": "",
                            "id": "row-autoscale-tomcat-base-image-20160929-1047",
                            "label_fingerprint": "42WmSpB8rSM=",
                            "labels.%": "0",
                            "licenses.#": "1",
                            "licenses.0": "https://www.googleapis.com/compute/v1/projects/ubuntu-os-cloud/global/licenses/ubuntu-1404-trusty",
                            "name": "row-autoscale-tomcat-base-image-20160929-1047",
                            "project": "waze-development",
                            "self_link": "https://www.googleapis.com/compute/v1/projects/waze-development/global/images/row-autoscale-tomcat-base-image-20160929-1047",
                            "source_disk": "https://www.googleapis.com/compute/v1/projects/waze-development/zones/europe-west1-d/disks/row-autoscale-tomcat-base-image-6c3a7775"
                        },
                        "meta": {},
                        "tainted": false
                    },
                    "deposed": [],
                    "provider": "provider.google"
                },
                "google_compute_image.row_autoscale_tomcat_base_image_20161124_0949": {
                    "type": "google_compute_image",
                    "depends_on": [],
                    "primary": {
                        "id": "row-autoscale-tomcat-base-image-20161124-0949",
                        "attributes": {
                            "description": "",
                            "family": "",
                            "id": "row-autoscale-tomcat-base-image-20161124-0949",
                            "label_fingerprint": "-LlnG-juVqA=",
                            "labels.%": "1",
                            "labels.prune": "true",
                            "licenses.#": "1",
                            "licenses.0": "https://www.googleapis.com/compute/v1/projects/ubuntu-os-cloud/global/licenses/ubuntu-1404-trusty",
                            "name": "row-autoscale-tomcat-base-image-20161124-0949",
                            "project": "waze-development",
                            "self_link": "https://www.googleapis.com/compute/v1/projects/waze-development/global/images/row-autoscale-tomcat-base-image-20161124-0949",
                            "source_disk": "https://www.googleapis.com/compute/v1/projects/waze-development/zones/europe-west1-c/disks/row-autoscale-tomcat-base-image-4010ff66"
                        },
                        "meta": {},
                        "tainted": false
                    },
                    "deposed": [],
                    "provider": "provider.google"
                },
                "google_compute_image.row_autoscale_tomcat_base_image_20161211_0029": {
                    "type": "google_compute_image",
                    "depends_on": [],
                    "primary": {
                        "id": "row-autoscale-tomcat-base-image-20161211-0029",
                        "attributes": {
                            "description": "",
                            "family": "",
                            "id": "row-autoscale-tomcat-base-image-20161211-0029",
                            "label_fingerprint": "-LlnG-juVqA=",
                            "labels.%": "1",
                            "labels.prune": "true",
                            "licenses.#": "1",
                            "licenses.0": "https://www.googleapis.com/compute/v1/projects/ubuntu-os-cloud/global/licenses/ubuntu-1404-trusty",
                            "name": "row-autoscale-tomcat-base-image-20161211-0029",
                            "project": "waze-development",
                            "self_link": "https://www.googleapis.com/compute/v1/projects/waze-development/global/images/row-autoscale-tomcat-base-image-20161211-0029",
                            "source_disk": "https://www.googleapis.com/compute/v1/projects/waze-development/zones/europe-west1-d/disks/row-autoscale-tomcat-base-image-ff6b98f5"
                        },
                        "meta": {},
                        "tainted": false
                    },
                    "deposed": [],
                    "provider": "provider.google"
                },
                "google_compute_image.row_autoscale_tomcat_base_image_20170103_0735": {
                    "type": "google_compute_image",
                    "depends_on": [],
                    "primary": {
                        "id": "row-autoscale-tomcat-base-image-20170103-0735",
                        "attributes": {
                            "description": "",
                            "family": "",
                            "id": "row-autoscale-tomcat-base-image-20170103-0735",
                            "label_fingerprint": "42WmSpB8rSM=",
                            "labels.%": "0",
                            "licenses.#": "1",
                            "licenses.0": "https://www.googleapis.com/compute/v1/projects/ubuntu-os-cloud/global/licenses/ubuntu-1404-trusty",
                            "name": "row-autoscale-tomcat-base-image-20170103-0735",
                            "project": "waze-development",
                            "self_link": "https://www.googleapis.com/compute/v1/projects/waze-development/global/images/row-autoscale-tomcat-base-image-20170103-0735",
                            "source_disk": "https://www.googleapis.com/compute/v1/projects/waze-development/zones/europe-west1-c/disks/row-autoscale-tomcat-base-image-b4aa0aba"
                        },
                        "meta": {},
                        "tainted": false
                    },
                    "deposed": [],
                    "provider": "provider.google"
                },
                "google_compute_image.row_cassandra_1_2_19_clean_base_image_1604_20171108_0802": {
                    "type": "google_compute_image",
                    "depends_on": [],
                    "primary": {
                        "id": "row-cassandra-1-2-19-clean-base-image-1604-20171108-0802",
                        "attributes": {
                            "description": "",
                            "family": "",
                            "id": "row-cassandra-1-2-19-clean-base-image-1604-20171108-0802",
                            "label_fingerprint": "-LlnG-juVqA=",
                            "labels.%": "1",
                            "labels.prune": "true",
                            "licenses.#": "1",
                            "licenses.0": "https://www.googleapis.com/compute/v1/projects/ubuntu-os-cloud/global/licenses/ubuntu-1604-xenial",
                            "name": "row-cassandra-1-2-19-clean-base-image-1604-20171108-0802",
                            "project": "waze-development",
                            "self_link": "https://www.googleapis.com/compute/v1/projects/waze-development/global/images/row-cassandra-1-2-19-clean-base-image-1604-20171108-0802",
                            "source_disk": "https://www.googleapis.com/compute/v1/projects/waze-development/zones/europe-west1-d/disks/row-cassandra-1-2-19-clean-base-image-1604-18294f7f"
                        },
                        "meta": {},
                        "tainted": false
                    },
                    "deposed": [],
                    "provider": "provider.google"
                },
                "google_compute_image.row_cassandra_2_1_15_clean_base_image_1604_20170801_0906": {
                    "type": "google_compute_image",
                    "depends_on": [],
                    "primary": {
                        "id": "row-cassandra-2-1-15-clean-base-image-1604-20170801-0906",
                        "attributes": {
                            "description": "",
                            "family": "",
                            "id": "row-cassandra-2-1-15-clean-base-image-1604-20170801-0906",
                            "label_fingerprint": "-LlnG-juVqA=",
                            "labels.%": "1",
                            "labels.prune": "true",
                            "licenses.#": "1",
                            "licenses.0": "https://www.googleapis.com/compute/v1/projects/ubuntu-os-cloud/global/licenses/ubuntu-1604-xenial",
                            "name": "row-cassandra-2-1-15-clean-base-image-1604-20170801-0906",
                            "project": "waze-development",
                            "self_link": "https://www.googleapis.com/compute/v1/projects/waze-development/global/images/row-cassandra-2-1-15-clean-base-image-1604-20170801-0906",
                            "source_disk": "https://www.googleapis.com/compute/v1/projects/waze-development/zones/europe-west1-c/disks/row-cassandra-2-1-15-clean-base-image-1604-f666a2b5"
                        },
                        "meta": {},
                        "tainted": false
                    },
                    "deposed": [],
                    "provider": "provider.google"
                },
                "google_compute_image.row_cassandra_2_1_15_clean_base_image_1604_20170802_0928": {
                    "type": "google_compute_image",
                    "depends_on": [],
                    "primary": {
                        "id": "row-cassandra-2-1-15-clean-base-image-1604-20170802-0928",
                        "attributes": {
                            "description": "",
                            "family": "",
                            "id": "row-cassandra-2-1-15-clean-base-image-1604-20170802-0928",
                            "label_fingerprint": "-LlnG-juVqA=",
                            "labels.%": "1",
                            "labels.prune": "true",
                            "licenses.#": "1",
                            "licenses.0": "https://www.googleapis.com/compute/v1/projects/ubuntu-os-cloud/global/licenses/ubuntu-1604-xenial",
                            "name": "row-cassandra-2-1-15-clean-base-image-1604-20170802-0928",
                            "project": "waze-development",
                            "self_link": "https://www.googleapis.com/compute/v1/projects/waze-development/global/images/row-cassandra-2-1-15-clean-base-image-1604-20170802-0928",
                            "source_disk": "https://www.googleapis.com/compute/v1/projects/waze-development/zones/europe-west1-d/disks/row-cassandra-2-1-15-clean-base-image-1604-559bf496"
                        },
                        "meta": {},
                        "tainted": false
                    },
                    "deposed": [],
                    "provider": "provider.google"
                },
                "google_compute_image.row_cassandra_2_1_18_clean_base_image_1604_20170807_0740": {
                    "type": "google_compute_image",
                    "depends_on": [],
                    "primary": {
                        "id": "row-cassandra-2-1-18-clean-base-image-1604-20170807-0740",
                        "attributes": {
                            "description": "",
                            "family": "",
                            "id": "row-cassandra-2-1-18-clean-base-image-1604-20170807-0740",
                            "label_fingerprint": "-LlnG-juVqA=",
                            "labels.%": "1",
                            "labels.prune": "true",
                            "licenses.#": "1",
                            "licenses.0": "https://www.googleapis.com/compute/v1/projects/ubuntu-os-cloud/global/licenses/ubuntu-1604-xenial",
                            "name": "row-cassandra-2-1-18-clean-base-image-1604-20170807-0740",
                            "project": "waze-development",
                            "self_link": "https://www.googleapis.com/compute/v1/projects/waze-development/global/images/row-cassandra-2-1-18-clean-base-image-1604-20170807-0740",
                            "source_disk": "https://www.googleapis.com/compute/v1/projects/waze-development/zones/europe-west1-b/disks/row-cassandra-2-1-18-clean-base-image-1604-44354c30"
                        },
                        "meta": {},
                        "tainted": false
                    },
                    "deposed": [],
                    "provider": "provider.google"
                },
                "google_compute_image.row_dev_editor1_28_8_17": {
                    "type": "google_compute_image",
                    "depends_on": [],
                    "primary": {
                        "id": "row-dev-editor1-28-8-17",
                        "attributes": {
                            "description": "",
                            "family": "",
                            "id": "row-dev-editor1-28-8-17",
                            "label_fingerprint": "42WmSpB8rSM=",
                            "labels.%": "0",
                            "licenses.#": "1",
                            "licenses.0": "https://www.googleapis.com/compute/v1/projects/ubuntu-os-cloud/global/licenses/ubuntu-1204-precise",
                            "name": "row-dev-editor1-28-8-17",
                            "project": "waze-development",
                            "self_link": "https://www.googleapis.com/compute/v1/projects/waze-development/global/images/row-dev-editor1-28-8-17",
                            "source_disk": "https://www.googleapis.com/compute/v1/projects/waze-development/zones/europe-west1-b/disks/row-dev-editor1-new"
                        },
                        "meta": {},
                        "tainted": false
                    },
                    "deposed": [],
                    "provider": "provider.google"
                },
                "google_compute_image.row_emailserver_20161117_1049": {
                    "type": "google_compute_image",
                    "depends_on": [],
                    "primary": {
                        "id": "row-emailserver-20161117-1049",
                        "attributes": {
                            "description": "row-emailserver-20161117-1049",
                            "family": "",
                            "id": "row-emailserver-20161117-1049",
                            "label_fingerprint": "-LlnG-juVqA=",
                            "labels.%": "1",
                            "labels.prune": "true",
                            "licenses.#": "1",
                            "licenses.0": "https://www.googleapis.com/compute/v1/projects/ubuntu-os-cloud/global/licenses/ubuntu-1404-trusty",
                            "name": "row-emailserver-20161117-1049",
                            "project": "waze-development",
                            "self_link": "https://www.googleapis.com/compute/v1/projects/waze-development/global/images/row-emailserver-20161117-1049",
                            "source_disk": "https://www.googleapis.com/compute/v1/projects/waze-development/zones/europe-west1-d/disks/packer-582d8b50-a950-5270-8a89-a0f069649a55"
                        },
                        "meta": {},
                        "tainted": false
                    },
                    "deposed": [],
                    "provider": "provider.google"
                },
                "google_compute_image.row_fluentd_forwarder_base_image_1604_20170904_0939": {
                    "type": "google_compute_image",
                    "depends_on": [],
                    "primary": {
                        "id": "row-fluentd-forwarder-base-image-1604-20170904-0939",
                        "attributes": {
                            "description": "",
                            "family": "",
                            "id": "row-fluentd-forwarder-base-image-1604-20170904-0939",
                            "label_fingerprint": "-LlnG-juVqA=",
                            "labels.%": "1",
                            "labels.prune": "true",
                            "licenses.#": "1",
                            "licenses.0": "https://www.googleapis.com/compute/v1/projects/ubuntu-os-cloud/global/licenses/ubuntu-1604-xenial",
                            "name": "row-fluentd-forwarder-base-image-1604-20170904-0939",
                            "project": "waze-development",
                            "self_link": "https://www.googleapis.com/compute/v1/projects/waze-development/global/images/row-fluentd-forwarder-base-image-1604-20170904-0939",
                            "source_disk": "https://www.googleapis.com/compute/v1/projects/waze-development/zones/europe-west1-d/disks/row-fluentd-forwarder-base-image-1604-0afdf8d3"
                        },
                        "meta": {},
                        "tainted": false
                    },
                    "deposed": [],
                    "provider": "provider.google"
                },
                "google_compute_image.row_fluentd_forwarder_base_image_1604_20180304_0843": {
                    "type": "google_compute_image",
                    "depends_on": [],
                    "primary": {
                        "id": "row-fluentd-forwarder-base-image-1604-20180304-0843",
                        "attributes": {
                            "description": "",
                            "family": "",
                            "id": "row-fluentd-forwarder-base-image-1604-20180304-0843",
                            "label_fingerprint": "-LlnG-juVqA=",
                            "labels.%": "1",
                            "labels.prune": "true",
                            "licenses.#": "1",
                            "licenses.0": "https://www.googleapis.com/compute/v1/projects/ubuntu-os-cloud/global/licenses/ubuntu-1604-xenial",
                            "name": "row-fluentd-forwarder-base-image-1604-20180304-0843",
                            "project": "waze-development",
                            "self_link": "https://www.googleapis.com/compute/v1/projects/waze-development/global/images/row-fluentd-forwarder-base-image-1604-20180304-0843",
                            "source_disk": "https://www.googleapis.com/compute/v1/projects/waze-development/zones/europe-west1-d/disks/row-fluentd-forwarder-base-image-1604-690e7a4e"
                        },
                        "meta": {},
                        "tainted": false
                    },
                    "deposed": [],
                    "provider": "provider.google"
                },
                "google_compute_image.row_realtime_base_image_1404_20170117_1116": {
                    "type": "google_compute_image",
                    "depends_on": [],
                    "primary": {
                        "id": "row-realtime-base-image-1404-20170117-1116",
                        "attributes": {
                            "description": "",
                            "family": "",
                            "id": "row-realtime-base-image-1404-20170117-1116",
                            "label_fingerprint": "-LlnG-juVqA=",
                            "labels.%": "1",
                            "labels.prune": "true",
                            "licenses.#": "1",
                            "licenses.0": "https://www.googleapis.com/compute/v1/projects/ubuntu-os-cloud/global/licenses/ubuntu-1404-trusty",
                            "name": "row-realtime-base-image-1404-20170117-1116",
                            "project": "waze-development",
                            "self_link": "https://www.googleapis.com/compute/v1/projects/waze-development/global/images/row-realtime-base-image-1404-20170117-1116",
                            "source_disk": "https://www.googleapis.com/compute/v1/projects/waze-development/zones/europe-west1-b/disks/row-realtime-base-image-1404-f7739076"
                        },
                        "meta": {},
                        "tainted": false
                    },
                    "deposed": [],
                    "provider": "provider.google"
                },
                "google_compute_image.row_realtime_base_image_1604_20170709_1258": {
                    "type": "google_compute_image",
                    "depends_on": [],
                    "primary": {
                        "id": "row-realtime-base-image-1604-20170709-1258",
                        "attributes": {
                            "description": "",
                            "family": "",
                            "id": "row-realtime-base-image-1604-20170709-1258",
                            "label_fingerprint": "-LlnG-juVqA=",
                            "labels.%": "1",
                            "labels.prune": "true",
                            "licenses.#": "1",
                            "licenses.0": "https://www.googleapis.com/compute/v1/projects/ubuntu-os-cloud/global/licenses/ubuntu-1604-xenial",
                            "name": "row-realtime-base-image-1604-20170709-1258",
                            "project": "waze-development",
                            "self_link": "https://www.googleapis.com/compute/v1/projects/waze-development/global/images/row-realtime-base-image-1604-20170709-1258",
                            "source_disk": "https://www.googleapis.com/compute/v1/projects/waze-development/zones/europe-west1-b/disks/row-realtime-base-image-1604-77c85099"
                        },
                        "meta": {},
                        "tainted": false
                    },
                    "deposed": [],
                    "provider": "provider.google"
                },
                "google_compute_image.row_realtime_base_image_1604_20170725_0802": {
                    "type": "google_compute_image",
                    "depends_on": [],
                    "primary": {
                        "id": "row-realtime-base-image-1604-20170725-0802",
                        "attributes": {
                            "description": "",
                            "family": "",
                            "id": "row-realtime-base-image-1604-20170725-0802",
                            "label_fingerprint": "-LlnG-juVqA=",
                            "labels.%": "1",
                            "labels.prune": "true",
                            "licenses.#": "1",
                            "licenses.0": "https://www.googleapis.com/compute/v1/projects/ubuntu-os-cloud/global/licenses/ubuntu-1604-xenial",
                            "name": "row-realtime-base-image-1604-20170725-0802",
                            "project": "waze-development",
                            "self_link": "https://www.googleapis.com/compute/v1/projects/waze-development/global/images/row-realtime-base-image-1604-20170725-0802",
                            "source_disk": "https://www.googleapis.com/compute/v1/projects/waze-development/zones/europe-west1-c/disks/row-realtime-base-image-1604-793c3b5f"
                        },
                        "meta": {},
                        "tainted": false
                    },
                    "deposed": [],
                    "provider": "provider.google"
                },
                "google_compute_image.row_realtime_base_image_20170112_1457": {
                    "type": "google_compute_image",
                    "depends_on": [],
                    "primary": {
                        "id": "row-realtime-base-image-20170112-1457",
                        "attributes": {
                            "description": "",
                            "family": "",
                            "id": "row-realtime-base-image-20170112-1457",
                            "label_fingerprint": "-LlnG-juVqA=",
                            "labels.%": "1",
                            "labels.prune": "true",
                            "licenses.#": "1",
                            "licenses.0": "https://www.googleapis.com/compute/v1/projects/ubuntu-os-cloud/global/licenses/ubuntu-1604-xenial",
                            "name": "row-realtime-base-image-20170112-1457",
                            "project": "waze-development",
                            "self_link": "https://www.googleapis.com/compute/v1/projects/waze-development/global/images/row-realtime-base-image-20170112-1457",
                            "source_disk": "https://www.googleapis.com/compute/v1/projects/waze-development/zones/europe-west1-b/disks/row-realtime-base-image-4fad9bee"
                        },
                        "meta": {},
                        "tainted": false
                    },
                    "deposed": [],
                    "provider": "provider.google"
                },
                "google_compute_image.row_realtime_base_image_20170115_1132": {
                    "type": "google_compute_image",
                    "depends_on": [],
                    "primary": {
                        "id": "row-realtime-base-image-20170115-1132",
                        "attributes": {
                            "description": "",
                            "family": "",
                            "id": "row-realtime-base-image-20170115-1132",
                            "label_fingerprint": "-LlnG-juVqA=",
                            "labels.%": "1",
                            "labels.prune": "true",
                            "licenses.#": "1",
                            "licenses.0": "https://www.googleapis.com/compute/v1/projects/ubuntu-os-cloud/global/licenses/ubuntu-1604-xenial",
                            "name": "row-realtime-base-image-20170115-1132",
                            "project": "waze-development",
                            "self_link": "https://www.googleapis.com/compute/v1/projects/waze-development/global/images/row-realtime-base-image-20170115-1132",
                            "source_disk": "https://www.googleapis.com/compute/v1/projects/waze-development/zones/europe-west1-c/disks/row-realtime-base-image-3ed199fd"
                        },
                        "meta": {},
                        "tainted": false
                    },
                    "deposed": [],
                    "provider": "provider.google"
                },
                "google_compute_image.row_realtime_proxy_base_image_1604_20170718_1507": {
                    "type": "google_compute_image",
                    "depends_on": [],
                    "primary": {
                        "id": "row-realtime-proxy-base-image-1604-20170718-1507",
                        "attributes": {
                            "description": "",
                            "family": "",
                            "id": "row-realtime-proxy-base-image-1604-20170718-1507",
                            "label_fingerprint": "-LlnG-juVqA=",
                            "labels.%": "1",
                            "labels.prune": "true",
                            "licenses.#": "1",
                            "licenses.0": "https://www.googleapis.com/compute/v1/projects/ubuntu-os-cloud/global/licenses/ubuntu-1604-xenial",
                            "name": "row-realtime-proxy-base-image-1604-20170718-1507",
                            "project": "waze-development",
                            "self_link": "https://www.googleapis.com/compute/v1/projects/waze-development/global/images/row-realtime-proxy-base-image-1604-20170718-1507",
                            "source_disk": "https://www.googleapis.com/compute/v1/projects/waze-development/zones/europe-west1-b/disks/row-realtime-proxy-base-image-1604-6d5349b9"
                        },
                        "meta": {},
                        "tainted": false
                    },
                    "deposed": [],
                    "provider": "provider.google"
                },
                "google_compute_image.row_realtime_proxy_base_image_1604_20170719_0717": {
                    "type": "google_compute_image",
                    "depends_on": [],
                    "primary": {
                        "id": "row-realtime-proxy-base-image-1604-20170719-0717",
                        "attributes": {
                            "description": "",
                            "family": "",
                            "id": "row-realtime-proxy-base-image-1604-20170719-0717",
                            "label_fingerprint": "-LlnG-juVqA=",
                            "labels.%": "1",
                            "labels.prune": "true",
                            "licenses.#": "1",
                            "licenses.0": "https://www.googleapis.com/compute/v1/projects/ubuntu-os-cloud/global/licenses/ubuntu-1604-xenial",
                            "name": "row-realtime-proxy-base-image-1604-20170719-0717",
                            "project": "waze-development",
                            "self_link": "https://www.googleapis.com/compute/v1/projects/waze-development/global/images/row-realtime-proxy-base-image-1604-20170719-0717",
                            "source_disk": "https://www.googleapis.com/compute/v1/projects/waze-development/zones/europe-west1-b/disks/row-realtime-proxy-base-image-1604-dadf49d9"
                        },
                        "meta": {},
                        "tainted": false
                    },
                    "deposed": [],
                    "provider": "provider.google"
                },
                "google_compute_image.row_realtime_proxy_base_image_1604_20170719_0731": {
                    "type": "google_compute_image",
                    "depends_on": [],
                    "primary": {
                        "id": "row-realtime-proxy-base-image-1604-20170719-0731",
                        "attributes": {
                            "description": "",
                            "family": "",
                            "id": "row-realtime-proxy-base-image-1604-20170719-0731",
                            "label_fingerprint": "42WmSpB8rSM=",
                            "labels.%": "0",
                            "licenses.#": "1",
                            "licenses.0": "https://www.googleapis.com/compute/v1/projects/ubuntu-os-cloud/global/licenses/ubuntu-1604-xenial",
                            "name": "row-realtime-proxy-base-image-1604-20170719-0731",
                            "project": "waze-development",
                            "self_link": "https://www.googleapis.com/compute/v1/projects/waze-development/global/images/row-realtime-proxy-base-image-1604-20170719-0731",
                            "source_disk": "https://www.googleapis.com/compute/v1/projects/waze-development/zones/europe-west1-d/disks/row-realtime-proxy-base-image-1604-8e84bc5b"
                        },
                        "meta": {},
                        "tainted": false
                    },
                    "deposed": [],
                    "provider": "provider.google"
                },
                "google_compute_image.row_realtime_proxy_base_image_1604_20180723_1127": {
                    "type": "google_compute_image",
                    "depends_on": [],
                    "primary": {
                        "id": "row-realtime-proxy-base-image-1604-20180723-1127",
                        "attributes": {
                            "description": "",
                            "family": "",
                            "id": "row-realtime-proxy-base-image-1604-20180723-1127",
                            "label_fingerprint": "-LlnG-juVqA=",
                            "labels.%": "1",
                            "labels.prune": "true",
                            "licenses.#": "1",
                            "licenses.0": "https://www.googleapis.com/compute/v1/projects/ubuntu-os-cloud/global/licenses/ubuntu-1604-xenial",
                            "name": "row-realtime-proxy-base-image-1604-20180723-1127",
                            "project": "waze-development",
                            "self_link": "https://www.googleapis.com/compute/v1/projects/waze-development/global/images/row-realtime-proxy-base-image-1604-20180723-1127",
                            "source_disk": "https://www.googleapis.com/compute/v1/projects/waze-development/zones/europe-west1-b/disks/row-realtime-proxy-base-image-1604-27644e72"
                        },
                        "meta": {},
                        "tainted": false
                    },
                    "deposed": [],
                    "provider": "provider.google"
                },
                "google_compute_image.row_realtime_proxy_base_image_20160809_0806": {
                    "type": "google_compute_image",
                    "depends_on": [],
                    "primary": {
                        "id": "row-realtime-proxy-base-image-20160809-0806",
                        "attributes": {
                            "description": "",
                            "family": "",
                            "id": "row-realtime-proxy-base-image-20160809-0806",
                            "label_fingerprint": "-LlnG-juVqA=",
                            "labels.%": "1",
                            "labels.prune": "true",
                            "licenses.#": "1",
                            "licenses.0": "https://www.googleapis.com/compute/v1/projects/ubuntu-os-cloud/global/licenses/ubuntu-1404-trusty",
                            "name": "row-realtime-proxy-base-image-20160809-0806",
                            "project": "waze-development",
                            "self_link": "https://www.googleapis.com/compute/v1/projects/waze-development/global/images/row-realtime-proxy-base-image-20160809-0806",
                            "source_disk": "https://www.googleapis.com/compute/v1/projects/waze-development/zones/europe-west1-b/disks/row-realtime-proxy-base-image-9e7ab936"
                        },
                        "meta": {},
                        "tainted": false
                    },
                    "deposed": [],
                    "provider": "provider.google"
                },
                "google_compute_image.row_realtime_proxy_base_image_20160809_0917": {
                    "type": "google_compute_image",
                    "depends_on": [],
                    "primary": {
                        "id": "row-realtime-proxy-base-image-20160809-0917",
                        "attributes": {
                            "description": "",
                            "family": "",
                            "id": "row-realtime-proxy-base-image-20160809-0917",
                            "label_fingerprint": "-LlnG-juVqA=",
                            "labels.%": "1",
                            "labels.prune": "true",
                            "licenses.#": "1",
                            "licenses.0": "https://www.googleapis.com/compute/v1/projects/ubuntu-os-cloud/global/licenses/ubuntu-1404-trusty",
                            "name": "row-realtime-proxy-base-image-20160809-0917",
                            "project": "waze-development",
                            "self_link": "https://www.googleapis.com/compute/v1/projects/waze-development/global/images/row-realtime-proxy-base-image-20160809-0917",
                            "source_disk": "https://www.googleapis.com/compute/v1/projects/waze-development/zones/europe-west1-c/disks/row-realtime-proxy-base-image-ca4a4602"
                        },
                        "meta": {},
                        "tainted": false
                    },
                    "deposed": [],
                    "provider": "provider.google"
                },
                "google_compute_image.row_routingserver_beta_20161102_1308": {
                    "type": "google_compute_image",
                    "depends_on": [],
                    "primary": {
                        "id": "row-routingserver-beta-20161102-1308",
                        "attributes": {
                            "description": "row-routingserver-beta-20161102-1308",
                            "family": "",
                            "id": "row-routingserver-beta-20161102-1308",
                            "label_fingerprint": "-LlnG-juVqA=",
                            "labels.%": "1",
                            "labels.prune": "true",
                            "licenses.#": "1",
                            "licenses.0": "https://www.googleapis.com/compute/v1/projects/ubuntu-os-cloud/global/licenses/ubuntu-1404-trusty",
                            "name": "row-routingserver-beta-20161102-1308",
                            "project": "waze-development",
                            "self_link": "https://www.googleapis.com/compute/v1/projects/waze-development/global/images/row-routingserver-beta-20161102-1308",
                            "source_disk": "https://www.googleapis.com/compute/v1/projects/waze-development/zones/europe-west1-d/disks/packer-5819e54a-3d82-7a31-1db6-d1f2d93d7ace"
                        },
                        "meta": {},
                        "tainted": false
                    },
                    "deposed": [],
                    "provider": "provider.google"
                },
                "google_compute_image.row_routingserver_beta_20161109_1712": {
                    "type": "google_compute_image",
                    "depends_on": [],
                    "primary": {
                        "id": "row-routingserver-beta-20161109-1712",
                        "attributes": {
                            "description": "row-routingserver-beta-20161109-1712",
                            "family": "",
                            "id": "row-routingserver-beta-20161109-1712",
                            "label_fingerprint": "-LlnG-juVqA=",
                            "labels.%": "1",
                            "labels.prune": "true",
                            "licenses.#": "1",
                            "licenses.0": "https://www.googleapis.com/compute/v1/projects/ubuntu-os-cloud/global/licenses/ubuntu-1404-trusty",
                            "name": "row-routingserver-beta-20161109-1712",
                            "project": "waze-development",
                            "self_link": "https://www.googleapis.com/compute/v1/projects/waze-development/global/images/row-routingserver-beta-20161109-1712",
                            "source_disk": "https://www.googleapis.com/compute/v1/projects/waze-development/zones/europe-west1-d/disks/packer-5823590e-15b0-a50c-134c-2f94fa3aae2d"
                        },
                        "meta": {},
                        "tainted": false
                    },
                    "deposed": [],
                    "provider": "provider.google"
                },
                "google_compute_image.row_staging_base_image_20151102_1318": {
                    "type": "google_compute_image",
                    "depends_on": [],
                    "primary": {
                        "id": "row-staging-base-image-20151102-1318",
                        "attributes": {
                            "description": "",
                            "family": "",
                            "id": "row-staging-base-image-20151102-1318",
                            "label_fingerprint": "-LlnG-juVqA=",
                            "labels.%": "1",
                            "labels.prune": "true",
                            "licenses.#": "1",
                            "licenses.0": "https://www.googleapis.com/compute/v1/projects/ubuntu-os-cloud/global/licenses/ubuntu-1404-trusty",
                            "name": "row-staging-base-image-20151102-1318",
                            "project": "waze-development",
                            "self_link": "https://www.googleapis.com/compute/v1/projects/waze-development/global/images/row-staging-base-image-20151102-1318",
                            "source_disk": "https://www.googleapis.com/compute/v1/projects/waze-development/zones/europe-west1-c/disks/row-staging-base-image-c844a410"
                        },
                        "meta": {},
                        "tainted": false
                    },
                    "deposed": [],
                    "provider": "provider.google"
                },
                "google_compute_image.row_staging_base_image_20151104_1748": {
                    "type": "google_compute_image",
                    "depends_on": [],
                    "primary": {
                        "id": "row-staging-base-image-20151104-1748",
                        "attributes": {
                            "description": "",
                            "family": "",
                            "id": "row-staging-base-image-20151104-1748",
                            "label_fingerprint": "-LlnG-juVqA=",
                            "labels.%": "1",
                            "labels.prune": "true",
                            "licenses.#": "1",
                            "licenses.0": "https://www.googleapis.com/compute/v1/projects/ubuntu-os-cloud/global/licenses/ubuntu-1404-trusty",
                            "name": "row-staging-base-image-20151104-1748",
                            "project": "waze-development",
                            "self_link": "https://www.googleapis.com/compute/v1/projects/waze-development/global/images/row-staging-base-image-20151104-1748",
                            "source_disk": "https://www.googleapis.com/compute/v1/projects/waze-development/zones/europe-west1-c/disks/row-staging-base-image-b889fb49"
                        },
                        "meta": {},
                        "tainted": false
                    },
                    "deposed": [],
                    "provider": "provider.google"
                },
                "google_compute_image.row_staging_cassandra_dse_template_test_1": {
                    "type": "google_compute_image",
                    "depends_on": [],
                    "primary": {
                        "id": "row-staging-cassandra-dse-template-test-1",
                        "attributes": {
                            "description": "",
                            "family": "cassandra-template-dse",
                            "id": "row-staging-cassandra-dse-template-test-1",
                            "label_fingerprint": "42WmSpB8rSM=",
                            "labels.%": "0",
                            "licenses.#": "1",
                            "licenses.0": "https://www.googleapis.com/compute/v1/projects/ubuntu-os-cloud/global/licenses/ubuntu-1404-trusty",
                            "name": "row-staging-cassandra-dse-template-test-1",
                            "project": "waze-development",
                            "self_link": "https://www.googleapis.com/compute/v1/projects/waze-development/global/images/row-staging-cassandra-dse-template-test-1",
                            "source_disk": "https://www.googleapis.com/compute/v1/projects/waze-development/zones/europe-west1-d/disks/row-staging-cassandra-dse-template-test-1"
                        },
                        "meta": {},
                        "tainted": false
                    },
                    "deposed": [],
                    "provider": "provider.google"
                },
                "google_compute_image.row_staging_cassandra_dse_template_test_provision": {
                    "type": "google_compute_image",
                    "depends_on": [],
                    "primary": {
                        "id": "row-staging-cassandra-dse-template-test-provision",
                        "attributes": {
                            "description": "",
                            "family": "",
                            "id": "row-staging-cassandra-dse-template-test-provision",
                            "label_fingerprint": "42WmSpB8rSM=",
                            "labels.%": "0",
                            "licenses.#": "1",
                            "licenses.0": "https://www.googleapis.com/compute/v1/projects/ubuntu-os-cloud/global/licenses/ubuntu-1404-trusty",
                            "name": "row-staging-cassandra-dse-template-test-provision",
                            "project": "waze-development",
                            "self_link": "https://www.googleapis.com/compute/v1/projects/waze-development/global/images/row-staging-cassandra-dse-template-test-provision",
                            "source_disk": "https://www.googleapis.com/compute/v1/projects/waze-development/zones/europe-west1-c/disks/row-staging-cassandra-dse-test-sessionprocessor-9oog"
                        },
                        "meta": {},
                        "tainted": false
                    },
                    "deposed": [],
                    "provider": "provider.google"
                },
                "google_compute_image.row_staging_cassandra_dse_template_test_provision2": {
                    "type": "google_compute_image",
                    "depends_on": [],
                    "primary": {
                        "id": "row-staging-cassandra-dse-template-test-provision2",
                        "attributes": {
                            "description": "",
                            "family": "",
                            "id": "row-staging-cassandra-dse-template-test-provision2",
                            "label_fingerprint": "42WmSpB8rSM=",
                            "labels.%": "0",
                            "licenses.#": "1",
                            "licenses.0": "https://www.googleapis.com/compute/v1/projects/ubuntu-os-cloud/global/licenses/ubuntu-1404-trusty",
                            "name": "row-staging-cassandra-dse-template-test-provision2",
                            "project": "waze-development",
                            "self_link": "https://www.googleapis.com/compute/v1/projects/waze-development/global/images/row-staging-cassandra-dse-template-test-provision2",
                            "source_disk": "https://www.googleapis.com/compute/v1/projects/waze-development/zones/europe-west1-c/disks/row-staging-cassandra-sessionprocessor-test2-v001-q9u8"
                        },
                        "meta": {},
                        "tainted": false
                    },
                    "deposed": [],
                    "provider": "provider.google"
                },
                "google_compute_image.row_staging_cassandra_dse_template_test_provision3": {
                    "type": "google_compute_image",
                    "depends_on": [],
                    "primary": {
                        "id": "row-staging-cassandra-dse-template-test-provision3",
                        "attributes": {
                            "description": "",
                            "family": "",
                            "id": "row-staging-cassandra-dse-template-test-provision3",
                            "label_fingerprint": "42WmSpB8rSM=",
                            "labels.%": "0",
                            "licenses.#": "1",
                            "licenses.0": "https://www.googleapis.com/compute/v1/projects/ubuntu-os-cloud/global/licenses/ubuntu-1404-trusty",
                            "name": "row-staging-cassandra-dse-template-test-provision3",
                            "project": "waze-development",
                            "self_link": "https://www.googleapis.com/compute/v1/projects/waze-development/global/images/row-staging-cassandra-dse-template-test-provision3",
                            "source_disk": "https://www.googleapis.com/compute/v1/projects/waze-development/zones/europe-west1-d/disks/tom-test-template-cassandra1"
                        },
                        "meta": {},
                        "tainted": false
                    },
                    "deposed": [],
                    "provider": "provider.google"
                },
                "google_compute_image.row_staging_cassandra_dse_template_test_provision7": {
                    "type": "google_compute_image",
                    "depends_on": [],
                    "primary": {
                        "id": "row-staging-cassandra-dse-template-test-provision7",
                        "attributes": {
                            "description": "",
                            "family": "",
                            "id": "row-staging-cassandra-dse-template-test-provision7",
                            "label_fingerprint": "42WmSpB8rSM=",
                            "labels.%": "0",
                            "licenses.#": "1",
                            "licenses.0": "https://www.googleapis.com/compute/v1/projects/ubuntu-os-cloud/global/licenses/ubuntu-1404-trusty",
                            "name": "row-staging-cassandra-dse-template-test-provision7",
                            "project": "waze-development",
                            "self_link": "https://www.googleapis.com/compute/v1/projects/waze-development/global/images/row-staging-cassandra-dse-template-test-provision7",
                            "source_disk": "https://www.googleapis.com/compute/v1/projects/waze-development/zones/europe-west1-b/disks/row-staging-cassandra-sessionprocessor-test2-v001-y4z1"
                        },
                        "meta": {},
                        "tainted": false
                    },
                    "deposed": [],
                    "provider": "provider.google"
                },
                "google_compute_image.rt_stg_boot_disk_v1": {
                    "type": "google_compute_image",
                    "depends_on": [],
                    "primary": {
                        "id": "rt-stg-boot-disk-v1",
                        "attributes": {
                            "description": "",
                            "family": "",
                            "id": "rt-stg-boot-disk-v1",
                            "label_fingerprint": "42WmSpB8rSM=",
                            "labels.%": "0",
                            "licenses.#": "1",
                            "licenses.0": "https://www.googleapis.com/compute/v1/projects/ubuntu-os-cloud/global/licenses/ubuntu-1404-trusty",
                            "name": "rt-stg-boot-disk-v1",
                            "project": "waze-development",
                            "self_link": "https://www.googleapis.com/compute/v1/projects/waze-development/global/images/rt-stg-boot-disk-v1",
                            "source_disk": "https://www.googleapis.com/compute/v1/projects/waze-development/zones/europe-west1-d/disks/gabi-rt-disk-delme"
                        },
                        "meta": {},
                        "tainted": false
                    },
                    "deposed": [],
                    "provider": "provider.google"
                },
                "google_compute_image.rt_stg_boot_disk_v10": {
                    "type": "google_compute_image",
                    "depends_on": [],
                    "primary": {
                        "id": "rt-stg-boot-disk-v10",
                        "attributes": {
                            "description": "",
                            "family": "",
                            "id": "rt-stg-boot-disk-v10",
                            "label_fingerprint": "42WmSpB8rSM=",
                            "labels.%": "0",
                            "licenses.#": "1",
                            "licenses.0": "https://www.googleapis.com/compute/v1/projects/ubuntu-os-cloud/global/licenses/ubuntu-1404-trusty",
                            "name": "rt-stg-boot-disk-v10",
                            "project": "waze-development",
                            "self_link": "https://www.googleapis.com/compute/v1/projects/waze-development/global/images/rt-stg-boot-disk-v10",
                            "source_disk": "https://www.googleapis.com/compute/v1/projects/waze-development/zones/europe-west1-d/disks/gabi-rt-disk-delme"
                        },
                        "meta": {},
                        "tainted": false
                    },
                    "deposed": [],
                    "provider": "provider.google"
                },
                "google_compute_image.rt_stg_boot_disk_v11": {
                    "type": "google_compute_image",
                    "depends_on": [],
                    "primary": {
                        "id": "rt-stg-boot-disk-v11",
                        "attributes": {
                            "description": "",
                            "family": "",
                            "id": "rt-stg-boot-disk-v11",
                            "label_fingerprint": "42WmSpB8rSM=",
                            "labels.%": "0",
                            "licenses.#": "1",
                            "licenses.0": "https://www.googleapis.com/compute/v1/projects/ubuntu-os-cloud/global/licenses/ubuntu-1404-trusty",
                            "name": "rt-stg-boot-disk-v11",
                            "project": "waze-development",
                            "self_link": "https://www.googleapis.com/compute/v1/projects/waze-development/global/images/rt-stg-boot-disk-v11",
                            "source_disk": "https://www.googleapis.com/compute/v1/projects/waze-development/zones/europe-west1-d/disks/gabi-rt-disk-delme"
                        },
                        "meta": {},
                        "tainted": false
                    },
                    "deposed": [],
                    "provider": "provider.google"
                },
                "google_compute_image.rt_stg_boot_disk_v12": {
                    "type": "google_compute_image",
                    "depends_on": [],
                    "primary": {
                        "id": "rt-stg-boot-disk-v12",
                        "attributes": {
                            "description": "",
                            "family": "",
                            "id": "rt-stg-boot-disk-v12",
                            "label_fingerprint": "42WmSpB8rSM=",
                            "labels.%": "0",
                            "licenses.#": "1",
                            "licenses.0": "https://www.googleapis.com/compute/v1/projects/ubuntu-os-cloud/global/licenses/ubuntu-1404-trusty",
                            "name": "rt-stg-boot-disk-v12",
                            "project": "waze-development",
                            "self_link": "https://www.googleapis.com/compute/v1/projects/waze-development/global/images/rt-stg-boot-disk-v12",
                            "source_disk": "https://www.googleapis.com/compute/v1/projects/waze-development/zones/europe-west1-d/disks/gabi-rt-disk-delme"
                        },
                        "meta": {},
                        "tainted": false
                    },
                    "deposed": [],
                    "provider": "provider.google"
                },
                "google_compute_image.rt_stg_boot_disk_v13": {
                    "type": "google_compute_image",
                    "depends_on": [],
                    "primary": {
                        "id": "rt-stg-boot-disk-v13",
                        "attributes": {
                            "description": "",
                            "family": "",
                            "id": "rt-stg-boot-disk-v13",
                            "label_fingerprint": "42WmSpB8rSM=",
                            "labels.%": "0",
                            "licenses.#": "1",
                            "licenses.0": "https://www.googleapis.com/compute/v1/projects/ubuntu-os-cloud/global/licenses/ubuntu-1404-trusty",
                            "name": "rt-stg-boot-disk-v13",
                            "project": "waze-development",
                            "self_link": "https://www.googleapis.com/compute/v1/projects/waze-development/global/images/rt-stg-boot-disk-v13",
                            "source_disk": "https://www.googleapis.com/compute/v1/projects/waze-development/zones/europe-west1-d/disks/gabi-rt-disk-delme"
                        },
                        "meta": {},
                        "tainted": false
                    },
                    "deposed": [],
                    "provider": "provider.google"
                },
                "google_compute_image.rt_stg_boot_disk_v14": {
                    "type": "google_compute_image",
                    "depends_on": [],
                    "primary": {
                        "id": "rt-stg-boot-disk-v14",
                        "attributes": {
                            "description": "",
                            "family": "",
                            "id": "rt-stg-boot-disk-v14",
                            "label_fingerprint": "42WmSpB8rSM=",
                            "labels.%": "0",
                            "licenses.#": "1",
                            "licenses.0": "https://www.googleapis.com/compute/v1/projects/ubuntu-os-cloud/global/licenses/ubuntu-1404-trusty",
                            "name": "rt-stg-boot-disk-v14",
                            "project": "waze-development",
                            "self_link": "https://www.googleapis.com/compute/v1/projects/waze-development/global/images/rt-stg-boot-disk-v14",
                            "source_disk": "https://www.googleapis.com/compute/v1/projects/waze-development/zones/europe-west1-d/disks/gabi-rt-disk-delme"
                        },
                        "meta": {},
                        "tainted": false
                    },
                    "deposed": [],
                    "provider": "provider.google"
                },
                "google_compute_image.rt_stg_boot_disk_v15": {
                    "type": "google_compute_image",
                    "depends_on": [],
                    "primary": {
                        "id": "rt-stg-boot-disk-v15",
                        "attributes": {
                            "description": "",
                            "family": "",
                            "id": "rt-stg-boot-disk-v15",
                            "label_fingerprint": "42WmSpB8rSM=",
                            "labels.%": "0",
                            "licenses.#": "1",
                            "licenses.0": "https://www.googleapis.com/compute/v1/projects/ubuntu-os-cloud/global/licenses/ubuntu-1404-trusty",
                            "name": "rt-stg-boot-disk-v15",
                            "project": "waze-development",
                            "self_link": "https://www.googleapis.com/compute/v1/projects/waze-development/global/images/rt-stg-boot-disk-v15",
                            "source_disk": "https://www.googleapis.com/compute/v1/projects/waze-development/zones/europe-west1-d/disks/gabi-rt-disk-delme"
                        },
                        "meta": {},
                        "tainted": false
                    },
                    "deposed": [],
                    "provider": "provider.google"
                },
                "google_compute_image.rt_stg_boot_disk_v16": {
                    "type": "google_compute_image",
                    "depends_on": [],
                    "primary": {
                        "id": "rt-stg-boot-disk-v16",
                        "attributes": {
                            "description": "",
                            "family": "",
                            "id": "rt-stg-boot-disk-v16",
                            "label_fingerprint": "42WmSpB8rSM=",
                            "labels.%": "0",
                            "licenses.#": "1",
                            "licenses.0": "https://www.googleapis.com/compute/v1/projects/ubuntu-os-cloud/global/licenses/ubuntu-1404-trusty",
                            "name": "rt-stg-boot-disk-v16",
                            "project": "waze-development",
                            "self_link": "https://www.googleapis.com/compute/v1/projects/waze-development/global/images/rt-stg-boot-disk-v16",
                            "source_disk": "https://www.googleapis.com/compute/v1/projects/waze-development/zones/europe-west1-d/disks/gabi-rt-disk-delme"
                        },
                        "meta": {},
                        "tainted": false
                    },
                    "deposed": [],
                    "provider": "provider.google"
                },
                "google_compute_image.rt_stg_boot_disk_v17": {
                    "type": "google_compute_image",
                    "depends_on": [],
                    "primary": {
                        "id": "rt-stg-boot-disk-v17",
                        "attributes": {
                            "description": "",
                            "family": "",
                            "id": "rt-stg-boot-disk-v17",
                            "label_fingerprint": "42WmSpB8rSM=",
                            "labels.%": "0",
                            "licenses.#": "1",
                            "licenses.0": "https://www.googleapis.com/compute/v1/projects/ubuntu-os-cloud/global/licenses/ubuntu-1404-trusty",
                            "name": "rt-stg-boot-disk-v17",
                            "project": "waze-development",
                            "self_link": "https://www.googleapis.com/compute/v1/projects/waze-development/global/images/rt-stg-boot-disk-v17",
                            "source_disk": "https://www.googleapis.com/compute/v1/projects/waze-development/zones/europe-west1-d/disks/gabi-rt-disk-delme"
                        },
                        "meta": {},
                        "tainted": false
                    },
                    "deposed": [],
                    "provider": "provider.google"
                },
                "google_compute_image.rt_stg_boot_disk_v18": {
                    "type": "google_compute_image",
                    "depends_on": [],
                    "primary": {
                        "id": "rt-stg-boot-disk-v18",
                        "attributes": {
                            "description": "",
                            "family": "",
                            "id": "rt-stg-boot-disk-v18",
                            "label_fingerprint": "42WmSpB8rSM=",
                            "labels.%": "0",
                            "licenses.#": "1",
                            "licenses.0": "https://www.googleapis.com/compute/v1/projects/ubuntu-os-cloud/global/licenses/ubuntu-1404-trusty",
                            "name": "rt-stg-boot-disk-v18",
                            "project": "waze-development",
                            "self_link": "https://www.googleapis.com/compute/v1/projects/waze-development/global/images/rt-stg-boot-disk-v18",
                            "source_disk": "https://www.googleapis.com/compute/v1/projects/waze-development/zones/europe-west1-d/disks/gabi-rt-disk-delme"
                        },
                        "meta": {},
                        "tainted": false
                    },
                    "deposed": [],
                    "provider": "provider.google"
                },
                "google_compute_image.rt_stg_boot_disk_v19": {
                    "type": "google_compute_image",
                    "depends_on": [],
                    "primary": {
                        "id": "rt-stg-boot-disk-v19",
                        "attributes": {
                            "description": "",
                            "family": "",
                            "id": "rt-stg-boot-disk-v19",
                            "label_fingerprint": "42WmSpB8rSM=",
                            "labels.%": "0",
                            "licenses.#": "1",
                            "licenses.0": "https://www.googleapis.com/compute/v1/projects/ubuntu-os-cloud/global/licenses/ubuntu-1404-trusty",
                            "name": "rt-stg-boot-disk-v19",
                            "project": "waze-development",
                            "self_link": "https://www.googleapis.com/compute/v1/projects/waze-development/global/images/rt-stg-boot-disk-v19",
                            "source_disk": "https://www.googleapis.com/compute/v1/projects/waze-development/zones/europe-west1-d/disks/gabi-rt-disk-delme"
                        },
                        "meta": {},
                        "tainted": false
                    },
                    "deposed": [],
                    "provider": "provider.google"
                },
                "google_compute_image.rt_stg_boot_disk_v20": {
                    "type": "google_compute_image",
                    "depends_on": [],
                    "primary": {
                        "id": "rt-stg-boot-disk-v20",
                        "attributes": {
                            "description": "",
                            "family": "",
                            "id": "rt-stg-boot-disk-v20",
                            "label_fingerprint": "42WmSpB8rSM=",
                            "labels.%": "0",
                            "licenses.#": "1",
                            "licenses.0": "https://www.googleapis.com/compute/v1/projects/ubuntu-os-cloud/global/licenses/ubuntu-1404-trusty",
                            "name": "rt-stg-boot-disk-v20",
                            "project": "waze-development",
                            "self_link": "https://www.googleapis.com/compute/v1/projects/waze-development/global/images/rt-stg-boot-disk-v20",
                            "source_disk": "https://www.googleapis.com/compute/v1/projects/waze-development/zones/europe-west1-d/disks/gabi-rt-disk-delme"
                        },
                        "meta": {},
                        "tainted": false
                    },
                    "deposed": [],
                    "provider": "provider.google"
                },
                "google_compute_image.rt_stg_boot_disk_v21": {
                    "type": "google_compute_image",
                    "depends_on": [],
                    "primary": {
                        "id": "rt-stg-boot-disk-v21",
                        "attributes": {
                            "description": "",
                            "family": "",
                            "id": "rt-stg-boot-disk-v21",
                            "label_fingerprint": "42WmSpB8rSM=",
                            "labels.%": "0",
                            "licenses.#": "1",
                            "licenses.0": "https://www.googleapis.com/compute/v1/projects/ubuntu-os-cloud/global/licenses/ubuntu-1404-trusty",
                            "name": "rt-stg-boot-disk-v21",
                            "project": "waze-development",
                            "self_link": "https://www.googleapis.com/compute/v1/projects/waze-development/global/images/rt-stg-boot-disk-v21",
                            "source_disk": "https://www.googleapis.com/compute/v1/projects/waze-development/zones/europe-west1-d/disks/gabi-rt-disk-delme"
                        },
                        "meta": {},
                        "tainted": false
                    },
                    "deposed": [],
                    "provider": "provider.google"
                },
                "google_compute_image.rt_stg_fe_2_boot_disk_v2": {
                    "type": "google_compute_image",
                    "depends_on": [],
                    "primary": {
                        "id": "rt-stg-fe-2-boot-disk-v2",
                        "attributes": {
                            "description": "",
                            "family": "",
                            "id": "rt-stg-fe-2-boot-disk-v2",
                            "label_fingerprint": "42WmSpB8rSM=",
                            "labels.%": "0",
                            "licenses.#": "1",
                            "licenses.0": "https://www.googleapis.com/compute/v1/projects/ubuntu-os-cloud/global/licenses/ubuntu-1404-trusty",
                            "name": "rt-stg-fe-2-boot-disk-v2",
                            "project": "waze-development",
                            "self_link": "https://www.googleapis.com/compute/v1/projects/waze-development/global/images/rt-stg-fe-2-boot-disk-v2",
                            "source_disk": "https://www.googleapis.com/compute/v1/projects/waze-development/zones/europe-west1-d/disks/rt-fe-2-gabi-delme"
                        },
                        "meta": {},
                        "tainted": false
                    },
                    "deposed": [],
                    "provider": "provider.google"
                },
                "google_compute_image.rt_stg_fe_2_boot_disk_v3": {
                    "type": "google_compute_image",
                    "depends_on": [],
                    "primary": {
                        "id": "rt-stg-fe-2-boot-disk-v3",
                        "attributes": {
                            "description": "",
                            "family": "",
                            "id": "rt-stg-fe-2-boot-disk-v3",
                            "label_fingerprint": "42WmSpB8rSM=",
                            "labels.%": "0",
                            "licenses.#": "1",
                            "licenses.0": "https://www.googleapis.com/compute/v1/projects/ubuntu-os-cloud/global/licenses/ubuntu-1404-trusty",
                            "name": "rt-stg-fe-2-boot-disk-v3",
                            "project": "waze-development",
                            "self_link": "https://www.googleapis.com/compute/v1/projects/waze-development/global/images/rt-stg-fe-2-boot-disk-v3",
                            "source_disk": "https://www.googleapis.com/compute/v1/projects/waze-development/zones/europe-west1-d/disks/row-staging-rt-fe-2-gvqv"
                        },
                        "meta": {},
                        "tainted": false
                    },
                    "deposed": [],
                    "provider": "provider.google"
                },
                "google_compute_image.rt_stg_fe_2_boot_disk_v4": {
                    "type": "google_compute_image",
                    "depends_on": [],
                    "primary": {
                        "id": "rt-stg-fe-2-boot-disk-v4",
                        "attributes": {
                            "description": "",
                            "family": "",
                            "id": "rt-stg-fe-2-boot-disk-v4",
                            "label_fingerprint": "42WmSpB8rSM=",
                            "labels.%": "0",
                            "licenses.#": "1",
                            "licenses.0": "https://www.googleapis.com/compute/v1/projects/ubuntu-os-cloud/global/licenses/ubuntu-1404-trusty",
                            "name": "rt-stg-fe-2-boot-disk-v4",
                            "project": "waze-development",
                            "self_link": "https://www.googleapis.com/compute/v1/projects/waze-development/global/images/rt-stg-fe-2-boot-disk-v4",
                            "source_disk": "https://www.googleapis.com/compute/v1/projects/waze-development/zones/europe-west1-d/disks/row-staging-rt-fe-2-139y"
                        },
                        "meta": {},
                        "tainted": false
                    },
                    "deposed": [],
                    "provider": "provider.google"
                },
                "google_compute_image.rt_stg_fe_2_boot_disk_v5": {
                    "type": "google_compute_image",
                    "depends_on": [],
                    "primary": {
                        "id": "rt-stg-fe-2-boot-disk-v5",
                        "attributes": {
                            "description": "",
                            "family": "",
                            "id": "rt-stg-fe-2-boot-disk-v5",
                            "label_fingerprint": "42WmSpB8rSM=",
                            "labels.%": "0",
                            "licenses.#": "1",
                            "licenses.0": "https://www.googleapis.com/compute/v1/projects/ubuntu-os-cloud/global/licenses/ubuntu-1404-trusty",
                            "name": "rt-stg-fe-2-boot-disk-v5",
                            "project": "waze-development",
                            "self_link": "https://www.googleapis.com/compute/v1/projects/waze-development/global/images/rt-stg-fe-2-boot-disk-v5",
                            "source_disk": "https://www.googleapis.com/compute/v1/projects/waze-development/zones/europe-west1-d/disks/row-staging-rt-fe-2-xfdo"
                        },
                        "meta": {},
                        "tainted": false
                    },
                    "deposed": [],
                    "provider": "provider.google"
                },
                "google_compute_image.rt_stg_fe_2_boot_disk_v6": {
                    "type": "google_compute_image",
                    "depends_on": [],
                    "primary": {
                        "id": "rt-stg-fe-2-boot-disk-v6",
                        "attributes": {
                            "description": "",
                            "family": "",
                            "id": "rt-stg-fe-2-boot-disk-v6",
                            "label_fingerprint": "42WmSpB8rSM=",
                            "labels.%": "0",
                            "licenses.#": "1",
                            "licenses.0": "https://www.googleapis.com/compute/v1/projects/ubuntu-os-cloud/global/licenses/ubuntu-1404-trusty",
                            "name": "rt-stg-fe-2-boot-disk-v6",
                            "project": "waze-development",
                            "self_link": "https://www.googleapis.com/compute/v1/projects/waze-development/global/images/rt-stg-fe-2-boot-disk-v6",
                            "source_disk": "https://www.googleapis.com/compute/v1/projects/waze-development/zones/europe-west1-d/disks/row-staging-rt-fe-2-ivvf"
                        },
                        "meta": {},
                        "tainted": false
                    },
                    "deposed": [],
                    "provider": "provider.google"
                },
                "google_compute_image.rt_stg_fe_2_boot_disk_v8": {
                    "type": "google_compute_image",
                    "depends_on": [],
                    "primary": {
                        "id": "rt-stg-fe-2-boot-disk-v8",
                        "attributes": {
                            "description": "",
                            "family": "",
                            "id": "rt-stg-fe-2-boot-disk-v8",
                            "label_fingerprint": "42WmSpB8rSM=",
                            "labels.%": "0",
                            "licenses.#": "1",
                            "licenses.0": "https://www.googleapis.com/compute/v1/projects/ubuntu-os-cloud/global/licenses/ubuntu-1404-trusty",
                            "name": "rt-stg-fe-2-boot-disk-v8",
                            "project": "waze-development",
                            "self_link": "https://www.googleapis.com/compute/v1/projects/waze-development/global/images/rt-stg-fe-2-boot-disk-v8",
                            "source_disk": "https://www.googleapis.com/compute/v1/projects/waze-development/zones/europe-west1-d/disks/gabi-rt-disk-delme"
                        },
                        "meta": {},
                        "tainted": false
                    },
                    "deposed": [],
                    "provider": "provider.google"
                },
                "google_compute_image.staging_cassandra1_data_20180501": {
                    "type": "google_compute_image",
                    "depends_on": [],
                    "primary": {
                        "id": "staging-cassandra1-data-20180501",
                        "attributes": {
                            "description": "",
                            "family": "staging-cassandra1-data",
                            "id": "staging-cassandra1-data-20180501",
                            "label_fingerprint": "42WmSpB8rSM=",
                            "labels.%": "0",
                            "licenses.#": "0",
                            "name": "staging-cassandra1-data-20180501",
                            "project": "waze-development",
                            "self_link": "https://www.googleapis.com/compute/v1/projects/waze-development/global/images/staging-cassandra1-data-20180501",
                            "source_disk": "https://www.googleapis.com/compute/v1/projects/waze-development/zones/europe-west1-c/disks/cassandra-data"
                        },
                        "meta": {},
                        "tainted": false
                    },
                    "deposed": [],
                    "provider": "provider.google"
                },
                "google_compute_image.staging_cassandra2_data_20180501": {
                    "type": "google_compute_image",
                    "depends_on": [],
                    "primary": {
                        "id": "staging-cassandra2-data-20180501",
                        "attributes": {
                            "description": "",
                            "family": "staging-cassandra2-data",
                            "id": "staging-cassandra2-data-20180501",
                            "label_fingerprint": "42WmSpB8rSM=",
                            "labels.%": "0",
                            "licenses.#": "0",
                            "name": "staging-cassandra2-data-20180501",
                            "project": "waze-development",
                            "self_link": "https://www.googleapis.com/compute/v1/projects/waze-development/global/images/staging-cassandra2-data-20180501",
                            "source_disk": "https://www.googleapis.com/compute/v1/projects/waze-development/zones/europe-west1-c/disks/cassandra-data"
                        },
                        "meta": {},
                        "tainted": false
                    },
                    "deposed": [],
                    "provider": "provider.google"
                },
                "google_compute_image.staging_cassandra3_data_20180501": {
                    "type": "google_compute_image",
                    "depends_on": [],
                    "primary": {
                        "id": "staging-cassandra3-data-20180501",
                        "attributes": {
                            "description": "",
                            "family": "staging-cassandra3-data",
                            "id": "staging-cassandra3-data-20180501",
                            "label_fingerprint": "42WmSpB8rSM=",
                            "labels.%": "0",
                            "licenses.#": "0",
                            "name": "staging-cassandra3-data-20180501",
                            "project": "waze-development",
                            "self_link": "https://www.googleapis.com/compute/v1/projects/waze-development/global/images/staging-cassandra3-data-20180501",
                            "source_disk": "https://www.googleapis.com/compute/v1/projects/waze-development/zones/europe-west1-c/disks/cassandra-data"
                        },
                        "meta": {},
                        "tainted": false
                    },
                    "deposed": [],
                    "provider": "provider.google"
                },
                "google_compute_image.staging_cassandra_image_20180426": {
                    "type": "google_compute_image",
                    "depends_on": [],
                    "primary": {
                        "id": "staging-cassandra-image-20180426",
                        "attributes": {
                            "description": "",
                            "family": "staging-cassandra-image",
                            "id": "staging-cassandra-image-20180426",
                            "label_fingerprint": "42WmSpB8rSM=",
                            "labels.%": "0",
                            "licenses.#": "1",
                            "licenses.0": "https://www.googleapis.com/compute/v1/projects/ubuntu-os-cloud/global/licenses/ubuntu-1604-xenial",
                            "name": "staging-cassandra-image-20180426",
                            "project": "waze-development",
                            "self_link": "https://www.googleapis.com/compute/v1/projects/waze-development/global/images/staging-cassandra-image-20180426",
                            "source_disk": "https://www.googleapis.com/compute/v1/projects/waze-development/zones/europe-west1-c/disks/cassandra-base-image"
                        },
                        "meta": {},
                        "tainted": false
                    },
                    "deposed": [],
                    "provider": "provider.google"
                },
                "google_compute_image.staging_db_image_20180618": {
                    "type": "google_compute_image",
                    "depends_on": [],
                    "primary": {
                        "id": "staging-db-image-20180618",
                        "attributes": {
                            "description": "",
                            "family": "staging-db-image",
                            "id": "staging-db-image-20180618",
                            "label_fingerprint": "42WmSpB8rSM=",
                            "labels.%": "0",
                            "licenses.#": "1",
                            "licenses.0": "https://www.googleapis.com/compute/v1/projects/ubuntu-os-cloud/global/licenses/ubuntu-1604-xenial",
                            "name": "staging-db-image-20180618",
                            "project": "waze-development",
                            "self_link": "https://www.googleapis.com/compute/v1/projects/waze-development/global/images/staging-db-image-20180618",
                            "source_disk": "https://www.googleapis.com/compute/v1/projects/waze-development/zones/europe-west1-c/disks/postgres-stg"
                        },
                        "meta": {},
                        "tainted": false
                    },
                    "deposed": [],
                    "provider": "provider.google"
                },
                "google_compute_image.staging_db_image_20180618_1": {
                    "type": "google_compute_image",
                    "depends_on": [],
                    "primary": {
                        "id": "staging-db-image-20180618-1",
                        "attributes": {
                            "description": "",
                            "family": "staging-db-image",
                            "id": "staging-db-image-20180618-1",
                            "label_fingerprint": "42WmSpB8rSM=",
                            "labels.%": "0",
                            "licenses.#": "1",
                            "licenses.0": "https://www.googleapis.com/compute/v1/projects/ubuntu-os-cloud/global/licenses/ubuntu-1604-xenial",
                            "name": "staging-db-image-20180618-1",
                            "project": "waze-development",
                            "self_link": "https://www.googleapis.com/compute/v1/projects/waze-development/global/images/staging-db-image-20180618-1",
                            "source_disk": "https://www.googleapis.com/compute/v1/projects/waze-development/zones/europe-west1-c/disks/postgres-stg"
                        },
                        "meta": {},
                        "tainted": false
                    },
                    "deposed": [],
                    "provider": "provider.google"
                },
                "google_compute_image.staging_db_image_20180619": {
                    "type": "google_compute_image",
                    "depends_on": [],
                    "primary": {
                        "id": "staging-db-image-20180619",
                        "attributes": {
                            "description": "",
                            "family": "staging-db-image",
                            "id": "staging-db-image-20180619",
                            "label_fingerprint": "42WmSpB8rSM=",
                            "labels.%": "0",
                            "licenses.#": "1",
                            "licenses.0": "https://www.googleapis.com/compute/v1/projects/ubuntu-os-cloud/global/licenses/ubuntu-1604-xenial",
                            "name": "staging-db-image-20180619",
                            "project": "waze-development",
                            "self_link": "https://www.googleapis.com/compute/v1/projects/waze-development/global/images/staging-db-image-20180619",
                            "source_disk": "https://www.googleapis.com/compute/v1/projects/waze-development/zones/europe-west1-c/disks/postgres-stg"
                        },
                        "meta": {},
                        "tainted": false
                    },
                    "deposed": [],
                    "provider": "provider.google"
                },
                "google_compute_image.staging_db_image_2018_04_10": {
                    "type": "google_compute_image",
                    "depends_on": [],
                    "primary": {
                        "id": "staging-db-image-2018-04-10",
                        "attributes": {
                            "description": "",
                            "family": "staging-db-image",
                            "id": "staging-db-image-2018-04-10",
                            "label_fingerprint": "42WmSpB8rSM=",
                            "labels.%": "0",
                            "licenses.#": "1",
                            "licenses.0": "https://www.googleapis.com/compute/v1/projects/ubuntu-os-cloud/global/licenses/ubuntu-1604-xenial",
                            "name": "staging-db-image-2018-04-10",
                            "project": "waze-development",
                            "self_link": "https://www.googleapis.com/compute/v1/projects/waze-development/global/images/staging-db-image-2018-04-10",
                            "source_disk": "https://www.googleapis.com/compute/v1/projects/waze-development/zones/europe-west1-c/disks/staging-db-template"
                        },
                        "meta": {},
                        "tainted": false
                    },
                    "deposed": [],
                    "provider": "provider.google"
                },
                "google_compute_image.staging_db_image_2018_04_16": {
                    "type": "google_compute_image",
                    "depends_on": [],
                    "primary": {
                        "id": "staging-db-image-2018-04-16",
                        "attributes": {
                            "description": "",
                            "family": "staging-db-image",
                            "id": "staging-db-image-2018-04-16",
                            "label_fingerprint": "42WmSpB8rSM=",
                            "labels.%": "0",
                            "licenses.#": "1",
                            "licenses.0": "https://www.googleapis.com/compute/v1/projects/ubuntu-os-cloud/global/licenses/ubuntu-1604-xenial",
                            "name": "staging-db-image-2018-04-16",
                            "project": "waze-development",
                            "self_link": "https://www.googleapis.com/compute/v1/projects/waze-development/global/images/staging-db-image-2018-04-16",
                            "source_disk": "https://www.googleapis.com/compute/v1/projects/waze-development/zones/europe-west1-c/disks/postgres-stg"
                        },
                        "meta": {},
                        "tainted": false
                    },
                    "deposed": [],
                    "provider": "provider.google"
                },
                "google_compute_image.stg1_emailserver_20161117_1216": {
                    "type": "google_compute_image",
                    "depends_on": [],
                    "primary": {
                        "id": "stg1-emailserver-20161117-1216",
                        "attributes": {
                            "description": "stg1-emailserver-20161117-1216",
                            "family": "",
                            "id": "stg1-emailserver-20161117-1216",
                            "label_fingerprint": "-LlnG-juVqA=",
                            "labels.%": "1",
                            "labels.prune": "true",
                            "licenses.#": "1",
                            "licenses.0": "https://www.googleapis.com/compute/v1/projects/ubuntu-os-cloud/global/licenses/ubuntu-1404-trusty",
                            "name": "stg1-emailserver-20161117-1216",
                            "project": "waze-development",
                            "self_link": "https://www.googleapis.com/compute/v1/projects/waze-development/global/images/stg1-emailserver-20161117-1216",
                            "source_disk": "https://www.googleapis.com/compute/v1/projects/waze-development/zones/europe-west1-d/disks/packer-582da81a-5021-a044-a9d4-3edfc08e8f02"
                        },
                        "meta": {},
                        "tainted": false
                    },
                    "deposed": [],
                    "provider": "provider.google"
                },
                "google_compute_image.stg1_routingserver_20161123_1459": {
                    "type": "google_compute_image",
                    "depends_on": [],
                    "primary": {
                        "id": "stg1-routingserver-20161123-1459",
                        "attributes": {
                            "description": "stg1-routingserver-20161123-1459",
                            "family": "",
                            "id": "stg1-routingserver-20161123-1459",
                            "label_fingerprint": "-LlnG-juVqA=",
                            "labels.%": "1",
                            "labels.prune": "true",
                            "licenses.#": "1",
                            "licenses.0": "https://www.googleapis.com/compute/v1/projects/ubuntu-os-cloud/global/licenses/ubuntu-1404-trusty",
                            "name": "stg1-routingserver-20161123-1459",
                            "project": "waze-development",
                            "self_link": "https://www.googleapis.com/compute/v1/projects/waze-development/global/images/stg1-routingserver-20161123-1459",
                            "source_disk": "https://www.googleapis.com/compute/v1/projects/waze-development/zones/europe-west1-d/disks/packer-5835aee9-8c33-ed30-553e-4cb2f77b8478"
                        },
                        "meta": {},
                        "tainted": false
                    },
                    "deposed": [],
                    "provider": "provider.google"
                },
                "google_compute_image.stg1_routingserver_20161124_0845": {
                    "type": "google_compute_image",
                    "depends_on": [],
                    "primary": {
                        "id": "stg1-routingserver-20161124-0845",
                        "attributes": {
                            "description": "stg1-routingserver-20161124-0845",
                            "family": "",
                            "id": "stg1-routingserver-20161124-0845",
                            "label_fingerprint": "-LlnG-juVqA=",
                            "labels.%": "1",
                            "labels.prune": "true",
                            "licenses.#": "1",
                            "licenses.0": "https://www.googleapis.com/compute/v1/projects/ubuntu-os-cloud/global/licenses/ubuntu-1404-trusty",
                            "name": "stg1-routingserver-20161124-0845",
                            "project": "waze-development",
                            "self_link": "https://www.googleapis.com/compute/v1/projects/waze-development/global/images/stg1-routingserver-20161124-0845",
                            "source_disk": "https://www.googleapis.com/compute/v1/projects/waze-development/zones/europe-west1-d/disks/packer-5836a8f2-e17a-ca2c-b3f3-381bd3300c84"
                        },
                        "meta": {},
                        "tainted": false
                    },
                    "deposed": [],
                    "provider": "provider.google"
                },
                "google_compute_image.stg1_routingserver_beta_20161114_1042": {
                    "type": "google_compute_image",
                    "depends_on": [],
                    "primary": {
                        "id": "stg1-routingserver-beta-20161114-1042",
                        "attributes": {
                            "description": "stg1-routingserver-beta-20161114-1042",
                            "family": "",
                            "id": "stg1-routingserver-beta-20161114-1042",
                            "label_fingerprint": "-LlnG-juVqA=",
                            "labels.%": "1",
                            "labels.prune": "true",
                            "licenses.#": "1",
                            "licenses.0": "https://www.googleapis.com/compute/v1/projects/ubuntu-os-cloud/global/licenses/ubuntu-1404-trusty",
                            "name": "stg1-routingserver-beta-20161114-1042",
                            "project": "waze-development",
                            "self_link": "https://www.googleapis.com/compute/v1/projects/waze-development/global/images/stg1-routingserver-beta-20161114-1042",
                            "source_disk": "https://www.googleapis.com/compute/v1/projects/waze-development/zones/europe-west1-d/disks/packer-58299543-2e81-fe48-18f2-4df6ba055484"
                        },
                        "meta": {},
                        "tainted": false
                    },
                    "deposed": [],
                    "provider": "provider.google"
                },
                "google_compute_image.tts_engine_v01": {
                    "type": "google_compute_image",
                    "depends_on": [],
                    "primary": {
                        "id": "tts-engine-v01",
                        "attributes": {
                            "description": "",
                            "family": "",
                            "id": "tts-engine-v01",
                            "label_fingerprint": "42WmSpB8rSM=",
                            "labels.%": "0",
                            "licenses.#": "1",
                            "licenses.0": "https://www.googleapis.com/compute/v1/projects/ubuntu-os-cloud/global/licenses/ubuntu-1404-trusty",
                            "name": "tts-engine-v01",
                            "project": "waze-development",
                            "self_link": "https://www.googleapis.com/compute/v1/projects/waze-development/global/images/tts-engine-v01",
                            "source_disk": "https://www.googleapis.com/compute/v1/projects/waze-development/zones/europe-west1-b/disks/row-staging-tts-engine1"
                        },
                        "meta": {},
                        "tainted": false
                    },
                    "deposed": [],
                    "provider": "provider.google"
                },
                "google_compute_image.tts_engine_v02": {
                    "type": "google_compute_image",
                    "depends_on": [],
                    "primary": {
                        "id": "tts-engine-v02",
                        "attributes": {
                            "description": "",
                            "family": "",
                            "id": "tts-engine-v02",
                            "label_fingerprint": "42WmSpB8rSM=",
                            "labels.%": "0",
                            "licenses.#": "0",
                            "name": "tts-engine-v02",
                            "project": "waze-development",
                            "self_link": "https://www.googleapis.com/compute/v1/projects/waze-development/global/images/tts-engine-v02",
                            "source_disk": "https://www.googleapis.com/compute/v1/projects/waze-development/zones/europe-west1-c/disks/tts-engine-deleteme"
                        },
                        "meta": {},
                        "tainted": false
                    },
                    "deposed": [],
                    "provider": "provider.google"
                }
            },
            "depends_on": []
        }
    ]
}
