{
    "version": 3,
    "terraform_version": "0.11.10",
    "serial": 1,
    "lineage": "9cf10406-9f3b-ce98-5caf-642e9bf13e45",
    "modules": [
        {
            "path": [
                "root"
            ],
            "outputs": {},
            "resources": {
                "google_dns_managed_zone.funl": {
                    "type": "google_dns_managed_zone",
                    "depends_on": [],
                    "primary": {
                        "id": "funl",
                        "attributes": {
                            "description": "IFS Domain",
                            "dns_name": "fu.nl.",
                            "id": "funl",
                            "labels.%": "0",
                            "name": "funl",
                            "name_servers.#": "4",
                            "name_servers.0": "ns-cloud-c1.googledomains.com.",
                            "name_servers.1": "ns-cloud-c2.googledomains.com.",
                            "name_servers.2": "ns-cloud-c3.googledomains.com.",
                            "name_servers.3": "ns-cloud-c4.googledomains.com.",
                            "project": "waze-development"
                        },
                        "meta": {},
                        "tainted": false
                    },
                    "deposed": [],
                    "provider": "provider.google"
                },
                "google_dns_managed_zone.mapathon": {
                    "type": "google_dns_managed_zone",
                    "depends_on": [],
                    "primary": {
                        "id": "mapathon",
                        "attributes": {
                            "description": "Mapathon Domain",
                            "dns_name": "waze-mapping.com.",
                            "id": "mapathon",
                            "labels.%": "0",
                            "name": "mapathon",
                            "name_servers.#": "4",
                            "name_servers.0": "ns-cloud-b1.googledomains.com.",
                            "name_servers.1": "ns-cloud-b2.googledomains.com.",
                            "name_servers.2": "ns-cloud-b3.googledomains.com.",
                            "name_servers.3": "ns-cloud-b4.googledomains.com.",
                            "project": "waze-development"
                        },
                        "meta": {},
                        "tainted": false
                    },
                    "deposed": [],
                    "provider": "provider.google"
                },
                "google_dns_managed_zone.wazestg": {
                    "type": "google_dns_managed_zone",
                    "depends_on": [],
                    "primary": {
                        "id": "wazestg",
                        "attributes": {
                            "description": "Waze Staging Domain",
                            "dns_name": "wazestg.com.",
                            "id": "wazestg",
                            "labels.%": "0",
                            "name": "wazestg",
                            "name_servers.#": "4",
                            "name_servers.0": "ns-cloud-c1.googledomains.com.",
                            "name_servers.1": "ns-cloud-c2.googledomains.com.",
                            "name_servers.2": "ns-cloud-c3.googledomains.com.",
                            "name_servers.3": "ns-cloud-c4.googledomains.com.",
                            "project": "waze-development"
                        },
                        "meta": {},
                        "tainted": false
                    },
                    "deposed": [],
                    "provider": "provider.google"
                },
                "google_dns_record_set.6ci2gcpdmstz-gcp-wazestg-com-_CNAME": {
                    "type": "google_dns_record_set",
                    "depends_on": [],
                    "primary": {
                        "id": "wazestg/6ci2gcpdmstz.gcp.wazestg.com./CNAME",
                        "attributes": {
                            "id": "wazestg/6ci2gcpdmstz.gcp.wazestg.com./CNAME",
                            "managed_zone": "wazestg",
                            "name": "6ci2gcpdmstz.gcp.wazestg.com.",
                            "project": "waze-development",
                            "rrdatas.#": "1",
                            "rrdatas.0": "gv-3bt62pv7lzt4cj.dv.googlehosted.com.",
                            "ttl": "60",
                            "type": "CNAME"
                        },
                        "meta": {},
                        "tainted": false
                    },
                    "deposed": [],
                    "provider": "provider.google"
                },
                "google_dns_record_set._validate_domain-fu-nl-_CNAME": {
                    "type": "google_dns_record_set",
                    "depends_on": [],
                    "primary": {
                        "id": "funl/_validate_domain.fu.nl./CNAME",
                        "attributes": {
                            "id": "funl/_validate_domain.fu.nl./CNAME",
                            "managed_zone": "funl",
                            "name": "_validate_domain.fu.nl.",
                            "project": "waze-development",
                            "rrdatas.#": "1",
                            "rrdatas.0": "_validate_domain.pki.goog.",
                            "ttl": "300",
                            "type": "CNAME"
                        },
                        "meta": {},
                        "tainted": false
                    },
                    "deposed": [],
                    "provider": "provider.google"
                },
                "google_dns_record_set._validate_domain-wazestg-com-_CNAME": {
                    "type": "google_dns_record_set",
                    "depends_on": [],
                    "primary": {
                        "id": "wazestg/_validate_domain.wazestg.com./CNAME",
                        "attributes": {
                            "id": "wazestg/_validate_domain.wazestg.com./CNAME",
                            "managed_zone": "wazestg",
                            "name": "_validate_domain.wazestg.com.",
                            "project": "waze-development",
                            "rrdatas.#": "1",
                            "rrdatas.0": "_validate_domain.pki.goog.",
                            "ttl": "300",
                            "type": "CNAME"
                        },
                        "meta": {},
                        "tainted": false
                    },
                    "deposed": [],
                    "provider": "provider.google"
                },
                "google_dns_record_set.adjust-gcp-wazestg-com-_A": {
                    "type": "google_dns_record_set",
                    "depends_on": [],
                    "primary": {
                        "id": "wazestg/adjust.gcp.wazestg.com./A",
                        "attributes": {
                            "id": "wazestg/adjust.gcp.wazestg.com./A",
                            "managed_zone": "wazestg",
                            "name": "adjust.gcp.wazestg.com.",
                            "project": "waze-development",
                            "rrdatas.#": "1",
                            "rrdatas.0": "146.148.24.225",
                            "ttl": "60",
                            "type": "A"
                        },
                        "meta": {},
                        "tainted": false
                    },
                    "deposed": [],
                    "provider": "provider.google"
                },
                "google_dns_record_set.admanage-gcp-wazestg-com-_A": {
                    "type": "google_dns_record_set",
                    "depends_on": [],
                    "primary": {
                        "id": "wazestg/admanage.gcp.wazestg.com./A",
                        "attributes": {
                            "id": "wazestg/admanage.gcp.wazestg.com./A",
                            "managed_zone": "wazestg",
                            "name": "admanage.gcp.wazestg.com.",
                            "project": "waze-development",
                            "rrdatas.#": "1",
                            "rrdatas.0": "35.186.216.95",
                            "ttl": "300",
                            "type": "A"
                        },
                        "meta": {},
                        "tainted": false
                    },
                    "deposed": [],
                    "provider": "provider.google"
                },
                "google_dns_record_set.admanage_int-gcp-wazestg-com-_A": {
                    "type": "google_dns_record_set",
                    "depends_on": [],
                    "primary": {
                        "id": "wazestg/admanage-int.gcp.wazestg.com./A",
                        "attributes": {
                            "id": "wazestg/admanage-int.gcp.wazestg.com./A",
                            "managed_zone": "wazestg",
                            "name": "admanage-int.gcp.wazestg.com.",
                            "project": "waze-development",
                            "rrdatas.#": "1",
                            "rrdatas.0": "10.240.0.81",
                            "ttl": "300",
                            "type": "A"
                        },
                        "meta": {},
                        "tainted": false
                    },
                    "deposed": [],
                    "provider": "provider.google"
                },
                "google_dns_record_set.admanage_proxy-gcp-wazestg-com-_A": {
                    "type": "google_dns_record_set",
                    "depends_on": [],
                    "primary": {
                        "id": "wazestg/admanage-proxy.gcp.wazestg.com./A",
                        "attributes": {
                            "id": "wazestg/admanage-proxy.gcp.wazestg.com./A",
                            "managed_zone": "wazestg",
                            "name": "admanage-proxy.gcp.wazestg.com.",
                            "project": "waze-development",
                            "rrdatas.#": "1",
                            "rrdatas.0": "35.186.235.74",
                            "ttl": "300",
                            "type": "A"
                        },
                        "meta": {},
                        "tainted": false
                    },
                    "deposed": [],
                    "provider": "provider.google"
                },
                "google_dns_record_set.admanage_stg12-gcp-wazestg-com-_A": {
                    "type": "google_dns_record_set",
                    "depends_on": [],
                    "primary": {
                        "id": "wazestg/admanage-stg12.gcp.wazestg.com./A",
                        "attributes": {
                            "id": "wazestg/admanage-stg12.gcp.wazestg.com./A",
                            "managed_zone": "wazestg",
                            "name": "admanage-stg12.gcp.wazestg.com.",
                            "project": "waze-development",
                            "rrdatas.#": "1",
                            "rrdatas.0": "35.244.235.115",
                            "ttl": "300",
                            "type": "A"
                        },
                        "meta": {},
                        "tainted": false
                    },
                    "deposed": [],
                    "provider": "provider.google"
                },
                "google_dns_record_set.admanage_stg14-gcp-wazestg-com-_A": {
                    "type": "google_dns_record_set",
                    "depends_on": [],
                    "primary": {
                        "id": "wazestg/admanage-stg14.gcp.wazestg.com./A",
                        "attributes": {
                            "id": "wazestg/admanage-stg14.gcp.wazestg.com./A",
                            "managed_zone": "wazestg",
                            "name": "admanage-stg14.gcp.wazestg.com.",
                            "project": "waze-development",
                            "rrdatas.#": "1",
                            "rrdatas.0": "35.244.138.224",
                            "ttl": "300",
                            "type": "A"
                        },
                        "meta": {},
                        "tainted": false
                    },
                    "deposed": [],
                    "provider": "provider.google"
                },
                "google_dns_record_set.admanage_stg19-gcp-wazestg-com-_A": {
                    "type": "google_dns_record_set",
                    "depends_on": [],
                    "primary": {
                        "id": "wazestg/admanage-stg19.gcp.wazestg.com./A",
                        "attributes": {
                            "id": "wazestg/admanage-stg19.gcp.wazestg.com./A",
                            "managed_zone": "wazestg",
                            "name": "admanage-stg19.gcp.wazestg.com.",
                            "project": "waze-development",
                            "rrdatas.#": "1",
                            "rrdatas.0": "35.244.138.224",
                            "ttl": "300",
                            "type": "A"
                        },
                        "meta": {},
                        "tainted": false
                    },
                    "deposed": [],
                    "provider": "provider.google"
                },
                "google_dns_record_set.admanage_stg30-gcp-wazestg-com-_A": {
                    "type": "google_dns_record_set",
                    "depends_on": [],
                    "primary": {
                        "id": "wazestg/admanage-stg30.gcp.wazestg.com./A",
                        "attributes": {
                            "id": "wazestg/admanage-stg30.gcp.wazestg.com./A",
                            "managed_zone": "wazestg",
                            "name": "admanage-stg30.gcp.wazestg.com.",
                            "project": "waze-development",
                            "rrdatas.#": "1",
                            "rrdatas.0": "35.244.214.219",
                            "ttl": "300",
                            "type": "A"
                        },
                        "meta": {},
                        "tainted": false
                    },
                    "deposed": [],
                    "provider": "provider.google"
                },
                "google_dns_record_set.admanage_stg5-gcp-wazestg-com-_A": {
                    "type": "google_dns_record_set",
                    "depends_on": [],
                    "primary": {
                        "id": "wazestg/admanage-stg5.gcp.wazestg.com./A",
                        "attributes": {
                            "id": "wazestg/admanage-stg5.gcp.wazestg.com./A",
                            "managed_zone": "wazestg",
                            "name": "admanage-stg5.gcp.wazestg.com.",
                            "project": "waze-development",
                            "rrdatas.#": "1",
                            "rrdatas.0": "35.244.198.1",
                            "ttl": "300",
                            "type": "A"
                        },
                        "meta": {},
                        "tainted": false
                    },
                    "deposed": [],
                    "provider": "provider.google"
                },
                "google_dns_record_set.admanage_stg7-gcp-wazestg-com-_A": {
                    "type": "google_dns_record_set",
                    "depends_on": [],
                    "primary": {
                        "id": "wazestg/admanage-stg7.gcp.wazestg.com./A",
                        "attributes": {
                            "id": "wazestg/admanage-stg7.gcp.wazestg.com./A",
                            "managed_zone": "wazestg",
                            "name": "admanage-stg7.gcp.wazestg.com.",
                            "project": "waze-development",
                            "rrdatas.#": "1",
                            "rrdatas.0": "35.244.198.1",
                            "ttl": "300",
                            "type": "A"
                        },
                        "meta": {},
                        "tainted": false
                    },
                    "deposed": [],
                    "provider": "provider.google"
                },
                "google_dns_record_set.admiral-gcp-wazestg-com-_CNAME": {
                    "type": "google_dns_record_set",
                    "depends_on": [],
                    "primary": {
                        "id": "wazestg/admiral.gcp.wazestg.com./CNAME",
                        "attributes": {
                            "id": "wazestg/admiral.gcp.wazestg.com./CNAME",
                            "managed_zone": "wazestg",
                            "name": "admiral.gcp.wazestg.com.",
                            "project": "waze-development",
                            "rrdatas.#": "1",
                            "rrdatas.0": "ghs.googlehosted.com.",
                            "ttl": "60",
                            "type": "CNAME"
                        },
                        "meta": {},
                        "tainted": false
                    },
                    "deposed": [],
                    "provider": "provider.google"
                },
                "google_dns_record_set.adorn-gcp-wazestg-com-_CNAME": {
                    "type": "google_dns_record_set",
                    "depends_on": [],
                    "primary": {
                        "id": "wazestg/adorn.gcp.wazestg.com./CNAME",
                        "attributes": {
                            "id": "wazestg/adorn.gcp.wazestg.com./CNAME",
                            "managed_zone": "wazestg",
                            "name": "adorn.gcp.wazestg.com.",
                            "project": "waze-development",
                            "rrdatas.#": "1",
                            "rrdatas.0": "ghs.googlehosted.com.",
                            "ttl": "300",
                            "type": "CNAME"
                        },
                        "meta": {},
                        "tainted": false
                    },
                    "deposed": [],
                    "provider": "provider.google"
                },
                "google_dns_record_set.ads-gcp-wazestg-com-_A": {
                    "type": "google_dns_record_set",
                    "depends_on": [],
                    "primary": {
                        "id": "wazestg/ads.gcp.wazestg.com./A",
                        "attributes": {
                            "id": "wazestg/ads.gcp.wazestg.com./A",
                            "managed_zone": "wazestg",
                            "name": "ads.gcp.wazestg.com.",
                            "project": "waze-development",
                            "rrdatas.#": "1",
                            "rrdatas.0": "146.148.24.225",
                            "ttl": "900",
                            "type": "A"
                        },
                        "meta": {},
                        "tainted": false
                    },
                    "deposed": [],
                    "provider": "provider.google"
                },
                "google_dns_record_set.ads_memcached_stg1-wazestg-com-_A": {
                    "type": "google_dns_record_set",
                    "depends_on": [],
                    "primary": {
                        "id": "wazestg/ads-memcached-stg1.wazestg.com./A",
                        "attributes": {
                            "id": "wazestg/ads-memcached-stg1.wazestg.com./A",
                            "managed_zone": "wazestg",
                            "name": "ads-memcached-stg1.wazestg.com.",
                            "project": "waze-development",
                            "rrdatas.#": "1",
                            "rrdatas.0": "10.240.1.14",
                            "ttl": "60",
                            "type": "A"
                        },
                        "meta": {},
                        "tainted": false
                    },
                    "deposed": [],
                    "provider": "provider.google"
                },
                "google_dns_record_set.adsapi_proxy-gcp-wazestg-com-_A": {
                    "type": "google_dns_record_set",
                    "depends_on": [],
                    "primary": {
                        "id": "wazestg/adsapi-proxy.gcp.wazestg.com./A",
                        "attributes": {
                            "id": "wazestg/adsapi-proxy.gcp.wazestg.com./A",
                            "managed_zone": "wazestg",
                            "name": "adsapi-proxy.gcp.wazestg.com.",
                            "project": "waze-development",
                            "rrdatas.#": "1",
                            "rrdatas.0": "35.227.250.129",
                            "ttl": "300",
                            "type": "A"
                        },
                        "meta": {},
                        "tainted": false
                    },
                    "deposed": [],
                    "provider": "provider.google"
                },
                "google_dns_record_set.adsassets-gcp-wazestg-com-_A": {
                    "type": "google_dns_record_set",
                    "depends_on": [],
                    "primary": {
                        "id": "wazestg/adsassets.gcp.wazestg.com./A",
                        "attributes": {
                            "id": "wazestg/adsassets.gcp.wazestg.com./A",
                            "managed_zone": "wazestg",
                            "name": "adsassets.gcp.wazestg.com.",
                            "project": "waze-development",
                            "rrdatas.#": "1",
                            "rrdatas.0": "35.190.54.247",
                            "ttl": "60",
                            "type": "A"
                        },
                        "meta": {},
                        "tainted": false
                    },
                    "deposed": [],
                    "provider": "provider.google"
                },
                "google_dns_record_set.adslb-gcp-wazestg-com-_A": {
                    "type": "google_dns_record_set",
                    "depends_on": [],
                    "primary": {
                        "id": "wazestg/adslb.gcp.wazestg.com./A",
                        "attributes": {
                            "id": "wazestg/adslb.gcp.wazestg.com./A",
                            "managed_zone": "wazestg",
                            "name": "adslb.gcp.wazestg.com.",
                            "project": "waze-development",
                            "rrdatas.#": "1",
                            "rrdatas.0": "107.178.246.185",
                            "ttl": "300",
                            "type": "A"
                        },
                        "meta": {},
                        "tainted": false
                    },
                    "deposed": [],
                    "provider": "provider.google"
                },
                "google_dns_record_set.advil-gcp-wazestg-com-_A": {
                    "type": "google_dns_record_set",
                    "depends_on": [],
                    "primary": {
                        "id": "wazestg/advil.gcp.wazestg.com./A",
                        "attributes": {
                            "id": "wazestg/advil.gcp.wazestg.com./A",
                            "managed_zone": "wazestg",
                            "name": "advil.gcp.wazestg.com.",
                            "project": "waze-development",
                            "rrdatas.#": "1",
                            "rrdatas.0": "146.148.24.225",
                            "ttl": "900",
                            "type": "A"
                        },
                        "meta": {},
                        "tainted": false
                    },
                    "deposed": [],
                    "provider": "provider.google"
                },
                "google_dns_record_set.advil-wazestg-com-_CNAME": {
                    "type": "google_dns_record_set",
                    "depends_on": [],
                    "primary": {
                        "id": "wazestg/advil.wazestg.com./CNAME",
                        "attributes": {
                            "id": "wazestg/advil.wazestg.com./CNAME",
                            "managed_zone": "wazestg",
                            "name": "advil.wazestg.com.",
                            "project": "waze-development",
                            "rrdatas.#": "1",
                            "rrdatas.0": "ghs.googlehosted.com.",
                            "ttl": "300",
                            "type": "CNAME"
                        },
                        "meta": {},
                        "tainted": false
                    },
                    "deposed": [],
                    "provider": "provider.google"
                },
                "google_dns_record_set.advil_gae-gcp-wazestg-com-_CNAME": {
                    "type": "google_dns_record_set",
                    "depends_on": [],
                    "primary": {
                        "id": "wazestg/advil-gae.gcp.wazestg.com./CNAME",
                        "attributes": {
                            "id": "wazestg/advil-gae.gcp.wazestg.com./CNAME",
                            "managed_zone": "wazestg",
                            "name": "advil-gae.gcp.wazestg.com.",
                            "project": "waze-development",
                            "rrdatas.#": "1",
                            "rrdatas.0": "ghs.googlehosted.com.",
                            "ttl": "60",
                            "type": "CNAME"
                        },
                        "meta": {},
                        "tainted": false
                    },
                    "deposed": [],
                    "provider": "provider.google"
                },
                "google_dns_record_set.alerts-apigateway-fu-nl-_CNAME": {
                    "type": "google_dns_record_set",
                    "depends_on": [],
                    "primary": {
                        "id": "funl/alerts.apigateway.fu.nl./CNAME",
                        "attributes": {
                            "id": "funl/alerts.apigateway.fu.nl./CNAME",
                            "managed_zone": "funl",
                            "name": "alerts.apigateway.fu.nl.",
                            "project": "waze-development",
                            "rrdatas.#": "1",
                            "rrdatas.0": "q1j5c7tg9j.execute-api.us-east-1.amazonaws.com.",
                            "ttl": "300",
                            "type": "CNAME"
                        },
                        "meta": {},
                        "tainted": false
                    },
                    "deposed": [],
                    "provider": "provider.google"
                },
                "google_dns_record_set.api-cassandra_on_k8s-wazestg-com-_A": {
                    "type": "google_dns_record_set",
                    "depends_on": [],
                    "primary": {
                        "id": "wazestg/api.cassandra-on-k8s.wazestg.com./A",
                        "attributes": {
                            "id": "wazestg/api.cassandra-on-k8s.wazestg.com./A",
                            "managed_zone": "wazestg",
                            "name": "api.cassandra-on-k8s.wazestg.com.",
                            "project": "waze-development",
                            "rrdatas.#": "1",
                            "rrdatas.0": "35.195.139.117",
                            "ttl": "60",
                            "type": "A"
                        },
                        "meta": {},
                        "tainted": false
                    },
                    "deposed": [],
                    "provider": "provider.google"
                },
                "google_dns_record_set.api-internal-cassandra_on_k8s-wazestg-com-_A": {
                    "type": "google_dns_record_set",
                    "depends_on": [],
                    "primary": {
                        "id": "wazestg/api.internal.cassandra-on-k8s.wazestg.com./A",
                        "attributes": {
                            "id": "wazestg/api.internal.cassandra-on-k8s.wazestg.com./A",
                            "managed_zone": "wazestg",
                            "name": "api.internal.cassandra-on-k8s.wazestg.com.",
                            "project": "waze-development",
                            "rrdatas.#": "1",
                            "rrdatas.0": "10.132.0.2",
                            "ttl": "60",
                            "type": "A"
                        },
                        "meta": {},
                        "tainted": false
                    },
                    "deposed": [],
                    "provider": "provider.google"
                },
                "google_dns_record_set.apt_ci-fu-nl-_A": {
                    "type": "google_dns_record_set",
                    "depends_on": [],
                    "primary": {
                        "id": "funl/apt-ci.fu.nl./A",
                        "attributes": {
                            "id": "funl/apt-ci.fu.nl./A",
                            "managed_zone": "funl",
                            "name": "apt-ci.fu.nl.",
                            "project": "waze-development",
                            "rrdatas.#": "1",
                            "rrdatas.0": "10.132.0.14",
                            "ttl": "300",
                            "type": "A"
                        },
                        "meta": {},
                        "tainted": false
                    },
                    "deposed": [],
                    "provider": "provider.google"
                },
                "google_dns_record_set.apt_ci_gcp-fu-nl-_A": {
                    "type": "google_dns_record_set",
                    "depends_on": [],
                    "primary": {
                        "id": "funl/apt-ci-gcp.fu.nl./A",
                        "attributes": {
                            "id": "funl/apt-ci-gcp.fu.nl./A",
                            "managed_zone": "funl",
                            "name": "apt-ci-gcp.fu.nl.",
                            "project": "waze-development",
                            "rrdatas.#": "1",
                            "rrdatas.0": "10.132.0.14",
                            "ttl": "300",
                            "type": "A"
                        },
                        "meta": {},
                        "tainted": false
                    },
                    "deposed": [],
                    "provider": "provider.google"
                },
                "google_dns_record_set.apt_na_aws-fu-nl-_A": {
                    "type": "google_dns_record_set",
                    "depends_on": [],
                    "primary": {
                        "id": "funl/apt-na-aws.fu.nl./A",
                        "attributes": {
                            "id": "funl/apt-na-aws.fu.nl./A",
                            "managed_zone": "funl",
                            "name": "apt-na-aws.fu.nl.",
                            "project": "waze-development",
                            "rrdatas.#": "1",
                            "rrdatas.0": "172.30.55.205",
                            "ttl": "300",
                            "type": "A"
                        },
                        "meta": {},
                        "tainted": false
                    },
                    "deposed": [],
                    "provider": "provider.google"
                },
                "google_dns_record_set.apt_prd_gcp-fu-nl-_A": {
                    "type": "google_dns_record_set",
                    "depends_on": [],
                    "primary": {
                        "id": "funl/apt-prd-gcp.fu.nl./A",
                        "attributes": {
                            "id": "funl/apt-prd-gcp.fu.nl./A",
                            "managed_zone": "funl",
                            "name": "apt-prd-gcp.fu.nl.",
                            "project": "waze-development",
                            "rrdatas.#": "1",
                            "rrdatas.0": "10.240.183.123",
                            "ttl": "300",
                            "type": "A"
                        },
                        "meta": {},
                        "tainted": false
                    },
                    "deposed": [],
                    "provider": "provider.google"
                },
                "google_dns_record_set.apt_prod_ext_gcp-fu-nl-_A": {
                    "type": "google_dns_record_set",
                    "depends_on": [],
                    "primary": {
                        "id": "funl/apt-prod-ext-gcp.fu.nl./A",
                        "attributes": {
                            "id": "funl/apt-prod-ext-gcp.fu.nl./A",
                            "managed_zone": "funl",
                            "name": "apt-prod-ext-gcp.fu.nl.",
                            "project": "waze-development",
                            "rrdatas.#": "1",
                            "rrdatas.0": "104.196.24.234",
                            "ttl": "300",
                            "type": "A"
                        },
                        "meta": {},
                        "tainted": false
                    },
                    "deposed": [],
                    "provider": "provider.google"
                },
                "google_dns_record_set.apt_prod_gcp-fu-nl-_A": {
                    "type": "google_dns_record_set",
                    "depends_on": [],
                    "primary": {
                        "id": "funl/apt-prod-gcp.fu.nl./A",
                        "attributes": {
                            "id": "funl/apt-prod-gcp.fu.nl./A",
                            "managed_zone": "funl",
                            "name": "apt-prod-gcp.fu.nl.",
                            "project": "waze-development",
                            "rrdatas.#": "1",
                            "rrdatas.0": "172.20.0.5",
                            "ttl": "300",
                            "type": "A"
                        },
                        "meta": {},
                        "tainted": false
                    },
                    "deposed": [],
                    "provider": "provider.google"
                },
                "google_dns_record_set.apt_row_aws-fu-nl-_A": {
                    "type": "google_dns_record_set",
                    "depends_on": [],
                    "primary": {
                        "id": "funl/apt-row-aws.fu.nl./A",
                        "attributes": {
                            "id": "funl/apt-row-aws.fu.nl./A",
                            "managed_zone": "funl",
                            "name": "apt-row-aws.fu.nl.",
                            "project": "waze-development",
                            "rrdatas.#": "1",
                            "rrdatas.0": "172.31.24.215",
                            "ttl": "300",
                            "type": "A"
                        },
                        "meta": {},
                        "tainted": false
                    },
                    "deposed": [],
                    "provider": "provider.google"
                },
                "google_dns_record_set.apt_row_ext_aws-fu-nl-_A": {
                    "type": "google_dns_record_set",
                    "depends_on": [],
                    "primary": {
                        "id": "funl/apt-row-ext-aws.fu.nl./A",
                        "attributes": {
                            "id": "funl/apt-row-ext-aws.fu.nl./A",
                            "managed_zone": "funl",
                            "name": "apt-row-ext-aws.fu.nl.",
                            "project": "waze-development",
                            "rrdatas.#": "1",
                            "rrdatas.0": "54.247.177.108",
                            "ttl": "300",
                            "type": "A"
                        },
                        "meta": {},
                        "tainted": false
                    },
                    "deposed": [],
                    "provider": "provider.google"
                },
                "google_dns_record_set.apt_stg_gcp-fu-nl-_A": {
                    "type": "google_dns_record_set",
                    "depends_on": [],
                    "primary": {
                        "id": "funl/apt-stg-gcp.fu.nl./A",
                        "attributes": {
                            "id": "funl/apt-stg-gcp.fu.nl./A",
                            "managed_zone": "funl",
                            "name": "apt-stg-gcp.fu.nl.",
                            "project": "waze-development",
                            "rrdatas.#": "1",
                            "rrdatas.0": "10.240.65.186",
                            "ttl": "300",
                            "type": "A"
                        },
                        "meta": {},
                        "tainted": false
                    },
                    "deposed": [],
                    "provider": "provider.google"
                },
                "google_dns_record_set.ateam-gcp-wazestg-com-_A": {
                    "type": "google_dns_record_set",
                    "depends_on": [],
                    "primary": {
                        "id": "wazestg/ateam.gcp.wazestg.com./A",
                        "attributes": {
                            "id": "wazestg/ateam.gcp.wazestg.com./A",
                            "managed_zone": "wazestg",
                            "name": "ateam.gcp.wazestg.com.",
                            "project": "waze-development",
                            "rrdatas.#": "1",
                            "rrdatas.0": "10.240.0.89",
                            "ttl": "60",
                            "type": "A"
                        },
                        "meta": {},
                        "tainted": false
                    },
                    "deposed": [],
                    "provider": "provider.google"
                },
                "google_dns_record_set.biz-gcp-wazestg-com-_A": {
                    "type": "google_dns_record_set",
                    "depends_on": [],
                    "primary": {
                        "id": "wazestg/biz.gcp.wazestg.com./A",
                        "attributes": {
                            "id": "wazestg/biz.gcp.wazestg.com./A",
                            "managed_zone": "wazestg",
                            "name": "biz.gcp.wazestg.com.",
                            "project": "waze-development",
                            "rrdatas.#": "1",
                            "rrdatas.0": "130.211.10.102",
                            "ttl": "900",
                            "type": "A"
                        },
                        "meta": {},
                        "tainted": false
                    },
                    "deposed": [],
                    "provider": "provider.google"
                },
                "google_dns_record_set.biz_dev_eladm-gcp-wazestg-com-_A": {
                    "type": "google_dns_record_set",
                    "depends_on": [],
                    "primary": {
                        "id": "wazestg/biz-dev-eladm.gcp.wazestg.com./A",
                        "attributes": {
                            "id": "wazestg/biz-dev-eladm.gcp.wazestg.com./A",
                            "managed_zone": "wazestg",
                            "name": "biz-dev-eladm.gcp.wazestg.com.",
                            "project": "waze-development",
                            "rrdatas.#": "1",
                            "rrdatas.0": "146.148.24.225",
                            "ttl": "300",
                            "type": "A"
                        },
                        "meta": {},
                        "tainted": false
                    },
                    "deposed": [],
                    "provider": "provider.google"
                },
                "google_dns_record_set.biz_dev_elanh-gcp-wazestg-com-_A": {
                    "type": "google_dns_record_set",
                    "depends_on": [],
                    "primary": {
                        "id": "wazestg/biz-dev-elanh.gcp.wazestg.com./A",
                        "attributes": {
                            "id": "wazestg/biz-dev-elanh.gcp.wazestg.com./A",
                            "managed_zone": "wazestg",
                            "name": "biz-dev-elanh.gcp.wazestg.com.",
                            "project": "waze-development",
                            "rrdatas.#": "1",
                            "rrdatas.0": "146.148.24.225",
                            "ttl": "300",
                            "type": "A"
                        },
                        "meta": {},
                        "tainted": false
                    },
                    "deposed": [],
                    "provider": "provider.google"
                },
                "google_dns_record_set.biz_dev_sagie-gcp-wazestg-com-_A": {
                    "type": "google_dns_record_set",
                    "depends_on": [],
                    "primary": {
                        "id": "wazestg/biz-dev-sagie.gcp.wazestg.com./A",
                        "attributes": {
                            "id": "wazestg/biz-dev-sagie.gcp.wazestg.com./A",
                            "managed_zone": "wazestg",
                            "name": "biz-dev-sagie.gcp.wazestg.com.",
                            "project": "waze-development",
                            "rrdatas.#": "1",
                            "rrdatas.0": "146.148.24.225",
                            "ttl": "300",
                            "type": "A"
                        },
                        "meta": {},
                        "tainted": false
                    },
                    "deposed": [],
                    "provider": "provider.google"
                },
                "google_dns_record_set.biz_exp-gcp-wazestg-com-_A": {
                    "type": "google_dns_record_set",
                    "depends_on": [],
                    "primary": {
                        "id": "wazestg/biz-exp.gcp.wazestg.com./A",
                        "attributes": {
                            "id": "wazestg/biz-exp.gcp.wazestg.com./A",
                            "managed_zone": "wazestg",
                            "name": "biz-exp.gcp.wazestg.com.",
                            "project": "waze-development",
                            "rrdatas.#": "1",
                            "rrdatas.0": "130.211.10.102",
                            "ttl": "300",
                            "type": "A"
                        },
                        "meta": {},
                        "tainted": false
                    },
                    "deposed": [],
                    "provider": "provider.google"
                },
                "google_dns_record_set.bticons-fu-nl-_A": {
                    "type": "google_dns_record_set",
                    "depends_on": [],
                    "primary": {
                        "id": "funl/bticons.fu.nl./A",
                        "attributes": {
                            "id": "funl/bticons.fu.nl./A",
                            "managed_zone": "funl",
                            "name": "bticons.fu.nl.",
                            "project": "waze-development",
                            "rrdatas.#": "1",
                            "rrdatas.0": "54.195.80.50",
                            "ttl": "300",
                            "type": "A"
                        },
                        "meta": {},
                        "tainted": false
                    },
                    "deposed": [],
                    "provider": "provider.google"
                },
                "google_dns_record_set.bugger-apigateway-fu-nl-_CNAME": {
                    "type": "google_dns_record_set",
                    "depends_on": [],
                    "primary": {
                        "id": "funl/bugger.apigateway.fu.nl./CNAME",
                        "attributes": {
                            "id": "funl/bugger.apigateway.fu.nl./CNAME",
                            "managed_zone": "funl",
                            "name": "bugger.apigateway.fu.nl.",
                            "project": "waze-development",
                            "rrdatas.#": "1",
                            "rrdatas.0": "mhpddqp2zg.execute-api.us-east-1.amazonaws.com.",
                            "ttl": "300",
                            "type": "CNAME"
                        },
                        "meta": {},
                        "tainted": false
                    },
                    "deposed": [],
                    "provider": "provider.google"
                },
                "google_dns_record_set.carpool_groups_images-gcp-wazestg-com-_A": {
                    "type": "google_dns_record_set",
                    "depends_on": [],
                    "primary": {
                        "id": "wazestg/carpool-groups-images.gcp.wazestg.com./A",
                        "attributes": {
                            "id": "wazestg/carpool-groups-images.gcp.wazestg.com./A",
                            "managed_zone": "wazestg",
                            "name": "carpool-groups-images.gcp.wazestg.com.",
                            "project": "waze-development",
                            "rrdatas.#": "1",
                            "rrdatas.0": "35.190.92.68",
                            "ttl": "60",
                            "type": "A"
                        },
                        "meta": {},
                        "tainted": false
                    },
                    "deposed": [],
                    "provider": "provider.google"
                },
                "google_dns_record_set.carpool_memcached_stg1-wazestg-com-_A": {
                    "type": "google_dns_record_set",
                    "depends_on": [],
                    "primary": {
                        "id": "wazestg/carpool-memcached-stg1.wazestg.com./A",
                        "attributes": {
                            "id": "wazestg/carpool-memcached-stg1.wazestg.com./A",
                            "managed_zone": "wazestg",
                            "name": "carpool-memcached-stg1.wazestg.com.",
                            "project": "waze-development",
                            "rrdatas.#": "6",
                            "rrdatas.0": "10.240.11.64",
                            "rrdatas.1": "10.240.11.65",
                            "rrdatas.2": "10.240.11.61",
                            "rrdatas.3": "10.240.11.62",
                            "rrdatas.4": "10.240.11.60",
                            "rrdatas.5": "10.240.11.33",
                            "ttl": "60",
                            "type": "A"
                        },
                        "meta": {},
                        "tainted": false
                    },
                    "deposed": [],
                    "provider": "provider.google"
                },
                "google_dns_record_set.carpool_test_ipc-wazestg-com-_TXT": {
                    "type": "google_dns_record_set",
                    "depends_on": [],
                    "primary": {
                        "id": "wazestg/carpool-test-ipc.wazestg.com./TXT",
                        "attributes": {
                            "id": "wazestg/carpool-test-ipc.wazestg.com./TXT",
                            "managed_zone": "wazestg",
                            "name": "carpool-test-ipc.wazestg.com.",
                            "project": "waze-development",
                            "rrdatas.#": "1",
                            "rrdatas.0": "\"europe-west1-d\"",
                            "ttl": "300",
                            "type": "TXT"
                        },
                        "meta": {},
                        "tainted": false
                    },
                    "deposed": [],
                    "provider": "provider.google"
                },
                "google_dns_record_set.carpoolindex_memcached_stg_stg1-wazestg-com-_A": {
                    "type": "google_dns_record_set",
                    "depends_on": [],
                    "primary": {
                        "id": "wazestg/carpoolindex-memcached-stg-stg1.wazestg.com./A",
                        "attributes": {
                            "id": "wazestg/carpoolindex-memcached-stg-stg1.wazestg.com./A",
                            "managed_zone": "wazestg",
                            "name": "carpoolindex-memcached-stg-stg1.wazestg.com.",
                            "project": "waze-development",
                            "rrdatas.#": "2",
                            "rrdatas.0": "10.240.1.106",
                            "rrdatas.1": "10.240.1.108",
                            "ttl": "60",
                            "type": "A"
                        },
                        "meta": {},
                        "tainted": false
                    },
                    "deposed": [],
                    "provider": "provider.google"
                },
                "google_dns_record_set.carpoolpayments-gcp-wazestg-com-_A": {
                    "type": "google_dns_record_set",
                    "depends_on": [],
                    "primary": {
                        "id": "wazestg/carpoolpayments.gcp.wazestg.com./A",
                        "attributes": {
                            "id": "wazestg/carpoolpayments.gcp.wazestg.com./A",
                            "managed_zone": "wazestg",
                            "name": "carpoolpayments.gcp.wazestg.com.",
                            "project": "waze-development",
                            "rrdatas.#": "1",
                            "rrdatas.0": "130.211.45.79",
                            "ttl": "300",
                            "type": "A"
                        },
                        "meta": {},
                        "tainted": false
                    },
                    "deposed": [],
                    "provider": "provider.google"
                },
                "google_dns_record_set.carpooltesting_ipc-gcp-wazestg-com-_TXT": {
                    "type": "google_dns_record_set",
                    "depends_on": [],
                    "primary": {
                        "id": "wazestg/carpooltesting-ipc.gcp.wazestg.com./TXT",
                        "attributes": {
                            "id": "wazestg/carpooltesting-ipc.gcp.wazestg.com./TXT",
                            "managed_zone": "wazestg",
                            "name": "carpooltesting-ipc.gcp.wazestg.com.",
                            "project": "waze-development",
                            "rrdatas.#": "1",
                            "rrdatas.0": "\"europe-west1-b,europe-west1-c,europe-west1-d\"",
                            "ttl": "60",
                            "type": "TXT"
                        },
                        "meta": {},
                        "tainted": false
                    },
                    "deposed": [],
                    "provider": "provider.google"
                },
                "google_dns_record_set.carpooltesting_rt-gcp-wazestg-com-_A": {
                    "type": "google_dns_record_set",
                    "depends_on": [],
                    "primary": {
                        "id": "wazestg/carpooltesting-rt.gcp.wazestg.com./A",
                        "attributes": {
                            "id": "wazestg/carpooltesting-rt.gcp.wazestg.com./A",
                            "managed_zone": "wazestg",
                            "name": "carpooltesting-rt.gcp.wazestg.com.",
                            "project": "waze-development",
                            "rrdatas.#": "1",
                            "rrdatas.0": "35.186.250.88",
                            "ttl": "60",
                            "type": "A"
                        },
                        "meta": {},
                        "tainted": false
                    },
                    "deposed": [],
                    "provider": "provider.google"
                },
                "google_dns_record_set.client_assets-gcp-wazestg-com-_A": {
                    "type": "google_dns_record_set",
                    "depends_on": [],
                    "primary": {
                        "id": "wazestg/client-assets.gcp.wazestg.com./A",
                        "attributes": {
                            "id": "wazestg/client-assets.gcp.wazestg.com./A",
                            "managed_zone": "wazestg",
                            "name": "client-assets.gcp.wazestg.com.",
                            "project": "waze-development",
                            "rrdatas.#": "1",
                            "rrdatas.0": "107.178.248.105",
                            "ttl": "60",
                            "type": "A"
                        },
                        "meta": {},
                        "tainted": false
                    },
                    "deposed": [],
                    "provider": "provider.google"
                },
                "google_dns_record_set.client_tiles_stg14-gcp-wazestg-com-_A": {
                    "type": "google_dns_record_set",
                    "depends_on": [],
                    "primary": {
                        "id": "wazestg/client-tiles-stg14.gcp.wazestg.com./A",
                        "attributes": {
                            "id": "wazestg/client-tiles-stg14.gcp.wazestg.com./A",
                            "managed_zone": "wazestg",
                            "name": "client-tiles-stg14.gcp.wazestg.com.",
                            "project": "waze-development",
                            "rrdatas.#": "1",
                            "rrdatas.0": "35.241.3.158",
                            "ttl": "300",
                            "type": "A"
                        },
                        "meta": {},
                        "tainted": false
                    },
                    "deposed": [],
                    "provider": "provider.google"
                },
                "google_dns_record_set.clienttiles_stg12-gcp-wazestg-com-_A": {
                    "type": "google_dns_record_set",
                    "depends_on": [],
                    "primary": {
                        "id": "wazestg/clienttiles-stg12.gcp.wazestg.com./A",
                        "attributes": {
                            "id": "wazestg/clienttiles-stg12.gcp.wazestg.com./A",
                            "managed_zone": "wazestg",
                            "name": "clienttiles-stg12.gcp.wazestg.com.",
                            "project": "waze-development",
                            "rrdatas.#": "1",
                            "rrdatas.0": "35.244.214.219",
                            "ttl": "300",
                            "type": "A"
                        },
                        "meta": {},
                        "tainted": false
                    },
                    "deposed": [],
                    "provider": "provider.google"
                },
                "google_dns_record_set.clienttiles_stg18-gcp-wazestg-com-_A": {
                    "type": "google_dns_record_set",
                    "depends_on": [],
                    "primary": {
                        "id": "wazestg/clienttiles-stg18.gcp.wazestg.com./A",
                        "attributes": {
                            "id": "wazestg/clienttiles-stg18.gcp.wazestg.com./A",
                            "managed_zone": "wazestg",
                            "name": "clienttiles-stg18.gcp.wazestg.com.",
                            "project": "waze-development",
                            "rrdatas.#": "1",
                            "rrdatas.0": "35.244.211.77",
                            "ttl": "300",
                            "type": "A"
                        },
                        "meta": {},
                        "tainted": false
                    },
                    "deposed": [],
                    "provider": "provider.google"
                },
                "google_dns_record_set.clienttiles_stg19-gcp-wazestg-com-_A": {
                    "type": "google_dns_record_set",
                    "depends_on": [],
                    "primary": {
                        "id": "wazestg/clienttiles-stg19.gcp.wazestg.com./A",
                        "attributes": {
                            "id": "wazestg/clienttiles-stg19.gcp.wazestg.com./A",
                            "managed_zone": "wazestg",
                            "name": "clienttiles-stg19.gcp.wazestg.com.",
                            "project": "waze-development",
                            "rrdatas.#": "1",
                            "rrdatas.0": "35.244.235.115",
                            "ttl": "300",
                            "type": "A"
                        },
                        "meta": {},
                        "tainted": false
                    },
                    "deposed": [],
                    "provider": "provider.google"
                },
                "google_dns_record_set.clienttiles_stg30-gcp-wazestg-com-_A": {
                    "type": "google_dns_record_set",
                    "depends_on": [],
                    "primary": {
                        "id": "wazestg/clienttiles-stg30.gcp.wazestg.com./A",
                        "attributes": {
                            "id": "wazestg/clienttiles-stg30.gcp.wazestg.com./A",
                            "managed_zone": "wazestg",
                            "name": "clienttiles-stg30.gcp.wazestg.com.",
                            "project": "waze-development",
                            "rrdatas.#": "1",
                            "rrdatas.0": "35.244.147.220",
                            "ttl": "300",
                            "type": "A"
                        },
                        "meta": {},
                        "tainted": false
                    },
                    "deposed": [],
                    "provider": "provider.google"
                },
                "google_dns_record_set.clienttiles_stg5-gcp-wazestg-com-_A": {
                    "type": "google_dns_record_set",
                    "depends_on": [],
                    "primary": {
                        "id": "wazestg/clienttiles-stg5.gcp.wazestg.com./A",
                        "attributes": {
                            "id": "wazestg/clienttiles-stg5.gcp.wazestg.com./A",
                            "managed_zone": "wazestg",
                            "name": "clienttiles-stg5.gcp.wazestg.com.",
                            "project": "waze-development",
                            "rrdatas.#": "1",
                            "rrdatas.0": "35.244.232.86",
                            "ttl": "300",
                            "type": "A"
                        },
                        "meta": {},
                        "tainted": false
                    },
                    "deposed": [],
                    "provider": "provider.google"
                },
                "google_dns_record_set.clienttiles_stg7-gcp-wazestg-com-_A": {
                    "type": "google_dns_record_set",
                    "depends_on": [],
                    "primary": {
                        "id": "wazestg/clienttiles-stg7.gcp.wazestg.com./A",
                        "attributes": {
                            "id": "wazestg/clienttiles-stg7.gcp.wazestg.com./A",
                            "managed_zone": "wazestg",
                            "name": "clienttiles-stg7.gcp.wazestg.com.",
                            "project": "waze-development",
                            "rrdatas.#": "1",
                            "rrdatas.0": "35.244.232.86",
                            "ttl": "300",
                            "type": "A"
                        },
                        "meta": {},
                        "tainted": false
                    },
                    "deposed": [],
                    "provider": "provider.google"
                },
                "google_dns_record_set.community-gcp-wazestg-com-_A": {
                    "type": "google_dns_record_set",
                    "depends_on": [],
                    "primary": {
                        "id": "wazestg/community.gcp.wazestg.com./A",
                        "attributes": {
                            "id": "wazestg/community.gcp.wazestg.com./A",
                            "managed_zone": "wazestg",
                            "name": "community.gcp.wazestg.com.",
                            "project": "waze-development",
                            "rrdatas.#": "1",
                            "rrdatas.0": "107.178.248.105",
                            "ttl": "60",
                            "type": "A"
                        },
                        "meta": {},
                        "tainted": false
                    },
                    "deposed": [],
                    "provider": "provider.google"
                },
                "google_dns_record_set.cost-fu-nl-_A": {
                    "type": "google_dns_record_set",
                    "depends_on": [],
                    "primary": {
                        "id": "funl/cost.fu.nl./A",
                        "attributes": {
                            "id": "funl/cost.fu.nl./A",
                            "managed_zone": "funl",
                            "name": "cost.fu.nl.",
                            "project": "waze-development",
                            "rrdatas.#": "1",
                            "rrdatas.0": "107.20.152.210",
                            "ttl": "300",
                            "type": "A"
                        },
                        "meta": {},
                        "tainted": false
                    },
                    "deposed": [],
                    "provider": "provider.google"
                },
                "google_dns_record_set.darth_www-gcp-wazestg-com-_A": {
                    "type": "google_dns_record_set",
                    "depends_on": [],
                    "primary": {
                        "id": "wazestg/darth-www.gcp.wazestg.com./A",
                        "attributes": {
                            "id": "wazestg/darth-www.gcp.wazestg.com./A",
                            "managed_zone": "wazestg",
                            "name": "darth-www.gcp.wazestg.com.",
                            "project": "waze-development",
                            "rrdatas.#": "1",
                            "rrdatas.0": "107.178.248.105",
                            "ttl": "300",
                            "type": "A"
                        },
                        "meta": {},
                        "tainted": false
                    },
                    "deposed": [],
                    "provider": "provider.google"
                },
                "google_dns_record_set.descartes-gcp-wazestg-com-_A": {
                    "type": "google_dns_record_set",
                    "depends_on": [],
                    "primary": {
                        "id": "wazestg/descartes.gcp.wazestg.com./A",
                        "attributes": {
                            "id": "wazestg/descartes.gcp.wazestg.com./A",
                            "managed_zone": "wazestg",
                            "name": "descartes.gcp.wazestg.com.",
                            "project": "waze-development",
                            "rrdatas.#": "1",
                            "rrdatas.0": "10.240.0.185",
                            "ttl": "60",
                            "type": "A"
                        },
                        "meta": {},
                        "tainted": false
                    },
                    "deposed": [],
                    "provider": "provider.google"
                },
                "google_dns_record_set.descartes_dev-gcp-wazestg-com-_A": {
                    "type": "google_dns_record_set",
                    "depends_on": [],
                    "primary": {
                        "id": "wazestg/descartes-dev.gcp.wazestg.com./A",
                        "attributes": {
                            "id": "wazestg/descartes-dev.gcp.wazestg.com./A",
                            "managed_zone": "wazestg",
                            "name": "descartes-dev.gcp.wazestg.com.",
                            "project": "waze-development",
                            "rrdatas.#": "1",
                            "rrdatas.0": "10.240.0.183",
                            "ttl": "300",
                            "type": "A"
                        },
                        "meta": {},
                        "tainted": false
                    },
                    "deposed": [],
                    "provider": "provider.google"
                },
                "google_dns_record_set.descartes_dev1-gcp-wazestg-com-_A": {
                    "type": "google_dns_record_set",
                    "depends_on": [],
                    "primary": {
                        "id": "wazestg/descartes-dev1.gcp.wazestg.com./A",
                        "attributes": {
                            "id": "wazestg/descartes-dev1.gcp.wazestg.com./A",
                            "managed_zone": "wazestg",
                            "name": "descartes-dev1.gcp.wazestg.com.",
                            "project": "waze-development",
                            "rrdatas.#": "1",
                            "rrdatas.0": "104.155.14.44",
                            "ttl": "3600",
                            "type": "A"
                        },
                        "meta": {},
                        "tainted": false
                    },
                    "deposed": [],
                    "provider": "provider.google"
                },
                "google_dns_record_set.dev-gcp-wazestg-com-_A": {
                    "type": "google_dns_record_set",
                    "depends_on": [],
                    "primary": {
                        "id": "wazestg/dev.gcp.wazestg.com./A",
                        "attributes": {
                            "id": "wazestg/dev.gcp.wazestg.com./A",
                            "managed_zone": "wazestg",
                            "name": "dev.gcp.wazestg.com.",
                            "project": "waze-development",
                            "rrdatas.#": "1",
                            "rrdatas.0": "107.178.248.105",
                            "ttl": "300",
                            "type": "A"
                        },
                        "meta": {},
                        "tainted": false
                    },
                    "deposed": [],
                    "provider": "provider.google"
                },
                "google_dns_record_set.dev_editor1-gcp-wazestg-com-_A": {
                    "type": "google_dns_record_set",
                    "depends_on": [],
                    "primary": {
                        "id": "wazestg/dev-editor1.gcp.wazestg.com./A",
                        "attributes": {
                            "id": "wazestg/dev-editor1.gcp.wazestg.com./A",
                            "managed_zone": "wazestg",
                            "name": "dev-editor1.gcp.wazestg.com.",
                            "project": "waze-development",
                            "rrdatas.#": "1",
                            "rrdatas.0": "107.178.246.163",
                            "ttl": "60",
                            "type": "A"
                        },
                        "meta": {},
                        "tainted": false
                    },
                    "deposed": [],
                    "provider": "provider.google"
                },
                "google_dns_record_set.ecs-fu-nl-_NS": {
                    "type": "google_dns_record_set",
                    "depends_on": [],
                    "primary": {
                        "id": "funl/ecs.fu.nl./NS",
                        "attributes": {
                            "id": "funl/ecs.fu.nl./NS",
                            "managed_zone": "funl",
                            "name": "ecs.fu.nl.",
                            "project": "waze-development",
                            "rrdatas.#": "4",
                            "rrdatas.0": "ns-1061.awsdns-04.org.",
                            "rrdatas.1": "ns-907.awsdns-49.net.",
                            "rrdatas.2": "ns-1796.awsdns-32.co.uk.",
                            "rrdatas.3": "ns-238.awsdns-29.com.",
                            "ttl": "300",
                            "type": "NS"
                        },
                        "meta": {},
                        "tainted": false
                    },
                    "deposed": [],
                    "provider": "provider.google"
                },
                "google_dns_record_set.editor_tiles-gcp-wazestg-com-_A": {
                    "type": "google_dns_record_set",
                    "depends_on": [],
                    "primary": {
                        "id": "wazestg/editor-tiles.gcp.wazestg.com./A",
                        "attributes": {
                            "id": "wazestg/editor-tiles.gcp.wazestg.com./A",
                            "managed_zone": "wazestg",
                            "name": "editor-tiles.gcp.wazestg.com.",
                            "project": "waze-development",
                            "rrdatas.#": "1",
                            "rrdatas.0": "107.178.248.132",
                            "ttl": "300",
                            "type": "A"
                        },
                        "meta": {},
                        "tainted": false
                    },
                    "deposed": [],
                    "provider": "provider.google"
                },
                "google_dns_record_set.elton-gcp-wazestg-com-_A": {
                    "type": "google_dns_record_set",
                    "depends_on": [],
                    "primary": {
                        "id": "wazestg/elton.gcp.wazestg.com./A",
                        "attributes": {
                            "id": "wazestg/elton.gcp.wazestg.com./A",
                            "managed_zone": "wazestg",
                            "name": "elton.gcp.wazestg.com.",
                            "project": "waze-development",
                            "rrdatas.#": "1",
                            "rrdatas.0": "35.190.61.146",
                            "ttl": "60",
                            "type": "A"
                        },
                        "meta": {},
                        "tainted": false
                    },
                    "deposed": [],
                    "provider": "provider.google"
                },
                "google_dns_record_set.embed-gcp-wazestg-com-_A": {
                    "type": "google_dns_record_set",
                    "depends_on": [],
                    "primary": {
                        "id": "wazestg/embed.gcp.wazestg.com./A",
                        "attributes": {
                            "id": "wazestg/embed.gcp.wazestg.com./A",
                            "managed_zone": "wazestg",
                            "name": "embed.gcp.wazestg.com.",
                            "project": "waze-development",
                            "rrdatas.#": "1",
                            "rrdatas.0": "107.178.248.105",
                            "ttl": "60",
                            "type": "A"
                        },
                        "meta": {},
                        "tainted": false
                    },
                    "deposed": [],
                    "provider": "provider.google"
                },
                "google_dns_record_set.etcd_b-internal-cassandra_on_k8s-wazestg-com-_A": {
                    "type": "google_dns_record_set",
                    "depends_on": [],
                    "primary": {
                        "id": "wazestg/etcd-b.internal.cassandra-on-k8s.wazestg.com./A",
                        "attributes": {
                            "id": "wazestg/etcd-b.internal.cassandra-on-k8s.wazestg.com./A",
                            "managed_zone": "wazestg",
                            "name": "etcd-b.internal.cassandra-on-k8s.wazestg.com.",
                            "project": "waze-development",
                            "rrdatas.#": "1",
                            "rrdatas.0": "10.132.0.2",
                            "ttl": "60",
                            "type": "A"
                        },
                        "meta": {},
                        "tainted": false
                    },
                    "deposed": [],
                    "provider": "provider.google"
                },
                "google_dns_record_set.etcd_events_b-internal-cassandra_on_k8s-wazestg-com-_A": {
                    "type": "google_dns_record_set",
                    "depends_on": [],
                    "primary": {
                        "id": "wazestg/etcd-events-b.internal.cassandra-on-k8s.wazestg.com./A",
                        "attributes": {
                            "id": "wazestg/etcd-events-b.internal.cassandra-on-k8s.wazestg.com./A",
                            "managed_zone": "wazestg",
                            "name": "etcd-events-b.internal.cassandra-on-k8s.wazestg.com.",
                            "project": "waze-development",
                            "rrdatas.#": "1",
                            "rrdatas.0": "10.132.0.2",
                            "ttl": "60",
                            "type": "A"
                        },
                        "meta": {},
                        "tainted": false
                    },
                    "deposed": [],
                    "provider": "provider.google"
                },
                "google_dns_record_set.eu_ext_feed-fu-nl-_CNAME": {
                    "type": "google_dns_record_set",
                    "depends_on": [],
                    "primary": {
                        "id": "funl/eu-ext-feed.fu.nl./CNAME",
                        "attributes": {
                            "id": "funl/eu-ext-feed.fu.nl./CNAME",
                            "managed_zone": "funl",
                            "name": "eu-ext-feed.fu.nl.",
                            "project": "waze-development",
                            "rrdatas.#": "1",
                            "rrdatas.0": "internal-vpc-eu-ext-feed-1683973286.eu-west-1.elb.amazonaws.com.",
                            "ttl": "60",
                            "type": "CNAME"
                        },
                        "meta": {},
                        "tainted": false
                    },
                    "deposed": [],
                    "provider": "provider.google"
                },
                "google_dns_record_set.eudynmon2-fu-nl-_A": {
                    "type": "google_dns_record_set",
                    "depends_on": [],
                    "primary": {
                        "id": "funl/eudynmon2.fu.nl./A",
                        "attributes": {
                            "id": "funl/eudynmon2.fu.nl./A",
                            "managed_zone": "funl",
                            "name": "eudynmon2.fu.nl.",
                            "project": "waze-development",
                            "rrdatas.#": "1",
                            "rrdatas.0": "54.195.80.8",
                            "ttl": "300",
                            "type": "A"
                        },
                        "meta": {},
                        "tainted": false
                    },
                    "deposed": [],
                    "provider": "provider.google"
                },
                "google_dns_record_set.europe_west1_b-il_ipc-stg21-wazestg-com-_A": {
                    "type": "google_dns_record_set",
                    "depends_on": [],
                    "primary": {
                        "id": "wazestg/europe-west1-b.il-ipc.stg21.wazestg.com./A",
                        "attributes": {
                            "id": "wazestg/europe-west1-b.il-ipc.stg21.wazestg.com./A",
                            "managed_zone": "wazestg",
                            "name": "europe-west1-b.il-ipc.stg21.wazestg.com.",
                            "project": "waze-development",
                            "rrdatas.#": "1",
                            "rrdatas.0": "10.41.0.81",
                            "ttl": "60",
                            "type": "A"
                        },
                        "meta": {},
                        "tainted": false
                    },
                    "deposed": [],
                    "provider": "provider.google"
                },
                "google_dns_record_set.europe_west1_b-il_ipc-stg30-wazestg-com-_A": {
                    "type": "google_dns_record_set",
                    "depends_on": [],
                    "primary": {
                        "id": "wazestg/europe-west1-b.il-ipc.stg30.wazestg.com./A",
                        "attributes": {
                            "id": "wazestg/europe-west1-b.il-ipc.stg30.wazestg.com./A",
                            "managed_zone": "wazestg",
                            "name": "europe-west1-b.il-ipc.stg30.wazestg.com.",
                            "project": "waze-development",
                            "rrdatas.#": "1",
                            "rrdatas.0": "10.50.0.91",
                            "ttl": "60",
                            "type": "A"
                        },
                        "meta": {},
                        "tainted": false
                    },
                    "deposed": [],
                    "provider": "provider.google"
                },
                "google_dns_record_set.europe_west1_b-il_ipc-wazestg-com-_A": {
                    "type": "google_dns_record_set",
                    "depends_on": [],
                    "primary": {
                        "id": "wazestg/europe-west1-b.il-ipc.wazestg.com./A",
                        "attributes": {
                            "id": "wazestg/europe-west1-b.il-ipc.wazestg.com./A",
                            "managed_zone": "wazestg",
                            "name": "europe-west1-b.il-ipc.wazestg.com.",
                            "project": "waze-development",
                            "rrdatas.#": "1",
                            "rrdatas.0": "10.240.0.98",
                            "ttl": "60",
                            "type": "A"
                        },
                        "meta": {},
                        "tainted": false
                    },
                    "deposed": [],
                    "provider": "provider.google"
                },
                "google_dns_record_set.europe_west1_b-il_ipc_offline-wazestg-com-_A": {
                    "type": "google_dns_record_set",
                    "depends_on": [],
                    "primary": {
                        "id": "wazestg/europe-west1-b.il-ipc-offline.wazestg.com./A",
                        "attributes": {
                            "id": "wazestg/europe-west1-b.il-ipc-offline.wazestg.com./A",
                            "managed_zone": "wazestg",
                            "name": "europe-west1-b.il-ipc-offline.wazestg.com.",
                            "project": "waze-development",
                            "rrdatas.#": "1",
                            "rrdatas.0": "10.240.1.55",
                            "ttl": "60",
                            "type": "A"
                        },
                        "meta": {},
                        "tainted": false
                    },
                    "deposed": [],
                    "provider": "provider.google"
                },
                "google_dns_record_set.europe_west1_c-il_ipc-stg15-wazestg-com-_A": {
                    "type": "google_dns_record_set",
                    "depends_on": [],
                    "primary": {
                        "id": "wazestg/europe-west1-c.il-ipc.stg15.wazestg.com./A",
                        "attributes": {
                            "id": "wazestg/europe-west1-c.il-ipc.stg15.wazestg.com./A",
                            "managed_zone": "wazestg",
                            "name": "europe-west1-c.il-ipc.stg15.wazestg.com.",
                            "project": "waze-development",
                            "rrdatas.#": "1",
                            "rrdatas.0": "10.35.0.14",
                            "ttl": "60",
                            "type": "A"
                        },
                        "meta": {},
                        "tainted": false
                    },
                    "deposed": [],
                    "provider": "provider.google"
                },
                "google_dns_record_set.europe_west1_c-il_ipc-stg21-wazestg-com-_A": {
                    "type": "google_dns_record_set",
                    "depends_on": [],
                    "primary": {
                        "id": "wazestg/europe-west1-c.il-ipc.stg21.wazestg.com./A",
                        "attributes": {
                            "id": "wazestg/europe-west1-c.il-ipc.stg21.wazestg.com./A",
                            "managed_zone": "wazestg",
                            "name": "europe-west1-c.il-ipc.stg21.wazestg.com.",
                            "project": "waze-development",
                            "rrdatas.#": "1",
                            "rrdatas.0": "10.41.0.80",
                            "ttl": "60",
                            "type": "A"
                        },
                        "meta": {},
                        "tainted": false
                    },
                    "deposed": [],
                    "provider": "provider.google"
                },
                "google_dns_record_set.europe_west1_c-il_ipc-stg25-wazestg-com-_A": {
                    "type": "google_dns_record_set",
                    "depends_on": [],
                    "primary": {
                        "id": "wazestg/europe-west1-c.il-ipc.stg25.wazestg.com./A",
                        "attributes": {
                            "id": "wazestg/europe-west1-c.il-ipc.stg25.wazestg.com./A",
                            "managed_zone": "wazestg",
                            "name": "europe-west1-c.il-ipc.stg25.wazestg.com.",
                            "project": "waze-development",
                            "rrdatas.#": "1",
                            "rrdatas.0": "10.45.0.53",
                            "ttl": "60",
                            "type": "A"
                        },
                        "meta": {},
                        "tainted": false
                    },
                    "deposed": [],
                    "provider": "provider.google"
                },
                "google_dns_record_set.europe_west1_c-il_ipc-stg30-wazestg-com-_A": {
                    "type": "google_dns_record_set",
                    "depends_on": [],
                    "primary": {
                        "id": "wazestg/europe-west1-c.il-ipc.stg30.wazestg.com./A",
                        "attributes": {
                            "id": "wazestg/europe-west1-c.il-ipc.stg30.wazestg.com./A",
                            "managed_zone": "wazestg",
                            "name": "europe-west1-c.il-ipc.stg30.wazestg.com.",
                            "project": "waze-development",
                            "rrdatas.#": "2",
                            "rrdatas.0": "10.50.0.96",
                            "rrdatas.1": "10.50.0.84",
                            "ttl": "60",
                            "type": "A"
                        },
                        "meta": {},
                        "tainted": false
                    },
                    "deposed": [],
                    "provider": "provider.google"
                },
                "google_dns_record_set.europe_west1_c-il_ipc-wazestg-com-_A": {
                    "type": "google_dns_record_set",
                    "depends_on": [],
                    "primary": {
                        "id": "wazestg/europe-west1-c.il-ipc.wazestg.com./A",
                        "attributes": {
                            "id": "wazestg/europe-west1-c.il-ipc.wazestg.com./A",
                            "managed_zone": "wazestg",
                            "name": "europe-west1-c.il-ipc.wazestg.com.",
                            "project": "waze-development",
                            "rrdatas.#": "1",
                            "rrdatas.0": "10.240.0.76",
                            "ttl": "60",
                            "type": "A"
                        },
                        "meta": {},
                        "tainted": false
                    },
                    "deposed": [],
                    "provider": "provider.google"
                },
                "google_dns_record_set.europe_west1_c-il_ipc_offline-wazestg-com-_A": {
                    "type": "google_dns_record_set",
                    "depends_on": [],
                    "primary": {
                        "id": "wazestg/europe-west1-c.il-ipc-offline.wazestg.com./A",
                        "attributes": {
                            "id": "wazestg/europe-west1-c.il-ipc-offline.wazestg.com./A",
                            "managed_zone": "wazestg",
                            "name": "europe-west1-c.il-ipc-offline.wazestg.com.",
                            "project": "waze-development",
                            "rrdatas.#": "1",
                            "rrdatas.0": "10.240.1.3",
                            "ttl": "60",
                            "type": "A"
                        },
                        "meta": {},
                        "tainted": false
                    },
                    "deposed": [],
                    "provider": "provider.google"
                },
                "google_dns_record_set.europe_west1_c-offline_ipc-wazestg-com-_A": {
                    "type": "google_dns_record_set",
                    "depends_on": [],
                    "primary": {
                        "id": "wazestg/europe-west1-c.offline-ipc.wazestg.com./A",
                        "attributes": {
                            "id": "wazestg/europe-west1-c.offline-ipc.wazestg.com./A",
                            "managed_zone": "wazestg",
                            "name": "europe-west1-c.offline-ipc.wazestg.com.",
                            "project": "waze-development",
                            "rrdatas.#": "1",
                            "rrdatas.0": "10.240.109.44",
                            "ttl": "60",
                            "type": "A"
                        },
                        "meta": {},
                        "tainted": false
                    },
                    "deposed": [],
                    "provider": "provider.google"
                },
                "google_dns_record_set.europe_west1_d-carpool_test_ipc-wazestg-com-_A": {
                    "type": "google_dns_record_set",
                    "depends_on": [],
                    "primary": {
                        "id": "wazestg/europe-west1-d.carpool-test-ipc.wazestg.com./A",
                        "attributes": {
                            "id": "wazestg/europe-west1-d.carpool-test-ipc.wazestg.com./A",
                            "managed_zone": "wazestg",
                            "name": "europe-west1-d.carpool-test-ipc.wazestg.com.",
                            "project": "waze-development",
                            "rrdatas.#": "1",
                            "rrdatas.0": "10.240.0.47",
                            "ttl": "300",
                            "type": "A"
                        },
                        "meta": {},
                        "tainted": false
                    },
                    "deposed": [],
                    "provider": "provider.google"
                },
                "google_dns_record_set.europe_west1_d-il_ipc-stg21-wazestg-com-_A": {
                    "type": "google_dns_record_set",
                    "depends_on": [],
                    "primary": {
                        "id": "wazestg/europe-west1-d.il-ipc.stg21.wazestg.com./A",
                        "attributes": {
                            "id": "wazestg/europe-west1-d.il-ipc.stg21.wazestg.com./A",
                            "managed_zone": "wazestg",
                            "name": "europe-west1-d.il-ipc.stg21.wazestg.com.",
                            "project": "waze-development",
                            "rrdatas.#": "1",
                            "rrdatas.0": "10.41.0.86",
                            "ttl": "60",
                            "type": "A"
                        },
                        "meta": {},
                        "tainted": false
                    },
                    "deposed": [],
                    "provider": "provider.google"
                },
                "google_dns_record_set.europe_west1_d-il_ipc-stg30-wazestg-com-_A": {
                    "type": "google_dns_record_set",
                    "depends_on": [],
                    "primary": {
                        "id": "wazestg/europe-west1-d.il-ipc.stg30.wazestg.com./A",
                        "attributes": {
                            "id": "wazestg/europe-west1-d.il-ipc.stg30.wazestg.com./A",
                            "managed_zone": "wazestg",
                            "name": "europe-west1-d.il-ipc.stg30.wazestg.com.",
                            "project": "waze-development",
                            "rrdatas.#": "2",
                            "rrdatas.0": "10.50.0.86",
                            "rrdatas.1": "10.50.0.83",
                            "ttl": "60",
                            "type": "A"
                        },
                        "meta": {},
                        "tainted": false
                    },
                    "deposed": [],
                    "provider": "provider.google"
                },
                "google_dns_record_set.europe_west1_d-il_ipc-wazestg-com-_A": {
                    "type": "google_dns_record_set",
                    "depends_on": [],
                    "primary": {
                        "id": "wazestg/europe-west1-d.il-ipc.wazestg.com./A",
                        "attributes": {
                            "id": "wazestg/europe-west1-d.il-ipc.wazestg.com./A",
                            "managed_zone": "wazestg",
                            "name": "europe-west1-d.il-ipc.wazestg.com.",
                            "project": "waze-development",
                            "rrdatas.#": "1",
                            "rrdatas.0": "10.240.1.16",
                            "ttl": "60",
                            "type": "A"
                        },
                        "meta": {},
                        "tainted": false
                    },
                    "deposed": [],
                    "provider": "provider.google"
                },
                "google_dns_record_set.europe_west1_d-il_ipc_offline-wazestg-com-_A": {
                    "type": "google_dns_record_set",
                    "depends_on": [],
                    "primary": {
                        "id": "wazestg/europe-west1-d.il-ipc-offline.wazestg.com./A",
                        "attributes": {
                            "id": "wazestg/europe-west1-d.il-ipc-offline.wazestg.com./A",
                            "managed_zone": "wazestg",
                            "name": "europe-west1-d.il-ipc-offline.wazestg.com.",
                            "project": "waze-development",
                            "rrdatas.#": "1",
                            "rrdatas.0": "10.240.1.31",
                            "ttl": "60",
                            "type": "A"
                        },
                        "meta": {},
                        "tainted": false
                    },
                    "deposed": [],
                    "provider": "provider.google"
                },
                "google_dns_record_set.europe_west1_d-il_test_ipc-wazestg-com-_A": {
                    "type": "google_dns_record_set",
                    "depends_on": [],
                    "primary": {
                        "id": "wazestg/europe-west1-d.il-test-ipc.wazestg.com./A",
                        "attributes": {
                            "id": "wazestg/europe-west1-d.il-test-ipc.wazestg.com./A",
                            "managed_zone": "wazestg",
                            "name": "europe-west1-d.il-test-ipc.wazestg.com.",
                            "project": "waze-development",
                            "rrdatas.#": "1",
                            "rrdatas.0": "10.240.220.42",
                            "ttl": "300",
                            "type": "A"
                        },
                        "meta": {},
                        "tainted": false
                    },
                    "deposed": [],
                    "provider": "provider.google"
                },
                "google_dns_record_set.europe_west1_d-topics_test_ipc-wazestg-com-_A": {
                    "type": "google_dns_record_set",
                    "depends_on": [],
                    "primary": {
                        "id": "wazestg/europe-west1-d.topics-test-ipc.wazestg.com./A",
                        "attributes": {
                            "id": "wazestg/europe-west1-d.topics-test-ipc.wazestg.com./A",
                            "managed_zone": "wazestg",
                            "name": "europe-west1-d.topics-test-ipc.wazestg.com.",
                            "project": "waze-development",
                            "rrdatas.#": "1",
                            "rrdatas.0": "10.240.0.11",
                            "ttl": "300",
                            "type": "A"
                        },
                        "meta": {},
                        "tainted": false
                    },
                    "deposed": [],
                    "provider": "provider.google"
                },
                "google_dns_record_set.europe_west1_d-users_test_eu-wazestg-com-_A": {
                    "type": "google_dns_record_set",
                    "depends_on": [],
                    "primary": {
                        "id": "wazestg/europe-west1-d.users-test-eu.wazestg.com./A",
                        "attributes": {
                            "id": "wazestg/europe-west1-d.users-test-eu.wazestg.com./A",
                            "managed_zone": "wazestg",
                            "name": "europe-west1-d.users-test-eu.wazestg.com.",
                            "project": "waze-development",
                            "rrdatas.#": "1",
                            "rrdatas.0": "10.240.149.8",
                            "ttl": "300",
                            "type": "A"
                        },
                        "meta": {},
                        "tainted": false
                    },
                    "deposed": [],
                    "provider": "provider.google"
                },
                "google_dns_record_set.ext_feed-fu-nl-_CNAME": {
                    "type": "google_dns_record_set",
                    "depends_on": [],
                    "primary": {
                        "id": "funl/ext-feed.fu.nl./CNAME",
                        "attributes": {
                            "id": "funl/ext-feed.fu.nl./CNAME",
                            "managed_zone": "funl",
                            "name": "ext-feed.fu.nl.",
                            "project": "waze-development",
                            "rrdatas.#": "1",
                            "rrdatas.0": "internal-vpc-na-ext-feed-1360841090.us-east-1.elb.amazonaws.com.",
                            "ttl": "60",
                            "type": "CNAME"
                        },
                        "meta": {},
                        "tainted": false
                    },
                    "deposed": [],
                    "provider": "provider.google"
                },
                "google_dns_record_set.ext_feed-gcp-wazestg-com-_A": {
                    "type": "google_dns_record_set",
                    "depends_on": [],
                    "primary": {
                        "id": "wazestg/ext-feed.gcp.wazestg.com./A",
                        "attributes": {
                            "id": "wazestg/ext-feed.gcp.wazestg.com./A",
                            "managed_zone": "wazestg",
                            "name": "ext-feed.gcp.wazestg.com.",
                            "project": "waze-development",
                            "rrdatas.#": "1",
                            "rrdatas.0": "130.211.104.242",
                            "ttl": "60",
                            "type": "A"
                        },
                        "meta": {},
                        "tainted": false
                    },
                    "deposed": [],
                    "provider": "provider.google"
                },
                "google_dns_record_set.ext_feed_int-fu-nl-_A": {
                    "type": "google_dns_record_set",
                    "depends_on": [],
                    "primary": {
                        "id": "funl/ext-feed-int.fu.nl./A",
                        "attributes": {
                            "id": "funl/ext-feed-int.fu.nl./A",
                            "managed_zone": "funl",
                            "name": "ext-feed-int.fu.nl.",
                            "project": "waze-development",
                            "rrdatas.#": "1",
                            "rrdatas.0": "172.30.144.226",
                            "ttl": "300",
                            "type": "A"
                        },
                        "meta": {},
                        "tainted": false
                    },
                    "deposed": [],
                    "provider": "provider.google"
                },
                "google_dns_record_set.feed-wazestg-com-_A": {
                    "type": "google_dns_record_set",
                    "depends_on": [],
                    "primary": {
                        "id": "wazestg/feed.wazestg.com./A",
                        "attributes": {
                            "id": "wazestg/feed.wazestg.com./A",
                            "managed_zone": "wazestg",
                            "name": "feed.wazestg.com.",
                            "project": "waze-development",
                            "rrdatas.#": "1",
                            "rrdatas.0": "130.211.104.242",
                            "ttl": "300",
                            "type": "A"
                        },
                        "meta": {},
                        "tainted": false
                    },
                    "deposed": [],
                    "provider": "provider.google"
                },
                "google_dns_record_set.fluentd_forwarder_ng-wazestg-com-_A": {
                    "type": "google_dns_record_set",
                    "depends_on": [],
                    "primary": {
                        "id": "wazestg/fluentd-forwarder-ng.wazestg.com./A",
                        "attributes": {
                            "id": "wazestg/fluentd-forwarder-ng.wazestg.com./A",
                            "managed_zone": "wazestg",
                            "name": "fluentd-forwarder-ng.wazestg.com.",
                            "project": "waze-development",
                            "rrdatas.#": "1",
                            "rrdatas.0": "10.240.0.129",
                            "ttl": "300",
                            "type": "A"
                        },
                        "meta": {},
                        "tainted": false
                    },
                    "deposed": [],
                    "provider": "provider.google"
                },
                "google_dns_record_set.fu-nl-_NS": {
                    "type": "google_dns_record_set",
                    "depends_on": [],
                    "primary": {
                        "id": "funl/fu.nl./NS",
                        "attributes": {
                            "id": "funl/fu.nl./NS",
                            "managed_zone": "funl",
                            "name": "fu.nl.",
                            "project": "waze-development",
                            "rrdatas.#": "4",
                            "rrdatas.0": "ns-cloud-c1.googledomains.com.",
                            "rrdatas.1": "ns-cloud-c2.googledomains.com.",
                            "rrdatas.2": "ns-cloud-c3.googledomains.com.",
                            "rrdatas.3": "ns-cloud-c4.googledomains.com.",
                            "ttl": "21600",
                            "type": "NS"
                        },
                        "meta": {},
                        "tainted": false
                    },
                    "deposed": [],
                    "provider": "provider.google"
                },
                "google_dns_record_set.fu-nl-_SOA": {
                    "type": "google_dns_record_set",
                    "depends_on": [],
                    "primary": {
                        "id": "funl/fu.nl./SOA",
                        "attributes": {
                            "id": "funl/fu.nl./SOA",
                            "managed_zone": "funl",
                            "name": "fu.nl.",
                            "project": "waze-development",
                            "rrdatas.#": "1",
                            "rrdatas.0": "ns-cloud-c1.googledomains.com. dns-admin.google.com. 7 21600 3600 1209600 300",
                            "ttl": "21600",
                            "type": "SOA"
                        },
                        "meta": {},
                        "tainted": false
                    },
                    "deposed": [],
                    "provider": "provider.google"
                },
                "google_dns_record_set.gcedev-fu-nl-_A": {
                    "type": "google_dns_record_set",
                    "depends_on": [],
                    "primary": {
                        "id": "funl/gcedev.fu.nl./A",
                        "attributes": {
                            "id": "funl/gcedev.fu.nl./A",
                            "managed_zone": "funl",
                            "name": "gcedev.fu.nl.",
                            "project": "waze-development",
                            "rrdatas.#": "1",
                            "rrdatas.0": "104.155.91.136",
                            "ttl": "30",
                            "type": "A"
                        },
                        "meta": {},
                        "tainted": false
                    },
                    "deposed": [],
                    "provider": "provider.google"
                },
                "google_dns_record_set.gcp-wazestg-com-_CNAME": {
                    "type": "google_dns_record_set",
                    "depends_on": [],
                    "primary": {
                        "id": "wazestg/*.gcp.wazestg.com./CNAME",
                        "attributes": {
                            "id": "wazestg/*.gcp.wazestg.com./CNAME",
                            "managed_zone": "wazestg",
                            "name": "*.gcp.wazestg.com.",
                            "project": "waze-development",
                            "rrdatas.#": "1",
                            "rrdatas.0": "www.gcp.wazestg.com.",
                            "ttl": "60",
                            "type": "CNAME"
                        },
                        "meta": {},
                        "tainted": false
                    },
                    "deposed": [],
                    "provider": "provider.google"
                },
                "google_dns_record_set.gcp-wazestg-com-_TXT": {
                    "type": "google_dns_record_set",
                    "depends_on": [],
                    "primary": {
                        "id": "wazestg/gcp.wazestg.com./TXT",
                        "attributes": {
                            "id": "wazestg/gcp.wazestg.com./TXT",
                            "managed_zone": "wazestg",
                            "name": "gcp.wazestg.com.",
                            "project": "waze-development",
                            "rrdatas.#": "1",
                            "rrdatas.0": "\"google-site-verification=I3p5FeM_q-iSVPIM8uEGIGycDv0X1Igudf1ON_3g2UI\"",
                            "ttl": "300",
                            "type": "TXT"
                        },
                        "meta": {},
                        "tainted": false
                    },
                    "deposed": [],
                    "provider": "provider.google"
                },
                "google_dns_record_set.general_memcached_stg1-wazestg-com-_A": {
                    "type": "google_dns_record_set",
                    "depends_on": [],
                    "primary": {
                        "id": "wazestg/general-memcached-stg1.wazestg.com./A",
                        "attributes": {
                            "id": "wazestg/general-memcached-stg1.wazestg.com./A",
                            "managed_zone": "wazestg",
                            "name": "general-memcached-stg1.wazestg.com.",
                            "project": "waze-development",
                            "rrdatas.#": "2",
                            "rrdatas.0": "10.240.1.40",
                            "rrdatas.1": "10.240.1.46",
                            "ttl": "60",
                            "type": "A"
                        },
                        "meta": {},
                        "tainted": false
                    },
                    "deposed": [],
                    "provider": "provider.google"
                },
                "google_dns_record_set.georegistry_tcp_lb-gcp-wazestg-com-_A": {
                    "type": "google_dns_record_set",
                    "depends_on": [],
                    "primary": {
                        "id": "wazestg/georegistry-tcp-lb.gcp.wazestg.com./A",
                        "attributes": {
                            "id": "wazestg/georegistry-tcp-lb.gcp.wazestg.com./A",
                            "managed_zone": "wazestg",
                            "name": "georegistry-tcp-lb.gcp.wazestg.com.",
                            "project": "waze-development",
                            "rrdatas.#": "1",
                            "rrdatas.0": "10.240.0.97",
                            "ttl": "60",
                            "type": "A"
                        },
                        "meta": {},
                        "tainted": false
                    },
                    "deposed": [],
                    "provider": "provider.google"
                },
                "google_dns_record_set.georss-gcp-wazestg-com-_A": {
                    "type": "google_dns_record_set",
                    "depends_on": [],
                    "primary": {
                        "id": "wazestg/georss.gcp.wazestg.com./A",
                        "attributes": {
                            "id": "wazestg/georss.gcp.wazestg.com./A",
                            "managed_zone": "wazestg",
                            "name": "georss.gcp.wazestg.com.",
                            "project": "waze-development",
                            "rrdatas.#": "1",
                            "rrdatas.0": "35.186.211.26",
                            "ttl": "300",
                            "type": "A"
                        },
                        "meta": {},
                        "tainted": false
                    },
                    "deposed": [],
                    "provider": "provider.google"
                },
                "google_dns_record_set.grr_aws_na-fu-nl-_CNAME": {
                    "type": "google_dns_record_set",
                    "depends_on": [],
                    "primary": {
                        "id": "funl/grr-aws-na.fu.nl./CNAME",
                        "attributes": {
                            "id": "funl/grr-aws-na.fu.nl./CNAME",
                            "managed_zone": "funl",
                            "name": "grr-aws-na.fu.nl.",
                            "project": "waze-development",
                            "rrdatas.#": "1",
                            "rrdatas.0": "internal-gagentproxy-prod-na-1173360320.us-east-1.elb.amazonaws.com.",
                            "ttl": "60",
                            "type": "CNAME"
                        },
                        "meta": {},
                        "tainted": false
                    },
                    "deposed": [],
                    "provider": "provider.google"
                },
                "google_dns_record_set.grr_aws_row-fu-nl-_CNAME": {
                    "type": "google_dns_record_set",
                    "depends_on": [],
                    "primary": {
                        "id": "funl/grr-aws-row.fu.nl./CNAME",
                        "attributes": {
                            "id": "funl/grr-aws-row.fu.nl./CNAME",
                            "managed_zone": "funl",
                            "name": "grr-aws-row.fu.nl.",
                            "project": "waze-development",
                            "rrdatas.#": "1",
                            "rrdatas.0": "internal-gagentproxy-prod-row-728869596.eu-west-1.elb.amazonaws.com.",
                            "ttl": "60",
                            "type": "CNAME"
                        },
                        "meta": {},
                        "tainted": false
                    },
                    "deposed": [],
                    "provider": "provider.google"
                },
                "google_dns_record_set.grr_dev-fu-nl-_A": {
                    "type": "google_dns_record_set",
                    "depends_on": [],
                    "primary": {
                        "id": "funl/grr-dev.fu.nl./A",
                        "attributes": {
                            "id": "funl/grr-dev.fu.nl./A",
                            "managed_zone": "funl",
                            "name": "grr-dev.fu.nl.",
                            "project": "waze-development",
                            "rrdatas.#": "1",
                            "rrdatas.0": "10.240.0.240",
                            "ttl": "60",
                            "type": "A"
                        },
                        "meta": {},
                        "tainted": false
                    },
                    "deposed": [],
                    "provider": "provider.google"
                },
                "google_dns_record_set.grr_prod-fu-nl-_A": {
                    "type": "google_dns_record_set",
                    "depends_on": [],
                    "primary": {
                        "id": "funl/grr-prod.fu.nl./A",
                        "attributes": {
                            "id": "funl/grr-prod.fu.nl./A",
                            "managed_zone": "funl",
                            "name": "grr-prod.fu.nl.",
                            "project": "waze-development",
                            "rrdatas.#": "1",
                            "rrdatas.0": "172.21.1.214",
                            "ttl": "60",
                            "type": "A"
                        },
                        "meta": {},
                        "tainted": false
                    },
                    "deposed": [],
                    "provider": "provider.google"
                },
                "google_dns_record_set.il-waze_mapping-com-_NS": {
                    "type": "google_dns_record_set",
                    "depends_on": [],
                    "primary": {
                        "id": "mapathon/il.waze-mapping.com./NS",
                        "attributes": {
                            "id": "mapathon/il.waze-mapping.com./NS",
                            "managed_zone": "mapathon",
                            "name": "il.waze-mapping.com.",
                            "project": "waze-development",
                            "rrdatas.#": "4",
                            "rrdatas.0": "ns-1754.awsdns-27.co.uk.",
                            "rrdatas.1": "ns-782.awsdns-33.net.",
                            "rrdatas.2": "ns-442.awsdns-55.com.",
                            "rrdatas.3": "ns-1087.awsdns-07.org.",
                            "ttl": "300",
                            "type": "NS"
                        },
                        "meta": {},
                        "tainted": false
                    },
                    "deposed": [],
                    "provider": "provider.google"
                },
                "google_dns_record_set.il_dev2-gcp-wazestg-com-_A": {
                    "type": "google_dns_record_set",
                    "depends_on": [],
                    "primary": {
                        "id": "wazestg/il-dev2.gcp.wazestg.com./A",
                        "attributes": {
                            "id": "wazestg/il-dev2.gcp.wazestg.com./A",
                            "managed_zone": "wazestg",
                            "name": "il-dev2.gcp.wazestg.com.",
                            "project": "waze-development",
                            "rrdatas.#": "1",
                            "rrdatas.0": "23.236.49.102",
                            "ttl": "900",
                            "type": "A"
                        },
                        "meta": {},
                        "tainted": false
                    },
                    "deposed": [],
                    "provider": "provider.google"
                },
                "google_dns_record_set.il_ipc-stg10-wazestg-com-_TXT": {
                    "type": "google_dns_record_set",
                    "depends_on": [],
                    "primary": {
                        "id": "wazestg/il-ipc.stg10.wazestg.com./TXT",
                        "attributes": {
                            "id": "wazestg/il-ipc.stg10.wazestg.com./TXT",
                            "managed_zone": "wazestg",
                            "name": "il-ipc.stg10.wazestg.com.",
                            "project": "waze-development",
                            "rrdatas.#": "1",
                            "rrdatas.0": "\"europe-west1-b,europe-west1-c,europe-west1-d\"",
                            "ttl": "300",
                            "type": "TXT"
                        },
                        "meta": {},
                        "tainted": false
                    },
                    "deposed": [],
                    "provider": "provider.google"
                },
                "google_dns_record_set.il_ipc-stg11-wazestg-com-_TXT": {
                    "type": "google_dns_record_set",
                    "depends_on": [],
                    "primary": {
                        "id": "wazestg/il-ipc.stg11.wazestg.com./TXT",
                        "attributes": {
                            "id": "wazestg/il-ipc.stg11.wazestg.com./TXT",
                            "managed_zone": "wazestg",
                            "name": "il-ipc.stg11.wazestg.com.",
                            "project": "waze-development",
                            "rrdatas.#": "1",
                            "rrdatas.0": "\"europe-west1-b,europe-west1-c,europe-west1-d\"",
                            "ttl": "300",
                            "type": "TXT"
                        },
                        "meta": {},
                        "tainted": false
                    },
                    "deposed": [],
                    "provider": "provider.google"
                },
                "google_dns_record_set.il_ipc-stg12-wazestg-com-_TXT": {
                    "type": "google_dns_record_set",
                    "depends_on": [],
                    "primary": {
                        "id": "wazestg/il-ipc.stg12.wazestg.com./TXT",
                        "attributes": {
                            "id": "wazestg/il-ipc.stg12.wazestg.com./TXT",
                            "managed_zone": "wazestg",
                            "name": "il-ipc.stg12.wazestg.com.",
                            "project": "waze-development",
                            "rrdatas.#": "1",
                            "rrdatas.0": "\"europe-west1-b,europe-west1-c,europe-west1-d\"",
                            "ttl": "300",
                            "type": "TXT"
                        },
                        "meta": {},
                        "tainted": false
                    },
                    "deposed": [],
                    "provider": "provider.google"
                },
                "google_dns_record_set.il_ipc-stg13-wazestg-com-_TXT": {
                    "type": "google_dns_record_set",
                    "depends_on": [],
                    "primary": {
                        "id": "wazestg/il-ipc.stg13.wazestg.com./TXT",
                        "attributes": {
                            "id": "wazestg/il-ipc.stg13.wazestg.com./TXT",
                            "managed_zone": "wazestg",
                            "name": "il-ipc.stg13.wazestg.com.",
                            "project": "waze-development",
                            "rrdatas.#": "1",
                            "rrdatas.0": "\"europe-west1-b,europe-west1-c,europe-west1-d\"",
                            "ttl": "300",
                            "type": "TXT"
                        },
                        "meta": {},
                        "tainted": false
                    },
                    "deposed": [],
                    "provider": "provider.google"
                },
                "google_dns_record_set.il_ipc-stg14-wazestg-com-_TXT": {
                    "type": "google_dns_record_set",
                    "depends_on": [],
                    "primary": {
                        "id": "wazestg/il-ipc.stg14.wazestg.com./TXT",
                        "attributes": {
                            "id": "wazestg/il-ipc.stg14.wazestg.com./TXT",
                            "managed_zone": "wazestg",
                            "name": "il-ipc.stg14.wazestg.com.",
                            "project": "waze-development",
                            "rrdatas.#": "1",
                            "rrdatas.0": "\"europe-west1-b,europe-west1-c,europe-west1-d\"",
                            "ttl": "300",
                            "type": "TXT"
                        },
                        "meta": {},
                        "tainted": false
                    },
                    "deposed": [],
                    "provider": "provider.google"
                },
                "google_dns_record_set.il_ipc-stg15-wazestg-com-_TXT": {
                    "type": "google_dns_record_set",
                    "depends_on": [],
                    "primary": {
                        "id": "wazestg/il-ipc.stg15.wazestg.com./TXT",
                        "attributes": {
                            "id": "wazestg/il-ipc.stg15.wazestg.com./TXT",
                            "managed_zone": "wazestg",
                            "name": "il-ipc.stg15.wazestg.com.",
                            "project": "waze-development",
                            "rrdatas.#": "1",
                            "rrdatas.0": "\"europe-west1-b,europe-west1-c,europe-west1-d\"",
                            "ttl": "300",
                            "type": "TXT"
                        },
                        "meta": {},
                        "tainted": false
                    },
                    "deposed": [],
                    "provider": "provider.google"
                },
                "google_dns_record_set.il_ipc-stg16-wazestg-com-_TXT": {
                    "type": "google_dns_record_set",
                    "depends_on": [],
                    "primary": {
                        "id": "wazestg/il-ipc.stg16.wazestg.com./TXT",
                        "attributes": {
                            "id": "wazestg/il-ipc.stg16.wazestg.com./TXT",
                            "managed_zone": "wazestg",
                            "name": "il-ipc.stg16.wazestg.com.",
                            "project": "waze-development",
                            "rrdatas.#": "1",
                            "rrdatas.0": "\"europe-west1-b,europe-west1-c,europe-west1-d\"",
                            "ttl": "300",
                            "type": "TXT"
                        },
                        "meta": {},
                        "tainted": false
                    },
                    "deposed": [],
                    "provider": "provider.google"
                },
                "google_dns_record_set.il_ipc-stg17-wazestg-com-_TXT": {
                    "type": "google_dns_record_set",
                    "depends_on": [],
                    "primary": {
                        "id": "wazestg/il-ipc.stg17.wazestg.com./TXT",
                        "attributes": {
                            "id": "wazestg/il-ipc.stg17.wazestg.com./TXT",
                            "managed_zone": "wazestg",
                            "name": "il-ipc.stg17.wazestg.com.",
                            "project": "waze-development",
                            "rrdatas.#": "1",
                            "rrdatas.0": "\"europe-west1-b,europe-west1-c,europe-west1-d\"",
                            "ttl": "300",
                            "type": "TXT"
                        },
                        "meta": {},
                        "tainted": false
                    },
                    "deposed": [],
                    "provider": "provider.google"
                },
                "google_dns_record_set.il_ipc-stg18-wazestg-com-_TXT": {
                    "type": "google_dns_record_set",
                    "depends_on": [],
                    "primary": {
                        "id": "wazestg/il-ipc.stg18.wazestg.com./TXT",
                        "attributes": {
                            "id": "wazestg/il-ipc.stg18.wazestg.com./TXT",
                            "managed_zone": "wazestg",
                            "name": "il-ipc.stg18.wazestg.com.",
                            "project": "waze-development",
                            "rrdatas.#": "1",
                            "rrdatas.0": "\"europe-west1-b,europe-west1-c,europe-west1-d\"",
                            "ttl": "300",
                            "type": "TXT"
                        },
                        "meta": {},
                        "tainted": false
                    },
                    "deposed": [],
                    "provider": "provider.google"
                },
                "google_dns_record_set.il_ipc-stg19-wazestg-com-_TXT": {
                    "type": "google_dns_record_set",
                    "depends_on": [],
                    "primary": {
                        "id": "wazestg/il-ipc.stg19.wazestg.com./TXT",
                        "attributes": {
                            "id": "wazestg/il-ipc.stg19.wazestg.com./TXT",
                            "managed_zone": "wazestg",
                            "name": "il-ipc.stg19.wazestg.com.",
                            "project": "waze-development",
                            "rrdatas.#": "1",
                            "rrdatas.0": "\"europe-west1-b,europe-west1-c,europe-west1-d\"",
                            "ttl": "300",
                            "type": "TXT"
                        },
                        "meta": {},
                        "tainted": false
                    },
                    "deposed": [],
                    "provider": "provider.google"
                },
                "google_dns_record_set.il_ipc-stg2-wazestg-com-_TXT": {
                    "type": "google_dns_record_set",
                    "depends_on": [],
                    "primary": {
                        "id": "wazestg/il-ipc.stg2.wazestg.com./TXT",
                        "attributes": {
                            "id": "wazestg/il-ipc.stg2.wazestg.com./TXT",
                            "managed_zone": "wazestg",
                            "name": "il-ipc.stg2.wazestg.com.",
                            "project": "waze-development",
                            "rrdatas.#": "1",
                            "rrdatas.0": "\"europe-west1-b,europe-west1-c,europe-west1-d\"",
                            "ttl": "300",
                            "type": "TXT"
                        },
                        "meta": {},
                        "tainted": false
                    },
                    "deposed": [],
                    "provider": "provider.google"
                },
                "google_dns_record_set.il_ipc-stg20-wazestg-com-_TXT": {
                    "type": "google_dns_record_set",
                    "depends_on": [],
                    "primary": {
                        "id": "wazestg/il-ipc.stg20.wazestg.com./TXT",
                        "attributes": {
                            "id": "wazestg/il-ipc.stg20.wazestg.com./TXT",
                            "managed_zone": "wazestg",
                            "name": "il-ipc.stg20.wazestg.com.",
                            "project": "waze-development",
                            "rrdatas.#": "1",
                            "rrdatas.0": "\"europe-west1-b,europe-west1-c,europe-west1-d\"",
                            "ttl": "300",
                            "type": "TXT"
                        },
                        "meta": {},
                        "tainted": false
                    },
                    "deposed": [],
                    "provider": "provider.google"
                },
                "google_dns_record_set.il_ipc-stg21-wazestg-com-_TXT": {
                    "type": "google_dns_record_set",
                    "depends_on": [],
                    "primary": {
                        "id": "wazestg/il-ipc.stg21.wazestg.com./TXT",
                        "attributes": {
                            "id": "wazestg/il-ipc.stg21.wazestg.com./TXT",
                            "managed_zone": "wazestg",
                            "name": "il-ipc.stg21.wazestg.com.",
                            "project": "waze-development",
                            "rrdatas.#": "1",
                            "rrdatas.0": "\"europe-west1-b,europe-west1-c,europe-west1-d\"",
                            "ttl": "300",
                            "type": "TXT"
                        },
                        "meta": {},
                        "tainted": false
                    },
                    "deposed": [],
                    "provider": "provider.google"
                },
                "google_dns_record_set.il_ipc-stg22-wazestg-com-_TXT": {
                    "type": "google_dns_record_set",
                    "depends_on": [],
                    "primary": {
                        "id": "wazestg/il-ipc.stg22.wazestg.com./TXT",
                        "attributes": {
                            "id": "wazestg/il-ipc.stg22.wazestg.com./TXT",
                            "managed_zone": "wazestg",
                            "name": "il-ipc.stg22.wazestg.com.",
                            "project": "waze-development",
                            "rrdatas.#": "1",
                            "rrdatas.0": "\"europe-west1-b,europe-west1-c,europe-west1-d\"",
                            "ttl": "300",
                            "type": "TXT"
                        },
                        "meta": {},
                        "tainted": false
                    },
                    "deposed": [],
                    "provider": "provider.google"
                },
                "google_dns_record_set.il_ipc-stg23-wazestg-com-_TXT": {
                    "type": "google_dns_record_set",
                    "depends_on": [],
                    "primary": {
                        "id": "wazestg/il-ipc.stg23.wazestg.com./TXT",
                        "attributes": {
                            "id": "wazestg/il-ipc.stg23.wazestg.com./TXT",
                            "managed_zone": "wazestg",
                            "name": "il-ipc.stg23.wazestg.com.",
                            "project": "waze-development",
                            "rrdatas.#": "1",
                            "rrdatas.0": "\"europe-west1-b,europe-west1-c,europe-west1-d\"",
                            "ttl": "300",
                            "type": "TXT"
                        },
                        "meta": {},
                        "tainted": false
                    },
                    "deposed": [],
                    "provider": "provider.google"
                },
                "google_dns_record_set.il_ipc-stg24-wazestg-com-_TXT": {
                    "type": "google_dns_record_set",
                    "depends_on": [],
                    "primary": {
                        "id": "wazestg/il-ipc.stg24.wazestg.com./TXT",
                        "attributes": {
                            "id": "wazestg/il-ipc.stg24.wazestg.com./TXT",
                            "managed_zone": "wazestg",
                            "name": "il-ipc.stg24.wazestg.com.",
                            "project": "waze-development",
                            "rrdatas.#": "1",
                            "rrdatas.0": "\"europe-west1-b,europe-west1-c,europe-west1-d\"",
                            "ttl": "300",
                            "type": "TXT"
                        },
                        "meta": {},
                        "tainted": false
                    },
                    "deposed": [],
                    "provider": "provider.google"
                },
                "google_dns_record_set.il_ipc-stg25-wazestg-com-_TXT": {
                    "type": "google_dns_record_set",
                    "depends_on": [],
                    "primary": {
                        "id": "wazestg/il-ipc.stg25.wazestg.com./TXT",
                        "attributes": {
                            "id": "wazestg/il-ipc.stg25.wazestg.com./TXT",
                            "managed_zone": "wazestg",
                            "name": "il-ipc.stg25.wazestg.com.",
                            "project": "waze-development",
                            "rrdatas.#": "1",
                            "rrdatas.0": "\"europe-west1-b,europe-west1-c,europe-west1-d\"",
                            "ttl": "300",
                            "type": "TXT"
                        },
                        "meta": {},
                        "tainted": false
                    },
                    "deposed": [],
                    "provider": "provider.google"
                },
                "google_dns_record_set.il_ipc-stg26-wazestg-com-_TXT": {
                    "type": "google_dns_record_set",
                    "depends_on": [],
                    "primary": {
                        "id": "wazestg/il-ipc.stg26.wazestg.com./TXT",
                        "attributes": {
                            "id": "wazestg/il-ipc.stg26.wazestg.com./TXT",
                            "managed_zone": "wazestg",
                            "name": "il-ipc.stg26.wazestg.com.",
                            "project": "waze-development",
                            "rrdatas.#": "1",
                            "rrdatas.0": "\"europe-west1-b,europe-west1-c,europe-west1-d\"",
                            "ttl": "300",
                            "type": "TXT"
                        },
                        "meta": {},
                        "tainted": false
                    },
                    "deposed": [],
                    "provider": "provider.google"
                },
                "google_dns_record_set.il_ipc-stg27-wazestg-com-_TXT": {
                    "type": "google_dns_record_set",
                    "depends_on": [],
                    "primary": {
                        "id": "wazestg/il-ipc.stg27.wazestg.com./TXT",
                        "attributes": {
                            "id": "wazestg/il-ipc.stg27.wazestg.com./TXT",
                            "managed_zone": "wazestg",
                            "name": "il-ipc.stg27.wazestg.com.",
                            "project": "waze-development",
                            "rrdatas.#": "1",
                            "rrdatas.0": "\"europe-west1-b,europe-west1-c,europe-west1-d\"",
                            "ttl": "300",
                            "type": "TXT"
                        },
                        "meta": {},
                        "tainted": false
                    },
                    "deposed": [],
                    "provider": "provider.google"
                },
                "google_dns_record_set.il_ipc-stg28-wazestg-com-_TXT": {
                    "type": "google_dns_record_set",
                    "depends_on": [],
                    "primary": {
                        "id": "wazestg/il-ipc.stg28.wazestg.com./TXT",
                        "attributes": {
                            "id": "wazestg/il-ipc.stg28.wazestg.com./TXT",
                            "managed_zone": "wazestg",
                            "name": "il-ipc.stg28.wazestg.com.",
                            "project": "waze-development",
                            "rrdatas.#": "1",
                            "rrdatas.0": "\"europe-west1-b,europe-west1-c,europe-west1-d\"",
                            "ttl": "300",
                            "type": "TXT"
                        },
                        "meta": {},
                        "tainted": false
                    },
                    "deposed": [],
                    "provider": "provider.google"
                },
                "google_dns_record_set.il_ipc-stg29-wazestg-com-_TXT": {
                    "type": "google_dns_record_set",
                    "depends_on": [],
                    "primary": {
                        "id": "wazestg/il-ipc.stg29.wazestg.com./TXT",
                        "attributes": {
                            "id": "wazestg/il-ipc.stg29.wazestg.com./TXT",
                            "managed_zone": "wazestg",
                            "name": "il-ipc.stg29.wazestg.com.",
                            "project": "waze-development",
                            "rrdatas.#": "1",
                            "rrdatas.0": "\"europe-west1-b,europe-west1-c,europe-west1-d\"",
                            "ttl": "300",
                            "type": "TXT"
                        },
                        "meta": {},
                        "tainted": false
                    },
                    "deposed": [],
                    "provider": "provider.google"
                },
                "google_dns_record_set.il_ipc-stg3-wazestg-com-_TXT": {
                    "type": "google_dns_record_set",
                    "depends_on": [],
                    "primary": {
                        "id": "wazestg/il-ipc.stg3.wazestg.com./TXT",
                        "attributes": {
                            "id": "wazestg/il-ipc.stg3.wazestg.com./TXT",
                            "managed_zone": "wazestg",
                            "name": "il-ipc.stg3.wazestg.com.",
                            "project": "waze-development",
                            "rrdatas.#": "1",
                            "rrdatas.0": "\"europe-west1-b,europe-west1-c,europe-west1-d\"",
                            "ttl": "300",
                            "type": "TXT"
                        },
                        "meta": {},
                        "tainted": false
                    },
                    "deposed": [],
                    "provider": "provider.google"
                },
                "google_dns_record_set.il_ipc-stg30-wazestg-com-_TXT": {
                    "type": "google_dns_record_set",
                    "depends_on": [],
                    "primary": {
                        "id": "wazestg/il-ipc.stg30.wazestg.com./TXT",
                        "attributes": {
                            "id": "wazestg/il-ipc.stg30.wazestg.com./TXT",
                            "managed_zone": "wazestg",
                            "name": "il-ipc.stg30.wazestg.com.",
                            "project": "waze-development",
                            "rrdatas.#": "1",
                            "rrdatas.0": "\"europe-west1-b,europe-west1-c,europe-west1-d\"",
                            "ttl": "300",
                            "type": "TXT"
                        },
                        "meta": {},
                        "tainted": false
                    },
                    "deposed": [],
                    "provider": "provider.google"
                },
                "google_dns_record_set.il_ipc-stg4-wazestg-com-_TXT": {
                    "type": "google_dns_record_set",
                    "depends_on": [],
                    "primary": {
                        "id": "wazestg/il-ipc.stg4.wazestg.com./TXT",
                        "attributes": {
                            "id": "wazestg/il-ipc.stg4.wazestg.com./TXT",
                            "managed_zone": "wazestg",
                            "name": "il-ipc.stg4.wazestg.com.",
                            "project": "waze-development",
                            "rrdatas.#": "1",
                            "rrdatas.0": "\"europe-west1-b,europe-west1-c,europe-west1-d\"",
                            "ttl": "300",
                            "type": "TXT"
                        },
                        "meta": {},
                        "tainted": false
                    },
                    "deposed": [],
                    "provider": "provider.google"
                },
                "google_dns_record_set.il_ipc-stg5-wazestg-com-_TXT": {
                    "type": "google_dns_record_set",
                    "depends_on": [],
                    "primary": {
                        "id": "wazestg/il-ipc.stg5.wazestg.com./TXT",
                        "attributes": {
                            "id": "wazestg/il-ipc.stg5.wazestg.com./TXT",
                            "managed_zone": "wazestg",
                            "name": "il-ipc.stg5.wazestg.com.",
                            "project": "waze-development",
                            "rrdatas.#": "1",
                            "rrdatas.0": "\"europe-west1-b,europe-west1-c,europe-west1-d\"",
                            "ttl": "300",
                            "type": "TXT"
                        },
                        "meta": {},
                        "tainted": false
                    },
                    "deposed": [],
                    "provider": "provider.google"
                },
                "google_dns_record_set.il_ipc-stg6-wazestg-com-_TXT": {
                    "type": "google_dns_record_set",
                    "depends_on": [],
                    "primary": {
                        "id": "wazestg/il-ipc.stg6.wazestg.com./TXT",
                        "attributes": {
                            "id": "wazestg/il-ipc.stg6.wazestg.com./TXT",
                            "managed_zone": "wazestg",
                            "name": "il-ipc.stg6.wazestg.com.",
                            "project": "waze-development",
                            "rrdatas.#": "1",
                            "rrdatas.0": "\"europe-west1-b,europe-west1-c,europe-west1-d\"",
                            "ttl": "300",
                            "type": "TXT"
                        },
                        "meta": {},
                        "tainted": false
                    },
                    "deposed": [],
                    "provider": "provider.google"
                },
                "google_dns_record_set.il_ipc-stg7-wazestg-com-_TXT": {
                    "type": "google_dns_record_set",
                    "depends_on": [],
                    "primary": {
                        "id": "wazestg/il-ipc.stg7.wazestg.com./TXT",
                        "attributes": {
                            "id": "wazestg/il-ipc.stg7.wazestg.com./TXT",
                            "managed_zone": "wazestg",
                            "name": "il-ipc.stg7.wazestg.com.",
                            "project": "waze-development",
                            "rrdatas.#": "1",
                            "rrdatas.0": "\"europe-west1-b,europe-west1-c,europe-west1-d\"",
                            "ttl": "300",
                            "type": "TXT"
                        },
                        "meta": {},
                        "tainted": false
                    },
                    "deposed": [],
                    "provider": "provider.google"
                },
                "google_dns_record_set.il_ipc-stg8-wazestg-com-_TXT": {
                    "type": "google_dns_record_set",
                    "depends_on": [],
                    "primary": {
                        "id": "wazestg/il-ipc.stg8.wazestg.com./TXT",
                        "attributes": {
                            "id": "wazestg/il-ipc.stg8.wazestg.com./TXT",
                            "managed_zone": "wazestg",
                            "name": "il-ipc.stg8.wazestg.com.",
                            "project": "waze-development",
                            "rrdatas.#": "1",
                            "rrdatas.0": "\"europe-west1-b,europe-west1-c,europe-west1-d\"",
                            "ttl": "300",
                            "type": "TXT"
                        },
                        "meta": {},
                        "tainted": false
                    },
                    "deposed": [],
                    "provider": "provider.google"
                },
                "google_dns_record_set.il_ipc-stg9-wazestg-com-_TXT": {
                    "type": "google_dns_record_set",
                    "depends_on": [],
                    "primary": {
                        "id": "wazestg/il-ipc.stg9.wazestg.com./TXT",
                        "attributes": {
                            "id": "wazestg/il-ipc.stg9.wazestg.com./TXT",
                            "managed_zone": "wazestg",
                            "name": "il-ipc.stg9.wazestg.com.",
                            "project": "waze-development",
                            "rrdatas.#": "1",
                            "rrdatas.0": "\"europe-west1-b,europe-west1-c,europe-west1-d\"",
                            "ttl": "300",
                            "type": "TXT"
                        },
                        "meta": {},
                        "tainted": false
                    },
                    "deposed": [],
                    "provider": "provider.google"
                },
                "google_dns_record_set.il_ipc-wazestg-com-_TXT": {
                    "type": "google_dns_record_set",
                    "depends_on": [],
                    "primary": {
                        "id": "wazestg/il-ipc.wazestg.com./TXT",
                        "attributes": {
                            "id": "wazestg/il-ipc.wazestg.com./TXT",
                            "managed_zone": "wazestg",
                            "name": "il-ipc.wazestg.com.",
                            "project": "waze-development",
                            "rrdatas.#": "1",
                            "rrdatas.0": "\"europe-west1-b,europe-west1-c,europe-west1-d\"",
                            "ttl": "60",
                            "type": "TXT"
                        },
                        "meta": {},
                        "tainted": false
                    },
                    "deposed": [],
                    "provider": "provider.google"
                },
                "google_dns_record_set.il_ipc_offline-stg10-wazestg-com-_TXT": {
                    "type": "google_dns_record_set",
                    "depends_on": [],
                    "primary": {
                        "id": "wazestg/il-ipc-offline.stg10.wazestg.com./TXT",
                        "attributes": {
                            "id": "wazestg/il-ipc-offline.stg10.wazestg.com./TXT",
                            "managed_zone": "wazestg",
                            "name": "il-ipc-offline.stg10.wazestg.com.",
                            "project": "waze-development",
                            "rrdatas.#": "1",
                            "rrdatas.0": "\"europe-west1-b,europe-west1-c,europe-west1-d\"",
                            "ttl": "300",
                            "type": "TXT"
                        },
                        "meta": {},
                        "tainted": false
                    },
                    "deposed": [],
                    "provider": "provider.google"
                },
                "google_dns_record_set.il_ipc_offline-stg11-wazestg-com-_TXT": {
                    "type": "google_dns_record_set",
                    "depends_on": [],
                    "primary": {
                        "id": "wazestg/il-ipc-offline.stg11.wazestg.com./TXT",
                        "attributes": {
                            "id": "wazestg/il-ipc-offline.stg11.wazestg.com./TXT",
                            "managed_zone": "wazestg",
                            "name": "il-ipc-offline.stg11.wazestg.com.",
                            "project": "waze-development",
                            "rrdatas.#": "1",
                            "rrdatas.0": "\"europe-west1-b,europe-west1-c,europe-west1-d\"",
                            "ttl": "300",
                            "type": "TXT"
                        },
                        "meta": {},
                        "tainted": false
                    },
                    "deposed": [],
                    "provider": "provider.google"
                },
                "google_dns_record_set.il_ipc_offline-stg12-wazestg-com-_TXT": {
                    "type": "google_dns_record_set",
                    "depends_on": [],
                    "primary": {
                        "id": "wazestg/il-ipc-offline.stg12.wazestg.com./TXT",
                        "attributes": {
                            "id": "wazestg/il-ipc-offline.stg12.wazestg.com./TXT",
                            "managed_zone": "wazestg",
                            "name": "il-ipc-offline.stg12.wazestg.com.",
                            "project": "waze-development",
                            "rrdatas.#": "1",
                            "rrdatas.0": "\"europe-west1-b,europe-west1-c,europe-west1-d\"",
                            "ttl": "300",
                            "type": "TXT"
                        },
                        "meta": {},
                        "tainted": false
                    },
                    "deposed": [],
                    "provider": "provider.google"
                },
                "google_dns_record_set.il_ipc_offline-stg13-wazestg-com-_TXT": {
                    "type": "google_dns_record_set",
                    "depends_on": [],
                    "primary": {
                        "id": "wazestg/il-ipc-offline.stg13.wazestg.com./TXT",
                        "attributes": {
                            "id": "wazestg/il-ipc-offline.stg13.wazestg.com./TXT",
                            "managed_zone": "wazestg",
                            "name": "il-ipc-offline.stg13.wazestg.com.",
                            "project": "waze-development",
                            "rrdatas.#": "1",
                            "rrdatas.0": "\"europe-west1-b,europe-west1-c,europe-west1-d\"",
                            "ttl": "300",
                            "type": "TXT"
                        },
                        "meta": {},
                        "tainted": false
                    },
                    "deposed": [],
                    "provider": "provider.google"
                },
                "google_dns_record_set.il_ipc_offline-stg14-wazestg-com-_TXT": {
                    "type": "google_dns_record_set",
                    "depends_on": [],
                    "primary": {
                        "id": "wazestg/il-ipc-offline.stg14.wazestg.com./TXT",
                        "attributes": {
                            "id": "wazestg/il-ipc-offline.stg14.wazestg.com./TXT",
                            "managed_zone": "wazestg",
                            "name": "il-ipc-offline.stg14.wazestg.com.",
                            "project": "waze-development",
                            "rrdatas.#": "1",
                            "rrdatas.0": "\"europe-west1-b,europe-west1-c,europe-west1-d\"",
                            "ttl": "300",
                            "type": "TXT"
                        },
                        "meta": {},
                        "tainted": false
                    },
                    "deposed": [],
                    "provider": "provider.google"
                },
                "google_dns_record_set.il_ipc_offline-stg15-wazestg-com-_TXT": {
                    "type": "google_dns_record_set",
                    "depends_on": [],
                    "primary": {
                        "id": "wazestg/il-ipc-offline.stg15.wazestg.com./TXT",
                        "attributes": {
                            "id": "wazestg/il-ipc-offline.stg15.wazestg.com./TXT",
                            "managed_zone": "wazestg",
                            "name": "il-ipc-offline.stg15.wazestg.com.",
                            "project": "waze-development",
                            "rrdatas.#": "1",
                            "rrdatas.0": "\"europe-west1-b,europe-west1-c,europe-west1-d\"",
                            "ttl": "300",
                            "type": "TXT"
                        },
                        "meta": {},
                        "tainted": false
                    },
                    "deposed": [],
                    "provider": "provider.google"
                },
                "google_dns_record_set.il_ipc_offline-stg16-wazestg-com-_TXT": {
                    "type": "google_dns_record_set",
                    "depends_on": [],
                    "primary": {
                        "id": "wazestg/il-ipc-offline.stg16.wazestg.com./TXT",
                        "attributes": {
                            "id": "wazestg/il-ipc-offline.stg16.wazestg.com./TXT",
                            "managed_zone": "wazestg",
                            "name": "il-ipc-offline.stg16.wazestg.com.",
                            "project": "waze-development",
                            "rrdatas.#": "1",
                            "rrdatas.0": "\"europe-west1-b,europe-west1-c,europe-west1-d\"",
                            "ttl": "300",
                            "type": "TXT"
                        },
                        "meta": {},
                        "tainted": false
                    },
                    "deposed": [],
                    "provider": "provider.google"
                },
                "google_dns_record_set.il_ipc_offline-stg17-wazestg-com-_TXT": {
                    "type": "google_dns_record_set",
                    "depends_on": [],
                    "primary": {
                        "id": "wazestg/il-ipc-offline.stg17.wazestg.com./TXT",
                        "attributes": {
                            "id": "wazestg/il-ipc-offline.stg17.wazestg.com./TXT",
                            "managed_zone": "wazestg",
                            "name": "il-ipc-offline.stg17.wazestg.com.",
                            "project": "waze-development",
                            "rrdatas.#": "1",
                            "rrdatas.0": "\"europe-west1-b,europe-west1-c,europe-west1-d\"",
                            "ttl": "300",
                            "type": "TXT"
                        },
                        "meta": {},
                        "tainted": false
                    },
                    "deposed": [],
                    "provider": "provider.google"
                },
                "google_dns_record_set.il_ipc_offline-stg18-wazestg-com-_TXT": {
                    "type": "google_dns_record_set",
                    "depends_on": [],
                    "primary": {
                        "id": "wazestg/il-ipc-offline.stg18.wazestg.com./TXT",
                        "attributes": {
                            "id": "wazestg/il-ipc-offline.stg18.wazestg.com./TXT",
                            "managed_zone": "wazestg",
                            "name": "il-ipc-offline.stg18.wazestg.com.",
                            "project": "waze-development",
                            "rrdatas.#": "1",
                            "rrdatas.0": "\"europe-west1-b,europe-west1-c,europe-west1-d\"",
                            "ttl": "300",
                            "type": "TXT"
                        },
                        "meta": {},
                        "tainted": false
                    },
                    "deposed": [],
                    "provider": "provider.google"
                },
                "google_dns_record_set.il_ipc_offline-stg19-wazestg-com-_TXT": {
                    "type": "google_dns_record_set",
                    "depends_on": [],
                    "primary": {
                        "id": "wazestg/il-ipc-offline.stg19.wazestg.com./TXT",
                        "attributes": {
                            "id": "wazestg/il-ipc-offline.stg19.wazestg.com./TXT",
                            "managed_zone": "wazestg",
                            "name": "il-ipc-offline.stg19.wazestg.com.",
                            "project": "waze-development",
                            "rrdatas.#": "1",
                            "rrdatas.0": "\"europe-west1-b,europe-west1-c,europe-west1-d\"",
                            "ttl": "300",
                            "type": "TXT"
                        },
                        "meta": {},
                        "tainted": false
                    },
                    "deposed": [],
                    "provider": "provider.google"
                },
                "google_dns_record_set.il_ipc_offline-stg2-wazestg-com-_TXT": {
                    "type": "google_dns_record_set",
                    "depends_on": [],
                    "primary": {
                        "id": "wazestg/il-ipc-offline.stg2.wazestg.com./TXT",
                        "attributes": {
                            "id": "wazestg/il-ipc-offline.stg2.wazestg.com./TXT",
                            "managed_zone": "wazestg",
                            "name": "il-ipc-offline.stg2.wazestg.com.",
                            "project": "waze-development",
                            "rrdatas.#": "1",
                            "rrdatas.0": "\"europe-west1-b,europe-west1-c,europe-west1-d\"",
                            "ttl": "300",
                            "type": "TXT"
                        },
                        "meta": {},
                        "tainted": false
                    },
                    "deposed": [],
                    "provider": "provider.google"
                },
                "google_dns_record_set.il_ipc_offline-stg20-wazestg-com-_TXT": {
                    "type": "google_dns_record_set",
                    "depends_on": [],
                    "primary": {
                        "id": "wazestg/il-ipc-offline.stg20.wazestg.com./TXT",
                        "attributes": {
                            "id": "wazestg/il-ipc-offline.stg20.wazestg.com./TXT",
                            "managed_zone": "wazestg",
                            "name": "il-ipc-offline.stg20.wazestg.com.",
                            "project": "waze-development",
                            "rrdatas.#": "1",
                            "rrdatas.0": "\"europe-west1-b,europe-west1-c,europe-west1-d\"",
                            "ttl": "300",
                            "type": "TXT"
                        },
                        "meta": {},
                        "tainted": false
                    },
                    "deposed": [],
                    "provider": "provider.google"
                },
                "google_dns_record_set.il_ipc_offline-stg21-wazestg-com-_TXT": {
                    "type": "google_dns_record_set",
                    "depends_on": [],
                    "primary": {
                        "id": "wazestg/il-ipc-offline.stg21.wazestg.com./TXT",
                        "attributes": {
                            "id": "wazestg/il-ipc-offline.stg21.wazestg.com./TXT",
                            "managed_zone": "wazestg",
                            "name": "il-ipc-offline.stg21.wazestg.com.",
                            "project": "waze-development",
                            "rrdatas.#": "1",
                            "rrdatas.0": "\"europe-west1-b,europe-west1-c,europe-west1-d\"",
                            "ttl": "300",
                            "type": "TXT"
                        },
                        "meta": {},
                        "tainted": false
                    },
                    "deposed": [],
                    "provider": "provider.google"
                },
                "google_dns_record_set.il_ipc_offline-stg22-wazestg-com-_TXT": {
                    "type": "google_dns_record_set",
                    "depends_on": [],
                    "primary": {
                        "id": "wazestg/il-ipc-offline.stg22.wazestg.com./TXT",
                        "attributes": {
                            "id": "wazestg/il-ipc-offline.stg22.wazestg.com./TXT",
                            "managed_zone": "wazestg",
                            "name": "il-ipc-offline.stg22.wazestg.com.",
                            "project": "waze-development",
                            "rrdatas.#": "1",
                            "rrdatas.0": "\"europe-west1-b,europe-west1-c,europe-west1-d\"",
                            "ttl": "300",
                            "type": "TXT"
                        },
                        "meta": {},
                        "tainted": false
                    },
                    "deposed": [],
                    "provider": "provider.google"
                },
                "google_dns_record_set.il_ipc_offline-stg23-wazestg-com-_TXT": {
                    "type": "google_dns_record_set",
                    "depends_on": [],
                    "primary": {
                        "id": "wazestg/il-ipc-offline.stg23.wazestg.com./TXT",
                        "attributes": {
                            "id": "wazestg/il-ipc-offline.stg23.wazestg.com./TXT",
                            "managed_zone": "wazestg",
                            "name": "il-ipc-offline.stg23.wazestg.com.",
                            "project": "waze-development",
                            "rrdatas.#": "1",
                            "rrdatas.0": "\"europe-west1-b,europe-west1-c,europe-west1-d\"",
                            "ttl": "300",
                            "type": "TXT"
                        },
                        "meta": {},
                        "tainted": false
                    },
                    "deposed": [],
                    "provider": "provider.google"
                },
                "google_dns_record_set.il_ipc_offline-stg24-wazestg-com-_TXT": {
                    "type": "google_dns_record_set",
                    "depends_on": [],
                    "primary": {
                        "id": "wazestg/il-ipc-offline.stg24.wazestg.com./TXT",
                        "attributes": {
                            "id": "wazestg/il-ipc-offline.stg24.wazestg.com./TXT",
                            "managed_zone": "wazestg",
                            "name": "il-ipc-offline.stg24.wazestg.com.",
                            "project": "waze-development",
                            "rrdatas.#": "1",
                            "rrdatas.0": "\"europe-west1-b,europe-west1-c,europe-west1-d\"",
                            "ttl": "300",
                            "type": "TXT"
                        },
                        "meta": {},
                        "tainted": false
                    },
                    "deposed": [],
                    "provider": "provider.google"
                },
                "google_dns_record_set.il_ipc_offline-stg25-wazestg-com-_TXT": {
                    "type": "google_dns_record_set",
                    "depends_on": [],
                    "primary": {
                        "id": "wazestg/il-ipc-offline.stg25.wazestg.com./TXT",
                        "attributes": {
                            "id": "wazestg/il-ipc-offline.stg25.wazestg.com./TXT",
                            "managed_zone": "wazestg",
                            "name": "il-ipc-offline.stg25.wazestg.com.",
                            "project": "waze-development",
                            "rrdatas.#": "1",
                            "rrdatas.0": "\"europe-west1-b,europe-west1-c,europe-west1-d\"",
                            "ttl": "300",
                            "type": "TXT"
                        },
                        "meta": {},
                        "tainted": false
                    },
                    "deposed": [],
                    "provider": "provider.google"
                },
                "google_dns_record_set.il_ipc_offline-stg26-wazestg-com-_TXT": {
                    "type": "google_dns_record_set",
                    "depends_on": [],
                    "primary": {
                        "id": "wazestg/il-ipc-offline.stg26.wazestg.com./TXT",
                        "attributes": {
                            "id": "wazestg/il-ipc-offline.stg26.wazestg.com./TXT",
                            "managed_zone": "wazestg",
                            "name": "il-ipc-offline.stg26.wazestg.com.",
                            "project": "waze-development",
                            "rrdatas.#": "1",
                            "rrdatas.0": "\"europe-west1-b,europe-west1-c,europe-west1-d\"",
                            "ttl": "300",
                            "type": "TXT"
                        },
                        "meta": {},
                        "tainted": false
                    },
                    "deposed": [],
                    "provider": "provider.google"
                },
                "google_dns_record_set.il_ipc_offline-stg27-wazestg-com-_TXT": {
                    "type": "google_dns_record_set",
                    "depends_on": [],
                    "primary": {
                        "id": "wazestg/il-ipc-offline.stg27.wazestg.com./TXT",
                        "attributes": {
                            "id": "wazestg/il-ipc-offline.stg27.wazestg.com./TXT",
                            "managed_zone": "wazestg",
                            "name": "il-ipc-offline.stg27.wazestg.com.",
                            "project": "waze-development",
                            "rrdatas.#": "1",
                            "rrdatas.0": "\"europe-west1-b,europe-west1-c,europe-west1-d\"",
                            "ttl": "300",
                            "type": "TXT"
                        },
                        "meta": {},
                        "tainted": false
                    },
                    "deposed": [],
                    "provider": "provider.google"
                },
                "google_dns_record_set.il_ipc_offline-stg28-wazestg-com-_TXT": {
                    "type": "google_dns_record_set",
                    "depends_on": [],
                    "primary": {
                        "id": "wazestg/il-ipc-offline.stg28.wazestg.com./TXT",
                        "attributes": {
                            "id": "wazestg/il-ipc-offline.stg28.wazestg.com./TXT",
                            "managed_zone": "wazestg",
                            "name": "il-ipc-offline.stg28.wazestg.com.",
                            "project": "waze-development",
                            "rrdatas.#": "1",
                            "rrdatas.0": "\"europe-west1-b,europe-west1-c,europe-west1-d\"",
                            "ttl": "300",
                            "type": "TXT"
                        },
                        "meta": {},
                        "tainted": false
                    },
                    "deposed": [],
                    "provider": "provider.google"
                },
                "google_dns_record_set.il_ipc_offline-stg29-wazestg-com-_TXT": {
                    "type": "google_dns_record_set",
                    "depends_on": [],
                    "primary": {
                        "id": "wazestg/il-ipc-offline.stg29.wazestg.com./TXT",
                        "attributes": {
                            "id": "wazestg/il-ipc-offline.stg29.wazestg.com./TXT",
                            "managed_zone": "wazestg",
                            "name": "il-ipc-offline.stg29.wazestg.com.",
                            "project": "waze-development",
                            "rrdatas.#": "1",
                            "rrdatas.0": "\"europe-west1-b,europe-west1-c,europe-west1-d\"",
                            "ttl": "300",
                            "type": "TXT"
                        },
                        "meta": {},
                        "tainted": false
                    },
                    "deposed": [],
                    "provider": "provider.google"
                },
                "google_dns_record_set.il_ipc_offline-stg3-wazestg-com-_TXT": {
                    "type": "google_dns_record_set",
                    "depends_on": [],
                    "primary": {
                        "id": "wazestg/il-ipc-offline.stg3.wazestg.com./TXT",
                        "attributes": {
                            "id": "wazestg/il-ipc-offline.stg3.wazestg.com./TXT",
                            "managed_zone": "wazestg",
                            "name": "il-ipc-offline.stg3.wazestg.com.",
                            "project": "waze-development",
                            "rrdatas.#": "1",
                            "rrdatas.0": "\"europe-west1-b,europe-west1-c,europe-west1-d\"",
                            "ttl": "300",
                            "type": "TXT"
                        },
                        "meta": {},
                        "tainted": false
                    },
                    "deposed": [],
                    "provider": "provider.google"
                },
                "google_dns_record_set.il_ipc_offline-stg30-wazestg-com-_TXT": {
                    "type": "google_dns_record_set",
                    "depends_on": [],
                    "primary": {
                        "id": "wazestg/il-ipc-offline.stg30.wazestg.com./TXT",
                        "attributes": {
                            "id": "wazestg/il-ipc-offline.stg30.wazestg.com./TXT",
                            "managed_zone": "wazestg",
                            "name": "il-ipc-offline.stg30.wazestg.com.",
                            "project": "waze-development",
                            "rrdatas.#": "1",
                            "rrdatas.0": "\"europe-west1-b,europe-west1-c,europe-west1-d\"",
                            "ttl": "300",
                            "type": "TXT"
                        },
                        "meta": {},
                        "tainted": false
                    },
                    "deposed": [],
                    "provider": "provider.google"
                },
                "google_dns_record_set.il_ipc_offline-stg4-wazestg-com-_TXT": {
                    "type": "google_dns_record_set",
                    "depends_on": [],
                    "primary": {
                        "id": "wazestg/il-ipc-offline.stg4.wazestg.com./TXT",
                        "attributes": {
                            "id": "wazestg/il-ipc-offline.stg4.wazestg.com./TXT",
                            "managed_zone": "wazestg",
                            "name": "il-ipc-offline.stg4.wazestg.com.",
                            "project": "waze-development",
                            "rrdatas.#": "1",
                            "rrdatas.0": "\"europe-west1-b,europe-west1-c,europe-west1-d\"",
                            "ttl": "300",
                            "type": "TXT"
                        },
                        "meta": {},
                        "tainted": false
                    },
                    "deposed": [],
                    "provider": "provider.google"
                },
                "google_dns_record_set.il_ipc_offline-stg5-wazestg-com-_TXT": {
                    "type": "google_dns_record_set",
                    "depends_on": [],
                    "primary": {
                        "id": "wazestg/il-ipc-offline.stg5.wazestg.com./TXT",
                        "attributes": {
                            "id": "wazestg/il-ipc-offline.stg5.wazestg.com./TXT",
                            "managed_zone": "wazestg",
                            "name": "il-ipc-offline.stg5.wazestg.com.",
                            "project": "waze-development",
                            "rrdatas.#": "1",
                            "rrdatas.0": "\"europe-west1-b,europe-west1-c,europe-west1-d\"",
                            "ttl": "300",
                            "type": "TXT"
                        },
                        "meta": {},
                        "tainted": false
                    },
                    "deposed": [],
                    "provider": "provider.google"
                },
                "google_dns_record_set.il_ipc_offline-stg6-wazestg-com-_TXT": {
                    "type": "google_dns_record_set",
                    "depends_on": [],
                    "primary": {
                        "id": "wazestg/il-ipc-offline.stg6.wazestg.com./TXT",
                        "attributes": {
                            "id": "wazestg/il-ipc-offline.stg6.wazestg.com./TXT",
                            "managed_zone": "wazestg",
                            "name": "il-ipc-offline.stg6.wazestg.com.",
                            "project": "waze-development",
                            "rrdatas.#": "1",
                            "rrdatas.0": "\"europe-west1-b,europe-west1-c,europe-west1-d\"",
                            "ttl": "300",
                            "type": "TXT"
                        },
                        "meta": {},
                        "tainted": false
                    },
                    "deposed": [],
                    "provider": "provider.google"
                },
                "google_dns_record_set.il_ipc_offline-stg7-wazestg-com-_TXT": {
                    "type": "google_dns_record_set",
                    "depends_on": [],
                    "primary": {
                        "id": "wazestg/il-ipc-offline.stg7.wazestg.com./TXT",
                        "attributes": {
                            "id": "wazestg/il-ipc-offline.stg7.wazestg.com./TXT",
                            "managed_zone": "wazestg",
                            "name": "il-ipc-offline.stg7.wazestg.com.",
                            "project": "waze-development",
                            "rrdatas.#": "1",
                            "rrdatas.0": "\"europe-west1-b,europe-west1-c,europe-west1-d\"",
                            "ttl": "300",
                            "type": "TXT"
                        },
                        "meta": {},
                        "tainted": false
                    },
                    "deposed": [],
                    "provider": "provider.google"
                },
                "google_dns_record_set.il_ipc_offline-stg8-wazestg-com-_TXT": {
                    "type": "google_dns_record_set",
                    "depends_on": [],
                    "primary": {
                        "id": "wazestg/il-ipc-offline.stg8.wazestg.com./TXT",
                        "attributes": {
                            "id": "wazestg/il-ipc-offline.stg8.wazestg.com./TXT",
                            "managed_zone": "wazestg",
                            "name": "il-ipc-offline.stg8.wazestg.com.",
                            "project": "waze-development",
                            "rrdatas.#": "1",
                            "rrdatas.0": "\"europe-west1-b,europe-west1-c,europe-west1-d\"",
                            "ttl": "300",
                            "type": "TXT"
                        },
                        "meta": {},
                        "tainted": false
                    },
                    "deposed": [],
                    "provider": "provider.google"
                },
                "google_dns_record_set.il_ipc_offline-stg9-wazestg-com-_TXT": {
                    "type": "google_dns_record_set",
                    "depends_on": [],
                    "primary": {
                        "id": "wazestg/il-ipc-offline.stg9.wazestg.com./TXT",
                        "attributes": {
                            "id": "wazestg/il-ipc-offline.stg9.wazestg.com./TXT",
                            "managed_zone": "wazestg",
                            "name": "il-ipc-offline.stg9.wazestg.com.",
                            "project": "waze-development",
                            "rrdatas.#": "1",
                            "rrdatas.0": "\"europe-west1-b,europe-west1-c,europe-west1-d\"",
                            "ttl": "300",
                            "type": "TXT"
                        },
                        "meta": {},
                        "tainted": false
                    },
                    "deposed": [],
                    "provider": "provider.google"
                },
                "google_dns_record_set.il_ipc_offline-wazestg-com-_TXT": {
                    "type": "google_dns_record_set",
                    "depends_on": [],
                    "primary": {
                        "id": "wazestg/il-ipc-offline.wazestg.com./TXT",
                        "attributes": {
                            "id": "wazestg/il-ipc-offline.wazestg.com./TXT",
                            "managed_zone": "wazestg",
                            "name": "il-ipc-offline.wazestg.com.",
                            "project": "waze-development",
                            "rrdatas.#": "1",
                            "rrdatas.0": "\"europe-west1-b,europe-west1-c,europe-west1-d\"",
                            "ttl": "300",
                            "type": "TXT"
                        },
                        "meta": {},
                        "tainted": false
                    },
                    "deposed": [],
                    "provider": "provider.google"
                },
                "google_dns_record_set.il_test_ipc-wazestg-com-_TXT": {
                    "type": "google_dns_record_set",
                    "depends_on": [],
                    "primary": {
                        "id": "wazestg/il-test-ipc.wazestg.com./TXT",
                        "attributes": {
                            "id": "wazestg/il-test-ipc.wazestg.com./TXT",
                            "managed_zone": "wazestg",
                            "name": "il-test-ipc.wazestg.com.",
                            "project": "waze-development",
                            "rrdatas.#": "1",
                            "rrdatas.0": "\"europe-west1-d\"",
                            "ttl": "300",
                            "type": "TXT"
                        },
                        "meta": {},
                        "tainted": false
                    },
                    "deposed": [],
                    "provider": "provider.google"
                },
                "google_dns_record_set.importer-aws-wazestg-com-_A": {
                    "type": "google_dns_record_set",
                    "depends_on": [],
                    "primary": {
                        "id": "wazestg/importer.aws.wazestg.com./A",
                        "attributes": {
                            "id": "wazestg/importer.aws.wazestg.com./A",
                            "managed_zone": "wazestg",
                            "name": "importer.aws.wazestg.com.",
                            "project": "waze-development",
                            "rrdatas.#": "1",
                            "rrdatas.0": "176.34.107.182",
                            "ttl": "300",
                            "type": "A"
                        },
                        "meta": {},
                        "tainted": false
                    },
                    "deposed": [],
                    "provider": "provider.google"
                },
                "google_dns_record_set.importer-gcp-wazestg-com-_A": {
                    "type": "google_dns_record_set",
                    "depends_on": [],
                    "primary": {
                        "id": "wazestg/importer.gcp.wazestg.com./A",
                        "attributes": {
                            "id": "wazestg/importer.gcp.wazestg.com./A",
                            "managed_zone": "wazestg",
                            "name": "importer.gcp.wazestg.com.",
                            "project": "waze-development",
                            "rrdatas.#": "1",
                            "rrdatas.0": "176.34.107.182",
                            "ttl": "300",
                            "type": "A"
                        },
                        "meta": {},
                        "tainted": false
                    },
                    "deposed": [],
                    "provider": "provider.google"
                },
                "google_dns_record_set.inbox-gcp-wazestg-com-_A": {
                    "type": "google_dns_record_set",
                    "depends_on": [],
                    "primary": {
                        "id": "wazestg/inbox.gcp.wazestg.com./A",
                        "attributes": {
                            "id": "wazestg/inbox.gcp.wazestg.com./A",
                            "managed_zone": "wazestg",
                            "name": "inbox.gcp.wazestg.com.",
                            "project": "waze-development",
                            "rrdatas.#": "1",
                            "rrdatas.0": "130.211.15.36",
                            "ttl": "300",
                            "type": "A"
                        },
                        "meta": {},
                        "tainted": false
                    },
                    "deposed": [],
                    "provider": "provider.google"
                },
                "google_dns_record_set.incidents-gcp-wazestg-com-_A": {
                    "type": "google_dns_record_set",
                    "depends_on": [],
                    "primary": {
                        "id": "wazestg/incidents.gcp.wazestg.com./A",
                        "attributes": {
                            "id": "wazestg/incidents.gcp.wazestg.com./A",
                            "managed_zone": "wazestg",
                            "name": "incidents.gcp.wazestg.com.",
                            "project": "waze-development",
                            "rrdatas.#": "1",
                            "rrdatas.0": "130.211.10.69",
                            "ttl": "60",
                            "type": "A"
                        },
                        "meta": {},
                        "tainted": false
                    },
                    "deposed": [],
                    "provider": "provider.google"
                },
                "google_dns_record_set.it-fu-nl-_A": {
                    "type": "google_dns_record_set",
                    "depends_on": [],
                    "primary": {
                        "id": "funl/it.fu.nl./A",
                        "attributes": {
                            "id": "funl/it.fu.nl./A",
                            "managed_zone": "funl",
                            "name": "it.fu.nl.",
                            "project": "waze-development",
                            "rrdatas.#": "1",
                            "rrdatas.0": "146.148.15.90",
                            "ttl": "60",
                            "type": "A"
                        },
                        "meta": {},
                        "tainted": false
                    },
                    "deposed": [],
                    "provider": "provider.google"
                },
                "google_dns_record_set.it_internal-fu-nl-_A": {
                    "type": "google_dns_record_set",
                    "depends_on": [],
                    "primary": {
                        "id": "funl/it-internal.fu.nl./A",
                        "attributes": {
                            "id": "funl/it-internal.fu.nl./A",
                            "managed_zone": "funl",
                            "name": "it-internal.fu.nl.",
                            "project": "waze-development",
                            "rrdatas.#": "1",
                            "rrdatas.0": "172.21.0.9",
                            "ttl": "60",
                            "type": "A"
                        },
                        "meta": {},
                        "tainted": false
                    },
                    "deposed": [],
                    "provider": "provider.google"
                },
                "google_dns_record_set.it_internal_proxy-fu-nl-_A": {
                    "type": "google_dns_record_set",
                    "depends_on": [],
                    "primary": {
                        "id": "funl/it-internal-proxy.fu.nl./A",
                        "attributes": {
                            "id": "funl/it-internal-proxy.fu.nl./A",
                            "managed_zone": "funl",
                            "name": "it-internal-proxy.fu.nl.",
                            "project": "waze-development",
                            "rrdatas.#": "1",
                            "rrdatas.0": "172.20.0.22",
                            "ttl": "60",
                            "type": "A"
                        },
                        "meta": {},
                        "tainted": false
                    },
                    "deposed": [],
                    "provider": "provider.google"
                },
                "google_dns_record_set.it_testing-fu-nl-_A": {
                    "type": "google_dns_record_set",
                    "depends_on": [],
                    "primary": {
                        "id": "funl/it-testing.fu.nl./A",
                        "attributes": {
                            "id": "funl/it-testing.fu.nl./A",
                            "managed_zone": "funl",
                            "name": "it-testing.fu.nl.",
                            "project": "waze-development",
                            "rrdatas.#": "1",
                            "rrdatas.0": "104.199.15.138",
                            "ttl": "300",
                            "type": "A"
                        },
                        "meta": {},
                        "tainted": false
                    },
                    "deposed": [],
                    "provider": "provider.google"
                },
                "google_dns_record_set.login-gcp-wazestg-com-_A": {
                    "type": "google_dns_record_set",
                    "depends_on": [],
                    "primary": {
                        "id": "wazestg/login.gcp.wazestg.com./A",
                        "attributes": {
                            "id": "wazestg/login.gcp.wazestg.com./A",
                            "managed_zone": "wazestg",
                            "name": "login.gcp.wazestg.com.",
                            "project": "waze-development",
                            "rrdatas.#": "1",
                            "rrdatas.0": "107.178.248.219",
                            "ttl": "900",
                            "type": "A"
                        },
                        "meta": {},
                        "tainted": false
                    },
                    "deposed": [],
                    "provider": "provider.google"
                },
                "google_dns_record_set.login2-gcp-wazestg-com-_A": {
                    "type": "google_dns_record_set",
                    "depends_on": [],
                    "primary": {
                        "id": "wazestg/login2.gcp.wazestg.com./A",
                        "attributes": {
                            "id": "wazestg/login2.gcp.wazestg.com./A",
                            "managed_zone": "wazestg",
                            "name": "login2.gcp.wazestg.com.",
                            "project": "waze-development",
                            "rrdatas.#": "1",
                            "rrdatas.0": "104.155.20.24",
                            "ttl": "300",
                            "type": "A"
                        },
                        "meta": {},
                        "tainted": false
                    },
                    "deposed": [],
                    "provider": "provider.google"
                },
                "google_dns_record_set.luke_www-gcp-wazestg-com-_A": {
                    "type": "google_dns_record_set",
                    "depends_on": [],
                    "primary": {
                        "id": "wazestg/luke-www.gcp.wazestg.com./A",
                        "attributes": {
                            "id": "wazestg/luke-www.gcp.wazestg.com./A",
                            "managed_zone": "wazestg",
                            "name": "luke-www.gcp.wazestg.com.",
                            "project": "waze-development",
                            "rrdatas.#": "1",
                            "rrdatas.0": "107.178.248.105",
                            "ttl": "300",
                            "type": "A"
                        },
                        "meta": {},
                        "tainted": false
                    },
                    "deposed": [],
                    "provider": "provider.google"
                },
                "google_dns_record_set.m-fu-nl-_CNAME": {
                    "type": "google_dns_record_set",
                    "depends_on": [],
                    "primary": {
                        "id": "funl/m.fu.nl./CNAME",
                        "attributes": {
                            "id": "funl/m.fu.nl./CNAME",
                            "managed_zone": "funl",
                            "name": "m.fu.nl.",
                            "project": "waze-development",
                            "rrdatas.#": "1",
                            "rrdatas.0": "internal-securitymonkey-internal-2003649720.eu-west-1.elb.amazonaws.com.",
                            "ttl": "60",
                            "type": "CNAME"
                        },
                        "meta": {},
                        "tainted": false
                    },
                    "deposed": [],
                    "provider": "provider.google"
                },
                "google_dns_record_set.ma-fu-nl-_A": {
                    "type": "google_dns_record_set",
                    "depends_on": [],
                    "primary": {
                        "id": "funl/ma.fu.nl./A",
                        "attributes": {
                            "id": "funl/ma.fu.nl./A",
                            "managed_zone": "funl",
                            "name": "ma.fu.nl.",
                            "project": "waze-development",
                            "rrdatas.#": "1",
                            "rrdatas.0": "54.197.192.120",
                            "ttl": "300",
                            "type": "A"
                        },
                        "meta": {},
                        "tainted": false
                    },
                    "deposed": [],
                    "provider": "provider.google"
                },
                "google_dns_record_set.map-fu-nl-_CNAME": {
                    "type": "google_dns_record_set",
                    "depends_on": [],
                    "primary": {
                        "id": "funl/map.fu.nl./CNAME",
                        "attributes": {
                            "id": "funl/map.fu.nl./CNAME",
                            "managed_zone": "funl",
                            "name": "map.fu.nl.",
                            "project": "waze-development",
                            "rrdatas.#": "1",
                            "rrdatas.0": "row-monitoring-644266387.eu-west-1.elb.amazonaws.com.",
                            "ttl": "300",
                            "type": "CNAME"
                        },
                        "meta": {},
                        "tainted": false
                    },
                    "deposed": [],
                    "provider": "provider.google"
                },
                "google_dns_record_set.mapnik_livemap_stg12-gcp-wazestg-com-_A": {
                    "type": "google_dns_record_set",
                    "depends_on": [],
                    "primary": {
                        "id": "wazestg/mapnik-livemap-stg12.gcp.wazestg.com./A",
                        "attributes": {
                            "id": "wazestg/mapnik-livemap-stg12.gcp.wazestg.com./A",
                            "managed_zone": "wazestg",
                            "name": "mapnik-livemap-stg12.gcp.wazestg.com.",
                            "project": "waze-development",
                            "rrdatas.#": "1",
                            "rrdatas.0": "35.244.138.224",
                            "ttl": "300",
                            "type": "A"
                        },
                        "meta": {},
                        "tainted": false
                    },
                    "deposed": [],
                    "provider": "provider.google"
                },
                "google_dns_record_set.mapnik_livemap_stg19-gcp-wazestg-com-_A": {
                    "type": "google_dns_record_set",
                    "depends_on": [],
                    "primary": {
                        "id": "wazestg/mapnik-livemap-stg19.gcp.wazestg.com./A",
                        "attributes": {
                            "id": "wazestg/mapnik-livemap-stg19.gcp.wazestg.com./A",
                            "managed_zone": "wazestg",
                            "name": "mapnik-livemap-stg19.gcp.wazestg.com.",
                            "project": "waze-development",
                            "rrdatas.#": "1",
                            "rrdatas.0": "35.244.147.220",
                            "ttl": "300",
                            "type": "A"
                        },
                        "meta": {},
                        "tainted": false
                    },
                    "deposed": [],
                    "provider": "provider.google"
                },
                "google_dns_record_set.mapnik_livemap_stg5-gcp-wazestg-com-_A": {
                    "type": "google_dns_record_set",
                    "depends_on": [],
                    "primary": {
                        "id": "wazestg/mapnik-livemap-stg5.gcp.wazestg.com./A",
                        "attributes": {
                            "id": "wazestg/mapnik-livemap-stg5.gcp.wazestg.com./A",
                            "managed_zone": "wazestg",
                            "name": "mapnik-livemap-stg5.gcp.wazestg.com.",
                            "project": "waze-development",
                            "rrdatas.#": "1",
                            "rrdatas.0": "35.244.214.219",
                            "ttl": "300",
                            "type": "A"
                        },
                        "meta": {},
                        "tainted": false
                    },
                    "deposed": [],
                    "provider": "provider.google"
                },
                "google_dns_record_set.mapnik_livemap_stg7-gcp-wazestg-com-_A": {
                    "type": "google_dns_record_set",
                    "depends_on": [],
                    "primary": {
                        "id": "wazestg/mapnik-livemap-stg7.gcp.wazestg.com./A",
                        "attributes": {
                            "id": "wazestg/mapnik-livemap-stg7.gcp.wazestg.com./A",
                            "managed_zone": "wazestg",
                            "name": "mapnik-livemap-stg7.gcp.wazestg.com.",
                            "project": "waze-development",
                            "rrdatas.#": "1",
                            "rrdatas.0": "35.244.190.159",
                            "ttl": "300",
                            "type": "A"
                        },
                        "meta": {},
                        "tainted": false
                    },
                    "deposed": [],
                    "provider": "provider.google"
                },
                "google_dns_record_set.marx-gcp-wazestg-com-_A": {
                    "type": "google_dns_record_set",
                    "depends_on": [],
                    "primary": {
                        "id": "wazestg/marx.gcp.wazestg.com./A",
                        "attributes": {
                            "id": "wazestg/marx.gcp.wazestg.com./A",
                            "managed_zone": "wazestg",
                            "name": "marx.gcp.wazestg.com.",
                            "project": "waze-development",
                            "rrdatas.#": "1",
                            "rrdatas.0": "34.227.163.153",
                            "ttl": "60",
                            "type": "A"
                        },
                        "meta": {},
                        "tainted": false
                    },
                    "deposed": [],
                    "provider": "provider.google"
                },
                "google_dns_record_set.memcache_test-wazestg-com-_A": {
                    "type": "google_dns_record_set",
                    "depends_on": [],
                    "primary": {
                        "id": "wazestg/memcache-test.wazestg.com./A",
                        "attributes": {
                            "id": "wazestg/memcache-test.wazestg.com./A",
                            "managed_zone": "wazestg",
                            "name": "memcache-test.wazestg.com.",
                            "project": "waze-development",
                            "rrdatas.#": "3",
                            "rrdatas.0": "10.240.0.47",
                            "rrdatas.1": "10.240.0.45",
                            "rrdatas.2": "10.240.0.46",
                            "ttl": "0",
                            "type": "A"
                        },
                        "meta": {},
                        "tainted": false
                    },
                    "deposed": [],
                    "provider": "provider.google"
                },
                "google_dns_record_set.memcached-stg10-wazestg-com-_A": {
                    "type": "google_dns_record_set",
                    "depends_on": [],
                    "primary": {
                        "id": "wazestg/memcached.stg10.wazestg.com./A",
                        "attributes": {
                            "id": "wazestg/memcached.stg10.wazestg.com./A",
                            "managed_zone": "wazestg",
                            "name": "memcached.stg10.wazestg.com.",
                            "project": "waze-development",
                            "rrdatas.#": "1",
                            "rrdatas.0": "10.30.0.24",
                            "ttl": "300",
                            "type": "A"
                        },
                        "meta": {},
                        "tainted": false
                    },
                    "deposed": [],
                    "provider": "provider.google"
                },
                "google_dns_record_set.memcached-stg13-wazestg-com-_A": {
                    "type": "google_dns_record_set",
                    "depends_on": [],
                    "primary": {
                        "id": "wazestg/memcached.stg13.wazestg.com./A",
                        "attributes": {
                            "id": "wazestg/memcached.stg13.wazestg.com./A",
                            "managed_zone": "wazestg",
                            "name": "memcached.stg13.wazestg.com.",
                            "project": "waze-development",
                            "rrdatas.#": "1",
                            "rrdatas.0": "10.33.0.32",
                            "ttl": "300",
                            "type": "A"
                        },
                        "meta": {},
                        "tainted": false
                    },
                    "deposed": [],
                    "provider": "provider.google"
                },
                "google_dns_record_set.memcached-stg15-wazestg-com-_A": {
                    "type": "google_dns_record_set",
                    "depends_on": [],
                    "primary": {
                        "id": "wazestg/memcached.stg15.wazestg.com./A",
                        "attributes": {
                            "id": "wazestg/memcached.stg15.wazestg.com./A",
                            "managed_zone": "wazestg",
                            "name": "memcached.stg15.wazestg.com.",
                            "project": "waze-development",
                            "rrdatas.#": "1",
                            "rrdatas.0": "10.35.0.32",
                            "ttl": "300",
                            "type": "A"
                        },
                        "meta": {},
                        "tainted": false
                    },
                    "deposed": [],
                    "provider": "provider.google"
                },
                "google_dns_record_set.memcached-stg16-wazestg-com-_A": {
                    "type": "google_dns_record_set",
                    "depends_on": [],
                    "primary": {
                        "id": "wazestg/memcached.stg16.wazestg.com./A",
                        "attributes": {
                            "id": "wazestg/memcached.stg16.wazestg.com./A",
                            "managed_zone": "wazestg",
                            "name": "memcached.stg16.wazestg.com.",
                            "project": "waze-development",
                            "rrdatas.#": "1",
                            "rrdatas.0": "10.36.0.64",
                            "ttl": "300",
                            "type": "A"
                        },
                        "meta": {},
                        "tainted": false
                    },
                    "deposed": [],
                    "provider": "provider.google"
                },
                "google_dns_record_set.memcached-stg17-wazestg-com-_A": {
                    "type": "google_dns_record_set",
                    "depends_on": [],
                    "primary": {
                        "id": "wazestg/memcached.stg17.wazestg.com./A",
                        "attributes": {
                            "id": "wazestg/memcached.stg17.wazestg.com./A",
                            "managed_zone": "wazestg",
                            "name": "memcached.stg17.wazestg.com.",
                            "project": "waze-development",
                            "rrdatas.#": "1",
                            "rrdatas.0": "10.37.0.29",
                            "ttl": "300",
                            "type": "A"
                        },
                        "meta": {},
                        "tainted": false
                    },
                    "deposed": [],
                    "provider": "provider.google"
                },
                "google_dns_record_set.memcached-stg18-wazestg-com-_A": {
                    "type": "google_dns_record_set",
                    "depends_on": [],
                    "primary": {
                        "id": "wazestg/memcached.stg18.wazestg.com./A",
                        "attributes": {
                            "id": "wazestg/memcached.stg18.wazestg.com./A",
                            "managed_zone": "wazestg",
                            "name": "memcached.stg18.wazestg.com.",
                            "project": "waze-development",
                            "rrdatas.#": "1",
                            "rrdatas.0": "10.38.0.64",
                            "ttl": "300",
                            "type": "A"
                        },
                        "meta": {},
                        "tainted": false
                    },
                    "deposed": [],
                    "provider": "provider.google"
                },
                "google_dns_record_set.memcached-stg19-wazestg-com-_A": {
                    "type": "google_dns_record_set",
                    "depends_on": [],
                    "primary": {
                        "id": "wazestg/memcached.stg19.wazestg.com./A",
                        "attributes": {
                            "id": "wazestg/memcached.stg19.wazestg.com./A",
                            "managed_zone": "wazestg",
                            "name": "memcached.stg19.wazestg.com.",
                            "project": "waze-development",
                            "rrdatas.#": "1",
                            "rrdatas.0": "10.39.0.42",
                            "ttl": "300",
                            "type": "A"
                        },
                        "meta": {},
                        "tainted": false
                    },
                    "deposed": [],
                    "provider": "provider.google"
                },
                "google_dns_record_set.memcached-stg2-wazestg-com-_A": {
                    "type": "google_dns_record_set",
                    "depends_on": [],
                    "primary": {
                        "id": "wazestg/memcached.stg2.wazestg.com./A",
                        "attributes": {
                            "id": "wazestg/memcached.stg2.wazestg.com./A",
                            "managed_zone": "wazestg",
                            "name": "memcached.stg2.wazestg.com.",
                            "project": "waze-development",
                            "rrdatas.#": "1",
                            "rrdatas.0": "10.22.0.24",
                            "ttl": "300",
                            "type": "A"
                        },
                        "meta": {},
                        "tainted": false
                    },
                    "deposed": [],
                    "provider": "provider.google"
                },
                "google_dns_record_set.memcached-stg23-wazestg-com-_A": {
                    "type": "google_dns_record_set",
                    "depends_on": [],
                    "primary": {
                        "id": "wazestg/memcached.stg23.wazestg.com./A",
                        "attributes": {
                            "id": "wazestg/memcached.stg23.wazestg.com./A",
                            "managed_zone": "wazestg",
                            "name": "memcached.stg23.wazestg.com.",
                            "project": "waze-development",
                            "rrdatas.#": "1",
                            "rrdatas.0": "10.43.0.26",
                            "ttl": "300",
                            "type": "A"
                        },
                        "meta": {},
                        "tainted": false
                    },
                    "deposed": [],
                    "provider": "provider.google"
                },
                "google_dns_record_set.memcached-stg25-wazestg-com-_A": {
                    "type": "google_dns_record_set",
                    "depends_on": [],
                    "primary": {
                        "id": "wazestg/memcached.stg25.wazestg.com./A",
                        "attributes": {
                            "id": "wazestg/memcached.stg25.wazestg.com./A",
                            "managed_zone": "wazestg",
                            "name": "memcached.stg25.wazestg.com.",
                            "project": "waze-development",
                            "rrdatas.#": "1",
                            "rrdatas.0": "10.45.0.66",
                            "ttl": "300",
                            "type": "A"
                        },
                        "meta": {},
                        "tainted": false
                    },
                    "deposed": [],
                    "provider": "provider.google"
                },
                "google_dns_record_set.memcached-stg28-wazestg-com-_A": {
                    "type": "google_dns_record_set",
                    "depends_on": [],
                    "primary": {
                        "id": "wazestg/memcached.stg28.wazestg.com./A",
                        "attributes": {
                            "id": "wazestg/memcached.stg28.wazestg.com./A",
                            "managed_zone": "wazestg",
                            "name": "memcached.stg28.wazestg.com.",
                            "project": "waze-development",
                            "rrdatas.#": "1",
                            "rrdatas.0": "10.48.0.27",
                            "ttl": "300",
                            "type": "A"
                        },
                        "meta": {},
                        "tainted": false
                    },
                    "deposed": [],
                    "provider": "provider.google"
                },
                "google_dns_record_set.memcached-stg30-wazestg-com-_A": {
                    "type": "google_dns_record_set",
                    "depends_on": [],
                    "primary": {
                        "id": "wazestg/memcached.stg30.wazestg.com./A",
                        "attributes": {
                            "id": "wazestg/memcached.stg30.wazestg.com./A",
                            "managed_zone": "wazestg",
                            "name": "memcached.stg30.wazestg.com.",
                            "project": "waze-development",
                            "rrdatas.#": "1",
                            "rrdatas.0": "10.50.0.100",
                            "ttl": "300",
                            "type": "A"
                        },
                        "meta": {},
                        "tainted": false
                    },
                    "deposed": [],
                    "provider": "provider.google"
                },
                "google_dns_record_set.memcached-stg4-wazestg-com-_A": {
                    "type": "google_dns_record_set",
                    "depends_on": [],
                    "primary": {
                        "id": "wazestg/memcached.stg4.wazestg.com./A",
                        "attributes": {
                            "id": "wazestg/memcached.stg4.wazestg.com./A",
                            "managed_zone": "wazestg",
                            "name": "memcached.stg4.wazestg.com.",
                            "project": "waze-development",
                            "rrdatas.#": "1",
                            "rrdatas.0": "10.24.0.22",
                            "ttl": "300",
                            "type": "A"
                        },
                        "meta": {},
                        "tainted": false
                    },
                    "deposed": [],
                    "provider": "provider.google"
                },
                "google_dns_record_set.memcached-stg5-wazestg-com-_A": {
                    "type": "google_dns_record_set",
                    "depends_on": [],
                    "primary": {
                        "id": "wazestg/memcached.stg5.wazestg.com./A",
                        "attributes": {
                            "id": "wazestg/memcached.stg5.wazestg.com./A",
                            "managed_zone": "wazestg",
                            "name": "memcached.stg5.wazestg.com.",
                            "project": "waze-development",
                            "rrdatas.#": "1",
                            "rrdatas.0": "10.25.0.44",
                            "ttl": "300",
                            "type": "A"
                        },
                        "meta": {},
                        "tainted": false
                    },
                    "deposed": [],
                    "provider": "provider.google"
                },
                "google_dns_record_set.memcached-stg6-wazestg-com-_A": {
                    "type": "google_dns_record_set",
                    "depends_on": [],
                    "primary": {
                        "id": "wazestg/memcached.stg6.wazestg.com./A",
                        "attributes": {
                            "id": "wazestg/memcached.stg6.wazestg.com./A",
                            "managed_zone": "wazestg",
                            "name": "memcached.stg6.wazestg.com.",
                            "project": "waze-development",
                            "rrdatas.#": "1",
                            "rrdatas.0": "10.26.0.18",
                            "ttl": "300",
                            "type": "A"
                        },
                        "meta": {},
                        "tainted": false
                    },
                    "deposed": [],
                    "provider": "provider.google"
                },
                "google_dns_record_set.memcached-stg7-wazestg-com-_A": {
                    "type": "google_dns_record_set",
                    "depends_on": [],
                    "primary": {
                        "id": "wazestg/memcached.stg7.wazestg.com./A",
                        "attributes": {
                            "id": "wazestg/memcached.stg7.wazestg.com./A",
                            "managed_zone": "wazestg",
                            "name": "memcached.stg7.wazestg.com.",
                            "project": "waze-development",
                            "rrdatas.#": "1",
                            "rrdatas.0": "10.27.0.22",
                            "ttl": "300",
                            "type": "A"
                        },
                        "meta": {},
                        "tainted": false
                    },
                    "deposed": [],
                    "provider": "provider.google"
                },
                "google_dns_record_set.memcached_stg14-gcp-wazestg-com-_A": {
                    "type": "google_dns_record_set",
                    "depends_on": [],
                    "primary": {
                        "id": "wazestg/memcached-stg14.gcp.wazestg.com./A",
                        "attributes": {
                            "id": "wazestg/memcached-stg14.gcp.wazestg.com./A",
                            "managed_zone": "wazestg",
                            "name": "memcached-stg14.gcp.wazestg.com.",
                            "project": "waze-development",
                            "rrdatas.#": "1",
                            "rrdatas.0": "10.34.0.102",
                            "ttl": "300",
                            "type": "A"
                        },
                        "meta": {},
                        "tainted": false
                    },
                    "deposed": [],
                    "provider": "provider.google"
                },
                "google_dns_record_set.memcached_stg15-gcp-wazestg-com-_A": {
                    "type": "google_dns_record_set",
                    "depends_on": [],
                    "primary": {
                        "id": "wazestg/memcached-stg15.gcp.wazestg.com./A",
                        "attributes": {
                            "id": "wazestg/memcached-stg15.gcp.wazestg.com./A",
                            "managed_zone": "wazestg",
                            "name": "memcached-stg15.gcp.wazestg.com.",
                            "project": "waze-development",
                            "rrdatas.#": "1",
                            "rrdatas.0": "10.35.0.78",
                            "ttl": "300",
                            "type": "A"
                        },
                        "meta": {},
                        "tainted": false
                    },
                    "deposed": [],
                    "provider": "provider.google"
                },
                "google_dns_record_set.memcached_stg18-gcp-wazestg-com-_A": {
                    "type": "google_dns_record_set",
                    "depends_on": [],
                    "primary": {
                        "id": "wazestg/memcached-stg18.gcp.wazestg.com./A",
                        "attributes": {
                            "id": "wazestg/memcached-stg18.gcp.wazestg.com./A",
                            "managed_zone": "wazestg",
                            "name": "memcached-stg18.gcp.wazestg.com.",
                            "project": "waze-development",
                            "rrdatas.#": "1",
                            "rrdatas.0": "10.38.0.67",
                            "ttl": "300",
                            "type": "A"
                        },
                        "meta": {},
                        "tainted": false
                    },
                    "deposed": [],
                    "provider": "provider.google"
                },
                "google_dns_record_set.memcached_stg21-gcp-wazestg-com-_A": {
                    "type": "google_dns_record_set",
                    "depends_on": [],
                    "primary": {
                        "id": "wazestg/memcached-stg21.gcp.wazestg.com./A",
                        "attributes": {
                            "id": "wazestg/memcached-stg21.gcp.wazestg.com./A",
                            "managed_zone": "wazestg",
                            "name": "memcached-stg21.gcp.wazestg.com.",
                            "project": "waze-development",
                            "rrdatas.#": "1",
                            "rrdatas.0": "10.41.0.106",
                            "ttl": "300",
                            "type": "A"
                        },
                        "meta": {},
                        "tainted": false
                    },
                    "deposed": [],
                    "provider": "provider.google"
                },
                "google_dns_record_set.memcached_stg3-gcp-wazestg-com-_A": {
                    "type": "google_dns_record_set",
                    "depends_on": [],
                    "primary": {
                        "id": "wazestg/memcached-stg3.gcp.wazestg.com./A",
                        "attributes": {
                            "id": "wazestg/memcached-stg3.gcp.wazestg.com./A",
                            "managed_zone": "wazestg",
                            "name": "memcached-stg3.gcp.wazestg.com.",
                            "project": "waze-development",
                            "rrdatas.#": "1",
                            "rrdatas.0": "10.23.0.68",
                            "ttl": "300",
                            "type": "A"
                        },
                        "meta": {},
                        "tainted": false
                    },
                    "deposed": [],
                    "provider": "provider.google"
                },
                "google_dns_record_set.memcached_stg30-gcp-wazestg-com-_A": {
                    "type": "google_dns_record_set",
                    "depends_on": [],
                    "primary": {
                        "id": "wazestg/memcached-stg30.gcp.wazestg.com./A",
                        "attributes": {
                            "id": "wazestg/memcached-stg30.gcp.wazestg.com./A",
                            "managed_zone": "wazestg",
                            "name": "memcached-stg30.gcp.wazestg.com.",
                            "project": "waze-development",
                            "rrdatas.#": "1",
                            "rrdatas.0": "10.50.0.105",
                            "ttl": "300",
                            "type": "A"
                        },
                        "meta": {},
                        "tainted": false
                    },
                    "deposed": [],
                    "provider": "provider.google"
                },
                "google_dns_record_set.memcached_stg5-gcp-wazestg-com-_A": {
                    "type": "google_dns_record_set",
                    "depends_on": [],
                    "primary": {
                        "id": "wazestg/memcached-stg5.gcp.wazestg.com./A",
                        "attributes": {
                            "id": "wazestg/memcached-stg5.gcp.wazestg.com./A",
                            "managed_zone": "wazestg",
                            "name": "memcached-stg5.gcp.wazestg.com.",
                            "project": "waze-development",
                            "rrdatas.#": "1",
                            "rrdatas.0": "10.25.0.110",
                            "ttl": "300",
                            "type": "A"
                        },
                        "meta": {},
                        "tainted": false
                    },
                    "deposed": [],
                    "provider": "provider.google"
                },
                "google_dns_record_set.memcached_stg7-gcp-wazestg-com-_A": {
                    "type": "google_dns_record_set",
                    "depends_on": [],
                    "primary": {
                        "id": "wazestg/memcached-stg7.gcp.wazestg.com./A",
                        "attributes": {
                            "id": "wazestg/memcached-stg7.gcp.wazestg.com./A",
                            "managed_zone": "wazestg",
                            "name": "memcached-stg7.gcp.wazestg.com.",
                            "project": "waze-development",
                            "rrdatas.#": "1",
                            "rrdatas.0": "10.27.0.110",
                            "ttl": "300",
                            "type": "A"
                        },
                        "meta": {},
                        "tainted": false
                    },
                    "deposed": [],
                    "provider": "provider.google"
                },
                "google_dns_record_set.memcachetest_memcached_il-wazestg-com-_A": {
                    "type": "google_dns_record_set",
                    "depends_on": [],
                    "primary": {
                        "id": "wazestg/memcachetest-memcached-il.wazestg.com./A",
                        "attributes": {
                            "id": "wazestg/memcachetest-memcached-il.wazestg.com./A",
                            "managed_zone": "wazestg",
                            "name": "memcachetest-memcached-il.wazestg.com.",
                            "project": "waze-development",
                            "rrdatas.#": "3",
                            "rrdatas.0": "10.240.0.214",
                            "rrdatas.1": "10.240.0.218",
                            "rrdatas.2": "10.240.0.217",
                            "ttl": "60",
                            "type": "A"
                        },
                        "meta": {},
                        "tainted": false
                    },
                    "deposed": [],
                    "provider": "provider.google"
                },
                "google_dns_record_set.metrics-gcp-wazestg-com-_A": {
                    "type": "google_dns_record_set",
                    "depends_on": [],
                    "primary": {
                        "id": "wazestg/metrics.gcp.wazestg.com./A",
                        "attributes": {
                            "id": "wazestg/metrics.gcp.wazestg.com./A",
                            "managed_zone": "wazestg",
                            "name": "metrics.gcp.wazestg.com.",
                            "project": "waze-development",
                            "rrdatas.#": "1",
                            "rrdatas.0": "10.240.0.130",
                            "ttl": "60",
                            "type": "A"
                        },
                        "meta": {},
                        "tainted": false
                    },
                    "deposed": [],
                    "provider": "provider.google"
                },
                "google_dns_record_set.metrics_stg12-gcp-wazestg-com-_A": {
                    "type": "google_dns_record_set",
                    "depends_on": [],
                    "primary": {
                        "id": "wazestg/metrics-stg12.gcp.wazestg.com./A",
                        "attributes": {
                            "id": "wazestg/metrics-stg12.gcp.wazestg.com./A",
                            "managed_zone": "wazestg",
                            "name": "metrics-stg12.gcp.wazestg.com.",
                            "project": "waze-development",
                            "rrdatas.#": "1",
                            "rrdatas.0": "35.241.42.52",
                            "ttl": "300",
                            "type": "A"
                        },
                        "meta": {},
                        "tainted": false
                    },
                    "deposed": [],
                    "provider": "provider.google"
                },
                "google_dns_record_set.metrics_stg14-gcp-wazestg-com-_A": {
                    "type": "google_dns_record_set",
                    "depends_on": [],
                    "primary": {
                        "id": "wazestg/metrics-stg14.gcp.wazestg.com./A",
                        "attributes": {
                            "id": "wazestg/metrics-stg14.gcp.wazestg.com./A",
                            "managed_zone": "wazestg",
                            "name": "metrics-stg14.gcp.wazestg.com.",
                            "project": "waze-development",
                            "rrdatas.#": "1",
                            "rrdatas.0": "35.244.207.240",
                            "ttl": "300",
                            "type": "A"
                        },
                        "meta": {},
                        "tainted": false
                    },
                    "deposed": [],
                    "provider": "provider.google"
                },
                "google_dns_record_set.metrics_stg15-gcp-wazestg-com-_A": {
                    "type": "google_dns_record_set",
                    "depends_on": [],
                    "primary": {
                        "id": "wazestg/metrics-stg15.gcp.wazestg.com./A",
                        "attributes": {
                            "id": "wazestg/metrics-stg15.gcp.wazestg.com./A",
                            "managed_zone": "wazestg",
                            "name": "metrics-stg15.gcp.wazestg.com.",
                            "project": "waze-development",
                            "rrdatas.#": "1",
                            "rrdatas.0": "35.244.198.1",
                            "ttl": "300",
                            "type": "A"
                        },
                        "meta": {},
                        "tainted": false
                    },
                    "deposed": [],
                    "provider": "provider.google"
                },
                "google_dns_record_set.metrics_stg18-gcp-wazestg-com-_A": {
                    "type": "google_dns_record_set",
                    "depends_on": [],
                    "primary": {
                        "id": "wazestg/metrics-stg18.gcp.wazestg.com./A",
                        "attributes": {
                            "id": "wazestg/metrics-stg18.gcp.wazestg.com./A",
                            "managed_zone": "wazestg",
                            "name": "metrics-stg18.gcp.wazestg.com.",
                            "project": "waze-development",
                            "rrdatas.#": "1",
                            "rrdatas.0": "35.244.138.224",
                            "ttl": "300",
                            "type": "A"
                        },
                        "meta": {},
                        "tainted": false
                    },
                    "deposed": [],
                    "provider": "provider.google"
                },
                "google_dns_record_set.metrics_stg19-gcp-wazestg-com-_A": {
                    "type": "google_dns_record_set",
                    "depends_on": [],
                    "primary": {
                        "id": "wazestg/metrics-stg19.gcp.wazestg.com./A",
                        "attributes": {
                            "id": "wazestg/metrics-stg19.gcp.wazestg.com./A",
                            "managed_zone": "wazestg",
                            "name": "metrics-stg19.gcp.wazestg.com.",
                            "project": "waze-development",
                            "rrdatas.#": "1",
                            "rrdatas.0": "35.244.202.182",
                            "ttl": "300",
                            "type": "A"
                        },
                        "meta": {},
                        "tainted": false
                    },
                    "deposed": [],
                    "provider": "provider.google"
                },
                "google_dns_record_set.metrics_stg21-gcp-wazestg-com-_A": {
                    "type": "google_dns_record_set",
                    "depends_on": [],
                    "primary": {
                        "id": "wazestg/metrics-stg21.gcp.wazestg.com./A",
                        "attributes": {
                            "id": "wazestg/metrics-stg21.gcp.wazestg.com./A",
                            "managed_zone": "wazestg",
                            "name": "metrics-stg21.gcp.wazestg.com.",
                            "project": "waze-development",
                            "rrdatas.#": "1",
                            "rrdatas.0": "35.241.3.158",
                            "ttl": "300",
                            "type": "A"
                        },
                        "meta": {},
                        "tainted": false
                    },
                    "deposed": [],
                    "provider": "provider.google"
                },
                "google_dns_record_set.metrics_stg3-gcp-wazestg-com-_A": {
                    "type": "google_dns_record_set",
                    "depends_on": [],
                    "primary": {
                        "id": "wazestg/metrics-stg3.gcp.wazestg.com./A",
                        "attributes": {
                            "id": "wazestg/metrics-stg3.gcp.wazestg.com./A",
                            "managed_zone": "wazestg",
                            "name": "metrics-stg3.gcp.wazestg.com.",
                            "project": "waze-development",
                            "rrdatas.#": "1",
                            "rrdatas.0": "35.244.251.142",
                            "ttl": "300",
                            "type": "A"
                        },
                        "meta": {},
                        "tainted": false
                    },
                    "deposed": [],
                    "provider": "provider.google"
                },
                "google_dns_record_set.metrics_stg30-gcp-wazestg-com-_A": {
                    "type": "google_dns_record_set",
                    "depends_on": [],
                    "primary": {
                        "id": "wazestg/metrics-stg30.gcp.wazestg.com./A",
                        "attributes": {
                            "id": "wazestg/metrics-stg30.gcp.wazestg.com./A",
                            "managed_zone": "wazestg",
                            "name": "metrics-stg30.gcp.wazestg.com.",
                            "project": "waze-development",
                            "rrdatas.#": "1",
                            "rrdatas.0": "35.244.198.1",
                            "ttl": "300",
                            "type": "A"
                        },
                        "meta": {},
                        "tainted": false
                    },
                    "deposed": [],
                    "provider": "provider.google"
                },
                "google_dns_record_set.metrics_stg5-gcp-wazestg-com-_A": {
                    "type": "google_dns_record_set",
                    "depends_on": [],
                    "primary": {
                        "id": "wazestg/metrics-stg5.gcp.wazestg.com./A",
                        "attributes": {
                            "id": "wazestg/metrics-stg5.gcp.wazestg.com./A",
                            "managed_zone": "wazestg",
                            "name": "metrics-stg5.gcp.wazestg.com.",
                            "project": "waze-development",
                            "rrdatas.#": "1",
                            "rrdatas.0": "35.244.235.115",
                            "ttl": "300",
                            "type": "A"
                        },
                        "meta": {},
                        "tainted": false
                    },
                    "deposed": [],
                    "provider": "provider.google"
                },
                "google_dns_record_set.metrics_stg7-gcp-wazestg-com-_A": {
                    "type": "google_dns_record_set",
                    "depends_on": [],
                    "primary": {
                        "id": "wazestg/metrics-stg7.gcp.wazestg.com./A",
                        "attributes": {
                            "id": "wazestg/metrics-stg7.gcp.wazestg.com./A",
                            "managed_zone": "wazestg",
                            "name": "metrics-stg7.gcp.wazestg.com.",
                            "project": "waze-development",
                            "rrdatas.#": "1",
                            "rrdatas.0": "35.244.211.77",
                            "ttl": "300",
                            "type": "A"
                        },
                        "meta": {},
                        "tainted": false
                    },
                    "deposed": [],
                    "provider": "provider.google"
                },
                "google_dns_record_set.mobile_web-gcp-wazestg-com-_A": {
                    "type": "google_dns_record_set",
                    "depends_on": [],
                    "primary": {
                        "id": "wazestg/mobile-web.gcp.wazestg.com./A",
                        "attributes": {
                            "id": "wazestg/mobile-web.gcp.wazestg.com./A",
                            "managed_zone": "wazestg",
                            "name": "mobile-web.gcp.wazestg.com.",
                            "project": "waze-development",
                            "rrdatas.#": "1",
                            "rrdatas.0": "107.178.247.127",
                            "ttl": "900",
                            "type": "A"
                        },
                        "meta": {},
                        "tainted": false
                    },
                    "deposed": [],
                    "provider": "provider.google"
                },
                "google_dns_record_set.mobile_web_proxy-gcp-wazestg-com-_A": {
                    "type": "google_dns_record_set",
                    "depends_on": [],
                    "primary": {
                        "id": "wazestg/mobile-web-proxy.gcp.wazestg.com./A",
                        "attributes": {
                            "id": "wazestg/mobile-web-proxy.gcp.wazestg.com./A",
                            "managed_zone": "wazestg",
                            "name": "mobile-web-proxy.gcp.wazestg.com.",
                            "project": "waze-development",
                            "rrdatas.#": "1",
                            "rrdatas.0": "35.244.204.44",
                            "ttl": "60",
                            "type": "A"
                        },
                        "meta": {},
                        "tainted": false
                    },
                    "deposed": [],
                    "provider": "provider.google"
                },
                "google_dns_record_set.mon-fu-nl-_CNAME": {
                    "type": "google_dns_record_set",
                    "depends_on": [],
                    "primary": {
                        "id": "funl/mon.fu.nl./CNAME",
                        "attributes": {
                            "id": "funl/mon.fu.nl./CNAME",
                            "managed_zone": "funl",
                            "name": "mon.fu.nl.",
                            "project": "waze-development",
                            "rrdatas.#": "1",
                            "rrdatas.0": "row-monitoring-644266387.eu-west-1.elb.amazonaws.com.",
                            "ttl": "300",
                            "type": "CNAME"
                        },
                        "meta": {},
                        "tainted": false
                    },
                    "deposed": [],
                    "provider": "provider.google"
                },
                "google_dns_record_set.mpa-fu-nl-_A": {
                    "type": "google_dns_record_set",
                    "depends_on": [],
                    "primary": {
                        "id": "funl/mpa.fu.nl./A",
                        "attributes": {
                            "id": "funl/mpa.fu.nl./A",
                            "managed_zone": "funl",
                            "name": "mpa.fu.nl.",
                            "project": "waze-development",
                            "rrdatas.#": "1",
                            "rrdatas.0": "104.196.28.175",
                            "ttl": "300",
                            "type": "A"
                        },
                        "meta": {},
                        "tainted": false
                    },
                    "deposed": [],
                    "provider": "provider.google"
                },
                "google_dns_record_set.ms-fu-nl-_A": {
                    "type": "google_dns_record_set",
                    "depends_on": [],
                    "primary": {
                        "id": "funl/ms.fu.nl./A",
                        "attributes": {
                            "id": "funl/ms.fu.nl./A",
                            "managed_zone": "funl",
                            "name": "ms.fu.nl.",
                            "project": "waze-development",
                            "rrdatas.#": "1",
                            "rrdatas.0": "54.195.80.10",
                            "ttl": "300",
                            "type": "A"
                        },
                        "meta": {},
                        "tainted": false
                    },
                    "deposed": [],
                    "provider": "provider.google"
                },
                "google_dns_record_set.na_routing_map_beta-fu-nl-_CNAME": {
                    "type": "google_dns_record_set",
                    "depends_on": [],
                    "primary": {
                        "id": "funl/na-routing-map-beta.fu.nl./CNAME",
                        "attributes": {
                            "id": "funl/na-routing-map-beta.fu.nl./CNAME",
                            "managed_zone": "funl",
                            "name": "na-routing-map-beta.fu.nl.",
                            "project": "waze-development",
                            "rrdatas.#": "1",
                            "rrdatas.0": "vpc-na-routing-map-beta-459670838.us-east-1.elb.amazonaws.com.",
                            "ttl": "60",
                            "type": "CNAME"
                        },
                        "meta": {},
                        "tainted": false
                    },
                    "deposed": [],
                    "provider": "provider.google"
                },
                "google_dns_record_set.nsscache_aws_na-fu-nl-_CNAME": {
                    "type": "google_dns_record_set",
                    "depends_on": [],
                    "primary": {
                        "id": "funl/nsscache-aws-na.fu.nl./CNAME",
                        "attributes": {
                            "id": "funl/nsscache-aws-na.fu.nl./CNAME",
                            "managed_zone": "funl",
                            "name": "nsscache-aws-na.fu.nl.",
                            "project": "waze-development",
                            "rrdatas.#": "1",
                            "rrdatas.0": "internal-gagentproxy-prod-na-1173360320.us-east-1.elb.amazonaws.com.",
                            "ttl": "60",
                            "type": "CNAME"
                        },
                        "meta": {},
                        "tainted": false
                    },
                    "deposed": [],
                    "provider": "provider.google"
                },
                "google_dns_record_set.nsscache_aws_row-fu-nl-_CNAME": {
                    "type": "google_dns_record_set",
                    "depends_on": [],
                    "primary": {
                        "id": "funl/nsscache-aws-row.fu.nl./CNAME",
                        "attributes": {
                            "id": "funl/nsscache-aws-row.fu.nl./CNAME",
                            "managed_zone": "funl",
                            "name": "nsscache-aws-row.fu.nl.",
                            "project": "waze-development",
                            "rrdatas.#": "1",
                            "rrdatas.0": "internal-gagentproxy-prod-row-728869596.eu-west-1.elb.amazonaws.com.",
                            "ttl": "60",
                            "type": "CNAME"
                        },
                        "meta": {},
                        "tainted": false
                    },
                    "deposed": [],
                    "provider": "provider.google"
                },
                "google_dns_record_set.nsscache_dev-fu-nl-_A": {
                    "type": "google_dns_record_set",
                    "depends_on": [],
                    "primary": {
                        "id": "funl/nsscache-dev.fu.nl./A",
                        "attributes": {
                            "id": "funl/nsscache-dev.fu.nl./A",
                            "managed_zone": "funl",
                            "name": "nsscache-dev.fu.nl.",
                            "project": "waze-development",
                            "rrdatas.#": "1",
                            "rrdatas.0": "10.240.0.240",
                            "ttl": "60",
                            "type": "A"
                        },
                        "meta": {},
                        "tainted": false
                    },
                    "deposed": [],
                    "provider": "provider.google"
                },
                "google_dns_record_set.nsscache_jumpserver_row-fu-nl-_CNAME": {
                    "type": "google_dns_record_set",
                    "depends_on": [],
                    "primary": {
                        "id": "funl/nsscache-jumpserver-row.fu.nl./CNAME",
                        "attributes": {
                            "id": "funl/nsscache-jumpserver-row.fu.nl./CNAME",
                            "managed_zone": "funl",
                            "name": "nsscache-jumpserver-row.fu.nl.",
                            "project": "waze-development",
                            "rrdatas.#": "1",
                            "rrdatas.0": "internal-gagentproxy-prod-row-728869596.eu-west-1.elb.amazonaws.com.",
                            "ttl": "60",
                            "type": "CNAME"
                        },
                        "meta": {},
                        "tainted": false
                    },
                    "deposed": [],
                    "provider": "provider.google"
                },
                "google_dns_record_set.nsscache_prod-fu-nl-_A": {
                    "type": "google_dns_record_set",
                    "depends_on": [],
                    "primary": {
                        "id": "funl/nsscache-prod.fu.nl./A",
                        "attributes": {
                            "id": "funl/nsscache-prod.fu.nl./A",
                            "managed_zone": "funl",
                            "name": "nsscache-prod.fu.nl.",
                            "project": "waze-development",
                            "rrdatas.#": "2",
                            "rrdatas.0": "172.21.1.214",
                            "rrdatas.1": "172.20.1.1",
                            "ttl": "60",
                            "type": "A"
                        },
                        "meta": {},
                        "tainted": false
                    },
                    "deposed": [],
                    "provider": "provider.google"
                },
                "google_dns_record_set.nsscache_prod_na-fu-nl-_A": {
                    "type": "google_dns_record_set",
                    "depends_on": [],
                    "primary": {
                        "id": "funl/nsscache-prod-na.fu.nl./A",
                        "attributes": {
                            "id": "funl/nsscache-prod-na.fu.nl./A",
                            "managed_zone": "funl",
                            "name": "nsscache-prod-na.fu.nl.",
                            "project": "waze-development",
                            "rrdatas.#": "1",
                            "rrdatas.0": "172.20.1.1",
                            "ttl": "60",
                            "type": "A"
                        },
                        "meta": {},
                        "tainted": false
                    },
                    "deposed": [],
                    "provider": "provider.google"
                },
                "google_dns_record_set.offline-gcp-wazestg-com-_A": {
                    "type": "google_dns_record_set",
                    "depends_on": [],
                    "primary": {
                        "id": "wazestg/offline.gcp.wazestg.com./A",
                        "attributes": {
                            "id": "wazestg/offline.gcp.wazestg.com./A",
                            "managed_zone": "wazestg",
                            "name": "offline.gcp.wazestg.com.",
                            "project": "waze-development",
                            "rrdatas.#": "1",
                            "rrdatas.0": "130.211.101.94",
                            "ttl": "300",
                            "type": "A"
                        },
                        "meta": {},
                        "tainted": false
                    },
                    "deposed": [],
                    "provider": "provider.google"
                },
                "google_dns_record_set.offline_ipc-wazestg-com-_TXT": {
                    "type": "google_dns_record_set",
                    "depends_on": [],
                    "primary": {
                        "id": "wazestg/offline-ipc.wazestg.com./TXT",
                        "attributes": {
                            "id": "wazestg/offline-ipc.wazestg.com./TXT",
                            "managed_zone": "wazestg",
                            "name": "offline-ipc.wazestg.com.",
                            "project": "waze-development",
                            "rrdatas.#": "1",
                            "rrdatas.0": "\"europe-west1-c\"",
                            "ttl": "60",
                            "type": "TXT"
                        },
                        "meta": {},
                        "tainted": false
                    },
                    "deposed": [],
                    "provider": "provider.google"
                },
                "google_dns_record_set.omertest-fu-nl-_CNAME": {
                    "type": "google_dns_record_set",
                    "depends_on": [],
                    "primary": {
                        "id": "funl/omertest.fu.nl./CNAME",
                        "attributes": {
                            "id": "funl/omertest.fu.nl./CNAME",
                            "managed_zone": "funl",
                            "name": "omertest.fu.nl.",
                            "project": "waze-development",
                            "rrdatas.#": "1",
                            "rrdatas.0": "internal-test-me-1646034577.eu-central-1.elb.amazonaws.com.",
                            "ttl": "5",
                            "type": "CNAME"
                        },
                        "meta": {},
                        "tainted": false
                    },
                    "deposed": [],
                    "provider": "provider.google"
                },
                "google_dns_record_set.omertest-wazestg-com-_CNAME": {
                    "type": "google_dns_record_set",
                    "depends_on": [],
                    "primary": {
                        "id": "wazestg/omertest.wazestg.com./CNAME",
                        "attributes": {
                            "id": "wazestg/omertest.wazestg.com./CNAME",
                            "managed_zone": "wazestg",
                            "name": "omertest.wazestg.com.",
                            "project": "waze-development",
                            "rrdatas.#": "1",
                            "rrdatas.0": "internal-test-me-1646034577.eu-central-1.elb.amazonaws.com.",
                            "ttl": "5",
                            "type": "CNAME"
                        },
                        "meta": {},
                        "tainted": false
                    },
                    "deposed": [],
                    "provider": "provider.google"
                },
                "google_dns_record_set.packages_aws_row-fu-nl-_CNAME": {
                    "type": "google_dns_record_set",
                    "depends_on": [],
                    "primary": {
                        "id": "funl/packages-aws-row.fu.nl./CNAME",
                        "attributes": {
                            "id": "funl/packages-aws-row.fu.nl./CNAME",
                            "managed_zone": "funl",
                            "name": "packages-aws-row.fu.nl.",
                            "project": "waze-development",
                            "rrdatas.#": "1",
                            "rrdatas.0": "internal-packages-prod-row-916221865.eu-west-1.elb.amazonaws.com.",
                            "ttl": "60",
                            "type": "CNAME"
                        },
                        "meta": {},
                        "tainted": false
                    },
                    "deposed": [],
                    "provider": "provider.google"
                },
                "google_dns_record_set.parking-gcp-wazestg-com-_A": {
                    "type": "google_dns_record_set",
                    "depends_on": [],
                    "primary": {
                        "id": "wazestg/parking.gcp.wazestg.com./A",
                        "attributes": {
                            "id": "wazestg/parking.gcp.wazestg.com./A",
                            "managed_zone": "wazestg",
                            "name": "parking.gcp.wazestg.com.",
                            "project": "waze-development",
                            "rrdatas.#": "1",
                            "rrdatas.0": "23.251.135.239",
                            "ttl": "300",
                            "type": "A"
                        },
                        "meta": {},
                        "tainted": false
                    },
                    "deposed": [],
                    "provider": "provider.google"
                },
                "google_dns_record_set.parkingmanager-gcp-wazestg-com-_A": {
                    "type": "google_dns_record_set",
                    "depends_on": [],
                    "primary": {
                        "id": "wazestg/parkingmanager.gcp.wazestg.com./A",
                        "attributes": {
                            "id": "wazestg/parkingmanager.gcp.wazestg.com./A",
                            "managed_zone": "wazestg",
                            "name": "parkingmanager.gcp.wazestg.com.",
                            "project": "waze-development",
                            "rrdatas.#": "1",
                            "rrdatas.0": "35.190.1.223",
                            "ttl": "60",
                            "type": "A"
                        },
                        "meta": {},
                        "tainted": false
                    },
                    "deposed": [],
                    "provider": "provider.google"
                },
                "google_dns_record_set.profiles-gcp-wazestg-com-_A": {
                    "type": "google_dns_record_set",
                    "depends_on": [],
                    "primary": {
                        "id": "wazestg/profiles.gcp.wazestg.com./A",
                        "attributes": {
                            "id": "wazestg/profiles.gcp.wazestg.com./A",
                            "managed_zone": "wazestg",
                            "name": "profiles.gcp.wazestg.com.",
                            "project": "waze-development",
                            "rrdatas.#": "1",
                            "rrdatas.0": "35.190.66.51",
                            "ttl": "60",
                            "type": "A"
                        },
                        "meta": {},
                        "tainted": false
                    },
                    "deposed": [],
                    "provider": "provider.google"
                },
                "google_dns_record_set.profiles_int-gcp-wazestg-com-_A": {
                    "type": "google_dns_record_set",
                    "depends_on": [],
                    "primary": {
                        "id": "wazestg/profiles-int.gcp.wazestg.com./A",
                        "attributes": {
                            "id": "wazestg/profiles-int.gcp.wazestg.com./A",
                            "managed_zone": "wazestg",
                            "name": "profiles-int.gcp.wazestg.com.",
                            "project": "waze-development",
                            "rrdatas.#": "1",
                            "rrdatas.0": "10.240.0.181",
                            "ttl": "300",
                            "type": "A"
                        },
                        "meta": {},
                        "tainted": false
                    },
                    "deposed": [],
                    "provider": "provider.google"
                },
                "google_dns_record_set.prompto-gcp-wazestg-com-_A": {
                    "type": "google_dns_record_set",
                    "depends_on": [],
                    "primary": {
                        "id": "wazestg/prompto.gcp.wazestg.com./A",
                        "attributes": {
                            "id": "wazestg/prompto.gcp.wazestg.com./A",
                            "managed_zone": "wazestg",
                            "name": "prompto.gcp.wazestg.com.",
                            "project": "waze-development",
                            "rrdatas.#": "1",
                            "rrdatas.0": "35.190.46.127",
                            "ttl": "60",
                            "type": "A"
                        },
                        "meta": {},
                        "tainted": false
                    },
                    "deposed": [],
                    "provider": "provider.google"
                },
                "google_dns_record_set.pu-fu-nl-_A": {
                    "type": "google_dns_record_set",
                    "depends_on": [],
                    "primary": {
                        "id": "funl/pu.fu.nl./A",
                        "attributes": {
                            "id": "funl/pu.fu.nl./A",
                            "managed_zone": "funl",
                            "name": "pu.fu.nl.",
                            "project": "waze-development",
                            "rrdatas.#": "1",
                            "rrdatas.0": "107.20.152.210",
                            "ttl": "900",
                            "type": "A"
                        },
                        "meta": {},
                        "tainted": false
                    },
                    "deposed": [],
                    "provider": "provider.google"
                },
                "google_dns_record_set.r2d2_www-gcp-wazestg-com-_A": {
                    "type": "google_dns_record_set",
                    "depends_on": [],
                    "primary": {
                        "id": "wazestg/r2d2-www.gcp.wazestg.com./A",
                        "attributes": {
                            "id": "wazestg/r2d2-www.gcp.wazestg.com./A",
                            "managed_zone": "wazestg",
                            "name": "r2d2-www.gcp.wazestg.com.",
                            "project": "waze-development",
                            "rrdatas.#": "1",
                            "rrdatas.0": "107.178.248.105",
                            "ttl": "300",
                            "type": "A"
                        },
                        "meta": {},
                        "tainted": false
                    },
                    "deposed": [],
                    "provider": "provider.google"
                },
                "google_dns_record_set.realtime_frontend_2-stg4-wazestg-com-_A": {
                    "type": "google_dns_record_set",
                    "depends_on": [],
                    "primary": {
                        "id": "wazestg/realtime-frontend-2.stg4.wazestg.com./A",
                        "attributes": {
                            "id": "wazestg/realtime-frontend-2.stg4.wazestg.com./A",
                            "managed_zone": "wazestg",
                            "name": "realtime-frontend-2.stg4.wazestg.com.",
                            "project": "waze-development",
                            "rrdatas.#": "1",
                            "rrdatas.0": "35.190.12.54",
                            "ttl": "300",
                            "type": "A"
                        },
                        "meta": {},
                        "tainted": false
                    },
                    "deposed": [],
                    "provider": "provider.google"
                },
                "google_dns_record_set.realtime_frontend_3-stg4-wazestg-com-_A": {
                    "type": "google_dns_record_set",
                    "depends_on": [],
                    "primary": {
                        "id": "wazestg/realtime-frontend-3.stg4.wazestg.com./A",
                        "attributes": {
                            "id": "wazestg/realtime-frontend-3.stg4.wazestg.com./A",
                            "managed_zone": "wazestg",
                            "name": "realtime-frontend-3.stg4.wazestg.com.",
                            "project": "waze-development",
                            "rrdatas.#": "1",
                            "rrdatas.0": "35.186.221.123",
                            "ttl": "300",
                            "type": "A"
                        },
                        "meta": {},
                        "tainted": false
                    },
                    "deposed": [],
                    "provider": "provider.google"
                },
                "google_dns_record_set.realtime_frontend_4-stg4-wazestg-com-_A": {
                    "type": "google_dns_record_set",
                    "depends_on": [],
                    "primary": {
                        "id": "wazestg/realtime-frontend-4.stg4.wazestg.com./A",
                        "attributes": {
                            "id": "wazestg/realtime-frontend-4.stg4.wazestg.com./A",
                            "managed_zone": "wazestg",
                            "name": "realtime-frontend-4.stg4.wazestg.com.",
                            "project": "waze-development",
                            "rrdatas.#": "1",
                            "rrdatas.0": "35.190.61.146",
                            "ttl": "300",
                            "type": "A"
                        },
                        "meta": {},
                        "tainted": false
                    },
                    "deposed": [],
                    "provider": "provider.google"
                },
                "google_dns_record_set.realtime_proxy_stg12-gcp-wazestg-com-_A": {
                    "type": "google_dns_record_set",
                    "depends_on": [],
                    "primary": {
                        "id": "wazestg/realtime-proxy-stg12.gcp.wazestg.com./A",
                        "attributes": {
                            "id": "wazestg/realtime-proxy-stg12.gcp.wazestg.com./A",
                            "managed_zone": "wazestg",
                            "name": "realtime-proxy-stg12.gcp.wazestg.com.",
                            "project": "waze-development",
                            "rrdatas.#": "1",
                            "rrdatas.0": "35.244.158.203",
                            "ttl": "300",
                            "type": "A"
                        },
                        "meta": {},
                        "tainted": false
                    },
                    "deposed": [],
                    "provider": "provider.google"
                },
                "google_dns_record_set.realtime_proxy_stg19-gcp-wazestg-com-_A": {
                    "type": "google_dns_record_set",
                    "depends_on": [],
                    "primary": {
                        "id": "wazestg/realtime-proxy-stg19.gcp.wazestg.com./A",
                        "attributes": {
                            "id": "wazestg/realtime-proxy-stg19.gcp.wazestg.com./A",
                            "managed_zone": "wazestg",
                            "name": "realtime-proxy-stg19.gcp.wazestg.com.",
                            "project": "waze-development",
                            "rrdatas.#": "1",
                            "rrdatas.0": "35.244.207.240",
                            "ttl": "300",
                            "type": "A"
                        },
                        "meta": {},
                        "tainted": false
                    },
                    "deposed": [],
                    "provider": "provider.google"
                },
                "google_dns_record_set.realtime_proxy_stg3-gcp-wazestg-com-_A": {
                    "type": "google_dns_record_set",
                    "depends_on": [],
                    "primary": {
                        "id": "wazestg/realtime-proxy-stg3.gcp.wazestg.com./A",
                        "attributes": {
                            "id": "wazestg/realtime-proxy-stg3.gcp.wazestg.com./A",
                            "managed_zone": "wazestg",
                            "name": "realtime-proxy-stg3.gcp.wazestg.com.",
                            "project": "waze-development",
                            "rrdatas.#": "1",
                            "rrdatas.0": "35.241.42.52",
                            "ttl": "300",
                            "type": "A"
                        },
                        "meta": {},
                        "tainted": false
                    },
                    "deposed": [],
                    "provider": "provider.google"
                },
                "google_dns_record_set.regulator_cassandra-wazestg-com-_A": {
                    "type": "google_dns_record_set",
                    "depends_on": [],
                    "primary": {
                        "id": "wazestg/regulator-cassandra.wazestg.com./A",
                        "attributes": {
                            "id": "wazestg/regulator-cassandra.wazestg.com./A",
                            "managed_zone": "wazestg",
                            "name": "regulator-cassandra.wazestg.com.",
                            "project": "waze-development",
                            "rrdatas.#": "1",
                            "rrdatas.0": "10.240.0.94",
                            "ttl": "300",
                            "type": "A"
                        },
                        "meta": {},
                        "tainted": false
                    },
                    "deposed": [],
                    "provider": "provider.google"
                },
                "google_dns_record_set.repository_server-gcp-wazestg-com-_A": {
                    "type": "google_dns_record_set",
                    "depends_on": [],
                    "primary": {
                        "id": "wazestg/repository-server.gcp.wazestg.com./A",
                        "attributes": {
                            "id": "wazestg/repository-server.gcp.wazestg.com./A",
                            "managed_zone": "wazestg",
                            "name": "repository-server.gcp.wazestg.com.",
                            "project": "waze-development",
                            "rrdatas.#": "1",
                            "rrdatas.0": "35.186.253.253",
                            "ttl": "60",
                            "type": "A"
                        },
                        "meta": {},
                        "tainted": false
                    },
                    "deposed": [],
                    "provider": "provider.google"
                },
                "google_dns_record_set.repository_server-wazestg-com-_A": {
                    "type": "google_dns_record_set",
                    "depends_on": [],
                    "primary": {
                        "id": "wazestg/repository-server.wazestg.com./A",
                        "attributes": {
                            "id": "wazestg/repository-server.wazestg.com./A",
                            "managed_zone": "wazestg",
                            "name": "repository-server.wazestg.com.",
                            "project": "waze-development",
                            "rrdatas.#": "1",
                            "rrdatas.0": "10.240.0.146",
                            "ttl": "300",
                            "type": "A"
                        },
                        "meta": {},
                        "tainted": false
                    },
                    "deposed": [],
                    "provider": "provider.google"
                },
                "google_dns_record_set.routing_livemap-gcp-wazestg-com-_A": {
                    "type": "google_dns_record_set",
                    "depends_on": [],
                    "primary": {
                        "id": "wazestg/routing-livemap.gcp.wazestg.com./A",
                        "attributes": {
                            "id": "wazestg/routing-livemap.gcp.wazestg.com./A",
                            "managed_zone": "wazestg",
                            "name": "routing-livemap.gcp.wazestg.com.",
                            "project": "waze-development",
                            "rrdatas.#": "1",
                            "rrdatas.0": "130.211.28.144",
                            "ttl": "60",
                            "type": "A"
                        },
                        "meta": {},
                        "tainted": false
                    },
                    "deposed": [],
                    "provider": "provider.google"
                },
                "google_dns_record_set.row_staging_ads_db1-wazestg-com-_CNAME": {
                    "type": "google_dns_record_set",
                    "depends_on": [],
                    "primary": {
                        "id": "wazestg/row-staging-ads-db1.wazestg.com./CNAME",
                        "attributes": {
                            "id": "wazestg/row-staging-ads-db1.wazestg.com./CNAME",
                            "managed_zone": "wazestg",
                            "name": "row-staging-ads-db1.wazestg.com.",
                            "project": "waze-development",
                            "rrdatas.#": "1",
                            "rrdatas.0": "10.240.0.144.",
                            "ttl": "300",
                            "type": "CNAME"
                        },
                        "meta": {},
                        "tainted": false
                    },
                    "deposed": [],
                    "provider": "provider.google"
                },
                "google_dns_record_set.row_staging_general12_cassandra-wazestg-com-_A": {
                    "type": "google_dns_record_set",
                    "depends_on": [],
                    "primary": {
                        "id": "wazestg/row-staging-general12-cassandra.wazestg.com./A",
                        "attributes": {
                            "id": "wazestg/row-staging-general12-cassandra.wazestg.com./A",
                            "managed_zone": "wazestg",
                            "name": "row-staging-general12-cassandra.wazestg.com.",
                            "project": "waze-development",
                            "rrdatas.#": "1",
                            "rrdatas.0": "10.240.0.212",
                            "ttl": "300",
                            "type": "A"
                        },
                        "meta": {},
                        "tainted": false
                    },
                    "deposed": [],
                    "provider": "provider.google"
                },
                "google_dns_record_set.row_staging_general21_cassandra-wazestg-com-_A": {
                    "type": "google_dns_record_set",
                    "depends_on": [],
                    "primary": {
                        "id": "wazestg/row-staging-general21-cassandra.wazestg.com./A",
                        "attributes": {
                            "id": "wazestg/row-staging-general21-cassandra.wazestg.com./A",
                            "managed_zone": "wazestg",
                            "name": "row-staging-general21-cassandra.wazestg.com.",
                            "project": "waze-development",
                            "rrdatas.#": "1",
                            "rrdatas.0": "10.240.0.221",
                            "ttl": "300",
                            "type": "A"
                        },
                        "meta": {},
                        "tainted": false
                    },
                    "deposed": [],
                    "provider": "provider.google"
                },
                "google_dns_record_set.rr-fu-nl-_A": {
                    "type": "google_dns_record_set",
                    "depends_on": [],
                    "primary": {
                        "id": "funl/rr.fu.nl./A",
                        "attributes": {
                            "id": "funl/rr.fu.nl./A",
                            "managed_zone": "funl",
                            "name": "rr.fu.nl.",
                            "project": "waze-development",
                            "rrdatas.#": "1",
                            "rrdatas.0": "104.155.111.242",
                            "ttl": "60",
                            "type": "A"
                        },
                        "meta": {},
                        "tainted": false
                    },
                    "deposed": [],
                    "provider": "provider.google"
                },
                "google_dns_record_set.rt-gcp-wazestg-com-_A": {
                    "type": "google_dns_record_set",
                    "depends_on": [],
                    "primary": {
                        "id": "wazestg/rt.gcp.wazestg.com./A",
                        "attributes": {
                            "id": "wazestg/rt.gcp.wazestg.com./A",
                            "managed_zone": "wazestg",
                            "name": "rt.gcp.wazestg.com.",
                            "project": "waze-development",
                            "rrdatas.#": "1",
                            "rrdatas.0": "130.211.10.205",
                            "ttl": "60",
                            "type": "A"
                        },
                        "meta": {},
                        "tainted": false
                    },
                    "deposed": [],
                    "provider": "provider.google"
                },
                "google_dns_record_set.rtproxy-gcp-wazestg-com-_A": {
                    "type": "google_dns_record_set",
                    "depends_on": [],
                    "primary": {
                        "id": "wazestg/rtproxy.gcp.wazestg.com./A",
                        "attributes": {
                            "id": "wazestg/rtproxy.gcp.wazestg.com./A",
                            "managed_zone": "wazestg",
                            "name": "rtproxy.gcp.wazestg.com.",
                            "project": "waze-development",
                            "rrdatas.#": "1",
                            "rrdatas.0": "107.178.240.186",
                            "ttl": "60",
                            "type": "A"
                        },
                        "meta": {},
                        "tainted": false
                    },
                    "deposed": [],
                    "provider": "provider.google"
                },
                "google_dns_record_set.rtproxy_stg12-gcp-wazestg-com-_A": {
                    "type": "google_dns_record_set",
                    "depends_on": [],
                    "primary": {
                        "id": "wazestg/rtproxy-stg12.gcp.wazestg.com./A",
                        "attributes": {
                            "id": "wazestg/rtproxy-stg12.gcp.wazestg.com./A",
                            "managed_zone": "wazestg",
                            "name": "rtproxy-stg12.gcp.wazestg.com.",
                            "project": "waze-development",
                            "rrdatas.#": "1",
                            "rrdatas.0": "35.244.224.29",
                            "ttl": "300",
                            "type": "A"
                        },
                        "meta": {},
                        "tainted": false
                    },
                    "deposed": [],
                    "provider": "provider.google"
                },
                "google_dns_record_set.rtproxy_stg3-gcp-wazestg-com-_A": {
                    "type": "google_dns_record_set",
                    "depends_on": [],
                    "primary": {
                        "id": "wazestg/rtproxy-stg3.gcp.wazestg.com./A",
                        "attributes": {
                            "id": "wazestg/rtproxy-stg3.gcp.wazestg.com./A",
                            "managed_zone": "wazestg",
                            "name": "rtproxy-stg3.gcp.wazestg.com.",
                            "project": "waze-development",
                            "rrdatas.#": "1",
                            "rrdatas.0": "35.190.3.12",
                            "ttl": "300",
                            "type": "A"
                        },
                        "meta": {},
                        "tainted": false
                    },
                    "deposed": [],
                    "provider": "provider.google"
                },
                "google_dns_record_set.sashatest_memcached_stg1-wazestg-com-_A": {
                    "type": "google_dns_record_set",
                    "depends_on": [],
                    "primary": {
                        "id": "wazestg/sashatest-memcached-stg1.wazestg.com./A",
                        "attributes": {
                            "id": "wazestg/sashatest-memcached-stg1.wazestg.com./A",
                            "managed_zone": "wazestg",
                            "name": "sashatest-memcached-stg1.wazestg.com.",
                            "project": "waze-development",
                            "rrdatas.#": "1",
                            "rrdatas.0": "10.240.0.54",
                            "ttl": "60",
                            "type": "A"
                        },
                        "meta": {},
                        "tainted": false
                    },
                    "deposed": [],
                    "provider": "provider.google"
                },
                "google_dns_record_set.saw-gcp-wazestg-com-_A": {
                    "type": "google_dns_record_set",
                    "depends_on": [],
                    "primary": {
                        "id": "wazestg/saw.gcp.wazestg.com./A",
                        "attributes": {
                            "id": "wazestg/saw.gcp.wazestg.com./A",
                            "managed_zone": "wazestg",
                            "name": "saw.gcp.wazestg.com.",
                            "project": "waze-development",
                            "rrdatas.#": "1",
                            "rrdatas.0": "10.240.0.112",
                            "ttl": "60",
                            "type": "A"
                        },
                        "meta": {},
                        "tainted": false
                    },
                    "deposed": [],
                    "provider": "provider.google"
                },
                "google_dns_record_set.sd_metrics-fu-nl-_A": {
                    "type": "google_dns_record_set",
                    "depends_on": [],
                    "primary": {
                        "id": "funl/sd-metrics.fu.nl./A",
                        "attributes": {
                            "id": "funl/sd-metrics.fu.nl./A",
                            "managed_zone": "funl",
                            "name": "sd-metrics.fu.nl.",
                            "project": "waze-development",
                            "rrdatas.#": "1",
                            "rrdatas.0": "35.186.254.86",
                            "ttl": "60",
                            "type": "A"
                        },
                        "meta": {},
                        "tainted": false
                    },
                    "deposed": [],
                    "provider": "provider.google"
                },
                "google_dns_record_set.sd_policies-fu-nl-_A": {
                    "type": "google_dns_record_set",
                    "depends_on": [],
                    "primary": {
                        "id": "funl/sd-policies.fu.nl./A",
                        "attributes": {
                            "id": "funl/sd-policies.fu.nl./A",
                            "managed_zone": "funl",
                            "name": "sd-policies.fu.nl.",
                            "project": "waze-development",
                            "rrdatas.#": "1",
                            "rrdatas.0": "35.186.254.86",
                            "ttl": "300",
                            "type": "A"
                        },
                        "meta": {},
                        "tainted": false
                    },
                    "deposed": [],
                    "provider": "provider.google"
                },
                "google_dns_record_set.search-gcp-wazestg-com-_A": {
                    "type": "google_dns_record_set",
                    "depends_on": [],
                    "primary": {
                        "id": "wazestg/search.gcp.wazestg.com./A",
                        "attributes": {
                            "id": "wazestg/search.gcp.wazestg.com./A",
                            "managed_zone": "wazestg",
                            "name": "search.gcp.wazestg.com.",
                            "project": "waze-development",
                            "rrdatas.#": "1",
                            "rrdatas.0": "35.201.127.199",
                            "ttl": "60",
                            "type": "A"
                        },
                        "meta": {},
                        "tainted": false
                    },
                    "deposed": [],
                    "provider": "provider.google"
                },
                "google_dns_record_set.searchserver-stg10-wazestg-com-_A": {
                    "type": "google_dns_record_set",
                    "depends_on": [],
                    "primary": {
                        "id": "wazestg/searchserver.stg10.wazestg.com./A",
                        "attributes": {
                            "id": "wazestg/searchserver.stg10.wazestg.com./A",
                            "managed_zone": "wazestg",
                            "name": "searchserver.stg10.wazestg.com.",
                            "project": "waze-development",
                            "rrdatas.#": "1",
                            "rrdatas.0": "35.241.52.1",
                            "ttl": "300",
                            "type": "A"
                        },
                        "meta": {},
                        "tainted": false
                    },
                    "deposed": [],
                    "provider": "provider.google"
                },
                "google_dns_record_set.searchserver-stg13-wazestg-com-_A": {
                    "type": "google_dns_record_set",
                    "depends_on": [],
                    "primary": {
                        "id": "wazestg/searchserver.stg13.wazestg.com./A",
                        "attributes": {
                            "id": "wazestg/searchserver.stg13.wazestg.com./A",
                            "managed_zone": "wazestg",
                            "name": "searchserver.stg13.wazestg.com.",
                            "project": "waze-development",
                            "rrdatas.#": "1",
                            "rrdatas.0": "35.186.235.74",
                            "ttl": "300",
                            "type": "A"
                        },
                        "meta": {},
                        "tainted": false
                    },
                    "deposed": [],
                    "provider": "provider.google"
                },
                "google_dns_record_set.searchserver-stg15-wazestg-com-_A": {
                    "type": "google_dns_record_set",
                    "depends_on": [],
                    "primary": {
                        "id": "wazestg/searchserver.stg15.wazestg.com./A",
                        "attributes": {
                            "id": "wazestg/searchserver.stg15.wazestg.com./A",
                            "managed_zone": "wazestg",
                            "name": "searchserver.stg15.wazestg.com.",
                            "project": "waze-development",
                            "rrdatas.#": "1",
                            "rrdatas.0": "35.186.235.74",
                            "ttl": "300",
                            "type": "A"
                        },
                        "meta": {},
                        "tainted": false
                    },
                    "deposed": [],
                    "provider": "provider.google"
                },
                "google_dns_record_set.searchserver-stg16-wazestg-com-_A": {
                    "type": "google_dns_record_set",
                    "depends_on": [],
                    "primary": {
                        "id": "wazestg/searchserver.stg16.wazestg.com./A",
                        "attributes": {
                            "id": "wazestg/searchserver.stg16.wazestg.com./A",
                            "managed_zone": "wazestg",
                            "name": "searchserver.stg16.wazestg.com.",
                            "project": "waze-development",
                            "rrdatas.#": "1",
                            "rrdatas.0": "35.241.3.158",
                            "ttl": "300",
                            "type": "A"
                        },
                        "meta": {},
                        "tainted": false
                    },
                    "deposed": [],
                    "provider": "provider.google"
                },
                "google_dns_record_set.searchserver-stg17-wazestg-com-_A": {
                    "type": "google_dns_record_set",
                    "depends_on": [],
                    "primary": {
                        "id": "wazestg/searchserver.stg17.wazestg.com./A",
                        "attributes": {
                            "id": "wazestg/searchserver.stg17.wazestg.com./A",
                            "managed_zone": "wazestg",
                            "name": "searchserver.stg17.wazestg.com.",
                            "project": "waze-development",
                            "rrdatas.#": "1",
                            "rrdatas.0": "35.190.62.154",
                            "ttl": "300",
                            "type": "A"
                        },
                        "meta": {},
                        "tainted": false
                    },
                    "deposed": [],
                    "provider": "provider.google"
                },
                "google_dns_record_set.searchserver-stg18-wazestg-com-_A": {
                    "type": "google_dns_record_set",
                    "depends_on": [],
                    "primary": {
                        "id": "wazestg/searchserver.stg18.wazestg.com./A",
                        "attributes": {
                            "id": "wazestg/searchserver.stg18.wazestg.com./A",
                            "managed_zone": "wazestg",
                            "name": "searchserver.stg18.wazestg.com.",
                            "project": "waze-development",
                            "rrdatas.#": "1",
                            "rrdatas.0": "35.186.202.246",
                            "ttl": "300",
                            "type": "A"
                        },
                        "meta": {},
                        "tainted": false
                    },
                    "deposed": [],
                    "provider": "provider.google"
                },
                "google_dns_record_set.searchserver-stg19-wazestg-com-_A": {
                    "type": "google_dns_record_set",
                    "depends_on": [],
                    "primary": {
                        "id": "wazestg/searchserver.stg19.wazestg.com./A",
                        "attributes": {
                            "id": "wazestg/searchserver.stg19.wazestg.com./A",
                            "managed_zone": "wazestg",
                            "name": "searchserver.stg19.wazestg.com.",
                            "project": "waze-development",
                            "rrdatas.#": "1",
                            "rrdatas.0": "35.241.52.1",
                            "ttl": "300",
                            "type": "A"
                        },
                        "meta": {},
                        "tainted": false
                    },
                    "deposed": [],
                    "provider": "provider.google"
                },
                "google_dns_record_set.searchserver-stg2-wazestg-com-_A": {
                    "type": "google_dns_record_set",
                    "depends_on": [],
                    "primary": {
                        "id": "wazestg/searchserver.stg2.wazestg.com./A",
                        "attributes": {
                            "id": "wazestg/searchserver.stg2.wazestg.com./A",
                            "managed_zone": "wazestg",
                            "name": "searchserver.stg2.wazestg.com.",
                            "project": "waze-development",
                            "rrdatas.#": "1",
                            "rrdatas.0": "35.186.235.74",
                            "ttl": "300",
                            "type": "A"
                        },
                        "meta": {},
                        "tainted": false
                    },
                    "deposed": [],
                    "provider": "provider.google"
                },
                "google_dns_record_set.searchserver-stg23-wazestg-com-_A": {
                    "type": "google_dns_record_set",
                    "depends_on": [],
                    "primary": {
                        "id": "wazestg/searchserver.stg23.wazestg.com./A",
                        "attributes": {
                            "id": "wazestg/searchserver.stg23.wazestg.com./A",
                            "managed_zone": "wazestg",
                            "name": "searchserver.stg23.wazestg.com.",
                            "project": "waze-development",
                            "rrdatas.#": "1",
                            "rrdatas.0": "35.241.28.10",
                            "ttl": "300",
                            "type": "A"
                        },
                        "meta": {},
                        "tainted": false
                    },
                    "deposed": [],
                    "provider": "provider.google"
                },
                "google_dns_record_set.searchserver-stg25-wazestg-com-_A": {
                    "type": "google_dns_record_set",
                    "depends_on": [],
                    "primary": {
                        "id": "wazestg/searchserver.stg25.wazestg.com./A",
                        "attributes": {
                            "id": "wazestg/searchserver.stg25.wazestg.com./A",
                            "managed_zone": "wazestg",
                            "name": "searchserver.stg25.wazestg.com.",
                            "project": "waze-development",
                            "rrdatas.#": "1",
                            "rrdatas.0": "35.241.3.158",
                            "ttl": "300",
                            "type": "A"
                        },
                        "meta": {},
                        "tainted": false
                    },
                    "deposed": [],
                    "provider": "provider.google"
                },
                "google_dns_record_set.searchserver-stg28-wazestg-com-_A": {
                    "type": "google_dns_record_set",
                    "depends_on": [],
                    "primary": {
                        "id": "wazestg/searchserver.stg28.wazestg.com./A",
                        "attributes": {
                            "id": "wazestg/searchserver.stg28.wazestg.com./A",
                            "managed_zone": "wazestg",
                            "name": "searchserver.stg28.wazestg.com.",
                            "project": "waze-development",
                            "rrdatas.#": "1",
                            "rrdatas.0": "35.186.235.74",
                            "ttl": "300",
                            "type": "A"
                        },
                        "meta": {},
                        "tainted": false
                    },
                    "deposed": [],
                    "provider": "provider.google"
                },
                "google_dns_record_set.searchserver-stg30-wazestg-com-_A": {
                    "type": "google_dns_record_set",
                    "depends_on": [],
                    "primary": {
                        "id": "wazestg/searchserver.stg30.wazestg.com./A",
                        "attributes": {
                            "id": "wazestg/searchserver.stg30.wazestg.com./A",
                            "managed_zone": "wazestg",
                            "name": "searchserver.stg30.wazestg.com.",
                            "project": "waze-development",
                            "rrdatas.#": "1",
                            "rrdatas.0": "35.241.3.158",
                            "ttl": "300",
                            "type": "A"
                        },
                        "meta": {},
                        "tainted": false
                    },
                    "deposed": [],
                    "provider": "provider.google"
                },
                "google_dns_record_set.searchserver-stg4-wazestg-com-_A": {
                    "type": "google_dns_record_set",
                    "depends_on": [],
                    "primary": {
                        "id": "wazestg/searchserver.stg4.wazestg.com./A",
                        "attributes": {
                            "id": "wazestg/searchserver.stg4.wazestg.com./A",
                            "managed_zone": "wazestg",
                            "name": "searchserver.stg4.wazestg.com.",
                            "project": "waze-development",
                            "rrdatas.#": "1",
                            "rrdatas.0": "35.190.68.18",
                            "ttl": "300",
                            "type": "A"
                        },
                        "meta": {},
                        "tainted": false
                    },
                    "deposed": [],
                    "provider": "provider.google"
                },
                "google_dns_record_set.searchserver-stg5-wazestg-com-_A": {
                    "type": "google_dns_record_set",
                    "depends_on": [],
                    "primary": {
                        "id": "wazestg/searchserver.stg5.wazestg.com./A",
                        "attributes": {
                            "id": "wazestg/searchserver.stg5.wazestg.com./A",
                            "managed_zone": "wazestg",
                            "name": "searchserver.stg5.wazestg.com.",
                            "project": "waze-development",
                            "rrdatas.#": "1",
                            "rrdatas.0": "35.190.62.248",
                            "ttl": "300",
                            "type": "A"
                        },
                        "meta": {},
                        "tainted": false
                    },
                    "deposed": [],
                    "provider": "provider.google"
                },
                "google_dns_record_set.searchserver-stg6-wazestg-com-_A": {
                    "type": "google_dns_record_set",
                    "depends_on": [],
                    "primary": {
                        "id": "wazestg/searchserver.stg6.wazestg.com./A",
                        "attributes": {
                            "id": "wazestg/searchserver.stg6.wazestg.com./A",
                            "managed_zone": "wazestg",
                            "name": "searchserver.stg6.wazestg.com.",
                            "project": "waze-development",
                            "rrdatas.#": "1",
                            "rrdatas.0": "35.201.112.211",
                            "ttl": "300",
                            "type": "A"
                        },
                        "meta": {},
                        "tainted": false
                    },
                    "deposed": [],
                    "provider": "provider.google"
                },
                "google_dns_record_set.searchserver-stg7-wazestg-com-_A": {
                    "type": "google_dns_record_set",
                    "depends_on": [],
                    "primary": {
                        "id": "wazestg/searchserver.stg7.wazestg.com./A",
                        "attributes": {
                            "id": "wazestg/searchserver.stg7.wazestg.com./A",
                            "managed_zone": "wazestg",
                            "name": "searchserver.stg7.wazestg.com.",
                            "project": "waze-development",
                            "rrdatas.#": "1",
                            "rrdatas.0": "35.186.217.166",
                            "ttl": "300",
                            "type": "A"
                        },
                        "meta": {},
                        "tainted": false
                    },
                    "deposed": [],
                    "provider": "provider.google"
                },
                "google_dns_record_set.searchserver_stg12-gcp-wazestg-com-_A": {
                    "type": "google_dns_record_set",
                    "depends_on": [],
                    "primary": {
                        "id": "wazestg/searchserver-stg12.gcp.wazestg.com./A",
                        "attributes": {
                            "id": "wazestg/searchserver-stg12.gcp.wazestg.com./A",
                            "managed_zone": "wazestg",
                            "name": "searchserver-stg12.gcp.wazestg.com.",
                            "project": "waze-development",
                            "rrdatas.#": "1",
                            "rrdatas.0": "35.190.3.12",
                            "ttl": "300",
                            "type": "A"
                        },
                        "meta": {},
                        "tainted": false
                    },
                    "deposed": [],
                    "provider": "provider.google"
                },
                "google_dns_record_set.searchserver_stg14-gcp-wazestg-com-_A": {
                    "type": "google_dns_record_set",
                    "depends_on": [],
                    "primary": {
                        "id": "wazestg/searchserver-stg14.gcp.wazestg.com./A",
                        "attributes": {
                            "id": "wazestg/searchserver-stg14.gcp.wazestg.com./A",
                            "managed_zone": "wazestg",
                            "name": "searchserver-stg14.gcp.wazestg.com.",
                            "project": "waze-development",
                            "rrdatas.#": "1",
                            "rrdatas.0": "35.244.168.238",
                            "ttl": "300",
                            "type": "A"
                        },
                        "meta": {},
                        "tainted": false
                    },
                    "deposed": [],
                    "provider": "provider.google"
                },
                "google_dns_record_set.searchserver_stg15-gcp-wazestg-com-_A": {
                    "type": "google_dns_record_set",
                    "depends_on": [],
                    "primary": {
                        "id": "wazestg/searchserver-stg15.gcp.wazestg.com./A",
                        "attributes": {
                            "id": "wazestg/searchserver-stg15.gcp.wazestg.com./A",
                            "managed_zone": "wazestg",
                            "name": "searchserver-stg15.gcp.wazestg.com.",
                            "project": "waze-development",
                            "rrdatas.#": "1",
                            "rrdatas.0": "35.244.232.86",
                            "ttl": "300",
                            "type": "A"
                        },
                        "meta": {},
                        "tainted": false
                    },
                    "deposed": [],
                    "provider": "provider.google"
                },
                "google_dns_record_set.searchserver_stg18-gcp-wazestg-com-_A": {
                    "type": "google_dns_record_set",
                    "depends_on": [],
                    "primary": {
                        "id": "wazestg/searchserver-stg18.gcp.wazestg.com./A",
                        "attributes": {
                            "id": "wazestg/searchserver-stg18.gcp.wazestg.com./A",
                            "managed_zone": "wazestg",
                            "name": "searchserver-stg18.gcp.wazestg.com.",
                            "project": "waze-development",
                            "rrdatas.#": "1",
                            "rrdatas.0": "35.244.204.44",
                            "ttl": "300",
                            "type": "A"
                        },
                        "meta": {},
                        "tainted": false
                    },
                    "deposed": [],
                    "provider": "provider.google"
                },
                "google_dns_record_set.searchserver_stg19-gcp-wazestg-com-_A": {
                    "type": "google_dns_record_set",
                    "depends_on": [],
                    "primary": {
                        "id": "wazestg/searchserver-stg19.gcp.wazestg.com./A",
                        "attributes": {
                            "id": "wazestg/searchserver-stg19.gcp.wazestg.com./A",
                            "managed_zone": "wazestg",
                            "name": "searchserver-stg19.gcp.wazestg.com.",
                            "project": "waze-development",
                            "rrdatas.#": "1",
                            "rrdatas.0": "35.186.214.190",
                            "ttl": "300",
                            "type": "A"
                        },
                        "meta": {},
                        "tainted": false
                    },
                    "deposed": [],
                    "provider": "provider.google"
                },
                "google_dns_record_set.searchserver_stg21-gcp-wazestg-com-_A": {
                    "type": "google_dns_record_set",
                    "depends_on": [],
                    "primary": {
                        "id": "wazestg/searchserver-stg21.gcp.wazestg.com./A",
                        "attributes": {
                            "id": "wazestg/searchserver-stg21.gcp.wazestg.com./A",
                            "managed_zone": "wazestg",
                            "name": "searchserver-stg21.gcp.wazestg.com.",
                            "project": "waze-development",
                            "rrdatas.#": "1",
                            "rrdatas.0": "35.244.147.220",
                            "ttl": "300",
                            "type": "A"
                        },
                        "meta": {},
                        "tainted": false
                    },
                    "deposed": [],
                    "provider": "provider.google"
                },
                "google_dns_record_set.searchserver_stg3-gcp-wazestg-com-_A": {
                    "type": "google_dns_record_set",
                    "depends_on": [],
                    "primary": {
                        "id": "wazestg/searchserver-stg3.gcp.wazestg.com./A",
                        "attributes": {
                            "id": "wazestg/searchserver-stg3.gcp.wazestg.com./A",
                            "managed_zone": "wazestg",
                            "name": "searchserver-stg3.gcp.wazestg.com.",
                            "project": "waze-development",
                            "rrdatas.#": "1",
                            "rrdatas.0": "35.244.197.123",
                            "ttl": "300",
                            "type": "A"
                        },
                        "meta": {},
                        "tainted": false
                    },
                    "deposed": [],
                    "provider": "provider.google"
                },
                "google_dns_record_set.searchserver_stg30-gcp-wazestg-com-_A": {
                    "type": "google_dns_record_set",
                    "depends_on": [],
                    "primary": {
                        "id": "wazestg/searchserver-stg30.gcp.wazestg.com./A",
                        "attributes": {
                            "id": "wazestg/searchserver-stg30.gcp.wazestg.com./A",
                            "managed_zone": "wazestg",
                            "name": "searchserver-stg30.gcp.wazestg.com.",
                            "project": "waze-development",
                            "rrdatas.#": "1",
                            "rrdatas.0": "35.244.207.240",
                            "ttl": "300",
                            "type": "A"
                        },
                        "meta": {},
                        "tainted": false
                    },
                    "deposed": [],
                    "provider": "provider.google"
                },
                "google_dns_record_set.searchserver_stg5-gcp-wazestg-com-_A": {
                    "type": "google_dns_record_set",
                    "depends_on": [],
                    "primary": {
                        "id": "wazestg/searchserver-stg5.gcp.wazestg.com./A",
                        "attributes": {
                            "id": "wazestg/searchserver-stg5.gcp.wazestg.com./A",
                            "managed_zone": "wazestg",
                            "name": "searchserver-stg5.gcp.wazestg.com.",
                            "project": "waze-development",
                            "rrdatas.#": "1",
                            "rrdatas.0": "35.244.138.224",
                            "ttl": "300",
                            "type": "A"
                        },
                        "meta": {},
                        "tainted": false
                    },
                    "deposed": [],
                    "provider": "provider.google"
                },
                "google_dns_record_set.searchserver_stg7-gcp-wazestg-com-_A": {
                    "type": "google_dns_record_set",
                    "depends_on": [],
                    "primary": {
                        "id": "wazestg/searchserver-stg7.gcp.wazestg.com./A",
                        "attributes": {
                            "id": "wazestg/searchserver-stg7.gcp.wazestg.com./A",
                            "managed_zone": "wazestg",
                            "name": "searchserver-stg7.gcp.wazestg.com.",
                            "project": "waze-development",
                            "rrdatas.#": "1",
                            "rrdatas.0": "35.244.204.44",
                            "ttl": "300",
                            "type": "A"
                        },
                        "meta": {},
                        "tainted": false
                    },
                    "deposed": [],
                    "provider": "provider.google"
                },
                "google_dns_record_set.servermanager-gcp-wazestg-com-_A": {
                    "type": "google_dns_record_set",
                    "depends_on": [],
                    "primary": {
                        "id": "wazestg/servermanager.gcp.wazestg.com./A",
                        "attributes": {
                            "id": "wazestg/servermanager.gcp.wazestg.com./A",
                            "managed_zone": "wazestg",
                            "name": "servermanager.gcp.wazestg.com.",
                            "project": "waze-development",
                            "rrdatas.#": "1",
                            "rrdatas.0": "10.240.0.120",
                            "ttl": "60",
                            "type": "A"
                        },
                        "meta": {},
                        "tainted": false
                    },
                    "deposed": [],
                    "provider": "provider.google"
                },
                "google_dns_record_set.servermanager_proxy-gcp-wazestg-com-_A": {
                    "type": "google_dns_record_set",
                    "depends_on": [],
                    "primary": {
                        "id": "wazestg/servermanager-proxy.gcp.wazestg.com./A",
                        "attributes": {
                            "id": "wazestg/servermanager-proxy.gcp.wazestg.com./A",
                            "managed_zone": "wazestg",
                            "name": "servermanager-proxy.gcp.wazestg.com.",
                            "project": "waze-development",
                            "rrdatas.#": "1",
                            "rrdatas.0": "35.190.47.68",
                            "ttl": "60",
                            "type": "A"
                        },
                        "meta": {},
                        "tainted": false
                    },
                    "deposed": [],
                    "provider": "provider.google"
                },
                "google_dns_record_set.servermanager_proxy_new-gcp-wazestg-com-_A": {
                    "type": "google_dns_record_set",
                    "depends_on": [],
                    "primary": {
                        "id": "wazestg/servermanager-proxy-new.gcp.wazestg.com./A",
                        "attributes": {
                            "id": "wazestg/servermanager-proxy-new.gcp.wazestg.com./A",
                            "managed_zone": "wazestg",
                            "name": "servermanager-proxy-new.gcp.wazestg.com.",
                            "project": "waze-development",
                            "rrdatas.#": "1",
                            "rrdatas.0": "35.190.47.68",
                            "ttl": "60",
                            "type": "A"
                        },
                        "meta": {},
                        "tainted": false
                    },
                    "deposed": [],
                    "provider": "provider.google"
                },
                "google_dns_record_set.sms-gcp-wazestg-com-_A": {
                    "type": "google_dns_record_set",
                    "depends_on": [],
                    "primary": {
                        "id": "wazestg/sms.gcp.wazestg.com./A",
                        "attributes": {
                            "id": "wazestg/sms.gcp.wazestg.com./A",
                            "managed_zone": "wazestg",
                            "name": "sms.gcp.wazestg.com.",
                            "project": "waze-development",
                            "rrdatas.#": "1",
                            "rrdatas.0": "35.190.77.126",
                            "ttl": "60",
                            "type": "A"
                        },
                        "meta": {},
                        "tainted": false
                    },
                    "deposed": [],
                    "provider": "provider.google"
                },
                "google_dns_record_set.staging_memcached_stg1-wazestg-com-_A": {
                    "type": "google_dns_record_set",
                    "depends_on": [],
                    "primary": {
                        "id": "wazestg/staging-memcached-stg1.wazestg.com./A",
                        "attributes": {
                            "id": "wazestg/staging-memcached-stg1.wazestg.com./A",
                            "managed_zone": "wazestg",
                            "name": "staging-memcached-stg1.wazestg.com.",
                            "project": "waze-development",
                            "rrdatas.#": "1",
                            "rrdatas.0": "10.240.0.78",
                            "ttl": "60",
                            "type": "A"
                        },
                        "meta": {},
                        "tainted": false
                    },
                    "deposed": [],
                    "provider": "provider.google"
                },
                "google_dns_record_set.staging_mmc-wazestg-com-_A": {
                    "type": "google_dns_record_set",
                    "depends_on": [],
                    "primary": {
                        "id": "wazestg/staging-mmc.wazestg.com./A",
                        "attributes": {
                            "id": "wazestg/staging-mmc.wazestg.com./A",
                            "managed_zone": "wazestg",
                            "name": "staging-mmc.wazestg.com.",
                            "project": "waze-development",
                            "rrdatas.#": "4",
                            "rrdatas.0": "10.240.0.57",
                            "rrdatas.1": "10.240.0.55",
                            "rrdatas.2": "10.240.0.62",
                            "rrdatas.3": "10.240.0.56",
                            "ttl": "60",
                            "type": "A"
                        },
                        "meta": {},
                        "tainted": false
                    },
                    "deposed": [],
                    "provider": "provider.google"
                },
                "google_dns_record_set.stats-fu-nl-_CNAME": {
                    "type": "google_dns_record_set",
                    "depends_on": [],
                    "primary": {
                        "id": "funl/stats.fu.nl./CNAME",
                        "attributes": {
                            "id": "funl/stats.fu.nl./CNAME",
                            "managed_zone": "funl",
                            "name": "stats.fu.nl.",
                            "project": "waze-development",
                            "rrdatas.#": "1",
                            "rrdatas.0": "vpc-row-stats-362171766.eu-west-1.elb.amazonaws.com.",
                            "ttl": "60",
                            "type": "CNAME"
                        },
                        "meta": {},
                        "tainted": false
                    },
                    "deposed": [],
                    "provider": "provider.google"
                },
                "google_dns_record_set.stg11_ipc-wazestg-com-_TXT": {
                    "type": "google_dns_record_set",
                    "depends_on": [],
                    "primary": {
                        "id": "wazestg/stg11-ipc.wazestg.com./TXT",
                        "attributes": {
                            "id": "wazestg/stg11-ipc.wazestg.com./TXT",
                            "managed_zone": "wazestg",
                            "name": "stg11-ipc.wazestg.com.",
                            "project": "waze-development",
                            "rrdatas.#": "1",
                            "rrdatas.0": "\"europe-west1-c\"",
                            "ttl": "60",
                            "type": "TXT"
                        },
                        "meta": {},
                        "tainted": false
                    },
                    "deposed": [],
                    "provider": "provider.google"
                },
                "google_dns_record_set.stg1_ipc-wazestg-com-_TXT": {
                    "type": "google_dns_record_set",
                    "depends_on": [],
                    "primary": {
                        "id": "wazestg/stg1-ipc.wazestg.com./TXT",
                        "attributes": {
                            "id": "wazestg/stg1-ipc.wazestg.com./TXT",
                            "managed_zone": "wazestg",
                            "name": "stg1-ipc.wazestg.com.",
                            "project": "waze-development",
                            "rrdatas.#": "1",
                            "rrdatas.0": "\"europe-west1-c\"",
                            "ttl": "60",
                            "type": "TXT"
                        },
                        "meta": {},
                        "tainted": false
                    },
                    "deposed": [],
                    "provider": "provider.google"
                },
                "google_dns_record_set.stg2_ipc-wazestg-com-_TXT": {
                    "type": "google_dns_record_set",
                    "depends_on": [],
                    "primary": {
                        "id": "wazestg/stg2-ipc.wazestg.com./TXT",
                        "attributes": {
                            "id": "wazestg/stg2-ipc.wazestg.com./TXT",
                            "managed_zone": "wazestg",
                            "name": "stg2-ipc.wazestg.com.",
                            "project": "waze-development",
                            "rrdatas.#": "1",
                            "rrdatas.0": "\"europe-west1-c\"",
                            "ttl": "60",
                            "type": "TXT"
                        },
                        "meta": {},
                        "tainted": false
                    },
                    "deposed": [],
                    "provider": "provider.google"
                },
                "google_dns_record_set.storagegateway_internal-gcp-wazestg-com-_A": {
                    "type": "google_dns_record_set",
                    "depends_on": [],
                    "primary": {
                        "id": "wazestg/storagegateway-internal.gcp.wazestg.com./A",
                        "attributes": {
                            "id": "wazestg/storagegateway-internal.gcp.wazestg.com./A",
                            "managed_zone": "wazestg",
                            "name": "storagegateway-internal.gcp.wazestg.com.",
                            "project": "waze-development",
                            "rrdatas.#": "1",
                            "rrdatas.0": "10.240.0.123",
                            "ttl": "300",
                            "type": "A"
                        },
                        "meta": {},
                        "tainted": false
                    },
                    "deposed": [],
                    "provider": "provider.google"
                },
                "google_dns_record_set.storagegateway_stg-gcp-wazestg-com-_A": {
                    "type": "google_dns_record_set",
                    "depends_on": [],
                    "primary": {
                        "id": "wazestg/storagegateway-stg.gcp.wazestg.com./A",
                        "attributes": {
                            "id": "wazestg/storagegateway-stg.gcp.wazestg.com./A",
                            "managed_zone": "wazestg",
                            "name": "storagegateway-stg.gcp.wazestg.com.",
                            "project": "waze-development",
                            "rrdatas.#": "1",
                            "rrdatas.0": "35.201.81.162",
                            "ttl": "60",
                            "type": "A"
                        },
                        "meta": {},
                        "tainted": false
                    },
                    "deposed": [],
                    "provider": "provider.google"
                },
                "google_dns_record_set.test_iap-gcp-wazestg-com-_A": {
                    "type": "google_dns_record_set",
                    "depends_on": [],
                    "primary": {
                        "id": "wazestg/test-iap.gcp.wazestg.com./A",
                        "attributes": {
                            "id": "wazestg/test-iap.gcp.wazestg.com./A",
                            "managed_zone": "wazestg",
                            "name": "test-iap.gcp.wazestg.com.",
                            "project": "waze-development",
                            "rrdatas.#": "1",
                            "rrdatas.0": "35.186.236.77",
                            "ttl": "300",
                            "type": "A"
                        },
                        "meta": {},
                        "tainted": false
                    },
                    "deposed": [],
                    "provider": "provider.google"
                },
                "google_dns_record_set.test_memcache-wazestg-com-_A": {
                    "type": "google_dns_record_set",
                    "depends_on": [],
                    "primary": {
                        "id": "wazestg/test-memcache.wazestg.com./A",
                        "attributes": {
                            "id": "wazestg/test-memcache.wazestg.com./A",
                            "managed_zone": "wazestg",
                            "name": "test-memcache.wazestg.com.",
                            "project": "waze-development",
                            "rrdatas.#": "4",
                            "rrdatas.0": "10.240.0.44",
                            "rrdatas.1": "10.240.0.49",
                            "rrdatas.2": "10.240.0.45",
                            "rrdatas.3": "10.240.0.53",
                            "ttl": "60",
                            "type": "A"
                        },
                        "meta": {},
                        "tainted": false
                    },
                    "deposed": [],
                    "provider": "provider.google"
                },
                "google_dns_record_set.test_memcache_ext-wazestg-com-_A": {
                    "type": "google_dns_record_set",
                    "depends_on": [],
                    "primary": {
                        "id": "wazestg/test-memcache-ext.wazestg.com./A",
                        "attributes": {
                            "id": "wazestg/test-memcache-ext.wazestg.com./A",
                            "managed_zone": "wazestg",
                            "name": "test-memcache-ext.wazestg.com.",
                            "project": "waze-development",
                            "rrdatas.#": "3",
                            "rrdatas.0": "130.211.55.182",
                            "rrdatas.1": "192.158.28.80",
                            "rrdatas.2": "146.148.21.66",
                            "ttl": "300",
                            "type": "A"
                        },
                        "meta": {},
                        "tainted": false
                    },
                    "deposed": [],
                    "provider": "provider.google"
                },
                "google_dns_record_set.testing_http2-fu-nl-_CNAME": {
                    "type": "google_dns_record_set",
                    "depends_on": [],
                    "primary": {
                        "id": "funl/testing-http2.fu.nl./CNAME",
                        "attributes": {
                            "id": "funl/testing-http2.fu.nl./CNAME",
                            "managed_zone": "funl",
                            "name": "testing-http2.fu.nl.",
                            "project": "waze-development",
                            "rrdatas.#": "1",
                            "rrdatas.0": "testing-http2-removeme-2058491143.eu-west-1.elb.amazonaws.com.",
                            "ttl": "60",
                            "type": "CNAME"
                        },
                        "meta": {},
                        "tainted": false
                    },
                    "deposed": [],
                    "provider": "provider.google"
                },
                "google_dns_record_set.testrecord-stg4-wazestg-com-_A": {
                    "type": "google_dns_record_set",
                    "depends_on": [],
                    "primary": {
                        "id": "wazestg/testrecord.stg4.wazestg.com./A",
                        "attributes": {
                            "id": "wazestg/testrecord.stg4.wazestg.com./A",
                            "managed_zone": "wazestg",
                            "name": "testrecord.stg4.wazestg.com.",
                            "project": "waze-development",
                            "rrdatas.#": "1",
                            "rrdatas.0": "10.0.0.101",
                            "ttl": "300",
                            "type": "A"
                        },
                        "meta": {},
                        "tainted": false
                    },
                    "deposed": [],
                    "provider": "provider.google"
                },
                "google_dns_record_set.tf-gcp-wazestg-com-_A": {
                    "type": "google_dns_record_set",
                    "depends_on": [],
                    "primary": {
                        "id": "wazestg/tf.gcp.wazestg.com./A",
                        "attributes": {
                            "id": "wazestg/tf.gcp.wazestg.com./A",
                            "managed_zone": "wazestg",
                            "name": "tf.gcp.wazestg.com.",
                            "project": "waze-development",
                            "rrdatas.#": "1",
                            "rrdatas.0": "104.196.18.150",
                            "ttl": "300",
                            "type": "A"
                        },
                        "meta": {},
                        "tainted": false
                    },
                    "deposed": [],
                    "provider": "provider.google"
                },
                "google_dns_record_set.tiles-gcp-wazestg-com-_A": {
                    "type": "google_dns_record_set",
                    "depends_on": [],
                    "primary": {
                        "id": "wazestg/tiles.gcp.wazestg.com./A",
                        "attributes": {
                            "id": "wazestg/tiles.gcp.wazestg.com./A",
                            "managed_zone": "wazestg",
                            "name": "tiles.gcp.wazestg.com.",
                            "project": "waze-development",
                            "rrdatas.#": "1",
                            "rrdatas.0": "35.201.122.10",
                            "ttl": "900",
                            "type": "A"
                        },
                        "meta": {},
                        "tainted": false
                    },
                    "deposed": [],
                    "provider": "provider.google"
                },
                "google_dns_record_set.topic-fu-nl-_CNAME": {
                    "type": "google_dns_record_set",
                    "depends_on": [],
                    "primary": {
                        "id": "funl/topic.fu.nl./CNAME",
                        "attributes": {
                            "id": "funl/topic.fu.nl./CNAME",
                            "managed_zone": "funl",
                            "name": "topic.fu.nl.",
                            "project": "waze-development",
                            "rrdatas.#": "1",
                            "rrdatas.0": "internal-topic-monitoring-web-elb-692155018.eu-west-1.elb.amazonaws.com.",
                            "ttl": "60",
                            "type": "CNAME"
                        },
                        "meta": {},
                        "tainted": false
                    },
                    "deposed": [],
                    "provider": "provider.google"
                },
                "google_dns_record_set.topicagent-gcp-wazestg-com-_A": {
                    "type": "google_dns_record_set",
                    "depends_on": [],
                    "primary": {
                        "id": "wazestg/topicagent.gcp.wazestg.com./A",
                        "attributes": {
                            "id": "wazestg/topicagent.gcp.wazestg.com./A",
                            "managed_zone": "wazestg",
                            "name": "topicagent.gcp.wazestg.com.",
                            "project": "waze-development",
                            "rrdatas.#": "1",
                            "rrdatas.0": "35.205.77.44",
                            "ttl": "300",
                            "type": "A"
                        },
                        "meta": {},
                        "tainted": false
                    },
                    "deposed": [],
                    "provider": "provider.google"
                },
                "google_dns_record_set.topics_test_ipc-wazestg-com-_TXT": {
                    "type": "google_dns_record_set",
                    "depends_on": [],
                    "primary": {
                        "id": "wazestg/topics-test-ipc.wazestg.com./TXT",
                        "attributes": {
                            "id": "wazestg/topics-test-ipc.wazestg.com./TXT",
                            "managed_zone": "wazestg",
                            "name": "topics-test-ipc.wazestg.com.",
                            "project": "waze-development",
                            "rrdatas.#": "1",
                            "rrdatas.0": "\"europe-west1-d\"",
                            "ttl": "300",
                            "type": "TXT"
                        },
                        "meta": {},
                        "tainted": false
                    },
                    "deposed": [],
                    "provider": "provider.google"
                },
                "google_dns_record_set.ttsgw-gcp-wazestg-com-_A": {
                    "type": "google_dns_record_set",
                    "depends_on": [],
                    "primary": {
                        "id": "wazestg/ttsgw.gcp.wazestg.com./A",
                        "attributes": {
                            "id": "wazestg/ttsgw.gcp.wazestg.com./A",
                            "managed_zone": "wazestg",
                            "name": "ttsgw.gcp.wazestg.com.",
                            "project": "waze-development",
                            "rrdatas.#": "1",
                            "rrdatas.0": "107.178.254.116",
                            "ttl": "60",
                            "type": "A"
                        },
                        "meta": {},
                        "tainted": false
                    },
                    "deposed": [],
                    "provider": "provider.google"
                },
                "google_dns_record_set.ultron-gcp-wazestg-com-_CNAME": {
                    "type": "google_dns_record_set",
                    "depends_on": [],
                    "primary": {
                        "id": "wazestg/ultron.gcp.wazestg.com./CNAME",
                        "attributes": {
                            "id": "wazestg/ultron.gcp.wazestg.com./CNAME",
                            "managed_zone": "wazestg",
                            "name": "ultron.gcp.wazestg.com.",
                            "project": "waze-development",
                            "rrdatas.#": "1",
                            "rrdatas.0": "ghs.googlehosted.com.",
                            "ttl": "300",
                            "type": "CNAME"
                        },
                        "meta": {},
                        "tainted": false
                    },
                    "deposed": [],
                    "provider": "provider.google"
                },
                "google_dns_record_set.us_central1_f-users_test-wazestg-com-_A": {
                    "type": "google_dns_record_set",
                    "depends_on": [],
                    "primary": {
                        "id": "wazestg/us-central1-f.users-test.wazestg.com./A",
                        "attributes": {
                            "id": "wazestg/us-central1-f.users-test.wazestg.com./A",
                            "managed_zone": "wazestg",
                            "name": "us-central1-f.users-test.wazestg.com.",
                            "project": "waze-development",
                            "rrdatas.#": "1",
                            "rrdatas.0": "10.240.66.3",
                            "ttl": "300",
                            "type": "A"
                        },
                        "meta": {},
                        "tainted": false
                    },
                    "deposed": [],
                    "provider": "provider.google"
                },
                "google_dns_record_set.users_test-wazestg-com-_TXT": {
                    "type": "google_dns_record_set",
                    "depends_on": [],
                    "primary": {
                        "id": "wazestg/users-test.wazestg.com./TXT",
                        "attributes": {
                            "id": "wazestg/users-test.wazestg.com./TXT",
                            "managed_zone": "wazestg",
                            "name": "users-test.wazestg.com.",
                            "project": "waze-development",
                            "rrdatas.#": "1",
                            "rrdatas.0": "\"us-central1-f\"",
                            "ttl": "300",
                            "type": "TXT"
                        },
                        "meta": {},
                        "tainted": false
                    },
                    "deposed": [],
                    "provider": "provider.google"
                },
                "google_dns_record_set.users_test_eu-wazestg-com-_TXT": {
                    "type": "google_dns_record_set",
                    "depends_on": [],
                    "primary": {
                        "id": "wazestg/users-test-eu.wazestg.com./TXT",
                        "attributes": {
                            "id": "wazestg/users-test-eu.wazestg.com./TXT",
                            "managed_zone": "wazestg",
                            "name": "users-test-eu.wazestg.com.",
                            "project": "waze-development",
                            "rrdatas.#": "1",
                            "rrdatas.0": "\"europe-west1-d\"",
                            "ttl": "300",
                            "type": "TXT"
                        },
                        "meta": {},
                        "tainted": false
                    },
                    "deposed": [],
                    "provider": "provider.google"
                },
                "google_dns_record_set.venues_live_memcached_stg1-wazestg-com-_A": {
                    "type": "google_dns_record_set",
                    "depends_on": [],
                    "primary": {
                        "id": "wazestg/venues-live-memcached-stg1.wazestg.com./A",
                        "attributes": {
                            "id": "wazestg/venues-live-memcached-stg1.wazestg.com./A",
                            "managed_zone": "wazestg",
                            "name": "venues-live-memcached-stg1.wazestg.com.",
                            "project": "waze-development",
                            "rrdatas.#": "1",
                            "rrdatas.0": "10.240.0.145",
                            "ttl": "60",
                            "type": "A"
                        },
                        "meta": {},
                        "tainted": false
                    },
                    "deposed": [],
                    "provider": "provider.google"
                },
                "google_dns_record_set.venues_snapshot_memcached_stg1-wazestg-com-_A": {
                    "type": "google_dns_record_set",
                    "depends_on": [],
                    "primary": {
                        "id": "wazestg/venues-snapshot-memcached-stg1.wazestg.com./A",
                        "attributes": {
                            "id": "wazestg/venues-snapshot-memcached-stg1.wazestg.com./A",
                            "managed_zone": "wazestg",
                            "name": "venues-snapshot-memcached-stg1.wazestg.com.",
                            "project": "waze-development",
                            "rrdatas.#": "1",
                            "rrdatas.0": "10.240.1.51",
                            "ttl": "60",
                            "type": "A"
                        },
                        "meta": {},
                        "tainted": false
                    },
                    "deposed": [],
                    "provider": "provider.google"
                },
                "google_dns_record_set.voice_prompts-gcp-wazestg-com-_A": {
                    "type": "google_dns_record_set",
                    "depends_on": [],
                    "primary": {
                        "id": "wazestg/voice-prompts.gcp.wazestg.com./A",
                        "attributes": {
                            "id": "wazestg/voice-prompts.gcp.wazestg.com./A",
                            "managed_zone": "wazestg",
                            "name": "voice-prompts.gcp.wazestg.com.",
                            "project": "waze-development",
                            "rrdatas.#": "1",
                            "rrdatas.0": "35.186.231.245",
                            "ttl": "300",
                            "type": "A"
                        },
                        "meta": {},
                        "tainted": false
                    },
                    "deposed": [],
                    "provider": "provider.google"
                },
                "google_dns_record_set.was-gcp-wazestg-com-_A": {
                    "type": "google_dns_record_set",
                    "depends_on": [],
                    "primary": {
                        "id": "wazestg/was.gcp.wazestg.com./A",
                        "attributes": {
                            "id": "wazestg/was.gcp.wazestg.com./A",
                            "managed_zone": "wazestg",
                            "name": "was.gcp.wazestg.com.",
                            "project": "waze-development",
                            "rrdatas.#": "1",
                            "rrdatas.0": "35.190.78.117",
                            "ttl": "900",
                            "type": "A"
                        },
                        "meta": {},
                        "tainted": false
                    },
                    "deposed": [],
                    "provider": "provider.google"
                },
                "google_dns_record_set.waze_mapping-com-_NS": {
                    "type": "google_dns_record_set",
                    "depends_on": [],
                    "primary": {
                        "id": "mapathon/waze-mapping.com./NS",
                        "attributes": {
                            "id": "mapathon/waze-mapping.com./NS",
                            "managed_zone": "mapathon",
                            "name": "waze-mapping.com.",
                            "project": "waze-development",
                            "rrdatas.#": "4",
                            "rrdatas.0": "ns-cloud-b1.googledomains.com.",
                            "rrdatas.1": "ns-cloud-b2.googledomains.com.",
                            "rrdatas.2": "ns-cloud-b3.googledomains.com.",
                            "rrdatas.3": "ns-cloud-b4.googledomains.com.",
                            "ttl": "3600",
                            "type": "NS"
                        },
                        "meta": {},
                        "tainted": false
                    },
                    "deposed": [],
                    "provider": "provider.google"
                },
                "google_dns_record_set.waze_mapping-com-_SOA": {
                    "type": "google_dns_record_set",
                    "depends_on": [],
                    "primary": {
                        "id": "mapathon/waze-mapping.com./SOA",
                        "attributes": {
                            "id": "mapathon/waze-mapping.com./SOA",
                            "managed_zone": "mapathon",
                            "name": "waze-mapping.com.",
                            "project": "waze-development",
                            "rrdatas.#": "1",
                            "rrdatas.0": "ns-cloud-b1.googledomains.com. dns-admin.google.com. 0 21600 3600 1209600 300",
                            "ttl": "21600",
                            "type": "SOA"
                        },
                        "meta": {},
                        "tainted": false
                    },
                    "deposed": [],
                    "provider": "provider.google"
                },
                "google_dns_record_set.wazestg-com-_NS": {
                    "type": "google_dns_record_set",
                    "depends_on": [],
                    "primary": {
                        "id": "wazestg/wazestg.com./NS",
                        "attributes": {
                            "id": "wazestg/wazestg.com./NS",
                            "managed_zone": "wazestg",
                            "name": "wazestg.com.",
                            "project": "waze-development",
                            "rrdatas.#": "4",
                            "rrdatas.0": "ns-cloud-c1.googledomains.com.",
                            "rrdatas.1": "ns-cloud-c2.googledomains.com.",
                            "rrdatas.2": "ns-cloud-c3.googledomains.com.",
                            "rrdatas.3": "ns-cloud-c4.googledomains.com.",
                            "ttl": "21600",
                            "type": "NS"
                        },
                        "meta": {},
                        "tainted": false
                    },
                    "deposed": [],
                    "provider": "provider.google"
                },
                "google_dns_record_set.wazestg-com-_SOA": {
                    "type": "google_dns_record_set",
                    "depends_on": [],
                    "primary": {
                        "id": "wazestg/wazestg.com./SOA",
                        "attributes": {
                            "id": "wazestg/wazestg.com./SOA",
                            "managed_zone": "wazestg",
                            "name": "wazestg.com.",
                            "project": "waze-development",
                            "rrdatas.#": "1",
                            "rrdatas.0": "ns-cloud-c1.googledomains.com. dns-admin.google.com. 41 21600 3600 1209600 300",
                            "ttl": "21600",
                            "type": "SOA"
                        },
                        "meta": {},
                        "tainted": false
                    },
                    "deposed": [],
                    "provider": "provider.google"
                },
                "google_dns_record_set.www-gcp-wazestg-com-_A": {
                    "type": "google_dns_record_set",
                    "depends_on": [],
                    "primary": {
                        "id": "wazestg/www.gcp.wazestg.com./A",
                        "attributes": {
                            "id": "wazestg/www.gcp.wazestg.com./A",
                            "managed_zone": "wazestg",
                            "name": "www.gcp.wazestg.com.",
                            "project": "waze-development",
                            "rrdatas.#": "1",
                            "rrdatas.0": "107.178.248.105",
                            "ttl": "300",
                            "type": "A"
                        },
                        "meta": {},
                        "tainted": false
                    },
                    "deposed": [],
                    "provider": "provider.google"
                },
                "google_dns_record_set.yoda_www-gcp-wazestg-com-_A": {
                    "type": "google_dns_record_set",
                    "depends_on": [],
                    "primary": {
                        "id": "wazestg/yoda-www.gcp.wazestg.com./A",
                        "attributes": {
                            "id": "wazestg/yoda-www.gcp.wazestg.com./A",
                            "managed_zone": "wazestg",
                            "name": "yoda-www.gcp.wazestg.com.",
                            "project": "waze-development",
                            "rrdatas.#": "1",
                            "rrdatas.0": "107.178.248.105",
                            "ttl": "300",
                            "type": "A"
                        },
                        "meta": {},
                        "tainted": false
                    },
                    "deposed": [],
                    "provider": "provider.google"
                },
                "google_dns_record_set.zcxtcjy77ojy-wazestg-com-_CNAME": {
                    "type": "google_dns_record_set",
                    "depends_on": [],
                    "primary": {
                        "id": "wazestg/zcxtcjy77ojy.wazestg.com./CNAME",
                        "attributes": {
                            "id": "wazestg/zcxtcjy77ojy.wazestg.com./CNAME",
                            "managed_zone": "wazestg",
                            "name": "zcxtcjy77ojy.wazestg.com.",
                            "project": "waze-development",
                            "rrdatas.#": "1",
                            "rrdatas.0": "gv-tbfgu36ltxtzme.dv.googlehosted.com.",
                            "ttl": "300",
                            "type": "CNAME"
                        },
                        "meta": {},
                        "tainted": false
                    },
                    "deposed": [],
                    "provider": "provider.google"
                }
            },
            "depends_on": []
        }
    ]
}
