{
    "version": 3,
    "terraform_version": "0.11.10",
    "serial": 1,
    "lineage": "6cda7eba-1545-f38e-046f-fa55cfeb7a88",
    "modules": [
        {
            "path": [
                "root"
            ],
            "outputs": {},
            "resources": {
                "google_compute_firewall.aef_realtime__login__prober__prod__il_20181231t154600_hcfw": {
                    "type": "google_compute_firewall",
                    "depends_on": [],
                    "primary": {
                        "id": "aef-realtime--login--prober--prod--il-20181231t154600-hcfw",
                        "attributes": {
                            "allow.#": "1",
                            "allow.1052118868.ports.#": "1",
                            "allow.1052118868.ports.0": "8443",
                            "allow.1052118868.protocol": "tcp",
                            "creation_timestamp": "2018-12-31T05:52:46.946-08:00",
                            "deny.#": "0",
                            "description": "",
                            "destination_ranges.#": "0",
                            "direction": "INGRESS",
                            "disabled": "false",
                            "enable_logging": "false",
                            "id": "aef-realtime--login--prober--prod--il-20181231t154600-hcfw",
                            "name": "aef-realtime--login--prober--prod--il-20181231t154600-hcfw",
                            "network": "https://www.googleapis.com/compute/v1/projects/waze-development/global/networks/default",
                            "priority": "1000",
                            "project": "waze-development",
                            "self_link": "https://www.googleapis.com/compute/v1/projects/waze-development/global/firewalls/aef-realtime--login--prober--prod--il-20181231t154600-hcfw",
                            "source_ranges.#": "2",
                            "source_ranges.2192388802": "130.211.0.0/22",
                            "source_ranges.2394378644": "35.191.0.0/16",
                            "source_service_accounts.#": "0",
                            "source_tags.#": "0",
                            "target_service_accounts.#": "0",
                            "target_tags.#": "1",
                            "target_tags.1119283619": "aef-realtime--login--prober--prod--il-20181231t154600"
                        },
                        "meta": {
                            "schema_version": "1"
                        },
                        "tainted": false
                    },
                    "deposed": [],
                    "provider": "provider.google"
                },
                "google_compute_firewall.aef_realtime__login__prober__stg_20181231t100523_hcfw": {
                    "type": "google_compute_firewall",
                    "depends_on": [],
                    "primary": {
                        "id": "aef-realtime--login--prober--stg-20181231t100523-hcfw",
                        "attributes": {
                            "allow.#": "1",
                            "allow.1052118868.ports.#": "1",
                            "allow.1052118868.ports.0": "8443",
                            "allow.1052118868.protocol": "tcp",
                            "creation_timestamp": "2018-12-31T00:10:47.800-08:00",
                            "deny.#": "0",
                            "description": "",
                            "destination_ranges.#": "0",
                            "direction": "INGRESS",
                            "disabled": "false",
                            "enable_logging": "false",
                            "id": "aef-realtime--login--prober--stg-20181231t100523-hcfw",
                            "name": "aef-realtime--login--prober--stg-20181231t100523-hcfw",
                            "network": "https://www.googleapis.com/compute/v1/projects/waze-development/global/networks/default",
                            "priority": "1000",
                            "project": "waze-development",
                            "self_link": "https://www.googleapis.com/compute/v1/projects/waze-development/global/firewalls/aef-realtime--login--prober--stg-20181231t100523-hcfw",
                            "source_ranges.#": "2",
                            "source_ranges.2192388802": "130.211.0.0/22",
                            "source_ranges.2394378644": "35.191.0.0/16",
                            "source_service_accounts.#": "0",
                            "source_tags.#": "0",
                            "target_service_accounts.#": "0",
                            "target_tags.#": "1",
                            "target_tags.475772372": "aef-realtime--login--prober--stg-20181231t100523"
                        },
                        "meta": {
                            "schema_version": "1"
                        },
                        "tainted": false
                    },
                    "deposed": [],
                    "provider": "provider.google"
                },
                "google_compute_firewall.aef_routing__regression_20180124t102927_hcfw": {
                    "type": "google_compute_firewall",
                    "depends_on": [],
                    "primary": {
                        "id": "aef-routing--regression-20180124t102927-hcfw",
                        "attributes": {
                            "allow.#": "1",
                            "allow.1052118868.ports.#": "1",
                            "allow.1052118868.ports.0": "8443",
                            "allow.1052118868.protocol": "tcp",
                            "creation_timestamp": "2018-01-24T02:31:01.305-08:00",
                            "deny.#": "0",
                            "description": "",
                            "destination_ranges.#": "0",
                            "direction": "INGRESS",
                            "disabled": "false",
                            "enable_logging": "false",
                            "id": "aef-routing--regression-20180124t102927-hcfw",
                            "name": "aef-routing--regression-20180124t102927-hcfw",
                            "network": "https://www.googleapis.com/compute/v1/projects/waze-development/global/networks/default",
                            "priority": "1000",
                            "project": "waze-development",
                            "self_link": "https://www.googleapis.com/compute/v1/projects/waze-development/global/firewalls/aef-routing--regression-20180124t102927-hcfw",
                            "source_ranges.#": "2",
                            "source_ranges.2192388802": "130.211.0.0/22",
                            "source_ranges.2394378644": "35.191.0.0/16",
                            "source_service_accounts.#": "0",
                            "source_tags.#": "0",
                            "target_service_accounts.#": "0",
                            "target_tags.#": "1",
                            "target_tags.2460598090": "aef-routing--regression-20180124t102927"
                        },
                        "meta": {
                            "schema_version": "1"
                        },
                        "tainted": false
                    },
                    "deposed": [],
                    "provider": "provider.google"
                },
                "google_compute_firewall.allow_health_check": {
                    "type": "google_compute_firewall",
                    "depends_on": [],
                    "primary": {
                        "id": "allow-health-check",
                        "attributes": {
                            "allow.#": "1",
                            "allow.1530575020.ports.#": "1",
                            "allow.1530575020.ports.0": "8088",
                            "allow.1530575020.protocol": "tcp",
                            "creation_timestamp": "2017-11-26T06:32:14.358-08:00",
                            "deny.#": "0",
                            "description": "",
                            "destination_ranges.#": "0",
                            "direction": "INGRESS",
                            "disabled": "false",
                            "enable_logging": "false",
                            "id": "allow-health-check",
                            "name": "allow-health-check",
                            "network": "https://www.googleapis.com/compute/v1/projects/waze-development/global/networks/default",
                            "priority": "1000",
                            "project": "waze-development",
                            "self_link": "https://www.googleapis.com/compute/v1/projects/waze-development/global/firewalls/allow-health-check",
                            "source_ranges.#": "2",
                            "source_ranges.2192388802": "130.211.0.0/22",
                            "source_ranges.2394378644": "35.191.0.0/16",
                            "source_service_accounts.#": "0",
                            "source_tags.#": "0",
                            "target_service_accounts.#": "0",
                            "target_tags.#": "1",
                            "target_tags.1414507886": "health-check-tag"
                        },
                        "meta": {
                            "schema_version": "1"
                        },
                        "tainted": false
                    },
                    "deposed": [],
                    "provider": "provider.google"
                },
                "google_compute_firewall.allow_https_from_logserver": {
                    "type": "google_compute_firewall",
                    "depends_on": [],
                    "primary": {
                        "id": "allow-https-from-logserver",
                        "attributes": {
                            "allow.#": "1",
                            "allow.680193008.ports.#": "1",
                            "allow.680193008.ports.0": "443",
                            "allow.680193008.protocol": "tcp",
                            "creation_timestamp": "2016-10-06T05:37:34.989-07:00",
                            "deny.#": "0",
                            "description": "",
                            "destination_ranges.#": "0",
                            "direction": "INGRESS",
                            "disabled": "false",
                            "enable_logging": "false",
                            "id": "allow-https-from-logserver",
                            "name": "allow-https-from-logserver",
                            "network": "https://www.googleapis.com/compute/v1/projects/waze-development/global/networks/default",
                            "priority": "1000",
                            "project": "waze-development",
                            "self_link": "https://www.googleapis.com/compute/v1/projects/waze-development/global/firewalls/allow-https-from-logserver",
                            "source_ranges.#": "1",
                            "source_ranges.4221866305": "54.204.41.28/32",
                            "source_service_accounts.#": "0",
                            "source_tags.#": "0",
                            "target_service_accounts.#": "0",
                            "target_tags.#": "1",
                            "target_tags.300319219": "row-staging-topic-events"
                        },
                        "meta": {
                            "schema_version": "1"
                        },
                        "tainted": false
                    },
                    "deposed": [],
                    "provider": "provider.google"
                },
                "google_compute_firewall.allow_ssh_from_logserver": {
                    "type": "google_compute_firewall",
                    "depends_on": [],
                    "primary": {
                        "id": "allow-ssh-from-logserver",
                        "attributes": {
                            "allow.#": "1",
                            "allow.803338340.ports.#": "1",
                            "allow.803338340.ports.0": "22",
                            "allow.803338340.protocol": "tcp",
                            "creation_timestamp": "2015-10-12T04:49:49.992-07:00",
                            "deny.#": "0",
                            "description": "Allows SSH access to stg from waze-logserver1 for Ron Desta",
                            "destination_ranges.#": "0",
                            "direction": "INGRESS",
                            "disabled": "false",
                            "enable_logging": "false",
                            "id": "allow-ssh-from-logserver",
                            "name": "allow-ssh-from-logserver",
                            "network": "https://www.googleapis.com/compute/v1/projects/waze-development/global/networks/default",
                            "priority": "1000",
                            "project": "waze-development",
                            "self_link": "https://www.googleapis.com/compute/v1/projects/waze-development/global/firewalls/allow-ssh-from-logserver",
                            "source_ranges.#": "2",
                            "source_ranges.4221866305": "54.204.41.28/32",
                            "source_ranges.902916160": "176.231.65.5/32",
                            "source_service_accounts.#": "0",
                            "source_tags.#": "0",
                            "target_service_accounts.#": "0",
                            "target_tags.#": "0"
                        },
                        "meta": {
                            "schema_version": "1"
                        },
                        "tainted": false
                    },
                    "deposed": [],
                    "provider": "provider.google"
                },
                "google_compute_firewall.bastion_incoming": {
                    "type": "google_compute_firewall",
                    "depends_on": [],
                    "primary": {
                        "id": "bastion-incoming",
                        "attributes": {
                            "allow.#": "1",
                            "allow.680193008.ports.#": "1",
                            "allow.680193008.ports.0": "443",
                            "allow.680193008.protocol": "tcp",
                            "creation_timestamp": "2017-05-07T00:05:10.860-07:00",
                            "deny.#": "0",
                            "description": "",
                            "destination_ranges.#": "0",
                            "direction": "INGRESS",
                            "disabled": "false",
                            "enable_logging": "false",
                            "id": "bastion-incoming",
                            "name": "bastion-incoming",
                            "network": "https://www.googleapis.com/compute/v1/projects/waze-development/global/networks/default",
                            "priority": "1000",
                            "project": "waze-development",
                            "self_link": "https://www.googleapis.com/compute/v1/projects/waze-development/global/firewalls/bastion-incoming",
                            "source_ranges.#": "4",
                            "source_ranges.2050257424": "54.195.80.116/32",
                            "source_ranges.2873089243": "54.197.192.35/32",
                            "source_ranges.3263698293": "54.195.80.117/32",
                            "source_ranges.327400382": "54.197.192.34/32",
                            "source_service_accounts.#": "0",
                            "source_tags.#": "0",
                            "target_service_accounts.#": "0",
                            "target_tags.#": "1",
                            "target_tags.724184803": "bastion-https"
                        },
                        "meta": {
                            "schema_version": "1"
                        },
                        "tainted": false
                    },
                    "deposed": [],
                    "provider": "provider.google"
                },
                "google_compute_firewall.cassandra_on_k8s_allow_icmp": {
                    "type": "google_compute_firewall",
                    "depends_on": [],
                    "primary": {
                        "id": "cassandra-on-k8s-allow-icmp",
                        "attributes": {
                            "allow.#": "1",
                            "allow.1367131964.ports.#": "0",
                            "allow.1367131964.protocol": "icmp",
                            "creation_timestamp": "2018-08-17T10:06:18.280-07:00",
                            "deny.#": "0",
                            "description": "Allows ICMP connections from any source to any instance on the network.",
                            "destination_ranges.#": "0",
                            "direction": "INGRESS",
                            "disabled": "false",
                            "enable_logging": "false",
                            "id": "cassandra-on-k8s-allow-icmp",
                            "name": "cassandra-on-k8s-allow-icmp",
                            "network": "https://www.googleapis.com/compute/v1/projects/waze-development/global/networks/cassandra-on-k8s",
                            "priority": "65534",
                            "project": "waze-development",
                            "self_link": "https://www.googleapis.com/compute/v1/projects/waze-development/global/firewalls/cassandra-on-k8s-allow-icmp",
                            "source_ranges.#": "1",
                            "source_ranges.1080289494": "0.0.0.0/0",
                            "source_service_accounts.#": "0",
                            "source_tags.#": "0",
                            "target_service_accounts.#": "0",
                            "target_tags.#": "0"
                        },
                        "meta": {
                            "schema_version": "1"
                        },
                        "tainted": false
                    },
                    "deposed": [],
                    "provider": "provider.google"
                },
                "google_compute_firewall.cassandra_on_k8s_allow_ssh": {
                    "type": "google_compute_firewall",
                    "depends_on": [],
                    "primary": {
                        "id": "cassandra-on-k8s-allow-ssh",
                        "attributes": {
                            "allow.#": "1",
                            "allow.803338340.ports.#": "1",
                            "allow.803338340.ports.0": "22",
                            "allow.803338340.protocol": "tcp",
                            "creation_timestamp": "2018-08-17T10:06:18.897-07:00",
                            "deny.#": "0",
                            "description": "Allows TCP connections from any source to any instance on the network using port 22.",
                            "destination_ranges.#": "0",
                            "direction": "INGRESS",
                            "disabled": "false",
                            "enable_logging": "false",
                            "id": "cassandra-on-k8s-allow-ssh",
                            "name": "cassandra-on-k8s-allow-ssh",
                            "network": "https://www.googleapis.com/compute/v1/projects/waze-development/global/networks/cassandra-on-k8s",
                            "priority": "65534",
                            "project": "waze-development",
                            "self_link": "https://www.googleapis.com/compute/v1/projects/waze-development/global/firewalls/cassandra-on-k8s-allow-ssh",
                            "source_ranges.#": "1",
                            "source_ranges.1080289494": "0.0.0.0/0",
                            "source_service_accounts.#": "0",
                            "source_tags.#": "0",
                            "target_service_accounts.#": "0",
                            "target_tags.#": "0"
                        },
                        "meta": {
                            "schema_version": "1"
                        },
                        "tainted": false
                    },
                    "deposed": [],
                    "provider": "provider.google"
                },
                "google_compute_firewall.default_ads_memcached_stg1_service": {
                    "type": "google_compute_firewall",
                    "depends_on": [],
                    "primary": {
                        "id": "default-ads-memcached-stg1-service",
                        "attributes": {
                            "allow.#": "1",
                            "allow.3566377037.ports.#": "1",
                            "allow.3566377037.ports.0": "11211",
                            "allow.3566377037.protocol": "tcp",
                            "creation_timestamp": "2018-03-14T05:57:35.199-07:00",
                            "deny.#": "0",
                            "description": "",
                            "destination_ranges.#": "0",
                            "direction": "INGRESS",
                            "disabled": "false",
                            "enable_logging": "false",
                            "id": "default-ads-memcached-stg1-service",
                            "name": "default-ads-memcached-stg1-service",
                            "network": "https://www.googleapis.com/compute/v1/projects/waze-development/global/networks/default",
                            "priority": "1000",
                            "project": "waze-development",
                            "self_link": "https://www.googleapis.com/compute/v1/projects/waze-development/global/firewalls/default-ads-memcached-stg1-service",
                            "source_ranges.#": "0",
                            "source_service_accounts.#": "0",
                            "source_tags.#": "3",
                            "source_tags.2202646817": "ads-stg-stg1-client",
                            "source_tags.2702200087": "staging-stg-stg1-client",
                            "source_tags.737099877": "stg-poi",
                            "target_service_accounts.#": "0",
                            "target_tags.#": "0"
                        },
                        "meta": {
                            "schema_version": "1"
                        },
                        "tainted": false
                    },
                    "deposed": [],
                    "provider": "provider.google"
                },
                "google_compute_firewall.default_allow_http": {
                    "type": "google_compute_firewall",
                    "depends_on": [],
                    "primary": {
                        "id": "default-allow-http",
                        "attributes": {
                            "allow.#": "1",
                            "allow.272637744.ports.#": "1",
                            "allow.272637744.ports.0": "80",
                            "allow.272637744.protocol": "tcp",
                            "creation_timestamp": "2014-06-11T23:05:09.494-07:00",
                            "deny.#": "0",
                            "description": "",
                            "destination_ranges.#": "0",
                            "direction": "INGRESS",
                            "disabled": "false",
                            "enable_logging": "false",
                            "id": "default-allow-http",
                            "name": "default-allow-http",
                            "network": "https://www.googleapis.com/compute/v1/projects/waze-development/global/networks/default",
                            "priority": "1000",
                            "project": "waze-development",
                            "self_link": "https://www.googleapis.com/compute/v1/projects/waze-development/global/firewalls/default-allow-http",
                            "source_ranges.#": "1",
                            "source_ranges.1080289494": "0.0.0.0/0",
                            "source_service_accounts.#": "0",
                            "source_tags.#": "0",
                            "target_service_accounts.#": "0",
                            "target_tags.#": "1",
                            "target_tags.988335155": "http-server"
                        },
                        "meta": {
                            "schema_version": "1"
                        },
                        "tainted": false
                    },
                    "deposed": [],
                    "provider": "provider.google"
                },
                "google_compute_firewall.default_allow_https": {
                    "type": "google_compute_firewall",
                    "depends_on": [],
                    "primary": {
                        "id": "default-allow-https",
                        "attributes": {
                            "allow.#": "1",
                            "allow.680193008.ports.#": "1",
                            "allow.680193008.ports.0": "443",
                            "allow.680193008.protocol": "tcp",
                            "creation_timestamp": "2014-08-19T00:25:52.730-07:00",
                            "deny.#": "0",
                            "description": "",
                            "destination_ranges.#": "0",
                            "direction": "INGRESS",
                            "disabled": "false",
                            "enable_logging": "false",
                            "id": "default-allow-https",
                            "name": "default-allow-https",
                            "network": "https://www.googleapis.com/compute/v1/projects/waze-development/global/networks/default",
                            "priority": "1000",
                            "project": "waze-development",
                            "self_link": "https://www.googleapis.com/compute/v1/projects/waze-development/global/firewalls/default-allow-https",
                            "source_ranges.#": "1",
                            "source_ranges.1080289494": "0.0.0.0/0",
                            "source_service_accounts.#": "0",
                            "source_tags.#": "0",
                            "target_service_accounts.#": "0",
                            "target_tags.#": "1",
                            "target_tags.1936433573": "https-server"
                        },
                        "meta": {
                            "schema_version": "1"
                        },
                        "tainted": false
                    },
                    "deposed": [],
                    "provider": "provider.google"
                },
                "google_compute_firewall.default_allow_internal": {
                    "type": "google_compute_firewall",
                    "depends_on": [],
                    "primary": {
                        "id": "default-allow-internal",
                        "attributes": {
                            "allow.#": "3",
                            "allow.1367131964.ports.#": "0",
                            "allow.1367131964.protocol": "icmp",
                            "allow.2250996047.ports.#": "1",
                            "allow.2250996047.ports.0": "0-65535",
                            "allow.2250996047.protocol": "tcp",
                            "allow.884285603.ports.#": "1",
                            "allow.884285603.ports.0": "0-65535",
                            "allow.884285603.protocol": "udp",
                            "creation_timestamp": "2013-09-13T18:24:40.967-07:00",
                            "deny.#": "0",
                            "description": "Internal traffic from default allowed",
                            "destination_ranges.#": "0",
                            "direction": "INGRESS",
                            "disabled": "false",
                            "enable_logging": "false",
                            "id": "default-allow-internal",
                            "name": "default-allow-internal",
                            "network": "https://www.googleapis.com/compute/v1/projects/waze-development/global/networks/default",
                            "priority": "65534",
                            "project": "waze-development",
                            "self_link": "https://www.googleapis.com/compute/v1/projects/waze-development/global/firewalls/default-allow-internal",
                            "source_ranges.#": "1",
                            "source_ranges.3423270202": "10.0.0.0/8",
                            "source_service_accounts.#": "0",
                            "source_tags.#": "0",
                            "target_service_accounts.#": "0",
                            "target_tags.#": "0"
                        },
                        "meta": {
                            "schema_version": "1"
                        },
                        "tainted": false
                    },
                    "deposed": [],
                    "provider": "provider.google"
                },
                "google_compute_firewall.default_carpool_memcache_stg1_service": {
                    "type": "google_compute_firewall",
                    "depends_on": [],
                    "primary": {
                        "id": "default-carpool-memcache-stg1-service",
                        "attributes": {
                            "allow.#": "1",
                            "allow.3566377037.ports.#": "1",
                            "allow.3566377037.ports.0": "11211",
                            "allow.3566377037.protocol": "tcp",
                            "creation_timestamp": "2018-01-25T04:36:19.839-08:00",
                            "deny.#": "0",
                            "description": "",
                            "destination_ranges.#": "0",
                            "direction": "INGRESS",
                            "disabled": "false",
                            "enable_logging": "false",
                            "id": "default-carpool-memcache-stg1-service",
                            "name": "default-carpool-memcache-stg1-service",
                            "network": "https://www.googleapis.com/compute/v1/projects/waze-development/global/networks/default",
                            "priority": "1000",
                            "project": "waze-development",
                            "self_link": "https://www.googleapis.com/compute/v1/projects/waze-development/global/firewalls/default-carpool-memcache-stg1-service",
                            "source_ranges.#": "0",
                            "source_service_accounts.#": "0",
                            "source_tags.#": "1",
                            "source_tags.2264094205": "carpoolpayments-stg-stg1-client",
                            "target_service_accounts.#": "0",
                            "target_tags.#": "1",
                            "target_tags.3699585108": "carpool-memcached-stg1-service"
                        },
                        "meta": {
                            "schema_version": "1"
                        },
                        "tainted": false
                    },
                    "deposed": [],
                    "provider": "provider.google"
                },
                "google_compute_firewall.default_general_memcached_stg1_service": {
                    "type": "google_compute_firewall",
                    "depends_on": [],
                    "primary": {
                        "id": "default-general-memcached-stg1-service",
                        "attributes": {
                            "allow.#": "1",
                            "allow.3566377037.ports.#": "1",
                            "allow.3566377037.ports.0": "11211",
                            "allow.3566377037.protocol": "tcp",
                            "creation_timestamp": "2018-03-25T06:11:34.402-07:00",
                            "deny.#": "0",
                            "description": "",
                            "destination_ranges.#": "0",
                            "direction": "INGRESS",
                            "disabled": "false",
                            "enable_logging": "false",
                            "id": "default-general-memcached-stg1-service",
                            "name": "default-general-memcached-stg1-service",
                            "network": "https://www.googleapis.com/compute/v1/projects/waze-development/global/networks/default",
                            "priority": "1000",
                            "project": "waze-development",
                            "self_link": "https://www.googleapis.com/compute/v1/projects/waze-development/global/firewalls/default-general-memcached-stg1-service",
                            "source_ranges.#": "0",
                            "source_service_accounts.#": "0",
                            "source_tags.#": "1",
                            "source_tags.1652207039": "general-stg-stg1-client",
                            "target_service_accounts.#": "0",
                            "target_tags.#": "0"
                        },
                        "meta": {
                            "schema_version": "1"
                        },
                        "tainted": false
                    },
                    "deposed": [],
                    "provider": "provider.google"
                },
                "google_compute_firewall.default_load_balanced_service": {
                    "type": "google_compute_firewall",
                    "depends_on": [],
                    "primary": {
                        "id": "default-load-balanced-service",
                        "attributes": {
                            "allow.#": "9",
                            "allow.1307041314.ports.#": "1",
                            "allow.1307041314.ports.0": "30000-32767",
                            "allow.1307041314.protocol": "tcp",
                            "allow.1530575020.ports.#": "1",
                            "allow.1530575020.ports.0": "8088",
                            "allow.1530575020.protocol": "tcp",
                            "allow.1698773113.ports.#": "1",
                            "allow.1698773113.ports.0": "18080",
                            "allow.1698773113.protocol": "tcp",
                            "allow.2230014557.ports.#": "1",
                            "allow.2230014557.ports.0": "8001",
                            "allow.2230014557.protocol": "tcp",
                            "allow.3566377037.ports.#": "1",
                            "allow.3566377037.ports.0": "11211",
                            "allow.3566377037.protocol": "tcp",
                            "allow.3737691121.ports.#": "1",
                            "allow.3737691121.ports.0": "20888",
                            "allow.3737691121.protocol": "tcp",
                            "allow.3799764912.ports.#": "1",
                            "allow.3799764912.ports.0": "80-82",
                            "allow.3799764912.protocol": "tcp",
                            "allow.680193008.ports.#": "1",
                            "allow.680193008.ports.0": "443",
                            "allow.680193008.protocol": "tcp",
                            "allow.998340010.ports.#": "1",
                            "allow.998340010.ports.0": "24224-24228",
                            "allow.998340010.protocol": "tcp",
                            "creation_timestamp": "2016-03-14T05:09:09.330-07:00",
                            "deny.#": "0",
                            "description": "Allow access from Google's GFE network range for Load Balanced services",
                            "destination_ranges.#": "0",
                            "direction": "INGRESS",
                            "disabled": "false",
                            "enable_logging": "false",
                            "id": "default-load-balanced-service",
                            "name": "default-load-balanced-service",
                            "network": "https://www.googleapis.com/compute/v1/projects/waze-development/global/networks/default",
                            "priority": "1000",
                            "project": "waze-development",
                            "self_link": "https://www.googleapis.com/compute/v1/projects/waze-development/global/firewalls/default-load-balanced-service",
                            "source_ranges.#": "3",
                            "source_ranges.2192388802": "130.211.0.0/22",
                            "source_ranges.2394378644": "35.191.0.0/16",
                            "source_ranges.2694500101": "10.240.0.0/16",
                            "source_service_accounts.#": "0",
                            "source_tags.#": "0",
                            "target_service_accounts.#": "0",
                            "target_tags.#": "2",
                            "target_tags.1858432351": "gke-adman2-stg-1ce64671-node",
                            "target_tags.978517281": "load-balanced-service"
                        },
                        "meta": {
                            "schema_version": "1"
                        },
                        "tainted": false
                    },
                    "deposed": [],
                    "provider": "provider.google"
                },
                "google_compute_firewall.default_ssh_from_deployment": {
                    "type": "google_compute_firewall",
                    "depends_on": [],
                    "primary": {
                        "id": "default-ssh-from-deployment",
                        "attributes": {
                            "allow.#": "1",
                            "allow.803338340.ports.#": "1",
                            "allow.803338340.ports.0": "22",
                            "allow.803338340.protocol": "tcp",
                            "creation_timestamp": "2015-10-06T03:38:14.323-07:00",
                            "deny.#": "0",
                            "description": "SSH From Deployment Console",
                            "destination_ranges.#": "0",
                            "direction": "INGRESS",
                            "disabled": "false",
                            "enable_logging": "false",
                            "id": "default-ssh-from-deployment",
                            "name": "default-ssh-from-deployment",
                            "network": "https://www.googleapis.com/compute/v1/projects/waze-development/global/networks/default",
                            "priority": "1000",
                            "project": "waze-development",
                            "self_link": "https://www.googleapis.com/compute/v1/projects/waze-development/global/firewalls/default-ssh-from-deployment",
                            "source_ranges.#": "4",
                            "source_ranges.1263359686": "104.134.21.0/24",
                            "source_ranges.2408968795": "35.205.205.222/32",
                            "source_ranges.2603167747": "54.197.192.19/32",
                            "source_ranges.621815687": "104.155.113.61/32",
                            "source_service_accounts.#": "0",
                            "source_tags.#": "0",
                            "target_service_accounts.#": "0",
                            "target_tags.#": "1",
                            "target_tags.3020241899": "default-ssh-from-deployment"
                        },
                        "meta": {
                            "schema_version": "1"
                        },
                        "tainted": false
                    },
                    "deposed": [],
                    "provider": "provider.google"
                },
                "google_compute_firewall.default_staging_memcached_stg1_service": {
                    "type": "google_compute_firewall",
                    "depends_on": [],
                    "primary": {
                        "id": "default-staging-memcached-stg1-service",
                        "attributes": {
                            "allow.#": "1",
                            "allow.3566377037.ports.#": "1",
                            "allow.3566377037.ports.0": "11211",
                            "allow.3566377037.protocol": "tcp",
                            "creation_timestamp": "2018-01-31T05:20:25.188-08:00",
                            "deny.#": "0",
                            "description": "",
                            "destination_ranges.#": "0",
                            "direction": "INGRESS",
                            "disabled": "false",
                            "enable_logging": "false",
                            "id": "default-staging-memcached-stg1-service",
                            "name": "default-staging-memcached-stg1-service",
                            "network": "https://www.googleapis.com/compute/v1/projects/waze-development/global/networks/default",
                            "priority": "1000",
                            "project": "waze-development",
                            "self_link": "https://www.googleapis.com/compute/v1/projects/waze-development/global/firewalls/default-staging-memcached-stg1-service",
                            "source_ranges.#": "0",
                            "source_service_accounts.#": "0",
                            "source_tags.#": "1",
                            "source_tags.2702200087": "staging-stg-stg1-client",
                            "target_service_accounts.#": "0",
                            "target_tags.#": "0"
                        },
                        "meta": {
                            "schema_version": "1"
                        },
                        "tainted": false
                    },
                    "deposed": [],
                    "provider": "provider.google"
                },
                "google_compute_firewall.from_qa_22": {
                    "type": "google_compute_firewall",
                    "depends_on": [],
                    "primary": {
                        "id": "from-qa-22",
                        "attributes": {
                            "allow.#": "1",
                            "allow.803338340.ports.#": "1",
                            "allow.803338340.ports.0": "22",
                            "allow.803338340.protocol": "tcp",
                            "creation_timestamp": "2016-04-05T01:38:14.298-07:00",
                            "deny.#": "0",
                            "description": "",
                            "destination_ranges.#": "0",
                            "direction": "INGRESS",
                            "disabled": "false",
                            "enable_logging": "false",
                            "id": "from-qa-22",
                            "name": "from-qa-22",
                            "network": "https://www.googleapis.com/compute/v1/projects/waze-development/global/networks/default",
                            "priority": "1000",
                            "project": "waze-development",
                            "self_link": "https://www.googleapis.com/compute/v1/projects/waze-development/global/firewalls/from-qa-22",
                            "source_ranges.#": "2",
                            "source_ranges.3301763592": "10.240.51.112/32",
                            "source_ranges.812164363": "104.155.3.206/32",
                            "source_service_accounts.#": "0",
                            "source_tags.#": "0",
                            "target_service_accounts.#": "0",
                            "target_tags.#": "1",
                            "target_tags.2524595087": "qa-ssh"
                        },
                        "meta": {
                            "schema_version": "1"
                        },
                        "tainted": false
                    },
                    "deposed": [],
                    "provider": "provider.google"
                },
                "google_compute_firewall.gke_adman2_stg_1ce64671_all": {
                    "type": "google_compute_firewall",
                    "depends_on": [],
                    "primary": {
                        "id": "gke-adman2-stg-1ce64671-all",
                        "attributes": {
                            "allow.#": "6",
                            "allow.1367131964.ports.#": "0",
                            "allow.1367131964.protocol": "icmp",
                            "allow.1486604749.ports.#": "0",
                            "allow.1486604749.protocol": "udp",
                            "allow.1588577759.ports.#": "0",
                            "allow.1588577759.protocol": "ah",
                            "allow.1759236320.ports.#": "0",
                            "allow.1759236320.protocol": "sctp",
                            "allow.300624807.ports.#": "0",
                            "allow.300624807.protocol": "esp",
                            "allow.3848845357.ports.#": "0",
                            "allow.3848845357.protocol": "tcp",
                            "creation_timestamp": "2016-09-04T01:06:32.816-07:00",
                            "deny.#": "0",
                            "description": "",
                            "destination_ranges.#": "0",
                            "direction": "INGRESS",
                            "disabled": "false",
                            "enable_logging": "false",
                            "id": "gke-adman2-stg-1ce64671-all",
                            "name": "gke-adman2-stg-1ce64671-all",
                            "network": "https://www.googleapis.com/compute/v1/projects/waze-development/global/networks/default",
                            "priority": "1000",
                            "project": "waze-development",
                            "self_link": "https://www.googleapis.com/compute/v1/projects/waze-development/global/firewalls/gke-adman2-stg-1ce64671-all",
                            "source_ranges.#": "1",
                            "source_ranges.282197718": "10.64.0.0/14",
                            "source_service_accounts.#": "0",
                            "source_tags.#": "0",
                            "target_service_accounts.#": "0",
                            "target_tags.#": "0"
                        },
                        "meta": {
                            "schema_version": "1"
                        },
                        "tainted": false
                    },
                    "deposed": [],
                    "provider": "provider.google"
                },
                "google_compute_firewall.gke_adman2_stg_1ce64671_ssh": {
                    "type": "google_compute_firewall",
                    "depends_on": [],
                    "primary": {
                        "id": "gke-adman2-stg-1ce64671-ssh",
                        "attributes": {
                            "allow.#": "1",
                            "allow.803338340.ports.#": "1",
                            "allow.803338340.ports.0": "22",
                            "allow.803338340.protocol": "tcp",
                            "creation_timestamp": "2016-09-04T01:06:32.864-07:00",
                            "deny.#": "0",
                            "description": "",
                            "destination_ranges.#": "0",
                            "direction": "INGRESS",
                            "disabled": "false",
                            "enable_logging": "false",
                            "id": "gke-adman2-stg-1ce64671-ssh",
                            "name": "gke-adman2-stg-1ce64671-ssh",
                            "network": "https://www.googleapis.com/compute/v1/projects/waze-development/global/networks/default",
                            "priority": "1000",
                            "project": "waze-development",
                            "self_link": "https://www.googleapis.com/compute/v1/projects/waze-development/global/firewalls/gke-adman2-stg-1ce64671-ssh",
                            "source_ranges.#": "1",
                            "source_ranges.3372624232": "130.211.65.152/32",
                            "source_service_accounts.#": "0",
                            "source_tags.#": "0",
                            "target_service_accounts.#": "0",
                            "target_tags.#": "1",
                            "target_tags.1858432351": "gke-adman2-stg-1ce64671-node"
                        },
                        "meta": {
                            "schema_version": "1"
                        },
                        "tainted": false
                    },
                    "deposed": [],
                    "provider": "provider.google"
                },
                "google_compute_firewall.gke_adman2_stg_1ce64671_vms": {
                    "type": "google_compute_firewall",
                    "depends_on": [],
                    "primary": {
                        "id": "gke-adman2-stg-1ce64671-vms",
                        "attributes": {
                            "allow.#": "3",
                            "allow.1249999313.ports.#": "1",
                            "allow.1249999313.ports.0": "1-65535",
                            "allow.1249999313.protocol": "tcp",
                            "allow.1367131964.ports.#": "0",
                            "allow.1367131964.protocol": "icmp",
                            "allow.4162789437.ports.#": "1",
                            "allow.4162789437.ports.0": "1-65535",
                            "allow.4162789437.protocol": "udp",
                            "creation_timestamp": "2016-09-04T01:06:33.019-07:00",
                            "deny.#": "0",
                            "description": "",
                            "destination_ranges.#": "0",
                            "direction": "INGRESS",
                            "disabled": "false",
                            "enable_logging": "false",
                            "id": "gke-adman2-stg-1ce64671-vms",
                            "name": "gke-adman2-stg-1ce64671-vms",
                            "network": "https://www.googleapis.com/compute/v1/projects/waze-development/global/networks/default",
                            "priority": "1000",
                            "project": "waze-development",
                            "self_link": "https://www.googleapis.com/compute/v1/projects/waze-development/global/firewalls/gke-adman2-stg-1ce64671-vms",
                            "source_ranges.#": "1",
                            "source_ranges.2694500101": "10.240.0.0/16",
                            "source_service_accounts.#": "0",
                            "source_tags.#": "0",
                            "target_service_accounts.#": "0",
                            "target_tags.#": "1",
                            "target_tags.1858432351": "gke-adman2-stg-1ce64671-node"
                        },
                        "meta": {
                            "schema_version": "1"
                        },
                        "tainted": false
                    },
                    "deposed": [],
                    "provider": "provider.google"
                },
                "google_compute_firewall.gke_adman2_stg_ng_d67c5900_all": {
                    "type": "google_compute_firewall",
                    "depends_on": [],
                    "primary": {
                        "id": "gke-adman2-stg-ng-d67c5900-all",
                        "attributes": {
                            "allow.#": "6",
                            "allow.1367131964.ports.#": "0",
                            "allow.1367131964.protocol": "icmp",
                            "allow.1486604749.ports.#": "0",
                            "allow.1486604749.protocol": "udp",
                            "allow.1588577759.ports.#": "0",
                            "allow.1588577759.protocol": "ah",
                            "allow.1759236320.ports.#": "0",
                            "allow.1759236320.protocol": "sctp",
                            "allow.300624807.ports.#": "0",
                            "allow.300624807.protocol": "esp",
                            "allow.3848845357.ports.#": "0",
                            "allow.3848845357.protocol": "tcp",
                            "creation_timestamp": "2018-07-18T00:06:34.094-07:00",
                            "deny.#": "0",
                            "description": "",
                            "destination_ranges.#": "0",
                            "direction": "INGRESS",
                            "disabled": "false",
                            "enable_logging": "false",
                            "id": "gke-adman2-stg-ng-d67c5900-all",
                            "name": "gke-adman2-stg-ng-d67c5900-all",
                            "network": "https://www.googleapis.com/compute/v1/projects/waze-development/global/networks/default",
                            "priority": "1000",
                            "project": "waze-development",
                            "self_link": "https://www.googleapis.com/compute/v1/projects/waze-development/global/firewalls/gke-adman2-stg-ng-d67c5900-all",
                            "source_ranges.#": "1",
                            "source_ranges.3127761066": "10.40.0.0/14",
                            "source_service_accounts.#": "0",
                            "source_tags.#": "0",
                            "target_service_accounts.#": "0",
                            "target_tags.#": "1",
                            "target_tags.1061165516": "gke-adman2-stg-ng-d67c5900-node"
                        },
                        "meta": {
                            "schema_version": "1"
                        },
                        "tainted": false
                    },
                    "deposed": [],
                    "provider": "provider.google"
                },
                "google_compute_firewall.gke_adman2_stg_ng_d67c5900_ssh": {
                    "type": "google_compute_firewall",
                    "depends_on": [],
                    "primary": {
                        "id": "gke-adman2-stg-ng-d67c5900-ssh",
                        "attributes": {
                            "allow.#": "1",
                            "allow.803338340.ports.#": "1",
                            "allow.803338340.ports.0": "22",
                            "allow.803338340.protocol": "tcp",
                            "creation_timestamp": "2018-07-18T00:06:34.091-07:00",
                            "deny.#": "0",
                            "description": "",
                            "destination_ranges.#": "0",
                            "direction": "INGRESS",
                            "disabled": "false",
                            "enable_logging": "false",
                            "id": "gke-adman2-stg-ng-d67c5900-ssh",
                            "name": "gke-adman2-stg-ng-d67c5900-ssh",
                            "network": "https://www.googleapis.com/compute/v1/projects/waze-development/global/networks/default",
                            "priority": "1000",
                            "project": "waze-development",
                            "self_link": "https://www.googleapis.com/compute/v1/projects/waze-development/global/firewalls/gke-adman2-stg-ng-d67c5900-ssh",
                            "source_ranges.#": "3",
                            "source_ranges.2731685451": "35.233.19.217/32",
                            "source_ranges.4009598407": "35.240.96.69/32",
                            "source_ranges.4146077341": "130.211.105.27/32",
                            "source_service_accounts.#": "0",
                            "source_tags.#": "0",
                            "target_service_accounts.#": "0",
                            "target_tags.#": "1",
                            "target_tags.1061165516": "gke-adman2-stg-ng-d67c5900-node"
                        },
                        "meta": {
                            "schema_version": "1"
                        },
                        "tainted": false
                    },
                    "deposed": [],
                    "provider": "provider.google"
                },
                "google_compute_firewall.gke_adman2_stg_ng_d67c5900_vms": {
                    "type": "google_compute_firewall",
                    "depends_on": [],
                    "primary": {
                        "id": "gke-adman2-stg-ng-d67c5900-vms",
                        "attributes": {
                            "allow.#": "3",
                            "allow.1249999313.ports.#": "1",
                            "allow.1249999313.ports.0": "1-65535",
                            "allow.1249999313.protocol": "tcp",
                            "allow.1367131964.ports.#": "0",
                            "allow.1367131964.protocol": "icmp",
                            "allow.4162789437.ports.#": "1",
                            "allow.4162789437.ports.0": "1-65535",
                            "allow.4162789437.protocol": "udp",
                            "creation_timestamp": "2018-07-18T00:06:34.480-07:00",
                            "deny.#": "0",
                            "description": "",
                            "destination_ranges.#": "0",
                            "direction": "INGRESS",
                            "disabled": "false",
                            "enable_logging": "false",
                            "id": "gke-adman2-stg-ng-d67c5900-vms",
                            "name": "gke-adman2-stg-ng-d67c5900-vms",
                            "network": "https://www.googleapis.com/compute/v1/projects/waze-development/global/networks/default",
                            "priority": "1000",
                            "project": "waze-development",
                            "self_link": "https://www.googleapis.com/compute/v1/projects/waze-development/global/firewalls/gke-adman2-stg-ng-d67c5900-vms",
                            "source_ranges.#": "1",
                            "source_ranges.2694500101": "10.240.0.0/16",
                            "source_service_accounts.#": "0",
                            "source_tags.#": "0",
                            "target_service_accounts.#": "0",
                            "target_tags.#": "1",
                            "target_tags.1061165516": "gke-adman2-stg-ng-d67c5900-node"
                        },
                        "meta": {
                            "schema_version": "1"
                        },
                        "tainted": false
                    },
                    "deposed": [],
                    "provider": "provider.google"
                },
                "google_compute_firewall.gke_help_b3fef0b0_all": {
                    "type": "google_compute_firewall",
                    "depends_on": [],
                    "primary": {
                        "id": "gke-help-b3fef0b0-all",
                        "attributes": {
                            "allow.#": "6",
                            "allow.1367131964.ports.#": "0",
                            "allow.1367131964.protocol": "icmp",
                            "allow.1486604749.ports.#": "0",
                            "allow.1486604749.protocol": "udp",
                            "allow.1588577759.ports.#": "0",
                            "allow.1588577759.protocol": "ah",
                            "allow.1759236320.ports.#": "0",
                            "allow.1759236320.protocol": "sctp",
                            "allow.300624807.ports.#": "0",
                            "allow.300624807.protocol": "esp",
                            "allow.3848845357.ports.#": "0",
                            "allow.3848845357.protocol": "tcp",
                            "creation_timestamp": "2018-05-13T06:51:30.466-07:00",
                            "deny.#": "0",
                            "description": "",
                            "destination_ranges.#": "0",
                            "direction": "INGRESS",
                            "disabled": "false",
                            "enable_logging": "false",
                            "id": "gke-help-b3fef0b0-all",
                            "name": "gke-help-b3fef0b0-all",
                            "network": "https://www.googleapis.com/compute/v1/projects/waze-development/global/networks/default",
                            "priority": "1000",
                            "project": "waze-development",
                            "self_link": "https://www.googleapis.com/compute/v1/projects/waze-development/global/firewalls/gke-help-b3fef0b0-all",
                            "source_ranges.#": "1",
                            "source_ranges.1042798160": "10.44.0.0/14",
                            "source_service_accounts.#": "0",
                            "source_tags.#": "0",
                            "target_service_accounts.#": "0",
                            "target_tags.#": "0"
                        },
                        "meta": {
                            "schema_version": "1"
                        },
                        "tainted": false
                    },
                    "deposed": [],
                    "provider": "provider.google"
                },
                "google_compute_firewall.gke_help_b3fef0b0_ssh": {
                    "type": "google_compute_firewall",
                    "depends_on": [],
                    "primary": {
                        "id": "gke-help-b3fef0b0-ssh",
                        "attributes": {
                            "allow.#": "1",
                            "allow.803338340.ports.#": "1",
                            "allow.803338340.ports.0": "22",
                            "allow.803338340.protocol": "tcp",
                            "creation_timestamp": "2018-05-13T06:51:30.456-07:00",
                            "deny.#": "0",
                            "description": "",
                            "destination_ranges.#": "0",
                            "direction": "INGRESS",
                            "disabled": "false",
                            "enable_logging": "false",
                            "id": "gke-help-b3fef0b0-ssh",
                            "name": "gke-help-b3fef0b0-ssh",
                            "network": "https://www.googleapis.com/compute/v1/projects/waze-development/global/networks/default",
                            "priority": "1000",
                            "project": "waze-development",
                            "self_link": "https://www.googleapis.com/compute/v1/projects/waze-development/global/firewalls/gke-help-b3fef0b0-ssh",
                            "source_ranges.#": "1",
                            "source_ranges.2996521829": "35.233.104.16/32",
                            "source_service_accounts.#": "0",
                            "source_tags.#": "0",
                            "target_service_accounts.#": "0",
                            "target_tags.#": "1",
                            "target_tags.2676981759": "gke-help-b3fef0b0-node"
                        },
                        "meta": {
                            "schema_version": "1"
                        },
                        "tainted": false
                    },
                    "deposed": [],
                    "provider": "provider.google"
                },
                "google_compute_firewall.gke_help_b3fef0b0_vms": {
                    "type": "google_compute_firewall",
                    "depends_on": [],
                    "primary": {
                        "id": "gke-help-b3fef0b0-vms",
                        "attributes": {
                            "allow.#": "3",
                            "allow.1249999313.ports.#": "1",
                            "allow.1249999313.ports.0": "1-65535",
                            "allow.1249999313.protocol": "tcp",
                            "allow.1367131964.ports.#": "0",
                            "allow.1367131964.protocol": "icmp",
                            "allow.4162789437.ports.#": "1",
                            "allow.4162789437.ports.0": "1-65535",
                            "allow.4162789437.protocol": "udp",
                            "creation_timestamp": "2018-05-13T06:51:30.898-07:00",
                            "deny.#": "0",
                            "description": "",
                            "destination_ranges.#": "0",
                            "direction": "INGRESS",
                            "disabled": "false",
                            "enable_logging": "false",
                            "id": "gke-help-b3fef0b0-vms",
                            "name": "gke-help-b3fef0b0-vms",
                            "network": "https://www.googleapis.com/compute/v1/projects/waze-development/global/networks/default",
                            "priority": "1000",
                            "project": "waze-development",
                            "self_link": "https://www.googleapis.com/compute/v1/projects/waze-development/global/firewalls/gke-help-b3fef0b0-vms",
                            "source_ranges.#": "1",
                            "source_ranges.2694500101": "10.240.0.0/16",
                            "source_service_accounts.#": "0",
                            "source_tags.#": "0",
                            "target_service_accounts.#": "0",
                            "target_tags.#": "1",
                            "target_tags.2676981759": "gke-help-b3fef0b0-node"
                        },
                        "meta": {
                            "schema_version": "1"
                        },
                        "tainted": false
                    },
                    "deposed": [],
                    "provider": "provider.google"
                },
                "google_compute_firewall.gke_maint_jobs_stg_5325aa72_all": {
                    "type": "google_compute_firewall",
                    "depends_on": [],
                    "primary": {
                        "id": "gke-maint-jobs-stg-5325aa72-all",
                        "attributes": {
                            "allow.#": "6",
                            "allow.1367131964.ports.#": "0",
                            "allow.1367131964.protocol": "icmp",
                            "allow.1486604749.ports.#": "0",
                            "allow.1486604749.protocol": "udp",
                            "allow.1588577759.ports.#": "0",
                            "allow.1588577759.protocol": "ah",
                            "allow.1759236320.ports.#": "0",
                            "allow.1759236320.protocol": "sctp",
                            "allow.300624807.ports.#": "0",
                            "allow.300624807.protocol": "esp",
                            "allow.3848845357.ports.#": "0",
                            "allow.3848845357.protocol": "tcp",
                            "creation_timestamp": "2017-10-15T02:14:03.189-07:00",
                            "deny.#": "0",
                            "description": "",
                            "destination_ranges.#": "0",
                            "direction": "INGRESS",
                            "disabled": "false",
                            "enable_logging": "false",
                            "id": "gke-maint-jobs-stg-5325aa72-all",
                            "name": "gke-maint-jobs-stg-5325aa72-all",
                            "network": "https://www.googleapis.com/compute/v1/projects/waze-development/global/networks/default",
                            "priority": "1000",
                            "project": "waze-development",
                            "self_link": "https://www.googleapis.com/compute/v1/projects/waze-development/global/firewalls/gke-maint-jobs-stg-5325aa72-all",
                            "source_ranges.#": "1",
                            "source_ranges.1803142510": "10.56.0.0/14",
                            "source_service_accounts.#": "0",
                            "source_tags.#": "0",
                            "target_service_accounts.#": "0",
                            "target_tags.#": "0"
                        },
                        "meta": {
                            "schema_version": "1"
                        },
                        "tainted": false
                    },
                    "deposed": [],
                    "provider": "provider.google"
                },
                "google_compute_firewall.gke_maint_jobs_stg_5325aa72_ssh": {
                    "type": "google_compute_firewall",
                    "depends_on": [],
                    "primary": {
                        "id": "gke-maint-jobs-stg-5325aa72-ssh",
                        "attributes": {
                            "allow.#": "1",
                            "allow.803338340.ports.#": "1",
                            "allow.803338340.ports.0": "22",
                            "allow.803338340.protocol": "tcp",
                            "creation_timestamp": "2017-10-15T02:14:03.180-07:00",
                            "deny.#": "0",
                            "description": "",
                            "destination_ranges.#": "0",
                            "direction": "INGRESS",
                            "disabled": "false",
                            "enable_logging": "false",
                            "id": "gke-maint-jobs-stg-5325aa72-ssh",
                            "name": "gke-maint-jobs-stg-5325aa72-ssh",
                            "network": "https://www.googleapis.com/compute/v1/projects/waze-development/global/networks/default",
                            "priority": "1000",
                            "project": "waze-development",
                            "self_link": "https://www.googleapis.com/compute/v1/projects/waze-development/global/firewalls/gke-maint-jobs-stg-5325aa72-ssh",
                            "source_ranges.#": "1",
                            "source_ranges.4095176734": "104.199.30.155/32",
                            "source_service_accounts.#": "0",
                            "source_tags.#": "0",
                            "target_service_accounts.#": "0",
                            "target_tags.#": "1",
                            "target_tags.2779914065": "gke-maint-jobs-stg-5325aa72-node"
                        },
                        "meta": {
                            "schema_version": "1"
                        },
                        "tainted": false
                    },
                    "deposed": [],
                    "provider": "provider.google"
                },
                "google_compute_firewall.gke_maint_jobs_stg_5325aa72_vms": {
                    "type": "google_compute_firewall",
                    "depends_on": [],
                    "primary": {
                        "id": "gke-maint-jobs-stg-5325aa72-vms",
                        "attributes": {
                            "allow.#": "3",
                            "allow.1249999313.ports.#": "1",
                            "allow.1249999313.ports.0": "1-65535",
                            "allow.1249999313.protocol": "tcp",
                            "allow.1367131964.ports.#": "0",
                            "allow.1367131964.protocol": "icmp",
                            "allow.4162789437.ports.#": "1",
                            "allow.4162789437.ports.0": "1-65535",
                            "allow.4162789437.protocol": "udp",
                            "creation_timestamp": "2017-10-15T02:14:03.835-07:00",
                            "deny.#": "0",
                            "description": "",
                            "destination_ranges.#": "0",
                            "direction": "INGRESS",
                            "disabled": "false",
                            "enable_logging": "false",
                            "id": "gke-maint-jobs-stg-5325aa72-vms",
                            "name": "gke-maint-jobs-stg-5325aa72-vms",
                            "network": "https://www.googleapis.com/compute/v1/projects/waze-development/global/networks/default",
                            "priority": "1000",
                            "project": "waze-development",
                            "self_link": "https://www.googleapis.com/compute/v1/projects/waze-development/global/firewalls/gke-maint-jobs-stg-5325aa72-vms",
                            "source_ranges.#": "1",
                            "source_ranges.2694500101": "10.240.0.0/16",
                            "source_service_accounts.#": "0",
                            "source_tags.#": "0",
                            "target_service_accounts.#": "0",
                            "target_tags.#": "1",
                            "target_tags.2779914065": "gke-maint-jobs-stg-5325aa72-node"
                        },
                        "meta": {
                            "schema_version": "1"
                        },
                        "tainted": false
                    },
                    "deposed": [],
                    "provider": "provider.google"
                },
                "google_compute_firewall.gke_stg_tools_9fc715a0_all": {
                    "type": "google_compute_firewall",
                    "depends_on": [],
                    "primary": {
                        "id": "gke-stg-tools-9fc715a0-all",
                        "attributes": {
                            "allow.#": "6",
                            "allow.1367131964.ports.#": "0",
                            "allow.1367131964.protocol": "icmp",
                            "allow.1486604749.ports.#": "0",
                            "allow.1486604749.protocol": "udp",
                            "allow.1588577759.ports.#": "0",
                            "allow.1588577759.protocol": "ah",
                            "allow.1759236320.ports.#": "0",
                            "allow.1759236320.protocol": "sctp",
                            "allow.300624807.ports.#": "0",
                            "allow.300624807.protocol": "esp",
                            "allow.3848845357.ports.#": "0",
                            "allow.3848845357.protocol": "tcp",
                            "creation_timestamp": "2018-12-26T11:19:09.499-08:00",
                            "deny.#": "0",
                            "description": "",
                            "destination_ranges.#": "0",
                            "direction": "INGRESS",
                            "disabled": "false",
                            "enable_logging": "false",
                            "id": "gke-stg-tools-9fc715a0-all",
                            "name": "gke-stg-tools-9fc715a0-all",
                            "network": "https://www.googleapis.com/compute/v1/projects/waze-development/global/networks/default",
                            "priority": "1000",
                            "project": "waze-development",
                            "self_link": "https://www.googleapis.com/compute/v1/projects/waze-development/global/firewalls/gke-stg-tools-9fc715a0-all",
                            "source_ranges.#": "1",
                            "source_ranges.915772514": "10.16.0.0/14",
                            "source_service_accounts.#": "0",
                            "source_tags.#": "0",
                            "target_service_accounts.#": "0",
                            "target_tags.#": "1",
                            "target_tags.1216389786": "gke-stg-tools-9fc715a0-node"
                        },
                        "meta": {
                            "schema_version": "1"
                        },
                        "tainted": false
                    },
                    "deposed": [],
                    "provider": "provider.google"
                },
                "google_compute_firewall.gke_stg_tools_9fc715a0_ssh": {
                    "type": "google_compute_firewall",
                    "depends_on": [],
                    "primary": {
                        "id": "gke-stg-tools-9fc715a0-ssh",
                        "attributes": {
                            "allow.#": "1",
                            "allow.803338340.ports.#": "1",
                            "allow.803338340.ports.0": "22",
                            "allow.803338340.protocol": "tcp",
                            "creation_timestamp": "2018-12-26T11:19:09.425-08:00",
                            "deny.#": "0",
                            "description": "",
                            "destination_ranges.#": "0",
                            "direction": "INGRESS",
                            "disabled": "false",
                            "enable_logging": "false",
                            "id": "gke-stg-tools-9fc715a0-ssh",
                            "name": "gke-stg-tools-9fc715a0-ssh",
                            "network": "https://www.googleapis.com/compute/v1/projects/waze-development/global/networks/default",
                            "priority": "1000",
                            "project": "waze-development",
                            "self_link": "https://www.googleapis.com/compute/v1/projects/waze-development/global/firewalls/gke-stg-tools-9fc715a0-ssh",
                            "source_ranges.#": "1",
                            "source_ranges.375825682": "35.233.120.71/32",
                            "source_service_accounts.#": "0",
                            "source_tags.#": "0",
                            "target_service_accounts.#": "0",
                            "target_tags.#": "1",
                            "target_tags.1216389786": "gke-stg-tools-9fc715a0-node"
                        },
                        "meta": {
                            "schema_version": "1"
                        },
                        "tainted": false
                    },
                    "deposed": [],
                    "provider": "provider.google"
                },
                "google_compute_firewall.gke_stg_tools_9fc715a0_vms": {
                    "type": "google_compute_firewall",
                    "depends_on": [],
                    "primary": {
                        "id": "gke-stg-tools-9fc715a0-vms",
                        "attributes": {
                            "allow.#": "3",
                            "allow.1249999313.ports.#": "1",
                            "allow.1249999313.ports.0": "1-65535",
                            "allow.1249999313.protocol": "tcp",
                            "allow.1367131964.ports.#": "0",
                            "allow.1367131964.protocol": "icmp",
                            "allow.4162789437.ports.#": "1",
                            "allow.4162789437.ports.0": "1-65535",
                            "allow.4162789437.protocol": "udp",
                            "creation_timestamp": "2018-12-26T11:19:09.935-08:00",
                            "deny.#": "0",
                            "description": "",
                            "destination_ranges.#": "0",
                            "direction": "INGRESS",
                            "disabled": "false",
                            "enable_logging": "false",
                            "id": "gke-stg-tools-9fc715a0-vms",
                            "name": "gke-stg-tools-9fc715a0-vms",
                            "network": "https://www.googleapis.com/compute/v1/projects/waze-development/global/networks/default",
                            "priority": "1000",
                            "project": "waze-development",
                            "self_link": "https://www.googleapis.com/compute/v1/projects/waze-development/global/firewalls/gke-stg-tools-9fc715a0-vms",
                            "source_ranges.#": "1",
                            "source_ranges.2694500101": "10.240.0.0/16",
                            "source_service_accounts.#": "0",
                            "source_tags.#": "0",
                            "target_service_accounts.#": "0",
                            "target_tags.#": "1",
                            "target_tags.1216389786": "gke-stg-tools-9fc715a0-node"
                        },
                        "meta": {
                            "schema_version": "1"
                        },
                        "tainted": false
                    },
                    "deposed": [],
                    "provider": "provider.google"
                },
                "google_compute_firewall.gke_us_central1_tiles_builder_1be8ed5a_gke_6444a243_all": {
                    "type": "google_compute_firewall",
                    "depends_on": [],
                    "primary": {
                        "id": "gke-us-central1-tiles-builder-1be8ed5a-gke-6444a243-all",
                        "attributes": {
                            "allow.#": "6",
                            "allow.1367131964.ports.#": "0",
                            "allow.1367131964.protocol": "icmp",
                            "allow.1486604749.ports.#": "0",
                            "allow.1486604749.protocol": "udp",
                            "allow.1588577759.ports.#": "0",
                            "allow.1588577759.protocol": "ah",
                            "allow.1759236320.ports.#": "0",
                            "allow.1759236320.protocol": "sctp",
                            "allow.300624807.ports.#": "0",
                            "allow.300624807.protocol": "esp",
                            "allow.3848845357.ports.#": "0",
                            "allow.3848845357.protocol": "tcp",
                            "creation_timestamp": "2018-07-02T09:29:12.772-07:00",
                            "deny.#": "0",
                            "description": "",
                            "destination_ranges.#": "0",
                            "direction": "INGRESS",
                            "disabled": "false",
                            "enable_logging": "false",
                            "id": "gke-us-central1-tiles-builder-1be8ed5a-gke-6444a243-all",
                            "name": "gke-us-central1-tiles-builder-1be8ed5a-gke-6444a243-all",
                            "network": "https://www.googleapis.com/compute/v1/projects/waze-development/global/networks/default",
                            "priority": "1000",
                            "project": "waze-development",
                            "self_link": "https://www.googleapis.com/compute/v1/projects/waze-development/global/firewalls/gke-us-central1-tiles-builder-1be8ed5a-gke-6444a243-all",
                            "source_ranges.#": "1",
                            "source_ranges.1627291084": "10.4.0.0/14",
                            "source_service_accounts.#": "0",
                            "source_tags.#": "0",
                            "target_service_accounts.#": "0",
                            "target_tags.#": "1",
                            "target_tags.149833015": "gke-us-central1-tiles-builder-1be8ed5a-gke-6444a243-node"
                        },
                        "meta": {
                            "schema_version": "1"
                        },
                        "tainted": false
                    },
                    "deposed": [],
                    "provider": "provider.google"
                },
                "google_compute_firewall.gke_us_central1_tiles_builder_1be8ed5a_gke_6444a243_ssh": {
                    "type": "google_compute_firewall",
                    "depends_on": [],
                    "primary": {
                        "id": "gke-us-central1-tiles-builder-1be8ed5a-gke-6444a243-ssh",
                        "attributes": {
                            "allow.#": "1",
                            "allow.803338340.ports.#": "1",
                            "allow.803338340.ports.0": "22",
                            "allow.803338340.protocol": "tcp",
                            "creation_timestamp": "2018-07-02T09:29:12.772-07:00",
                            "deny.#": "0",
                            "description": "",
                            "destination_ranges.#": "0",
                            "direction": "INGRESS",
                            "disabled": "false",
                            "enable_logging": "false",
                            "id": "gke-us-central1-tiles-builder-1be8ed5a-gke-6444a243-ssh",
                            "name": "gke-us-central1-tiles-builder-1be8ed5a-gke-6444a243-ssh",
                            "network": "https://www.googleapis.com/compute/v1/projects/waze-development/global/networks/default",
                            "priority": "1000",
                            "project": "waze-development",
                            "self_link": "https://www.googleapis.com/compute/v1/projects/waze-development/global/firewalls/gke-us-central1-tiles-builder-1be8ed5a-gke-6444a243-ssh",
                            "source_ranges.#": "1",
                            "source_ranges.1303407416": "35.225.183.94/32",
                            "source_service_accounts.#": "0",
                            "source_tags.#": "0",
                            "target_service_accounts.#": "0",
                            "target_tags.#": "1",
                            "target_tags.149833015": "gke-us-central1-tiles-builder-1be8ed5a-gke-6444a243-node"
                        },
                        "meta": {
                            "schema_version": "1"
                        },
                        "tainted": false
                    },
                    "deposed": [],
                    "provider": "provider.google"
                },
                "google_compute_firewall.gke_us_central1_tiles_builder_1be8ed5a_gke_6444a243_vms": {
                    "type": "google_compute_firewall",
                    "depends_on": [],
                    "primary": {
                        "id": "gke-us-central1-tiles-builder-1be8ed5a-gke-6444a243-vms",
                        "attributes": {
                            "allow.#": "3",
                            "allow.1249999313.ports.#": "1",
                            "allow.1249999313.ports.0": "1-65535",
                            "allow.1249999313.protocol": "tcp",
                            "allow.1367131964.ports.#": "0",
                            "allow.1367131964.protocol": "icmp",
                            "allow.4162789437.ports.#": "1",
                            "allow.4162789437.ports.0": "1-65535",
                            "allow.4162789437.protocol": "udp",
                            "creation_timestamp": "2018-07-02T09:29:12.869-07:00",
                            "deny.#": "0",
                            "description": "",
                            "destination_ranges.#": "0",
                            "direction": "INGRESS",
                            "disabled": "false",
                            "enable_logging": "false",
                            "id": "gke-us-central1-tiles-builder-1be8ed5a-gke-6444a243-vms",
                            "name": "gke-us-central1-tiles-builder-1be8ed5a-gke-6444a243-vms",
                            "network": "https://www.googleapis.com/compute/v1/projects/waze-development/global/networks/default",
                            "priority": "1000",
                            "project": "waze-development",
                            "self_link": "https://www.googleapis.com/compute/v1/projects/waze-development/global/firewalls/gke-us-central1-tiles-builder-1be8ed5a-gke-6444a243-vms",
                            "source_ranges.#": "1",
                            "source_ranges.2694500101": "10.240.0.0/16",
                            "source_service_accounts.#": "0",
                            "source_tags.#": "0",
                            "target_service_accounts.#": "0",
                            "target_tags.#": "1",
                            "target_tags.149833015": "gke-us-central1-tiles-builder-1be8ed5a-gke-6444a243-node"
                        },
                        "meta": {
                            "schema_version": "1"
                        },
                        "tainted": false
                    },
                    "deposed": [],
                    "provider": "provider.google"
                },
                "google_compute_firewall.gke_waze_tools_stg_cb448316_all": {
                    "type": "google_compute_firewall",
                    "depends_on": [],
                    "primary": {
                        "id": "gke-waze-tools-stg-cb448316-all",
                        "attributes": {
                            "allow.#": "6",
                            "allow.1367131964.ports.#": "0",
                            "allow.1367131964.protocol": "icmp",
                            "allow.1486604749.ports.#": "0",
                            "allow.1486604749.protocol": "udp",
                            "allow.1588577759.ports.#": "0",
                            "allow.1588577759.protocol": "ah",
                            "allow.1759236320.ports.#": "0",
                            "allow.1759236320.protocol": "sctp",
                            "allow.300624807.ports.#": "0",
                            "allow.300624807.protocol": "esp",
                            "allow.3848845357.ports.#": "0",
                            "allow.3848845357.protocol": "tcp",
                            "creation_timestamp": "2018-12-30T06:24:17.561-08:00",
                            "deny.#": "0",
                            "description": "",
                            "destination_ranges.#": "0",
                            "direction": "INGRESS",
                            "disabled": "false",
                            "enable_logging": "false",
                            "id": "gke-waze-tools-stg-cb448316-all",
                            "name": "gke-waze-tools-stg-cb448316-all",
                            "network": "https://www.googleapis.com/compute/v1/projects/waze-development/global/networks/default",
                            "priority": "1000",
                            "project": "waze-development",
                            "self_link": "https://www.googleapis.com/compute/v1/projects/waze-development/global/firewalls/gke-waze-tools-stg-cb448316-all",
                            "source_ranges.#": "1",
                            "source_ranges.3380060448": "10.20.0.0/14",
                            "source_service_accounts.#": "0",
                            "source_tags.#": "0",
                            "target_service_accounts.#": "0",
                            "target_tags.#": "1",
                            "target_tags.237187591": "gke-waze-tools-stg-cb448316-node"
                        },
                        "meta": {
                            "schema_version": "1"
                        },
                        "tainted": false
                    },
                    "deposed": [],
                    "provider": "provider.google"
                },
                "google_compute_firewall.gke_waze_tools_stg_cb448316_ssh": {
                    "type": "google_compute_firewall",
                    "depends_on": [],
                    "primary": {
                        "id": "gke-waze-tools-stg-cb448316-ssh",
                        "attributes": {
                            "allow.#": "1",
                            "allow.803338340.ports.#": "1",
                            "allow.803338340.ports.0": "22",
                            "allow.803338340.protocol": "tcp",
                            "creation_timestamp": "2018-12-30T06:24:17.510-08:00",
                            "deny.#": "0",
                            "description": "",
                            "destination_ranges.#": "0",
                            "direction": "INGRESS",
                            "disabled": "false",
                            "enable_logging": "false",
                            "id": "gke-waze-tools-stg-cb448316-ssh",
                            "name": "gke-waze-tools-stg-cb448316-ssh",
                            "network": "https://www.googleapis.com/compute/v1/projects/waze-development/global/networks/default",
                            "priority": "1000",
                            "project": "waze-development",
                            "self_link": "https://www.googleapis.com/compute/v1/projects/waze-development/global/firewalls/gke-waze-tools-stg-cb448316-ssh",
                            "source_ranges.#": "1",
                            "source_ranges.455671277": "35.195.24.76/32",
                            "source_service_accounts.#": "0",
                            "source_tags.#": "0",
                            "target_service_accounts.#": "0",
                            "target_tags.#": "1",
                            "target_tags.237187591": "gke-waze-tools-stg-cb448316-node"
                        },
                        "meta": {
                            "schema_version": "1"
                        },
                        "tainted": false
                    },
                    "deposed": [],
                    "provider": "provider.google"
                },
                "google_compute_firewall.gke_waze_tools_stg_cb448316_vms": {
                    "type": "google_compute_firewall",
                    "depends_on": [],
                    "primary": {
                        "id": "gke-waze-tools-stg-cb448316-vms",
                        "attributes": {
                            "allow.#": "3",
                            "allow.1249999313.ports.#": "1",
                            "allow.1249999313.ports.0": "1-65535",
                            "allow.1249999313.protocol": "tcp",
                            "allow.1367131964.ports.#": "0",
                            "allow.1367131964.protocol": "icmp",
                            "allow.4162789437.ports.#": "1",
                            "allow.4162789437.ports.0": "1-65535",
                            "allow.4162789437.protocol": "udp",
                            "creation_timestamp": "2018-12-30T06:24:17.920-08:00",
                            "deny.#": "0",
                            "description": "",
                            "destination_ranges.#": "0",
                            "direction": "INGRESS",
                            "disabled": "false",
                            "enable_logging": "false",
                            "id": "gke-waze-tools-stg-cb448316-vms",
                            "name": "gke-waze-tools-stg-cb448316-vms",
                            "network": "https://www.googleapis.com/compute/v1/projects/waze-development/global/networks/default",
                            "priority": "1000",
                            "project": "waze-development",
                            "self_link": "https://www.googleapis.com/compute/v1/projects/waze-development/global/firewalls/gke-waze-tools-stg-cb448316-vms",
                            "source_ranges.#": "1",
                            "source_ranges.2694500101": "10.240.0.0/16",
                            "source_service_accounts.#": "0",
                            "source_tags.#": "0",
                            "target_service_accounts.#": "0",
                            "target_tags.#": "1",
                            "target_tags.237187591": "gke-waze-tools-stg-cb448316-node"
                        },
                        "meta": {
                            "schema_version": "1"
                        },
                        "tainted": false
                    },
                    "deposed": [],
                    "provider": "provider.google"
                },
                "google_compute_firewall.googlea_https": {
                    "type": "google_compute_firewall",
                    "depends_on": [],
                    "primary": {
                        "id": "googlea-https",
                        "attributes": {
                            "allow.#": "1",
                            "allow.680193008.ports.#": "1",
                            "allow.680193008.ports.0": "443",
                            "allow.680193008.protocol": "tcp",
                            "creation_timestamp": "2016-01-10T05:37:08.963-08:00",
                            "deny.#": "0",
                            "description": "",
                            "destination_ranges.#": "0",
                            "direction": "INGRESS",
                            "disabled": "false",
                            "enable_logging": "false",
                            "id": "googlea-https",
                            "name": "googlea-https",
                            "network": "https://www.googleapis.com/compute/v1/projects/waze-development/global/networks/default",
                            "priority": "1000",
                            "project": "waze-development",
                            "self_link": "https://www.googleapis.com/compute/v1/projects/waze-development/global/firewalls/googlea-https",
                            "source_ranges.#": "8",
                            "source_ranges.1081193826": "104.132.52.25/32",
                            "source_ranges.1263359686": "104.134.21.0/24",
                            "source_ranges.1606651515": "79.179.70.120/32",
                            "source_ranges.1736785800": "31.154.8.68/32",
                            "source_ranges.2672901847": "31.154.8.70/32",
                            "source_ranges.3132211120": "216.239.32.0/19",
                            "source_ranges.3551848266": "74.125.0.0/16",
                            "source_ranges.669866418": "31.154.8.71/32",
                            "source_service_accounts.#": "0",
                            "source_tags.#": "0",
                            "target_service_accounts.#": "0",
                            "target_tags.#": "2",
                            "target_tags.2589854567": "googlea-https",
                            "target_tags.591414443": "feed"
                        },
                        "meta": {
                            "schema_version": "1"
                        },
                        "tainted": false
                    },
                    "deposed": [],
                    "provider": "provider.google"
                },
                "google_compute_firewall.googlea_topictest_flume_debug": {
                    "type": "google_compute_firewall",
                    "depends_on": [],
                    "primary": {
                        "id": "googlea-topictest-flume-debug",
                        "attributes": {
                            "allow.#": "1",
                            "allow.3695420007.ports.#": "1",
                            "allow.3695420007.ports.0": "41414",
                            "allow.3695420007.protocol": "tcp",
                            "creation_timestamp": "2017-02-07T03:19:25.554-08:00",
                            "deny.#": "0",
                            "description": "",
                            "destination_ranges.#": "0",
                            "direction": "INGRESS",
                            "disabled": "false",
                            "enable_logging": "false",
                            "id": "googlea-topictest-flume-debug",
                            "name": "googlea-topictest-flume-debug",
                            "network": "https://www.googleapis.com/compute/v1/projects/waze-development/global/networks/default",
                            "priority": "1000",
                            "project": "waze-development",
                            "self_link": "https://www.googleapis.com/compute/v1/projects/waze-development/global/firewalls/googlea-topictest-flume-debug",
                            "source_ranges.#": "7",
                            "source_ranges.1081193826": "104.132.52.25/32",
                            "source_ranges.1606651515": "79.179.70.120/32",
                            "source_ranges.1736785800": "31.154.8.68/32",
                            "source_ranges.2672901847": "31.154.8.70/32",
                            "source_ranges.3132211120": "216.239.32.0/19",
                            "source_ranges.3551848266": "74.125.0.0/16",
                            "source_ranges.669866418": "31.154.8.71/32",
                            "source_service_accounts.#": "0",
                            "source_tags.#": "0",
                            "target_service_accounts.#": "0",
                            "target_tags.#": "1",
                            "target_tags.901404353": "topictest-flume-debug"
                        },
                        "meta": {
                            "schema_version": "1"
                        },
                        "tainted": false
                    },
                    "deposed": [],
                    "provider": "provider.google"
                },
                "google_compute_firewall.http": {
                    "type": "google_compute_firewall",
                    "depends_on": [],
                    "primary": {
                        "id": "http",
                        "attributes": {
                            "allow.#": "1",
                            "allow.272637744.ports.#": "1",
                            "allow.272637744.ports.0": "80",
                            "allow.272637744.protocol": "tcp",
                            "creation_timestamp": "2014-04-28T21:36:47.641-07:00",
                            "deny.#": "0",
                            "description": "",
                            "destination_ranges.#": "0",
                            "direction": "INGRESS",
                            "disabled": "false",
                            "enable_logging": "false",
                            "id": "http",
                            "name": "http",
                            "network": "https://www.googleapis.com/compute/v1/projects/waze-development/global/networks/default",
                            "priority": "1000",
                            "project": "waze-development",
                            "self_link": "https://www.googleapis.com/compute/v1/projects/waze-development/global/firewalls/http",
                            "source_ranges.#": "1",
                            "source_ranges.1080289494": "0.0.0.0/0",
                            "source_service_accounts.#": "0",
                            "source_tags.#": "0",
                            "target_service_accounts.#": "0",
                            "target_tags.#": "1",
                            "target_tags.1726755473": "http-access"
                        },
                        "meta": {
                            "schema_version": "1"
                        },
                        "tainted": false
                    },
                    "deposed": [],
                    "provider": "provider.google"
                },
                "google_compute_firewall.https": {
                    "type": "google_compute_firewall",
                    "depends_on": [],
                    "primary": {
                        "id": "https",
                        "attributes": {
                            "allow.#": "1",
                            "allow.680193008.ports.#": "1",
                            "allow.680193008.ports.0": "443",
                            "allow.680193008.protocol": "tcp",
                            "creation_timestamp": "2014-04-28T07:03:35.137-07:00",
                            "deny.#": "0",
                            "description": "",
                            "destination_ranges.#": "0",
                            "direction": "INGRESS",
                            "disabled": "false",
                            "enable_logging": "false",
                            "id": "https",
                            "name": "https",
                            "network": "https://www.googleapis.com/compute/v1/projects/waze-development/global/networks/default",
                            "priority": "1000",
                            "project": "waze-development",
                            "self_link": "https://www.googleapis.com/compute/v1/projects/waze-development/global/firewalls/https",
                            "source_ranges.#": "1",
                            "source_ranges.1080289494": "0.0.0.0/0",
                            "source_service_accounts.#": "0",
                            "source_tags.#": "0",
                            "target_service_accounts.#": "0",
                            "target_tags.#": "1",
                            "target_tags.795827975": "https-access"
                        },
                        "meta": {
                            "schema_version": "1"
                        },
                        "tainted": false
                    },
                    "deposed": [],
                    "provider": "provider.google"
                },
                "google_compute_firewall.icmp_test_from_google": {
                    "type": "google_compute_firewall",
                    "depends_on": [],
                    "primary": {
                        "id": "icmp-test-from-google",
                        "attributes": {
                            "allow.#": "1",
                            "allow.1367131964.ports.#": "0",
                            "allow.1367131964.protocol": "icmp",
                            "creation_timestamp": "2014-10-30T02:42:09.318-07:00",
                            "deny.#": "0",
                            "description": "",
                            "destination_ranges.#": "0",
                            "direction": "INGRESS",
                            "disabled": "false",
                            "enable_logging": "false",
                            "id": "icmp-test-from-google",
                            "name": "icmp-test-from-google",
                            "network": "https://www.googleapis.com/compute/v1/projects/waze-development/global/networks/default",
                            "priority": "1000",
                            "project": "waze-development",
                            "self_link": "https://www.googleapis.com/compute/v1/projects/waze-development/global/firewalls/icmp-test-from-google",
                            "source_ranges.#": "6",
                            "source_ranges.1606651515": "79.179.70.120/32",
                            "source_ranges.1736785800": "31.154.8.68/32",
                            "source_ranges.2672901847": "31.154.8.70/32",
                            "source_ranges.3132211120": "216.239.32.0/19",
                            "source_ranges.3551848266": "74.125.0.0/16",
                            "source_ranges.669866418": "31.154.8.71/32",
                            "source_service_accounts.#": "0",
                            "source_tags.#": "0",
                            "target_service_accounts.#": "0",
                            "target_tags.#": "1",
                            "target_tags.734457690": "test-icmp"
                        },
                        "meta": {
                            "schema_version": "1"
                        },
                        "tainted": false
                    },
                    "deposed": [],
                    "provider": "provider.google"
                },
                "google_compute_firewall.k8s_865dbaeaed1d6cc4_node_http_hc": {
                    "type": "google_compute_firewall",
                    "depends_on": [],
                    "primary": {
                        "id": "k8s-865dbaeaed1d6cc4-node-http-hc",
                        "attributes": {
                            "allow.#": "1",
                            "allow.2713358310.ports.#": "1",
                            "allow.2713358310.ports.0": "10256",
                            "allow.2713358310.protocol": "tcp",
                            "creation_timestamp": "2018-11-13T12:13:04.815-08:00",
                            "deny.#": "0",
                            "description": "{\"kubernetes.io/cluster-id\":\"865dbaeaed1d6cc4\"}",
                            "destination_ranges.#": "0",
                            "direction": "INGRESS",
                            "disabled": "false",
                            "enable_logging": "false",
                            "id": "k8s-865dbaeaed1d6cc4-node-http-hc",
                            "name": "k8s-865dbaeaed1d6cc4-node-http-hc",
                            "network": "https://www.googleapis.com/compute/v1/projects/waze-development/global/networks/default",
                            "priority": "1000",
                            "project": "waze-development",
                            "self_link": "https://www.googleapis.com/compute/v1/projects/waze-development/global/firewalls/k8s-865dbaeaed1d6cc4-node-http-hc",
                            "source_ranges.#": "4",
                            "source_ranges.1468324647": "209.85.204.0/22",
                            "source_ranges.1567232126": "209.85.152.0/22",
                            "source_ranges.2192388802": "130.211.0.0/22",
                            "source_ranges.2394378644": "35.191.0.0/16",
                            "source_service_accounts.#": "0",
                            "source_tags.#": "0",
                            "target_service_accounts.#": "0",
                            "target_tags.#": "1",
                            "target_tags.2779914065": "gke-maint-jobs-stg-5325aa72-node"
                        },
                        "meta": {
                            "schema_version": "1"
                        },
                        "tainted": false
                    },
                    "deposed": [],
                    "provider": "provider.google"
                },
                "google_compute_firewall.k8s_fw_a7d56307ce78011e8bd1242010a84003": {
                    "type": "google_compute_firewall",
                    "depends_on": [],
                    "primary": {
                        "id": "k8s-fw-a7d56307ce78011e8bd1242010a84003",
                        "attributes": {
                            "allow.#": "1",
                            "allow.135035448.ports.#": "1",
                            "allow.135035448.ports.0": "14141",
                            "allow.135035448.protocol": "tcp",
                            "creation_timestamp": "2018-11-13T12:12:54.206-08:00",
                            "deny.#": "0",
                            "description": "{\"kubernetes.io/service-name\":\"default/esp-grpc-wam-stg-p2p-test-service\", \"kubernetes.io/service-ip\":\"35.240.79.195\"}",
                            "destination_ranges.#": "0",
                            "direction": "INGRESS",
                            "disabled": "false",
                            "enable_logging": "false",
                            "id": "k8s-fw-a7d56307ce78011e8bd1242010a84003",
                            "name": "k8s-fw-a7d56307ce78011e8bd1242010a84003",
                            "network": "https://www.googleapis.com/compute/v1/projects/waze-development/global/networks/default",
                            "priority": "1000",
                            "project": "waze-development",
                            "self_link": "https://www.googleapis.com/compute/v1/projects/waze-development/global/firewalls/k8s-fw-a7d56307ce78011e8bd1242010a84003",
                            "source_ranges.#": "1",
                            "source_ranges.1080289494": "0.0.0.0/0",
                            "source_service_accounts.#": "0",
                            "source_tags.#": "0",
                            "target_service_accounts.#": "0",
                            "target_tags.#": "1",
                            "target_tags.2779914065": "gke-maint-jobs-stg-5325aa72-node"
                        },
                        "meta": {
                            "schema_version": "1"
                        },
                        "tainted": false
                    },
                    "deposed": [],
                    "provider": "provider.google"
                },
                "google_compute_firewall.logserver": {
                    "type": "google_compute_firewall",
                    "depends_on": [],
                    "primary": {
                        "id": "logserver",
                        "attributes": {
                            "allow.#": "2",
                            "allow.3501319849.ports.#": "1",
                            "allow.3501319849.ports.0": "514",
                            "allow.3501319849.protocol": "udp",
                            "allow.3653032121.ports.#": "1",
                            "allow.3653032121.ports.0": "514",
                            "allow.3653032121.protocol": "tcp",
                            "creation_timestamp": "2016-01-11T04:59:32.877-08:00",
                            "deny.#": "0",
                            "description": "Logserver to rampart",
                            "destination_ranges.#": "0",
                            "direction": "INGRESS",
                            "disabled": "false",
                            "enable_logging": "false",
                            "id": "logserver",
                            "name": "logserver",
                            "network": "https://www.googleapis.com/compute/v1/projects/waze-development/global/networks/default",
                            "priority": "1000",
                            "project": "waze-development",
                            "self_link": "https://www.googleapis.com/compute/v1/projects/waze-development/global/firewalls/logserver",
                            "source_ranges.#": "1",
                            "source_ranges.2694500101": "10.240.0.0/16",
                            "source_service_accounts.#": "0",
                            "source_tags.#": "0",
                            "target_service_accounts.#": "0",
                            "target_tags.#": "1",
                            "target_tags.4029403703": "logserver"
                        },
                        "meta": {
                            "schema_version": "1"
                        },
                        "tainted": false
                    },
                    "deposed": [],
                    "provider": "provider.google"
                },
                "google_compute_firewall.monitoring_server": {
                    "type": "google_compute_firewall",
                    "depends_on": [],
                    "primary": {
                        "id": "monitoring-server",
                        "attributes": {
                            "allow.#": "1",
                            "allow.1553234275.ports.#": "1",
                            "allow.1553234275.ports.0": "6557",
                            "allow.1553234275.protocol": "tcp",
                            "creation_timestamp": "2015-07-16T06:23:50.943-07:00",
                            "deny.#": "0",
                            "description": "port 6557 from AWS eu monitoring",
                            "destination_ranges.#": "0",
                            "direction": "INGRESS",
                            "disabled": "false",
                            "enable_logging": "false",
                            "id": "monitoring-server",
                            "name": "monitoring-server",
                            "network": "https://www.googleapis.com/compute/v1/projects/waze-development/global/networks/default",
                            "priority": "1000",
                            "project": "waze-development",
                            "self_link": "https://www.googleapis.com/compute/v1/projects/waze-development/global/firewalls/monitoring-server",
                            "source_ranges.#": "1",
                            "source_ranges.2667183118": "54.195.80.50/32",
                            "source_service_accounts.#": "0",
                            "source_tags.#": "0",
                            "target_service_accounts.#": "0",
                            "target_tags.#": "1",
                            "target_tags.4264382214": "monitor-server"
                        },
                        "meta": {
                            "schema_version": "1"
                        },
                        "tainted": false
                    },
                    "deposed": [],
                    "provider": "provider.google"
                },
                "google_compute_firewall.prod_realtime_ddb_cassandra_stg_cluster": {
                    "type": "google_compute_firewall",
                    "depends_on": [],
                    "primary": {
                        "id": "prod-realtime-ddb-cassandra-stg-cluster",
                        "attributes": {
                            "allow.#": "2",
                            "allow.380182252.ports.#": "4",
                            "allow.380182252.ports.0": "7001",
                            "allow.380182252.ports.1": "7000",
                            "allow.380182252.ports.2": "7199",
                            "allow.380182252.ports.3": "23456",
                            "allow.380182252.protocol": "tcp",
                            "allow.831009336.ports.#": "3",
                            "allow.831009336.ports.0": "7000",
                            "allow.831009336.ports.1": "7001",
                            "allow.831009336.ports.2": "7199",
                            "allow.831009336.protocol": "tcp",
                            "creation_timestamp": "2018-02-25T04:42:21.990-08:00",
                            "deny.#": "0",
                            "description": "",
                            "destination_ranges.#": "0",
                            "direction": "INGRESS",
                            "disabled": "false",
                            "enable_logging": "false",
                            "id": "prod-realtime-ddb-cassandra-stg-cluster",
                            "name": "prod-realtime-ddb-cassandra-stg-cluster",
                            "network": "https://www.googleapis.com/compute/v1/projects/waze-development/global/networks/default",
                            "priority": "1000",
                            "project": "waze-development",
                            "self_link": "https://www.googleapis.com/compute/v1/projects/waze-development/global/firewalls/prod-realtime-ddb-cassandra-stg-cluster",
                            "source_ranges.#": "0",
                            "source_service_accounts.#": "0",
                            "source_tags.#": "1",
                            "source_tags.2795655131": "realtime-ddb-cassandra-stg-cluster",
                            "target_service_accounts.#": "0",
                            "target_tags.#": "1",
                            "target_tags.2795655131": "realtime-ddb-cassandra-stg-cluster"
                        },
                        "meta": {
                            "schema_version": "1"
                        },
                        "tainted": false
                    },
                    "deposed": [],
                    "provider": "provider.google"
                },
                "google_compute_firewall.prod_realtime_ddb_cassandra_stg_service": {
                    "type": "google_compute_firewall",
                    "depends_on": [],
                    "primary": {
                        "id": "prod-realtime-ddb-cassandra-stg-service",
                        "attributes": {
                            "allow.#": "1",
                            "allow.2571407502.ports.#": "2",
                            "allow.2571407502.ports.0": "9042",
                            "allow.2571407502.ports.1": "9160",
                            "allow.2571407502.protocol": "tcp",
                            "creation_timestamp": "2018-02-25T04:42:22.043-08:00",
                            "deny.#": "0",
                            "description": "",
                            "destination_ranges.#": "0",
                            "direction": "INGRESS",
                            "disabled": "false",
                            "enable_logging": "false",
                            "id": "prod-realtime-ddb-cassandra-stg-service",
                            "name": "prod-realtime-ddb-cassandra-stg-service",
                            "network": "https://www.googleapis.com/compute/v1/projects/waze-development/global/networks/default",
                            "priority": "1000",
                            "project": "waze-development",
                            "self_link": "https://www.googleapis.com/compute/v1/projects/waze-development/global/firewalls/prod-realtime-ddb-cassandra-stg-service",
                            "source_ranges.#": "0",
                            "source_service_accounts.#": "0",
                            "source_tags.#": "1",
                            "source_tags.2734341277": "realtime-ddb-cassandra-stg-service",
                            "target_service_accounts.#": "0",
                            "target_tags.#": "1",
                            "target_tags.2734341277": "realtime-ddb-cassandra-stg-service"
                        },
                        "meta": {
                            "schema_version": "1"
                        },
                        "tainted": false
                    },
                    "deposed": [],
                    "provider": "provider.google"
                },
                "google_compute_firewall.prod_staging_cassandra_stg_cluster": {
                    "type": "google_compute_firewall",
                    "depends_on": [],
                    "primary": {
                        "id": "prod-staging-cassandra-stg-cluster",
                        "attributes": {
                            "allow.#": "2",
                            "allow.380182252.ports.#": "4",
                            "allow.380182252.ports.0": "7001",
                            "allow.380182252.ports.1": "7000",
                            "allow.380182252.ports.2": "7199",
                            "allow.380182252.ports.3": "23456",
                            "allow.380182252.protocol": "tcp",
                            "allow.831009336.ports.#": "3",
                            "allow.831009336.ports.0": "7000",
                            "allow.831009336.ports.1": "7001",
                            "allow.831009336.ports.2": "7199",
                            "allow.831009336.protocol": "tcp",
                            "creation_timestamp": "2017-11-08T00:08:52.388-08:00",
                            "deny.#": "0",
                            "description": "",
                            "destination_ranges.#": "0",
                            "direction": "INGRESS",
                            "disabled": "false",
                            "enable_logging": "false",
                            "id": "prod-staging-cassandra-stg-cluster",
                            "name": "prod-staging-cassandra-stg-cluster",
                            "network": "https://www.googleapis.com/compute/v1/projects/waze-development/global/networks/default",
                            "priority": "1000",
                            "project": "waze-development",
                            "self_link": "https://www.googleapis.com/compute/v1/projects/waze-development/global/firewalls/prod-staging-cassandra-stg-cluster",
                            "source_ranges.#": "0",
                            "source_service_accounts.#": "0",
                            "source_tags.#": "1",
                            "source_tags.1969087125": "staging-cassandra-stg-cluster",
                            "target_service_accounts.#": "0",
                            "target_tags.#": "1",
                            "target_tags.1969087125": "staging-cassandra-stg-cluster"
                        },
                        "meta": {
                            "schema_version": "1"
                        },
                        "tainted": false
                    },
                    "deposed": [],
                    "provider": "provider.google"
                },
                "google_compute_firewall.prod_staging_cassandra_stg_service": {
                    "type": "google_compute_firewall",
                    "depends_on": [],
                    "primary": {
                        "id": "prod-staging-cassandra-stg-service",
                        "attributes": {
                            "allow.#": "1",
                            "allow.2571407502.ports.#": "2",
                            "allow.2571407502.ports.0": "9042",
                            "allow.2571407502.ports.1": "9160",
                            "allow.2571407502.protocol": "tcp",
                            "creation_timestamp": "2017-11-08T00:08:52.389-08:00",
                            "deny.#": "0",
                            "description": "",
                            "destination_ranges.#": "0",
                            "direction": "INGRESS",
                            "disabled": "false",
                            "enable_logging": "false",
                            "id": "prod-staging-cassandra-stg-service",
                            "name": "prod-staging-cassandra-stg-service",
                            "network": "https://www.googleapis.com/compute/v1/projects/waze-development/global/networks/default",
                            "priority": "1000",
                            "project": "waze-development",
                            "self_link": "https://www.googleapis.com/compute/v1/projects/waze-development/global/firewalls/prod-staging-cassandra-stg-service",
                            "source_ranges.#": "0",
                            "source_service_accounts.#": "0",
                            "source_tags.#": "1",
                            "source_tags.1896157651": "staging-cassandra-stg-service",
                            "target_service_accounts.#": "0",
                            "target_tags.#": "1",
                            "target_tags.1896157651": "staging-cassandra-stg-service"
                        },
                        "meta": {
                            "schema_version": "1"
                        },
                        "tainted": false
                    },
                    "deposed": [],
                    "provider": "provider.google"
                },
                "google_compute_firewall.prod_staging_general21_cassandra_stg_cluster": {
                    "type": "google_compute_firewall",
                    "depends_on": [],
                    "primary": {
                        "id": "prod-staging-general21-cassandra-stg-cluster",
                        "attributes": {
                            "allow.#": "2",
                            "allow.380182252.ports.#": "4",
                            "allow.380182252.ports.0": "7001",
                            "allow.380182252.ports.1": "7000",
                            "allow.380182252.ports.2": "7199",
                            "allow.380182252.ports.3": "23456",
                            "allow.380182252.protocol": "tcp",
                            "allow.831009336.ports.#": "3",
                            "allow.831009336.ports.0": "7000",
                            "allow.831009336.ports.1": "7001",
                            "allow.831009336.ports.2": "7199",
                            "allow.831009336.protocol": "tcp",
                            "creation_timestamp": "2018-01-02T04:59:50.559-08:00",
                            "deny.#": "0",
                            "description": "",
                            "destination_ranges.#": "0",
                            "direction": "INGRESS",
                            "disabled": "false",
                            "enable_logging": "false",
                            "id": "prod-staging-general21-cassandra-stg-cluster",
                            "name": "prod-staging-general21-cassandra-stg-cluster",
                            "network": "https://www.googleapis.com/compute/v1/projects/waze-development/global/networks/default",
                            "priority": "1000",
                            "project": "waze-development",
                            "self_link": "https://www.googleapis.com/compute/v1/projects/waze-development/global/firewalls/prod-staging-general21-cassandra-stg-cluster",
                            "source_ranges.#": "0",
                            "source_service_accounts.#": "0",
                            "source_tags.#": "1",
                            "source_tags.1097125032": "staging-general21-cassandra-stg-cluster",
                            "target_service_accounts.#": "0",
                            "target_tags.#": "1",
                            "target_tags.1097125032": "staging-general21-cassandra-stg-cluster"
                        },
                        "meta": {
                            "schema_version": "1"
                        },
                        "tainted": false
                    },
                    "deposed": [],
                    "provider": "provider.google"
                },
                "google_compute_firewall.prod_staging_general21_cassandra_stg_service": {
                    "type": "google_compute_firewall",
                    "depends_on": [],
                    "primary": {
                        "id": "prod-staging-general21-cassandra-stg-service",
                        "attributes": {
                            "allow.#": "1",
                            "allow.2571407502.ports.#": "2",
                            "allow.2571407502.ports.0": "9042",
                            "allow.2571407502.ports.1": "9160",
                            "allow.2571407502.protocol": "tcp",
                            "creation_timestamp": "2018-01-02T04:59:50.537-08:00",
                            "deny.#": "0",
                            "description": "",
                            "destination_ranges.#": "0",
                            "direction": "INGRESS",
                            "disabled": "false",
                            "enable_logging": "false",
                            "id": "prod-staging-general21-cassandra-stg-service",
                            "name": "prod-staging-general21-cassandra-stg-service",
                            "network": "https://www.googleapis.com/compute/v1/projects/waze-development/global/networks/default",
                            "priority": "1000",
                            "project": "waze-development",
                            "self_link": "https://www.googleapis.com/compute/v1/projects/waze-development/global/firewalls/prod-staging-general21-cassandra-stg-service",
                            "source_ranges.#": "0",
                            "source_service_accounts.#": "0",
                            "source_tags.#": "1",
                            "source_tags.1161576430": "staging-general21-cassandra-stg-service",
                            "target_service_accounts.#": "0",
                            "target_tags.#": "1",
                            "target_tags.1161576430": "staging-general21-cassandra-stg-service"
                        },
                        "meta": {
                            "schema_version": "1"
                        },
                        "tainted": false
                    },
                    "deposed": [],
                    "provider": "provider.google"
                },
                "google_compute_firewall.prod_staging_master_cassandra_stg_cluster": {
                    "type": "google_compute_firewall",
                    "depends_on": [],
                    "primary": {
                        "id": "prod-staging-master-cassandra-stg-cluster",
                        "attributes": {
                            "allow.#": "2",
                            "allow.380182252.ports.#": "4",
                            "allow.380182252.ports.0": "7001",
                            "allow.380182252.ports.1": "7000",
                            "allow.380182252.ports.2": "7199",
                            "allow.380182252.ports.3": "23456",
                            "allow.380182252.protocol": "tcp",
                            "allow.831009336.ports.#": "3",
                            "allow.831009336.ports.0": "7000",
                            "allow.831009336.ports.1": "7001",
                            "allow.831009336.ports.2": "7199",
                            "allow.831009336.protocol": "tcp",
                            "creation_timestamp": "2018-02-26T07:27:42.260-08:00",
                            "deny.#": "0",
                            "description": "",
                            "destination_ranges.#": "0",
                            "direction": "INGRESS",
                            "disabled": "false",
                            "enable_logging": "false",
                            "id": "prod-staging-master-cassandra-stg-cluster",
                            "name": "prod-staging-master-cassandra-stg-cluster",
                            "network": "https://www.googleapis.com/compute/v1/projects/waze-development/global/networks/default",
                            "priority": "1000",
                            "project": "waze-development",
                            "self_link": "https://www.googleapis.com/compute/v1/projects/waze-development/global/firewalls/prod-staging-master-cassandra-stg-cluster",
                            "source_ranges.#": "0",
                            "source_service_accounts.#": "0",
                            "source_tags.#": "1",
                            "source_tags.3980283772": "staging-master-cassandra-stg-cluster",
                            "target_service_accounts.#": "0",
                            "target_tags.#": "1",
                            "target_tags.3980283772": "staging-master-cassandra-stg-cluster"
                        },
                        "meta": {
                            "schema_version": "1"
                        },
                        "tainted": false
                    },
                    "deposed": [],
                    "provider": "provider.google"
                },
                "google_compute_firewall.prod_staging_master_cassandra_stg_service": {
                    "type": "google_compute_firewall",
                    "depends_on": [],
                    "primary": {
                        "id": "prod-staging-master-cassandra-stg-service",
                        "attributes": {
                            "allow.#": "1",
                            "allow.2571407502.ports.#": "2",
                            "allow.2571407502.ports.0": "9042",
                            "allow.2571407502.ports.1": "9160",
                            "allow.2571407502.protocol": "tcp",
                            "creation_timestamp": "2018-02-26T07:27:42.259-08:00",
                            "deny.#": "0",
                            "description": "",
                            "destination_ranges.#": "0",
                            "direction": "INGRESS",
                            "disabled": "false",
                            "enable_logging": "false",
                            "id": "prod-staging-master-cassandra-stg-service",
                            "name": "prod-staging-master-cassandra-stg-service",
                            "network": "https://www.googleapis.com/compute/v1/projects/waze-development/global/networks/default",
                            "priority": "1000",
                            "project": "waze-development",
                            "self_link": "https://www.googleapis.com/compute/v1/projects/waze-development/global/firewalls/prod-staging-master-cassandra-stg-service",
                            "source_ranges.#": "0",
                            "source_service_accounts.#": "0",
                            "source_tags.#": "1",
                            "source_tags.3915824186": "staging-master-cassandra-stg-service",
                            "target_service_accounts.#": "0",
                            "target_tags.#": "1",
                            "target_tags.3915824186": "staging-master-cassandra-stg-service"
                        },
                        "meta": {
                            "schema_version": "1"
                        },
                        "tainted": false
                    },
                    "deposed": [],
                    "provider": "provider.google"
                },
                "google_compute_firewall.prod_staging_youying_test_cassandra_stg_cluster": {
                    "type": "google_compute_firewall",
                    "depends_on": [],
                    "primary": {
                        "id": "prod-staging-youying-test-cassandra-stg-cluster",
                        "attributes": {
                            "allow.#": "2",
                            "allow.380182252.ports.#": "4",
                            "allow.380182252.ports.0": "7001",
                            "allow.380182252.ports.1": "7000",
                            "allow.380182252.ports.2": "7199",
                            "allow.380182252.ports.3": "23456",
                            "allow.380182252.protocol": "tcp",
                            "allow.831009336.ports.#": "3",
                            "allow.831009336.ports.0": "7000",
                            "allow.831009336.ports.1": "7001",
                            "allow.831009336.ports.2": "7199",
                            "allow.831009336.protocol": "tcp",
                            "creation_timestamp": "2018-03-14T08:25:27.562-07:00",
                            "deny.#": "0",
                            "description": "",
                            "destination_ranges.#": "0",
                            "direction": "INGRESS",
                            "disabled": "false",
                            "enable_logging": "false",
                            "id": "prod-staging-youying-test-cassandra-stg-cluster",
                            "name": "prod-staging-youying-test-cassandra-stg-cluster",
                            "network": "https://www.googleapis.com/compute/v1/projects/waze-development/global/networks/default",
                            "priority": "1000",
                            "project": "waze-development",
                            "self_link": "https://www.googleapis.com/compute/v1/projects/waze-development/global/firewalls/prod-staging-youying-test-cassandra-stg-cluster",
                            "source_ranges.#": "0",
                            "source_service_accounts.#": "0",
                            "source_tags.#": "1",
                            "source_tags.620548591": "staging-youying-test-cassandra-stg-cluster",
                            "target_service_accounts.#": "0",
                            "target_tags.#": "1",
                            "target_tags.620548591": "staging-youying-test-cassandra-stg-cluster"
                        },
                        "meta": {
                            "schema_version": "1"
                        },
                        "tainted": false
                    },
                    "deposed": [],
                    "provider": "provider.google"
                },
                "google_compute_firewall.prod_staging_youying_test_cassandra_stg_service": {
                    "type": "google_compute_firewall",
                    "depends_on": [],
                    "primary": {
                        "id": "prod-staging-youying-test-cassandra-stg-service",
                        "attributes": {
                            "allow.#": "1",
                            "allow.2571407502.ports.#": "2",
                            "allow.2571407502.ports.0": "9042",
                            "allow.2571407502.ports.1": "9160",
                            "allow.2571407502.protocol": "tcp",
                            "creation_timestamp": "2018-03-14T08:25:27.540-07:00",
                            "deny.#": "0",
                            "description": "",
                            "destination_ranges.#": "0",
                            "direction": "INGRESS",
                            "disabled": "false",
                            "enable_logging": "false",
                            "id": "prod-staging-youying-test-cassandra-stg-service",
                            "name": "prod-staging-youying-test-cassandra-stg-service",
                            "network": "https://www.googleapis.com/compute/v1/projects/waze-development/global/networks/default",
                            "priority": "1000",
                            "project": "waze-development",
                            "self_link": "https://www.googleapis.com/compute/v1/projects/waze-development/global/firewalls/prod-staging-youying-test-cassandra-stg-service",
                            "source_ranges.#": "0",
                            "source_service_accounts.#": "0",
                            "source_tags.#": "1",
                            "source_tags.547627689": "staging-youying-test-cassandra-stg-service",
                            "target_service_accounts.#": "0",
                            "target_tags.#": "1",
                            "target_tags.547627689": "staging-youying-test-cassandra-stg-service"
                        },
                        "meta": {
                            "schema_version": "1"
                        },
                        "tainted": false
                    },
                    "deposed": [],
                    "provider": "provider.google"
                },
                "google_compute_firewall.prod_stgregulator_cassandra_stg_cluster": {
                    "type": "google_compute_firewall",
                    "depends_on": [],
                    "primary": {
                        "id": "prod-stgregulator-cassandra-stg-cluster",
                        "attributes": {
                            "allow.#": "1",
                            "allow.380182252.ports.#": "4",
                            "allow.380182252.ports.0": "7000",
                            "allow.380182252.ports.1": "7001",
                            "allow.380182252.ports.2": "7199",
                            "allow.380182252.ports.3": "23456",
                            "allow.380182252.protocol": "tcp",
                            "creation_timestamp": "2018-09-03T02:45:55.202-07:00",
                            "deny.#": "0",
                            "description": "",
                            "destination_ranges.#": "0",
                            "direction": "INGRESS",
                            "disabled": "false",
                            "enable_logging": "false",
                            "id": "prod-stgregulator-cassandra-stg-cluster",
                            "name": "prod-stgregulator-cassandra-stg-cluster",
                            "network": "https://www.googleapis.com/compute/v1/projects/waze-development/global/networks/default",
                            "priority": "1000",
                            "project": "waze-development",
                            "self_link": "https://www.googleapis.com/compute/v1/projects/waze-development/global/firewalls/prod-stgregulator-cassandra-stg-cluster",
                            "source_ranges.#": "0",
                            "source_service_accounts.#": "0",
                            "source_tags.#": "1",
                            "source_tags.983168474": "stgregulator-cassandra-stg-cluster",
                            "target_service_accounts.#": "0",
                            "target_tags.#": "1",
                            "target_tags.983168474": "stgregulator-cassandra-stg-cluster"
                        },
                        "meta": {
                            "schema_version": "1"
                        },
                        "tainted": false
                    },
                    "deposed": [],
                    "provider": "provider.google"
                },
                "google_compute_firewall.prod_stgregulator_cassandra_stg_service": {
                    "type": "google_compute_firewall",
                    "depends_on": [],
                    "primary": {
                        "id": "prod-stgregulator-cassandra-stg-service",
                        "attributes": {
                            "allow.#": "1",
                            "allow.2571407502.ports.#": "2",
                            "allow.2571407502.ports.0": "9042",
                            "allow.2571407502.ports.1": "9160",
                            "allow.2571407502.protocol": "tcp",
                            "creation_timestamp": "2018-09-03T02:45:55.198-07:00",
                            "deny.#": "0",
                            "description": "",
                            "destination_ranges.#": "0",
                            "direction": "INGRESS",
                            "disabled": "false",
                            "enable_logging": "false",
                            "id": "prod-stgregulator-cassandra-stg-service",
                            "name": "prod-stgregulator-cassandra-stg-service",
                            "network": "https://www.googleapis.com/compute/v1/projects/waze-development/global/networks/default",
                            "priority": "1000",
                            "project": "waze-development",
                            "self_link": "https://www.googleapis.com/compute/v1/projects/waze-development/global/firewalls/prod-stgregulator-cassandra-stg-service",
                            "source_ranges.#": "0",
                            "source_service_accounts.#": "0",
                            "source_tags.#": "1",
                            "source_tags.1052837532": "stgregulator-cassandra-stg-service",
                            "target_service_accounts.#": "0",
                            "target_tags.#": "1",
                            "target_tags.1052837532": "stgregulator-cassandra-stg-service"
                        },
                        "meta": {
                            "schema_version": "1"
                        },
                        "tainted": false
                    },
                    "deposed": [],
                    "provider": "provider.google"
                },
                "google_compute_firewall.prod_stgtopics_events_cassandra_stg_cluster": {
                    "type": "google_compute_firewall",
                    "depends_on": [],
                    "primary": {
                        "id": "prod-stgtopics-events-cassandra-stg-cluster",
                        "attributes": {
                            "allow.#": "1",
                            "allow.380182252.ports.#": "4",
                            "allow.380182252.ports.0": "7000",
                            "allow.380182252.ports.1": "7001",
                            "allow.380182252.ports.2": "7199",
                            "allow.380182252.ports.3": "23456",
                            "allow.380182252.protocol": "tcp",
                            "creation_timestamp": "2018-10-02T07:18:04.499-07:00",
                            "deny.#": "0",
                            "description": "",
                            "destination_ranges.#": "0",
                            "direction": "INGRESS",
                            "disabled": "false",
                            "enable_logging": "false",
                            "id": "prod-stgtopics-events-cassandra-stg-cluster",
                            "name": "prod-stgtopics-events-cassandra-stg-cluster",
                            "network": "https://www.googleapis.com/compute/v1/projects/waze-development/global/networks/default",
                            "priority": "1000",
                            "project": "waze-development",
                            "self_link": "https://www.googleapis.com/compute/v1/projects/waze-development/global/firewalls/prod-stgtopics-events-cassandra-stg-cluster",
                            "source_ranges.#": "0",
                            "source_service_accounts.#": "0",
                            "source_tags.#": "1",
                            "source_tags.2239007571": "stgtopics-events-cassandra-stg-cluster",
                            "target_service_accounts.#": "0",
                            "target_tags.#": "1",
                            "target_tags.2239007571": "stgtopics-events-cassandra-stg-cluster"
                        },
                        "meta": {
                            "schema_version": "1"
                        },
                        "tainted": false
                    },
                    "deposed": [],
                    "provider": "provider.google"
                },
                "google_compute_firewall.prod_stgtopics_events_cassandra_stg_service": {
                    "type": "google_compute_firewall",
                    "depends_on": [],
                    "primary": {
                        "id": "prod-stgtopics-events-cassandra-stg-service",
                        "attributes": {
                            "allow.#": "1",
                            "allow.2571407502.ports.#": "2",
                            "allow.2571407502.ports.0": "9042",
                            "allow.2571407502.ports.1": "9160",
                            "allow.2571407502.protocol": "tcp",
                            "creation_timestamp": "2018-10-02T07:18:05.504-07:00",
                            "deny.#": "0",
                            "description": "",
                            "destination_ranges.#": "0",
                            "direction": "INGRESS",
                            "disabled": "false",
                            "enable_logging": "false",
                            "id": "prod-stgtopics-events-cassandra-stg-service",
                            "name": "prod-stgtopics-events-cassandra-stg-service",
                            "network": "https://www.googleapis.com/compute/v1/projects/waze-development/global/networks/default",
                            "priority": "1000",
                            "project": "waze-development",
                            "self_link": "https://www.googleapis.com/compute/v1/projects/waze-development/global/firewalls/prod-stgtopics-events-cassandra-stg-service",
                            "source_ranges.#": "0",
                            "source_service_accounts.#": "0",
                            "source_tags.#": "1",
                            "source_tags.2167175189": "stgtopics-events-cassandra-stg-service",
                            "target_service_accounts.#": "0",
                            "target_tags.#": "1",
                            "target_tags.2167175189": "stgtopics-events-cassandra-stg-service"
                        },
                        "meta": {
                            "schema_version": "1"
                        },
                        "tainted": false
                    },
                    "deposed": [],
                    "provider": "provider.google"
                },
                "google_compute_firewall.prod_test_cassandra_stg_cluster": {
                    "type": "google_compute_firewall",
                    "depends_on": [],
                    "primary": {
                        "id": "prod-test-cassandra-stg-cluster",
                        "attributes": {
                            "allow.#": "1",
                            "allow.831009336.ports.#": "3",
                            "allow.831009336.ports.0": "7000",
                            "allow.831009336.ports.1": "7001",
                            "allow.831009336.ports.2": "7199",
                            "allow.831009336.protocol": "tcp",
                            "creation_timestamp": "2017-09-17T07:16:26.413-07:00",
                            "deny.#": "0",
                            "description": "",
                            "destination_ranges.#": "0",
                            "direction": "INGRESS",
                            "disabled": "false",
                            "enable_logging": "false",
                            "id": "prod-test-cassandra-stg-cluster",
                            "name": "prod-test-cassandra-stg-cluster",
                            "network": "https://www.googleapis.com/compute/v1/projects/waze-development/global/networks/default",
                            "priority": "1000",
                            "project": "waze-development",
                            "self_link": "https://www.googleapis.com/compute/v1/projects/waze-development/global/firewalls/prod-test-cassandra-stg-cluster",
                            "source_ranges.#": "0",
                            "source_service_accounts.#": "0",
                            "source_tags.#": "1",
                            "source_tags.3650818696": "test-cassandra-stg-cluster",
                            "target_service_accounts.#": "0",
                            "target_tags.#": "1",
                            "target_tags.3650818696": "test-cassandra-stg-cluster"
                        },
                        "meta": {
                            "schema_version": "1"
                        },
                        "tainted": false
                    },
                    "deposed": [],
                    "provider": "provider.google"
                },
                "google_compute_firewall.prod_test_cassandra_stg_service": {
                    "type": "google_compute_firewall",
                    "depends_on": [],
                    "primary": {
                        "id": "prod-test-cassandra-stg-service",
                        "attributes": {
                            "allow.#": "1",
                            "allow.2571407502.ports.#": "2",
                            "allow.2571407502.ports.0": "9042",
                            "allow.2571407502.ports.1": "9160",
                            "allow.2571407502.protocol": "tcp",
                            "creation_timestamp": "2017-09-17T07:16:26.417-07:00",
                            "deny.#": "0",
                            "description": "",
                            "destination_ranges.#": "0",
                            "direction": "INGRESS",
                            "disabled": "false",
                            "enable_logging": "false",
                            "id": "prod-test-cassandra-stg-service",
                            "name": "prod-test-cassandra-stg-service",
                            "network": "https://www.googleapis.com/compute/v1/projects/waze-development/global/networks/default",
                            "priority": "1000",
                            "project": "waze-development",
                            "self_link": "https://www.googleapis.com/compute/v1/projects/waze-development/global/firewalls/prod-test-cassandra-stg-service",
                            "source_ranges.#": "0",
                            "source_service_accounts.#": "0",
                            "source_tags.#": "1",
                            "source_tags.3720602062": "test-cassandra-stg-service",
                            "target_service_accounts.#": "0",
                            "target_tags.#": "1",
                            "target_tags.3720602062": "test-cassandra-stg-service"
                        },
                        "meta": {
                            "schema_version": "1"
                        },
                        "tainted": false
                    },
                    "deposed": [],
                    "provider": "provider.google"
                },
                "google_compute_firewall.prod_topics_events_cassandra_stg_cluster": {
                    "type": "google_compute_firewall",
                    "depends_on": [],
                    "primary": {
                        "id": "prod-topics-events-cassandra-stg-cluster",
                        "attributes": {
                            "allow.#": "2",
                            "allow.380182252.ports.#": "4",
                            "allow.380182252.ports.0": "7001",
                            "allow.380182252.ports.1": "7000",
                            "allow.380182252.ports.2": "7199",
                            "allow.380182252.ports.3": "23456",
                            "allow.380182252.protocol": "tcp",
                            "allow.831009336.ports.#": "3",
                            "allow.831009336.ports.0": "7000",
                            "allow.831009336.ports.1": "7001",
                            "allow.831009336.ports.2": "7199",
                            "allow.831009336.protocol": "tcp",
                            "creation_timestamp": "2018-01-17T00:24:48.935-08:00",
                            "deny.#": "0",
                            "description": "",
                            "destination_ranges.#": "0",
                            "direction": "INGRESS",
                            "disabled": "false",
                            "enable_logging": "false",
                            "id": "prod-topics-events-cassandra-stg-cluster",
                            "name": "prod-topics-events-cassandra-stg-cluster",
                            "network": "https://www.googleapis.com/compute/v1/projects/waze-development/global/networks/default",
                            "priority": "1000",
                            "project": "waze-development",
                            "self_link": "https://www.googleapis.com/compute/v1/projects/waze-development/global/firewalls/prod-topics-events-cassandra-stg-cluster",
                            "source_ranges.#": "0",
                            "source_service_accounts.#": "0",
                            "source_tags.#": "1",
                            "source_tags.173027486": "topics-events-cassandra-stg-cluster",
                            "target_service_accounts.#": "0",
                            "target_tags.#": "1",
                            "target_tags.173027486": "topics-events-cassandra-stg-cluster"
                        },
                        "meta": {
                            "schema_version": "1"
                        },
                        "tainted": false
                    },
                    "deposed": [],
                    "provider": "provider.google"
                },
                "google_compute_firewall.prod_topics_events_cassandra_stg_service": {
                    "type": "google_compute_firewall",
                    "depends_on": [],
                    "primary": {
                        "id": "prod-topics-events-cassandra-stg-service",
                        "attributes": {
                            "allow.#": "1",
                            "allow.2571407502.ports.#": "2",
                            "allow.2571407502.ports.0": "9042",
                            "allow.2571407502.ports.1": "9160",
                            "allow.2571407502.protocol": "tcp",
                            "creation_timestamp": "2018-01-17T00:24:49.147-08:00",
                            "deny.#": "0",
                            "description": "",
                            "destination_ranges.#": "0",
                            "direction": "INGRESS",
                            "disabled": "false",
                            "enable_logging": "false",
                            "id": "prod-topics-events-cassandra-stg-service",
                            "name": "prod-topics-events-cassandra-stg-service",
                            "network": "https://www.googleapis.com/compute/v1/projects/waze-development/global/networks/default",
                            "priority": "1000",
                            "project": "waze-development",
                            "self_link": "https://www.googleapis.com/compute/v1/projects/waze-development/global/firewalls/prod-topics-events-cassandra-stg-service",
                            "source_ranges.#": "0",
                            "source_service_accounts.#": "0",
                            "source_tags.#": "1",
                            "source_tags.235455448": "topics-events-cassandra-stg-service",
                            "target_service_accounts.#": "0",
                            "target_tags.#": "1",
                            "target_tags.235455448": "topics-events-cassandra-stg-service"
                        },
                        "meta": {
                            "schema_version": "1"
                        },
                        "tainted": false
                    },
                    "deposed": [],
                    "provider": "provider.google"
                },
                "google_compute_firewall.puppet_for_staging_qa": {
                    "type": "google_compute_firewall",
                    "depends_on": [],
                    "primary": {
                        "id": "puppet-for-staging-qa",
                        "attributes": {
                            "allow.#": "1",
                            "allow.574991525.ports.#": "1",
                            "allow.574991525.ports.0": "8140",
                            "allow.574991525.protocol": "tcp",
                            "creation_timestamp": "2015-10-11T09:01:34.769-07:00",
                            "deny.#": "0",
                            "description": "Allow Puppet access from staging QA hosts",
                            "destination_ranges.#": "0",
                            "direction": "INGRESS",
                            "disabled": "false",
                            "enable_logging": "false",
                            "id": "puppet-for-staging-qa",
                            "name": "puppet-for-staging-qa",
                            "network": "https://www.googleapis.com/compute/v1/projects/waze-development/global/networks/default",
                            "priority": "1000",
                            "project": "waze-development",
                            "self_link": "https://www.googleapis.com/compute/v1/projects/waze-development/global/firewalls/puppet-for-staging-qa",
                            "source_ranges.#": "1",
                            "source_ranges.812164363": "104.155.3.206/32",
                            "source_service_accounts.#": "0",
                            "source_tags.#": "0",
                            "target_service_accounts.#": "0",
                            "target_tags.#": "1",
                            "target_tags.4095710618": "staging-puppet-server"
                        },
                        "meta": {
                            "schema_version": "1"
                        },
                        "tainted": false
                    },
                    "deposed": [],
                    "provider": "provider.google"
                },
                "google_compute_firewall.rampart_ssh": {
                    "type": "google_compute_firewall",
                    "depends_on": [],
                    "primary": {
                        "id": "rampart-ssh",
                        "attributes": {
                            "allow.#": "1",
                            "allow.803338340.ports.#": "1",
                            "allow.803338340.ports.0": "22",
                            "allow.803338340.protocol": "tcp",
                            "creation_timestamp": "2016-11-30T07:43:39.493-08:00",
                            "deny.#": "0",
                            "description": "used for rampart access",
                            "destination_ranges.#": "0",
                            "direction": "INGRESS",
                            "disabled": "false",
                            "enable_logging": "false",
                            "id": "rampart-ssh",
                            "name": "rampart-ssh",
                            "network": "https://www.googleapis.com/compute/v1/projects/waze-development/global/networks/default",
                            "priority": "1000",
                            "project": "waze-development",
                            "self_link": "https://www.googleapis.com/compute/v1/projects/waze-development/global/firewalls/rampart-ssh",
                            "source_ranges.#": "1",
                            "source_ranges.1080289494": "0.0.0.0/0",
                            "source_service_accounts.#": "0",
                            "source_tags.#": "0",
                            "target_service_accounts.#": "0",
                            "target_tags.#": "1",
                            "target_tags.752541349": "rampart"
                        },
                        "meta": {
                            "schema_version": "1"
                        },
                        "tainted": false
                    },
                    "deposed": [],
                    "provider": "provider.google"
                },
                "google_compute_firewall.realtime_proxy_allow_83": {
                    "type": "google_compute_firewall",
                    "depends_on": [],
                    "primary": {
                        "id": "realtime-proxy-allow-83",
                        "attributes": {
                            "allow.#": "1",
                            "allow.997018867.ports.#": "1",
                            "allow.997018867.ports.0": "83",
                            "allow.997018867.protocol": "tcp",
                            "creation_timestamp": "2016-09-19T03:44:18.506-07:00",
                            "deny.#": "0",
                            "description": "",
                            "destination_ranges.#": "0",
                            "direction": "INGRESS",
                            "disabled": "false",
                            "enable_logging": "false",
                            "id": "realtime-proxy-allow-83",
                            "name": "realtime-proxy-allow-83",
                            "network": "https://www.googleapis.com/compute/v1/projects/waze-development/global/networks/default",
                            "priority": "1000",
                            "project": "waze-development",
                            "self_link": "https://www.googleapis.com/compute/v1/projects/waze-development/global/firewalls/realtime-proxy-allow-83",
                            "source_ranges.#": "0",
                            "source_service_accounts.#": "0",
                            "source_tags.#": "1",
                            "source_tags.2263735106": "realtime-proxy-83-client",
                            "target_service_accounts.#": "0",
                            "target_tags.#": "1",
                            "target_tags.509538232": "realtime-proxy-83"
                        },
                        "meta": {
                            "schema_version": "1"
                        },
                        "tainted": false
                    },
                    "deposed": [],
                    "provider": "provider.google"
                },
                "google_compute_firewall.sergey_test_redis": {
                    "type": "google_compute_firewall",
                    "depends_on": [],
                    "primary": {
                        "id": "sergey-test-redis",
                        "attributes": {
                            "allow.#": "1",
                            "allow.1870923232.ports.#": "0",
                            "allow.1870923232.protocol": "all",
                            "creation_timestamp": "2019-01-06T06:17:46.095-08:00",
                            "deny.#": "0",
                            "description": "",
                            "destination_ranges.#": "0",
                            "direction": "INGRESS",
                            "disabled": "false",
                            "enable_logging": "false",
                            "id": "sergey-test-redis",
                            "name": "sergey-test-redis",
                            "network": "https://www.googleapis.com/compute/v1/projects/waze-development/global/networks/cassandra-on-k8s",
                            "priority": "1000",
                            "project": "waze-development",
                            "self_link": "https://www.googleapis.com/compute/v1/projects/waze-development/global/firewalls/sergey-test-redis",
                            "source_ranges.#": "19",
                            "source_ranges.1047000204": "10.138.0.0/20",
                            "source_ranges.1300073734": "10.158.0.0/20",
                            "source_ranges.1334610807": "10.146.0.0/20",
                            "source_ranges.1492623156": "10.156.0.0/20",
                            "source_ranges.1510381893": "10.148.0.0/20",
                            "source_ranges.1635427313": "10.166.0.0/20",
                            "source_ranges.1961931203": "10.168.0.0/20",
                            "source_ranges.2313388784": "10.140.0.0/20",
                            "source_ranges.2660800179": "10.150.0.0/20",
                            "source_ranges.2803214966": "10.160.0.0/20",
                            "source_ranges.2947016772": "10.132.0.0/20",
                            "source_ranges.2960047669": "10.170.0.0/20",
                            "source_ranges.3418785165": "10.142.0.0/20",
                            "source_ranges.3703411150": "10.152.0.0/20",
                            "source_ranges.3845172491": "10.162.0.0/20",
                            "source_ranges.3984781113": "10.130.0.0/20",
                            "source_ranges.450009161": "10.154.0.0/20",
                            "source_ranges.593470604": "10.164.0.0/20",
                            "source_ranges.689758415": "10.128.0.0/20",
                            "source_service_accounts.#": "0",
                            "source_tags.#": "0",
                            "target_service_accounts.#": "0",
                            "target_tags.#": "0"
                        },
                        "meta": {
                            "schema_version": "1"
                        },
                        "tainted": false
                    },
                    "deposed": [],
                    "provider": "provider.google"
                },
                "google_compute_firewall.ssh": {
                    "type": "google_compute_firewall",
                    "depends_on": [],
                    "primary": {
                        "id": "ssh",
                        "attributes": {
                            "allow.#": "1",
                            "allow.803338340.ports.#": "1",
                            "allow.803338340.ports.0": "22",
                            "allow.803338340.protocol": "tcp",
                            "creation_timestamp": "2015-01-09T11:49:48.425-08:00",
                            "deny.#": "0",
                            "description": "",
                            "destination_ranges.#": "0",
                            "direction": "INGRESS",
                            "disabled": "false",
                            "enable_logging": "false",
                            "id": "ssh",
                            "name": "ssh",
                            "network": "https://www.googleapis.com/compute/v1/projects/waze-development/global/networks/default",
                            "priority": "1000",
                            "project": "waze-development",
                            "self_link": "https://www.googleapis.com/compute/v1/projects/waze-development/global/firewalls/ssh",
                            "source_ranges.#": "44",
                            "source_ranges.1046898794": "172.20.0.0/16",
                            "source_ranges.1263359686": "104.134.21.0/24",
                            "source_ranges.1298157859": "104.132.78.0/24",
                            "source_ranges.1305005408": "74.125.116.0/22",
                            "source_ranges.1330517392": "212.179.82.64/28",
                            "source_ranges.1444715677": "104.132.36.64/27",
                            "source_ranges.1587000589": "216.239.55.188/31",
                            "source_ranges.1939080352": "74.125.59.17/32",
                            "source_ranges.2050257424": "54.195.80.116/32",
                            "source_ranges.2070176620": "104.132.52.0/24",
                            "source_ranges.2132968402": "216.239.55.189/32",
                            "source_ranges.2239780094": "212.179.82.66/31",
                            "source_ranges.2270841019": "31.154.8.66/32",
                            "source_ranges.2307612324": "31.154.8.68/30",
                            "source_ranges.2346771583": "212.179.82.74/32",
                            "source_ranges.2458974343": "74.125.56.128/29",
                            "source_ranges.2515527509": "31.154.8.65/32",
                            "source_ranges.258991140": "31.154.2.234/32",
                            "source_ranges.2603167747": "54.197.192.19/32",
                            "source_ranges.2672901847": "31.154.8.70/32",
                            "source_ranges.2766501675": "74.125.56.129/32",
                            "source_ranges.284174114": "216.239.55.84/31",
                            "source_ranges.2860070112": "74.125.120.0/22",
                            "source_ranges.2873089243": "54.197.192.35/32",
                            "source_ranges.2947832062": "176.106.227.66/32",
                            "source_ranges.3244800558": "104.132.154.0/24",
                            "source_ranges.3246624180": "104.132.34.64/27",
                            "source_ranges.3263698293": "54.195.80.117/32",
                            "source_ranges.327400382": "54.197.192.34/32",
                            "source_ranges.3476513397": "66.102.14.24/30",
                            "source_ranges.3567081583": "31.154.8.64/28",
                            "source_ranges.3616376864": "74.125.56.132/31",
                            "source_ranges.4033582591": "216.239.55.42/31",
                            "source_ranges.4058400618": "74.125.61.227/32",
                            "source_ranges.4061790783": "216.239.33.60/30",
                            "source_ranges.4062748790": "216.239.35.0/24",
                            "source_ranges.4107350230": "54.247.177.108/32",
                            "source_ranges.4260368834": "104.132.51.0/24",
                            "source_ranges.580833326": "66.102.14.16/30",
                            "source_ranges.65703490": "74.125.59.22/32",
                            "source_ranges.768651532": "72.14.224.0/21",
                            "source_ranges.826610173": "216.239.55.85/32",
                            "source_ranges.927470242": "130.211.71.75/32",
                            "source_ranges.932159224": "216.239.45.0/24",
                            "source_service_accounts.#": "0",
                            "source_tags.#": "0",
                            "target_service_accounts.#": "0",
                            "target_tags.#": "0"
                        },
                        "meta": {
                            "schema_version": "1"
                        },
                        "tainted": false
                    },
                    "deposed": [],
                    "provider": "provider.google"
                },
                "google_compute_firewall.ssh_22": {
                    "type": "google_compute_firewall",
                    "depends_on": [],
                    "primary": {
                        "id": "ssh-22",
                        "attributes": {
                            "allow.#": "1",
                            "allow.803338340.ports.#": "1",
                            "allow.803338340.ports.0": "22",
                            "allow.803338340.protocol": "tcp",
                            "creation_timestamp": "2015-11-02T23:39:05.407-08:00",
                            "deny.#": "0",
                            "description": "port 22 for SSH",
                            "destination_ranges.#": "0",
                            "direction": "INGRESS",
                            "disabled": "false",
                            "enable_logging": "false",
                            "id": "ssh-22",
                            "name": "ssh-22",
                            "network": "https://www.googleapis.com/compute/v1/projects/waze-development/global/networks/routing-qa-network",
                            "priority": "1000",
                            "project": "waze-development",
                            "self_link": "https://www.googleapis.com/compute/v1/projects/waze-development/global/firewalls/ssh-22",
                            "source_ranges.#": "38",
                            "source_ranges.1046898794": "172.20.0.0/16",
                            "source_ranges.1305005408": "74.125.116.0/22",
                            "source_ranges.1330517392": "212.179.82.64/28",
                            "source_ranges.1587000589": "216.239.55.188/31",
                            "source_ranges.2050257424": "54.195.80.116/32",
                            "source_ranges.2070176620": "104.132.52.0/24",
                            "source_ranges.2132968402": "216.239.55.189/32",
                            "source_ranges.2239780094": "212.179.82.66/31",
                            "source_ranges.2270841019": "31.154.8.66/32",
                            "source_ranges.2307612324": "31.154.8.68/30",
                            "source_ranges.2346771583": "212.179.82.74/32",
                            "source_ranges.2458974343": "74.125.56.128/29",
                            "source_ranges.2515527509": "31.154.8.65/32",
                            "source_ranges.258991140": "31.154.2.234/32",
                            "source_ranges.2766501675": "74.125.56.129/32",
                            "source_ranges.284174114": "216.239.55.84/31",
                            "source_ranges.2860070112": "74.125.120.0/22",
                            "source_ranges.2873089243": "54.197.192.35/32",
                            "source_ranges.3177508410": "54.164.36.196/32",
                            "source_ranges.3246624180": "104.132.34.64/27",
                            "source_ranges.3263698293": "54.195.80.117/32",
                            "source_ranges.327400382": "54.197.192.34/32",
                            "source_ranges.3476513397": "66.102.14.24/30",
                            "source_ranges.3567081583": "31.154.8.64/28",
                            "source_ranges.3616376864": "74.125.56.132/31",
                            "source_ranges.3945864696": "54.197.192.80/32",
                            "source_ranges.4033582591": "216.239.55.42/31",
                            "source_ranges.4058400618": "74.125.61.227/32",
                            "source_ranges.4061790783": "216.239.33.60/30",
                            "source_ranges.4062748790": "216.239.35.0/24",
                            "source_ranges.4107350230": "54.247.177.108/32",
                            "source_ranges.580833326": "66.102.14.16/30",
                            "source_ranges.602829660": "54.84.123.13/32",
                            "source_ranges.768651532": "72.14.224.0/21",
                            "source_ranges.812164363": "104.155.3.206/32",
                            "source_ranges.826610173": "216.239.55.85/32",
                            "source_ranges.927470242": "130.211.71.75/32",
                            "source_ranges.932159224": "216.239.45.0/24",
                            "source_service_accounts.#": "0",
                            "source_tags.#": "0",
                            "target_service_accounts.#": "0",
                            "target_tags.#": "0"
                        },
                        "meta": {
                            "schema_version": "1"
                        },
                        "tainted": false
                    },
                    "deposed": [],
                    "provider": "provider.google"
                },
                "google_compute_firewall.ssh_from_il_waze_aws": {
                    "type": "google_compute_firewall",
                    "depends_on": [],
                    "primary": {
                        "id": "ssh-from-il-waze-aws",
                        "attributes": {
                            "allow.#": "1",
                            "allow.803338340.ports.#": "1",
                            "allow.803338340.ports.0": "22",
                            "allow.803338340.protocol": "tcp",
                            "creation_timestamp": "2015-11-25T01:59:41.498-08:00",
                            "deny.#": "0",
                            "description": "",
                            "destination_ranges.#": "0",
                            "direction": "INGRESS",
                            "disabled": "false",
                            "enable_logging": "false",
                            "id": "ssh-from-il-waze-aws",
                            "name": "ssh-from-il-waze-aws",
                            "network": "https://www.googleapis.com/compute/v1/projects/waze-development/global/networks/default",
                            "priority": "1000",
                            "project": "waze-development",
                            "self_link": "https://www.googleapis.com/compute/v1/projects/waze-development/global/firewalls/ssh-from-il-waze-aws",
                            "source_ranges.#": "6",
                            "source_ranges.2057369827": "52.16.237.68/32",
                            "source_ranges.2503191304": "54.197.221.118/32",
                            "source_ranges.3012199273": "52.49.194.217/32",
                            "source_ranges.3187711006": "54.195.80.7/32",
                            "source_ranges.3969952880": "79.125.17.183/32",
                            "source_ranges.602829660": "54.84.123.13/32",
                            "source_service_accounts.#": "0",
                            "source_tags.#": "0",
                            "target_service_accounts.#": "0",
                            "target_tags.#": "1",
                            "target_tags.4167020629": "ssh-from-il-waze-aws"
                        },
                        "meta": {
                            "schema_version": "1"
                        },
                        "tainted": false
                    },
                    "deposed": [],
                    "provider": "provider.google"
                },
                "google_compute_firewall.stackstorm_google_a": {
                    "type": "google_compute_firewall",
                    "depends_on": [],
                    "primary": {
                        "id": "stackstorm-google-a",
                        "attributes": {
                            "allow.#": "1",
                            "allow.1741389111.ports.#": "1",
                            "allow.1741389111.ports.0": "444",
                            "allow.1741389111.protocol": "tcp",
                            "creation_timestamp": "2017-07-25T06:28:49.001-07:00",
                            "deny.#": "0",
                            "description": "Access to StackStorm POC from Google-A only",
                            "destination_ranges.#": "0",
                            "direction": "INGRESS",
                            "disabled": "false",
                            "enable_logging": "false",
                            "id": "stackstorm-google-a",
                            "name": "stackstorm-google-a",
                            "network": "https://www.googleapis.com/compute/v1/projects/waze-development/global/networks/default",
                            "priority": "1000",
                            "project": "waze-development",
                            "self_link": "https://www.googleapis.com/compute/v1/projects/waze-development/global/firewalls/stackstorm-google-a",
                            "source_ranges.#": "0",
                            "source_service_accounts.#": "0",
                            "source_tags.#": "1",
                            "source_tags.2907711793": "row-stackstorm",
                            "target_service_accounts.#": "0",
                            "target_tags.#": "1",
                            "target_tags.2907711793": "row-stackstorm"
                        },
                        "meta": {
                            "schema_version": "1"
                        },
                        "tainted": false
                    },
                    "deposed": [],
                    "provider": "provider.google"
                },
                "google_compute_firewall.stunnel": {
                    "type": "google_compute_firewall",
                    "depends_on": [],
                    "primary": {
                        "id": "stunnel",
                        "attributes": {
                            "allow.#": "12",
                            "allow.1036505288.ports.#": "1",
                            "allow.1036505288.ports.0": "30003",
                            "allow.1036505288.protocol": "tcp",
                            "allow.1085285517.ports.#": "1",
                            "allow.1085285517.ports.0": "30006",
                            "allow.1085285517.protocol": "tcp",
                            "allow.1504384460.ports.#": "1",
                            "allow.1504384460.ports.0": "30007",
                            "allow.1504384460.protocol": "tcp",
                            "allow.1805481806.ports.#": "1",
                            "allow.1805481806.ports.0": "30005",
                            "allow.1805481806.protocol": "tcp",
                            "allow.1921402383.ports.#": "1",
                            "allow.1921402383.ports.0": "30004",
                            "allow.1921402383.protocol": "tcp",
                            "allow.267498058.ports.#": "1",
                            "allow.267498058.ports.0": "30001",
                            "allow.267498058.protocol": "tcp",
                            "allow.3727886595.ports.#": "1",
                            "allow.3727886595.ports.0": "30008",
                            "allow.3727886595.protocol": "tcp",
                            "allow.384467723.ports.#": "1",
                            "allow.384467723.ports.0": "30000",
                            "allow.384467723.protocol": "tcp",
                            "allow.618455433.ports.#": "1",
                            "allow.618455433.ports.0": "30002",
                            "allow.618455433.protocol": "tcp",
                            "allow.781661177.ports.#": "1",
                            "allow.781661177.ports.0": "9162",
                            "allow.781661177.protocol": "tcp",
                            "allow.931922616.ports.#": "1",
                            "allow.931922616.ports.0": "9163",
                            "allow.931922616.protocol": "tcp",
                            "allow.96100410.ports.#": "1",
                            "allow.96100410.ports.0": "9161",
                            "allow.96100410.protocol": "tcp",
                            "creation_timestamp": "2017-07-19T00:52:22.862-07:00",
                            "deny.#": "0",
                            "description": "",
                            "destination_ranges.#": "0",
                            "direction": "INGRESS",
                            "disabled": "false",
                            "enable_logging": "false",
                            "id": "stunnel",
                            "name": "stunnel",
                            "network": "https://www.googleapis.com/compute/v1/projects/waze-development/global/networks/default",
                            "priority": "1000",
                            "project": "waze-development",
                            "self_link": "https://www.googleapis.com/compute/v1/projects/waze-development/global/firewalls/stunnel",
                            "source_ranges.#": "6",
                            "source_ranges.1416592093": "74.125.122.33",
                            "source_ranges.1693940047": "104.134.21.26/32",
                            "source_ranges.2067010505": "104.134.21.19/32",
                            "source_ranges.2304690964": "104.134.21.14/32",
                            "source_ranges.344585133": "104.134.21.13/32",
                            "source_ranges.4105767474": "31.154.8.70",
                            "source_service_accounts.#": "0",
                            "source_tags.#": "0",
                            "target_service_accounts.#": "0",
                            "target_tags.#": "1",
                            "target_tags.609476907": "stunnel"
                        },
                        "meta": {
                            "schema_version": "1"
                        },
                        "tainted": false
                    },
                    "deposed": [],
                    "provider": "provider.google"
                },
                "google_compute_firewall.suportool_testing": {
                    "type": "google_compute_firewall",
                    "depends_on": [],
                    "primary": {
                        "id": "suportool-testing",
                        "attributes": {
                            "allow.#": "1",
                            "allow.680193008.ports.#": "1",
                            "allow.680193008.ports.0": "443",
                            "allow.680193008.protocol": "tcp",
                            "creation_timestamp": "2017-01-30T06:35:39.180-08:00",
                            "deny.#": "0",
                            "description": "",
                            "destination_ranges.#": "0",
                            "direction": "INGRESS",
                            "disabled": "false",
                            "enable_logging": "false",
                            "id": "suportool-testing",
                            "name": "suportool-testing",
                            "network": "https://www.googleapis.com/compute/v1/projects/waze-development/global/networks/default",
                            "priority": "1000",
                            "project": "waze-development",
                            "self_link": "https://www.googleapis.com/compute/v1/projects/waze-development/global/firewalls/suportool-testing",
                            "source_ranges.#": "4",
                            "source_ranges.1263359686": "104.134.21.0/24",
                            "source_ranges.1416592093": "74.125.122.33",
                            "source_ranges.2755709316": "54.195.80.116",
                            "source_ranges.3544709394": "54.195.80.117",
                            "source_service_accounts.#": "0",
                            "source_tags.#": "0",
                            "target_service_accounts.#": "0",
                            "target_tags.#": "1",
                            "target_tags.1677932794": "supportool-testing"
                        },
                        "meta": {
                            "schema_version": "1"
                        },
                        "tainted": false
                    },
                    "deposed": [],
                    "provider": "provider.google"
                },
                "google_compute_firewall.test": {
                    "type": "google_compute_firewall",
                    "depends_on": [],
                    "primary": {
                        "id": "test",
                        "attributes": {
                            "allow.#": "1",
                            "allow.1870923232.ports.#": "0",
                            "allow.1870923232.protocol": "all",
                            "creation_timestamp": "2018-08-17T11:08:36.164-07:00",
                            "deny.#": "0",
                            "description": "",
                            "destination_ranges.#": "0",
                            "direction": "INGRESS",
                            "disabled": "false",
                            "enable_logging": "false",
                            "id": "test",
                            "name": "test",
                            "network": "https://www.googleapis.com/compute/v1/projects/waze-development/global/networks/cassandra-on-k8s",
                            "priority": "1000",
                            "project": "waze-development",
                            "self_link": "https://www.googleapis.com/compute/v1/projects/waze-development/global/firewalls/test",
                            "source_ranges.#": "1",
                            "source_ranges.1080289494": "0.0.0.0/0",
                            "source_service_accounts.#": "0",
                            "source_tags.#": "0",
                            "target_service_accounts.#": "0",
                            "target_tags.#": "1",
                            "target_tags.3632233996": "test"
                        },
                        "meta": {
                            "schema_version": "1"
                        },
                        "tainted": false
                    },
                    "deposed": [],
                    "provider": "provider.google"
                },
                "google_compute_firewall.ttsgw": {
                    "type": "google_compute_firewall",
                    "depends_on": [],
                    "primary": {
                        "id": "ttsgw",
                        "attributes": {
                            "allow.#": "1",
                            "allow.272637744.ports.#": "1",
                            "allow.272637744.ports.0": "80",
                            "allow.272637744.protocol": "tcp",
                            "creation_timestamp": "2016-01-25T00:39:57.285-08:00",
                            "deny.#": "0",
                            "description": "",
                            "destination_ranges.#": "0",
                            "direction": "INGRESS",
                            "disabled": "false",
                            "enable_logging": "false",
                            "id": "ttsgw",
                            "name": "ttsgw",
                            "network": "https://www.googleapis.com/compute/v1/projects/waze-development/global/networks/default",
                            "priority": "1000",
                            "project": "waze-development",
                            "self_link": "https://www.googleapis.com/compute/v1/projects/waze-development/global/firewalls/ttsgw",
                            "source_ranges.#": "2",
                            "source_ranges.2192388802": "130.211.0.0/22",
                            "source_ranges.2394378644": "35.191.0.0/16",
                            "source_service_accounts.#": "0",
                            "source_tags.#": "0",
                            "target_service_accounts.#": "0",
                            "target_tags.#": "1",
                            "target_tags.2621917487": "ttsgw"
                        },
                        "meta": {
                            "schema_version": "1"
                        },
                        "tainted": false
                    },
                    "deposed": [],
                    "provider": "provider.google"
                }
            },
            "depends_on": []
        }
    ]
}
