{
    "version": 3,
    "terraform_version": "0.11.10",
    "serial": 1,
    "lineage": "77654102-8348-7990-10c6-3265ab907fe9",
    "modules": [
        {
            "path": [
                "root"
            ],
            "outputs": {},
            "resources": {
                "google_compute_backend_service.admanage_stg_stg1_backend_service": {
                    "type": "google_compute_backend_service",
                    "depends_on": [],
                    "primary": {
                        "id": "admanage-stg-stg1-backend-service",
                        "attributes": {
                            "backend.#": "1",
                            "backend.2113919183.balancing_mode": "RATE",
                            "backend.2113919183.capacity_scaler": "1",
                            "backend.2113919183.description": "",
                            "backend.2113919183.group": "https://www.googleapis.com/compute/beta/projects/waze-development/zones/europe-west1-d/instanceGroups/admanage-stg-stg1-v032",
                            "backend.2113919183.max_connections": "0",
                            "backend.2113919183.max_connections_per_instance": "0",
                            "backend.2113919183.max_rate": "0",
                            "backend.2113919183.max_rate_per_instance": "1000",
                            "backend.2113919183.max_utilization": "0",
                            "cdn_policy.#": "0",
                            "connection_draining_timeout_sec": "300",
                            "custom_request_headers.#": "0",
                            "description": "",
                            "enable_cdn": "false",
                            "fingerprint": "IXDQGDD0kLQ=",
                            "health_checks.#": "1",
                            "health_checks.1949193375": "https://www.googleapis.com/compute/beta/projects/waze-development/global/httpHealthChecks/admanage-stg",
                            "iap.#": "0",
                            "id": "admanage-stg-stg1-backend-service",
                            "name": "admanage-stg-stg1-backend-service",
                            "port_name": "http",
                            "project": "waze-development",
                            "protocol": "HTTP",
                            "security_policy": "",
                            "self_link": "https://www.googleapis.com/compute/v1/projects/waze-development/global/backendServices/admanage-stg-stg1-backend-service",
                            "session_affinity": "NONE",
                            "timeout_sec": "30"
                        },
                        "meta": {
                            "schema_version": "1"
                        },
                        "tainted": false
                    },
                    "deposed": [],
                    "provider": "provider.google"
                },
                "google_compute_backend_service.adsmanagementapi_stg_stg1_proxy_be": {
                    "type": "google_compute_backend_service",
                    "depends_on": [],
                    "primary": {
                        "id": "adsmanagementapi-stg-stg1-proxy-be",
                        "attributes": {
                            "backend.#": "2",
                            "backend.3450783432.balancing_mode": "UTILIZATION",
                            "backend.3450783432.capacity_scaler": "1",
                            "backend.3450783432.description": "",
                            "backend.3450783432.group": "https://www.googleapis.com/compute/beta/projects/waze-development/regions/europe-west1/instanceGroups/adsmanagementapi-stg-stg1-v004",
                            "backend.3450783432.max_connections": "0",
                            "backend.3450783432.max_connections_per_instance": "0",
                            "backend.3450783432.max_rate": "0",
                            "backend.3450783432.max_rate_per_instance": "0",
                            "backend.3450783432.max_utilization": "0.8",
                            "backend.4028574228.balancing_mode": "UTILIZATION",
                            "backend.4028574228.capacity_scaler": "1",
                            "backend.4028574228.description": "",
                            "backend.4028574228.group": "https://www.googleapis.com/compute/beta/projects/waze-development/regions/europe-west1/instanceGroups/adsmanagementapi-stg-stg1-v005",
                            "backend.4028574228.max_connections": "0",
                            "backend.4028574228.max_connections_per_instance": "0",
                            "backend.4028574228.max_rate": "0",
                            "backend.4028574228.max_rate_per_instance": "0",
                            "backend.4028574228.max_utilization": "0.8",
                            "cdn_policy.#": "0",
                            "connection_draining_timeout_sec": "300",
                            "custom_request_headers.#": "0",
                            "description": "",
                            "enable_cdn": "false",
                            "fingerprint": "QC5s02tO2P4=",
                            "health_checks.#": "1",
                            "health_checks.253732126": "https://www.googleapis.com/compute/beta/projects/waze-development/global/healthChecks/adsmanagementapi-hc",
                            "iap.#": "0",
                            "id": "adsmanagementapi-stg-stg1-proxy-be",
                            "name": "adsmanagementapi-stg-stg1-proxy-be",
                            "port_name": "http",
                            "project": "waze-development",
                            "protocol": "HTTP2",
                            "security_policy": "",
                            "self_link": "https://www.googleapis.com/compute/v1/projects/waze-development/global/backendServices/adsmanagementapi-stg-stg1-proxy-be",
                            "session_affinity": "NONE",
                            "timeout_sec": "30"
                        },
                        "meta": {
                            "schema_version": "1"
                        },
                        "tainted": false
                    },
                    "deposed": [],
                    "provider": "provider.google"
                },
                "google_compute_backend_service.aef_realtime__login__prober__prod__il_20181231t154600_bs": {
                    "type": "google_compute_backend_service",
                    "depends_on": [],
                    "primary": {
                        "id": "aef-realtime--login--prober--prod--il-20181231t154600-bs",
                        "attributes": {
                            "backend.#": "1",
                            "backend.2720780136.balancing_mode": "UTILIZATION",
                            "backend.2720780136.capacity_scaler": "1",
                            "backend.2720780136.description": "",
                            "backend.2720780136.group": "https://www.googleapis.com/compute/beta/projects/waze-development/regions/us-central1/instanceGroups/aef-realtime--login--prober--prod--il-20181231t154600-00",
                            "backend.2720780136.max_connections": "0",
                            "backend.2720780136.max_connections_per_instance": "0",
                            "backend.2720780136.max_rate": "0",
                            "backend.2720780136.max_rate_per_instance": "0",
                            "backend.2720780136.max_utilization": "0.8",
                            "cdn_policy.#": "0",
                            "connection_draining_timeout_sec": "0",
                            "custom_request_headers.#": "0",
                            "description": "",
                            "enable_cdn": "false",
                            "fingerprint": "XRReieBV8EY=",
                            "health_checks.#": "1",
                            "health_checks.1729913613": "https://www.googleapis.com/compute/beta/projects/waze-development/global/httpsHealthChecks/aef-realtime--login--prober--prod--il-20181231t154600-hcs",
                            "iap.#": "0",
                            "id": "aef-realtime--login--prober--prod--il-20181231t154600-bs",
                            "name": "aef-realtime--login--prober--prod--il-20181231t154600-bs",
                            "port_name": "https",
                            "project": "waze-development",
                            "protocol": "HTTPS",
                            "security_policy": "",
                            "self_link": "https://www.googleapis.com/compute/v1/projects/waze-development/global/backendServices/aef-realtime--login--prober--prod--il-20181231t154600-bs",
                            "session_affinity": "NONE",
                            "timeout_sec": "3610"
                        },
                        "meta": {
                            "schema_version": "1"
                        },
                        "tainted": false
                    },
                    "deposed": [],
                    "provider": "provider.google"
                },
                "google_compute_backend_service.aef_realtime__login__prober__stg_20181231t100523_bs": {
                    "type": "google_compute_backend_service",
                    "depends_on": [],
                    "primary": {
                        "id": "aef-realtime--login--prober--stg-20181231t100523-bs",
                        "attributes": {
                            "backend.#": "1",
                            "backend.701696622.balancing_mode": "UTILIZATION",
                            "backend.701696622.capacity_scaler": "1",
                            "backend.701696622.description": "",
                            "backend.701696622.group": "https://www.googleapis.com/compute/beta/projects/waze-development/regions/us-central1/instanceGroups/aef-realtime--login--prober--stg-20181231t100523-00",
                            "backend.701696622.max_connections": "0",
                            "backend.701696622.max_connections_per_instance": "0",
                            "backend.701696622.max_rate": "0",
                            "backend.701696622.max_rate_per_instance": "0",
                            "backend.701696622.max_utilization": "0.8",
                            "cdn_policy.#": "0",
                            "connection_draining_timeout_sec": "0",
                            "custom_request_headers.#": "0",
                            "description": "",
                            "enable_cdn": "false",
                            "fingerprint": "9Smm4tI18WA=",
                            "health_checks.#": "1",
                            "health_checks.2225900494": "https://www.googleapis.com/compute/beta/projects/waze-development/global/httpsHealthChecks/aef-realtime--login--prober--stg-20181231t100523-hcs",
                            "iap.#": "0",
                            "id": "aef-realtime--login--prober--stg-20181231t100523-bs",
                            "name": "aef-realtime--login--prober--stg-20181231t100523-bs",
                            "port_name": "https",
                            "project": "waze-development",
                            "protocol": "HTTPS",
                            "security_policy": "",
                            "self_link": "https://www.googleapis.com/compute/v1/projects/waze-development/global/backendServices/aef-realtime--login--prober--stg-20181231t100523-bs",
                            "session_affinity": "NONE",
                            "timeout_sec": "3610"
                        },
                        "meta": {
                            "schema_version": "1"
                        },
                        "tainted": false
                    },
                    "deposed": [],
                    "provider": "provider.google"
                },
                "google_compute_backend_service.aef_routing__regression_20180124t102927_bs": {
                    "type": "google_compute_backend_service",
                    "depends_on": [],
                    "primary": {
                        "id": "aef-routing--regression-20180124t102927-bs",
                        "attributes": {
                            "backend.#": "1",
                            "backend.3343899420.balancing_mode": "UTILIZATION",
                            "backend.3343899420.capacity_scaler": "1",
                            "backend.3343899420.description": "",
                            "backend.3343899420.group": "https://www.googleapis.com/compute/beta/projects/waze-development/regions/us-central1/instanceGroups/aef-routing--regression-20180124t102927-00",
                            "backend.3343899420.max_connections": "0",
                            "backend.3343899420.max_connections_per_instance": "0",
                            "backend.3343899420.max_rate": "0",
                            "backend.3343899420.max_rate_per_instance": "0",
                            "backend.3343899420.max_utilization": "0.8",
                            "cdn_policy.#": "0",
                            "connection_draining_timeout_sec": "0",
                            "custom_request_headers.#": "0",
                            "description": "",
                            "enable_cdn": "false",
                            "fingerprint": "GDcfO8OHzfM=",
                            "health_checks.#": "1",
                            "health_checks.70102128": "https://www.googleapis.com/compute/beta/projects/waze-development/global/httpsHealthChecks/aef-routing--regression-20180124t102927-hcs",
                            "iap.#": "0",
                            "id": "aef-routing--regression-20180124t102927-bs",
                            "name": "aef-routing--regression-20180124t102927-bs",
                            "port_name": "https",
                            "project": "waze-development",
                            "protocol": "HTTPS",
                            "security_policy": "",
                            "self_link": "https://www.googleapis.com/compute/v1/projects/waze-development/global/backendServices/aef-routing--regression-20180124t102927-bs",
                            "session_affinity": "NONE",
                            "timeout_sec": "3610"
                        },
                        "meta": {
                            "schema_version": "1"
                        },
                        "tainted": false
                    },
                    "deposed": [],
                    "provider": "provider.google"
                },
                "google_compute_backend_service.carpoolmatchingdispatcher_stg_stg1": {
                    "type": "google_compute_backend_service",
                    "depends_on": [],
                    "primary": {
                        "id": "carpoolmatchingdispatcher-stg-stg1",
                        "attributes": {
                            "backend.#": "14",
                            "backend.1142780237.balancing_mode": "RATE",
                            "backend.1142780237.capacity_scaler": "1",
                            "backend.1142780237.description": "",
                            "backend.1142780237.group": "https://www.googleapis.com/compute/beta/projects/waze-development/regions/europe-west1/instanceGroups/carpoolmatchingdispatcher-bundle-p7-stg1-v015",
                            "backend.1142780237.max_connections": "0",
                            "backend.1142780237.max_connections_per_instance": "0",
                            "backend.1142780237.max_rate": "0",
                            "backend.1142780237.max_rate_per_instance": "80",
                            "backend.1142780237.max_utilization": "0",
                            "backend.1285439687.balancing_mode": "RATE",
                            "backend.1285439687.capacity_scaler": "1",
                            "backend.1285439687.description": "",
                            "backend.1285439687.group": "https://www.googleapis.com/compute/beta/projects/waze-development/regions/europe-west1/instanceGroups/carpoolmatchingdispatcher-bundle-p1-stg1-v018",
                            "backend.1285439687.max_connections": "0",
                            "backend.1285439687.max_connections_per_instance": "0",
                            "backend.1285439687.max_rate": "0",
                            "backend.1285439687.max_rate_per_instance": "80",
                            "backend.1285439687.max_utilization": "0",
                            "backend.1406088722.balancing_mode": "RATE",
                            "backend.1406088722.capacity_scaler": "1",
                            "backend.1406088722.description": "",
                            "backend.1406088722.group": "https://www.googleapis.com/compute/beta/projects/waze-development/regions/europe-west1/instanceGroups/carpoolmatchingdispatcher-bundle-p2-stg1-v013",
                            "backend.1406088722.max_connections": "0",
                            "backend.1406088722.max_connections_per_instance": "0",
                            "backend.1406088722.max_rate": "0",
                            "backend.1406088722.max_rate_per_instance": "80",
                            "backend.1406088722.max_utilization": "0",
                            "backend.1573253298.balancing_mode": "RATE",
                            "backend.1573253298.capacity_scaler": "1",
                            "backend.1573253298.description": "",
                            "backend.1573253298.group": "https://www.googleapis.com/compute/beta/projects/waze-development/regions/europe-west1/instanceGroups/carpoolmatchingdispatcher-bundle-p2-stg1-v014",
                            "backend.1573253298.max_connections": "0",
                            "backend.1573253298.max_connections_per_instance": "0",
                            "backend.1573253298.max_rate": "0",
                            "backend.1573253298.max_rate_per_instance": "80",
                            "backend.1573253298.max_utilization": "0",
                            "backend.1765837629.balancing_mode": "RATE",
                            "backend.1765837629.capacity_scaler": "1",
                            "backend.1765837629.description": "",
                            "backend.1765837629.group": "https://www.googleapis.com/compute/beta/projects/waze-development/regions/europe-west1/instanceGroups/carpoolmatchingdispatcher-bundle-p0-stg1-v017",
                            "backend.1765837629.max_connections": "0",
                            "backend.1765837629.max_connections_per_instance": "0",
                            "backend.1765837629.max_rate": "0",
                            "backend.1765837629.max_rate_per_instance": "80",
                            "backend.1765837629.max_utilization": "0",
                            "backend.1889012418.balancing_mode": "RATE",
                            "backend.1889012418.capacity_scaler": "1",
                            "backend.1889012418.description": "",
                            "backend.1889012418.group": "https://www.googleapis.com/compute/beta/projects/waze-development/regions/europe-west1/instanceGroups/carpoolmatchingdispatcher-bundle-p5-stg1-v016",
                            "backend.1889012418.max_connections": "0",
                            "backend.1889012418.max_connections_per_instance": "0",
                            "backend.1889012418.max_rate": "0",
                            "backend.1889012418.max_rate_per_instance": "80",
                            "backend.1889012418.max_utilization": "0",
                            "backend.1943859543.balancing_mode": "RATE",
                            "backend.1943859543.capacity_scaler": "1",
                            "backend.1943859543.description": "",
                            "backend.1943859543.group": "https://www.googleapis.com/compute/beta/projects/waze-development/regions/europe-west1/instanceGroups/carpoolmatchingdispatcher-bundle-p6-stg1-v013",
                            "backend.1943859543.max_connections": "0",
                            "backend.1943859543.max_connections_per_instance": "0",
                            "backend.1943859543.max_rate": "0",
                            "backend.1943859543.max_rate_per_instance": "80",
                            "backend.1943859543.max_utilization": "0",
                            "backend.2111191031.balancing_mode": "RATE",
                            "backend.2111191031.capacity_scaler": "1",
                            "backend.2111191031.description": "",
                            "backend.2111191031.group": "https://www.googleapis.com/compute/beta/projects/waze-development/regions/europe-west1/instanceGroups/carpoolmatchingdispatcher-bundle-p6-stg1-v014",
                            "backend.2111191031.max_connections": "0",
                            "backend.2111191031.max_connections_per_instance": "0",
                            "backend.2111191031.max_rate": "0",
                            "backend.2111191031.max_rate_per_instance": "80",
                            "backend.2111191031.max_utilization": "0",
                            "backend.239123075.balancing_mode": "RATE",
                            "backend.239123075.capacity_scaler": "1",
                            "backend.239123075.description": "",
                            "backend.239123075.group": "https://www.googleapis.com/compute/beta/projects/waze-development/regions/europe-west1/instanceGroups/carpoolmatchingdispatcher-bundle-p4-stg1-v016",
                            "backend.239123075.max_connections": "0",
                            "backend.239123075.max_connections_per_instance": "0",
                            "backend.239123075.max_rate": "0",
                            "backend.239123075.max_rate_per_instance": "80",
                            "backend.239123075.max_utilization": "0",
                            "backend.3115061711.balancing_mode": "RATE",
                            "backend.3115061711.capacity_scaler": "1",
                            "backend.3115061711.description": "",
                            "backend.3115061711.group": "https://www.googleapis.com/compute/beta/projects/waze-development/regions/europe-west1/instanceGroups/carpoolmatchingdispatcher-bundle-p5-stg1-v015",
                            "backend.3115061711.max_connections": "0",
                            "backend.3115061711.max_connections_per_instance": "0",
                            "backend.3115061711.max_rate": "0",
                            "backend.3115061711.max_rate_per_instance": "80",
                            "backend.3115061711.max_utilization": "0",
                            "backend.3868678955.balancing_mode": "RATE",
                            "backend.3868678955.capacity_scaler": "1",
                            "backend.3868678955.description": "",
                            "backend.3868678955.group": "https://www.googleapis.com/compute/beta/projects/waze-development/regions/europe-west1/instanceGroups/carpoolmatchingdispatcher-stg-stg1-v036",
                            "backend.3868678955.max_connections": "0",
                            "backend.3868678955.max_connections_per_instance": "0",
                            "backend.3868678955.max_rate": "0",
                            "backend.3868678955.max_rate_per_instance": "100",
                            "backend.3868678955.max_utilization": "0",
                            "backend.589119731.balancing_mode": "RATE",
                            "backend.589119731.capacity_scaler": "1",
                            "backend.589119731.description": "",
                            "backend.589119731.group": "https://www.googleapis.com/compute/beta/projects/waze-development/regions/europe-west1/instanceGroups/carpoolmatchingdispatcher-bundle-p3-stg1-v014",
                            "backend.589119731.max_connections": "0",
                            "backend.589119731.max_connections_per_instance": "0",
                            "backend.589119731.max_rate": "0",
                            "backend.589119731.max_rate_per_instance": "80",
                            "backend.589119731.max_utilization": "0",
                            "backend.756516435.balancing_mode": "RATE",
                            "backend.756516435.capacity_scaler": "1",
                            "backend.756516435.description": "",
                            "backend.756516435.group": "https://www.googleapis.com/compute/beta/projects/waze-development/regions/europe-west1/instanceGroups/carpoolmatchingdispatcher-bundle-p3-stg1-v013",
                            "backend.756516435.max_connections": "0",
                            "backend.756516435.max_connections_per_instance": "0",
                            "backend.756516435.max_rate": "0",
                            "backend.756516435.max_rate_per_instance": "80",
                            "backend.756516435.max_utilization": "0",
                            "backend.843509894.balancing_mode": "RATE",
                            "backend.843509894.capacity_scaler": "1",
                            "backend.843509894.description": "",
                            "backend.843509894.group": "https://www.googleapis.com/compute/beta/projects/waze-development/regions/europe-west1/instanceGroups/carpoolmatchingdispatcher-bundle-p0-stg1-v018",
                            "backend.843509894.max_connections": "0",
                            "backend.843509894.max_connections_per_instance": "0",
                            "backend.843509894.max_rate": "0",
                            "backend.843509894.max_rate_per_instance": "80",
                            "backend.843509894.max_utilization": "0",
                            "cdn_policy.#": "0",
                            "connection_draining_timeout_sec": "300",
                            "custom_request_headers.#": "0",
                            "description": "",
                            "enable_cdn": "false",
                            "fingerprint": "_xetLCwIKUw=",
                            "health_checks.#": "1",
                            "health_checks.2273493599": "https://www.googleapis.com/compute/beta/projects/waze-development/global/healthChecks/microservice-healthcheck",
                            "iap.#": "0",
                            "id": "carpoolmatchingdispatcher-stg-stg1",
                            "name": "carpoolmatchingdispatcher-stg-stg1",
                            "port_name": "http",
                            "project": "waze-development",
                            "protocol": "HTTP",
                            "security_policy": "",
                            "self_link": "https://www.googleapis.com/compute/v1/projects/waze-development/global/backendServices/carpoolmatchingdispatcher-stg-stg1",
                            "session_affinity": "NONE",
                            "timeout_sec": "30"
                        },
                        "meta": {
                            "schema_version": "1"
                        },
                        "tainted": false
                    },
                    "deposed": [],
                    "provider": "provider.google"
                },
                "google_compute_backend_service.carpoolpayments_stg_stg1_bes": {
                    "type": "google_compute_backend_service",
                    "depends_on": [],
                    "primary": {
                        "id": "carpoolpayments-stg-stg1-bes",
                        "attributes": {
                            "backend.#": "1",
                            "backend.1848079410.balancing_mode": "UTILIZATION",
                            "backend.1848079410.capacity_scaler": "1",
                            "backend.1848079410.description": "",
                            "backend.1848079410.group": "https://www.googleapis.com/compute/beta/projects/waze-development/regions/europe-west1/instanceGroups/carpoolpayments-stg-stg1-v548",
                            "backend.1848079410.max_connections": "0",
                            "backend.1848079410.max_connections_per_instance": "0",
                            "backend.1848079410.max_rate": "0",
                            "backend.1848079410.max_rate_per_instance": "0",
                            "backend.1848079410.max_utilization": "0.8",
                            "cdn_policy.#": "0",
                            "connection_draining_timeout_sec": "0",
                            "custom_request_headers.#": "0",
                            "description": "",
                            "enable_cdn": "false",
                            "fingerprint": "HbGZeDPe3fU=",
                            "health_checks.#": "1",
                            "health_checks.4186593331": "https://www.googleapis.com/compute/beta/projects/waze-development/global/httpHealthChecks/microservice-healthcheck",
                            "iap.#": "0",
                            "id": "carpoolpayments-stg-stg1-bes",
                            "name": "carpoolpayments-stg-stg1-bes",
                            "port_name": "http",
                            "project": "waze-development",
                            "protocol": "HTTP",
                            "security_policy": "",
                            "self_link": "https://www.googleapis.com/compute/v1/projects/waze-development/global/backendServices/carpoolpayments-stg-stg1-bes",
                            "session_affinity": "NONE",
                            "timeout_sec": "30"
                        },
                        "meta": {
                            "schema_version": "1"
                        },
                        "tainted": false
                    },
                    "deposed": [],
                    "provider": "provider.google"
                },
                "google_compute_backend_service.carpooltesting_realtime_proxy_stg_be": {
                    "type": "google_compute_backend_service",
                    "depends_on": [],
                    "primary": {
                        "id": "carpooltesting-realtime-proxy-stg-be",
                        "attributes": {
                            "backend.#": "1",
                            "backend.2519446932.balancing_mode": "UTILIZATION",
                            "backend.2519446932.capacity_scaler": "0.5",
                            "backend.2519446932.description": "",
                            "backend.2519446932.group": "https://www.googleapis.com/compute/beta/projects/waze-development/regions/europe-west1/instanceGroups/carpooltesting-stg-realtime-v005",
                            "backend.2519446932.max_connections": "0",
                            "backend.2519446932.max_connections_per_instance": "0",
                            "backend.2519446932.max_rate": "0",
                            "backend.2519446932.max_rate_per_instance": "0",
                            "backend.2519446932.max_utilization": "0.5",
                            "cdn_policy.#": "0",
                            "connection_draining_timeout_sec": "300",
                            "custom_request_headers.#": "0",
                            "description": "",
                            "enable_cdn": "false",
                            "fingerprint": "NwkdJXqRKIc=",
                            "health_checks.#": "1",
                            "health_checks.2273493599": "https://www.googleapis.com/compute/beta/projects/waze-development/global/healthChecks/microservice-healthcheck",
                            "iap.#": "0",
                            "id": "carpooltesting-realtime-proxy-stg-be",
                            "name": "carpooltesting-realtime-proxy-stg-be",
                            "port_name": "http",
                            "project": "waze-development",
                            "protocol": "HTTP",
                            "security_policy": "",
                            "self_link": "https://www.googleapis.com/compute/v1/projects/waze-development/global/backendServices/carpooltesting-realtime-proxy-stg-be",
                            "session_affinity": "NONE",
                            "timeout_sec": "30"
                        },
                        "meta": {
                            "schema_version": "1"
                        },
                        "tainted": false
                    },
                    "deposed": [],
                    "provider": "provider.google"
                },
                "google_compute_backend_service.clienttiles_stg_stg1_backend_service": {
                    "type": "google_compute_backend_service",
                    "depends_on": [],
                    "primary": {
                        "id": "clienttiles-stg-stg1-backend-service",
                        "attributes": {
                            "backend.#": "2",
                            "backend.2440339832.balancing_mode": "UTILIZATION",
                            "backend.2440339832.capacity_scaler": "1",
                            "backend.2440339832.description": "",
                            "backend.2440339832.group": "https://www.googleapis.com/compute/beta/projects/waze-development/regions/europe-west1/instanceGroups/clienttiles-stg-stg1-v007",
                            "backend.2440339832.max_connections": "0",
                            "backend.2440339832.max_connections_per_instance": "0",
                            "backend.2440339832.max_rate": "0",
                            "backend.2440339832.max_rate_per_instance": "0",
                            "backend.2440339832.max_utilization": "0.8",
                            "backend.396314573.balancing_mode": "UTILIZATION",
                            "backend.396314573.capacity_scaler": "1",
                            "backend.396314573.description": "",
                            "backend.396314573.group": "https://www.googleapis.com/compute/beta/projects/waze-development/regions/europe-west1/instanceGroups/clienttiles-stg-stg1-v008",
                            "backend.396314573.max_connections": "0",
                            "backend.396314573.max_connections_per_instance": "0",
                            "backend.396314573.max_rate": "0",
                            "backend.396314573.max_rate_per_instance": "0",
                            "backend.396314573.max_utilization": "0.8",
                            "cdn_policy.#": "0",
                            "connection_draining_timeout_sec": "0",
                            "custom_request_headers.#": "0",
                            "description": "",
                            "enable_cdn": "false",
                            "fingerprint": "BkaPsc_Ypao=",
                            "health_checks.#": "1",
                            "health_checks.1027068840": "https://www.googleapis.com/compute/beta/projects/waze-development/global/httpHealthChecks/clienttiles-stg-stg1-hc",
                            "iap.#": "0",
                            "id": "clienttiles-stg-stg1-backend-service",
                            "name": "clienttiles-stg-stg1-backend-service",
                            "port_name": "http",
                            "project": "waze-development",
                            "protocol": "HTTP",
                            "security_policy": "",
                            "self_link": "https://www.googleapis.com/compute/v1/projects/waze-development/global/backendServices/clienttiles-stg-stg1-backend-service",
                            "session_affinity": "NONE",
                            "timeout_sec": "30"
                        },
                        "meta": {
                            "schema_version": "1"
                        },
                        "tainted": false
                    },
                    "deposed": [],
                    "provider": "provider.google"
                },
                "google_compute_backend_service.inbox_stg_stg1": {
                    "type": "google_compute_backend_service",
                    "depends_on": [],
                    "primary": {
                        "id": "inbox-stg-stg1",
                        "attributes": {
                            "backend.#": "1",
                            "backend.2260364554.balancing_mode": "UTILIZATION",
                            "backend.2260364554.capacity_scaler": "1",
                            "backend.2260364554.description": "",
                            "backend.2260364554.group": "https://www.googleapis.com/compute/beta/projects/waze-development/zones/europe-west1-d/instanceGroups/inbox-stg-stg1-v011",
                            "backend.2260364554.max_connections": "0",
                            "backend.2260364554.max_connections_per_instance": "0",
                            "backend.2260364554.max_rate": "0",
                            "backend.2260364554.max_rate_per_instance": "0",
                            "backend.2260364554.max_utilization": "0.6",
                            "cdn_policy.#": "0",
                            "connection_draining_timeout_sec": "0",
                            "custom_request_headers.#": "0",
                            "description": "",
                            "enable_cdn": "true",
                            "fingerprint": "9p2yTnNchOs=",
                            "health_checks.#": "1",
                            "health_checks.4186593331": "https://www.googleapis.com/compute/beta/projects/waze-development/global/httpHealthChecks/microservice-healthcheck",
                            "iap.#": "0",
                            "id": "inbox-stg-stg1",
                            "name": "inbox-stg-stg1",
                            "port_name": "http",
                            "project": "waze-development",
                            "protocol": "HTTP",
                            "security_policy": "",
                            "self_link": "https://www.googleapis.com/compute/v1/projects/waze-development/global/backendServices/inbox-stg-stg1",
                            "session_affinity": "NONE",
                            "timeout_sec": "30"
                        },
                        "meta": {
                            "schema_version": "1"
                        },
                        "tainted": false
                    },
                    "deposed": [],
                    "provider": "provider.google"
                },
                "google_compute_backend_service.incidents_stg_stg1_ebes": {
                    "type": "google_compute_backend_service",
                    "depends_on": [],
                    "primary": {
                        "id": "incidents-stg-stg1-ebes",
                        "attributes": {
                            "backend.#": "1",
                            "backend.195221964.balancing_mode": "RATE",
                            "backend.195221964.capacity_scaler": "1",
                            "backend.195221964.description": "",
                            "backend.195221964.group": "https://www.googleapis.com/compute/beta/projects/waze-development/regions/europe-west1/instanceGroups/incidents-stg-stg1-v002",
                            "backend.195221964.max_connections": "0",
                            "backend.195221964.max_connections_per_instance": "0",
                            "backend.195221964.max_rate": "0",
                            "backend.195221964.max_rate_per_instance": "10000",
                            "backend.195221964.max_utilization": "0",
                            "cdn_policy.#": "0",
                            "connection_draining_timeout_sec": "0",
                            "custom_request_headers.#": "0",
                            "description": "",
                            "enable_cdn": "false",
                            "fingerprint": "aflFiObbzfs=",
                            "health_checks.#": "1",
                            "health_checks.4186593331": "https://www.googleapis.com/compute/beta/projects/waze-development/global/httpHealthChecks/microservice-healthcheck",
                            "iap.#": "0",
                            "id": "incidents-stg-stg1-ebes",
                            "name": "incidents-stg-stg1-ebes",
                            "port_name": "http",
                            "project": "waze-development",
                            "protocol": "HTTP",
                            "security_policy": "",
                            "self_link": "https://www.googleapis.com/compute/v1/projects/waze-development/global/backendServices/incidents-stg-stg1-ebes",
                            "session_affinity": "NONE",
                            "timeout_sec": "30"
                        },
                        "meta": {
                            "schema_version": "1"
                        },
                        "tainted": false
                    },
                    "deposed": [],
                    "provider": "provider.google"
                },
                "google_compute_backend_service.incidentsserver_stg_stg1_ebes": {
                    "type": "google_compute_backend_service",
                    "depends_on": [],
                    "primary": {
                        "id": "incidentsserver-stg-stg1-ebes",
                        "attributes": {
                            "backend.#": "0",
                            "cdn_policy.#": "0",
                            "connection_draining_timeout_sec": "0",
                            "custom_request_headers.#": "0",
                            "description": "",
                            "enable_cdn": "false",
                            "fingerprint": "MrbBvjAynbo=",
                            "health_checks.#": "1",
                            "health_checks.4186593331": "https://www.googleapis.com/compute/beta/projects/waze-development/global/httpHealthChecks/microservice-healthcheck",
                            "iap.#": "0",
                            "id": "incidentsserver-stg-stg1-ebes",
                            "name": "incidentsserver-stg-stg1-ebes",
                            "port_name": "http",
                            "project": "waze-development",
                            "protocol": "HTTP",
                            "security_policy": "",
                            "self_link": "https://www.googleapis.com/compute/v1/projects/waze-development/global/backendServices/incidentsserver-stg-stg1-ebes",
                            "session_affinity": "NONE",
                            "timeout_sec": "30"
                        },
                        "meta": {
                            "schema_version": "1"
                        },
                        "tainted": false
                    },
                    "deposed": [],
                    "provider": "provider.google"
                },
                "google_compute_backend_service.mapnikserver_livemap_stg1": {
                    "type": "google_compute_backend_service",
                    "depends_on": [],
                    "primary": {
                        "id": "mapnikserver-livemap-stg1",
                        "attributes": {
                            "backend.#": "1",
                            "backend.3925613282.balancing_mode": "UTILIZATION",
                            "backend.3925613282.capacity_scaler": "1",
                            "backend.3925613282.description": "",
                            "backend.3925613282.group": "https://www.googleapis.com/compute/beta/projects/waze-development/regions/europe-west1/instanceGroups/mapnik-livemap-stg1-v004",
                            "backend.3925613282.max_connections": "0",
                            "backend.3925613282.max_connections_per_instance": "0",
                            "backend.3925613282.max_rate": "0",
                            "backend.3925613282.max_rate_per_instance": "0",
                            "backend.3925613282.max_utilization": "0.8",
                            "cdn_policy.#": "0",
                            "connection_draining_timeout_sec": "300",
                            "custom_request_headers.#": "0",
                            "description": "",
                            "enable_cdn": "false",
                            "fingerprint": "R_S57izq8Tw=",
                            "health_checks.#": "1",
                            "health_checks.1791650921": "https://www.googleapis.com/compute/beta/projects/waze-development/global/healthChecks/mapnik-livemap-hc",
                            "iap.#": "0",
                            "id": "mapnikserver-livemap-stg1",
                            "name": "mapnikserver-livemap-stg1",
                            "port_name": "http",
                            "project": "waze-development",
                            "protocol": "HTTP",
                            "security_policy": "",
                            "self_link": "https://www.googleapis.com/compute/v1/projects/waze-development/global/backendServices/mapnikserver-livemap-stg1",
                            "session_affinity": "NONE",
                            "timeout_sec": "30"
                        },
                        "meta": {
                            "schema_version": "1"
                        },
                        "tainted": false
                    },
                    "deposed": [],
                    "provider": "provider.google"
                },
                "google_compute_backend_service.parkingrouting_stg_stg1_ebes": {
                    "type": "google_compute_backend_service",
                    "depends_on": [],
                    "primary": {
                        "id": "parkingrouting-stg-stg1-ebes",
                        "attributes": {
                            "backend.#": "0",
                            "cdn_policy.#": "0",
                            "connection_draining_timeout_sec": "0",
                            "custom_request_headers.#": "0",
                            "description": "",
                            "enable_cdn": "false",
                            "fingerprint": "pSjOx2e5eNg=",
                            "health_checks.#": "1",
                            "health_checks.4186593331": "https://www.googleapis.com/compute/beta/projects/waze-development/global/httpHealthChecks/microservice-healthcheck",
                            "iap.#": "0",
                            "id": "parkingrouting-stg-stg1-ebes",
                            "name": "parkingrouting-stg-stg1-ebes",
                            "port_name": "http",
                            "project": "waze-development",
                            "protocol": "HTTP",
                            "security_policy": "",
                            "self_link": "https://www.googleapis.com/compute/v1/projects/waze-development/global/backendServices/parkingrouting-stg-stg1-ebes",
                            "session_affinity": "NONE",
                            "timeout_sec": "30"
                        },
                        "meta": {
                            "schema_version": "1"
                        },
                        "tainted": false
                    },
                    "deposed": [],
                    "provider": "provider.google"
                },
                "google_compute_backend_service.parkingserver_stg_stg1_ebes": {
                    "type": "google_compute_backend_service",
                    "depends_on": [],
                    "primary": {
                        "id": "parkingserver-stg-stg1-ebes",
                        "attributes": {
                            "backend.#": "0",
                            "cdn_policy.#": "0",
                            "connection_draining_timeout_sec": "0",
                            "custom_request_headers.#": "0",
                            "description": "",
                            "enable_cdn": "false",
                            "fingerprint": "s9k00UN2DDM=",
                            "health_checks.#": "1",
                            "health_checks.4186593331": "https://www.googleapis.com/compute/beta/projects/waze-development/global/httpHealthChecks/microservice-healthcheck",
                            "iap.#": "0",
                            "id": "parkingserver-stg-stg1-ebes",
                            "name": "parkingserver-stg-stg1-ebes",
                            "port_name": "http",
                            "project": "waze-development",
                            "protocol": "HTTP",
                            "security_policy": "",
                            "self_link": "https://www.googleapis.com/compute/v1/projects/waze-development/global/backendServices/parkingserver-stg-stg1-ebes",
                            "session_affinity": "NONE",
                            "timeout_sec": "30"
                        },
                        "meta": {
                            "schema_version": "1"
                        },
                        "tainted": false
                    },
                    "deposed": [],
                    "provider": "provider.google"
                },
                "google_compute_backend_service.realtime_georss_stg1_backend_service": {
                    "type": "google_compute_backend_service",
                    "depends_on": [],
                    "primary": {
                        "id": "realtime-georss-stg1-backend-service",
                        "attributes": {
                            "backend.#": "1",
                            "backend.848585094.balancing_mode": "UTILIZATION",
                            "backend.848585094.capacity_scaler": "1",
                            "backend.848585094.description": "",
                            "backend.848585094.group": "https://www.googleapis.com/compute/beta/projects/waze-development/zones/europe-west1-d/instanceGroups/realtime-georss-stg-v019",
                            "backend.848585094.max_connections": "0",
                            "backend.848585094.max_connections_per_instance": "0",
                            "backend.848585094.max_rate": "0",
                            "backend.848585094.max_rate_per_instance": "0",
                            "backend.848585094.max_utilization": "0.8",
                            "cdn_policy.#": "0",
                            "connection_draining_timeout_sec": "300",
                            "custom_request_headers.#": "0",
                            "description": "",
                            "enable_cdn": "false",
                            "fingerprint": "l40pnrWSVxg=",
                            "health_checks.#": "1",
                            "health_checks.2533922824": "https://www.googleapis.com/compute/beta/projects/waze-development/global/httpsHealthChecks/realtime-georss-stg1-ssl-hc",
                            "iap.#": "0",
                            "id": "realtime-georss-stg1-backend-service",
                            "name": "realtime-georss-stg1-backend-service",
                            "port_name": "http",
                            "project": "waze-development",
                            "protocol": "HTTPS",
                            "security_policy": "",
                            "self_link": "https://www.googleapis.com/compute/v1/projects/waze-development/global/backendServices/realtime-georss-stg1-backend-service",
                            "session_affinity": "NONE",
                            "timeout_sec": "30"
                        },
                        "meta": {
                            "schema_version": "1"
                        },
                        "tainted": false
                    },
                    "deposed": [],
                    "provider": "provider.google"
                },
                "google_compute_backend_service.realtime_proxy_stg_be": {
                    "type": "google_compute_backend_service",
                    "depends_on": [],
                    "primary": {
                        "id": "realtime-proxy-stg-be",
                        "attributes": {
                            "backend.#": "1",
                            "backend.63534019.balancing_mode": "UTILIZATION",
                            "backend.63534019.capacity_scaler": "1",
                            "backend.63534019.description": "",
                            "backend.63534019.group": "https://www.googleapis.com/compute/beta/projects/waze-development/zones/europe-west1-d/instanceGroups/realtime-proxy-stg-v019",
                            "backend.63534019.max_connections": "0",
                            "backend.63534019.max_connections_per_instance": "0",
                            "backend.63534019.max_rate": "0",
                            "backend.63534019.max_rate_per_instance": "0",
                            "backend.63534019.max_utilization": "0.6",
                            "cdn_policy.#": "1",
                            "cdn_policy.0.cache_key_policy.#": "1",
                            "cdn_policy.0.cache_key_policy.0.include_host": "true",
                            "cdn_policy.0.cache_key_policy.0.include_protocol": "true",
                            "cdn_policy.0.cache_key_policy.0.include_query_string": "true",
                            "cdn_policy.0.cache_key_policy.0.query_string_blacklist.#": "0",
                            "cdn_policy.0.cache_key_policy.0.query_string_whitelist.#": "0",
                            "connection_draining_timeout_sec": "300",
                            "custom_request_headers.#": "0",
                            "description": "",
                            "enable_cdn": "false",
                            "fingerprint": "J6RpTAHk3Tc=",
                            "health_checks.#": "1",
                            "health_checks.2389187855": "https://www.googleapis.com/compute/beta/projects/waze-development/global/healthChecks/realtime-proxy-stg-hc",
                            "iap.#": "0",
                            "id": "realtime-proxy-stg-be",
                            "name": "realtime-proxy-stg-be",
                            "port_name": "http",
                            "project": "waze-development",
                            "protocol": "TCP",
                            "security_policy": "",
                            "self_link": "https://www.googleapis.com/compute/v1/projects/waze-development/global/backendServices/realtime-proxy-stg-be",
                            "session_affinity": "NONE",
                            "timeout_sec": "300"
                        },
                        "meta": {
                            "schema_version": "1"
                        },
                        "tainted": false
                    },
                    "deposed": [],
                    "provider": "provider.google"
                },
                "google_compute_backend_service.repositoy_server_stg_stg1_bes": {
                    "type": "google_compute_backend_service",
                    "depends_on": [],
                    "primary": {
                        "id": "repositoy-server-stg-stg1-bes",
                        "attributes": {
                            "backend.#": "1",
                            "backend.3396394363.balancing_mode": "UTILIZATION",
                            "backend.3396394363.capacity_scaler": "1",
                            "backend.3396394363.description": "",
                            "backend.3396394363.group": "https://www.googleapis.com/compute/beta/projects/waze-development/regions/europe-west1/instanceGroups/repository-server-stg-stg1-v006",
                            "backend.3396394363.max_connections": "0",
                            "backend.3396394363.max_connections_per_instance": "0",
                            "backend.3396394363.max_rate": "0",
                            "backend.3396394363.max_rate_per_instance": "0",
                            "backend.3396394363.max_utilization": "0.4",
                            "cdn_policy.#": "0",
                            "connection_draining_timeout_sec": "0",
                            "custom_request_headers.#": "0",
                            "description": "",
                            "enable_cdn": "false",
                            "fingerprint": "bzYxgq3CHxw=",
                            "health_checks.#": "1",
                            "health_checks.4186593331": "https://www.googleapis.com/compute/beta/projects/waze-development/global/httpHealthChecks/microservice-healthcheck",
                            "iap.#": "0",
                            "id": "repositoy-server-stg-stg1-bes",
                            "name": "repositoy-server-stg-stg1-bes",
                            "port_name": "http",
                            "project": "waze-development",
                            "protocol": "HTTP",
                            "security_policy": "",
                            "self_link": "https://www.googleapis.com/compute/v1/projects/waze-development/global/backendServices/repositoy-server-stg-stg1-bes",
                            "session_affinity": "NONE",
                            "timeout_sec": "30"
                        },
                        "meta": {
                            "schema_version": "1"
                        },
                        "tainted": false
                    },
                    "deposed": [],
                    "provider": "provider.google"
                },
                "google_compute_backend_service.reverseproxy_stg_stg1_ebes": {
                    "type": "google_compute_backend_service",
                    "depends_on": [],
                    "primary": {
                        "id": "reverseproxy-stg-stg1-ebes",
                        "attributes": {
                            "backend.#": "1",
                            "backend.2117266633.balancing_mode": "UTILIZATION",
                            "backend.2117266633.capacity_scaler": "1",
                            "backend.2117266633.description": "",
                            "backend.2117266633.group": "https://www.googleapis.com/compute/beta/projects/waze-development/regions/europe-west1/instanceGroups/reverseproxy-stg-stg1-v001",
                            "backend.2117266633.max_connections": "0",
                            "backend.2117266633.max_connections_per_instance": "0",
                            "backend.2117266633.max_rate": "0",
                            "backend.2117266633.max_rate_per_instance": "0",
                            "backend.2117266633.max_utilization": "0.8",
                            "cdn_policy.#": "0",
                            "connection_draining_timeout_sec": "0",
                            "custom_request_headers.#": "0",
                            "description": "",
                            "enable_cdn": "false",
                            "fingerprint": "A-HnfY7H5NY=",
                            "health_checks.#": "1",
                            "health_checks.4186593331": "https://www.googleapis.com/compute/beta/projects/waze-development/global/httpHealthChecks/microservice-healthcheck",
                            "iap.#": "0",
                            "id": "reverseproxy-stg-stg1-ebes",
                            "name": "reverseproxy-stg-stg1-ebes",
                            "port_name": "http",
                            "project": "waze-development",
                            "protocol": "HTTP",
                            "security_policy": "",
                            "self_link": "https://www.googleapis.com/compute/v1/projects/waze-development/global/backendServices/reverseproxy-stg-stg1-ebes",
                            "session_affinity": "NONE",
                            "timeout_sec": "30"
                        },
                        "meta": {
                            "schema_version": "1"
                        },
                        "tainted": false
                    },
                    "deposed": [],
                    "provider": "provider.google"
                },
                "google_compute_backend_service.searchserver_stg_stg1_external_bes": {
                    "type": "google_compute_backend_service",
                    "depends_on": [],
                    "primary": {
                        "id": "searchserver-stg-stg1-external-bes",
                        "attributes": {
                            "backend.#": "2",
                            "backend.2432795742.balancing_mode": "UTILIZATION",
                            "backend.2432795742.capacity_scaler": "1",
                            "backend.2432795742.description": "",
                            "backend.2432795742.group": "https://www.googleapis.com/compute/beta/projects/waze-development/regions/europe-west1/instanceGroups/searchserver-heavyduty-stg1-v006",
                            "backend.2432795742.max_connections": "0",
                            "backend.2432795742.max_connections_per_instance": "0",
                            "backend.2432795742.max_rate": "0",
                            "backend.2432795742.max_rate_per_instance": "0",
                            "backend.2432795742.max_utilization": "0.4",
                            "backend.3816258131.balancing_mode": "UTILIZATION",
                            "backend.3816258131.capacity_scaler": "1",
                            "backend.3816258131.description": "",
                            "backend.3816258131.group": "https://www.googleapis.com/compute/beta/projects/waze-development/regions/europe-west1/instanceGroups/searchserver-stg-stg1-v012",
                            "backend.3816258131.max_connections": "0",
                            "backend.3816258131.max_connections_per_instance": "0",
                            "backend.3816258131.max_rate": "0",
                            "backend.3816258131.max_rate_per_instance": "0",
                            "backend.3816258131.max_utilization": "0.4",
                            "cdn_policy.#": "0",
                            "connection_draining_timeout_sec": "0",
                            "custom_request_headers.#": "0",
                            "description": "",
                            "enable_cdn": "false",
                            "fingerprint": "oQoiICRBZiA=",
                            "health_checks.#": "1",
                            "health_checks.4186593331": "https://www.googleapis.com/compute/beta/projects/waze-development/global/httpHealthChecks/microservice-healthcheck",
                            "iap.#": "0",
                            "id": "searchserver-stg-stg1-external-bes",
                            "name": "searchserver-stg-stg1-external-bes",
                            "port_name": "http",
                            "project": "waze-development",
                            "protocol": "HTTP",
                            "security_policy": "",
                            "self_link": "https://www.googleapis.com/compute/v1/projects/waze-development/global/backendServices/searchserver-stg-stg1-external-bes",
                            "session_affinity": "NONE",
                            "timeout_sec": "30"
                        },
                        "meta": {
                            "schema_version": "1"
                        },
                        "tainted": false
                    },
                    "deposed": [],
                    "provider": "provider.google"
                },
                "google_compute_backend_service.servermanager_external": {
                    "type": "google_compute_backend_service",
                    "depends_on": [],
                    "primary": {
                        "id": "servermanager-external",
                        "attributes": {
                            "backend.#": "1",
                            "backend.720360971.balancing_mode": "RATE",
                            "backend.720360971.capacity_scaler": "0.7",
                            "backend.720360971.description": "",
                            "backend.720360971.group": "https://www.googleapis.com/compute/beta/projects/waze-development/regions/europe-west1/instanceGroups/servermanager-stg-stg1-v005",
                            "backend.720360971.max_connections": "0",
                            "backend.720360971.max_connections_per_instance": "0",
                            "backend.720360971.max_rate": "0",
                            "backend.720360971.max_rate_per_instance": "1000",
                            "backend.720360971.max_utilization": "0",
                            "cdn_policy.#": "0",
                            "connection_draining_timeout_sec": "300",
                            "custom_request_headers.#": "0",
                            "description": "",
                            "enable_cdn": "false",
                            "fingerprint": "9jjrZ8LOn5E=",
                            "health_checks.#": "1",
                            "health_checks.3048593320": "https://www.googleapis.com/compute/beta/projects/waze-development/global/healthChecks/http-healthcheck",
                            "iap.#": "0",
                            "id": "servermanager-external",
                            "name": "servermanager-external",
                            "port_name": "http",
                            "project": "waze-development",
                            "protocol": "HTTP",
                            "security_policy": "",
                            "self_link": "https://www.googleapis.com/compute/v1/projects/waze-development/global/backendServices/servermanager-external",
                            "session_affinity": "NONE",
                            "timeout_sec": "180"
                        },
                        "meta": {
                            "schema_version": "1"
                        },
                        "tainted": false
                    },
                    "deposed": [],
                    "provider": "provider.google"
                },
                "google_compute_backend_service.socialmediaserver_stg_ext_be": {
                    "type": "google_compute_backend_service",
                    "depends_on": [],
                    "primary": {
                        "id": "socialmediaserver-stg-ext-be",
                        "attributes": {
                            "backend.#": "1",
                            "backend.917297759.balancing_mode": "UTILIZATION",
                            "backend.917297759.capacity_scaler": "1",
                            "backend.917297759.description": "",
                            "backend.917297759.group": "https://www.googleapis.com/compute/beta/projects/waze-development/regions/europe-west1/instanceGroups/socialmediaserver-stg-stg1-v010",
                            "backend.917297759.max_connections": "0",
                            "backend.917297759.max_connections_per_instance": "0",
                            "backend.917297759.max_rate": "0",
                            "backend.917297759.max_rate_per_instance": "0",
                            "backend.917297759.max_utilization": "0.5",
                            "cdn_policy.#": "0",
                            "connection_draining_timeout_sec": "0",
                            "custom_request_headers.#": "0",
                            "description": "",
                            "enable_cdn": "true",
                            "fingerprint": "DHoQFncmd1U=",
                            "health_checks.#": "1",
                            "health_checks.4186593331": "https://www.googleapis.com/compute/beta/projects/waze-development/global/httpHealthChecks/microservice-healthcheck",
                            "iap.#": "0",
                            "id": "socialmediaserver-stg-ext-be",
                            "name": "socialmediaserver-stg-ext-be",
                            "port_name": "http",
                            "project": "waze-development",
                            "protocol": "HTTP",
                            "security_policy": "",
                            "self_link": "https://www.googleapis.com/compute/v1/projects/waze-development/global/backendServices/socialmediaserver-stg-ext-be",
                            "session_affinity": "NONE",
                            "timeout_sec": "30"
                        },
                        "meta": {
                            "schema_version": "1"
                        },
                        "tainted": false
                    },
                    "deposed": [],
                    "provider": "provider.google"
                },
                "google_compute_backend_service.staging_marx": {
                    "type": "google_compute_backend_service",
                    "depends_on": [],
                    "primary": {
                        "id": "staging-marx",
                        "attributes": {
                            "backend.#": "1",
                            "backend.2462951334.balancing_mode": "UTILIZATION",
                            "backend.2462951334.capacity_scaler": "1",
                            "backend.2462951334.description": "",
                            "backend.2462951334.group": "https://www.googleapis.com/compute/beta/projects/waze-development/zones/europe-west1-b/instanceGroups/staging-marx",
                            "backend.2462951334.max_connections": "0",
                            "backend.2462951334.max_connections_per_instance": "0",
                            "backend.2462951334.max_rate": "0",
                            "backend.2462951334.max_rate_per_instance": "0",
                            "backend.2462951334.max_utilization": "0.8",
                            "cdn_policy.#": "0",
                            "connection_draining_timeout_sec": "300",
                            "custom_request_headers.#": "0",
                            "description": "",
                            "enable_cdn": "false",
                            "fingerprint": "nlVUWQP383w=",
                            "health_checks.#": "1",
                            "health_checks.3113537127": "https://www.googleapis.com/compute/beta/projects/waze-development/global/httpHealthChecks/website-hc",
                            "iap.#": "0",
                            "id": "staging-marx",
                            "name": "staging-marx",
                            "port_name": "http",
                            "project": "waze-development",
                            "protocol": "HTTP",
                            "security_policy": "",
                            "self_link": "https://www.googleapis.com/compute/v1/projects/waze-development/global/backendServices/staging-marx",
                            "session_affinity": "NONE",
                            "timeout_sec": "300"
                        },
                        "meta": {
                            "schema_version": "1"
                        },
                        "tainted": false
                    },
                    "deposed": [],
                    "provider": "provider.google"
                },
                "google_compute_backend_service.stg_adman2_stg_backend_service": {
                    "type": "google_compute_backend_service",
                    "depends_on": [],
                    "primary": {
                        "id": "stg-adman2-stg-backend-service",
                        "attributes": {
                            "backend.#": "1",
                            "backend.3698887694.balancing_mode": "UTILIZATION",
                            "backend.3698887694.capacity_scaler": "1",
                            "backend.3698887694.description": "",
                            "backend.3698887694.group": "https://www.googleapis.com/compute/beta/projects/waze-development/zones/europe-west1-d/instanceGroups/gke-adman2-stg-pool3-f0c2f23b-grp",
                            "backend.3698887694.max_connections": "0",
                            "backend.3698887694.max_connections_per_instance": "0",
                            "backend.3698887694.max_rate": "0",
                            "backend.3698887694.max_rate_per_instance": "0",
                            "backend.3698887694.max_utilization": "0.8",
                            "cdn_policy.#": "0",
                            "connection_draining_timeout_sec": "0",
                            "custom_request_headers.#": "0",
                            "description": "",
                            "enable_cdn": "false",
                            "fingerprint": "94p_rINo9_8=",
                            "health_checks.#": "1",
                            "health_checks.2829186805": "https://www.googleapis.com/compute/beta/projects/waze-development/global/httpHealthChecks/stg-adman2-hc",
                            "iap.#": "0",
                            "id": "stg-adman2-stg-backend-service",
                            "name": "stg-adman2-stg-backend-service",
                            "port_name": "http-30080",
                            "project": "waze-development",
                            "protocol": "HTTP",
                            "security_policy": "",
                            "self_link": "https://www.googleapis.com/compute/v1/projects/waze-development/global/backendServices/stg-adman2-stg-backend-service",
                            "session_affinity": "NONE",
                            "timeout_sec": "30"
                        },
                        "meta": {
                            "schema_version": "1"
                        },
                        "tainted": false
                    },
                    "deposed": [],
                    "provider": "provider.google"
                },
                "google_compute_backend_service.stg_adman2_stg_exp_backend_service": {
                    "type": "google_compute_backend_service",
                    "depends_on": [],
                    "primary": {
                        "id": "stg-adman2-stg-exp-backend-service",
                        "attributes": {
                            "backend.#": "1",
                            "backend.3698887694.balancing_mode": "UTILIZATION",
                            "backend.3698887694.capacity_scaler": "1",
                            "backend.3698887694.description": "",
                            "backend.3698887694.group": "https://www.googleapis.com/compute/beta/projects/waze-development/zones/europe-west1-d/instanceGroups/gke-adman2-stg-pool3-f0c2f23b-grp",
                            "backend.3698887694.max_connections": "0",
                            "backend.3698887694.max_connections_per_instance": "0",
                            "backend.3698887694.max_rate": "0",
                            "backend.3698887694.max_rate_per_instance": "0",
                            "backend.3698887694.max_utilization": "0.8",
                            "cdn_policy.#": "0",
                            "connection_draining_timeout_sec": "0",
                            "custom_request_headers.#": "0",
                            "description": "",
                            "enable_cdn": "false",
                            "fingerprint": "P0tjn0a_IKw=",
                            "health_checks.#": "1",
                            "health_checks.3342827958": "https://www.googleapis.com/compute/beta/projects/waze-development/global/httpHealthChecks/stg-adman2-exp-hc",
                            "iap.#": "0",
                            "id": "stg-adman2-stg-exp-backend-service",
                            "name": "stg-adman2-stg-exp-backend-service",
                            "port_name": "http-30081",
                            "project": "waze-development",
                            "protocol": "HTTP",
                            "security_policy": "",
                            "self_link": "https://www.googleapis.com/compute/v1/projects/waze-development/global/backendServices/stg-adman2-stg-exp-backend-service",
                            "session_affinity": "NONE",
                            "timeout_sec": "30"
                        },
                        "meta": {
                            "schema_version": "1"
                        },
                        "tainted": false
                    },
                    "deposed": [],
                    "provider": "provider.google"
                },
                "google_compute_backend_service.stg_ads_backend_service": {
                    "type": "google_compute_backend_service",
                    "depends_on": [],
                    "primary": {
                        "id": "stg-ads-backend-service",
                        "attributes": {
                            "backend.#": "1",
                            "backend.1447222562.balancing_mode": "UTILIZATION",
                            "backend.1447222562.capacity_scaler": "1",
                            "backend.1447222562.description": "",
                            "backend.1447222562.group": "https://www.googleapis.com/compute/beta/projects/waze-development/zones/europe-west1-b/instanceGroups/stg-ads-ig",
                            "backend.1447222562.max_connections": "0",
                            "backend.1447222562.max_connections_per_instance": "0",
                            "backend.1447222562.max_rate": "0",
                            "backend.1447222562.max_rate_per_instance": "0",
                            "backend.1447222562.max_utilization": "0.8",
                            "cdn_policy.#": "0",
                            "connection_draining_timeout_sec": "0",
                            "custom_request_headers.#": "0",
                            "description": "",
                            "enable_cdn": "false",
                            "fingerprint": "MMbVLLAFAvk=",
                            "health_checks.#": "1",
                            "health_checks.3044033465": "https://www.googleapis.com/compute/beta/projects/waze-development/global/httpHealthChecks/default-health-check",
                            "iap.#": "0",
                            "id": "stg-ads-backend-service",
                            "name": "stg-ads-backend-service",
                            "port_name": "http",
                            "project": "waze-development",
                            "protocol": "HTTP",
                            "security_policy": "",
                            "self_link": "https://www.googleapis.com/compute/v1/projects/waze-development/global/backendServices/stg-ads-backend-service",
                            "session_affinity": "NONE",
                            "timeout_sec": "30"
                        },
                        "meta": {
                            "schema_version": "1"
                        },
                        "tainted": false
                    },
                    "deposed": [],
                    "provider": "provider.google"
                },
                "google_compute_backend_service.stg_carpoolrouting_bes": {
                    "type": "google_compute_backend_service",
                    "depends_on": [],
                    "primary": {
                        "id": "stg-carpoolrouting-bes",
                        "attributes": {
                            "backend.#": "1",
                            "backend.2536914248.balancing_mode": "RATE",
                            "backend.2536914248.capacity_scaler": "1",
                            "backend.2536914248.description": "",
                            "backend.2536914248.group": "https://www.googleapis.com/compute/beta/projects/waze-development/regions/europe-west1/instanceGroups/carpoolrouting-stg-stg1-v270",
                            "backend.2536914248.max_connections": "0",
                            "backend.2536914248.max_connections_per_instance": "0",
                            "backend.2536914248.max_rate": "0",
                            "backend.2536914248.max_rate_per_instance": "1000",
                            "backend.2536914248.max_utilization": "0",
                            "cdn_policy.#": "0",
                            "connection_draining_timeout_sec": "300",
                            "custom_request_headers.#": "0",
                            "description": "",
                            "enable_cdn": "false",
                            "fingerprint": "zGklt0JxmNg=",
                            "health_checks.#": "1",
                            "health_checks.4186593331": "https://www.googleapis.com/compute/beta/projects/waze-development/global/httpHealthChecks/microservice-healthcheck",
                            "iap.#": "0",
                            "id": "stg-carpoolrouting-bes",
                            "name": "stg-carpoolrouting-bes",
                            "port_name": "http",
                            "project": "waze-development",
                            "protocol": "HTTP",
                            "security_policy": "",
                            "self_link": "https://www.googleapis.com/compute/v1/projects/waze-development/global/backendServices/stg-carpoolrouting-bes",
                            "session_affinity": "NONE",
                            "timeout_sec": "30"
                        },
                        "meta": {
                            "schema_version": "1"
                        },
                        "tainted": false
                    },
                    "deposed": [],
                    "provider": "provider.google"
                },
                "google_compute_backend_service.stg_carpoolrouting_future_p1_bes": {
                    "type": "google_compute_backend_service",
                    "depends_on": [],
                    "primary": {
                        "id": "stg-carpoolrouting-future-p1-bes",
                        "attributes": {
                            "backend.#": "1",
                            "backend.917960952.balancing_mode": "RATE",
                            "backend.917960952.capacity_scaler": "1",
                            "backend.917960952.description": "",
                            "backend.917960952.group": "https://www.googleapis.com/compute/beta/projects/waze-development/regions/europe-west1/instanceGroups/carpoolrouting-future-p1-stg1-v214",
                            "backend.917960952.max_connections": "0",
                            "backend.917960952.max_connections_per_instance": "0",
                            "backend.917960952.max_rate": "0",
                            "backend.917960952.max_rate_per_instance": "1000",
                            "backend.917960952.max_utilization": "0",
                            "cdn_policy.#": "0",
                            "connection_draining_timeout_sec": "300",
                            "custom_request_headers.#": "0",
                            "description": "",
                            "enable_cdn": "false",
                            "fingerprint": "GJpr_RMuiV8=",
                            "health_checks.#": "1",
                            "health_checks.4186593331": "https://www.googleapis.com/compute/beta/projects/waze-development/global/httpHealthChecks/microservice-healthcheck",
                            "iap.#": "0",
                            "id": "stg-carpoolrouting-future-p1-bes",
                            "name": "stg-carpoolrouting-future-p1-bes",
                            "port_name": "http",
                            "project": "waze-development",
                            "protocol": "HTTP",
                            "security_policy": "",
                            "self_link": "https://www.googleapis.com/compute/v1/projects/waze-development/global/backendServices/stg-carpoolrouting-future-p1-bes",
                            "session_affinity": "NONE",
                            "timeout_sec": "30"
                        },
                        "meta": {
                            "schema_version": "1"
                        },
                        "tainted": false
                    },
                    "deposed": [],
                    "provider": "provider.google"
                },
                "google_compute_backend_service.stg_carpoolrouting_future_p2_bes": {
                    "type": "google_compute_backend_service",
                    "depends_on": [],
                    "primary": {
                        "id": "stg-carpoolrouting-future-p2-bes",
                        "attributes": {
                            "backend.#": "1",
                            "backend.3359511954.balancing_mode": "RATE",
                            "backend.3359511954.capacity_scaler": "1",
                            "backend.3359511954.description": "",
                            "backend.3359511954.group": "https://www.googleapis.com/compute/beta/projects/waze-development/regions/europe-west1/instanceGroups/carpoolrouting-future-p2-stg1-v209",
                            "backend.3359511954.max_connections": "0",
                            "backend.3359511954.max_connections_per_instance": "0",
                            "backend.3359511954.max_rate": "0",
                            "backend.3359511954.max_rate_per_instance": "1000",
                            "backend.3359511954.max_utilization": "0",
                            "cdn_policy.#": "0",
                            "connection_draining_timeout_sec": "300",
                            "custom_request_headers.#": "0",
                            "description": "",
                            "enable_cdn": "false",
                            "fingerprint": "nv9JIwpUKEc=",
                            "health_checks.#": "1",
                            "health_checks.4186593331": "https://www.googleapis.com/compute/beta/projects/waze-development/global/httpHealthChecks/microservice-healthcheck",
                            "iap.#": "0",
                            "id": "stg-carpoolrouting-future-p2-bes",
                            "name": "stg-carpoolrouting-future-p2-bes",
                            "port_name": "http",
                            "project": "waze-development",
                            "protocol": "HTTP",
                            "security_policy": "",
                            "self_link": "https://www.googleapis.com/compute/v1/projects/waze-development/global/backendServices/stg-carpoolrouting-future-p2-bes",
                            "session_affinity": "NONE",
                            "timeout_sec": "30"
                        },
                        "meta": {
                            "schema_version": "1"
                        },
                        "tainted": false
                    },
                    "deposed": [],
                    "provider": "provider.google"
                },
                "google_compute_backend_service.stg_carpoolrouting_future_p3_bes": {
                    "type": "google_compute_backend_service",
                    "depends_on": [],
                    "primary": {
                        "id": "stg-carpoolrouting-future-p3-bes",
                        "attributes": {
                            "backend.#": "1",
                            "backend.3499411446.balancing_mode": "RATE",
                            "backend.3499411446.capacity_scaler": "1",
                            "backend.3499411446.description": "",
                            "backend.3499411446.group": "https://www.googleapis.com/compute/beta/projects/waze-development/regions/europe-west1/instanceGroups/carpoolrouting-future-p3-stg1-v209",
                            "backend.3499411446.max_connections": "0",
                            "backend.3499411446.max_connections_per_instance": "0",
                            "backend.3499411446.max_rate": "0",
                            "backend.3499411446.max_rate_per_instance": "1000",
                            "backend.3499411446.max_utilization": "0",
                            "cdn_policy.#": "0",
                            "connection_draining_timeout_sec": "300",
                            "custom_request_headers.#": "0",
                            "description": "",
                            "enable_cdn": "false",
                            "fingerprint": "v4dWEDyZrj0=",
                            "health_checks.#": "1",
                            "health_checks.4186593331": "https://www.googleapis.com/compute/beta/projects/waze-development/global/httpHealthChecks/microservice-healthcheck",
                            "iap.#": "0",
                            "id": "stg-carpoolrouting-future-p3-bes",
                            "name": "stg-carpoolrouting-future-p3-bes",
                            "port_name": "http",
                            "project": "waze-development",
                            "protocol": "HTTP",
                            "security_policy": "",
                            "self_link": "https://www.googleapis.com/compute/v1/projects/waze-development/global/backendServices/stg-carpoolrouting-future-p3-bes",
                            "session_affinity": "NONE",
                            "timeout_sec": "30"
                        },
                        "meta": {
                            "schema_version": "1"
                        },
                        "tainted": false
                    },
                    "deposed": [],
                    "provider": "provider.google"
                },
                "google_compute_backend_service.stg_carpoolrouting_future_p4_bes": {
                    "type": "google_compute_backend_service",
                    "depends_on": [],
                    "primary": {
                        "id": "stg-carpoolrouting-future-p4-bes",
                        "attributes": {
                            "backend.#": "1",
                            "backend.2613115082.balancing_mode": "RATE",
                            "backend.2613115082.capacity_scaler": "1",
                            "backend.2613115082.description": "",
                            "backend.2613115082.group": "https://www.googleapis.com/compute/beta/projects/waze-development/regions/europe-west1/instanceGroups/carpoolrouting-future-p4-stg1-v209",
                            "backend.2613115082.max_connections": "0",
                            "backend.2613115082.max_connections_per_instance": "0",
                            "backend.2613115082.max_rate": "0",
                            "backend.2613115082.max_rate_per_instance": "1000",
                            "backend.2613115082.max_utilization": "0",
                            "cdn_policy.#": "0",
                            "connection_draining_timeout_sec": "300",
                            "custom_request_headers.#": "0",
                            "description": "",
                            "enable_cdn": "false",
                            "fingerprint": "ensOw2GGv_s=",
                            "health_checks.#": "1",
                            "health_checks.4186593331": "https://www.googleapis.com/compute/beta/projects/waze-development/global/httpHealthChecks/microservice-healthcheck",
                            "iap.#": "0",
                            "id": "stg-carpoolrouting-future-p4-bes",
                            "name": "stg-carpoolrouting-future-p4-bes",
                            "port_name": "http",
                            "project": "waze-development",
                            "protocol": "HTTP",
                            "security_policy": "",
                            "self_link": "https://www.googleapis.com/compute/v1/projects/waze-development/global/backendServices/stg-carpoolrouting-future-p4-bes",
                            "session_affinity": "NONE",
                            "timeout_sec": "30"
                        },
                        "meta": {
                            "schema_version": "1"
                        },
                        "tainted": false
                    },
                    "deposed": [],
                    "provider": "provider.google"
                },
                "google_compute_backend_service.stg_carpoolrouting_future_p5_bes": {
                    "type": "google_compute_backend_service",
                    "depends_on": [],
                    "primary": {
                        "id": "stg-carpoolrouting-future-p5-bes",
                        "attributes": {
                            "backend.#": "1",
                            "backend.2204773038.balancing_mode": "RATE",
                            "backend.2204773038.capacity_scaler": "1",
                            "backend.2204773038.description": "",
                            "backend.2204773038.group": "https://www.googleapis.com/compute/beta/projects/waze-development/regions/europe-west1/instanceGroups/carpoolrouting-future-p5-stg1-v209",
                            "backend.2204773038.max_connections": "0",
                            "backend.2204773038.max_connections_per_instance": "0",
                            "backend.2204773038.max_rate": "0",
                            "backend.2204773038.max_rate_per_instance": "1000",
                            "backend.2204773038.max_utilization": "0",
                            "cdn_policy.#": "0",
                            "connection_draining_timeout_sec": "300",
                            "custom_request_headers.#": "0",
                            "description": "",
                            "enable_cdn": "false",
                            "fingerprint": "aHOWWOoer-E=",
                            "health_checks.#": "1",
                            "health_checks.4186593331": "https://www.googleapis.com/compute/beta/projects/waze-development/global/httpHealthChecks/microservice-healthcheck",
                            "iap.#": "0",
                            "id": "stg-carpoolrouting-future-p5-bes",
                            "name": "stg-carpoolrouting-future-p5-bes",
                            "port_name": "http",
                            "project": "waze-development",
                            "protocol": "HTTP",
                            "security_policy": "",
                            "self_link": "https://www.googleapis.com/compute/v1/projects/waze-development/global/backendServices/stg-carpoolrouting-future-p5-bes",
                            "session_affinity": "NONE",
                            "timeout_sec": "30"
                        },
                        "meta": {
                            "schema_version": "1"
                        },
                        "tainted": false
                    },
                    "deposed": [],
                    "provider": "provider.google"
                },
                "google_compute_backend_service.stg_carpoolrouting_future_p6_bes": {
                    "type": "google_compute_backend_service",
                    "depends_on": [],
                    "primary": {
                        "id": "stg-carpoolrouting-future-p6-bes",
                        "attributes": {
                            "backend.#": "3",
                            "backend.3119949337.balancing_mode": "RATE",
                            "backend.3119949337.capacity_scaler": "0.8",
                            "backend.3119949337.description": "",
                            "backend.3119949337.group": "https://www.googleapis.com/compute/beta/projects/waze-development/regions/europe-west1/instanceGroups/carpoolrouting-future-p8-stg1-v114",
                            "backend.3119949337.max_connections": "0",
                            "backend.3119949337.max_connections_per_instance": "0",
                            "backend.3119949337.max_rate": "0",
                            "backend.3119949337.max_rate_per_instance": "1000",
                            "backend.3119949337.max_utilization": "0",
                            "backend.3825032806.balancing_mode": "RATE",
                            "backend.3825032806.capacity_scaler": "0.8",
                            "backend.3825032806.description": "",
                            "backend.3825032806.group": "https://www.googleapis.com/compute/beta/projects/waze-development/regions/europe-west1/instanceGroups/carpoolrouting-future-p6-stg1-v207",
                            "backend.3825032806.max_connections": "0",
                            "backend.3825032806.max_connections_per_instance": "0",
                            "backend.3825032806.max_rate": "0",
                            "backend.3825032806.max_rate_per_instance": "1000",
                            "backend.3825032806.max_utilization": "0",
                            "backend.938740229.balancing_mode": "RATE",
                            "backend.938740229.capacity_scaler": "0.8",
                            "backend.938740229.description": "",
                            "backend.938740229.group": "https://www.googleapis.com/compute/beta/projects/waze-development/regions/europe-west1/instanceGroups/carpoolrouting-future-p7-stg1-v114",
                            "backend.938740229.max_connections": "0",
                            "backend.938740229.max_connections_per_instance": "0",
                            "backend.938740229.max_rate": "0",
                            "backend.938740229.max_rate_per_instance": "1000",
                            "backend.938740229.max_utilization": "0",
                            "cdn_policy.#": "0",
                            "connection_draining_timeout_sec": "300",
                            "custom_request_headers.#": "0",
                            "description": "",
                            "enable_cdn": "false",
                            "fingerprint": "BwKL5GrCr3Y=",
                            "health_checks.#": "1",
                            "health_checks.2273493599": "https://www.googleapis.com/compute/beta/projects/waze-development/global/healthChecks/microservice-healthcheck",
                            "iap.#": "0",
                            "id": "stg-carpoolrouting-future-p6-bes",
                            "name": "stg-carpoolrouting-future-p6-bes",
                            "port_name": "http",
                            "project": "waze-development",
                            "protocol": "HTTP",
                            "security_policy": "",
                            "self_link": "https://www.googleapis.com/compute/v1/projects/waze-development/global/backendServices/stg-carpoolrouting-future-p6-bes",
                            "session_affinity": "NONE",
                            "timeout_sec": "30"
                        },
                        "meta": {
                            "schema_version": "1"
                        },
                        "tainted": false
                    },
                    "deposed": [],
                    "provider": "provider.google"
                },
                "google_compute_backend_service.stg_dev_editor_backend": {
                    "type": "google_compute_backend_service",
                    "depends_on": [],
                    "primary": {
                        "id": "stg-dev-editor-backend",
                        "attributes": {
                            "backend.#": "1",
                            "backend.2059669246.balancing_mode": "UTILIZATION",
                            "backend.2059669246.capacity_scaler": "1",
                            "backend.2059669246.description": "",
                            "backend.2059669246.group": "https://www.googleapis.com/compute/beta/projects/waze-development/zones/europe-west1-b/instanceGroups/dev-editor",
                            "backend.2059669246.max_connections": "0",
                            "backend.2059669246.max_connections_per_instance": "0",
                            "backend.2059669246.max_rate": "0",
                            "backend.2059669246.max_rate_per_instance": "0",
                            "backend.2059669246.max_utilization": "0.8",
                            "cdn_policy.#": "0",
                            "connection_draining_timeout_sec": "300",
                            "custom_request_headers.#": "0",
                            "description": "",
                            "enable_cdn": "false",
                            "fingerprint": "jHkb8hD9v3E=",
                            "health_checks.#": "1",
                            "health_checks.3113537127": "https://www.googleapis.com/compute/beta/projects/waze-development/global/httpHealthChecks/website-hc",
                            "iap.#": "0",
                            "id": "stg-dev-editor-backend",
                            "name": "stg-dev-editor-backend",
                            "port_name": "http",
                            "project": "waze-development",
                            "protocol": "HTTP",
                            "security_policy": "",
                            "self_link": "https://www.googleapis.com/compute/v1/projects/waze-development/global/backendServices/stg-dev-editor-backend",
                            "session_affinity": "NONE",
                            "timeout_sec": "30"
                        },
                        "meta": {
                            "schema_version": "1"
                        },
                        "tainted": false
                    },
                    "deposed": [],
                    "provider": "provider.google"
                },
                "google_compute_backend_service.stg_elton": {
                    "type": "google_compute_backend_service",
                    "depends_on": [],
                    "primary": {
                        "id": "stg-elton",
                        "attributes": {
                            "backend.#": "1",
                            "backend.4205611239.balancing_mode": "RATE",
                            "backend.4205611239.capacity_scaler": "1",
                            "backend.4205611239.description": "",
                            "backend.4205611239.group": "https://www.googleapis.com/compute/beta/projects/waze-development/regions/europe-west1/instanceGroups/elton-stg-stg1-v015",
                            "backend.4205611239.max_connections": "0",
                            "backend.4205611239.max_connections_per_instance": "0",
                            "backend.4205611239.max_rate": "0",
                            "backend.4205611239.max_rate_per_instance": "1000",
                            "backend.4205611239.max_utilization": "0",
                            "cdn_policy.#": "0",
                            "connection_draining_timeout_sec": "300",
                            "custom_request_headers.#": "0",
                            "description": "",
                            "enable_cdn": "false",
                            "fingerprint": "SI8AemS4LfY=",
                            "health_checks.#": "1",
                            "health_checks.3048593320": "https://www.googleapis.com/compute/beta/projects/waze-development/global/healthChecks/http-healthcheck",
                            "iap.#": "0",
                            "id": "stg-elton",
                            "name": "stg-elton",
                            "port_name": "http",
                            "project": "waze-development",
                            "protocol": "HTTP",
                            "security_policy": "",
                            "self_link": "https://www.googleapis.com/compute/v1/projects/waze-development/global/backendServices/stg-elton",
                            "session_affinity": "NONE",
                            "timeout_sec": "30"
                        },
                        "meta": {
                            "schema_version": "1"
                        },
                        "tainted": false
                    },
                    "deposed": [],
                    "provider": "provider.google"
                },
                "google_compute_backend_service.stg_mapnik_editor_backend_service": {
                    "type": "google_compute_backend_service",
                    "depends_on": [],
                    "primary": {
                        "id": "stg-mapnik-editor-backend-service",
                        "attributes": {
                            "backend.#": "1",
                            "backend.3946485121.balancing_mode": "UTILIZATION",
                            "backend.3946485121.capacity_scaler": "1",
                            "backend.3946485121.description": "",
                            "backend.3946485121.group": "https://www.googleapis.com/compute/beta/projects/waze-development/zones/europe-west1-b/instanceGroups/mapnik-editor-stg1-v015",
                            "backend.3946485121.max_connections": "0",
                            "backend.3946485121.max_connections_per_instance": "0",
                            "backend.3946485121.max_rate": "0",
                            "backend.3946485121.max_rate_per_instance": "0",
                            "backend.3946485121.max_utilization": "0.8",
                            "cdn_policy.#": "0",
                            "connection_draining_timeout_sec": "0",
                            "custom_request_headers.#": "0",
                            "description": "",
                            "enable_cdn": "false",
                            "fingerprint": "RM3PnB9T9-w=",
                            "health_checks.#": "1",
                            "health_checks.3044033465": "https://www.googleapis.com/compute/beta/projects/waze-development/global/httpHealthChecks/default-health-check",
                            "iap.#": "0",
                            "id": "stg-mapnik-editor-backend-service",
                            "name": "stg-mapnik-editor-backend-service",
                            "port_name": "http",
                            "project": "waze-development",
                            "protocol": "HTTP",
                            "security_policy": "",
                            "self_link": "https://www.googleapis.com/compute/v1/projects/waze-development/global/backendServices/stg-mapnik-editor-backend-service",
                            "session_affinity": "NONE",
                            "timeout_sec": "30"
                        },
                        "meta": {
                            "schema_version": "1"
                        },
                        "tainted": false
                    },
                    "deposed": [],
                    "provider": "provider.google"
                },
                "google_compute_backend_service.stg_mobile_web_backend_service": {
                    "type": "google_compute_backend_service",
                    "depends_on": [],
                    "primary": {
                        "id": "stg-mobile-web-backend-service",
                        "attributes": {
                            "backend.#": "1",
                            "backend.3042196462.balancing_mode": "UTILIZATION",
                            "backend.3042196462.capacity_scaler": "1",
                            "backend.3042196462.description": "",
                            "backend.3042196462.group": "https://www.googleapis.com/compute/beta/projects/waze-development/zones/europe-west1-b/instanceGroups/stg-mobile-web-lb",
                            "backend.3042196462.max_connections": "0",
                            "backend.3042196462.max_connections_per_instance": "0",
                            "backend.3042196462.max_rate": "0",
                            "backend.3042196462.max_rate_per_instance": "0",
                            "backend.3042196462.max_utilization": "0.8",
                            "cdn_policy.#": "0",
                            "connection_draining_timeout_sec": "0",
                            "custom_request_headers.#": "0",
                            "description": "",
                            "enable_cdn": "false",
                            "fingerprint": "YXFlgCKGmJ8=",
                            "health_checks.#": "1",
                            "health_checks.3044033465": "https://www.googleapis.com/compute/beta/projects/waze-development/global/httpHealthChecks/default-health-check",
                            "iap.#": "0",
                            "id": "stg-mobile-web-backend-service",
                            "name": "stg-mobile-web-backend-service",
                            "port_name": "http",
                            "project": "waze-development",
                            "protocol": "HTTP",
                            "security_policy": "",
                            "self_link": "https://www.googleapis.com/compute/v1/projects/waze-development/global/backendServices/stg-mobile-web-backend-service",
                            "session_affinity": "NONE",
                            "timeout_sec": "30"
                        },
                        "meta": {
                            "schema_version": "1"
                        },
                        "tainted": false
                    },
                    "deposed": [],
                    "provider": "provider.google"
                },
                "google_compute_backend_service.stg_prompto_backend": {
                    "type": "google_compute_backend_service",
                    "depends_on": [],
                    "primary": {
                        "id": "stg-prompto-backend",
                        "attributes": {
                            "backend.#": "0",
                            "cdn_policy.#": "0",
                            "connection_draining_timeout_sec": "300",
                            "custom_request_headers.#": "0",
                            "description": "",
                            "enable_cdn": "false",
                            "fingerprint": "pxSjtnDF_uQ=",
                            "health_checks.#": "1",
                            "health_checks.3048593320": "https://www.googleapis.com/compute/beta/projects/waze-development/global/healthChecks/http-healthcheck",
                            "iap.#": "0",
                            "id": "stg-prompto-backend",
                            "name": "stg-prompto-backend",
                            "port_name": "http",
                            "project": "waze-development",
                            "protocol": "HTTP",
                            "security_policy": "",
                            "self_link": "https://www.googleapis.com/compute/v1/projects/waze-development/global/backendServices/stg-prompto-backend",
                            "session_affinity": "NONE",
                            "timeout_sec": "180"
                        },
                        "meta": {
                            "schema_version": "1"
                        },
                        "tainted": false
                    },
                    "deposed": [],
                    "provider": "provider.google"
                },
                "google_compute_backend_service.stg_routing_2_backend_service": {
                    "type": "google_compute_backend_service",
                    "depends_on": [],
                    "primary": {
                        "id": "stg-routing-2-backend-service",
                        "attributes": {
                            "backend.#": "2",
                            "backend.1734202574.balancing_mode": "RATE",
                            "backend.1734202574.capacity_scaler": "1",
                            "backend.1734202574.description": "",
                            "backend.1734202574.group": "https://www.googleapis.com/compute/beta/projects/waze-development/regions/europe-west1/instanceGroups/routingserver-stg-tiles-v001",
                            "backend.1734202574.max_connections": "0",
                            "backend.1734202574.max_connections_per_instance": "0",
                            "backend.1734202574.max_rate": "0",
                            "backend.1734202574.max_rate_per_instance": "1000",
                            "backend.1734202574.max_utilization": "0",
                            "backend.322410449.balancing_mode": "RATE",
                            "backend.322410449.capacity_scaler": "1",
                            "backend.322410449.description": "",
                            "backend.322410449.group": "https://www.googleapis.com/compute/beta/projects/waze-development/regions/europe-west1/instanceGroups/routingserver-stg-2-stg1-v486",
                            "backend.322410449.max_connections": "0",
                            "backend.322410449.max_connections_per_instance": "0",
                            "backend.322410449.max_rate": "0",
                            "backend.322410449.max_rate_per_instance": "1000",
                            "backend.322410449.max_utilization": "0",
                            "cdn_policy.#": "1",
                            "cdn_policy.0.cache_key_policy.#": "1",
                            "cdn_policy.0.cache_key_policy.0.include_host": "true",
                            "cdn_policy.0.cache_key_policy.0.include_protocol": "true",
                            "cdn_policy.0.cache_key_policy.0.include_query_string": "true",
                            "cdn_policy.0.cache_key_policy.0.query_string_blacklist.#": "0",
                            "cdn_policy.0.cache_key_policy.0.query_string_whitelist.#": "0",
                            "connection_draining_timeout_sec": "0",
                            "custom_request_headers.#": "0",
                            "description": "",
                            "enable_cdn": "false",
                            "fingerprint": "ukbSqTbnHCY=",
                            "health_checks.#": "1",
                            "health_checks.1782529284": "https://www.googleapis.com/compute/beta/projects/waze-development/global/httpHealthChecks/stg-routing-http",
                            "iap.#": "0",
                            "id": "stg-routing-2-backend-service",
                            "name": "stg-routing-2-backend-service",
                            "port_name": "http",
                            "project": "waze-development",
                            "protocol": "HTTP",
                            "security_policy": "",
                            "self_link": "https://www.googleapis.com/compute/v1/projects/waze-development/global/backendServices/stg-routing-2-backend-service",
                            "session_affinity": "NONE",
                            "timeout_sec": "30"
                        },
                        "meta": {
                            "schema_version": "1"
                        },
                        "tainted": false
                    },
                    "deposed": [],
                    "provider": "provider.google"
                },
                "google_compute_backend_service.stg_rtproxy_backend_service": {
                    "type": "google_compute_backend_service",
                    "depends_on": [],
                    "primary": {
                        "id": "stg-rtproxy-backend-service",
                        "attributes": {
                            "backend.#": "1",
                            "backend.63534019.balancing_mode": "UTILIZATION",
                            "backend.63534019.capacity_scaler": "1",
                            "backend.63534019.description": "",
                            "backend.63534019.group": "https://www.googleapis.com/compute/beta/projects/waze-development/zones/europe-west1-d/instanceGroups/realtime-proxy-stg-v019",
                            "backend.63534019.max_connections": "0",
                            "backend.63534019.max_connections_per_instance": "0",
                            "backend.63534019.max_rate": "0",
                            "backend.63534019.max_rate_per_instance": "0",
                            "backend.63534019.max_utilization": "0.6",
                            "cdn_policy.#": "1",
                            "cdn_policy.0.cache_key_policy.#": "1",
                            "cdn_policy.0.cache_key_policy.0.include_host": "true",
                            "cdn_policy.0.cache_key_policy.0.include_protocol": "true",
                            "cdn_policy.0.cache_key_policy.0.include_query_string": "true",
                            "cdn_policy.0.cache_key_policy.0.query_string_blacklist.#": "0",
                            "cdn_policy.0.cache_key_policy.0.query_string_whitelist.#": "0",
                            "connection_draining_timeout_sec": "0",
                            "custom_request_headers.#": "0",
                            "description": "",
                            "enable_cdn": "false",
                            "fingerprint": "x7rs7LMRY1M=",
                            "health_checks.#": "1",
                            "health_checks.2389187855": "https://www.googleapis.com/compute/beta/projects/waze-development/global/healthChecks/realtime-proxy-stg-hc",
                            "iap.#": "0",
                            "id": "stg-rtproxy-backend-service",
                            "name": "stg-rtproxy-backend-service",
                            "port_name": "http-lb",
                            "project": "waze-development",
                            "protocol": "HTTP",
                            "security_policy": "",
                            "self_link": "https://www.googleapis.com/compute/v1/projects/waze-development/global/backendServices/stg-rtproxy-backend-service",
                            "session_affinity": "NONE",
                            "timeout_sec": "30"
                        },
                        "meta": {
                            "schema_version": "1"
                        },
                        "tainted": false
                    },
                    "deposed": [],
                    "provider": "provider.google"
                },
                "google_compute_backend_service.stg_search_backend_service": {
                    "type": "google_compute_backend_service",
                    "depends_on": [],
                    "primary": {
                        "id": "stg-search-backend-service",
                        "attributes": {
                            "backend.#": "0",
                            "cdn_policy.#": "0",
                            "connection_draining_timeout_sec": "0",
                            "custom_request_headers.#": "0",
                            "description": "",
                            "enable_cdn": "false",
                            "fingerprint": "tkunsS7xxsA=",
                            "health_checks.#": "1",
                            "health_checks.3044033465": "https://www.googleapis.com/compute/beta/projects/waze-development/global/httpHealthChecks/default-health-check",
                            "iap.#": "0",
                            "id": "stg-search-backend-service",
                            "name": "stg-search-backend-service",
                            "port_name": "http",
                            "project": "waze-development",
                            "protocol": "HTTP",
                            "security_policy": "",
                            "self_link": "https://www.googleapis.com/compute/v1/projects/waze-development/global/backendServices/stg-search-backend-service",
                            "session_affinity": "NONE",
                            "timeout_sec": "30"
                        },
                        "meta": {
                            "schema_version": "1"
                        },
                        "tainted": false
                    },
                    "deposed": [],
                    "provider": "provider.google"
                },
                "google_compute_backend_service.stg_search_lb_service": {
                    "type": "google_compute_backend_service",
                    "depends_on": [],
                    "primary": {
                        "id": "stg-search-lb-service",
                        "attributes": {
                            "backend.#": "1",
                            "backend.16210817.balancing_mode": "UTILIZATION",
                            "backend.16210817.capacity_scaler": "1",
                            "backend.16210817.description": "",
                            "backend.16210817.group": "https://www.googleapis.com/compute/beta/projects/waze-development/zones/europe-west1-c/instanceGroups/stg-search-ig",
                            "backend.16210817.max_connections": "0",
                            "backend.16210817.max_connections_per_instance": "0",
                            "backend.16210817.max_rate": "0",
                            "backend.16210817.max_rate_per_instance": "0",
                            "backend.16210817.max_utilization": "0.8",
                            "cdn_policy.#": "0",
                            "connection_draining_timeout_sec": "0",
                            "custom_request_headers.#": "0",
                            "description": "",
                            "enable_cdn": "false",
                            "fingerprint": "Ntj__Xp6dxM=",
                            "health_checks.#": "1",
                            "health_checks.3182813478": "https://www.googleapis.com/compute/beta/projects/waze-development/global/httpHealthChecks/stg-search-lb-http-check",
                            "iap.#": "0",
                            "id": "stg-search-lb-service",
                            "name": "stg-search-lb-service",
                            "port_name": "http",
                            "project": "waze-development",
                            "protocol": "HTTP",
                            "security_policy": "",
                            "self_link": "https://www.googleapis.com/compute/v1/projects/waze-development/global/backendServices/stg-search-lb-service",
                            "session_affinity": "NONE",
                            "timeout_sec": "30"
                        },
                        "meta": {
                            "schema_version": "1"
                        },
                        "tainted": false
                    },
                    "deposed": [],
                    "provider": "provider.google"
                },
                "google_compute_backend_service.stg_sms_lb_service": {
                    "type": "google_compute_backend_service",
                    "depends_on": [],
                    "primary": {
                        "id": "stg-sms-lb-service",
                        "attributes": {
                            "backend.#": "1",
                            "backend.3136663635.balancing_mode": "UTILIZATION",
                            "backend.3136663635.capacity_scaler": "1",
                            "backend.3136663635.description": "",
                            "backend.3136663635.group": "https://www.googleapis.com/compute/beta/projects/waze-development/zones/europe-west1-b/instanceGroups/stg-sms-ig",
                            "backend.3136663635.max_connections": "0",
                            "backend.3136663635.max_connections_per_instance": "0",
                            "backend.3136663635.max_rate": "0",
                            "backend.3136663635.max_rate_per_instance": "0",
                            "backend.3136663635.max_utilization": "0.8",
                            "cdn_policy.#": "0",
                            "connection_draining_timeout_sec": "0",
                            "custom_request_headers.#": "0",
                            "description": "",
                            "enable_cdn": "false",
                            "fingerprint": "6Pri1MvqzwI=",
                            "health_checks.#": "1",
                            "health_checks.2318530658": "https://www.googleapis.com/compute/beta/projects/waze-development/global/httpHealthChecks/stg-sms-lb-http-check",
                            "iap.#": "0",
                            "id": "stg-sms-lb-service",
                            "name": "stg-sms-lb-service",
                            "port_name": "http",
                            "project": "waze-development",
                            "protocol": "HTTP",
                            "security_policy": "",
                            "self_link": "https://www.googleapis.com/compute/v1/projects/waze-development/global/backendServices/stg-sms-lb-service",
                            "session_affinity": "NONE",
                            "timeout_sec": "30"
                        },
                        "meta": {
                            "schema_version": "1"
                        },
                        "tainted": false
                    },
                    "deposed": [],
                    "provider": "provider.google"
                },
                "google_compute_backend_service.stg_ttsgw_backend_service": {
                    "type": "google_compute_backend_service",
                    "depends_on": [],
                    "primary": {
                        "id": "stg-ttsgw-backend-service",
                        "attributes": {
                            "backend.#": "1",
                            "backend.2561103400.balancing_mode": "UTILIZATION",
                            "backend.2561103400.capacity_scaler": "1",
                            "backend.2561103400.description": "",
                            "backend.2561103400.group": "https://www.googleapis.com/compute/beta/projects/waze-development/zones/europe-west1-b/instanceGroups/stg-ttsgw",
                            "backend.2561103400.max_connections": "0",
                            "backend.2561103400.max_connections_per_instance": "0",
                            "backend.2561103400.max_rate": "0",
                            "backend.2561103400.max_rate_per_instance": "0",
                            "backend.2561103400.max_utilization": "0.8",
                            "cdn_policy.#": "0",
                            "connection_draining_timeout_sec": "0",
                            "custom_request_headers.#": "0",
                            "description": "",
                            "enable_cdn": "false",
                            "fingerprint": "DOIxs0e6PS0=",
                            "health_checks.#": "1",
                            "health_checks.3044033465": "https://www.googleapis.com/compute/beta/projects/waze-development/global/httpHealthChecks/default-health-check",
                            "iap.#": "0",
                            "id": "stg-ttsgw-backend-service",
                            "name": "stg-ttsgw-backend-service",
                            "port_name": "http",
                            "project": "waze-development",
                            "protocol": "HTTP",
                            "security_policy": "",
                            "self_link": "https://www.googleapis.com/compute/v1/projects/waze-development/global/backendServices/stg-ttsgw-backend-service",
                            "session_affinity": "NONE",
                            "timeout_sec": "30"
                        },
                        "meta": {
                            "schema_version": "1"
                        },
                        "tainted": false
                    },
                    "deposed": [],
                    "provider": "provider.google"
                },
                "google_compute_backend_service.stg_usersprofile_lb_backend_service": {
                    "type": "google_compute_backend_service",
                    "depends_on": [],
                    "primary": {
                        "id": "stg-usersprofile-lb-backend-service",
                        "attributes": {
                            "backend.#": "1",
                            "backend.2280603708.balancing_mode": "RATE",
                            "backend.2280603708.capacity_scaler": "1",
                            "backend.2280603708.description": "",
                            "backend.2280603708.group": "https://www.googleapis.com/compute/beta/projects/waze-development/zones/europe-west1-b/instanceGroups/stg-usersprofile",
                            "backend.2280603708.max_connections": "0",
                            "backend.2280603708.max_connections_per_instance": "0",
                            "backend.2280603708.max_rate": "0",
                            "backend.2280603708.max_rate_per_instance": "10000",
                            "backend.2280603708.max_utilization": "0",
                            "cdn_policy.#": "0",
                            "connection_draining_timeout_sec": "0",
                            "custom_request_headers.#": "0",
                            "description": "",
                            "enable_cdn": "false",
                            "fingerprint": "MCBpGE12Bts=",
                            "health_checks.#": "1",
                            "health_checks.2924264532": "https://www.googleapis.com/compute/beta/projects/waze-development/global/httpHealthChecks/stg-usersprofile-lb-health-check",
                            "iap.#": "0",
                            "id": "stg-usersprofile-lb-backend-service",
                            "name": "stg-usersprofile-lb-backend-service",
                            "port_name": "http",
                            "project": "waze-development",
                            "protocol": "HTTP",
                            "security_policy": "",
                            "self_link": "https://www.googleapis.com/compute/v1/projects/waze-development/global/backendServices/stg-usersprofile-lb-backend-service",
                            "session_affinity": "NONE",
                            "timeout_sec": "30"
                        },
                        "meta": {
                            "schema_version": "1"
                        },
                        "tainted": false
                    },
                    "deposed": [],
                    "provider": "provider.google"
                },
                "google_compute_backend_service.storagegateway_stg_stg1_bs": {
                    "type": "google_compute_backend_service",
                    "depends_on": [],
                    "primary": {
                        "id": "storagegateway-stg-stg1-bs",
                        "attributes": {
                            "backend.#": "1",
                            "backend.3491308654.balancing_mode": "RATE",
                            "backend.3491308654.capacity_scaler": "1",
                            "backend.3491308654.description": "",
                            "backend.3491308654.group": "https://www.googleapis.com/compute/beta/projects/waze-development/regions/europe-west1/instanceGroups/storagegateway-stg-stg1-v007",
                            "backend.3491308654.max_connections": "0",
                            "backend.3491308654.max_connections_per_instance": "0",
                            "backend.3491308654.max_rate": "0",
                            "backend.3491308654.max_rate_per_instance": "10000",
                            "backend.3491308654.max_utilization": "0",
                            "cdn_policy.#": "0",
                            "connection_draining_timeout_sec": "0",
                            "custom_request_headers.#": "0",
                            "description": "",
                            "enable_cdn": "false",
                            "fingerprint": "58lCOQge96A=",
                            "health_checks.#": "1",
                            "health_checks.725757331": "https://www.googleapis.com/compute/beta/projects/waze-development/global/httpHealthChecks/http-healthcheck",
                            "iap.#": "0",
                            "id": "storagegateway-stg-stg1-bs",
                            "name": "storagegateway-stg-stg1-bs",
                            "port_name": "http",
                            "project": "waze-development",
                            "protocol": "HTTP",
                            "security_policy": "",
                            "self_link": "https://www.googleapis.com/compute/v1/projects/waze-development/global/backendServices/storagegateway-stg-stg1-bs",
                            "session_affinity": "NONE",
                            "timeout_sec": "30"
                        },
                        "meta": {
                            "schema_version": "1"
                        },
                        "tainted": false
                    },
                    "deposed": [],
                    "provider": "provider.google"
                },
                "google_compute_backend_service.usersprofile_stg_stg1_ebes": {
                    "type": "google_compute_backend_service",
                    "depends_on": [],
                    "primary": {
                        "id": "usersprofile-stg-stg1-ebes",
                        "attributes": {
                            "backend.#": "1",
                            "backend.1595129942.balancing_mode": "RATE",
                            "backend.1595129942.capacity_scaler": "1",
                            "backend.1595129942.description": "",
                            "backend.1595129942.group": "https://www.googleapis.com/compute/beta/projects/waze-development/regions/europe-west1/instanceGroups/usersprofile-stg-stg1-v124",
                            "backend.1595129942.max_connections": "0",
                            "backend.1595129942.max_connections_per_instance": "0",
                            "backend.1595129942.max_rate": "0",
                            "backend.1595129942.max_rate_per_instance": "10000",
                            "backend.1595129942.max_utilization": "0",
                            "cdn_policy.#": "0",
                            "connection_draining_timeout_sec": "0",
                            "custom_request_headers.#": "0",
                            "description": "",
                            "enable_cdn": "false",
                            "fingerprint": "QebIxQgVCXs=",
                            "health_checks.#": "1",
                            "health_checks.4186593331": "https://www.googleapis.com/compute/beta/projects/waze-development/global/httpHealthChecks/microservice-healthcheck",
                            "iap.#": "0",
                            "id": "usersprofile-stg-stg1-ebes",
                            "name": "usersprofile-stg-stg1-ebes",
                            "port_name": "http",
                            "project": "waze-development",
                            "protocol": "HTTP",
                            "security_policy": "",
                            "self_link": "https://www.googleapis.com/compute/v1/projects/waze-development/global/backendServices/usersprofile-stg-stg1-ebes",
                            "session_affinity": "NONE",
                            "timeout_sec": "30"
                        },
                        "meta": {
                            "schema_version": "1"
                        },
                        "tainted": false
                    },
                    "deposed": [],
                    "provider": "provider.google"
                },
                "google_compute_backend_service.was_stg_stg1_be": {
                    "type": "google_compute_backend_service",
                    "depends_on": [],
                    "primary": {
                        "id": "was-stg-stg1-be",
                        "attributes": {
                            "backend.#": "1",
                            "backend.1982055133.balancing_mode": "UTILIZATION",
                            "backend.1982055133.capacity_scaler": "1",
                            "backend.1982055133.description": "",
                            "backend.1982055133.group": "https://www.googleapis.com/compute/beta/projects/waze-development/regions/europe-west1/instanceGroups/was-stg-stg1-v002",
                            "backend.1982055133.max_connections": "0",
                            "backend.1982055133.max_connections_per_instance": "0",
                            "backend.1982055133.max_rate": "0",
                            "backend.1982055133.max_rate_per_instance": "0",
                            "backend.1982055133.max_utilization": "0.8",
                            "cdn_policy.#": "0",
                            "connection_draining_timeout_sec": "300",
                            "custom_request_headers.#": "0",
                            "description": "",
                            "enable_cdn": "false",
                            "fingerprint": "HlSDAfd_kFo=",
                            "health_checks.#": "1",
                            "health_checks.2298490497": "https://www.googleapis.com/compute/beta/projects/waze-development/global/healthChecks/was-stg-hc",
                            "iap.#": "0",
                            "id": "was-stg-stg1-be",
                            "name": "was-stg-stg1-be",
                            "port_name": "http",
                            "project": "waze-development",
                            "protocol": "HTTP",
                            "security_policy": "",
                            "self_link": "https://www.googleapis.com/compute/v1/projects/waze-development/global/backendServices/was-stg-stg1-be",
                            "session_affinity": "NONE",
                            "timeout_sec": "30"
                        },
                        "meta": {
                            "schema_version": "1"
                        },
                        "tainted": false
                    },
                    "deposed": [],
                    "provider": "provider.google"
                },
                "google_compute_backend_service.website_stg_be": {
                    "type": "google_compute_backend_service",
                    "depends_on": [],
                    "primary": {
                        "id": "website-stg-be",
                        "attributes": {
                            "backend.#": "1",
                            "backend.724491670.balancing_mode": "UTILIZATION",
                            "backend.724491670.capacity_scaler": "1",
                            "backend.724491670.description": "",
                            "backend.724491670.group": "https://www.googleapis.com/compute/beta/projects/waze-development/zones/europe-west1-c/instanceGroups/website-stg",
                            "backend.724491670.max_connections": "0",
                            "backend.724491670.max_connections_per_instance": "0",
                            "backend.724491670.max_rate": "0",
                            "backend.724491670.max_rate_per_instance": "0",
                            "backend.724491670.max_utilization": "0.8",
                            "cdn_policy.#": "0",
                            "connection_draining_timeout_sec": "300",
                            "custom_request_headers.#": "4",
                            "custom_request_headers.134290383": "X-Client-City-Lat-Long: {client_city_lat_long}",
                            "custom_request_headers.3001550846": "X-Client-City: {client_city}",
                            "custom_request_headers.3450357830": "X-Rtt-Msec: {client_rtt_msec}",
                            "custom_request_headers.813374486": "X-Client-Region: {client_region}",
                            "description": "",
                            "enable_cdn": "false",
                            "fingerprint": "pZjz-GfmcJY=",
                            "health_checks.#": "1",
                            "health_checks.3113537127": "https://www.googleapis.com/compute/beta/projects/waze-development/global/httpHealthChecks/website-hc",
                            "iap.#": "0",
                            "id": "website-stg-be",
                            "name": "website-stg-be",
                            "port_name": "http",
                            "project": "waze-development",
                            "protocol": "HTTP",
                            "security_policy": "",
                            "self_link": "https://www.googleapis.com/compute/v1/projects/waze-development/global/backendServices/website-stg-be",
                            "session_affinity": "NONE",
                            "timeout_sec": "300"
                        },
                        "meta": {
                            "schema_version": "1"
                        },
                        "tainted": false
                    },
                    "deposed": [],
                    "provider": "provider.google"
                }
            },
            "depends_on": []
        }
    ]
}
