{
    "version": 3,
    "terraform_version": "0.11.10",
    "serial": 1,
    "lineage": "284f89a0-0ceb-9e3b-63dc-32d9cdf34bf9",
    "modules": [
        {
            "path": [
                "root"
            ],
            "outputs": {},
            "resources": {
                "google_storage_bucket.artifacts-waze_development-appspot-com": {
                    "type": "google_storage_bucket",
                    "depends_on": [],
                    "primary": {
                        "id": "artifacts.waze-development.appspot.com",
                        "attributes": {
                            "cors.#": "0",
                            "encryption.#": "0",
                            "id": "artifacts.waze-development.appspot.com",
                            "labels.%": "0",
                            "lifecycle_rule.#": "0",
                            "location": "US",
                            "logging.#": "0",
                            "name": "artifacts.waze-development.appspot.com",
                            "project": "waze-development",
                            "self_link": "https://www.googleapis.com/storage/v1/b/artifacts.waze-development.appspot.com",
                            "storage_class": "STANDARD",
                            "url": "gs://artifacts.waze-development.appspot.com",
                            "versioning.#": "0"
                        },
                        "meta": {},
                        "tainted": false
                    },
                    "deposed": [],
                    "provider": "provider.google"
                },
                "google_storage_bucket.baraktest": {
                    "type": "google_storage_bucket",
                    "depends_on": [],
                    "primary": {
                        "id": "baraktest",
                        "attributes": {
                            "cors.#": "0",
                            "encryption.#": "0",
                            "id": "baraktest",
                            "labels.%": "0",
                            "lifecycle_rule.#": "0",
                            "location": "EU",
                            "logging.#": "0",
                            "name": "baraktest",
                            "project": "waze-development",
                            "self_link": "https://www.googleapis.com/storage/v1/b/baraktest",
                            "storage_class": "COLDLINE",
                            "url": "gs://baraktest",
                            "versioning.#": "0"
                        },
                        "meta": {},
                        "tainted": false
                    },
                    "deposed": [],
                    "provider": "provider.google"
                },
                "google_storage_bucket.carpoolrouting_dev": {
                    "type": "google_storage_bucket",
                    "depends_on": [],
                    "primary": {
                        "id": "carpoolrouting-dev",
                        "attributes": {
                            "cors.#": "0",
                            "encryption.#": "0",
                            "id": "carpoolrouting-dev",
                            "labels.%": "0",
                            "lifecycle_rule.#": "1",
                            "lifecycle_rule.0.action.#": "1",
                            "lifecycle_rule.0.action.4029382586.storage_class": "",
                            "lifecycle_rule.0.action.4029382586.type": "Delete",
                            "lifecycle_rule.0.condition.#": "1",
                            "lifecycle_rule.0.condition.948745625.age": "15",
                            "lifecycle_rule.0.condition.948745625.created_before": "",
                            "lifecycle_rule.0.condition.948745625.is_live": "false",
                            "lifecycle_rule.0.condition.948745625.matches_storage_class.#": "0",
                            "lifecycle_rule.0.condition.948745625.num_newer_versions": "0",
                            "location": "US",
                            "logging.#": "0",
                            "name": "carpoolrouting-dev",
                            "project": "waze-development",
                            "self_link": "https://www.googleapis.com/storage/v1/b/carpoolrouting-dev",
                            "storage_class": "MULTI_REGIONAL",
                            "url": "gs://carpoolrouting-dev",
                            "versioning.#": "0"
                        },
                        "meta": {},
                        "tainted": false
                    },
                    "deposed": [],
                    "provider": "provider.google"
                },
                "google_storage_bucket.cassandra_backup": {
                    "type": "google_storage_bucket",
                    "depends_on": [],
                    "primary": {
                        "id": "cassandra-backup",
                        "attributes": {
                            "cors.#": "0",
                            "encryption.#": "0",
                            "id": "cassandra-backup",
                            "labels.%": "0",
                            "lifecycle_rule.#": "0",
                            "location": "US",
                            "logging.#": "0",
                            "name": "cassandra-backup",
                            "project": "waze-development",
                            "self_link": "https://www.googleapis.com/storage/v1/b/cassandra-backup",
                            "storage_class": "STANDARD",
                            "url": "gs://cassandra-backup",
                            "versioning.#": "0"
                        },
                        "meta": {},
                        "tainted": false
                    },
                    "deposed": [],
                    "provider": "provider.google"
                },
                "google_storage_bucket.cassandra_staging": {
                    "type": "google_storage_bucket",
                    "depends_on": [],
                    "primary": {
                        "id": "cassandra-staging",
                        "attributes": {
                            "cors.#": "0",
                            "encryption.#": "0",
                            "id": "cassandra-staging",
                            "labels.%": "0",
                            "lifecycle_rule.#": "0",
                            "location": "EUROPE-WEST1",
                            "logging.#": "0",
                            "name": "cassandra-staging",
                            "project": "waze-development",
                            "self_link": "https://www.googleapis.com/storage/v1/b/cassandra-staging",
                            "storage_class": "REGIONAL",
                            "url": "gs://cassandra-staging",
                            "versioning.#": "0"
                        },
                        "meta": {},
                        "tainted": false
                    },
                    "deposed": [],
                    "provider": "provider.google"
                },
                "google_storage_bucket.cdbg_agent_waze_development": {
                    "type": "google_storage_bucket",
                    "depends_on": [],
                    "primary": {
                        "id": "cdbg-agent_waze-development",
                        "attributes": {
                            "cors.#": "0",
                            "encryption.#": "0",
                            "id": "cdbg-agent_waze-development",
                            "labels.%": "0",
                            "lifecycle_rule.#": "0",
                            "location": "US",
                            "logging.#": "0",
                            "name": "cdbg-agent_waze-development",
                            "project": "waze-development",
                            "self_link": "https://www.googleapis.com/storage/v1/b/cdbg-agent_waze-development",
                            "storage_class": "STANDARD",
                            "url": "gs://cdbg-agent_waze-development",
                            "versioning.#": "0"
                        },
                        "meta": {},
                        "tainted": false
                    },
                    "deposed": [],
                    "provider": "provider.google"
                },
                "google_storage_bucket.cdbg_logs_waze_development": {
                    "type": "google_storage_bucket",
                    "depends_on": [],
                    "primary": {
                        "id": "cdbg-logs_waze-development",
                        "attributes": {
                            "cors.#": "0",
                            "encryption.#": "0",
                            "id": "cdbg-logs_waze-development",
                            "labels.%": "0",
                            "lifecycle_rule.#": "1",
                            "lifecycle_rule.0.action.#": "1",
                            "lifecycle_rule.0.action.4029382586.storage_class": "",
                            "lifecycle_rule.0.action.4029382586.type": "Delete",
                            "lifecycle_rule.0.condition.#": "1",
                            "lifecycle_rule.0.condition.395037683.age": "1",
                            "lifecycle_rule.0.condition.395037683.created_before": "",
                            "lifecycle_rule.0.condition.395037683.is_live": "false",
                            "lifecycle_rule.0.condition.395037683.matches_storage_class.#": "0",
                            "lifecycle_rule.0.condition.395037683.num_newer_versions": "0",
                            "location": "US",
                            "logging.#": "0",
                            "name": "cdbg-logs_waze-development",
                            "project": "waze-development",
                            "self_link": "https://www.googleapis.com/storage/v1/b/cdbg-logs_waze-development",
                            "storage_class": "STANDARD",
                            "url": "gs://cdbg-logs_waze-development",
                            "versioning.#": "0"
                        },
                        "meta": {},
                        "tainted": false
                    },
                    "deposed": [],
                    "provider": "provider.google"
                },
                "google_storage_bucket.countrymap": {
                    "type": "google_storage_bucket",
                    "depends_on": [],
                    "primary": {
                        "id": "countrymap",
                        "attributes": {
                            "cors.#": "0",
                            "encryption.#": "0",
                            "id": "countrymap",
                            "labels.%": "0",
                            "lifecycle_rule.#": "0",
                            "location": "EU",
                            "logging.#": "0",
                            "name": "countrymap",
                            "project": "waze-development",
                            "self_link": "https://www.googleapis.com/storage/v1/b/countrymap",
                            "storage_class": "MULTI_REGIONAL",
                            "url": "gs://countrymap",
                            "versioning.#": "0"
                        },
                        "meta": {},
                        "tainted": false
                    },
                    "deposed": [],
                    "provider": "provider.google"
                },
                "google_storage_bucket.dataflow_staging_europe_west1_205061584173": {
                    "type": "google_storage_bucket",
                    "depends_on": [],
                    "primary": {
                        "id": "dataflow-staging-europe-west1-205061584173",
                        "attributes": {
                            "cors.#": "0",
                            "encryption.#": "0",
                            "id": "dataflow-staging-europe-west1-205061584173",
                            "labels.%": "0",
                            "lifecycle_rule.#": "0",
                            "location": "EUROPE-WEST1",
                            "logging.#": "0",
                            "name": "dataflow-staging-europe-west1-205061584173",
                            "project": "waze-development",
                            "self_link": "https://www.googleapis.com/storage/v1/b/dataflow-staging-europe-west1-205061584173",
                            "storage_class": "STANDARD",
                            "url": "gs://dataflow-staging-europe-west1-205061584173",
                            "versioning.#": "0"
                        },
                        "meta": {},
                        "tainted": false
                    },
                    "deposed": [],
                    "provider": "provider.google"
                },
                "google_storage_bucket.dataflow_staging_us_central1_205061584173": {
                    "type": "google_storage_bucket",
                    "depends_on": [],
                    "primary": {
                        "id": "dataflow-staging-us-central1-205061584173",
                        "attributes": {
                            "cors.#": "0",
                            "encryption.#": "0",
                            "id": "dataflow-staging-us-central1-205061584173",
                            "labels.%": "0",
                            "lifecycle_rule.#": "0",
                            "location": "US-CENTRAL1",
                            "logging.#": "0",
                            "name": "dataflow-staging-us-central1-205061584173",
                            "project": "waze-development",
                            "self_link": "https://www.googleapis.com/storage/v1/b/dataflow-staging-us-central1-205061584173",
                            "storage_class": "STANDARD",
                            "url": "gs://dataflow-staging-us-central1-205061584173",
                            "versioning.#": "0"
                        },
                        "meta": {},
                        "tainted": false
                    },
                    "deposed": [],
                    "provider": "provider.google"
                },
                "google_storage_bucket.dataflow_staging_us_east1_205061584173": {
                    "type": "google_storage_bucket",
                    "depends_on": [],
                    "primary": {
                        "id": "dataflow-staging-us-east1-205061584173",
                        "attributes": {
                            "cors.#": "0",
                            "encryption.#": "0",
                            "id": "dataflow-staging-us-east1-205061584173",
                            "labels.%": "0",
                            "lifecycle_rule.#": "0",
                            "location": "US-EAST1",
                            "logging.#": "0",
                            "name": "dataflow-staging-us-east1-205061584173",
                            "project": "waze-development",
                            "self_link": "https://www.googleapis.com/storage/v1/b/dataflow-staging-us-east1-205061584173",
                            "storage_class": "STANDARD",
                            "url": "gs://dataflow-staging-us-east1-205061584173",
                            "versioning.#": "0"
                        },
                        "meta": {},
                        "tainted": false
                    },
                    "deposed": [],
                    "provider": "provider.google"
                },
                "google_storage_bucket.dataproc_02dfa3c4_6240_402c_b226_c7b4a4670b1d_us": {
                    "type": "google_storage_bucket",
                    "depends_on": [],
                    "primary": {
                        "id": "dataproc-02dfa3c4-6240-402c-b226-c7b4a4670b1d-us",
                        "attributes": {
                            "cors.#": "0",
                            "encryption.#": "0",
                            "id": "dataproc-02dfa3c4-6240-402c-b226-c7b4a4670b1d-us",
                            "labels.%": "0",
                            "lifecycle_rule.#": "0",
                            "location": "US",
                            "logging.#": "0",
                            "name": "dataproc-02dfa3c4-6240-402c-b226-c7b4a4670b1d-us",
                            "project": "waze-development",
                            "self_link": "https://www.googleapis.com/storage/v1/b/dataproc-02dfa3c4-6240-402c-b226-c7b4a4670b1d-us",
                            "storage_class": "STANDARD",
                            "url": "gs://dataproc-02dfa3c4-6240-402c-b226-c7b4a4670b1d-us",
                            "versioning.#": "0"
                        },
                        "meta": {},
                        "tainted": false
                    },
                    "deposed": [],
                    "provider": "provider.google"
                },
                "google_storage_bucket.dataproc_1398de85_a65d_406c_bc3a_d9800739cb66_europe_west1": {
                    "type": "google_storage_bucket",
                    "depends_on": [],
                    "primary": {
                        "id": "dataproc-1398de85-a65d-406c-bc3a-d9800739cb66-europe-west1",
                        "attributes": {
                            "cors.#": "0",
                            "encryption.#": "0",
                            "id": "dataproc-1398de85-a65d-406c-bc3a-d9800739cb66-europe-west1",
                            "labels.%": "0",
                            "lifecycle_rule.#": "0",
                            "location": "EUROPE-WEST1",
                            "logging.#": "0",
                            "name": "dataproc-1398de85-a65d-406c-bc3a-d9800739cb66-europe-west1",
                            "project": "waze-development",
                            "self_link": "https://www.googleapis.com/storage/v1/b/dataproc-1398de85-a65d-406c-bc3a-d9800739cb66-europe-west1",
                            "storage_class": "STANDARD",
                            "url": "gs://dataproc-1398de85-a65d-406c-bc3a-d9800739cb66-europe-west1",
                            "versioning.#": "0"
                        },
                        "meta": {},
                        "tainted": false
                    },
                    "deposed": [],
                    "provider": "provider.google"
                },
                "google_storage_bucket.dataproc_5f430212_e3ab_4900_9d30_23ac5c12858e_europe_west2": {
                    "type": "google_storage_bucket",
                    "depends_on": [],
                    "primary": {
                        "id": "dataproc-5f430212-e3ab-4900-9d30-23ac5c12858e-europe-west2",
                        "attributes": {
                            "cors.#": "0",
                            "encryption.#": "0",
                            "id": "dataproc-5f430212-e3ab-4900-9d30-23ac5c12858e-europe-west2",
                            "labels.%": "0",
                            "lifecycle_rule.#": "0",
                            "location": "EUROPE-WEST2",
                            "logging.#": "0",
                            "name": "dataproc-5f430212-e3ab-4900-9d30-23ac5c12858e-europe-west2",
                            "project": "waze-development",
                            "self_link": "https://www.googleapis.com/storage/v1/b/dataproc-5f430212-e3ab-4900-9d30-23ac5c12858e-europe-west2",
                            "storage_class": "STANDARD",
                            "url": "gs://dataproc-5f430212-e3ab-4900-9d30-23ac5c12858e-europe-west2",
                            "versioning.#": "0"
                        },
                        "meta": {},
                        "tainted": false
                    },
                    "deposed": [],
                    "provider": "provider.google"
                },
                "google_storage_bucket.dataproc_ab851108_ca3d_44cf_95af_175a851569bd_us_east1": {
                    "type": "google_storage_bucket",
                    "depends_on": [],
                    "primary": {
                        "id": "dataproc-ab851108-ca3d-44cf-95af-175a851569bd-us-east1",
                        "attributes": {
                            "cors.#": "0",
                            "encryption.#": "0",
                            "id": "dataproc-ab851108-ca3d-44cf-95af-175a851569bd-us-east1",
                            "labels.%": "0",
                            "lifecycle_rule.#": "0",
                            "location": "US-EAST1",
                            "logging.#": "0",
                            "name": "dataproc-ab851108-ca3d-44cf-95af-175a851569bd-us-east1",
                            "project": "waze-development",
                            "self_link": "https://www.googleapis.com/storage/v1/b/dataproc-ab851108-ca3d-44cf-95af-175a851569bd-us-east1",
                            "storage_class": "STANDARD",
                            "url": "gs://dataproc-ab851108-ca3d-44cf-95af-175a851569bd-us-east1",
                            "versioning.#": "0"
                        },
                        "meta": {},
                        "tainted": false
                    },
                    "deposed": [],
                    "provider": "provider.google"
                },
                "google_storage_bucket.dataproc_ec593c78_412a_4475_8ceb_a4ae4eb547ad_eu": {
                    "type": "google_storage_bucket",
                    "depends_on": [],
                    "primary": {
                        "id": "dataproc-ec593c78-412a-4475-8ceb-a4ae4eb547ad-eu",
                        "attributes": {
                            "cors.#": "0",
                            "encryption.#": "0",
                            "id": "dataproc-ec593c78-412a-4475-8ceb-a4ae4eb547ad-eu",
                            "labels.%": "0",
                            "lifecycle_rule.#": "0",
                            "location": "EU",
                            "logging.#": "0",
                            "name": "dataproc-ec593c78-412a-4475-8ceb-a4ae4eb547ad-eu",
                            "project": "waze-development",
                            "self_link": "https://www.googleapis.com/storage/v1/b/dataproc-ec593c78-412a-4475-8ceb-a4ae4eb547ad-eu",
                            "storage_class": "STANDARD",
                            "url": "gs://dataproc-ec593c78-412a-4475-8ceb-a4ae4eb547ad-eu",
                            "versioning.#": "0"
                        },
                        "meta": {},
                        "tainted": false
                    },
                    "deposed": [],
                    "provider": "provider.google"
                },
                "google_storage_bucket.deep_learning": {
                    "type": "google_storage_bucket",
                    "depends_on": [],
                    "primary": {
                        "id": "deep-learning",
                        "attributes": {
                            "cors.#": "0",
                            "encryption.#": "0",
                            "id": "deep-learning",
                            "labels.%": "0",
                            "lifecycle_rule.#": "0",
                            "location": "EUROPE-WEST1",
                            "logging.#": "0",
                            "name": "deep-learning",
                            "project": "waze-development",
                            "self_link": "https://www.googleapis.com/storage/v1/b/deep-learning",
                            "storage_class": "REGIONAL",
                            "url": "gs://deep-learning",
                            "versioning.#": "0"
                        },
                        "meta": {},
                        "tainted": false
                    },
                    "deposed": [],
                    "provider": "provider.google"
                },
                "google_storage_bucket.gcres-waze-com": {
                    "type": "google_storage_bucket",
                    "depends_on": [],
                    "primary": {
                        "id": "gcres.waze.com",
                        "attributes": {
                            "cors.#": "0",
                            "encryption.#": "0",
                            "id": "gcres.waze.com",
                            "labels.%": "0",
                            "lifecycle_rule.#": "0",
                            "location": "US",
                            "logging.#": "0",
                            "name": "gcres.waze.com",
                            "project": "waze-development",
                            "self_link": "https://www.googleapis.com/storage/v1/b/gcres.waze.com",
                            "storage_class": "STANDARD",
                            "url": "gs://gcres.waze.com",
                            "versioning.#": "0"
                        },
                        "meta": {},
                        "tainted": false
                    },
                    "deposed": [],
                    "provider": "provider.google"
                },
                "google_storage_bucket.genady": {
                    "type": "google_storage_bucket",
                    "depends_on": [],
                    "primary": {
                        "id": "genady",
                        "attributes": {
                            "cors.#": "0",
                            "encryption.#": "0",
                            "id": "genady",
                            "labels.%": "0",
                            "lifecycle_rule.#": "0",
                            "location": "US",
                            "logging.#": "0",
                            "name": "genady",
                            "project": "waze-development",
                            "self_link": "https://www.googleapis.com/storage/v1/b/genady",
                            "storage_class": "STANDARD",
                            "url": "gs://genady",
                            "versioning.#": "0"
                        },
                        "meta": {},
                        "tainted": false
                    },
                    "deposed": [],
                    "provider": "provider.google"
                },
                "google_storage_bucket.getdate_lb_4": {
                    "type": "google_storage_bucket",
                    "depends_on": [],
                    "primary": {
                        "id": "getdate-lb-4",
                        "attributes": {
                            "cors.#": "0",
                            "encryption.#": "0",
                            "id": "getdate-lb-4",
                            "labels.%": "0",
                            "lifecycle_rule.#": "0",
                            "location": "US",
                            "logging.#": "0",
                            "name": "getdate-lb-4",
                            "project": "waze-development",
                            "self_link": "https://www.googleapis.com/storage/v1/b/getdate-lb-4",
                            "storage_class": "MULTI_REGIONAL",
                            "url": "gs://getdate-lb-4",
                            "versioning.#": "0"
                        },
                        "meta": {},
                        "tainted": false
                    },
                    "deposed": [],
                    "provider": "provider.google"
                },
                "google_storage_bucket.gsutil_test_test_cp_unwritable_tracker_file_download_b_0701e591": {
                    "type": "google_storage_bucket",
                    "depends_on": [],
                    "primary": {
                        "id": "gsutil-test-test_cp_unwritable_tracker_file_download-b-0701e591",
                        "attributes": {
                            "cors.#": "0",
                            "encryption.#": "0",
                            "id": "gsutil-test-test_cp_unwritable_tracker_file_download-b-0701e591",
                            "labels.%": "0",
                            "lifecycle_rule.#": "0",
                            "location": "US-CENTRAL1",
                            "logging.#": "0",
                            "name": "gsutil-test-test_cp_unwritable_tracker_file_download-b-0701e591",
                            "project": "waze-development",
                            "self_link": "https://www.googleapis.com/storage/v1/b/gsutil-test-test_cp_unwritable_tracker_file_download-b-0701e591",
                            "storage_class": "STANDARD",
                            "url": "gs://gsutil-test-test_cp_unwritable_tracker_file_download-b-0701e591",
                            "versioning.#": "0"
                        },
                        "meta": {},
                        "tainted": false
                    },
                    "deposed": [],
                    "provider": "provider.google"
                },
                "google_storage_bucket.gsutil_test_test_cp_unwritable_tracker_file_download_b_d50a8870": {
                    "type": "google_storage_bucket",
                    "depends_on": [],
                    "primary": {
                        "id": "gsutil-test-test_cp_unwritable_tracker_file_download-b-d50a8870",
                        "attributes": {
                            "cors.#": "0",
                            "encryption.#": "0",
                            "id": "gsutil-test-test_cp_unwritable_tracker_file_download-b-d50a8870",
                            "labels.%": "0",
                            "lifecycle_rule.#": "0",
                            "location": "US-CENTRAL1",
                            "logging.#": "0",
                            "name": "gsutil-test-test_cp_unwritable_tracker_file_download-b-d50a8870",
                            "project": "waze-development",
                            "self_link": "https://www.googleapis.com/storage/v1/b/gsutil-test-test_cp_unwritable_tracker_file_download-b-d50a8870",
                            "storage_class": "STANDARD",
                            "url": "gs://gsutil-test-test_cp_unwritable_tracker_file_download-b-d50a8870",
                            "versioning.#": "0"
                        },
                        "meta": {},
                        "tainted": false
                    },
                    "deposed": [],
                    "provider": "provider.google"
                },
                "google_storage_bucket.gsutil_test_test_minus_d_resumable_upload_bucket_394137ab": {
                    "type": "google_storage_bucket",
                    "depends_on": [],
                    "primary": {
                        "id": "gsutil-test-test_minus_d_resumable_upload-bucket-394137ab",
                        "attributes": {
                            "cors.#": "0",
                            "encryption.#": "0",
                            "id": "gsutil-test-test_minus_d_resumable_upload-bucket-394137ab",
                            "labels.%": "0",
                            "lifecycle_rule.#": "0",
                            "location": "US-CENTRAL1",
                            "logging.#": "0",
                            "name": "gsutil-test-test_minus_d_resumable_upload-bucket-394137ab",
                            "project": "waze-development",
                            "self_link": "https://www.googleapis.com/storage/v1/b/gsutil-test-test_minus_d_resumable_upload-bucket-394137ab",
                            "storage_class": "STANDARD",
                            "url": "gs://gsutil-test-test_minus_d_resumable_upload-bucket-394137ab",
                            "versioning.#": "0"
                        },
                        "meta": {},
                        "tainted": false
                    },
                    "deposed": [],
                    "provider": "provider.google"
                },
                "google_storage_bucket.hermetic_routing": {
                    "type": "google_storage_bucket",
                    "depends_on": [],
                    "primary": {
                        "id": "hermetic-routing",
                        "attributes": {
                            "cors.#": "0",
                            "encryption.#": "0",
                            "id": "hermetic-routing",
                            "labels.%": "0",
                            "lifecycle_rule.#": "0",
                            "location": "US-WEST1",
                            "logging.#": "0",
                            "name": "hermetic-routing",
                            "project": "waze-development",
                            "self_link": "https://www.googleapis.com/storage/v1/b/hermetic-routing",
                            "storage_class": "REGIONAL",
                            "url": "gs://hermetic-routing",
                            "versioning.#": "0"
                        },
                        "meta": {},
                        "tainted": false
                    },
                    "deposed": [],
                    "provider": "provider.google"
                },
                "google_storage_bucket.kubernetes_clusters_sergey_test_cassandra": {
                    "type": "google_storage_bucket",
                    "depends_on": [],
                    "primary": {
                        "id": "kubernetes-clusters-sergey-test-cassandra",
                        "attributes": {
                            "cors.#": "0",
                            "encryption.#": "0",
                            "id": "kubernetes-clusters-sergey-test-cassandra",
                            "labels.%": "0",
                            "lifecycle_rule.#": "0",
                            "location": "US",
                            "logging.#": "0",
                            "name": "kubernetes-clusters-sergey-test-cassandra",
                            "project": "waze-development",
                            "self_link": "https://www.googleapis.com/storage/v1/b/kubernetes-clusters-sergey-test-cassandra",
                            "storage_class": "STANDARD",
                            "url": "gs://kubernetes-clusters-sergey-test-cassandra",
                            "versioning.#": "0"
                        },
                        "meta": {},
                        "tainted": false
                    },
                    "deposed": [],
                    "provider": "provider.google"
                },
                "google_storage_bucket.merger_data": {
                    "type": "google_storage_bucket",
                    "depends_on": [],
                    "primary": {
                        "id": "merger-data",
                        "attributes": {
                            "cors.#": "0",
                            "encryption.#": "0",
                            "id": "merger-data",
                            "labels.%": "0",
                            "lifecycle_rule.#": "0",
                            "location": "US",
                            "logging.#": "0",
                            "name": "merger-data",
                            "project": "waze-development",
                            "self_link": "https://www.googleapis.com/storage/v1/b/merger-data",
                            "storage_class": "COLDLINE",
                            "url": "gs://merger-data",
                            "versioning.#": "0"
                        },
                        "meta": {},
                        "tainted": false
                    },
                    "deposed": [],
                    "provider": "provider.google"
                },
                "google_storage_bucket.merger_data_jupyterhub": {
                    "type": "google_storage_bucket",
                    "depends_on": [],
                    "primary": {
                        "id": "merger-data-jupyterhub",
                        "attributes": {
                            "cors.#": "0",
                            "encryption.#": "0",
                            "id": "merger-data-jupyterhub",
                            "labels.%": "0",
                            "lifecycle_rule.#": "0",
                            "location": "US",
                            "logging.#": "0",
                            "name": "merger-data-jupyterhub",
                            "project": "waze-development",
                            "self_link": "https://www.googleapis.com/storage/v1/b/merger-data-jupyterhub",
                            "storage_class": "COLDLINE",
                            "url": "gs://merger-data-jupyterhub",
                            "versioning.#": "0"
                        },
                        "meta": {},
                        "tainted": false
                    },
                    "deposed": [],
                    "provider": "provider.google"
                },
                "google_storage_bucket.pg_staging_master": {
                    "type": "google_storage_bucket",
                    "depends_on": [],
                    "primary": {
                        "id": "pg-staging-master",
                        "attributes": {
                            "cors.#": "0",
                            "encryption.#": "0",
                            "id": "pg-staging-master",
                            "labels.%": "0",
                            "lifecycle_rule.#": "0",
                            "location": "EUROPE-WEST1",
                            "logging.#": "0",
                            "name": "pg-staging-master",
                            "project": "waze-development",
                            "self_link": "https://www.googleapis.com/storage/v1/b/pg-staging-master",
                            "storage_class": "REGIONAL",
                            "url": "gs://pg-staging-master",
                            "versioning.#": "0"
                        },
                        "meta": {},
                        "tainted": false
                    },
                    "deposed": [],
                    "provider": "provider.google"
                },
                "google_storage_bucket.routing_regression": {
                    "type": "google_storage_bucket",
                    "depends_on": [],
                    "primary": {
                        "id": "routing_regression",
                        "attributes": {
                            "cors.#": "0",
                            "encryption.#": "0",
                            "id": "routing_regression",
                            "labels.%": "0",
                            "lifecycle_rule.#": "0",
                            "location": "EU",
                            "logging.#": "0",
                            "name": "routing_regression",
                            "project": "waze-development",
                            "self_link": "https://www.googleapis.com/storage/v1/b/routing_regression",
                            "storage_class": "STANDARD",
                            "url": "gs://routing_regression",
                            "versioning.#": "0"
                        },
                        "meta": {},
                        "tainted": false
                    },
                    "deposed": [],
                    "provider": "provider.google"
                },
                "google_storage_bucket.routing_regression_automation": {
                    "type": "google_storage_bucket",
                    "depends_on": [],
                    "primary": {
                        "id": "routing_regression_automation",
                        "attributes": {
                            "cors.#": "0",
                            "encryption.#": "0",
                            "id": "routing_regression_automation",
                            "labels.%": "0",
                            "lifecycle_rule.#": "0",
                            "location": "US",
                            "logging.#": "0",
                            "name": "routing_regression_automation",
                            "project": "waze-development",
                            "self_link": "https://www.googleapis.com/storage/v1/b/routing_regression_automation",
                            "storage_class": "COLDLINE",
                            "url": "gs://routing_regression_automation",
                            "versioning.#": "0"
                        },
                        "meta": {},
                        "tainted": false
                    },
                    "deposed": [],
                    "provider": "provider.google"
                },
                "google_storage_bucket.row_app_logs": {
                    "type": "google_storage_bucket",
                    "depends_on": [],
                    "primary": {
                        "id": "row-app-logs",
                        "attributes": {
                            "cors.#": "0",
                            "encryption.#": "0",
                            "id": "row-app-logs",
                            "labels.%": "0",
                            "lifecycle_rule.#": "0",
                            "location": "EUROPE-WEST1",
                            "logging.#": "0",
                            "name": "row-app-logs",
                            "project": "waze-development",
                            "self_link": "https://www.googleapis.com/storage/v1/b/row-app-logs",
                            "storage_class": "DURABLE_REDUCED_AVAILABILITY",
                            "url": "gs://row-app-logs",
                            "versioning.#": "0"
                        },
                        "meta": {},
                        "tainted": false
                    },
                    "deposed": [],
                    "provider": "provider.google"
                },
                "google_storage_bucket.row_pg_backup": {
                    "type": "google_storage_bucket",
                    "depends_on": [],
                    "primary": {
                        "id": "row-pg-backup",
                        "attributes": {
                            "cors.#": "0",
                            "encryption.#": "0",
                            "id": "row-pg-backup",
                            "labels.%": "0",
                            "lifecycle_rule.#": "1",
                            "lifecycle_rule.0.action.#": "1",
                            "lifecycle_rule.0.action.4029382586.storage_class": "",
                            "lifecycle_rule.0.action.4029382586.type": "Delete",
                            "lifecycle_rule.0.condition.#": "1",
                            "lifecycle_rule.0.condition.2807216241.age": "5",
                            "lifecycle_rule.0.condition.2807216241.created_before": "",
                            "lifecycle_rule.0.condition.2807216241.is_live": "false",
                            "lifecycle_rule.0.condition.2807216241.matches_storage_class.#": "0",
                            "lifecycle_rule.0.condition.2807216241.num_newer_versions": "0",
                            "location": "EU",
                            "logging.#": "0",
                            "name": "row-pg-backup",
                            "project": "waze-development",
                            "self_link": "https://www.googleapis.com/storage/v1/b/row-pg-backup",
                            "storage_class": "NEARLINE",
                            "url": "gs://row-pg-backup",
                            "versioning.#": "0"
                        },
                        "meta": {},
                        "tainted": false
                    },
                    "deposed": [],
                    "provider": "provider.google"
                },
                "google_storage_bucket.rr-fu-nl": {
                    "type": "google_storage_bucket",
                    "depends_on": [],
                    "primary": {
                        "id": "rr.fu.nl",
                        "attributes": {
                            "cors.#": "0",
                            "encryption.#": "0",
                            "id": "rr.fu.nl",
                            "labels.%": "0",
                            "lifecycle_rule.#": "0",
                            "location": "US",
                            "logging.#": "0",
                            "name": "rr.fu.nl",
                            "project": "waze-development",
                            "self_link": "https://www.googleapis.com/storage/v1/b/rr.fu.nl",
                            "storage_class": "STANDARD",
                            "url": "gs://rr.fu.nl",
                            "versioning.#": "0"
                        },
                        "meta": {},
                        "tainted": false
                    },
                    "deposed": [],
                    "provider": "provider.google"
                },
                "google_storage_bucket.sagie_phantom_test": {
                    "type": "google_storage_bucket",
                    "depends_on": [],
                    "primary": {
                        "id": "sagie-phantom-test",
                        "attributes": {
                            "cors.#": "0",
                            "encryption.#": "0",
                            "id": "sagie-phantom-test",
                            "labels.%": "0",
                            "lifecycle_rule.#": "0",
                            "location": "US",
                            "logging.#": "0",
                            "name": "sagie-phantom-test",
                            "project": "waze-development",
                            "self_link": "https://www.googleapis.com/storage/v1/b/sagie-phantom-test",
                            "storage_class": "MULTI_REGIONAL",
                            "url": "gs://sagie-phantom-test",
                            "versioning.#": "0"
                        },
                        "meta": {},
                        "tainted": false
                    },
                    "deposed": [],
                    "provider": "provider.google"
                },
                "google_storage_bucket.sergeylanz": {
                    "type": "google_storage_bucket",
                    "depends_on": [],
                    "primary": {
                        "id": "sergeylanz",
                        "attributes": {
                            "cors.#": "0",
                            "encryption.#": "0",
                            "id": "sergeylanz",
                            "labels.%": "0",
                            "lifecycle_rule.#": "0",
                            "location": "EU",
                            "logging.#": "0",
                            "name": "sergeylanz",
                            "project": "waze-development",
                            "self_link": "https://www.googleapis.com/storage/v1/b/sergeylanz",
                            "storage_class": "MULTI_REGIONAL",
                            "url": "gs://sergeylanz",
                            "versioning.#": "0"
                        },
                        "meta": {},
                        "tainted": false
                    },
                    "deposed": [],
                    "provider": "provider.google"
                },
                "google_storage_bucket.spin_ef0fc51f_8165_4d25_87a8_4bb3bc1d13d6": {
                    "type": "google_storage_bucket",
                    "depends_on": [],
                    "primary": {
                        "id": "spin-ef0fc51f-8165-4d25-87a8-4bb3bc1d13d6",
                        "attributes": {
                            "cors.#": "0",
                            "encryption.#": "0",
                            "id": "spin-ef0fc51f-8165-4d25-87a8-4bb3bc1d13d6",
                            "labels.%": "0",
                            "lifecycle_rule.#": "0",
                            "location": "US",
                            "logging.#": "0",
                            "name": "spin-ef0fc51f-8165-4d25-87a8-4bb3bc1d13d6",
                            "project": "waze-development",
                            "self_link": "https://www.googleapis.com/storage/v1/b/spin-ef0fc51f-8165-4d25-87a8-4bb3bc1d13d6",
                            "storage_class": "STANDARD",
                            "url": "gs://spin-ef0fc51f-8165-4d25-87a8-4bb3bc1d13d6",
                            "versioning.#": "1",
                            "versioning.0.enabled": "true"
                        },
                        "meta": {},
                        "tainted": false
                    },
                    "deposed": [],
                    "provider": "provider.google"
                },
                "google_storage_bucket.spin_f2b48897_afed_4cc1_8507_53f7424a80d4": {
                    "type": "google_storage_bucket",
                    "depends_on": [],
                    "primary": {
                        "id": "spin-f2b48897-afed-4cc1-8507-53f7424a80d4",
                        "attributes": {
                            "cors.#": "0",
                            "encryption.#": "0",
                            "id": "spin-f2b48897-afed-4cc1-8507-53f7424a80d4",
                            "labels.%": "0",
                            "lifecycle_rule.#": "0",
                            "location": "US",
                            "logging.#": "0",
                            "name": "spin-f2b48897-afed-4cc1-8507-53f7424a80d4",
                            "project": "waze-development",
                            "self_link": "https://www.googleapis.com/storage/v1/b/spin-f2b48897-afed-4cc1-8507-53f7424a80d4",
                            "storage_class": "STANDARD",
                            "url": "gs://spin-f2b48897-afed-4cc1-8507-53f7424a80d4",
                            "versioning.#": "1",
                            "versioning.0.enabled": "true"
                        },
                        "meta": {},
                        "tainted": false
                    },
                    "deposed": [],
                    "provider": "provider.google"
                },
                "google_storage_bucket.spinnaker_waze_development": {
                    "type": "google_storage_bucket",
                    "depends_on": [],
                    "primary": {
                        "id": "spinnaker-waze-development",
                        "attributes": {
                            "cors.#": "0",
                            "encryption.#": "0",
                            "id": "spinnaker-waze-development",
                            "labels.%": "0",
                            "lifecycle_rule.#": "0",
                            "location": "US",
                            "logging.#": "0",
                            "name": "spinnaker-waze-development",
                            "project": "waze-development",
                            "self_link": "https://www.googleapis.com/storage/v1/b/spinnaker-waze-development",
                            "storage_class": "STANDARD",
                            "url": "gs://spinnaker-waze-development",
                            "versioning.#": "1",
                            "versioning.0.enabled": "true"
                        },
                        "meta": {},
                        "tainted": false
                    },
                    "deposed": [],
                    "provider": "provider.google"
                },
                "google_storage_bucket.staging-waze_development-appspot-com": {
                    "type": "google_storage_bucket",
                    "depends_on": [],
                    "primary": {
                        "id": "staging.waze-development.appspot.com",
                        "attributes": {
                            "cors.#": "0",
                            "encryption.#": "0",
                            "id": "staging.waze-development.appspot.com",
                            "labels.%": "0",
                            "lifecycle_rule.#": "1",
                            "lifecycle_rule.0.action.#": "1",
                            "lifecycle_rule.0.action.4029382586.storage_class": "",
                            "lifecycle_rule.0.action.4029382586.type": "Delete",
                            "lifecycle_rule.0.condition.#": "1",
                            "lifecycle_rule.0.condition.948745625.age": "15",
                            "lifecycle_rule.0.condition.948745625.created_before": "",
                            "lifecycle_rule.0.condition.948745625.is_live": "false",
                            "lifecycle_rule.0.condition.948745625.matches_storage_class.#": "0",
                            "lifecycle_rule.0.condition.948745625.num_newer_versions": "0",
                            "location": "US",
                            "logging.#": "0",
                            "name": "staging.waze-development.appspot.com",
                            "project": "waze-development",
                            "self_link": "https://www.googleapis.com/storage/v1/b/staging.waze-development.appspot.com",
                            "storage_class": "STANDARD",
                            "url": "gs://staging.waze-development.appspot.com",
                            "versioning.#": "0"
                        },
                        "meta": {},
                        "tainted": false
                    },
                    "deposed": [],
                    "provider": "provider.google"
                },
                "google_storage_bucket.stg_am_app_logs": {
                    "type": "google_storage_bucket",
                    "depends_on": [],
                    "primary": {
                        "id": "stg-am-app-logs",
                        "attributes": {
                            "cors.#": "0",
                            "encryption.#": "0",
                            "id": "stg-am-app-logs",
                            "labels.%": "0",
                            "lifecycle_rule.#": "0",
                            "location": "US",
                            "logging.#": "0",
                            "name": "stg-am-app-logs",
                            "project": "waze-development",
                            "self_link": "https://www.googleapis.com/storage/v1/b/stg-am-app-logs",
                            "storage_class": "DURABLE_REDUCED_AVAILABILITY",
                            "url": "gs://stg-am-app-logs",
                            "versioning.#": "0"
                        },
                        "meta": {},
                        "tainted": false
                    },
                    "deposed": [],
                    "provider": "provider.google"
                },
                "google_storage_bucket.stg_cassandra_backup": {
                    "type": "google_storage_bucket",
                    "depends_on": [],
                    "primary": {
                        "id": "stg-cassandra-backup",
                        "attributes": {
                            "cors.#": "0",
                            "encryption.#": "0",
                            "id": "stg-cassandra-backup",
                            "labels.%": "0",
                            "lifecycle_rule.#": "0",
                            "location": "US",
                            "logging.#": "0",
                            "name": "stg-cassandra-backup",
                            "project": "waze-development",
                            "self_link": "https://www.googleapis.com/storage/v1/b/stg-cassandra-backup",
                            "storage_class": "MULTI_REGIONAL",
                            "url": "gs://stg-cassandra-backup",
                            "versioning.#": "0"
                        },
                        "meta": {},
                        "tainted": false
                    },
                    "deposed": [],
                    "provider": "provider.google"
                },
                "google_storage_bucket.stg_row_app_logs": {
                    "type": "google_storage_bucket",
                    "depends_on": [],
                    "primary": {
                        "id": "stg-row-app-logs",
                        "attributes": {
                            "cors.#": "0",
                            "encryption.#": "0",
                            "id": "stg-row-app-logs",
                            "labels.%": "0",
                            "lifecycle_rule.#": "0",
                            "location": "EU",
                            "logging.#": "0",
                            "name": "stg-row-app-logs",
                            "project": "waze-development",
                            "self_link": "https://www.googleapis.com/storage/v1/b/stg-row-app-logs",
                            "storage_class": "DURABLE_REDUCED_AVAILABILITY",
                            "url": "gs://stg-row-app-logs",
                            "versioning.#": "0"
                        },
                        "meta": {},
                        "tainted": false
                    },
                    "deposed": [],
                    "provider": "provider.google"
                },
                "google_storage_bucket.stg_scripts_download": {
                    "type": "google_storage_bucket",
                    "depends_on": [],
                    "primary": {
                        "id": "stg-scripts-download",
                        "attributes": {
                            "cors.#": "0",
                            "encryption.#": "0",
                            "id": "stg-scripts-download",
                            "labels.%": "0",
                            "lifecycle_rule.#": "0",
                            "location": "US-EAST1",
                            "logging.#": "0",
                            "name": "stg-scripts-download",
                            "project": "waze-development",
                            "self_link": "https://www.googleapis.com/storage/v1/b/stg-scripts-download",
                            "storage_class": "REGIONAL",
                            "url": "gs://stg-scripts-download",
                            "versioning.#": "0"
                        },
                        "meta": {},
                        "tainted": false
                    },
                    "deposed": [],
                    "provider": "provider.google"
                },
                "google_storage_bucket.storage_gateway": {
                    "type": "google_storage_bucket",
                    "depends_on": [],
                    "primary": {
                        "id": "storage_gateway",
                        "attributes": {
                            "cors.#": "0",
                            "encryption.#": "0",
                            "id": "storage_gateway",
                            "labels.%": "0",
                            "lifecycle_rule.#": "0",
                            "location": "US",
                            "logging.#": "0",
                            "name": "storage_gateway",
                            "project": "waze-development",
                            "self_link": "https://www.googleapis.com/storage/v1/b/storage_gateway",
                            "storage_class": "STANDARD",
                            "url": "gs://storage_gateway",
                            "versioning.#": "0"
                        },
                        "meta": {},
                        "tainted": false
                    },
                    "deposed": [],
                    "provider": "provider.google"
                },
                "google_storage_bucket.tiles_generator_il": {
                    "type": "google_storage_bucket",
                    "depends_on": [],
                    "primary": {
                        "id": "tiles-generator-il",
                        "attributes": {
                            "cors.#": "0",
                            "encryption.#": "0",
                            "id": "tiles-generator-il",
                            "labels.%": "0",
                            "lifecycle_rule.#": "0",
                            "location": "US",
                            "logging.#": "0",
                            "name": "tiles-generator-il",
                            "project": "waze-development",
                            "self_link": "https://www.googleapis.com/storage/v1/b/tiles-generator-il",
                            "storage_class": "MULTI_REGIONAL",
                            "url": "gs://tiles-generator-il",
                            "versioning.#": "0"
                        },
                        "meta": {},
                        "tainted": false
                    },
                    "deposed": [],
                    "provider": "provider.google"
                },
                "google_storage_bucket.tiles_generator_stg": {
                    "type": "google_storage_bucket",
                    "depends_on": [],
                    "primary": {
                        "id": "tiles-generator-stg",
                        "attributes": {
                            "cors.#": "0",
                            "encryption.#": "0",
                            "id": "tiles-generator-stg",
                            "labels.%": "0",
                            "lifecycle_rule.#": "0",
                            "location": "US",
                            "logging.#": "0",
                            "name": "tiles-generator-stg",
                            "project": "waze-development",
                            "self_link": "https://www.googleapis.com/storage/v1/b/tiles-generator-stg",
                            "storage_class": "MULTI_REGIONAL",
                            "url": "gs://tiles-generator-stg",
                            "versioning.#": "0"
                        },
                        "meta": {},
                        "tainted": false
                    },
                    "deposed": [],
                    "provider": "provider.google"
                },
                "google_storage_bucket.tilesbuilder_configs": {
                    "type": "google_storage_bucket",
                    "depends_on": [],
                    "primary": {
                        "id": "tilesbuilder-configs",
                        "attributes": {
                            "cors.#": "0",
                            "encryption.#": "0",
                            "id": "tilesbuilder-configs",
                            "labels.%": "0",
                            "lifecycle_rule.#": "0",
                            "location": "US",
                            "logging.#": "0",
                            "name": "tilesbuilder-configs",
                            "project": "waze-development",
                            "self_link": "https://www.googleapis.com/storage/v1/b/tilesbuilder-configs",
                            "storage_class": "MULTI_REGIONAL",
                            "url": "gs://tilesbuilder-configs",
                            "versioning.#": "0"
                        },
                        "meta": {},
                        "tainted": false
                    },
                    "deposed": [],
                    "provider": "provider.google"
                },
                "google_storage_bucket.tilesbuilder_stg": {
                    "type": "google_storage_bucket",
                    "depends_on": [],
                    "primary": {
                        "id": "tilesbuilder-stg",
                        "attributes": {
                            "cors.#": "0",
                            "encryption.#": "0",
                            "id": "tilesbuilder-stg",
                            "labels.%": "0",
                            "lifecycle_rule.#": "0",
                            "location": "US",
                            "logging.#": "0",
                            "name": "tilesbuilder-stg",
                            "project": "waze-development",
                            "self_link": "https://www.googleapis.com/storage/v1/b/tilesbuilder-stg",
                            "storage_class": "MULTI_REGIONAL",
                            "url": "gs://tilesbuilder-stg",
                            "versioning.#": "0"
                        },
                        "meta": {},
                        "tainted": false
                    },
                    "deposed": [],
                    "provider": "provider.google"
                },
                "google_storage_bucket.topic_test_libs": {
                    "type": "google_storage_bucket",
                    "depends_on": [],
                    "primary": {
                        "id": "topic-test-libs",
                        "attributes": {
                            "cors.#": "0",
                            "encryption.#": "0",
                            "id": "topic-test-libs",
                            "labels.%": "0",
                            "lifecycle_rule.#": "0",
                            "location": "EU",
                            "logging.#": "0",
                            "name": "topic-test-libs",
                            "project": "waze-development",
                            "self_link": "https://www.googleapis.com/storage/v1/b/topic-test-libs",
                            "storage_class": "NEARLINE",
                            "url": "gs://topic-test-libs",
                            "versioning.#": "0"
                        },
                        "meta": {},
                        "tainted": false
                    },
                    "deposed": [],
                    "provider": "provider.google"
                },
                "google_storage_bucket.topic_test_results": {
                    "type": "google_storage_bucket",
                    "depends_on": [],
                    "primary": {
                        "id": "topic-test-results",
                        "attributes": {
                            "cors.#": "0",
                            "encryption.#": "0",
                            "id": "topic-test-results",
                            "labels.%": "0",
                            "lifecycle_rule.#": "1",
                            "lifecycle_rule.0.action.#": "1",
                            "lifecycle_rule.0.action.4029382586.storage_class": "",
                            "lifecycle_rule.0.action.4029382586.type": "Delete",
                            "lifecycle_rule.0.condition.#": "1",
                            "lifecycle_rule.0.condition.1339518757.age": "90",
                            "lifecycle_rule.0.condition.1339518757.created_before": "",
                            "lifecycle_rule.0.condition.1339518757.is_live": "false",
                            "lifecycle_rule.0.condition.1339518757.matches_storage_class.#": "0",
                            "lifecycle_rule.0.condition.1339518757.num_newer_versions": "0",
                            "location": "EU",
                            "logging.#": "0",
                            "name": "topic-test-results",
                            "project": "waze-development",
                            "self_link": "https://www.googleapis.com/storage/v1/b/topic-test-results",
                            "storage_class": "NEARLINE",
                            "url": "gs://topic-test-results",
                            "versioning.#": "0"
                        },
                        "meta": {},
                        "tainted": false
                    },
                    "deposed": [],
                    "provider": "provider.google"
                },
                "google_storage_bucket.us-artifacts-waze_development-appspot-com": {
                    "type": "google_storage_bucket",
                    "depends_on": [],
                    "primary": {
                        "id": "us.artifacts.waze-development.appspot.com",
                        "attributes": {
                            "cors.#": "0",
                            "encryption.#": "0",
                            "id": "us.artifacts.waze-development.appspot.com",
                            "labels.%": "0",
                            "lifecycle_rule.#": "0",
                            "location": "US",
                            "logging.#": "0",
                            "name": "us.artifacts.waze-development.appspot.com",
                            "project": "waze-development",
                            "self_link": "https://www.googleapis.com/storage/v1/b/us.artifacts.waze-development.appspot.com",
                            "storage_class": "STANDARD",
                            "url": "gs://us.artifacts.waze-development.appspot.com",
                            "versioning.#": "0"
                        },
                        "meta": {},
                        "tainted": false
                    },
                    "deposed": [],
                    "provider": "provider.google"
                },
                "google_storage_bucket.us_central1_tiles_builder_1be8ed5a_bucket": {
                    "type": "google_storage_bucket",
                    "depends_on": [],
                    "primary": {
                        "id": "us-central1-tiles-builder-1be8ed5a-bucket",
                        "attributes": {
                            "cors.#": "0",
                            "encryption.#": "0",
                            "id": "us-central1-tiles-builder-1be8ed5a-bucket",
                            "labels.%": "3",
                            "labels.goog-composer-environment": "tiles-builder",
                            "labels.goog-composer-location": "us-central1",
                            "labels.goog-composer-version": "composer-0-5-3-airflow-1-9-0",
                            "lifecycle_rule.#": "0",
                            "location": "US",
                            "logging.#": "0",
                            "name": "us-central1-tiles-builder-1be8ed5a-bucket",
                            "project": "waze-development",
                            "self_link": "https://www.googleapis.com/storage/v1/b/us-central1-tiles-builder-1be8ed5a-bucket",
                            "storage_class": "STANDARD",
                            "url": "gs://us-central1-tiles-builder-1be8ed5a-bucket",
                            "versioning.#": "0"
                        },
                        "meta": {},
                        "tainted": false
                    },
                    "deposed": [],
                    "provider": "provider.google"
                },
                "google_storage_bucket.vm_config-waze_development-appspot-com": {
                    "type": "google_storage_bucket",
                    "depends_on": [],
                    "primary": {
                        "id": "vm-config.waze-development.appspot.com",
                        "attributes": {
                            "cors.#": "0",
                            "encryption.#": "0",
                            "id": "vm-config.waze-development.appspot.com",
                            "labels.%": "0",
                            "lifecycle_rule.#": "0",
                            "location": "US",
                            "logging.#": "0",
                            "name": "vm-config.waze-development.appspot.com",
                            "project": "waze-development",
                            "self_link": "https://www.googleapis.com/storage/v1/b/vm-config.waze-development.appspot.com",
                            "storage_class": "STANDARD",
                            "url": "gs://vm-config.waze-development.appspot.com",
                            "versioning.#": "0"
                        },
                        "meta": {},
                        "tainted": false
                    },
                    "deposed": [],
                    "provider": "provider.google"
                },
                "google_storage_bucket.vm_containers-waze_development-appspot-com": {
                    "type": "google_storage_bucket",
                    "depends_on": [],
                    "primary": {
                        "id": "vm-containers.waze-development.appspot.com",
                        "attributes": {
                            "cors.#": "0",
                            "encryption.#": "0",
                            "id": "vm-containers.waze-development.appspot.com",
                            "labels.%": "0",
                            "lifecycle_rule.#": "0",
                            "location": "US",
                            "logging.#": "0",
                            "name": "vm-containers.waze-development.appspot.com",
                            "project": "waze-development",
                            "self_link": "https://www.googleapis.com/storage/v1/b/vm-containers.waze-development.appspot.com",
                            "storage_class": "STANDARD",
                            "url": "gs://vm-containers.waze-development.appspot.com",
                            "versioning.#": "0"
                        },
                        "meta": {},
                        "tainted": false
                    },
                    "deposed": [],
                    "provider": "provider.google"
                },
                "google_storage_bucket.waze01_backup": {
                    "type": "google_storage_bucket",
                    "depends_on": [],
                    "primary": {
                        "id": "waze01_backup",
                        "attributes": {
                            "cors.#": "0",
                            "encryption.#": "0",
                            "id": "waze01_backup",
                            "labels.%": "0",
                            "lifecycle_rule.#": "0",
                            "location": "EUROPE-WEST1",
                            "logging.#": "0",
                            "name": "waze01_backup",
                            "project": "waze-development",
                            "self_link": "https://www.googleapis.com/storage/v1/b/waze01_backup",
                            "storage_class": "NEARLINE",
                            "url": "gs://waze01_backup",
                            "versioning.#": "0"
                        },
                        "meta": {},
                        "tainted": false
                    },
                    "deposed": [],
                    "provider": "provider.google"
                },
                "google_storage_bucket.waze_ads_adapt_stg": {
                    "type": "google_storage_bucket",
                    "depends_on": [],
                    "primary": {
                        "id": "waze-ads-adapt-stg",
                        "attributes": {
                            "cors.#": "0",
                            "encryption.#": "0",
                            "id": "waze-ads-adapt-stg",
                            "labels.%": "0",
                            "lifecycle_rule.#": "1",
                            "lifecycle_rule.0.action.#": "1",
                            "lifecycle_rule.0.action.4029382586.storage_class": "",
                            "lifecycle_rule.0.action.4029382586.type": "Delete",
                            "lifecycle_rule.0.condition.#": "1",
                            "lifecycle_rule.0.condition.2389290482.age": "2",
                            "lifecycle_rule.0.condition.2389290482.created_before": "",
                            "lifecycle_rule.0.condition.2389290482.is_live": "false",
                            "lifecycle_rule.0.condition.2389290482.matches_storage_class.#": "0",
                            "lifecycle_rule.0.condition.2389290482.num_newer_versions": "0",
                            "location": "EUROPE-WEST1",
                            "logging.#": "0",
                            "name": "waze-ads-adapt-stg",
                            "project": "waze-development",
                            "self_link": "https://www.googleapis.com/storage/v1/b/waze-ads-adapt-stg",
                            "storage_class": "REGIONAL",
                            "url": "gs://waze-ads-adapt-stg",
                            "versioning.#": "0"
                        },
                        "meta": {},
                        "tainted": false
                    },
                    "deposed": [],
                    "provider": "provider.google"
                },
                "google_storage_bucket.waze_ads_bi_benchmarks_stg": {
                    "type": "google_storage_bucket",
                    "depends_on": [],
                    "primary": {
                        "id": "waze-ads-bi-benchmarks-stg",
                        "attributes": {
                            "cors.#": "0",
                            "encryption.#": "0",
                            "id": "waze-ads-bi-benchmarks-stg",
                            "labels.%": "0",
                            "lifecycle_rule.#": "0",
                            "location": "EUROPE-WEST1",
                            "logging.#": "0",
                            "name": "waze-ads-bi-benchmarks-stg",
                            "project": "waze-development",
                            "self_link": "https://www.googleapis.com/storage/v1/b/waze-ads-bi-benchmarks-stg",
                            "storage_class": "REGIONAL",
                            "url": "gs://waze-ads-bi-benchmarks-stg",
                            "versioning.#": "0"
                        },
                        "meta": {},
                        "tainted": false
                    },
                    "deposed": [],
                    "provider": "provider.google"
                },
                "google_storage_bucket.waze_ads_bi_countries_stg": {
                    "type": "google_storage_bucket",
                    "depends_on": [],
                    "primary": {
                        "id": "waze-ads-bi-countries-stg",
                        "attributes": {
                            "cors.#": "0",
                            "encryption.#": "0",
                            "id": "waze-ads-bi-countries-stg",
                            "labels.%": "0",
                            "lifecycle_rule.#": "0",
                            "location": "EU",
                            "logging.#": "0",
                            "name": "waze-ads-bi-countries-stg",
                            "project": "waze-development",
                            "self_link": "https://www.googleapis.com/storage/v1/b/waze-ads-bi-countries-stg",
                            "storage_class": "MULTI_REGIONAL",
                            "url": "gs://waze-ads-bi-countries-stg",
                            "versioning.#": "0"
                        },
                        "meta": {},
                        "tainted": false
                    },
                    "deposed": [],
                    "provider": "provider.google"
                },
                "google_storage_bucket.waze_ads_elon_test": {
                    "type": "google_storage_bucket",
                    "depends_on": [],
                    "primary": {
                        "id": "waze-ads-elon-test",
                        "attributes": {
                            "cors.#": "0",
                            "encryption.#": "0",
                            "id": "waze-ads-elon-test",
                            "labels.%": "0",
                            "lifecycle_rule.#": "0",
                            "location": "US",
                            "logging.#": "0",
                            "name": "waze-ads-elon-test",
                            "project": "waze-development",
                            "self_link": "https://www.googleapis.com/storage/v1/b/waze-ads-elon-test",
                            "storage_class": "MULTI_REGIONAL",
                            "url": "gs://waze-ads-elon-test",
                            "versioning.#": "0"
                        },
                        "meta": {},
                        "tainted": false
                    },
                    "deposed": [],
                    "provider": "provider.google"
                },
                "google_storage_bucket.waze_ads_resources_test": {
                    "type": "google_storage_bucket",
                    "depends_on": [],
                    "primary": {
                        "id": "waze-ads-resources-test",
                        "attributes": {
                            "cors.#": "1",
                            "cors.0.max_age_seconds": "3600",
                            "cors.0.method.#": "2",
                            "cors.0.method.0": "GET",
                            "cors.0.method.1": "OPTIONS",
                            "cors.0.origin.#": "9",
                            "cors.0.origin.0": "https://waze.com",
                            "cors.0.origin.1": "https://*.waze.com",
                            "cors.0.origin.2": "https://waze.co.il",
                            "cors.0.origin.3": "https://*.waze.co.il",
                            "cors.0.origin.4": "https://*.gcp.wazestg.com",
                            "cors.0.origin.5": "http://localhost",
                            "cors.0.origin.6": "http://*.localhost",
                            "cors.0.origin.7": "http://localhost:*",
                            "cors.0.origin.8": "https://*.witools.foo",
                            "cors.0.response_header.#": "1",
                            "cors.0.response_header.0": "Content-Type",
                            "encryption.#": "0",
                            "id": "waze-ads-resources-test",
                            "labels.%": "0",
                            "lifecycle_rule.#": "0",
                            "location": "EU",
                            "logging.#": "0",
                            "name": "waze-ads-resources-test",
                            "project": "waze-development",
                            "self_link": "https://www.googleapis.com/storage/v1/b/waze-ads-resources-test",
                            "storage_class": "MULTI_REGIONAL",
                            "url": "gs://waze-ads-resources-test",
                            "versioning.#": "0"
                        },
                        "meta": {},
                        "tainted": false
                    },
                    "deposed": [],
                    "provider": "provider.google"
                },
                "google_storage_bucket.waze_ads_rotem_test": {
                    "type": "google_storage_bucket",
                    "depends_on": [],
                    "primary": {
                        "id": "waze-ads-rotem-test",
                        "attributes": {
                            "cors.#": "0",
                            "encryption.#": "0",
                            "id": "waze-ads-rotem-test",
                            "labels.%": "0",
                            "lifecycle_rule.#": "3",
                            "lifecycle_rule.0.action.#": "1",
                            "lifecycle_rule.0.action.4029382586.storage_class": "",
                            "lifecycle_rule.0.action.4029382586.type": "Delete",
                            "lifecycle_rule.0.condition.#": "1",
                            "lifecycle_rule.0.condition.395037683.age": "1",
                            "lifecycle_rule.0.condition.395037683.created_before": "",
                            "lifecycle_rule.0.condition.395037683.is_live": "false",
                            "lifecycle_rule.0.condition.395037683.matches_storage_class.#": "0",
                            "lifecycle_rule.0.condition.395037683.num_newer_versions": "0",
                            "lifecycle_rule.1.action.#": "1",
                            "lifecycle_rule.1.action.4029382586.storage_class": "",
                            "lifecycle_rule.1.action.4029382586.type": "Delete",
                            "lifecycle_rule.1.condition.#": "1",
                            "lifecycle_rule.1.condition.2389290482.age": "2",
                            "lifecycle_rule.1.condition.2389290482.created_before": "",
                            "lifecycle_rule.1.condition.2389290482.is_live": "false",
                            "lifecycle_rule.1.condition.2389290482.matches_storage_class.#": "0",
                            "lifecycle_rule.1.condition.2389290482.num_newer_versions": "0",
                            "lifecycle_rule.2.action.#": "1",
                            "lifecycle_rule.2.action.4029382586.storage_class": "",
                            "lifecycle_rule.2.action.4029382586.type": "Delete",
                            "lifecycle_rule.2.condition.#": "1",
                            "lifecycle_rule.2.condition.269635015.age": "0",
                            "lifecycle_rule.2.condition.269635015.created_before": "2018-09-30",
                            "lifecycle_rule.2.condition.269635015.is_live": "false",
                            "lifecycle_rule.2.condition.269635015.matches_storage_class.#": "0",
                            "lifecycle_rule.2.condition.269635015.num_newer_versions": "0",
                            "location": "US",
                            "logging.#": "0",
                            "name": "waze-ads-rotem-test",
                            "project": "waze-development",
                            "self_link": "https://www.googleapis.com/storage/v1/b/waze-ads-rotem-test",
                            "storage_class": "MULTI_REGIONAL",
                            "url": "gs://waze-ads-rotem-test",
                            "versioning.#": "0"
                        },
                        "meta": {},
                        "tainted": false
                    },
                    "deposed": [],
                    "provider": "provider.google"
                },
                "google_storage_bucket.waze_artifactory_backup": {
                    "type": "google_storage_bucket",
                    "depends_on": [],
                    "primary": {
                        "id": "waze-artifactory-backup",
                        "attributes": {
                            "cors.#": "0",
                            "encryption.#": "0",
                            "id": "waze-artifactory-backup",
                            "labels.%": "0",
                            "lifecycle_rule.#": "0",
                            "location": "EU",
                            "logging.#": "0",
                            "name": "waze-artifactory-backup",
                            "project": "waze-development",
                            "self_link": "https://www.googleapis.com/storage/v1/b/waze-artifactory-backup",
                            "storage_class": "NEARLINE",
                            "url": "gs://waze-artifactory-backup",
                            "versioning.#": "0"
                        },
                        "meta": {},
                        "tainted": false
                    },
                    "deposed": [],
                    "provider": "provider.google"
                },
                "google_storage_bucket.waze_backups": {
                    "type": "google_storage_bucket",
                    "depends_on": [],
                    "primary": {
                        "id": "waze_backups",
                        "attributes": {
                            "cors.#": "0",
                            "encryption.#": "0",
                            "id": "waze_backups",
                            "labels.%": "0",
                            "lifecycle_rule.#": "0",
                            "location": "US",
                            "logging.#": "0",
                            "name": "waze_backups",
                            "project": "waze-development",
                            "self_link": "https://www.googleapis.com/storage/v1/b/waze_backups",
                            "storage_class": "NEARLINE",
                            "url": "gs://waze_backups",
                            "versioning.#": "0"
                        },
                        "meta": {},
                        "tainted": false
                    },
                    "deposed": [],
                    "provider": "provider.google"
                },
                "google_storage_bucket.waze_carpool_groups_images_stg": {
                    "type": "google_storage_bucket",
                    "depends_on": [],
                    "primary": {
                        "id": "waze-carpool-groups-images-stg",
                        "attributes": {
                            "cors.#": "0",
                            "encryption.#": "0",
                            "id": "waze-carpool-groups-images-stg",
                            "labels.%": "0",
                            "lifecycle_rule.#": "0",
                            "location": "EUROPE-WEST1",
                            "logging.#": "0",
                            "name": "waze-carpool-groups-images-stg",
                            "project": "waze-development",
                            "self_link": "https://www.googleapis.com/storage/v1/b/waze-carpool-groups-images-stg",
                            "storage_class": "REGIONAL",
                            "url": "gs://waze-carpool-groups-images-stg",
                            "versioning.#": "0"
                        },
                        "meta": {},
                        "tainted": false
                    },
                    "deposed": [],
                    "provider": "provider.google"
                },
                "google_storage_bucket.waze_client_resources_staging": {
                    "type": "google_storage_bucket",
                    "depends_on": [],
                    "primary": {
                        "id": "waze-client-resources-staging",
                        "attributes": {
                            "cors.#": "0",
                            "encryption.#": "0",
                            "id": "waze-client-resources-staging",
                            "labels.%": "0",
                            "lifecycle_rule.#": "0",
                            "location": "EUROPE-WEST1",
                            "logging.#": "0",
                            "name": "waze-client-resources-staging",
                            "project": "waze-development",
                            "self_link": "https://www.googleapis.com/storage/v1/b/waze-client-resources-staging",
                            "storage_class": "REGIONAL",
                            "url": "gs://waze-client-resources-staging",
                            "versioning.#": "0"
                        },
                        "meta": {},
                        "tainted": false
                    },
                    "deposed": [],
                    "provider": "provider.google"
                },
                "google_storage_bucket.waze_cloud_functions_stg": {
                    "type": "google_storage_bucket",
                    "depends_on": [],
                    "primary": {
                        "id": "waze-cloud-functions-stg",
                        "attributes": {
                            "cors.#": "0",
                            "encryption.#": "0",
                            "id": "waze-cloud-functions-stg",
                            "labels.%": "0",
                            "lifecycle_rule.#": "0",
                            "location": "EUROPE-WEST1",
                            "logging.#": "0",
                            "name": "waze-cloud-functions-stg",
                            "project": "waze-development",
                            "self_link": "https://www.googleapis.com/storage/v1/b/waze-cloud-functions-stg",
                            "storage_class": "REGIONAL",
                            "url": "gs://waze-cloud-functions-stg",
                            "versioning.#": "0"
                        },
                        "meta": {},
                        "tainted": false
                    },
                    "deposed": [],
                    "provider": "provider.google"
                },
                "google_storage_bucket.waze_dataproc_dev": {
                    "type": "google_storage_bucket",
                    "depends_on": [],
                    "primary": {
                        "id": "waze-dataproc-dev",
                        "attributes": {
                            "cors.#": "0",
                            "encryption.#": "0",
                            "id": "waze-dataproc-dev",
                            "labels.%": "0",
                            "lifecycle_rule.#": "0",
                            "location": "US",
                            "logging.#": "0",
                            "name": "waze-dataproc-dev",
                            "project": "waze-development",
                            "self_link": "https://www.googleapis.com/storage/v1/b/waze-dataproc-dev",
                            "storage_class": "MULTI_REGIONAL",
                            "url": "gs://waze-dataproc-dev",
                            "versioning.#": "0"
                        },
                        "meta": {},
                        "tainted": false
                    },
                    "deposed": [],
                    "provider": "provider.google"
                },
                "google_storage_bucket.waze_deployment_staging": {
                    "type": "google_storage_bucket",
                    "depends_on": [],
                    "primary": {
                        "id": "waze-deployment-staging",
                        "attributes": {
                            "cors.#": "0",
                            "encryption.#": "0",
                            "id": "waze-deployment-staging",
                            "labels.%": "0",
                            "lifecycle_rule.#": "0",
                            "location": "EU",
                            "logging.#": "0",
                            "name": "waze-deployment-staging",
                            "project": "waze-development",
                            "self_link": "https://www.googleapis.com/storage/v1/b/waze-deployment-staging",
                            "storage_class": "STANDARD",
                            "url": "gs://waze-deployment-staging",
                            "versioning.#": "1",
                            "versioning.0.enabled": "true"
                        },
                        "meta": {},
                        "tainted": false
                    },
                    "deposed": [],
                    "provider": "provider.google"
                },
                "google_storage_bucket.waze_deployment_staging_sod": {
                    "type": "google_storage_bucket",
                    "depends_on": [],
                    "primary": {
                        "id": "waze-deployment-staging-sod",
                        "attributes": {
                            "cors.#": "0",
                            "encryption.#": "0",
                            "id": "waze-deployment-staging-sod",
                            "labels.%": "0",
                            "lifecycle_rule.#": "0",
                            "location": "US",
                            "logging.#": "0",
                            "name": "waze-deployment-staging-sod",
                            "project": "waze-development",
                            "self_link": "https://www.googleapis.com/storage/v1/b/waze-deployment-staging-sod",
                            "storage_class": "STANDARD",
                            "url": "gs://waze-deployment-staging-sod",
                            "versioning.#": "0"
                        },
                        "meta": {},
                        "tainted": false
                    },
                    "deposed": [],
                    "provider": "provider.google"
                },
                "google_storage_bucket.waze_development-appspot-com": {
                    "type": "google_storage_bucket",
                    "depends_on": [],
                    "primary": {
                        "id": "waze-development.appspot.com",
                        "attributes": {
                            "cors.#": "0",
                            "encryption.#": "0",
                            "id": "waze-development.appspot.com",
                            "labels.%": "0",
                            "lifecycle_rule.#": "0",
                            "location": "US",
                            "logging.#": "0",
                            "name": "waze-development.appspot.com",
                            "project": "waze-development",
                            "self_link": "https://www.googleapis.com/storage/v1/b/waze-development.appspot.com",
                            "storage_class": "STANDARD",
                            "url": "gs://waze-development.appspot.com",
                            "versioning.#": "0"
                        },
                        "meta": {},
                        "tainted": false
                    },
                    "deposed": [],
                    "provider": "provider.google"
                },
                "google_storage_bucket.waze_development_cloudbuild": {
                    "type": "google_storage_bucket",
                    "depends_on": [],
                    "primary": {
                        "id": "waze-development_cloudbuild",
                        "attributes": {
                            "cors.#": "0",
                            "encryption.#": "0",
                            "id": "waze-development_cloudbuild",
                            "labels.%": "0",
                            "lifecycle_rule.#": "0",
                            "location": "US",
                            "logging.#": "0",
                            "name": "waze-development_cloudbuild",
                            "project": "waze-development",
                            "self_link": "https://www.googleapis.com/storage/v1/b/waze-development_cloudbuild",
                            "storage_class": "STANDARD",
                            "url": "gs://waze-development_cloudbuild",
                            "versioning.#": "0"
                        },
                        "meta": {},
                        "tainted": false
                    },
                    "deposed": [],
                    "provider": "provider.google"
                },
                "google_storage_bucket.waze_development_daisy_bkt": {
                    "type": "google_storage_bucket",
                    "depends_on": [],
                    "primary": {
                        "id": "waze-development-daisy-bkt",
                        "attributes": {
                            "cors.#": "0",
                            "encryption.#": "0",
                            "id": "waze-development-daisy-bkt",
                            "labels.%": "0",
                            "lifecycle_rule.#": "0",
                            "location": "US",
                            "logging.#": "0",
                            "name": "waze-development-daisy-bkt",
                            "project": "waze-development",
                            "self_link": "https://www.googleapis.com/storage/v1/b/waze-development-daisy-bkt",
                            "storage_class": "STANDARD",
                            "url": "gs://waze-development-daisy-bkt",
                            "versioning.#": "0"
                        },
                        "meta": {},
                        "tainted": false
                    },
                    "deposed": [],
                    "provider": "provider.google"
                },
                "google_storage_bucket.waze_dexter_resources": {
                    "type": "google_storage_bucket",
                    "depends_on": [],
                    "primary": {
                        "id": "waze-dexter-resources",
                        "attributes": {
                            "cors.#": "0",
                            "encryption.#": "0",
                            "id": "waze-dexter-resources",
                            "labels.%": "0",
                            "lifecycle_rule.#": "0",
                            "location": "US",
                            "logging.#": "0",
                            "name": "waze-dexter-resources",
                            "project": "waze-development",
                            "self_link": "https://www.googleapis.com/storage/v1/b/waze-dexter-resources",
                            "storage_class": "STANDARD",
                            "url": "gs://waze-dexter-resources",
                            "versioning.#": "0"
                        },
                        "meta": {},
                        "tainted": false
                    },
                    "deposed": [],
                    "provider": "provider.google"
                },
                "google_storage_bucket.waze_dirt_dategiver": {
                    "type": "google_storage_bucket",
                    "depends_on": [],
                    "primary": {
                        "id": "waze-dirt-dategiver",
                        "attributes": {
                            "cors.#": "0",
                            "encryption.#": "0",
                            "id": "waze-dirt-dategiver",
                            "labels.%": "0",
                            "lifecycle_rule.#": "0",
                            "location": "EU",
                            "logging.#": "0",
                            "name": "waze-dirt-dategiver",
                            "project": "waze-development",
                            "self_link": "https://www.googleapis.com/storage/v1/b/waze-dirt-dategiver",
                            "storage_class": "MULTI_REGIONAL",
                            "url": "gs://waze-dirt-dategiver",
                            "versioning.#": "0"
                        },
                        "meta": {},
                        "tainted": false
                    },
                    "deposed": [],
                    "provider": "provider.google"
                },
                "google_storage_bucket.waze_dirt_dategiver1": {
                    "type": "google_storage_bucket",
                    "depends_on": [],
                    "primary": {
                        "id": "waze-dirt-dategiver1",
                        "attributes": {
                            "cors.#": "0",
                            "encryption.#": "0",
                            "id": "waze-dirt-dategiver1",
                            "labels.%": "0",
                            "lifecycle_rule.#": "0",
                            "location": "EU",
                            "logging.#": "0",
                            "name": "waze-dirt-dategiver1",
                            "project": "waze-development",
                            "self_link": "https://www.googleapis.com/storage/v1/b/waze-dirt-dategiver1",
                            "storage_class": "MULTI_REGIONAL",
                            "url": "gs://waze-dirt-dategiver1",
                            "versioning.#": "0"
                        },
                        "meta": {},
                        "tainted": false
                    },
                    "deposed": [],
                    "provider": "provider.google"
                },
                "google_storage_bucket.waze_dirt_gabik": {
                    "type": "google_storage_bucket",
                    "depends_on": [],
                    "primary": {
                        "id": "waze-dirt-gabik",
                        "attributes": {
                            "cors.#": "0",
                            "encryption.#": "0",
                            "id": "waze-dirt-gabik",
                            "labels.%": "0",
                            "lifecycle_rule.#": "0",
                            "location": "US",
                            "logging.#": "0",
                            "name": "waze-dirt-gabik",
                            "project": "waze-development",
                            "self_link": "https://www.googleapis.com/storage/v1/b/waze-dirt-gabik",
                            "storage_class": "MULTI_REGIONAL",
                            "url": "gs://waze-dirt-gabik",
                            "versioning.#": "0"
                        },
                        "meta": {},
                        "tainted": false
                    },
                    "deposed": [],
                    "provider": "provider.google"
                },
                "google_storage_bucket.waze_feedback_screenshots_stg": {
                    "type": "google_storage_bucket",
                    "depends_on": [],
                    "primary": {
                        "id": "waze-feedback-screenshots-stg",
                        "attributes": {
                            "cors.#": "0",
                            "encryption.#": "0",
                            "id": "waze-feedback-screenshots-stg",
                            "labels.%": "0",
                            "lifecycle_rule.#": "0",
                            "location": "US",
                            "logging.#": "0",
                            "name": "waze-feedback-screenshots-stg",
                            "project": "waze-development",
                            "self_link": "https://www.googleapis.com/storage/v1/b/waze-feedback-screenshots-stg",
                            "storage_class": "MULTI_REGIONAL",
                            "url": "gs://waze-feedback-screenshots-stg",
                            "versioning.#": "0"
                        },
                        "meta": {},
                        "tainted": false
                    },
                    "deposed": [],
                    "provider": "provider.google"
                },
                "google_storage_bucket.waze_fluentd_buffer": {
                    "type": "google_storage_bucket",
                    "depends_on": [],
                    "primary": {
                        "id": "waze-fluentd-buffer",
                        "attributes": {
                            "cors.#": "0",
                            "encryption.#": "0",
                            "id": "waze-fluentd-buffer",
                            "labels.%": "0",
                            "lifecycle_rule.#": "1",
                            "lifecycle_rule.0.action.#": "1",
                            "lifecycle_rule.0.action.4029382586.storage_class": "",
                            "lifecycle_rule.0.action.4029382586.type": "Delete",
                            "lifecycle_rule.0.condition.#": "1",
                            "lifecycle_rule.0.condition.395037683.age": "1",
                            "lifecycle_rule.0.condition.395037683.created_before": "",
                            "lifecycle_rule.0.condition.395037683.is_live": "false",
                            "lifecycle_rule.0.condition.395037683.matches_storage_class.#": "0",
                            "lifecycle_rule.0.condition.395037683.num_newer_versions": "0",
                            "location": "EUROPE-WEST1",
                            "logging.#": "0",
                            "name": "waze-fluentd-buffer",
                            "project": "waze-development",
                            "self_link": "https://www.googleapis.com/storage/v1/b/waze-fluentd-buffer",
                            "storage_class": "REGIONAL",
                            "url": "gs://waze-fluentd-buffer",
                            "versioning.#": "0"
                        },
                        "meta": {},
                        "tainted": false
                    },
                    "deposed": [],
                    "provider": "provider.google"
                },
                "google_storage_bucket.waze_fluentd_buffer_stg": {
                    "type": "google_storage_bucket",
                    "depends_on": [],
                    "primary": {
                        "id": "waze-fluentd-buffer-stg",
                        "attributes": {
                            "cors.#": "0",
                            "encryption.#": "0",
                            "id": "waze-fluentd-buffer-stg",
                            "labels.%": "0",
                            "lifecycle_rule.#": "1",
                            "lifecycle_rule.0.action.#": "1",
                            "lifecycle_rule.0.action.4029382586.storage_class": "",
                            "lifecycle_rule.0.action.4029382586.type": "Delete",
                            "lifecycle_rule.0.condition.#": "1",
                            "lifecycle_rule.0.condition.395037683.age": "1",
                            "lifecycle_rule.0.condition.395037683.created_before": "",
                            "lifecycle_rule.0.condition.395037683.is_live": "false",
                            "lifecycle_rule.0.condition.395037683.matches_storage_class.#": "0",
                            "lifecycle_rule.0.condition.395037683.num_newer_versions": "0",
                            "location": "EUROPE-WEST1",
                            "logging.#": "0",
                            "name": "waze-fluentd-buffer-stg",
                            "project": "waze-development",
                            "self_link": "https://www.googleapis.com/storage/v1/b/waze-fluentd-buffer-stg",
                            "storage_class": "REGIONAL",
                            "url": "gs://waze-fluentd-buffer-stg",
                            "versioning.#": "0"
                        },
                        "meta": {},
                        "tainted": false
                    },
                    "deposed": [],
                    "provider": "provider.google"
                },
                "google_storage_bucket.waze_images": {
                    "type": "google_storage_bucket",
                    "depends_on": [],
                    "primary": {
                        "id": "waze_images",
                        "attributes": {
                            "cors.#": "0",
                            "encryption.#": "0",
                            "id": "waze_images",
                            "labels.%": "0",
                            "lifecycle_rule.#": "0",
                            "location": "US",
                            "logging.#": "0",
                            "name": "waze_images",
                            "project": "waze-development",
                            "self_link": "https://www.googleapis.com/storage/v1/b/waze_images",
                            "storage_class": "STANDARD",
                            "url": "gs://waze_images",
                            "versioning.#": "0"
                        },
                        "meta": {},
                        "tainted": false
                    },
                    "deposed": [],
                    "provider": "provider.google"
                },
                "google_storage_bucket.waze_maint_jobs_stg": {
                    "type": "google_storage_bucket",
                    "depends_on": [],
                    "primary": {
                        "id": "waze-maint-jobs-stg",
                        "attributes": {
                            "cors.#": "0",
                            "encryption.#": "0",
                            "id": "waze-maint-jobs-stg",
                            "labels.%": "0",
                            "lifecycle_rule.#": "0",
                            "location": "EUROPE-WEST1",
                            "logging.#": "0",
                            "name": "waze-maint-jobs-stg",
                            "project": "waze-development",
                            "self_link": "https://www.googleapis.com/storage/v1/b/waze-maint-jobs-stg",
                            "storage_class": "REGIONAL",
                            "url": "gs://waze-maint-jobs-stg",
                            "versioning.#": "0"
                        },
                        "meta": {},
                        "tainted": false
                    },
                    "deposed": [],
                    "provider": "provider.google"
                },
                "google_storage_bucket.waze_merger": {
                    "type": "google_storage_bucket",
                    "depends_on": [],
                    "primary": {
                        "id": "waze-merger",
                        "attributes": {
                            "cors.#": "0",
                            "encryption.#": "0",
                            "id": "waze-merger",
                            "labels.%": "0",
                            "lifecycle_rule.#": "0",
                            "location": "EU",
                            "logging.#": "0",
                            "name": "waze-merger",
                            "project": "waze-development",
                            "self_link": "https://www.googleapis.com/storage/v1/b/waze-merger",
                            "storage_class": "MULTI_REGIONAL",
                            "url": "gs://waze-merger",
                            "versioning.#": "0"
                        },
                        "meta": {},
                        "tainted": false
                    },
                    "deposed": [],
                    "provider": "provider.google"
                },
                "google_storage_bucket.waze_merger_jupyterhub": {
                    "type": "google_storage_bucket",
                    "depends_on": [],
                    "primary": {
                        "id": "waze-merger-jupyterhub",
                        "attributes": {
                            "cors.#": "0",
                            "encryption.#": "0",
                            "id": "waze-merger-jupyterhub",
                            "labels.%": "0",
                            "lifecycle_rule.#": "0",
                            "location": "EU",
                            "logging.#": "0",
                            "name": "waze-merger-jupyterhub",
                            "project": "waze-development",
                            "self_link": "https://www.googleapis.com/storage/v1/b/waze-merger-jupyterhub",
                            "storage_class": "MULTI_REGIONAL",
                            "url": "gs://waze-merger-jupyterhub",
                            "versioning.#": "0"
                        },
                        "meta": {},
                        "tainted": false
                    },
                    "deposed": [],
                    "provider": "provider.google"
                },
                "google_storage_bucket.waze_nsscache_stg": {
                    "type": "google_storage_bucket",
                    "depends_on": [],
                    "primary": {
                        "id": "waze-nsscache-stg",
                        "attributes": {
                            "cors.#": "0",
                            "encryption.#": "0",
                            "id": "waze-nsscache-stg",
                            "labels.%": "0",
                            "lifecycle_rule.#": "0",
                            "location": "EU",
                            "logging.#": "0",
                            "name": "waze-nsscache-stg",
                            "project": "waze-development",
                            "self_link": "https://www.googleapis.com/storage/v1/b/waze-nsscache-stg",
                            "storage_class": "MULTI_REGIONAL",
                            "url": "gs://waze-nsscache-stg",
                            "versioning.#": "0"
                        },
                        "meta": {},
                        "tainted": false
                    },
                    "deposed": [],
                    "provider": "provider.google"
                },
                "google_storage_bucket.waze_piitool_stg": {
                    "type": "google_storage_bucket",
                    "depends_on": [],
                    "primary": {
                        "id": "waze-piitool-stg",
                        "attributes": {
                            "cors.#": "0",
                            "encryption.#": "0",
                            "id": "waze-piitool-stg",
                            "labels.%": "0",
                            "lifecycle_rule.#": "0",
                            "location": "EU",
                            "logging.#": "0",
                            "name": "waze-piitool-stg",
                            "project": "waze-development",
                            "self_link": "https://www.googleapis.com/storage/v1/b/waze-piitool-stg",
                            "storage_class": "MULTI_REGIONAL",
                            "url": "gs://waze-piitool-stg",
                            "versioning.#": "0"
                        },
                        "meta": {},
                        "tainted": false
                    },
                    "deposed": [],
                    "provider": "provider.google"
                },
                "google_storage_bucket.waze_routing_regression": {
                    "type": "google_storage_bucket",
                    "depends_on": [],
                    "primary": {
                        "id": "waze-routing-regression",
                        "attributes": {
                            "cors.#": "0",
                            "encryption.#": "0",
                            "id": "waze-routing-regression",
                            "labels.%": "0",
                            "lifecycle_rule.#": "0",
                            "location": "EU",
                            "logging.#": "0",
                            "name": "waze-routing-regression",
                            "project": "waze-development",
                            "self_link": "https://www.googleapis.com/storage/v1/b/waze-routing-regression",
                            "storage_class": "DURABLE_REDUCED_AVAILABILITY",
                            "url": "gs://waze-routing-regression",
                            "versioning.#": "0"
                        },
                        "meta": {},
                        "tainted": false
                    },
                    "deposed": [],
                    "provider": "provider.google"
                },
                "google_storage_bucket.waze_routing_tiles": {
                    "type": "google_storage_bucket",
                    "depends_on": [],
                    "primary": {
                        "id": "waze-routing-tiles",
                        "attributes": {
                            "cors.#": "0",
                            "encryption.#": "0",
                            "id": "waze-routing-tiles",
                            "labels.%": "0",
                            "lifecycle_rule.#": "0",
                            "location": "US",
                            "logging.#": "0",
                            "name": "waze-routing-tiles",
                            "project": "waze-development",
                            "self_link": "https://www.googleapis.com/storage/v1/b/waze-routing-tiles",
                            "storage_class": "MULTI_REGIONAL",
                            "url": "gs://waze-routing-tiles",
                            "versioning.#": "0"
                        },
                        "meta": {},
                        "tainted": false
                    },
                    "deposed": [],
                    "provider": "provider.google"
                },
                "google_storage_bucket.waze_tile_baseline": {
                    "type": "google_storage_bucket",
                    "depends_on": [],
                    "primary": {
                        "id": "waze-tile-baseline",
                        "attributes": {
                            "cors.#": "0",
                            "encryption.#": "0",
                            "id": "waze-tile-baseline",
                            "labels.%": "0",
                            "lifecycle_rule.#": "0",
                            "location": "US",
                            "logging.#": "0",
                            "name": "waze-tile-baseline",
                            "project": "waze-development",
                            "self_link": "https://www.googleapis.com/storage/v1/b/waze-tile-baseline",
                            "storage_class": "MULTI_REGIONAL",
                            "url": "gs://waze-tile-baseline",
                            "versioning.#": "0"
                        },
                        "meta": {},
                        "tainted": false
                    },
                    "deposed": [],
                    "provider": "provider.google"
                },
                "google_storage_bucket.waze_tts": {
                    "type": "google_storage_bucket",
                    "depends_on": [],
                    "primary": {
                        "id": "waze_tts",
                        "attributes": {
                            "cors.#": "0",
                            "encryption.#": "0",
                            "id": "waze_tts",
                            "labels.%": "0",
                            "lifecycle_rule.#": "0",
                            "location": "EU",
                            "logging.#": "0",
                            "name": "waze_tts",
                            "project": "waze-development",
                            "self_link": "https://www.googleapis.com/storage/v1/b/waze_tts",
                            "storage_class": "STANDARD",
                            "url": "gs://waze_tts",
                            "versioning.#": "0"
                        },
                        "meta": {},
                        "tainted": false
                    },
                    "deposed": [],
                    "provider": "provider.google"
                },
                "google_storage_bucket.waze_tts_heb": {
                    "type": "google_storage_bucket",
                    "depends_on": [],
                    "primary": {
                        "id": "waze_tts_heb",
                        "attributes": {
                            "cors.#": "0",
                            "encryption.#": "0",
                            "id": "waze_tts_heb",
                            "labels.%": "0",
                            "lifecycle_rule.#": "0",
                            "location": "EU",
                            "logging.#": "0",
                            "name": "waze_tts_heb",
                            "project": "waze-development",
                            "self_link": "https://www.googleapis.com/storage/v1/b/waze_tts_heb",
                            "storage_class": "STANDARD",
                            "url": "gs://waze_tts_heb",
                            "versioning.#": "0"
                        },
                        "meta": {},
                        "tainted": false
                    },
                    "deposed": [],
                    "provider": "provider.google"
                },
                "google_storage_bucket.waze_voice": {
                    "type": "google_storage_bucket",
                    "depends_on": [],
                    "primary": {
                        "id": "waze-voice",
                        "attributes": {
                            "cors.#": "0",
                            "encryption.#": "0",
                            "id": "waze-voice",
                            "labels.%": "0",
                            "lifecycle_rule.#": "0",
                            "location": "US",
                            "logging.#": "0",
                            "name": "waze-voice",
                            "project": "waze-development",
                            "self_link": "https://www.googleapis.com/storage/v1/b/waze-voice",
                            "storage_class": "MULTI_REGIONAL",
                            "url": "gs://waze-voice",
                            "versioning.#": "0"
                        },
                        "meta": {},
                        "tainted": false
                    },
                    "deposed": [],
                    "provider": "provider.google"
                },
                "google_storage_bucket.wme_staging_frontend_assets": {
                    "type": "google_storage_bucket",
                    "depends_on": [],
                    "primary": {
                        "id": "wme-staging-frontend-assets",
                        "attributes": {
                            "cors.#": "1",
                            "cors.0.max_age_seconds": "86400",
                            "cors.0.method.#": "2",
                            "cors.0.method.0": "GET",
                            "cors.0.method.1": "HEAD",
                            "cors.0.origin.#": "1",
                            "cors.0.origin.0": "https://*.wazestg.com",
                            "cors.0.response_header.#": "0",
                            "encryption.#": "0",
                            "id": "wme-staging-frontend-assets",
                            "labels.%": "0",
                            "lifecycle_rule.#": "0",
                            "location": "EUROPE-WEST1",
                            "logging.#": "0",
                            "name": "wme-staging-frontend-assets",
                            "project": "waze-development",
                            "self_link": "https://www.googleapis.com/storage/v1/b/wme-staging-frontend-assets",
                            "storage_class": "REGIONAL",
                            "url": "gs://wme-staging-frontend-assets",
                            "versioning.#": "0"
                        },
                        "meta": {},
                        "tainted": false
                    },
                    "deposed": [],
                    "provider": "provider.google"
                },
                "google_storage_bucket.www-gcp-wazestg-com": {
                    "type": "google_storage_bucket",
                    "depends_on": [],
                    "primary": {
                        "id": "www.gcp.wazestg.com",
                        "attributes": {
                            "cors.#": "0",
                            "encryption.#": "0",
                            "id": "www.gcp.wazestg.com",
                            "labels.%": "0",
                            "lifecycle_rule.#": "0",
                            "location": "EU",
                            "logging.#": "0",
                            "name": "www.gcp.wazestg.com",
                            "project": "waze-development",
                            "self_link": "https://www.googleapis.com/storage/v1/b/www.gcp.wazestg.com",
                            "storage_class": "MULTI_REGIONAL",
                            "url": "gs://www.gcp.wazestg.com",
                            "versioning.#": "0"
                        },
                        "meta": {},
                        "tainted": false
                    },
                    "deposed": [],
                    "provider": "provider.google"
                },
                "google_storage_bucket_acl.artifacts-waze_development-appspot-com": {
                    "type": "google_storage_bucket_acl",
                    "depends_on": [],
                    "primary": {
                        "id": "artifacts.waze-development.appspot.com",
                        "attributes": {
                            "bucket": "artifacts.waze-development.appspot.com",
                            "id": "artifacts.waze-development.appspot.com",
                            "role_entity.#": "0"
                        },
                        "meta": {},
                        "tainted": false
                    },
                    "deposed": [],
                    "provider": "provider.google"
                },
                "google_storage_bucket_acl.baraktest": {
                    "type": "google_storage_bucket_acl",
                    "depends_on": [],
                    "primary": {
                        "id": "baraktest",
                        "attributes": {
                            "bucket": "baraktest",
                            "id": "baraktest",
                            "role_entity.#": "0"
                        },
                        "meta": {},
                        "tainted": false
                    },
                    "deposed": [],
                    "provider": "provider.google"
                },
                "google_storage_bucket_acl.carpoolrouting_dev": {
                    "type": "google_storage_bucket_acl",
                    "depends_on": [],
                    "primary": {
                        "id": "carpoolrouting-dev",
                        "attributes": {
                            "bucket": "carpoolrouting-dev",
                            "id": "carpoolrouting-dev",
                            "role_entity.#": "0"
                        },
                        "meta": {},
                        "tainted": false
                    },
                    "deposed": [],
                    "provider": "provider.google"
                },
                "google_storage_bucket_acl.cassandra_backup": {
                    "type": "google_storage_bucket_acl",
                    "depends_on": [],
                    "primary": {
                        "id": "cassandra-backup",
                        "attributes": {
                            "bucket": "cassandra-backup",
                            "id": "cassandra-backup",
                            "role_entity.#": "0"
                        },
                        "meta": {},
                        "tainted": false
                    },
                    "deposed": [],
                    "provider": "provider.google"
                },
                "google_storage_bucket_acl.cassandra_staging": {
                    "type": "google_storage_bucket_acl",
                    "depends_on": [],
                    "primary": {
                        "id": "cassandra-staging",
                        "attributes": {
                            "bucket": "cassandra-staging",
                            "id": "cassandra-staging",
                            "role_entity.#": "0"
                        },
                        "meta": {},
                        "tainted": false
                    },
                    "deposed": [],
                    "provider": "provider.google"
                },
                "google_storage_bucket_acl.cdbg_agent_waze_development": {
                    "type": "google_storage_bucket_acl",
                    "depends_on": [],
                    "primary": {
                        "id": "cdbg-agent_waze-development",
                        "attributes": {
                            "bucket": "cdbg-agent_waze-development",
                            "id": "cdbg-agent_waze-development",
                            "role_entity.#": "0"
                        },
                        "meta": {},
                        "tainted": false
                    },
                    "deposed": [],
                    "provider": "provider.google"
                },
                "google_storage_bucket_acl.cdbg_logs_waze_development": {
                    "type": "google_storage_bucket_acl",
                    "depends_on": [],
                    "primary": {
                        "id": "cdbg-logs_waze-development",
                        "attributes": {
                            "bucket": "cdbg-logs_waze-development",
                            "id": "cdbg-logs_waze-development",
                            "role_entity.#": "0"
                        },
                        "meta": {},
                        "tainted": false
                    },
                    "deposed": [],
                    "provider": "provider.google"
                },
                "google_storage_bucket_acl.countrymap": {
                    "type": "google_storage_bucket_acl",
                    "depends_on": [],
                    "primary": {
                        "id": "countrymap",
                        "attributes": {
                            "bucket": "countrymap",
                            "id": "countrymap",
                            "role_entity.#": "0"
                        },
                        "meta": {},
                        "tainted": false
                    },
                    "deposed": [],
                    "provider": "provider.google"
                },
                "google_storage_bucket_acl.dataflow_staging_europe_west1_205061584173": {
                    "type": "google_storage_bucket_acl",
                    "depends_on": [],
                    "primary": {
                        "id": "dataflow-staging-europe-west1-205061584173",
                        "attributes": {
                            "bucket": "dataflow-staging-europe-west1-205061584173",
                            "id": "dataflow-staging-europe-west1-205061584173",
                            "role_entity.#": "0"
                        },
                        "meta": {},
                        "tainted": false
                    },
                    "deposed": [],
                    "provider": "provider.google"
                },
                "google_storage_bucket_acl.dataflow_staging_us_central1_205061584173": {
                    "type": "google_storage_bucket_acl",
                    "depends_on": [],
                    "primary": {
                        "id": "dataflow-staging-us-central1-205061584173",
                        "attributes": {
                            "bucket": "dataflow-staging-us-central1-205061584173",
                            "id": "dataflow-staging-us-central1-205061584173",
                            "role_entity.#": "0"
                        },
                        "meta": {},
                        "tainted": false
                    },
                    "deposed": [],
                    "provider": "provider.google"
                },
                "google_storage_bucket_acl.dataflow_staging_us_east1_205061584173": {
                    "type": "google_storage_bucket_acl",
                    "depends_on": [],
                    "primary": {
                        "id": "dataflow-staging-us-east1-205061584173",
                        "attributes": {
                            "bucket": "dataflow-staging-us-east1-205061584173",
                            "id": "dataflow-staging-us-east1-205061584173",
                            "role_entity.#": "0"
                        },
                        "meta": {},
                        "tainted": false
                    },
                    "deposed": [],
                    "provider": "provider.google"
                },
                "google_storage_bucket_acl.dataproc_02dfa3c4_6240_402c_b226_c7b4a4670b1d_us": {
                    "type": "google_storage_bucket_acl",
                    "depends_on": [],
                    "primary": {
                        "id": "dataproc-02dfa3c4-6240-402c-b226-c7b4a4670b1d-us",
                        "attributes": {
                            "bucket": "dataproc-02dfa3c4-6240-402c-b226-c7b4a4670b1d-us",
                            "id": "dataproc-02dfa3c4-6240-402c-b226-c7b4a4670b1d-us",
                            "role_entity.#": "0"
                        },
                        "meta": {},
                        "tainted": false
                    },
                    "deposed": [],
                    "provider": "provider.google"
                },
                "google_storage_bucket_acl.dataproc_1398de85_a65d_406c_bc3a_d9800739cb66_europe_west1": {
                    "type": "google_storage_bucket_acl",
                    "depends_on": [],
                    "primary": {
                        "id": "dataproc-1398de85-a65d-406c-bc3a-d9800739cb66-europe-west1",
                        "attributes": {
                            "bucket": "dataproc-1398de85-a65d-406c-bc3a-d9800739cb66-europe-west1",
                            "id": "dataproc-1398de85-a65d-406c-bc3a-d9800739cb66-europe-west1",
                            "role_entity.#": "0"
                        },
                        "meta": {},
                        "tainted": false
                    },
                    "deposed": [],
                    "provider": "provider.google"
                },
                "google_storage_bucket_acl.dataproc_5f430212_e3ab_4900_9d30_23ac5c12858e_europe_west2": {
                    "type": "google_storage_bucket_acl",
                    "depends_on": [],
                    "primary": {
                        "id": "dataproc-5f430212-e3ab-4900-9d30-23ac5c12858e-europe-west2",
                        "attributes": {
                            "bucket": "dataproc-5f430212-e3ab-4900-9d30-23ac5c12858e-europe-west2",
                            "id": "dataproc-5f430212-e3ab-4900-9d30-23ac5c12858e-europe-west2",
                            "role_entity.#": "0"
                        },
                        "meta": {},
                        "tainted": false
                    },
                    "deposed": [],
                    "provider": "provider.google"
                },
                "google_storage_bucket_acl.dataproc_ab851108_ca3d_44cf_95af_175a851569bd_us_east1": {
                    "type": "google_storage_bucket_acl",
                    "depends_on": [],
                    "primary": {
                        "id": "dataproc-ab851108-ca3d-44cf-95af-175a851569bd-us-east1",
                        "attributes": {
                            "bucket": "dataproc-ab851108-ca3d-44cf-95af-175a851569bd-us-east1",
                            "id": "dataproc-ab851108-ca3d-44cf-95af-175a851569bd-us-east1",
                            "role_entity.#": "0"
                        },
                        "meta": {},
                        "tainted": false
                    },
                    "deposed": [],
                    "provider": "provider.google"
                },
                "google_storage_bucket_acl.dataproc_ec593c78_412a_4475_8ceb_a4ae4eb547ad_eu": {
                    "type": "google_storage_bucket_acl",
                    "depends_on": [],
                    "primary": {
                        "id": "dataproc-ec593c78-412a-4475-8ceb-a4ae4eb547ad-eu",
                        "attributes": {
                            "bucket": "dataproc-ec593c78-412a-4475-8ceb-a4ae4eb547ad-eu",
                            "id": "dataproc-ec593c78-412a-4475-8ceb-a4ae4eb547ad-eu",
                            "role_entity.#": "0"
                        },
                        "meta": {},
                        "tainted": false
                    },
                    "deposed": [],
                    "provider": "provider.google"
                },
                "google_storage_bucket_acl.deep_learning": {
                    "type": "google_storage_bucket_acl",
                    "depends_on": [],
                    "primary": {
                        "id": "deep-learning",
                        "attributes": {
                            "bucket": "deep-learning",
                            "id": "deep-learning",
                            "role_entity.#": "0"
                        },
                        "meta": {},
                        "tainted": false
                    },
                    "deposed": [],
                    "provider": "provider.google"
                },
                "google_storage_bucket_acl.gcres-waze-com": {
                    "type": "google_storage_bucket_acl",
                    "depends_on": [],
                    "primary": {
                        "id": "gcres.waze.com",
                        "attributes": {
                            "bucket": "gcres.waze.com",
                            "id": "gcres.waze.com",
                            "role_entity.#": "0"
                        },
                        "meta": {},
                        "tainted": false
                    },
                    "deposed": [],
                    "provider": "provider.google"
                },
                "google_storage_bucket_acl.genady": {
                    "type": "google_storage_bucket_acl",
                    "depends_on": [],
                    "primary": {
                        "id": "genady",
                        "attributes": {
                            "bucket": "genady",
                            "id": "genady",
                            "role_entity.#": "0"
                        },
                        "meta": {},
                        "tainted": false
                    },
                    "deposed": [],
                    "provider": "provider.google"
                },
                "google_storage_bucket_acl.getdate_lb_4": {
                    "type": "google_storage_bucket_acl",
                    "depends_on": [],
                    "primary": {
                        "id": "getdate-lb-4",
                        "attributes": {
                            "bucket": "getdate-lb-4",
                            "id": "getdate-lb-4",
                            "role_entity.#": "0"
                        },
                        "meta": {},
                        "tainted": false
                    },
                    "deposed": [],
                    "provider": "provider.google"
                },
                "google_storage_bucket_acl.gsutil_test_test_cp_unwritable_tracker_file_download_b_0701e591": {
                    "type": "google_storage_bucket_acl",
                    "depends_on": [],
                    "primary": {
                        "id": "gsutil-test-test_cp_unwritable_tracker_file_download-b-0701e591",
                        "attributes": {
                            "bucket": "gsutil-test-test_cp_unwritable_tracker_file_download-b-0701e591",
                            "id": "gsutil-test-test_cp_unwritable_tracker_file_download-b-0701e591",
                            "role_entity.#": "0"
                        },
                        "meta": {},
                        "tainted": false
                    },
                    "deposed": [],
                    "provider": "provider.google"
                },
                "google_storage_bucket_acl.gsutil_test_test_cp_unwritable_tracker_file_download_b_d50a8870": {
                    "type": "google_storage_bucket_acl",
                    "depends_on": [],
                    "primary": {
                        "id": "gsutil-test-test_cp_unwritable_tracker_file_download-b-d50a8870",
                        "attributes": {
                            "bucket": "gsutil-test-test_cp_unwritable_tracker_file_download-b-d50a8870",
                            "id": "gsutil-test-test_cp_unwritable_tracker_file_download-b-d50a8870",
                            "role_entity.#": "0"
                        },
                        "meta": {},
                        "tainted": false
                    },
                    "deposed": [],
                    "provider": "provider.google"
                },
                "google_storage_bucket_acl.gsutil_test_test_minus_d_resumable_upload_bucket_394137ab": {
                    "type": "google_storage_bucket_acl",
                    "depends_on": [],
                    "primary": {
                        "id": "gsutil-test-test_minus_d_resumable_upload-bucket-394137ab",
                        "attributes": {
                            "bucket": "gsutil-test-test_minus_d_resumable_upload-bucket-394137ab",
                            "id": "gsutil-test-test_minus_d_resumable_upload-bucket-394137ab",
                            "role_entity.#": "0"
                        },
                        "meta": {},
                        "tainted": false
                    },
                    "deposed": [],
                    "provider": "provider.google"
                },
                "google_storage_bucket_acl.hermetic_routing": {
                    "type": "google_storage_bucket_acl",
                    "depends_on": [],
                    "primary": {
                        "id": "hermetic-routing",
                        "attributes": {
                            "bucket": "hermetic-routing",
                            "id": "hermetic-routing",
                            "role_entity.#": "0"
                        },
                        "meta": {},
                        "tainted": false
                    },
                    "deposed": [],
                    "provider": "provider.google"
                },
                "google_storage_bucket_acl.kubernetes_clusters_sergey_test_cassandra": {
                    "type": "google_storage_bucket_acl",
                    "depends_on": [],
                    "primary": {
                        "id": "kubernetes-clusters-sergey-test-cassandra",
                        "attributes": {
                            "bucket": "kubernetes-clusters-sergey-test-cassandra",
                            "id": "kubernetes-clusters-sergey-test-cassandra",
                            "role_entity.#": "0"
                        },
                        "meta": {},
                        "tainted": false
                    },
                    "deposed": [],
                    "provider": "provider.google"
                },
                "google_storage_bucket_acl.merger_data": {
                    "type": "google_storage_bucket_acl",
                    "depends_on": [],
                    "primary": {
                        "id": "merger-data",
                        "attributes": {
                            "bucket": "merger-data",
                            "id": "merger-data",
                            "role_entity.#": "0"
                        },
                        "meta": {},
                        "tainted": false
                    },
                    "deposed": [],
                    "provider": "provider.google"
                },
                "google_storage_bucket_acl.merger_data_jupyterhub": {
                    "type": "google_storage_bucket_acl",
                    "depends_on": [],
                    "primary": {
                        "id": "merger-data-jupyterhub",
                        "attributes": {
                            "bucket": "merger-data-jupyterhub",
                            "id": "merger-data-jupyterhub",
                            "role_entity.#": "0"
                        },
                        "meta": {},
                        "tainted": false
                    },
                    "deposed": [],
                    "provider": "provider.google"
                },
                "google_storage_bucket_acl.pg_staging_master": {
                    "type": "google_storage_bucket_acl",
                    "depends_on": [],
                    "primary": {
                        "id": "pg-staging-master",
                        "attributes": {
                            "bucket": "pg-staging-master",
                            "id": "pg-staging-master",
                            "role_entity.#": "0"
                        },
                        "meta": {},
                        "tainted": false
                    },
                    "deposed": [],
                    "provider": "provider.google"
                },
                "google_storage_bucket_acl.routing_regression": {
                    "type": "google_storage_bucket_acl",
                    "depends_on": [],
                    "primary": {
                        "id": "routing_regression",
                        "attributes": {
                            "bucket": "routing_regression",
                            "id": "routing_regression",
                            "role_entity.#": "0"
                        },
                        "meta": {},
                        "tainted": false
                    },
                    "deposed": [],
                    "provider": "provider.google"
                },
                "google_storage_bucket_acl.routing_regression_automation": {
                    "type": "google_storage_bucket_acl",
                    "depends_on": [],
                    "primary": {
                        "id": "routing_regression_automation",
                        "attributes": {
                            "bucket": "routing_regression_automation",
                            "id": "routing_regression_automation",
                            "role_entity.#": "0"
                        },
                        "meta": {},
                        "tainted": false
                    },
                    "deposed": [],
                    "provider": "provider.google"
                },
                "google_storage_bucket_acl.row_app_logs": {
                    "type": "google_storage_bucket_acl",
                    "depends_on": [],
                    "primary": {
                        "id": "row-app-logs",
                        "attributes": {
                            "bucket": "row-app-logs",
                            "id": "row-app-logs",
                            "role_entity.#": "0"
                        },
                        "meta": {},
                        "tainted": false
                    },
                    "deposed": [],
                    "provider": "provider.google"
                },
                "google_storage_bucket_acl.row_pg_backup": {
                    "type": "google_storage_bucket_acl",
                    "depends_on": [],
                    "primary": {
                        "id": "row-pg-backup",
                        "attributes": {
                            "bucket": "row-pg-backup",
                            "id": "row-pg-backup",
                            "role_entity.#": "0"
                        },
                        "meta": {},
                        "tainted": false
                    },
                    "deposed": [],
                    "provider": "provider.google"
                },
                "google_storage_bucket_acl.rr-fu-nl": {
                    "type": "google_storage_bucket_acl",
                    "depends_on": [],
                    "primary": {
                        "id": "rr.fu.nl",
                        "attributes": {
                            "bucket": "rr.fu.nl",
                            "id": "rr.fu.nl",
                            "role_entity.#": "0"
                        },
                        "meta": {},
                        "tainted": false
                    },
                    "deposed": [],
                    "provider": "provider.google"
                },
                "google_storage_bucket_acl.sagie_phantom_test": {
                    "type": "google_storage_bucket_acl",
                    "depends_on": [],
                    "primary": {
                        "id": "sagie-phantom-test",
                        "attributes": {
                            "bucket": "sagie-phantom-test",
                            "id": "sagie-phantom-test",
                            "role_entity.#": "0"
                        },
                        "meta": {},
                        "tainted": false
                    },
                    "deposed": [],
                    "provider": "provider.google"
                },
                "google_storage_bucket_acl.sergeylanz": {
                    "type": "google_storage_bucket_acl",
                    "depends_on": [],
                    "primary": {
                        "id": "sergeylanz",
                        "attributes": {
                            "bucket": "sergeylanz",
                            "id": "sergeylanz",
                            "role_entity.#": "0"
                        },
                        "meta": {},
                        "tainted": false
                    },
                    "deposed": [],
                    "provider": "provider.google"
                },
                "google_storage_bucket_acl.spin_ef0fc51f_8165_4d25_87a8_4bb3bc1d13d6": {
                    "type": "google_storage_bucket_acl",
                    "depends_on": [],
                    "primary": {
                        "id": "spin-ef0fc51f-8165-4d25-87a8-4bb3bc1d13d6",
                        "attributes": {
                            "bucket": "spin-ef0fc51f-8165-4d25-87a8-4bb3bc1d13d6",
                            "id": "spin-ef0fc51f-8165-4d25-87a8-4bb3bc1d13d6",
                            "role_entity.#": "0"
                        },
                        "meta": {},
                        "tainted": false
                    },
                    "deposed": [],
                    "provider": "provider.google"
                },
                "google_storage_bucket_acl.spin_f2b48897_afed_4cc1_8507_53f7424a80d4": {
                    "type": "google_storage_bucket_acl",
                    "depends_on": [],
                    "primary": {
                        "id": "spin-f2b48897-afed-4cc1-8507-53f7424a80d4",
                        "attributes": {
                            "bucket": "spin-f2b48897-afed-4cc1-8507-53f7424a80d4",
                            "id": "spin-f2b48897-afed-4cc1-8507-53f7424a80d4",
                            "role_entity.#": "0"
                        },
                        "meta": {},
                        "tainted": false
                    },
                    "deposed": [],
                    "provider": "provider.google"
                },
                "google_storage_bucket_acl.spinnaker_waze_development": {
                    "type": "google_storage_bucket_acl",
                    "depends_on": [],
                    "primary": {
                        "id": "spinnaker-waze-development",
                        "attributes": {
                            "bucket": "spinnaker-waze-development",
                            "id": "spinnaker-waze-development",
                            "role_entity.#": "0"
                        },
                        "meta": {},
                        "tainted": false
                    },
                    "deposed": [],
                    "provider": "provider.google"
                },
                "google_storage_bucket_acl.staging-waze_development-appspot-com": {
                    "type": "google_storage_bucket_acl",
                    "depends_on": [],
                    "primary": {
                        "id": "staging.waze-development.appspot.com",
                        "attributes": {
                            "bucket": "staging.waze-development.appspot.com",
                            "id": "staging.waze-development.appspot.com",
                            "role_entity.#": "0"
                        },
                        "meta": {},
                        "tainted": false
                    },
                    "deposed": [],
                    "provider": "provider.google"
                },
                "google_storage_bucket_acl.stg_am_app_logs": {
                    "type": "google_storage_bucket_acl",
                    "depends_on": [],
                    "primary": {
                        "id": "stg-am-app-logs",
                        "attributes": {
                            "bucket": "stg-am-app-logs",
                            "id": "stg-am-app-logs",
                            "role_entity.#": "0"
                        },
                        "meta": {},
                        "tainted": false
                    },
                    "deposed": [],
                    "provider": "provider.google"
                },
                "google_storage_bucket_acl.stg_cassandra_backup": {
                    "type": "google_storage_bucket_acl",
                    "depends_on": [],
                    "primary": {
                        "id": "stg-cassandra-backup",
                        "attributes": {
                            "bucket": "stg-cassandra-backup",
                            "id": "stg-cassandra-backup",
                            "role_entity.#": "0"
                        },
                        "meta": {},
                        "tainted": false
                    },
                    "deposed": [],
                    "provider": "provider.google"
                },
                "google_storage_bucket_acl.stg_row_app_logs": {
                    "type": "google_storage_bucket_acl",
                    "depends_on": [],
                    "primary": {
                        "id": "stg-row-app-logs",
                        "attributes": {
                            "bucket": "stg-row-app-logs",
                            "id": "stg-row-app-logs",
                            "role_entity.#": "0"
                        },
                        "meta": {},
                        "tainted": false
                    },
                    "deposed": [],
                    "provider": "provider.google"
                },
                "google_storage_bucket_acl.stg_scripts_download": {
                    "type": "google_storage_bucket_acl",
                    "depends_on": [],
                    "primary": {
                        "id": "stg-scripts-download",
                        "attributes": {
                            "bucket": "stg-scripts-download",
                            "id": "stg-scripts-download",
                            "role_entity.#": "0"
                        },
                        "meta": {},
                        "tainted": false
                    },
                    "deposed": [],
                    "provider": "provider.google"
                },
                "google_storage_bucket_acl.storage_gateway": {
                    "type": "google_storage_bucket_acl",
                    "depends_on": [],
                    "primary": {
                        "id": "storage_gateway",
                        "attributes": {
                            "bucket": "storage_gateway",
                            "id": "storage_gateway",
                            "role_entity.#": "0"
                        },
                        "meta": {},
                        "tainted": false
                    },
                    "deposed": [],
                    "provider": "provider.google"
                },
                "google_storage_bucket_acl.tiles_generator_il": {
                    "type": "google_storage_bucket_acl",
                    "depends_on": [],
                    "primary": {
                        "id": "tiles-generator-il",
                        "attributes": {
                            "bucket": "tiles-generator-il",
                            "id": "tiles-generator-il",
                            "role_entity.#": "0"
                        },
                        "meta": {},
                        "tainted": false
                    },
                    "deposed": [],
                    "provider": "provider.google"
                },
                "google_storage_bucket_acl.tiles_generator_stg": {
                    "type": "google_storage_bucket_acl",
                    "depends_on": [],
                    "primary": {
                        "id": "tiles-generator-stg",
                        "attributes": {
                            "bucket": "tiles-generator-stg",
                            "id": "tiles-generator-stg",
                            "role_entity.#": "0"
                        },
                        "meta": {},
                        "tainted": false
                    },
                    "deposed": [],
                    "provider": "provider.google"
                },
                "google_storage_bucket_acl.tilesbuilder_configs": {
                    "type": "google_storage_bucket_acl",
                    "depends_on": [],
                    "primary": {
                        "id": "tilesbuilder-configs",
                        "attributes": {
                            "bucket": "tilesbuilder-configs",
                            "id": "tilesbuilder-configs",
                            "role_entity.#": "0"
                        },
                        "meta": {},
                        "tainted": false
                    },
                    "deposed": [],
                    "provider": "provider.google"
                },
                "google_storage_bucket_acl.tilesbuilder_stg": {
                    "type": "google_storage_bucket_acl",
                    "depends_on": [],
                    "primary": {
                        "id": "tilesbuilder-stg",
                        "attributes": {
                            "bucket": "tilesbuilder-stg",
                            "id": "tilesbuilder-stg",
                            "role_entity.#": "0"
                        },
                        "meta": {},
                        "tainted": false
                    },
                    "deposed": [],
                    "provider": "provider.google"
                },
                "google_storage_bucket_acl.topic_test_libs": {
                    "type": "google_storage_bucket_acl",
                    "depends_on": [],
                    "primary": {
                        "id": "topic-test-libs",
                        "attributes": {
                            "bucket": "topic-test-libs",
                            "id": "topic-test-libs",
                            "role_entity.#": "0"
                        },
                        "meta": {},
                        "tainted": false
                    },
                    "deposed": [],
                    "provider": "provider.google"
                },
                "google_storage_bucket_acl.topic_test_results": {
                    "type": "google_storage_bucket_acl",
                    "depends_on": [],
                    "primary": {
                        "id": "topic-test-results",
                        "attributes": {
                            "bucket": "topic-test-results",
                            "id": "topic-test-results",
                            "role_entity.#": "0"
                        },
                        "meta": {},
                        "tainted": false
                    },
                    "deposed": [],
                    "provider": "provider.google"
                },
                "google_storage_bucket_acl.us-artifacts-waze_development-appspot-com": {
                    "type": "google_storage_bucket_acl",
                    "depends_on": [],
                    "primary": {
                        "id": "us.artifacts.waze-development.appspot.com",
                        "attributes": {
                            "bucket": "us.artifacts.waze-development.appspot.com",
                            "id": "us.artifacts.waze-development.appspot.com",
                            "role_entity.#": "0"
                        },
                        "meta": {},
                        "tainted": false
                    },
                    "deposed": [],
                    "provider": "provider.google"
                },
                "google_storage_bucket_acl.us_central1_tiles_builder_1be8ed5a_bucket": {
                    "type": "google_storage_bucket_acl",
                    "depends_on": [],
                    "primary": {
                        "id": "us-central1-tiles-builder-1be8ed5a-bucket",
                        "attributes": {
                            "bucket": "us-central1-tiles-builder-1be8ed5a-bucket",
                            "id": "us-central1-tiles-builder-1be8ed5a-bucket",
                            "role_entity.#": "0"
                        },
                        "meta": {},
                        "tainted": false
                    },
                    "deposed": [],
                    "provider": "provider.google"
                },
                "google_storage_bucket_acl.vm_config-waze_development-appspot-com": {
                    "type": "google_storage_bucket_acl",
                    "depends_on": [],
                    "primary": {
                        "id": "vm-config.waze-development.appspot.com",
                        "attributes": {
                            "bucket": "vm-config.waze-development.appspot.com",
                            "id": "vm-config.waze-development.appspot.com",
                            "role_entity.#": "0"
                        },
                        "meta": {},
                        "tainted": false
                    },
                    "deposed": [],
                    "provider": "provider.google"
                },
                "google_storage_bucket_acl.vm_containers-waze_development-appspot-com": {
                    "type": "google_storage_bucket_acl",
                    "depends_on": [],
                    "primary": {
                        "id": "vm-containers.waze-development.appspot.com",
                        "attributes": {
                            "bucket": "vm-containers.waze-development.appspot.com",
                            "id": "vm-containers.waze-development.appspot.com",
                            "role_entity.#": "0"
                        },
                        "meta": {},
                        "tainted": false
                    },
                    "deposed": [],
                    "provider": "provider.google"
                },
                "google_storage_bucket_acl.waze01_backup": {
                    "type": "google_storage_bucket_acl",
                    "depends_on": [],
                    "primary": {
                        "id": "waze01_backup",
                        "attributes": {
                            "bucket": "waze01_backup",
                            "id": "waze01_backup",
                            "role_entity.#": "0"
                        },
                        "meta": {},
                        "tainted": false
                    },
                    "deposed": [],
                    "provider": "provider.google"
                },
                "google_storage_bucket_acl.waze_ads_adapt_stg": {
                    "type": "google_storage_bucket_acl",
                    "depends_on": [],
                    "primary": {
                        "id": "waze-ads-adapt-stg",
                        "attributes": {
                            "bucket": "waze-ads-adapt-stg",
                            "id": "waze-ads-adapt-stg",
                            "role_entity.#": "0"
                        },
                        "meta": {},
                        "tainted": false
                    },
                    "deposed": [],
                    "provider": "provider.google"
                },
                "google_storage_bucket_acl.waze_ads_bi_benchmarks_stg": {
                    "type": "google_storage_bucket_acl",
                    "depends_on": [],
                    "primary": {
                        "id": "waze-ads-bi-benchmarks-stg",
                        "attributes": {
                            "bucket": "waze-ads-bi-benchmarks-stg",
                            "id": "waze-ads-bi-benchmarks-stg",
                            "role_entity.#": "0"
                        },
                        "meta": {},
                        "tainted": false
                    },
                    "deposed": [],
                    "provider": "provider.google"
                },
                "google_storage_bucket_acl.waze_ads_bi_countries_stg": {
                    "type": "google_storage_bucket_acl",
                    "depends_on": [],
                    "primary": {
                        "id": "waze-ads-bi-countries-stg",
                        "attributes": {
                            "bucket": "waze-ads-bi-countries-stg",
                            "id": "waze-ads-bi-countries-stg",
                            "role_entity.#": "0"
                        },
                        "meta": {},
                        "tainted": false
                    },
                    "deposed": [],
                    "provider": "provider.google"
                },
                "google_storage_bucket_acl.waze_ads_elon_test": {
                    "type": "google_storage_bucket_acl",
                    "depends_on": [],
                    "primary": {
                        "id": "waze-ads-elon-test",
                        "attributes": {
                            "bucket": "waze-ads-elon-test",
                            "id": "waze-ads-elon-test",
                            "role_entity.#": "0"
                        },
                        "meta": {},
                        "tainted": false
                    },
                    "deposed": [],
                    "provider": "provider.google"
                },
                "google_storage_bucket_acl.waze_ads_resources_test": {
                    "type": "google_storage_bucket_acl",
                    "depends_on": [],
                    "primary": {
                        "id": "waze-ads-resources-test",
                        "attributes": {
                            "bucket": "waze-ads-resources-test",
                            "id": "waze-ads-resources-test",
                            "role_entity.#": "0"
                        },
                        "meta": {},
                        "tainted": false
                    },
                    "deposed": [],
                    "provider": "provider.google"
                },
                "google_storage_bucket_acl.waze_ads_rotem_test": {
                    "type": "google_storage_bucket_acl",
                    "depends_on": [],
                    "primary": {
                        "id": "waze-ads-rotem-test",
                        "attributes": {
                            "bucket": "waze-ads-rotem-test",
                            "id": "waze-ads-rotem-test",
                            "role_entity.#": "0"
                        },
                        "meta": {},
                        "tainted": false
                    },
                    "deposed": [],
                    "provider": "provider.google"
                },
                "google_storage_bucket_acl.waze_artifactory_backup": {
                    "type": "google_storage_bucket_acl",
                    "depends_on": [],
                    "primary": {
                        "id": "waze-artifactory-backup",
                        "attributes": {
                            "bucket": "waze-artifactory-backup",
                            "id": "waze-artifactory-backup",
                            "role_entity.#": "0"
                        },
                        "meta": {},
                        "tainted": false
                    },
                    "deposed": [],
                    "provider": "provider.google"
                },
                "google_storage_bucket_acl.waze_backups": {
                    "type": "google_storage_bucket_acl",
                    "depends_on": [],
                    "primary": {
                        "id": "waze_backups",
                        "attributes": {
                            "bucket": "waze_backups",
                            "id": "waze_backups",
                            "role_entity.#": "0"
                        },
                        "meta": {},
                        "tainted": false
                    },
                    "deposed": [],
                    "provider": "provider.google"
                },
                "google_storage_bucket_acl.waze_carpool_groups_images_stg": {
                    "type": "google_storage_bucket_acl",
                    "depends_on": [],
                    "primary": {
                        "id": "waze-carpool-groups-images-stg",
                        "attributes": {
                            "bucket": "waze-carpool-groups-images-stg",
                            "id": "waze-carpool-groups-images-stg",
                            "role_entity.#": "0"
                        },
                        "meta": {},
                        "tainted": false
                    },
                    "deposed": [],
                    "provider": "provider.google"
                },
                "google_storage_bucket_acl.waze_client_resources_staging": {
                    "type": "google_storage_bucket_acl",
                    "depends_on": [],
                    "primary": {
                        "id": "waze-client-resources-staging",
                        "attributes": {
                            "bucket": "waze-client-resources-staging",
                            "id": "waze-client-resources-staging",
                            "role_entity.#": "0"
                        },
                        "meta": {},
                        "tainted": false
                    },
                    "deposed": [],
                    "provider": "provider.google"
                },
                "google_storage_bucket_acl.waze_cloud_functions_stg": {
                    "type": "google_storage_bucket_acl",
                    "depends_on": [],
                    "primary": {
                        "id": "waze-cloud-functions-stg",
                        "attributes": {
                            "bucket": "waze-cloud-functions-stg",
                            "id": "waze-cloud-functions-stg",
                            "role_entity.#": "0"
                        },
                        "meta": {},
                        "tainted": false
                    },
                    "deposed": [],
                    "provider": "provider.google"
                },
                "google_storage_bucket_acl.waze_dataproc_dev": {
                    "type": "google_storage_bucket_acl",
                    "depends_on": [],
                    "primary": {
                        "id": "waze-dataproc-dev",
                        "attributes": {
                            "bucket": "waze-dataproc-dev",
                            "id": "waze-dataproc-dev",
                            "role_entity.#": "0"
                        },
                        "meta": {},
                        "tainted": false
                    },
                    "deposed": [],
                    "provider": "provider.google"
                },
                "google_storage_bucket_acl.waze_deployment_staging": {
                    "type": "google_storage_bucket_acl",
                    "depends_on": [],
                    "primary": {
                        "id": "waze-deployment-staging",
                        "attributes": {
                            "bucket": "waze-deployment-staging",
                            "id": "waze-deployment-staging",
                            "role_entity.#": "0"
                        },
                        "meta": {},
                        "tainted": false
                    },
                    "deposed": [],
                    "provider": "provider.google"
                },
                "google_storage_bucket_acl.waze_deployment_staging_sod": {
                    "type": "google_storage_bucket_acl",
                    "depends_on": [],
                    "primary": {
                        "id": "waze-deployment-staging-sod",
                        "attributes": {
                            "bucket": "waze-deployment-staging-sod",
                            "id": "waze-deployment-staging-sod",
                            "role_entity.#": "0"
                        },
                        "meta": {},
                        "tainted": false
                    },
                    "deposed": [],
                    "provider": "provider.google"
                },
                "google_storage_bucket_acl.waze_development-appspot-com": {
                    "type": "google_storage_bucket_acl",
                    "depends_on": [],
                    "primary": {
                        "id": "waze-development.appspot.com",
                        "attributes": {
                            "bucket": "waze-development.appspot.com",
                            "id": "waze-development.appspot.com",
                            "role_entity.#": "0"
                        },
                        "meta": {},
                        "tainted": false
                    },
                    "deposed": [],
                    "provider": "provider.google"
                },
                "google_storage_bucket_acl.waze_development_cloudbuild": {
                    "type": "google_storage_bucket_acl",
                    "depends_on": [],
                    "primary": {
                        "id": "waze-development_cloudbuild",
                        "attributes": {
                            "bucket": "waze-development_cloudbuild",
                            "id": "waze-development_cloudbuild",
                            "role_entity.#": "0"
                        },
                        "meta": {},
                        "tainted": false
                    },
                    "deposed": [],
                    "provider": "provider.google"
                },
                "google_storage_bucket_acl.waze_development_daisy_bkt": {
                    "type": "google_storage_bucket_acl",
                    "depends_on": [],
                    "primary": {
                        "id": "waze-development-daisy-bkt",
                        "attributes": {
                            "bucket": "waze-development-daisy-bkt",
                            "id": "waze-development-daisy-bkt",
                            "role_entity.#": "0"
                        },
                        "meta": {},
                        "tainted": false
                    },
                    "deposed": [],
                    "provider": "provider.google"
                },
                "google_storage_bucket_acl.waze_dexter_resources": {
                    "type": "google_storage_bucket_acl",
                    "depends_on": [],
                    "primary": {
                        "id": "waze-dexter-resources",
                        "attributes": {
                            "bucket": "waze-dexter-resources",
                            "id": "waze-dexter-resources",
                            "role_entity.#": "0"
                        },
                        "meta": {},
                        "tainted": false
                    },
                    "deposed": [],
                    "provider": "provider.google"
                },
                "google_storage_bucket_acl.waze_dirt_dategiver": {
                    "type": "google_storage_bucket_acl",
                    "depends_on": [],
                    "primary": {
                        "id": "waze-dirt-dategiver",
                        "attributes": {
                            "bucket": "waze-dirt-dategiver",
                            "id": "waze-dirt-dategiver",
                            "role_entity.#": "0"
                        },
                        "meta": {},
                        "tainted": false
                    },
                    "deposed": [],
                    "provider": "provider.google"
                },
                "google_storage_bucket_acl.waze_dirt_dategiver1": {
                    "type": "google_storage_bucket_acl",
                    "depends_on": [],
                    "primary": {
                        "id": "waze-dirt-dategiver1",
                        "attributes": {
                            "bucket": "waze-dirt-dategiver1",
                            "id": "waze-dirt-dategiver1",
                            "role_entity.#": "0"
                        },
                        "meta": {},
                        "tainted": false
                    },
                    "deposed": [],
                    "provider": "provider.google"
                },
                "google_storage_bucket_acl.waze_dirt_gabik": {
                    "type": "google_storage_bucket_acl",
                    "depends_on": [],
                    "primary": {
                        "id": "waze-dirt-gabik",
                        "attributes": {
                            "bucket": "waze-dirt-gabik",
                            "id": "waze-dirt-gabik",
                            "role_entity.#": "0"
                        },
                        "meta": {},
                        "tainted": false
                    },
                    "deposed": [],
                    "provider": "provider.google"
                },
                "google_storage_bucket_acl.waze_feedback_screenshots_stg": {
                    "type": "google_storage_bucket_acl",
                    "depends_on": [],
                    "primary": {
                        "id": "waze-feedback-screenshots-stg",
                        "attributes": {
                            "bucket": "waze-feedback-screenshots-stg",
                            "id": "waze-feedback-screenshots-stg",
                            "role_entity.#": "0"
                        },
                        "meta": {},
                        "tainted": false
                    },
                    "deposed": [],
                    "provider": "provider.google"
                },
                "google_storage_bucket_acl.waze_fluentd_buffer": {
                    "type": "google_storage_bucket_acl",
                    "depends_on": [],
                    "primary": {
                        "id": "waze-fluentd-buffer",
                        "attributes": {
                            "bucket": "waze-fluentd-buffer",
                            "id": "waze-fluentd-buffer",
                            "role_entity.#": "0"
                        },
                        "meta": {},
                        "tainted": false
                    },
                    "deposed": [],
                    "provider": "provider.google"
                },
                "google_storage_bucket_acl.waze_fluentd_buffer_stg": {
                    "type": "google_storage_bucket_acl",
                    "depends_on": [],
                    "primary": {
                        "id": "waze-fluentd-buffer-stg",
                        "attributes": {
                            "bucket": "waze-fluentd-buffer-stg",
                            "id": "waze-fluentd-buffer-stg",
                            "role_entity.#": "0"
                        },
                        "meta": {},
                        "tainted": false
                    },
                    "deposed": [],
                    "provider": "provider.google"
                },
                "google_storage_bucket_acl.waze_images": {
                    "type": "google_storage_bucket_acl",
                    "depends_on": [],
                    "primary": {
                        "id": "waze_images",
                        "attributes": {
                            "bucket": "waze_images",
                            "id": "waze_images",
                            "role_entity.#": "0"
                        },
                        "meta": {},
                        "tainted": false
                    },
                    "deposed": [],
                    "provider": "provider.google"
                },
                "google_storage_bucket_acl.waze_maint_jobs_stg": {
                    "type": "google_storage_bucket_acl",
                    "depends_on": [],
                    "primary": {
                        "id": "waze-maint-jobs-stg",
                        "attributes": {
                            "bucket": "waze-maint-jobs-stg",
                            "id": "waze-maint-jobs-stg",
                            "role_entity.#": "0"
                        },
                        "meta": {},
                        "tainted": false
                    },
                    "deposed": [],
                    "provider": "provider.google"
                },
                "google_storage_bucket_acl.waze_merger": {
                    "type": "google_storage_bucket_acl",
                    "depends_on": [],
                    "primary": {
                        "id": "waze-merger",
                        "attributes": {
                            "bucket": "waze-merger",
                            "id": "waze-merger",
                            "role_entity.#": "0"
                        },
                        "meta": {},
                        "tainted": false
                    },
                    "deposed": [],
                    "provider": "provider.google"
                },
                "google_storage_bucket_acl.waze_merger_jupyterhub": {
                    "type": "google_storage_bucket_acl",
                    "depends_on": [],
                    "primary": {
                        "id": "waze-merger-jupyterhub",
                        "attributes": {
                            "bucket": "waze-merger-jupyterhub",
                            "id": "waze-merger-jupyterhub",
                            "role_entity.#": "0"
                        },
                        "meta": {},
                        "tainted": false
                    },
                    "deposed": [],
                    "provider": "provider.google"
                },
                "google_storage_bucket_acl.waze_nsscache_stg": {
                    "type": "google_storage_bucket_acl",
                    "depends_on": [],
                    "primary": {
                        "id": "waze-nsscache-stg",
                        "attributes": {
                            "bucket": "waze-nsscache-stg",
                            "id": "waze-nsscache-stg",
                            "role_entity.#": "0"
                        },
                        "meta": {},
                        "tainted": false
                    },
                    "deposed": [],
                    "provider": "provider.google"
                },
                "google_storage_bucket_acl.waze_piitool_stg": {
                    "type": "google_storage_bucket_acl",
                    "depends_on": [],
                    "primary": {
                        "id": "waze-piitool-stg",
                        "attributes": {
                            "bucket": "waze-piitool-stg",
                            "id": "waze-piitool-stg",
                            "role_entity.#": "0"
                        },
                        "meta": {},
                        "tainted": false
                    },
                    "deposed": [],
                    "provider": "provider.google"
                },
                "google_storage_bucket_acl.waze_routing_regression": {
                    "type": "google_storage_bucket_acl",
                    "depends_on": [],
                    "primary": {
                        "id": "waze-routing-regression",
                        "attributes": {
                            "bucket": "waze-routing-regression",
                            "id": "waze-routing-regression",
                            "role_entity.#": "0"
                        },
                        "meta": {},
                        "tainted": false
                    },
                    "deposed": [],
                    "provider": "provider.google"
                },
                "google_storage_bucket_acl.waze_routing_tiles": {
                    "type": "google_storage_bucket_acl",
                    "depends_on": [],
                    "primary": {
                        "id": "waze-routing-tiles",
                        "attributes": {
                            "bucket": "waze-routing-tiles",
                            "id": "waze-routing-tiles",
                            "role_entity.#": "0"
                        },
                        "meta": {},
                        "tainted": false
                    },
                    "deposed": [],
                    "provider": "provider.google"
                },
                "google_storage_bucket_acl.waze_tile_baseline": {
                    "type": "google_storage_bucket_acl",
                    "depends_on": [],
                    "primary": {
                        "id": "waze-tile-baseline",
                        "attributes": {
                            "bucket": "waze-tile-baseline",
                            "id": "waze-tile-baseline",
                            "role_entity.#": "0"
                        },
                        "meta": {},
                        "tainted": false
                    },
                    "deposed": [],
                    "provider": "provider.google"
                },
                "google_storage_bucket_acl.waze_tts": {
                    "type": "google_storage_bucket_acl",
                    "depends_on": [],
                    "primary": {
                        "id": "waze_tts",
                        "attributes": {
                            "bucket": "waze_tts",
                            "id": "waze_tts",
                            "role_entity.#": "0"
                        },
                        "meta": {},
                        "tainted": false
                    },
                    "deposed": [],
                    "provider": "provider.google"
                },
                "google_storage_bucket_acl.waze_tts_heb": {
                    "type": "google_storage_bucket_acl",
                    "depends_on": [],
                    "primary": {
                        "id": "waze_tts_heb",
                        "attributes": {
                            "bucket": "waze_tts_heb",
                            "id": "waze_tts_heb",
                            "role_entity.#": "0"
                        },
                        "meta": {},
                        "tainted": false
                    },
                    "deposed": [],
                    "provider": "provider.google"
                },
                "google_storage_bucket_acl.waze_voice": {
                    "type": "google_storage_bucket_acl",
                    "depends_on": [],
                    "primary": {
                        "id": "waze-voice",
                        "attributes": {
                            "bucket": "waze-voice",
                            "id": "waze-voice",
                            "role_entity.#": "0"
                        },
                        "meta": {},
                        "tainted": false
                    },
                    "deposed": [],
                    "provider": "provider.google"
                },
                "google_storage_bucket_acl.wme_staging_frontend_assets": {
                    "type": "google_storage_bucket_acl",
                    "depends_on": [],
                    "primary": {
                        "id": "wme-staging-frontend-assets",
                        "attributes": {
                            "bucket": "wme-staging-frontend-assets",
                            "id": "wme-staging-frontend-assets",
                            "role_entity.#": "0"
                        },
                        "meta": {},
                        "tainted": false
                    },
                    "deposed": [],
                    "provider": "provider.google"
                },
                "google_storage_bucket_acl.www-gcp-wazestg-com": {
                    "type": "google_storage_bucket_acl",
                    "depends_on": [],
                    "primary": {
                        "id": "www.gcp.wazestg.com",
                        "attributes": {
                            "bucket": "www.gcp.wazestg.com",
                            "id": "www.gcp.wazestg.com",
                            "role_entity.#": "0"
                        },
                        "meta": {},
                        "tainted": false
                    },
                    "deposed": [],
                    "provider": "provider.google"
                },
                "google_storage_bucket_iam_policy.artifacts-waze_development-appspot-com": {
                    "type": "google_storage_bucket_iam_policy",
                    "depends_on": [],
                    "primary": {
                        "id": "artifacts.waze-development.appspot.com",
                        "attributes": {
                            "bucket": "artifacts.waze-development.appspot.com",
                            "etag": "CA8=",
                            "id": "artifacts.waze-development.appspot.com",
                            "policy_data": "{\"bindings\":[{\"members\":[\"serviceAccount:205061584173@cloudbuild.gserviceaccount.com\",\"user:stephenhu@google.com\"],\"role\":\"roles/storage.admin\"},{\"members\":[\"projectEditor:waze-development\",\"projectOwner:waze-development\"],\"role\":\"roles/storage.legacyBucketOwner\"},{\"members\":[\"projectViewer:waze-development\",\"serviceAccount:1014978548522-compute@developer.gserviceaccount.com\",\"serviceAccount:am-maint-job@waze-prod.iam.gserviceaccount.com\",\"serviceAccount:row-maint-job@waze-prod.iam.gserviceaccount.com\"],\"role\":\"roles/storage.legacyBucketReader\"},{\"members\":[\"group:waze-web@google.com\",\"serviceAccount:docker-builder-am@waze-development.iam.gserviceaccount.com\",\"serviceAccount:waze-web-ci@waze-development.iam.gserviceaccount.com\"],\"role\":\"roles/storage.legacyBucketWriter\"},{\"members\":[\"group:waze-maint-jobs-users@google.com\",\"user:afuqua@google.com\"],\"role\":\"roles/storage.objectCreator\"},{\"members\":[\"serviceAccount:1010575561383-compute@developer.gserviceaccount.com\",\"serviceAccount:adman2-stg-ng@waze-development.iam.gserviceaccount.com\",\"serviceAccount:spinnaker-dev@waze-development.iam.gserviceaccount.com\",\"serviceAccount:spinnaker-prod-gke@waze-ci.iam.gserviceaccount.com\",\"serviceAccount:spinnaker-waze-dev@waze-development.iam.gserviceaccount.com\"],\"role\":\"roles/storage.objectViewer\"}]}"
                        },
                        "meta": {},
                        "tainted": false
                    },
                    "deposed": [],
                    "provider": "provider.google"
                },
                "google_storage_bucket_iam_policy.baraktest": {
                    "type": "google_storage_bucket_iam_policy",
                    "depends_on": [],
                    "primary": {
                        "id": "baraktest",
                        "attributes": {
                            "bucket": "baraktest",
                            "etag": "CAE=",
                            "id": "baraktest",
                            "policy_data": "{\"bindings\":[{\"members\":[\"projectEditor:waze-development\",\"projectOwner:waze-development\"],\"role\":\"roles/storage.legacyBucketOwner\"},{\"members\":[\"projectViewer:waze-development\"],\"role\":\"roles/storage.legacyBucketReader\"}]}"
                        },
                        "meta": {},
                        "tainted": false
                    },
                    "deposed": [],
                    "provider": "provider.google"
                },
                "google_storage_bucket_iam_policy.carpoolrouting_dev": {
                    "type": "google_storage_bucket_iam_policy",
                    "depends_on": [],
                    "primary": {
                        "id": "carpoolrouting-dev",
                        "attributes": {
                            "bucket": "carpoolrouting-dev",
                            "etag": "CAc=",
                            "id": "carpoolrouting-dev",
                            "policy_data": "{\"bindings\":[{\"members\":[\"projectEditor:waze-development\",\"projectOwner:waze-development\"],\"role\":\"roles/storage.legacyBucketOwner\"},{\"members\":[\"projectViewer:waze-development\"],\"role\":\"roles/storage.legacyBucketReader\"},{\"members\":[\"serviceAccount:205061584173@project.gserviceaccount.com\",\"user:asafd@google.com\",\"user:galm@google.com\",\"user:uriagassi@google.com\",\"user:zondi@google.com\"],\"role\":\"roles/storage.objectAdmin\"}]}"
                        },
                        "meta": {},
                        "tainted": false
                    },
                    "deposed": [],
                    "provider": "provider.google"
                },
                "google_storage_bucket_iam_policy.cassandra_backup": {
                    "type": "google_storage_bucket_iam_policy",
                    "depends_on": [],
                    "primary": {
                        "id": "cassandra-backup",
                        "attributes": {
                            "bucket": "cassandra-backup",
                            "etag": "CAE=",
                            "id": "cassandra-backup",
                            "policy_data": "{\"bindings\":[{\"members\":[\"projectEditor:waze-development\",\"projectOwner:waze-development\"],\"role\":\"roles/storage.legacyBucketOwner\"},{\"members\":[\"projectViewer:waze-development\"],\"role\":\"roles/storage.legacyBucketReader\"}]}"
                        },
                        "meta": {},
                        "tainted": false
                    },
                    "deposed": [],
                    "provider": "provider.google"
                },
                "google_storage_bucket_iam_policy.cassandra_staging": {
                    "type": "google_storage_bucket_iam_policy",
                    "depends_on": [],
                    "primary": {
                        "id": "cassandra-staging",
                        "attributes": {
                            "bucket": "cassandra-staging",
                            "etag": "CAE=",
                            "id": "cassandra-staging",
                            "policy_data": "{\"bindings\":[{\"members\":[\"projectEditor:waze-development\",\"projectOwner:waze-development\"],\"role\":\"roles/storage.legacyBucketOwner\"},{\"members\":[\"projectViewer:waze-development\"],\"role\":\"roles/storage.legacyBucketReader\"}]}"
                        },
                        "meta": {},
                        "tainted": false
                    },
                    "deposed": [],
                    "provider": "provider.google"
                },
                "google_storage_bucket_iam_policy.cdbg_agent_waze_development": {
                    "type": "google_storage_bucket_iam_policy",
                    "depends_on": [],
                    "primary": {
                        "id": "cdbg-agent_waze-development",
                        "attributes": {
                            "bucket": "cdbg-agent_waze-development",
                            "etag": "CAE=",
                            "id": "cdbg-agent_waze-development",
                            "policy_data": "{\"bindings\":[{\"members\":[\"projectEditor:waze-development\",\"projectOwner:waze-development\"],\"role\":\"roles/storage.legacyBucketOwner\"},{\"members\":[\"projectViewer:waze-development\"],\"role\":\"roles/storage.legacyBucketReader\"}]}"
                        },
                        "meta": {},
                        "tainted": false
                    },
                    "deposed": [],
                    "provider": "provider.google"
                },
                "google_storage_bucket_iam_policy.cdbg_logs_waze_development": {
                    "type": "google_storage_bucket_iam_policy",
                    "depends_on": [],
                    "primary": {
                        "id": "cdbg-logs_waze-development",
                        "attributes": {
                            "bucket": "cdbg-logs_waze-development",
                            "etag": "CAE=",
                            "id": "cdbg-logs_waze-development",
                            "policy_data": "{\"bindings\":[{\"members\":[\"projectEditor:waze-development\",\"projectOwner:waze-development\"],\"role\":\"roles/storage.legacyBucketOwner\"},{\"members\":[\"projectViewer:waze-development\"],\"role\":\"roles/storage.legacyBucketReader\"}]}"
                        },
                        "meta": {},
                        "tainted": false
                    },
                    "deposed": [],
                    "provider": "provider.google"
                },
                "google_storage_bucket_iam_policy.countrymap": {
                    "type": "google_storage_bucket_iam_policy",
                    "depends_on": [],
                    "primary": {
                        "id": "countrymap",
                        "attributes": {
                            "bucket": "countrymap",
                            "etag": "CAM=",
                            "id": "countrymap",
                            "policy_data": "{\"bindings\":[{\"members\":[\"serviceAccount:205061584173@project.gserviceaccount.com\"],\"role\":\"roles/storage.admin\"},{\"members\":[\"projectEditor:waze-development\",\"projectOwner:waze-development\",\"serviceAccount:205061584173@project.gserviceaccount.com\"],\"role\":\"roles/storage.legacyBucketOwner\"},{\"members\":[\"projectViewer:waze-development\",\"serviceAccount:205061584173@project.gserviceaccount.com\"],\"role\":\"roles/storage.legacyBucketReader\"},{\"members\":[\"serviceAccount:205061584173@project.gserviceaccount.com\"],\"role\":\"roles/storage.legacyBucketWriter\"},{\"members\":[\"serviceAccount:205061584173@project.gserviceaccount.com\"],\"role\":\"roles/storage.legacyObjectOwner\"},{\"members\":[\"serviceAccount:205061584173@project.gserviceaccount.com\"],\"role\":\"roles/storage.legacyObjectReader\"},{\"members\":[\"serviceAccount:205061584173@project.gserviceaccount.com\"],\"role\":\"roles/storage.objectAdmin\"},{\"members\":[\"serviceAccount:205061584173@project.gserviceaccount.com\"],\"role\":\"roles/storage.objectCreator\"},{\"members\":[\"serviceAccount:205061584173@project.gserviceaccount.com\"],\"role\":\"roles/storage.objectViewer\"}]}"
                        },
                        "meta": {},
                        "tainted": false
                    },
                    "deposed": [],
                    "provider": "provider.google"
                },
                "google_storage_bucket_iam_policy.dataflow_staging_europe_west1_205061584173": {
                    "type": "google_storage_bucket_iam_policy",
                    "depends_on": [],
                    "primary": {
                        "id": "dataflow-staging-europe-west1-205061584173",
                        "attributes": {
                            "bucket": "dataflow-staging-europe-west1-205061584173",
                            "etag": "CAE=",
                            "id": "dataflow-staging-europe-west1-205061584173",
                            "policy_data": "{\"bindings\":[{\"members\":[\"projectEditor:waze-development\",\"projectOwner:waze-development\"],\"role\":\"roles/storage.legacyBucketOwner\"},{\"members\":[\"projectViewer:waze-development\"],\"role\":\"roles/storage.legacyBucketReader\"}]}"
                        },
                        "meta": {},
                        "tainted": false
                    },
                    "deposed": [],
                    "provider": "provider.google"
                },
                "google_storage_bucket_iam_policy.dataflow_staging_us_central1_205061584173": {
                    "type": "google_storage_bucket_iam_policy",
                    "depends_on": [],
                    "primary": {
                        "id": "dataflow-staging-us-central1-205061584173",
                        "attributes": {
                            "bucket": "dataflow-staging-us-central1-205061584173",
                            "etag": "CAE=",
                            "id": "dataflow-staging-us-central1-205061584173",
                            "policy_data": "{\"bindings\":[{\"members\":[\"projectEditor:waze-development\",\"projectOwner:waze-development\"],\"role\":\"roles/storage.legacyBucketOwner\"},{\"members\":[\"projectViewer:waze-development\"],\"role\":\"roles/storage.legacyBucketReader\"}]}"
                        },
                        "meta": {},
                        "tainted": false
                    },
                    "deposed": [],
                    "provider": "provider.google"
                },
                "google_storage_bucket_iam_policy.dataflow_staging_us_east1_205061584173": {
                    "type": "google_storage_bucket_iam_policy",
                    "depends_on": [],
                    "primary": {
                        "id": "dataflow-staging-us-east1-205061584173",
                        "attributes": {
                            "bucket": "dataflow-staging-us-east1-205061584173",
                            "etag": "CAE=",
                            "id": "dataflow-staging-us-east1-205061584173",
                            "policy_data": "{\"bindings\":[{\"members\":[\"projectEditor:waze-development\",\"projectOwner:waze-development\"],\"role\":\"roles/storage.legacyBucketOwner\"},{\"members\":[\"projectViewer:waze-development\"],\"role\":\"roles/storage.legacyBucketReader\"}]}"
                        },
                        "meta": {},
                        "tainted": false
                    },
                    "deposed": [],
                    "provider": "provider.google"
                },
                "google_storage_bucket_iam_policy.dataproc_02dfa3c4_6240_402c_b226_c7b4a4670b1d_us": {
                    "type": "google_storage_bucket_iam_policy",
                    "depends_on": [],
                    "primary": {
                        "id": "dataproc-02dfa3c4-6240-402c-b226-c7b4a4670b1d-us",
                        "attributes": {
                            "bucket": "dataproc-02dfa3c4-6240-402c-b226-c7b4a4670b1d-us",
                            "etag": "CAE=",
                            "id": "dataproc-02dfa3c4-6240-402c-b226-c7b4a4670b1d-us",
                            "policy_data": "{\"bindings\":[{\"members\":[\"projectEditor:waze-development\",\"projectOwner:waze-development\"],\"role\":\"roles/storage.legacyBucketOwner\"},{\"members\":[\"projectViewer:waze-development\"],\"role\":\"roles/storage.legacyBucketReader\"}]}"
                        },
                        "meta": {},
                        "tainted": false
                    },
                    "deposed": [],
                    "provider": "provider.google"
                },
                "google_storage_bucket_iam_policy.dataproc_1398de85_a65d_406c_bc3a_d9800739cb66_europe_west1": {
                    "type": "google_storage_bucket_iam_policy",
                    "depends_on": [],
                    "primary": {
                        "id": "dataproc-1398de85-a65d-406c-bc3a-d9800739cb66-europe-west1",
                        "attributes": {
                            "bucket": "dataproc-1398de85-a65d-406c-bc3a-d9800739cb66-europe-west1",
                            "etag": "CAE=",
                            "id": "dataproc-1398de85-a65d-406c-bc3a-d9800739cb66-europe-west1",
                            "policy_data": "{\"bindings\":[{\"members\":[\"projectEditor:waze-development\",\"projectOwner:waze-development\"],\"role\":\"roles/storage.legacyBucketOwner\"},{\"members\":[\"projectViewer:waze-development\"],\"role\":\"roles/storage.legacyBucketReader\"}]}"
                        },
                        "meta": {},
                        "tainted": false
                    },
                    "deposed": [],
                    "provider": "provider.google"
                },
                "google_storage_bucket_iam_policy.dataproc_5f430212_e3ab_4900_9d30_23ac5c12858e_europe_west2": {
                    "type": "google_storage_bucket_iam_policy",
                    "depends_on": [],
                    "primary": {
                        "id": "dataproc-5f430212-e3ab-4900-9d30-23ac5c12858e-europe-west2",
                        "attributes": {
                            "bucket": "dataproc-5f430212-e3ab-4900-9d30-23ac5c12858e-europe-west2",
                            "etag": "CAE=",
                            "id": "dataproc-5f430212-e3ab-4900-9d30-23ac5c12858e-europe-west2",
                            "policy_data": "{\"bindings\":[{\"members\":[\"projectEditor:waze-development\",\"projectOwner:waze-development\"],\"role\":\"roles/storage.legacyBucketOwner\"},{\"members\":[\"projectViewer:waze-development\"],\"role\":\"roles/storage.legacyBucketReader\"}]}"
                        },
                        "meta": {},
                        "tainted": false
                    },
                    "deposed": [],
                    "provider": "provider.google"
                },
                "google_storage_bucket_iam_policy.dataproc_ab851108_ca3d_44cf_95af_175a851569bd_us_east1": {
                    "type": "google_storage_bucket_iam_policy",
                    "depends_on": [],
                    "primary": {
                        "id": "dataproc-ab851108-ca3d-44cf-95af-175a851569bd-us-east1",
                        "attributes": {
                            "bucket": "dataproc-ab851108-ca3d-44cf-95af-175a851569bd-us-east1",
                            "etag": "CAE=",
                            "id": "dataproc-ab851108-ca3d-44cf-95af-175a851569bd-us-east1",
                            "policy_data": "{\"bindings\":[{\"members\":[\"projectEditor:waze-development\",\"projectOwner:waze-development\"],\"role\":\"roles/storage.legacyBucketOwner\"},{\"members\":[\"projectViewer:waze-development\"],\"role\":\"roles/storage.legacyBucketReader\"}]}"
                        },
                        "meta": {},
                        "tainted": false
                    },
                    "deposed": [],
                    "provider": "provider.google"
                },
                "google_storage_bucket_iam_policy.dataproc_ec593c78_412a_4475_8ceb_a4ae4eb547ad_eu": {
                    "type": "google_storage_bucket_iam_policy",
                    "depends_on": [],
                    "primary": {
                        "id": "dataproc-ec593c78-412a-4475-8ceb-a4ae4eb547ad-eu",
                        "attributes": {
                            "bucket": "dataproc-ec593c78-412a-4475-8ceb-a4ae4eb547ad-eu",
                            "etag": "CAE=",
                            "id": "dataproc-ec593c78-412a-4475-8ceb-a4ae4eb547ad-eu",
                            "policy_data": "{\"bindings\":[{\"members\":[\"projectEditor:waze-development\",\"projectOwner:waze-development\"],\"role\":\"roles/storage.legacyBucketOwner\"},{\"members\":[\"projectViewer:waze-development\"],\"role\":\"roles/storage.legacyBucketReader\"}]}"
                        },
                        "meta": {},
                        "tainted": false
                    },
                    "deposed": [],
                    "provider": "provider.google"
                },
                "google_storage_bucket_iam_policy.deep_learning": {
                    "type": "google_storage_bucket_iam_policy",
                    "depends_on": [],
                    "primary": {
                        "id": "deep-learning",
                        "attributes": {
                            "bucket": "deep-learning",
                            "etag": "CAQ=",
                            "id": "deep-learning",
                            "policy_data": "{\"bindings\":[{\"members\":[\"projectEditor:waze-development\",\"projectOwner:waze-development\"],\"role\":\"roles/storage.legacyBucketOwner\"},{\"members\":[\"projectViewer:waze-development\"],\"role\":\"roles/storage.legacyBucketReader\"},{\"members\":[\"serviceAccount:storage-transfer-8318072285121504523@partnercontent.gserviceaccount.com\"],\"role\":\"roles/storage.legacyBucketWriter\"},{\"members\":[\"user:spapini@google.com\"],\"role\":\"roles/storage.objectAdmin\"}]}"
                        },
                        "meta": {},
                        "tainted": false
                    },
                    "deposed": [],
                    "provider": "provider.google"
                },
                "google_storage_bucket_iam_policy.gcres-waze-com": {
                    "type": "google_storage_bucket_iam_policy",
                    "depends_on": [],
                    "primary": {
                        "id": "gcres.waze.com",
                        "attributes": {
                            "bucket": "gcres.waze.com",
                            "etag": "CAQ=",
                            "id": "gcres.waze.com",
                            "policy_data": "{\"bindings\":[{\"members\":[\"projectEditor:waze-development\",\"projectOwner:waze-development\"],\"role\":\"roles/storage.legacyBucketOwner\"},{\"members\":[\"projectViewer:waze-development\"],\"role\":\"roles/storage.legacyBucketReader\"}]}"
                        },
                        "meta": {},
                        "tainted": false
                    },
                    "deposed": [],
                    "provider": "provider.google"
                },
                "google_storage_bucket_iam_policy.genady": {
                    "type": "google_storage_bucket_iam_policy",
                    "depends_on": [],
                    "primary": {
                        "id": "genady",
                        "attributes": {
                            "bucket": "genady",
                            "etag": "CAY=",
                            "id": "genady",
                            "policy_data": "{\"bindings\":[{\"members\":[\"projectEditor:waze-development\",\"projectOwner:waze-development\"],\"role\":\"roles/storage.legacyBucketOwner\"},{\"members\":[\"projectViewer:waze-development\",\"user:jlewi@google.com\"],\"role\":\"roles/storage.legacyBucketReader\"},{\"members\":[\"user:mariand@google.com\"],\"role\":\"roles/storage.legacyBucketWriter\"}]}"
                        },
                        "meta": {},
                        "tainted": false
                    },
                    "deposed": [],
                    "provider": "provider.google"
                },
                "google_storage_bucket_iam_policy.getdate_lb_4": {
                    "type": "google_storage_bucket_iam_policy",
                    "depends_on": [],
                    "primary": {
                        "id": "getdate-lb-4",
                        "attributes": {
                            "bucket": "getdate-lb-4",
                            "etag": "CAE=",
                            "id": "getdate-lb-4",
                            "policy_data": "{\"bindings\":[{\"members\":[\"projectEditor:waze-development\",\"projectOwner:waze-development\"],\"role\":\"roles/storage.legacyBucketOwner\"},{\"members\":[\"projectViewer:waze-development\"],\"role\":\"roles/storage.legacyBucketReader\"}]}"
                        },
                        "meta": {},
                        "tainted": false
                    },
                    "deposed": [],
                    "provider": "provider.google"
                },
                "google_storage_bucket_iam_policy.gsutil_test_test_cp_unwritable_tracker_file_download_b_0701e591": {
                    "type": "google_storage_bucket_iam_policy",
                    "depends_on": [],
                    "primary": {
                        "id": "gsutil-test-test_cp_unwritable_tracker_file_download-b-0701e591",
                        "attributes": {
                            "bucket": "gsutil-test-test_cp_unwritable_tracker_file_download-b-0701e591",
                            "etag": "CAE=",
                            "id": "gsutil-test-test_cp_unwritable_tracker_file_download-b-0701e591",
                            "policy_data": "{\"bindings\":[{\"members\":[\"projectEditor:waze-development\",\"projectOwner:waze-development\"],\"role\":\"roles/storage.legacyBucketOwner\"},{\"members\":[\"projectViewer:waze-development\"],\"role\":\"roles/storage.legacyBucketReader\"}]}"
                        },
                        "meta": {},
                        "tainted": false
                    },
                    "deposed": [],
                    "provider": "provider.google"
                },
                "google_storage_bucket_iam_policy.gsutil_test_test_cp_unwritable_tracker_file_download_b_d50a8870": {
                    "type": "google_storage_bucket_iam_policy",
                    "depends_on": [],
                    "primary": {
                        "id": "gsutil-test-test_cp_unwritable_tracker_file_download-b-d50a8870",
                        "attributes": {
                            "bucket": "gsutil-test-test_cp_unwritable_tracker_file_download-b-d50a8870",
                            "etag": "CAE=",
                            "id": "gsutil-test-test_cp_unwritable_tracker_file_download-b-d50a8870",
                            "policy_data": "{\"bindings\":[{\"members\":[\"projectEditor:waze-development\",\"projectOwner:waze-development\"],\"role\":\"roles/storage.legacyBucketOwner\"},{\"members\":[\"projectViewer:waze-development\"],\"role\":\"roles/storage.legacyBucketReader\"}]}"
                        },
                        "meta": {},
                        "tainted": false
                    },
                    "deposed": [],
                    "provider": "provider.google"
                },
                "google_storage_bucket_iam_policy.gsutil_test_test_minus_d_resumable_upload_bucket_394137ab": {
                    "type": "google_storage_bucket_iam_policy",
                    "depends_on": [],
                    "primary": {
                        "id": "gsutil-test-test_minus_d_resumable_upload-bucket-394137ab",
                        "attributes": {
                            "bucket": "gsutil-test-test_minus_d_resumable_upload-bucket-394137ab",
                            "etag": "CAE=",
                            "id": "gsutil-test-test_minus_d_resumable_upload-bucket-394137ab",
                            "policy_data": "{\"bindings\":[{\"members\":[\"projectEditor:waze-development\",\"projectOwner:waze-development\"],\"role\":\"roles/storage.legacyBucketOwner\"},{\"members\":[\"projectViewer:waze-development\"],\"role\":\"roles/storage.legacyBucketReader\"}]}"
                        },
                        "meta": {},
                        "tainted": false
                    },
                    "deposed": [],
                    "provider": "provider.google"
                },
                "google_storage_bucket_iam_policy.hermetic_routing": {
                    "type": "google_storage_bucket_iam_policy",
                    "depends_on": [],
                    "primary": {
                        "id": "hermetic-routing",
                        "attributes": {
                            "bucket": "hermetic-routing",
                            "etag": "CAE=",
                            "id": "hermetic-routing",
                            "policy_data": "{\"bindings\":[{\"members\":[\"projectEditor:waze-development\",\"projectOwner:waze-development\"],\"role\":\"roles/storage.legacyBucketOwner\"},{\"members\":[\"projectViewer:waze-development\"],\"role\":\"roles/storage.legacyBucketReader\"}]}"
                        },
                        "meta": {},
                        "tainted": false
                    },
                    "deposed": [],
                    "provider": "provider.google"
                },
                "google_storage_bucket_iam_policy.kubernetes_clusters_sergey_test_cassandra": {
                    "type": "google_storage_bucket_iam_policy",
                    "depends_on": [],
                    "primary": {
                        "id": "kubernetes-clusters-sergey-test-cassandra",
                        "attributes": {
                            "bucket": "kubernetes-clusters-sergey-test-cassandra",
                            "etag": "CAE=",
                            "id": "kubernetes-clusters-sergey-test-cassandra",
                            "policy_data": "{\"bindings\":[{\"members\":[\"projectEditor:waze-development\",\"projectOwner:waze-development\"],\"role\":\"roles/storage.legacyBucketOwner\"},{\"members\":[\"projectViewer:waze-development\"],\"role\":\"roles/storage.legacyBucketReader\"}]}"
                        },
                        "meta": {},
                        "tainted": false
                    },
                    "deposed": [],
                    "provider": "provider.google"
                },
                "google_storage_bucket_iam_policy.merger_data": {
                    "type": "google_storage_bucket_iam_policy",
                    "depends_on": [],
                    "primary": {
                        "id": "merger-data",
                        "attributes": {
                            "bucket": "merger-data",
                            "etag": "CAY=",
                            "id": "merger-data",
                            "policy_data": "{\"bindings\":[{\"members\":[\"projectEditor:waze-development\",\"projectOwner:waze-development\"],\"role\":\"roles/storage.legacyBucketOwner\"},{\"members\":[\"projectViewer:waze-development\"],\"role\":\"roles/storage.legacyBucketReader\"},{\"members\":[\"serviceAccount:storage-transfer-8318072285121504523@partnercontent.gserviceaccount.com\"],\"role\":\"roles/storage.legacyBucketWriter\"},{\"members\":[\"user:spapini@google.com\"],\"role\":\"roles/storage.objectAdmin\"}]}"
                        },
                        "meta": {},
                        "tainted": false
                    },
                    "deposed": [],
                    "provider": "provider.google"
                },
                "google_storage_bucket_iam_policy.merger_data_jupyterhub": {
                    "type": "google_storage_bucket_iam_policy",
                    "depends_on": [],
                    "primary": {
                        "id": "merger-data-jupyterhub",
                        "attributes": {
                            "bucket": "merger-data-jupyterhub",
                            "etag": "CAE=",
                            "id": "merger-data-jupyterhub",
                            "policy_data": "{\"bindings\":[{\"members\":[\"projectEditor:waze-development\",\"projectOwner:waze-development\"],\"role\":\"roles/storage.legacyBucketOwner\"},{\"members\":[\"projectViewer:waze-development\"],\"role\":\"roles/storage.legacyBucketReader\"}]}"
                        },
                        "meta": {},
                        "tainted": false
                    },
                    "deposed": [],
                    "provider": "provider.google"
                },
                "google_storage_bucket_iam_policy.pg_staging_master": {
                    "type": "google_storage_bucket_iam_policy",
                    "depends_on": [],
                    "primary": {
                        "id": "pg-staging-master",
                        "attributes": {
                            "bucket": "pg-staging-master",
                            "etag": "CAo=",
                            "id": "pg-staging-master",
                            "policy_data": "{\"bindings\":[{\"members\":[\"projectEditor:waze-development\",\"projectOwner:waze-development\"],\"role\":\"roles/storage.legacyBucketOwner\"},{\"members\":[\"projectViewer:waze-development\",\"serviceAccount:docker-manager@waze-ta.iam.gserviceaccount.com\"],\"role\":\"roles/storage.legacyBucketReader\"},{\"members\":[\"serviceAccount:docker-manager@waze-ta.iam.gserviceaccount.com\"],\"role\":\"roles/storage.legacyBucketWriter\"},{\"members\":[\"serviceAccount:docker-manager@waze-ta.iam.gserviceaccount.com\"],\"role\":\"roles/storage.legacyObjectReader\"},{\"members\":[\"serviceAccount:default@waze-development.iam.gserviceaccount.com\"],\"role\":\"roles/storage.objectCreator\"}]}"
                        },
                        "meta": {},
                        "tainted": false
                    },
                    "deposed": [],
                    "provider": "provider.google"
                },
                "google_storage_bucket_iam_policy.routing_regression": {
                    "type": "google_storage_bucket_iam_policy",
                    "depends_on": [],
                    "primary": {
                        "id": "routing_regression",
                        "attributes": {
                            "bucket": "routing_regression",
                            "etag": "CAM=",
                            "id": "routing_regression",
                            "policy_data": "{\"bindings\":[{\"members\":[\"projectEditor:waze-development\",\"projectOwner:waze-development\",\"user:eladb@google.com\"],\"role\":\"roles/storage.legacyBucketOwner\"},{\"members\":[\"projectViewer:waze-development\"],\"role\":\"roles/storage.legacyBucketReader\"}]}"
                        },
                        "meta": {},
                        "tainted": false
                    },
                    "deposed": [],
                    "provider": "provider.google"
                },
                "google_storage_bucket_iam_policy.routing_regression_automation": {
                    "type": "google_storage_bucket_iam_policy",
                    "depends_on": [],
                    "primary": {
                        "id": "routing_regression_automation",
                        "attributes": {
                            "bucket": "routing_regression_automation",
                            "etag": "CAM=",
                            "id": "routing_regression_automation",
                            "policy_data": "{\"bindings\":[{\"members\":[\"projectEditor:waze-development\",\"projectOwner:waze-development\"],\"role\":\"roles/storage.legacyBucketOwner\"},{\"members\":[\"projectViewer:waze-development\"],\"role\":\"roles/storage.legacyBucketReader\"},{\"members\":[\"user:omriz@google.com\"],\"role\":\"roles/storage.objectAdmin\"},{\"members\":[\"user:omriz@google.com\"],\"role\":\"roles/storage.objectCreator\"}]}"
                        },
                        "meta": {},
                        "tainted": false
                    },
                    "deposed": [],
                    "provider": "provider.google"
                },
                "google_storage_bucket_iam_policy.row_app_logs": {
                    "type": "google_storage_bucket_iam_policy",
                    "depends_on": [],
                    "primary": {
                        "id": "row-app-logs",
                        "attributes": {
                            "bucket": "row-app-logs",
                            "etag": "CAE=",
                            "id": "row-app-logs",
                            "policy_data": "{\"bindings\":[{\"members\":[\"projectEditor:waze-development\",\"projectOwner:waze-development\"],\"role\":\"roles/storage.legacyBucketOwner\"},{\"members\":[\"projectViewer:waze-development\"],\"role\":\"roles/storage.legacyBucketReader\"}]}"
                        },
                        "meta": {},
                        "tainted": false
                    },
                    "deposed": [],
                    "provider": "provider.google"
                },
                "google_storage_bucket_iam_policy.row_pg_backup": {
                    "type": "google_storage_bucket_iam_policy",
                    "depends_on": [],
                    "primary": {
                        "id": "row-pg-backup",
                        "attributes": {
                            "bucket": "row-pg-backup",
                            "etag": "CAI=",
                            "id": "row-pg-backup",
                            "policy_data": "{\"bindings\":[{\"members\":[\"projectEditor:waze-development\",\"projectOwner:waze-development\"],\"role\":\"roles/storage.legacyBucketOwner\"},{\"members\":[\"projectViewer:waze-development\"],\"role\":\"roles/storage.legacyBucketReader\"}]}"
                        },
                        "meta": {},
                        "tainted": false
                    },
                    "deposed": [],
                    "provider": "provider.google"
                },
                "google_storage_bucket_iam_policy.rr-fu-nl": {
                    "type": "google_storage_bucket_iam_policy",
                    "depends_on": [],
                    "primary": {
                        "id": "rr.fu.nl",
                        "attributes": {
                            "bucket": "rr.fu.nl",
                            "etag": "CAU=",
                            "id": "rr.fu.nl",
                            "policy_data": "{\"bindings\":[{\"members\":[\"projectEditor:waze-development\",\"projectOwner:waze-development\"],\"role\":\"roles/storage.legacyBucketOwner\"},{\"members\":[\"allUsers\",\"projectViewer:waze-development\",\"user:gabik@google.com\"],\"role\":\"roles/storage.legacyBucketReader\"}]}"
                        },
                        "meta": {},
                        "tainted": false
                    },
                    "deposed": [],
                    "provider": "provider.google"
                },
                "google_storage_bucket_iam_policy.sagie_phantom_test": {
                    "type": "google_storage_bucket_iam_policy",
                    "depends_on": [],
                    "primary": {
                        "id": "sagie-phantom-test",
                        "attributes": {
                            "bucket": "sagie-phantom-test",
                            "etag": "CAE=",
                            "id": "sagie-phantom-test",
                            "policy_data": "{\"bindings\":[{\"members\":[\"projectEditor:waze-development\",\"projectOwner:waze-development\"],\"role\":\"roles/storage.legacyBucketOwner\"},{\"members\":[\"projectViewer:waze-development\"],\"role\":\"roles/storage.legacyBucketReader\"}]}"
                        },
                        "meta": {},
                        "tainted": false
                    },
                    "deposed": [],
                    "provider": "provider.google"
                },
                "google_storage_bucket_iam_policy.sergeylanz": {
                    "type": "google_storage_bucket_iam_policy",
                    "depends_on": [],
                    "primary": {
                        "id": "sergeylanz",
                        "attributes": {
                            "bucket": "sergeylanz",
                            "etag": "CA4=",
                            "id": "sergeylanz",
                            "policy_data": "{\"bindings\":[{\"members\":[\"projectEditor:waze-development\",\"projectOwner:waze-development\"],\"role\":\"roles/storage.legacyBucketOwner\"},{\"members\":[\"projectViewer:waze-development\",\"serviceAccount:ahtztakpkfgcdh5ahla7udwsoy@speckle-umbrella-pg-1.iam.gserviceaccount.com\"],\"role\":\"roles/storage.legacyBucketReader\"}]}"
                        },
                        "meta": {},
                        "tainted": false
                    },
                    "deposed": [],
                    "provider": "provider.google"
                },
                "google_storage_bucket_iam_policy.spin_ef0fc51f_8165_4d25_87a8_4bb3bc1d13d6": {
                    "type": "google_storage_bucket_iam_policy",
                    "depends_on": [],
                    "primary": {
                        "id": "spin-ef0fc51f-8165-4d25-87a8-4bb3bc1d13d6",
                        "attributes": {
                            "bucket": "spin-ef0fc51f-8165-4d25-87a8-4bb3bc1d13d6",
                            "etag": "CAE=",
                            "id": "spin-ef0fc51f-8165-4d25-87a8-4bb3bc1d13d6",
                            "policy_data": "{\"bindings\":[{\"members\":[\"projectEditor:waze-development\",\"projectOwner:waze-development\"],\"role\":\"roles/storage.legacyBucketOwner\"},{\"members\":[\"projectViewer:waze-development\"],\"role\":\"roles/storage.legacyBucketReader\"}]}"
                        },
                        "meta": {},
                        "tainted": false
                    },
                    "deposed": [],
                    "provider": "provider.google"
                },
                "google_storage_bucket_iam_policy.spin_f2b48897_afed_4cc1_8507_53f7424a80d4": {
                    "type": "google_storage_bucket_iam_policy",
                    "depends_on": [],
                    "primary": {
                        "id": "spin-f2b48897-afed-4cc1-8507-53f7424a80d4",
                        "attributes": {
                            "bucket": "spin-f2b48897-afed-4cc1-8507-53f7424a80d4",
                            "etag": "CAE=",
                            "id": "spin-f2b48897-afed-4cc1-8507-53f7424a80d4",
                            "policy_data": "{\"bindings\":[{\"members\":[\"projectEditor:waze-development\",\"projectOwner:waze-development\"],\"role\":\"roles/storage.legacyBucketOwner\"},{\"members\":[\"projectViewer:waze-development\"],\"role\":\"roles/storage.legacyBucketReader\"}]}"
                        },
                        "meta": {},
                        "tainted": false
                    },
                    "deposed": [],
                    "provider": "provider.google"
                },
                "google_storage_bucket_iam_policy.spinnaker_waze_development": {
                    "type": "google_storage_bucket_iam_policy",
                    "depends_on": [],
                    "primary": {
                        "id": "spinnaker-waze-development",
                        "attributes": {
                            "bucket": "spinnaker-waze-development",
                            "etag": "CAE=",
                            "id": "spinnaker-waze-development",
                            "policy_data": "{\"bindings\":[{\"members\":[\"projectEditor:waze-development\",\"projectOwner:waze-development\"],\"role\":\"roles/storage.legacyBucketOwner\"},{\"members\":[\"projectViewer:waze-development\"],\"role\":\"roles/storage.legacyBucketReader\"}]}"
                        },
                        "meta": {},
                        "tainted": false
                    },
                    "deposed": [],
                    "provider": "provider.google"
                },
                "google_storage_bucket_iam_policy.staging-waze_development-appspot-com": {
                    "type": "google_storage_bucket_iam_policy",
                    "depends_on": [],
                    "primary": {
                        "id": "staging.waze-development.appspot.com",
                        "attributes": {
                            "bucket": "staging.waze-development.appspot.com",
                            "etag": "CAQ=",
                            "id": "staging.waze-development.appspot.com",
                            "policy_data": "{\"bindings\":[{\"members\":[\"group:wme-eng@google.com\"],\"role\":\"roles/storage.admin\"},{\"members\":[\"projectEditor:waze-development\",\"projectOwner:waze-development\"],\"role\":\"roles/storage.legacyBucketOwner\"},{\"members\":[\"projectViewer:waze-development\"],\"role\":\"roles/storage.legacyBucketReader\"},{\"members\":[\"user:amirn@google.com\"],\"role\":\"roles/storage.objectCreator\"},{\"members\":[\"user:amirn@google.com\"],\"role\":\"roles/storage.objectViewer\"}]}"
                        },
                        "meta": {},
                        "tainted": false
                    },
                    "deposed": [],
                    "provider": "provider.google"
                },
                "google_storage_bucket_iam_policy.stg_am_app_logs": {
                    "type": "google_storage_bucket_iam_policy",
                    "depends_on": [],
                    "primary": {
                        "id": "stg-am-app-logs",
                        "attributes": {
                            "bucket": "stg-am-app-logs",
                            "etag": "CAE=",
                            "id": "stg-am-app-logs",
                            "policy_data": "{\"bindings\":[{\"members\":[\"projectEditor:waze-development\",\"projectOwner:waze-development\"],\"role\":\"roles/storage.legacyBucketOwner\"},{\"members\":[\"projectViewer:waze-development\"],\"role\":\"roles/storage.legacyBucketReader\"}]}"
                        },
                        "meta": {},
                        "tainted": false
                    },
                    "deposed": [],
                    "provider": "provider.google"
                },
                "google_storage_bucket_iam_policy.stg_cassandra_backup": {
                    "type": "google_storage_bucket_iam_policy",
                    "depends_on": [],
                    "primary": {
                        "id": "stg-cassandra-backup",
                        "attributes": {
                            "bucket": "stg-cassandra-backup",
                            "etag": "CA0=",
                            "id": "stg-cassandra-backup",
                            "policy_data": "{\"bindings\":[{\"members\":[\"projectEditor:waze-development\",\"projectOwner:waze-development\"],\"role\":\"roles/storage.legacyBucketOwner\"},{\"members\":[\"projectViewer:waze-development\"],\"role\":\"roles/storage.legacyBucketReader\"},{\"members\":[\"serviceAccount:row-staging-general21-cassandr@waze-development.iam.gserviceaccount.com\",\"serviceAccount:staging-geocoding-tiles-cass@waze-development.iam.gserviceaccount.com\",\"serviceAccount:stg-realtime-ddb-cassandra@waze-development.iam.gserviceaccount.com\",\"serviceAccount:stg-staging-general21-cassandr@waze-development.iam.gserviceaccount.com\",\"serviceAccount:stg-staging-master-cassandra@waze-development.iam.gserviceaccount.com\",\"serviceAccount:stg-staging-youying-test-cassa@waze-development.iam.gserviceaccount.com\",\"serviceAccount:stg-stgregulator-cassandra@waze-development.iam.gserviceaccount.com\",\"serviceAccount:stg-stgtopics-events-cassandra@waze-development.iam.gserviceaccount.com\",\"serviceAccount:stg-stgvenues-cassandra@waze-development.iam.gserviceaccount.com\",\"serviceAccount:stg-test-cassandra@waze-development.iam.gserviceaccount.com\",\"serviceAccount:stg-topics-events-cassandra@waze-development.iam.gserviceaccount.com\"],\"role\":\"roles/storage.objectAdmin\"},{\"members\":[\"serviceAccount:row-staging-general21-cassandr@waze-development.iam.gserviceaccount.com\",\"serviceAccount:staging-geocoding-tiles-cass@waze-development.iam.gserviceaccount.com\",\"serviceAccount:stg-realtime-ddb-cassandra@waze-development.iam.gserviceaccount.com\",\"serviceAccount:stg-staging-general21-cassandr@waze-development.iam.gserviceaccount.com\",\"serviceAccount:stg-staging-master-cassandra@waze-development.iam.gserviceaccount.com\",\"serviceAccount:stg-staging-youying-test-cassa@waze-development.iam.gserviceaccount.com\",\"serviceAccount:stg-stgregulator-cassandra@waze-development.iam.gserviceaccount.com\",\"serviceAccount:stg-stgtopics-events-cassandra@waze-development.iam.gserviceaccount.com\",\"serviceAccount:stg-stgvenues-cassandra@waze-development.iam.gserviceaccount.com\",\"serviceAccount:stg-test-cassandra@waze-development.iam.gserviceaccount.com\",\"serviceAccount:stg-topics-events-cassandra@waze-development.iam.gserviceaccount.com\"],\"role\":\"roles/storage.objectCreator\"}]}"
                        },
                        "meta": {},
                        "tainted": false
                    },
                    "deposed": [],
                    "provider": "provider.google"
                },
                "google_storage_bucket_iam_policy.stg_row_app_logs": {
                    "type": "google_storage_bucket_iam_policy",
                    "depends_on": [],
                    "primary": {
                        "id": "stg-row-app-logs",
                        "attributes": {
                            "bucket": "stg-row-app-logs",
                            "etag": "CAU=",
                            "id": "stg-row-app-logs",
                            "policy_data": "{\"bindings\":[{\"members\":[\"projectEditor:waze-development\",\"projectOwner:waze-development\",\"serviceAccount:205061584173@project.gserviceaccount.com\"],\"role\":\"roles/storage.legacyBucketOwner\"},{\"members\":[\"projectViewer:waze-development\"],\"role\":\"roles/storage.legacyBucketReader\"},{\"members\":[\"serviceAccount:205061584173@project.gserviceaccount.com\"],\"role\":\"roles/storage.objectCreator\"}]}"
                        },
                        "meta": {},
                        "tainted": false
                    },
                    "deposed": [],
                    "provider": "provider.google"
                },
                "google_storage_bucket_iam_policy.stg_scripts_download": {
                    "type": "google_storage_bucket_iam_policy",
                    "depends_on": [],
                    "primary": {
                        "id": "stg-scripts-download",
                        "attributes": {
                            "bucket": "stg-scripts-download",
                            "etag": "CAM=",
                            "id": "stg-scripts-download",
                            "policy_data": "{\"bindings\":[{\"members\":[\"projectEditor:waze-development\",\"projectOwner:waze-development\"],\"role\":\"roles/storage.legacyBucketOwner\"},{\"members\":[\"projectViewer:waze-development\"],\"role\":\"roles/storage.legacyBucketReader\"},{\"members\":[\"serviceAccount:a7kfr757mreq7funju5w3mq5yi@speckle-umbrella-pg-1.iam.gserviceaccount.com\"],\"role\":\"roles/storage.legacyBucketWriter\"},{\"members\":[\"serviceAccount:205061584173@project.gserviceaccount.com\"],\"role\":\"roles/storage.objectViewer\"}]}"
                        },
                        "meta": {},
                        "tainted": false
                    },
                    "deposed": [],
                    "provider": "provider.google"
                },
                "google_storage_bucket_iam_policy.storage_gateway": {
                    "type": "google_storage_bucket_iam_policy",
                    "depends_on": [],
                    "primary": {
                        "id": "storage_gateway",
                        "attributes": {
                            "bucket": "storage_gateway",
                            "etag": "CAI=",
                            "id": "storage_gateway",
                            "policy_data": "{\"bindings\":[{\"members\":[\"projectEditor:waze-development\",\"projectOwner:waze-development\"],\"role\":\"roles/storage.legacyBucketOwner\"},{\"members\":[\"projectViewer:waze-development\",\"serviceAccount:storage-gateway-service-accoun@waze-development.iam.gserviceaccount.com\"],\"role\":\"roles/storage.legacyBucketReader\"}]}"
                        },
                        "meta": {},
                        "tainted": false
                    },
                    "deposed": [],
                    "provider": "provider.google"
                },
                "google_storage_bucket_iam_policy.tiles_generator_il": {
                    "type": "google_storage_bucket_iam_policy",
                    "depends_on": [],
                    "primary": {
                        "id": "tiles-generator-il",
                        "attributes": {
                            "bucket": "tiles-generator-il",
                            "etag": "CAE=",
                            "id": "tiles-generator-il",
                            "policy_data": "{\"bindings\":[{\"members\":[\"projectEditor:waze-development\",\"projectOwner:waze-development\"],\"role\":\"roles/storage.legacyBucketOwner\"},{\"members\":[\"projectViewer:waze-development\"],\"role\":\"roles/storage.legacyBucketReader\"}]}"
                        },
                        "meta": {},
                        "tainted": false
                    },
                    "deposed": [],
                    "provider": "provider.google"
                },
                "google_storage_bucket_iam_policy.tiles_generator_stg": {
                    "type": "google_storage_bucket_iam_policy",
                    "depends_on": [],
                    "primary": {
                        "id": "tiles-generator-stg",
                        "attributes": {
                            "bucket": "tiles-generator-stg",
                            "etag": "CAE=",
                            "id": "tiles-generator-stg",
                            "policy_data": "{\"bindings\":[{\"members\":[\"projectEditor:waze-development\",\"projectOwner:waze-development\"],\"role\":\"roles/storage.legacyBucketOwner\"},{\"members\":[\"projectViewer:waze-development\"],\"role\":\"roles/storage.legacyBucketReader\"}]}"
                        },
                        "meta": {},
                        "tainted": false
                    },
                    "deposed": [],
                    "provider": "provider.google"
                },
                "google_storage_bucket_iam_policy.tilesbuilder_configs": {
                    "type": "google_storage_bucket_iam_policy",
                    "depends_on": [],
                    "primary": {
                        "id": "tilesbuilder-configs",
                        "attributes": {
                            "bucket": "tilesbuilder-configs",
                            "etag": "CAE=",
                            "id": "tilesbuilder-configs",
                            "policy_data": "{\"bindings\":[{\"members\":[\"projectEditor:waze-development\",\"projectOwner:waze-development\"],\"role\":\"roles/storage.legacyBucketOwner\"},{\"members\":[\"projectViewer:waze-development\"],\"role\":\"roles/storage.legacyBucketReader\"}]}"
                        },
                        "meta": {},
                        "tainted": false
                    },
                    "deposed": [],
                    "provider": "provider.google"
                },
                "google_storage_bucket_iam_policy.tilesbuilder_stg": {
                    "type": "google_storage_bucket_iam_policy",
                    "depends_on": [],
                    "primary": {
                        "id": "tilesbuilder-stg",
                        "attributes": {
                            "bucket": "tilesbuilder-stg",
                            "etag": "CAQ=",
                            "id": "tilesbuilder-stg",
                            "policy_data": "{\"bindings\":[{\"members\":[\"projectEditor:waze-development\",\"projectOwner:waze-development\",\"serviceAccount:waze-development@appspot.gserviceaccount.com\"],\"role\":\"roles/storage.legacyBucketOwner\"},{\"members\":[\"projectViewer:waze-development\",\"serviceAccount:service-205061584173@gcf-admin-robot.iam.gserviceaccount.com\",\"serviceAccount:waze-development@appspot.gserviceaccount.com\"],\"role\":\"roles/storage.legacyBucketReader\"},{\"members\":[\"serviceAccount:service-205061584173@gcf-admin-robot.iam.gserviceaccount.com\",\"serviceAccount:waze-development@appspot.gserviceaccount.com\"],\"role\":\"roles/storage.legacyObjectReader\"}]}"
                        },
                        "meta": {},
                        "tainted": false
                    },
                    "deposed": [],
                    "provider": "provider.google"
                },
                "google_storage_bucket_iam_policy.topic_test_libs": {
                    "type": "google_storage_bucket_iam_policy",
                    "depends_on": [],
                    "primary": {
                        "id": "topic-test-libs",
                        "attributes": {
                            "bucket": "topic-test-libs",
                            "etag": "CAE=",
                            "id": "topic-test-libs",
                            "policy_data": "{\"bindings\":[{\"members\":[\"projectEditor:waze-development\",\"projectOwner:waze-development\"],\"role\":\"roles/storage.legacyBucketOwner\"},{\"members\":[\"projectViewer:waze-development\"],\"role\":\"roles/storage.legacyBucketReader\"}]}"
                        },
                        "meta": {},
                        "tainted": false
                    },
                    "deposed": [],
                    "provider": "provider.google"
                },
                "google_storage_bucket_iam_policy.topic_test_results": {
                    "type": "google_storage_bucket_iam_policy",
                    "depends_on": [],
                    "primary": {
                        "id": "topic-test-results",
                        "attributes": {
                            "bucket": "topic-test-results",
                            "etag": "CAg=",
                            "id": "topic-test-results",
                            "policy_data": "{\"bindings\":[{\"members\":[\"group:cloud-logs@google.com\",\"projectEditor:waze-development\",\"projectOwner:waze-development\",\"serviceAccount:topic-testing@waze-development.iam.gserviceaccount.com\"],\"role\":\"roles/storage.legacyBucketOwner\"},{\"members\":[\"projectViewer:waze-development\"],\"role\":\"roles/storage.legacyBucketReader\"},{\"members\":[\"serviceAccount:205061584173@project.gserviceaccount.com\"],\"role\":\"roles/storage.legacyBucketWriter\"}]}"
                        },
                        "meta": {},
                        "tainted": false
                    },
                    "deposed": [],
                    "provider": "provider.google"
                },
                "google_storage_bucket_iam_policy.us-artifacts-waze_development-appspot-com": {
                    "type": "google_storage_bucket_iam_policy",
                    "depends_on": [],
                    "primary": {
                        "id": "us.artifacts.waze-development.appspot.com",
                        "attributes": {
                            "bucket": "us.artifacts.waze-development.appspot.com",
                            "etag": "CAE=",
                            "id": "us.artifacts.waze-development.appspot.com",
                            "policy_data": "{\"bindings\":[{\"members\":[\"projectEditor:waze-development\",\"projectOwner:waze-development\"],\"role\":\"roles/storage.legacyBucketOwner\"},{\"members\":[\"projectViewer:waze-development\"],\"role\":\"roles/storage.legacyBucketReader\"}]}"
                        },
                        "meta": {},
                        "tainted": false
                    },
                    "deposed": [],
                    "provider": "provider.google"
                },
                "google_storage_bucket_iam_policy.us_central1_tiles_builder_1be8ed5a_bucket": {
                    "type": "google_storage_bucket_iam_policy",
                    "depends_on": [],
                    "primary": {
                        "id": "us-central1-tiles-builder-1be8ed5a-bucket",
                        "attributes": {
                            "bucket": "us-central1-tiles-builder-1be8ed5a-bucket",
                            "etag": "CAI=",
                            "id": "us-central1-tiles-builder-1be8ed5a-bucket",
                            "policy_data": "{\"bindings\":[{\"members\":[\"projectEditor:waze-development\",\"projectOwner:waze-development\"],\"role\":\"roles/storage.legacyBucketOwner\"},{\"members\":[\"projectEditor:ma7bd4d68baf7c6cb-tp\",\"serviceAccount:150521821488@cloudbuild.gserviceaccount.com\"],\"role\":\"roles/storage.legacyBucketReader\"}]}"
                        },
                        "meta": {},
                        "tainted": false
                    },
                    "deposed": [],
                    "provider": "provider.google"
                },
                "google_storage_bucket_iam_policy.vm_config-waze_development-appspot-com": {
                    "type": "google_storage_bucket_iam_policy",
                    "depends_on": [],
                    "primary": {
                        "id": "vm-config.waze-development.appspot.com",
                        "attributes": {
                            "bucket": "vm-config.waze-development.appspot.com",
                            "etag": "CAE=",
                            "id": "vm-config.waze-development.appspot.com",
                            "policy_data": "{\"bindings\":[{\"members\":[\"projectOwner:waze-development\"],\"role\":\"roles/storage.legacyBucketOwner\"},{\"members\":[\"serviceAccount:waze-development@appspot.gserviceaccount.com\"],\"role\":\"roles/storage.legacyBucketReader\"},{\"members\":[\"serviceAccount:admin-console-hr@appspot.gserviceaccount.com\"],\"role\":\"roles/storage.legacyBucketWriter\"}]}"
                        },
                        "meta": {},
                        "tainted": false
                    },
                    "deposed": [],
                    "provider": "provider.google"
                },
                "google_storage_bucket_iam_policy.vm_containers-waze_development-appspot-com": {
                    "type": "google_storage_bucket_iam_policy",
                    "depends_on": [],
                    "primary": {
                        "id": "vm-containers.waze-development.appspot.com",
                        "attributes": {
                            "bucket": "vm-containers.waze-development.appspot.com",
                            "etag": "CAI=",
                            "id": "vm-containers.waze-development.appspot.com",
                            "policy_data": "{\"bindings\":[{\"members\":[\"projectEditor:waze-development\",\"projectOwner:waze-development\",\"serviceAccount:waze-development@appspot.gserviceaccount.com\"],\"role\":\"roles/storage.legacyBucketOwner\"},{\"members\":[\"projectViewer:waze-development\",\"serviceAccount:admin-console-hr@appspot.gserviceaccount.com\"],\"role\":\"roles/storage.legacyBucketReader\"}]}"
                        },
                        "meta": {},
                        "tainted": false
                    },
                    "deposed": [],
                    "provider": "provider.google"
                },
                "google_storage_bucket_iam_policy.waze01_backup": {
                    "type": "google_storage_bucket_iam_policy",
                    "depends_on": [],
                    "primary": {
                        "id": "waze01_backup",
                        "attributes": {
                            "bucket": "waze01_backup",
                            "etag": "CAE=",
                            "id": "waze01_backup",
                            "policy_data": "{\"bindings\":[{\"members\":[\"projectEditor:waze-development\",\"projectOwner:waze-development\"],\"role\":\"roles/storage.legacyBucketOwner\"},{\"members\":[\"projectViewer:waze-development\"],\"role\":\"roles/storage.legacyBucketReader\"}]}"
                        },
                        "meta": {},
                        "tainted": false
                    },
                    "deposed": [],
                    "provider": "provider.google"
                },
                "google_storage_bucket_iam_policy.waze_ads_adapt_stg": {
                    "type": "google_storage_bucket_iam_policy",
                    "depends_on": [],
                    "primary": {
                        "id": "waze-ads-adapt-stg",
                        "attributes": {
                            "bucket": "waze-ads-adapt-stg",
                            "etag": "CAY=",
                            "id": "waze-ads-adapt-stg",
                            "policy_data": "{\"bindings\":[{\"members\":[\"projectEditor:waze-development\",\"projectOwner:waze-development\"],\"role\":\"roles/storage.legacyBucketOwner\"},{\"members\":[\"projectViewer:waze-development\"],\"role\":\"roles/storage.legacyBucketReader\"}]}"
                        },
                        "meta": {},
                        "tainted": false
                    },
                    "deposed": [],
                    "provider": "provider.google"
                },
                "google_storage_bucket_iam_policy.waze_ads_bi_benchmarks_stg": {
                    "type": "google_storage_bucket_iam_policy",
                    "depends_on": [],
                    "primary": {
                        "id": "waze-ads-bi-benchmarks-stg",
                        "attributes": {
                            "bucket": "waze-ads-bi-benchmarks-stg",
                            "etag": "CAM=",
                            "id": "waze-ads-bi-benchmarks-stg",
                            "policy_data": "{\"bindings\":[{\"members\":[\"projectEditor:waze-development\",\"projectOwner:waze-development\"],\"role\":\"roles/storage.legacyBucketOwner\"},{\"members\":[\"projectViewer:waze-development\"],\"role\":\"roles/storage.legacyBucketReader\"},{\"members\":[\"serviceAccount:storage-transfer-8318072285121504523@partnercontent.gserviceaccount.com\"],\"role\":\"roles/storage.legacyBucketWriter\"},{\"members\":[\"serviceAccount:slides-editor@waze-development.iam.gserviceaccount.com\"],\"role\":\"roles/storage.objectViewer\"}]}"
                        },
                        "meta": {},
                        "tainted": false
                    },
                    "deposed": [],
                    "provider": "provider.google"
                },
                "google_storage_bucket_iam_policy.waze_ads_bi_countries_stg": {
                    "type": "google_storage_bucket_iam_policy",
                    "depends_on": [],
                    "primary": {
                        "id": "waze-ads-bi-countries-stg",
                        "attributes": {
                            "bucket": "waze-ads-bi-countries-stg",
                            "etag": "CAc=",
                            "id": "waze-ads-bi-countries-stg",
                            "policy_data": "{\"bindings\":[{\"members\":[\"projectEditor:waze-development\",\"projectOwner:waze-development\"],\"role\":\"roles/storage.legacyBucketOwner\"},{\"members\":[\"projectViewer:waze-development\"],\"role\":\"roles/storage.legacyBucketReader\"},{\"members\":[\"serviceAccount:storage-transfer-8318072285121504523@partnercontent.gserviceaccount.com\"],\"role\":\"roles/storage.legacyBucketWriter\"},{\"members\":[\"serviceAccount:slides-editor@waze-development.iam.gserviceaccount.com\"],\"role\":\"roles/storage.objectViewer\"}]}"
                        },
                        "meta": {},
                        "tainted": false
                    },
                    "deposed": [],
                    "provider": "provider.google"
                },
                "google_storage_bucket_iam_policy.waze_ads_elon_test": {
                    "type": "google_storage_bucket_iam_policy",
                    "depends_on": [],
                    "primary": {
                        "id": "waze-ads-elon-test",
                        "attributes": {
                            "bucket": "waze-ads-elon-test",
                            "etag": "CAE=",
                            "id": "waze-ads-elon-test",
                            "policy_data": "{\"bindings\":[{\"members\":[\"projectEditor:waze-development\",\"projectOwner:waze-development\"],\"role\":\"roles/storage.legacyBucketOwner\"},{\"members\":[\"projectViewer:waze-development\"],\"role\":\"roles/storage.legacyBucketReader\"}]}"
                        },
                        "meta": {},
                        "tainted": false
                    },
                    "deposed": [],
                    "provider": "provider.google"
                },
                "google_storage_bucket_iam_policy.waze_ads_resources_test": {
                    "type": "google_storage_bucket_iam_policy",
                    "depends_on": [],
                    "primary": {
                        "id": "waze-ads-resources-test",
                        "attributes": {
                            "bucket": "waze-ads-resources-test",
                            "etag": "CBA=",
                            "id": "waze-ads-resources-test",
                            "policy_data": "{\"bindings\":[{\"members\":[\"projectEditor:waze-development\",\"projectOwner:waze-development\"],\"role\":\"roles/storage.legacyBucketOwner\"},{\"members\":[\"projectViewer:waze-development\"],\"role\":\"roles/storage.legacyBucketReader\"},{\"members\":[\"serviceAccount:waze-web-stg@appspot.gserviceaccount.com\",\"user:ashram@google.com\",\"user:micdavis@google.com\",\"user:tsion@google.com\"],\"role\":\"roles/storage.objectAdmin\"},{\"members\":[\"serviceAccount:1014978548522-compute@developer.gserviceaccount.com\",\"serviceAccount:waze-web-stg@appspot.gserviceaccount.com\",\"user:ashram@google.com\",\"user:levos@google.com\",\"user:micdavis@google.com\",\"user:saarc@google.com\",\"user:shatsinna@google.com\",\"user:tsion@google.com\"],\"role\":\"roles/storage.objectCreator\"},{\"members\":[\"serviceAccount:waze-web-stg@appspot.gserviceaccount.com\",\"user:ashram@google.com\",\"user:micdavis@google.com\"],\"role\":\"roles/storage.objectViewer\"}]}"
                        },
                        "meta": {},
                        "tainted": false
                    },
                    "deposed": [],
                    "provider": "provider.google"
                },
                "google_storage_bucket_iam_policy.waze_ads_rotem_test": {
                    "type": "google_storage_bucket_iam_policy",
                    "depends_on": [],
                    "primary": {
                        "id": "waze-ads-rotem-test",
                        "attributes": {
                            "bucket": "waze-ads-rotem-test",
                            "etag": "CAQ=",
                            "id": "waze-ads-rotem-test",
                            "policy_data": "{\"bindings\":[{\"members\":[\"projectEditor:waze-development\",\"projectOwner:waze-development\"],\"role\":\"roles/storage.legacyBucketOwner\"},{\"members\":[\"projectViewer:waze-development\"],\"role\":\"roles/storage.legacyBucketReader\"}]}"
                        },
                        "meta": {},
                        "tainted": false
                    },
                    "deposed": [],
                    "provider": "provider.google"
                },
                "google_storage_bucket_iam_policy.waze_artifactory_backup": {
                    "type": "google_storage_bucket_iam_policy",
                    "depends_on": [],
                    "primary": {
                        "id": "waze-artifactory-backup",
                        "attributes": {
                            "bucket": "waze-artifactory-backup",
                            "etag": "CAE=",
                            "id": "waze-artifactory-backup",
                            "policy_data": "{\"bindings\":[{\"members\":[\"projectEditor:waze-development\",\"projectOwner:waze-development\"],\"role\":\"roles/storage.legacyBucketOwner\"},{\"members\":[\"projectViewer:waze-development\"],\"role\":\"roles/storage.legacyBucketReader\"}]}"
                        },
                        "meta": {},
                        "tainted": false
                    },
                    "deposed": [],
                    "provider": "provider.google"
                },
                "google_storage_bucket_iam_policy.waze_backups": {
                    "type": "google_storage_bucket_iam_policy",
                    "depends_on": [],
                    "primary": {
                        "id": "waze_backups",
                        "attributes": {
                            "bucket": "waze_backups",
                            "etag": "CAE=",
                            "id": "waze_backups",
                            "policy_data": "{\"bindings\":[{\"members\":[\"projectEditor:waze-development\",\"projectOwner:waze-development\"],\"role\":\"roles/storage.legacyBucketOwner\"},{\"members\":[\"projectViewer:waze-development\"],\"role\":\"roles/storage.legacyBucketReader\"}]}"
                        },
                        "meta": {},
                        "tainted": false
                    },
                    "deposed": [],
                    "provider": "provider.google"
                },
                "google_storage_bucket_iam_policy.waze_carpool_groups_images_stg": {
                    "type": "google_storage_bucket_iam_policy",
                    "depends_on": [],
                    "primary": {
                        "id": "waze-carpool-groups-images-stg",
                        "attributes": {
                            "bucket": "waze-carpool-groups-images-stg",
                            "etag": "CAQ=",
                            "id": "waze-carpool-groups-images-stg",
                            "policy_data": "{\"bindings\":[{\"members\":[\"projectEditor:waze-development\",\"projectOwner:waze-development\"],\"role\":\"roles/storage.legacyBucketOwner\"},{\"members\":[\"projectViewer:waze-development\"],\"role\":\"roles/storage.legacyBucketReader\"}]}"
                        },
                        "meta": {},
                        "tainted": false
                    },
                    "deposed": [],
                    "provider": "provider.google"
                },
                "google_storage_bucket_iam_policy.waze_client_resources_staging": {
                    "type": "google_storage_bucket_iam_policy",
                    "depends_on": [],
                    "primary": {
                        "id": "waze-client-resources-staging",
                        "attributes": {
                            "bucket": "waze-client-resources-staging",
                            "etag": "CAM=",
                            "id": "waze-client-resources-staging",
                            "policy_data": "{\"bindings\":[{\"members\":[\"projectEditor:waze-development\",\"projectOwner:waze-development\"],\"role\":\"roles/storage.legacyBucketOwner\"},{\"members\":[\"projectViewer:waze-development\"],\"role\":\"roles/storage.legacyBucketReader\"}]}"
                        },
                        "meta": {},
                        "tainted": false
                    },
                    "deposed": [],
                    "provider": "provider.google"
                },
                "google_storage_bucket_iam_policy.waze_cloud_functions_stg": {
                    "type": "google_storage_bucket_iam_policy",
                    "depends_on": [],
                    "primary": {
                        "id": "waze-cloud-functions-stg",
                        "attributes": {
                            "bucket": "waze-cloud-functions-stg",
                            "etag": "CAE=",
                            "id": "waze-cloud-functions-stg",
                            "policy_data": "{\"bindings\":[{\"members\":[\"projectEditor:waze-development\",\"projectOwner:waze-development\"],\"role\":\"roles/storage.legacyBucketOwner\"},{\"members\":[\"projectViewer:waze-development\"],\"role\":\"roles/storage.legacyBucketReader\"}]}"
                        },
                        "meta": {},
                        "tainted": false
                    },
                    "deposed": [],
                    "provider": "provider.google"
                },
                "google_storage_bucket_iam_policy.waze_dataproc_dev": {
                    "type": "google_storage_bucket_iam_policy",
                    "depends_on": [],
                    "primary": {
                        "id": "waze-dataproc-dev",
                        "attributes": {
                            "bucket": "waze-dataproc-dev",
                            "etag": "CAE=",
                            "id": "waze-dataproc-dev",
                            "policy_data": "{\"bindings\":[{\"members\":[\"projectEditor:waze-development\",\"projectOwner:waze-development\"],\"role\":\"roles/storage.legacyBucketOwner\"},{\"members\":[\"projectViewer:waze-development\"],\"role\":\"roles/storage.legacyBucketReader\"}]}"
                        },
                        "meta": {},
                        "tainted": false
                    },
                    "deposed": [],
                    "provider": "provider.google"
                },
                "google_storage_bucket_iam_policy.waze_deployment_staging": {
                    "type": "google_storage_bucket_iam_policy",
                    "depends_on": [],
                    "primary": {
                        "id": "waze-deployment-staging",
                        "attributes": {
                            "bucket": "waze-deployment-staging",
                            "etag": "CA0=",
                            "id": "waze-deployment-staging",
                            "policy_data": "{\"bindings\":[{\"members\":[\"projectEditor:waze-development\",\"projectOwner:waze-development\"],\"role\":\"roles/storage.legacyBucketOwner\"},{\"members\":[\"projectViewer:waze-development\",\"serviceAccount:334348044266@cloudbuild.gserviceaccount.com\",\"serviceAccount:docker-manager@waze-ta.iam.gserviceaccount.com\",\"serviceAccount:storage-transfer-8318072285121504523@partnercontent.gserviceaccount.com\"],\"role\":\"roles/storage.legacyBucketReader\"},{\"members\":[\"serviceAccount:1014978548522-k8tp1fjng8v367utgbg73d8m6g14a2km@developer.gserviceaccount.com\",\"serviceAccount:deployment-console@waze-development.iam.gserviceaccount.com\",\"serviceAccount:elton-261@waze-prod.iam.gserviceaccount.com\",\"serviceAccount:tts-abb-storage@waze-prod.iam.gserviceaccount.com\"],\"role\":\"roles/storage.legacyBucketWriter\"},{\"members\":[\"serviceAccount:334348044266@cloudbuild.gserviceaccount.com\",\"serviceAccount:docker-manager@waze-ta.iam.gserviceaccount.com\"],\"role\":\"roles/storage.legacyObjectReader\"},{\"members\":[\"serviceAccount:elton-261@waze-prod.iam.gserviceaccount.com\"],\"role\":\"roles/storage.objectCreator\"},{\"members\":[\"serviceAccount:elton-261@waze-prod.iam.gserviceaccount.com\",\"serviceAccount:storage-transfer-8318072285121504523@partnercontent.gserviceaccount.com\"],\"role\":\"roles/storage.objectViewer\"}]}"
                        },
                        "meta": {},
                        "tainted": false
                    },
                    "deposed": [],
                    "provider": "provider.google"
                },
                "google_storage_bucket_iam_policy.waze_deployment_staging_sod": {
                    "type": "google_storage_bucket_iam_policy",
                    "depends_on": [],
                    "primary": {
                        "id": "waze-deployment-staging-sod",
                        "attributes": {
                            "bucket": "waze-deployment-staging-sod",
                            "etag": "CAM=",
                            "id": "waze-deployment-staging-sod",
                            "policy_data": "{\"bindings\":[{\"members\":[\"projectEditor:waze-development\",\"projectOwner:waze-development\"],\"role\":\"roles/storage.legacyBucketOwner\"},{\"members\":[\"projectViewer:waze-development\",\"serviceAccount:storage-transfer-8318072285121504523@partnercontent.gserviceaccount.com\"],\"role\":\"roles/storage.legacyBucketReader\"},{\"members\":[\"serviceAccount:storage-transfer-8318072285121504523@partnercontent.gserviceaccount.com\"],\"role\":\"roles/storage.legacyBucketWriter\"},{\"members\":[\"serviceAccount:storage-transfer-8318072285121504523@partnercontent.gserviceaccount.com\"],\"role\":\"roles/storage.objectAdmin\"}]}"
                        },
                        "meta": {},
                        "tainted": false
                    },
                    "deposed": [],
                    "provider": "provider.google"
                },
                "google_storage_bucket_iam_policy.waze_development-appspot-com": {
                    "type": "google_storage_bucket_iam_policy",
                    "depends_on": [],
                    "primary": {
                        "id": "waze-development.appspot.com",
                        "attributes": {
                            "bucket": "waze-development.appspot.com",
                            "etag": "CAE=",
                            "id": "waze-development.appspot.com",
                            "policy_data": "{\"bindings\":[{\"members\":[\"projectEditor:waze-development\",\"projectOwner:waze-development\"],\"role\":\"roles/storage.legacyBucketOwner\"},{\"members\":[\"projectViewer:waze-development\"],\"role\":\"roles/storage.legacyBucketReader\"}]}"
                        },
                        "meta": {},
                        "tainted": false
                    },
                    "deposed": [],
                    "provider": "provider.google"
                },
                "google_storage_bucket_iam_policy.waze_development_cloudbuild": {
                    "type": "google_storage_bucket_iam_policy",
                    "depends_on": [],
                    "primary": {
                        "id": "waze-development_cloudbuild",
                        "attributes": {
                            "bucket": "waze-development_cloudbuild",
                            "etag": "CAc=",
                            "id": "waze-development_cloudbuild",
                            "policy_data": "{\"bindings\":[{\"members\":[\"serviceAccount:205061584173@cloudbuild.gserviceaccount.com\"],\"role\":\"roles/storage.admin\"},{\"members\":[\"projectEditor:waze-development\",\"projectOwner:waze-development\"],\"role\":\"roles/storage.legacyBucketOwner\"},{\"members\":[\"projectViewer:waze-development\"],\"role\":\"roles/storage.legacyBucketReader\"},{\"members\":[\"group:waze-maint-jobs-users@google.com\"],\"role\":\"roles/storage.objectCreator\"}]}"
                        },
                        "meta": {},
                        "tainted": false
                    },
                    "deposed": [],
                    "provider": "provider.google"
                },
                "google_storage_bucket_iam_policy.waze_development_daisy_bkt": {
                    "type": "google_storage_bucket_iam_policy",
                    "depends_on": [],
                    "primary": {
                        "id": "waze-development-daisy-bkt",
                        "attributes": {
                            "bucket": "waze-development-daisy-bkt",
                            "etag": "CAI=",
                            "id": "waze-development-daisy-bkt",
                            "policy_data": "{\"bindings\":[{\"members\":[\"projectEditor:waze-development\",\"projectOwner:waze-development\"],\"role\":\"roles/storage.legacyBucketOwner\"},{\"members\":[\"projectViewer:waze-development\"],\"role\":\"roles/storage.legacyBucketReader\"},{\"members\":[\"user:chriswilkes@google.com\"],\"role\":\"roles/storage.objectViewer\"}]}"
                        },
                        "meta": {},
                        "tainted": false
                    },
                    "deposed": [],
                    "provider": "provider.google"
                },
                "google_storage_bucket_iam_policy.waze_dexter_resources": {
                    "type": "google_storage_bucket_iam_policy",
                    "depends_on": [],
                    "primary": {
                        "id": "waze-dexter-resources",
                        "attributes": {
                            "bucket": "waze-dexter-resources",
                            "etag": "CAI=",
                            "id": "waze-dexter-resources",
                            "policy_data": "{\"bindings\":[{\"members\":[\"projectEditor:waze-development\",\"projectOwner:waze-development\"],\"role\":\"roles/storage.legacyBucketOwner\"},{\"members\":[\"projectViewer:waze-development\"],\"role\":\"roles/storage.legacyBucketReader\"},{\"members\":[\"serviceAccount:1014978548522-compute@developer.gserviceaccount.com\"],\"role\":\"roles/storage.objectViewer\"}]}"
                        },
                        "meta": {},
                        "tainted": false
                    },
                    "deposed": [],
                    "provider": "provider.google"
                },
                "google_storage_bucket_iam_policy.waze_dirt_dategiver": {
                    "type": "google_storage_bucket_iam_policy",
                    "depends_on": [],
                    "primary": {
                        "id": "waze-dirt-dategiver",
                        "attributes": {
                            "bucket": "waze-dirt-dategiver",
                            "etag": "CAE=",
                            "id": "waze-dirt-dategiver",
                            "policy_data": "{\"bindings\":[{\"members\":[\"projectEditor:waze-development\",\"projectOwner:waze-development\"],\"role\":\"roles/storage.legacyBucketOwner\"},{\"members\":[\"projectViewer:waze-development\"],\"role\":\"roles/storage.legacyBucketReader\"}]}"
                        },
                        "meta": {},
                        "tainted": false
                    },
                    "deposed": [],
                    "provider": "provider.google"
                },
                "google_storage_bucket_iam_policy.waze_dirt_dategiver1": {
                    "type": "google_storage_bucket_iam_policy",
                    "depends_on": [],
                    "primary": {
                        "id": "waze-dirt-dategiver1",
                        "attributes": {
                            "bucket": "waze-dirt-dategiver1",
                            "etag": "CAE=",
                            "id": "waze-dirt-dategiver1",
                            "policy_data": "{\"bindings\":[{\"members\":[\"projectEditor:waze-development\",\"projectOwner:waze-development\"],\"role\":\"roles/storage.legacyBucketOwner\"},{\"members\":[\"projectViewer:waze-development\"],\"role\":\"roles/storage.legacyBucketReader\"}]}"
                        },
                        "meta": {},
                        "tainted": false
                    },
                    "deposed": [],
                    "provider": "provider.google"
                },
                "google_storage_bucket_iam_policy.waze_dirt_gabik": {
                    "type": "google_storage_bucket_iam_policy",
                    "depends_on": [],
                    "primary": {
                        "id": "waze-dirt-gabik",
                        "attributes": {
                            "bucket": "waze-dirt-gabik",
                            "etag": "CAE=",
                            "id": "waze-dirt-gabik",
                            "policy_data": "{\"bindings\":[{\"members\":[\"projectEditor:waze-development\",\"projectOwner:waze-development\"],\"role\":\"roles/storage.legacyBucketOwner\"},{\"members\":[\"projectViewer:waze-development\"],\"role\":\"roles/storage.legacyBucketReader\"}]}"
                        },
                        "meta": {},
                        "tainted": false
                    },
                    "deposed": [],
                    "provider": "provider.google"
                },
                "google_storage_bucket_iam_policy.waze_feedback_screenshots_stg": {
                    "type": "google_storage_bucket_iam_policy",
                    "depends_on": [],
                    "primary": {
                        "id": "waze-feedback-screenshots-stg",
                        "attributes": {
                            "bucket": "waze-feedback-screenshots-stg",
                            "etag": "CAM=",
                            "id": "waze-feedback-screenshots-stg",
                            "policy_data": "{\"bindings\":[{\"members\":[\"projectEditor:waze-development\",\"projectOwner:waze-development\"],\"role\":\"roles/storage.legacyBucketOwner\"},{\"members\":[\"group:waze-feedback-screenshots@google.com\",\"projectViewer:waze-development\"],\"role\":\"roles/storage.legacyBucketReader\"},{\"members\":[\"serviceAccount:205061584173@project.gserviceaccount.com\"],\"role\":\"roles/storage.legacyBucketWriter\"}]}"
                        },
                        "meta": {},
                        "tainted": false
                    },
                    "deposed": [],
                    "provider": "provider.google"
                },
                "google_storage_bucket_iam_policy.waze_fluentd_buffer": {
                    "type": "google_storage_bucket_iam_policy",
                    "depends_on": [],
                    "primary": {
                        "id": "waze-fluentd-buffer",
                        "attributes": {
                            "bucket": "waze-fluentd-buffer",
                            "etag": "CCM=",
                            "id": "waze-fluentd-buffer",
                            "policy_data": "{\"bindings\":[{\"members\":[\"serviceAccount:gcf-dc75b37e37be1876@appspot.gserviceaccount.com\"],\"role\":\"roles/storage.admin\"},{\"members\":[\"projectEditor:waze-development\",\"projectOwner:waze-development\"],\"role\":\"roles/storage.legacyBucketOwner\"},{\"members\":[\"projectViewer:waze-development\"],\"role\":\"roles/storage.legacyBucketReader\"},{\"members\":[\"serviceAccount:waze-development@appspot.gserviceaccount.com\"],\"role\":\"roles/storage.objectViewer\"}]}"
                        },
                        "meta": {},
                        "tainted": false
                    },
                    "deposed": [],
                    "provider": "provider.google"
                },
                "google_storage_bucket_iam_policy.waze_fluentd_buffer_stg": {
                    "type": "google_storage_bucket_iam_policy",
                    "depends_on": [],
                    "primary": {
                        "id": "waze-fluentd-buffer-stg",
                        "attributes": {
                            "bucket": "waze-fluentd-buffer-stg",
                            "etag": "CAI=",
                            "id": "waze-fluentd-buffer-stg",
                            "policy_data": "{\"bindings\":[{\"members\":[\"projectEditor:waze-development\",\"projectOwner:waze-development\"],\"role\":\"roles/storage.legacyBucketOwner\"},{\"members\":[\"projectViewer:waze-development\"],\"role\":\"roles/storage.legacyBucketReader\"}]}"
                        },
                        "meta": {},
                        "tainted": false
                    },
                    "deposed": [],
                    "provider": "provider.google"
                },
                "google_storage_bucket_iam_policy.waze_images": {
                    "type": "google_storage_bucket_iam_policy",
                    "depends_on": [],
                    "primary": {
                        "id": "waze_images",
                        "attributes": {
                            "bucket": "waze_images",
                            "etag": "CAE=",
                            "id": "waze_images",
                            "policy_data": "{\"bindings\":[{\"members\":[\"projectEditor:waze-development\",\"projectOwner:waze-development\"],\"role\":\"roles/storage.legacyBucketOwner\"},{\"members\":[\"projectViewer:waze-development\"],\"role\":\"roles/storage.legacyBucketReader\"}]}"
                        },
                        "meta": {},
                        "tainted": false
                    },
                    "deposed": [],
                    "provider": "provider.google"
                },
                "google_storage_bucket_iam_policy.waze_maint_jobs_stg": {
                    "type": "google_storage_bucket_iam_policy",
                    "depends_on": [],
                    "primary": {
                        "id": "waze-maint-jobs-stg",
                        "attributes": {
                            "bucket": "waze-maint-jobs-stg",
                            "etag": "CAE=",
                            "id": "waze-maint-jobs-stg",
                            "policy_data": "{\"bindings\":[{\"members\":[\"projectEditor:waze-development\",\"projectOwner:waze-development\"],\"role\":\"roles/storage.legacyBucketOwner\"},{\"members\":[\"projectViewer:waze-development\"],\"role\":\"roles/storage.legacyBucketReader\"}]}"
                        },
                        "meta": {},
                        "tainted": false
                    },
                    "deposed": [],
                    "provider": "provider.google"
                },
                "google_storage_bucket_iam_policy.waze_merger": {
                    "type": "google_storage_bucket_iam_policy",
                    "depends_on": [],
                    "primary": {
                        "id": "waze-merger",
                        "attributes": {
                            "bucket": "waze-merger",
                            "etag": "CAE=",
                            "id": "waze-merger",
                            "policy_data": "{\"bindings\":[{\"members\":[\"projectEditor:waze-development\",\"projectOwner:waze-development\"],\"role\":\"roles/storage.legacyBucketOwner\"},{\"members\":[\"projectViewer:waze-development\"],\"role\":\"roles/storage.legacyBucketReader\"}]}"
                        },
                        "meta": {},
                        "tainted": false
                    },
                    "deposed": [],
                    "provider": "provider.google"
                },
                "google_storage_bucket_iam_policy.waze_merger_jupyterhub": {
                    "type": "google_storage_bucket_iam_policy",
                    "depends_on": [],
                    "primary": {
                        "id": "waze-merger-jupyterhub",
                        "attributes": {
                            "bucket": "waze-merger-jupyterhub",
                            "etag": "CAE=",
                            "id": "waze-merger-jupyterhub",
                            "policy_data": "{\"bindings\":[{\"members\":[\"projectEditor:waze-development\",\"projectOwner:waze-development\"],\"role\":\"roles/storage.legacyBucketOwner\"},{\"members\":[\"projectViewer:waze-development\"],\"role\":\"roles/storage.legacyBucketReader\"}]}"
                        },
                        "meta": {},
                        "tainted": false
                    },
                    "deposed": [],
                    "provider": "provider.google"
                },
                "google_storage_bucket_iam_policy.waze_nsscache_stg": {
                    "type": "google_storage_bucket_iam_policy",
                    "depends_on": [],
                    "primary": {
                        "id": "waze-nsscache-stg",
                        "attributes": {
                            "bucket": "waze-nsscache-stg",
                            "etag": "CAE=",
                            "id": "waze-nsscache-stg",
                            "policy_data": "{\"bindings\":[{\"members\":[\"projectEditor:waze-development\",\"projectOwner:waze-development\"],\"role\":\"roles/storage.legacyBucketOwner\"},{\"members\":[\"projectViewer:waze-development\"],\"role\":\"roles/storage.legacyBucketReader\"}]}"
                        },
                        "meta": {},
                        "tainted": false
                    },
                    "deposed": [],
                    "provider": "provider.google"
                },
                "google_storage_bucket_iam_policy.waze_piitool_stg": {
                    "type": "google_storage_bucket_iam_policy",
                    "depends_on": [],
                    "primary": {
                        "id": "waze-piitool-stg",
                        "attributes": {
                            "bucket": "waze-piitool-stg",
                            "etag": "CAc=",
                            "id": "waze-piitool-stg",
                            "policy_data": "{\"bindings\":[{\"members\":[\"user:boazg@google.com\",\"user:levydaniel@google.com\"],\"role\":\"roles/storage.admin\"},{\"members\":[\"projectEditor:waze-development\",\"projectOwner:waze-development\"],\"role\":\"roles/storage.legacyBucketOwner\"},{\"members\":[\"projectViewer:waze-development\"],\"role\":\"roles/storage.legacyBucketReader\"},{\"members\":[\"serviceAccount:pii-tool-test@waze-development.iam.gserviceaccount.com\",\"serviceAccount:waze-web-stg@appspot.gserviceaccount.com\"],\"role\":\"roles/storage.objectAdmin\"},{\"members\":[\"serviceAccount:pii-tool-test@waze-development.iam.gserviceaccount.com\"],\"role\":\"roles/storage.objectCreator\"},{\"members\":[\"serviceAccount:waze-web-stg@appspot.gserviceaccount.com\",\"user:boazg@google.com\",\"user:levydaniel@google.com\",\"user:waze-web-eng@prod.google.com\"],\"role\":\"roles/storage.objectViewer\"}]}"
                        },
                        "meta": {},
                        "tainted": false
                    },
                    "deposed": [],
                    "provider": "provider.google"
                },
                "google_storage_bucket_iam_policy.waze_routing_regression": {
                    "type": "google_storage_bucket_iam_policy",
                    "depends_on": [],
                    "primary": {
                        "id": "waze-routing-regression",
                        "attributes": {
                            "bucket": "waze-routing-regression",
                            "etag": "CAI=",
                            "id": "waze-routing-regression",
                            "policy_data": "{\"bindings\":[{\"members\":[\"projectEditor:waze-development\",\"projectOwner:waze-development\"],\"role\":\"roles/storage.legacyBucketOwner\"},{\"members\":[\"projectViewer:waze-development\"],\"role\":\"roles/storage.legacyBucketReader\"},{\"members\":[\"user:eladb@google.com\"],\"role\":\"roles/storage.legacyBucketWriter\"}]}"
                        },
                        "meta": {},
                        "tainted": false
                    },
                    "deposed": [],
                    "provider": "provider.google"
                },
                "google_storage_bucket_iam_policy.waze_routing_tiles": {
                    "type": "google_storage_bucket_iam_policy",
                    "depends_on": [],
                    "primary": {
                        "id": "waze-routing-tiles",
                        "attributes": {
                            "bucket": "waze-routing-tiles",
                            "etag": "CAE=",
                            "id": "waze-routing-tiles",
                            "policy_data": "{\"bindings\":[{\"members\":[\"projectEditor:waze-development\",\"projectOwner:waze-development\"],\"role\":\"roles/storage.legacyBucketOwner\"},{\"members\":[\"projectViewer:waze-development\"],\"role\":\"roles/storage.legacyBucketReader\"}]}"
                        },
                        "meta": {},
                        "tainted": false
                    },
                    "deposed": [],
                    "provider": "provider.google"
                },
                "google_storage_bucket_iam_policy.waze_tile_baseline": {
                    "type": "google_storage_bucket_iam_policy",
                    "depends_on": [],
                    "primary": {
                        "id": "waze-tile-baseline",
                        "attributes": {
                            "bucket": "waze-tile-baseline",
                            "etag": "CAE=",
                            "id": "waze-tile-baseline",
                            "policy_data": "{\"bindings\":[{\"members\":[\"projectEditor:waze-development\",\"projectOwner:waze-development\"],\"role\":\"roles/storage.legacyBucketOwner\"},{\"members\":[\"projectViewer:waze-development\"],\"role\":\"roles/storage.legacyBucketReader\"}]}"
                        },
                        "meta": {},
                        "tainted": false
                    },
                    "deposed": [],
                    "provider": "provider.google"
                },
                "google_storage_bucket_iam_policy.waze_tts": {
                    "type": "google_storage_bucket_iam_policy",
                    "depends_on": [],
                    "primary": {
                        "id": "waze_tts",
                        "attributes": {
                            "bucket": "waze_tts",
                            "etag": "CAI=",
                            "id": "waze_tts",
                            "policy_data": "{\"bindings\":[{\"members\":[\"projectEditor:waze-development\",\"projectOwner:waze-development\"],\"role\":\"roles/storage.legacyBucketOwner\"},{\"members\":[\"projectViewer:waze-development\"],\"role\":\"roles/storage.legacyBucketReader\"},{\"members\":[\"serviceAccount:205061584173@project.gserviceaccount.com\"],\"role\":\"roles/storage.legacyBucketWriter\"}]}"
                        },
                        "meta": {},
                        "tainted": false
                    },
                    "deposed": [],
                    "provider": "provider.google"
                },
                "google_storage_bucket_iam_policy.waze_tts_heb": {
                    "type": "google_storage_bucket_iam_policy",
                    "depends_on": [],
                    "primary": {
                        "id": "waze_tts_heb",
                        "attributes": {
                            "bucket": "waze_tts_heb",
                            "etag": "CAE=",
                            "id": "waze_tts_heb",
                            "policy_data": "{\"bindings\":[{\"members\":[\"projectEditor:waze-development\",\"projectOwner:waze-development\"],\"role\":\"roles/storage.legacyBucketOwner\"},{\"members\":[\"projectViewer:waze-development\"],\"role\":\"roles/storage.legacyBucketReader\"}]}"
                        },
                        "meta": {},
                        "tainted": false
                    },
                    "deposed": [],
                    "provider": "provider.google"
                },
                "google_storage_bucket_iam_policy.waze_voice": {
                    "type": "google_storage_bucket_iam_policy",
                    "depends_on": [],
                    "primary": {
                        "id": "waze-voice",
                        "attributes": {
                            "bucket": "waze-voice",
                            "etag": "CAM=",
                            "id": "waze-voice",
                            "policy_data": "{\"bindings\":[{\"members\":[\"projectEditor:waze-development\",\"projectOwner:waze-development\"],\"role\":\"roles/storage.legacyBucketOwner\"},{\"members\":[\"projectViewer:waze-development\"],\"role\":\"roles/storage.legacyBucketReader\"},{\"members\":[\"serviceAccount:205061584173@project.gserviceaccount.com\"],\"role\":\"roles/storage.objectAdmin\"}]}"
                        },
                        "meta": {},
                        "tainted": false
                    },
                    "deposed": [],
                    "provider": "provider.google"
                },
                "google_storage_bucket_iam_policy.wme_staging_frontend_assets": {
                    "type": "google_storage_bucket_iam_policy",
                    "depends_on": [],
                    "primary": {
                        "id": "wme-staging-frontend-assets",
                        "attributes": {
                            "bucket": "wme-staging-frontend-assets",
                            "etag": "CBc=",
                            "id": "wme-staging-frontend-assets",
                            "policy_data": "{\"bindings\":[{\"members\":[\"group:wme-eng@google.com\",\"serviceAccount:waze-web-ci@waze-development.iam.gserviceaccount.com\",\"user:amirn@google.com\",\"user:avia@google.com\"],\"role\":\"roles/storage.admin\"},{\"members\":[\"projectEditor:waze-development\",\"projectOwner:waze-development\"],\"role\":\"roles/storage.legacyBucketOwner\"},{\"members\":[\"projectViewer:waze-development\"],\"role\":\"roles/storage.legacyBucketReader\"}]}"
                        },
                        "meta": {},
                        "tainted": false
                    },
                    "deposed": [],
                    "provider": "provider.google"
                },
                "google_storage_bucket_iam_policy.www-gcp-wazestg-com": {
                    "type": "google_storage_bucket_iam_policy",
                    "depends_on": [],
                    "primary": {
                        "id": "www.gcp.wazestg.com",
                        "attributes": {
                            "bucket": "www.gcp.wazestg.com",
                            "etag": "CAI=",
                            "id": "www.gcp.wazestg.com",
                            "policy_data": "{\"bindings\":[{\"members\":[\"projectEditor:waze-development\",\"projectOwner:waze-development\"],\"role\":\"roles/storage.legacyBucketOwner\"},{\"members\":[\"projectViewer:waze-development\"],\"role\":\"roles/storage.legacyBucketReader\"}]}"
                        },
                        "meta": {},
                        "tainted": false
                    },
                    "deposed": [],
                    "provider": "provider.google"
                }
            },
            "depends_on": []
        }
    ]
}
