{
    "version": 3,
    "terraform_version": "0.11.10",
    "serial": 1,
    "lineage": "2658141d-b1cd-f4a7-b559-d64822e03d68",
    "modules": [
        {
            "path": [
                "root"
            ],
            "outputs": {},
            "resources": {
                "google_compute_region_backend_service.admanage_stg_stg1_internal": {
                    "type": "google_compute_region_backend_service",
                    "depends_on": [],
                    "primary": {
                        "id": "admanage-stg-stg1-internal",
                        "attributes": {
                            "backend.#": "0",
                            "connection_draining_timeout_sec": "0",
                            "description": "",
                            "fingerprint": "DSee-u4qKSk=",
                            "health_checks.#": "1",
                            "health_checks.3007928579": "https://www.googleapis.com/compute/v1/projects/waze-development/global/healthChecks/admanage-stg-int",
                            "id": "admanage-stg-stg1-internal",
                            "name": "admanage-stg-stg1-internal",
                            "project": "waze-development",
                            "protocol": "TCP",
                            "region": "europe-west1",
                            "self_link": "https://www.googleapis.com/compute/v1/projects/waze-development/regions/europe-west1/backendServices/admanage-stg-stg1-internal",
                            "session_affinity": "NONE",
                            "timeout_sec": "30"
                        },
                        "meta": {},
                        "tainted": false
                    },
                    "deposed": [],
                    "provider": "provider.google"
                },
                "google_compute_region_backend_service.adreports_pubsub_to_bq_server_stg_stg1_ibes": {
                    "type": "google_compute_region_backend_service",
                    "depends_on": [],
                    "primary": {
                        "id": "adreports-pubsub-to-bq-server-stg-stg1-ibes",
                        "attributes": {
                            "backend.#": "1",
                            "backend.567369303.description": "",
                            "backend.567369303.group": "https://www.googleapis.com/compute/v1/projects/waze-development/regions/europe-west1/instanceGroups/adreports-pubsub-to-bq-server-stg-stg1-v002",
                            "connection_draining_timeout_sec": "300",
                            "description": "",
                            "fingerprint": "VclbyiJsY1M=",
                            "health_checks.#": "1",
                            "health_checks.1159595282": "https://www.googleapis.com/compute/v1/projects/waze-development/global/healthChecks/microservice-healthcheck",
                            "id": "adreports-pubsub-to-bq-server-stg-stg1-ibes",
                            "name": "adreports-pubsub-to-bq-server-stg-stg1-ibes",
                            "project": "waze-development",
                            "protocol": "TCP",
                            "region": "europe-west1",
                            "self_link": "https://www.googleapis.com/compute/v1/projects/waze-development/regions/europe-west1/backendServices/adreports-pubsub-to-bq-server-stg-stg1-ibes",
                            "session_affinity": "NONE",
                            "timeout_sec": "30"
                        },
                        "meta": {},
                        "tainted": false
                    },
                    "deposed": [],
                    "provider": "provider.google"
                },
                "google_compute_region_backend_service.advendors_stg_stg1_ibes": {
                    "type": "google_compute_region_backend_service",
                    "depends_on": [],
                    "primary": {
                        "id": "advendors-stg-stg1-ibes",
                        "attributes": {
                            "backend.#": "1",
                            "backend.2056880437.description": "",
                            "backend.2056880437.group": "https://www.googleapis.com/compute/v1/projects/waze-development/regions/europe-west1/instanceGroups/advendors-stg-stg1-v004",
                            "connection_draining_timeout_sec": "300",
                            "description": "",
                            "fingerprint": "TeS_sd-tVqg=",
                            "health_checks.#": "1",
                            "health_checks.1159595282": "https://www.googleapis.com/compute/v1/projects/waze-development/global/healthChecks/microservice-healthcheck",
                            "id": "advendors-stg-stg1-ibes",
                            "name": "advendors-stg-stg1-ibes",
                            "project": "waze-development",
                            "protocol": "TCP",
                            "region": "europe-west1",
                            "self_link": "https://www.googleapis.com/compute/v1/projects/waze-development/regions/europe-west1/backendServices/advendors-stg-stg1-ibes",
                            "session_affinity": "NONE",
                            "timeout_sec": "30"
                        },
                        "meta": {},
                        "tainted": false
                    },
                    "deposed": [],
                    "provider": "provider.google"
                },
                "google_compute_region_backend_service.alerts_stg_stg1_ibes": {
                    "type": "google_compute_region_backend_service",
                    "depends_on": [],
                    "primary": {
                        "id": "alerts-stg-stg1-ibes",
                        "attributes": {
                            "backend.#": "1",
                            "backend.2276776509.description": "",
                            "backend.2276776509.group": "https://www.googleapis.com/compute/v1/projects/waze-development/regions/europe-west1/instanceGroups/alerts-stg-stg1-v106",
                            "connection_draining_timeout_sec": "300",
                            "description": "",
                            "fingerprint": "y9dlKbpJMaw=",
                            "health_checks.#": "1",
                            "health_checks.1159595282": "https://www.googleapis.com/compute/v1/projects/waze-development/global/healthChecks/microservice-healthcheck",
                            "id": "alerts-stg-stg1-ibes",
                            "name": "alerts-stg-stg1-ibes",
                            "project": "waze-development",
                            "protocol": "TCP",
                            "region": "europe-west1",
                            "self_link": "https://www.googleapis.com/compute/v1/projects/waze-development/regions/europe-west1/backendServices/alerts-stg-stg1-ibes",
                            "session_affinity": "NONE",
                            "timeout_sec": "30"
                        },
                        "meta": {},
                        "tainted": false
                    },
                    "deposed": [],
                    "provider": "provider.google"
                },
                "google_compute_region_backend_service.ateam_stg_stg1_bes": {
                    "type": "google_compute_region_backend_service",
                    "depends_on": [],
                    "primary": {
                        "id": "ateam-stg-stg1-bes",
                        "attributes": {
                            "backend.#": "1",
                            "backend.2294173168.description": "",
                            "backend.2294173168.group": "https://www.googleapis.com/compute/v1/projects/waze-development/regions/europe-west1/instanceGroups/ateam-stg-stg1-v004",
                            "connection_draining_timeout_sec": "300",
                            "description": "",
                            "fingerprint": "PUXWxMbtVgM=",
                            "health_checks.#": "1",
                            "health_checks.3539866715": "https://www.googleapis.com/compute/v1/projects/waze-development/global/healthChecks/http-healthcheck",
                            "id": "ateam-stg-stg1-bes",
                            "name": "ateam-stg-stg1-bes",
                            "project": "waze-development",
                            "protocol": "TCP",
                            "region": "europe-west1",
                            "self_link": "https://www.googleapis.com/compute/v1/projects/waze-development/regions/europe-west1/backendServices/ateam-stg-stg1-bes",
                            "session_affinity": "NONE",
                            "timeout_sec": "30"
                        },
                        "meta": {},
                        "tainted": false
                    },
                    "deposed": [],
                    "provider": "provider.google"
                },
                "google_compute_region_backend_service.carpool_dev_nyc_stg_stg1_bes": {
                    "type": "google_compute_region_backend_service",
                    "depends_on": [],
                    "primary": {
                        "id": "carpool-dev-nyc-stg-stg1-bes",
                        "attributes": {
                            "backend.#": "1",
                            "backend.3617081825.description": "",
                            "backend.3617081825.group": "https://www.googleapis.com/compute/v1/projects/waze-development/regions/europe-west1/instanceGroups/carpool-dev-nyc-stg-stg1",
                            "connection_draining_timeout_sec": "300",
                            "description": "",
                            "fingerprint": "qt8gsNqV8yM=",
                            "health_checks.#": "1",
                            "health_checks.3539866715": "https://www.googleapis.com/compute/v1/projects/waze-development/global/healthChecks/http-healthcheck",
                            "id": "carpool-dev-nyc-stg-stg1-bes",
                            "name": "carpool-dev-nyc-stg-stg1-bes",
                            "project": "waze-development",
                            "protocol": "TCP",
                            "region": "europe-west1",
                            "self_link": "https://www.googleapis.com/compute/v1/projects/waze-development/regions/europe-west1/backendServices/carpool-dev-nyc-stg-stg1-bes",
                            "session_affinity": "NONE",
                            "timeout_sec": "30"
                        },
                        "meta": {},
                        "tainted": false
                    },
                    "deposed": [],
                    "provider": "provider.google"
                },
                "google_compute_region_backend_service.carpool_memcache_stg_stg1": {
                    "type": "google_compute_region_backend_service",
                    "depends_on": [],
                    "primary": {
                        "id": "carpool-memcache-stg-stg1",
                        "attributes": {
                            "backend.#": "3",
                            "backend.2090390594.description": "",
                            "backend.2090390594.group": "https://www.googleapis.com/compute/v1/projects/waze-development/regions/europe-west1/instanceGroups/carpool-memcached-stg1-v005",
                            "backend.3803708528.description": "",
                            "backend.3803708528.group": "https://www.googleapis.com/compute/v1/projects/waze-development/regions/europe-west1/instanceGroups/staging-memcached-stg1-v001",
                            "backend.775739773.description": "",
                            "backend.775739773.group": "https://www.googleapis.com/compute/v1/projects/waze-development/regions/europe-west1/instanceGroups/ads-memcached-stg1-v001",
                            "connection_draining_timeout_sec": "300",
                            "description": "",
                            "fingerprint": "mgOyOPuUHFk=",
                            "health_checks.#": "1",
                            "health_checks.3305933732": "https://www.googleapis.com/compute/v1/projects/waze-development/global/healthChecks/generic-memcached-hc",
                            "id": "carpool-memcache-stg-stg1",
                            "name": "carpool-memcache-stg-stg1",
                            "project": "waze-development",
                            "protocol": "TCP",
                            "region": "europe-west1",
                            "self_link": "https://www.googleapis.com/compute/v1/projects/waze-development/regions/europe-west1/backendServices/carpool-memcache-stg-stg1",
                            "session_affinity": "NONE",
                            "timeout_sec": "30"
                        },
                        "meta": {},
                        "tainted": false
                    },
                    "deposed": [],
                    "provider": "provider.google"
                },
                "google_compute_region_backend_service.carpoolcommutedaily_modelsbundle_stg1": {
                    "type": "google_compute_region_backend_service",
                    "depends_on": [],
                    "primary": {
                        "id": "carpoolcommutedaily-modelsbundle-stg1",
                        "attributes": {
                            "backend.#": "1",
                            "backend.2351318248.description": "",
                            "backend.2351318248.group": "https://www.googleapis.com/compute/v1/projects/waze-development/regions/europe-west1/instanceGroups/carpoolcommutedaily-modelsbundle-stg1-v016",
                            "connection_draining_timeout_sec": "300",
                            "description": "",
                            "fingerprint": "SQgAAvnUdlo=",
                            "health_checks.#": "1",
                            "health_checks.1159595282": "https://www.googleapis.com/compute/v1/projects/waze-development/global/healthChecks/microservice-healthcheck",
                            "id": "carpoolcommutedaily-modelsbundle-stg1",
                            "name": "carpoolcommutedaily-modelsbundle-stg1",
                            "project": "waze-development",
                            "protocol": "TCP",
                            "region": "europe-west1",
                            "self_link": "https://www.googleapis.com/compute/v1/projects/waze-development/regions/europe-west1/backendServices/carpoolcommutedaily-modelsbundle-stg1",
                            "session_affinity": "NONE",
                            "timeout_sec": "30"
                        },
                        "meta": {},
                        "tainted": false
                    },
                    "deposed": [],
                    "provider": "provider.google"
                },
                "google_compute_region_backend_service.carpoolgroups_stg_stg1_ibes": {
                    "type": "google_compute_region_backend_service",
                    "depends_on": [],
                    "primary": {
                        "id": "carpoolgroups-stg-stg1-ibes",
                        "attributes": {
                            "backend.#": "1",
                            "backend.710591071.description": "",
                            "backend.710591071.group": "https://www.googleapis.com/compute/v1/projects/waze-development/regions/europe-west1/instanceGroups/carpoolgroups-stg-stg1-v079",
                            "connection_draining_timeout_sec": "300",
                            "description": "",
                            "fingerprint": "bbI32ux3ogY=",
                            "health_checks.#": "1",
                            "health_checks.1159595282": "https://www.googleapis.com/compute/v1/projects/waze-development/global/healthChecks/microservice-healthcheck",
                            "id": "carpoolgroups-stg-stg1-ibes",
                            "name": "carpoolgroups-stg-stg1-ibes",
                            "project": "waze-development",
                            "protocol": "TCP",
                            "region": "europe-west1",
                            "self_link": "https://www.googleapis.com/compute/v1/projects/waze-development/regions/europe-west1/backendServices/carpoolgroups-stg-stg1-ibes",
                            "session_affinity": "NONE",
                            "timeout_sec": "30"
                        },
                        "meta": {},
                        "tainted": false
                    },
                    "deposed": [],
                    "provider": "provider.google"
                },
                "google_compute_region_backend_service.carpoolindex_stg_stg1_bes": {
                    "type": "google_compute_region_backend_service",
                    "depends_on": [],
                    "primary": {
                        "id": "carpoolindex-stg-stg1-bes",
                        "attributes": {
                            "backend.#": "1",
                            "backend.1683249346.description": "",
                            "backend.1683249346.group": "https://www.googleapis.com/compute/v1/projects/waze-development/regions/europe-west1/instanceGroups/carpoolindex-stg-stg1-v034",
                            "connection_draining_timeout_sec": "300",
                            "description": "",
                            "fingerprint": "OiaqfMnei9s=",
                            "health_checks.#": "1",
                            "health_checks.3539866715": "https://www.googleapis.com/compute/v1/projects/waze-development/global/healthChecks/http-healthcheck",
                            "id": "carpoolindex-stg-stg1-bes",
                            "name": "carpoolindex-stg-stg1-bes",
                            "project": "waze-development",
                            "protocol": "TCP",
                            "region": "europe-west1",
                            "self_link": "https://www.googleapis.com/compute/v1/projects/waze-development/regions/europe-west1/backendServices/carpoolindex-stg-stg1-bes",
                            "session_affinity": "NONE",
                            "timeout_sec": "30"
                        },
                        "meta": {},
                        "tainted": false
                    },
                    "deposed": [],
                    "provider": "provider.google"
                },
                "google_compute_region_backend_service.carpoolmanager_stg_stg1_ibes": {
                    "type": "google_compute_region_backend_service",
                    "depends_on": [],
                    "primary": {
                        "id": "carpoolmanager-stg-stg1-ibes",
                        "attributes": {
                            "backend.#": "2",
                            "backend.3236735731.description": "",
                            "backend.3236735731.group": "https://www.googleapis.com/compute/v1/projects/waze-development/regions/europe-west1/instanceGroups/carpoolmanager-test-test-shrink-v003",
                            "backend.98959505.description": "",
                            "backend.98959505.group": "https://www.googleapis.com/compute/v1/projects/waze-development/regions/europe-west1/instanceGroups/carpoolmanager-stg-stg1-v290",
                            "connection_draining_timeout_sec": "300",
                            "description": "",
                            "fingerprint": "u1W97C2UPVo=",
                            "health_checks.#": "1",
                            "health_checks.3539866715": "https://www.googleapis.com/compute/v1/projects/waze-development/global/healthChecks/http-healthcheck",
                            "id": "carpoolmanager-stg-stg1-ibes",
                            "name": "carpoolmanager-stg-stg1-ibes",
                            "project": "waze-development",
                            "protocol": "TCP",
                            "region": "europe-west1",
                            "self_link": "https://www.googleapis.com/compute/v1/projects/waze-development/regions/europe-west1/backendServices/carpoolmanager-stg-stg1-ibes",
                            "session_affinity": "NONE",
                            "timeout_sec": "30"
                        },
                        "meta": {},
                        "tainted": false
                    },
                    "deposed": [],
                    "provider": "provider.google"
                },
                "google_compute_region_backend_service.carpoolranking_stg_stg1_ibes": {
                    "type": "google_compute_region_backend_service",
                    "depends_on": [],
                    "primary": {
                        "id": "carpoolranking-stg-stg1-ibes",
                        "attributes": {
                            "backend.#": "1",
                            "backend.1863264128.description": "",
                            "backend.1863264128.group": "https://www.googleapis.com/compute/v1/projects/waze-development/regions/europe-west1/instanceGroups/carpoolranking-stg-stg1-v349",
                            "connection_draining_timeout_sec": "300",
                            "description": "",
                            "fingerprint": "ZhsdPN-L3V4=",
                            "health_checks.#": "1",
                            "health_checks.3539866715": "https://www.googleapis.com/compute/v1/projects/waze-development/global/healthChecks/http-healthcheck",
                            "id": "carpoolranking-stg-stg1-ibes",
                            "name": "carpoolranking-stg-stg1-ibes",
                            "project": "waze-development",
                            "protocol": "TCP",
                            "region": "europe-west1",
                            "self_link": "https://www.googleapis.com/compute/v1/projects/waze-development/regions/europe-west1/backendServices/carpoolranking-stg-stg1-ibes",
                            "session_affinity": "NONE",
                            "timeout_sec": "30"
                        },
                        "meta": {},
                        "tainted": false
                    },
                    "deposed": [],
                    "provider": "provider.google"
                },
                "google_compute_region_backend_service.carpoolreviews_stg_stg1_bes": {
                    "type": "google_compute_region_backend_service",
                    "depends_on": [],
                    "primary": {
                        "id": "carpoolreviews-stg-stg1-bes",
                        "attributes": {
                            "backend.#": "1",
                            "backend.2528694507.description": "",
                            "backend.2528694507.group": "https://www.googleapis.com/compute/v1/projects/waze-development/regions/europe-west1/instanceGroups/carpoolreviews-stg-stg1-v122",
                            "connection_draining_timeout_sec": "300",
                            "description": "",
                            "fingerprint": "PqfuS3rirPU=",
                            "health_checks.#": "1",
                            "health_checks.3539866715": "https://www.googleapis.com/compute/v1/projects/waze-development/global/healthChecks/http-healthcheck",
                            "id": "carpoolreviews-stg-stg1-bes",
                            "name": "carpoolreviews-stg-stg1-bes",
                            "project": "waze-development",
                            "protocol": "TCP",
                            "region": "europe-west1",
                            "self_link": "https://www.googleapis.com/compute/v1/projects/waze-development/regions/europe-west1/backendServices/carpoolreviews-stg-stg1-bes",
                            "session_affinity": "NONE",
                            "timeout_sec": "30"
                        },
                        "meta": {},
                        "tainted": false
                    },
                    "deposed": [],
                    "provider": "provider.google"
                },
                "google_compute_region_backend_service.cars_stg_stg1_ibes": {
                    "type": "google_compute_region_backend_service",
                    "depends_on": [],
                    "primary": {
                        "id": "cars-stg-stg1-ibes",
                        "attributes": {
                            "backend.#": "3",
                            "backend.3978636802.description": "",
                            "backend.3978636802.group": "https://www.googleapis.com/compute/v1/projects/waze-development/regions/europe-west1/instanceGroups/cars-nird-stg1-v002",
                            "backend.4016279643.description": "",
                            "backend.4016279643.group": "https://www.googleapis.com/compute/v1/projects/waze-development/regions/europe-west1/instanceGroups/cars-nird-stg1-v001",
                            "backend.679184367.description": "",
                            "backend.679184367.group": "https://www.googleapis.com/compute/v1/projects/waze-development/regions/europe-west1/instanceGroups/cars-stg-stg1-v080",
                            "connection_draining_timeout_sec": "300",
                            "description": "",
                            "fingerprint": "a2cj_dFk98Y=",
                            "health_checks.#": "1",
                            "health_checks.3539866715": "https://www.googleapis.com/compute/v1/projects/waze-development/global/healthChecks/http-healthcheck",
                            "id": "cars-stg-stg1-ibes",
                            "name": "cars-stg-stg1-ibes",
                            "project": "waze-development",
                            "protocol": "TCP",
                            "region": "europe-west1",
                            "self_link": "https://www.googleapis.com/compute/v1/projects/waze-development/regions/europe-west1/backendServices/cars-stg-stg1-ibes",
                            "session_affinity": "NONE",
                            "timeout_sec": "30"
                        },
                        "meta": {},
                        "tainted": false
                    },
                    "deposed": [],
                    "provider": "provider.google"
                },
                "google_compute_region_backend_service.cartool_stg_stg1_bes": {
                    "type": "google_compute_region_backend_service",
                    "depends_on": [],
                    "primary": {
                        "id": "cartool-stg-stg1-bes",
                        "attributes": {
                            "backend.#": "1",
                            "backend.3623822456.description": "",
                            "backend.3623822456.group": "https://www.googleapis.com/compute/v1/projects/waze-development/regions/europe-west1/instanceGroups/cartool-stg-stg1-v005",
                            "connection_draining_timeout_sec": "300",
                            "description": "",
                            "fingerprint": "VN4G_K5uj24=",
                            "health_checks.#": "1",
                            "health_checks.3539866715": "https://www.googleapis.com/compute/v1/projects/waze-development/global/healthChecks/http-healthcheck",
                            "id": "cartool-stg-stg1-bes",
                            "name": "cartool-stg-stg1-bes",
                            "project": "waze-development",
                            "protocol": "TCP",
                            "region": "europe-west1",
                            "self_link": "https://www.googleapis.com/compute/v1/projects/waze-development/regions/europe-west1/backendServices/cartool-stg-stg1-bes",
                            "session_affinity": "NONE",
                            "timeout_sec": "30"
                        },
                        "meta": {},
                        "tainted": false
                    },
                    "deposed": [],
                    "provider": "provider.google"
                },
                "google_compute_region_backend_service.dbeventwriter_stg_stg1_ibes": {
                    "type": "google_compute_region_backend_service",
                    "depends_on": [],
                    "primary": {
                        "id": "dbeventwriter-stg-stg1-ibes",
                        "attributes": {
                            "backend.#": "1",
                            "backend.1934991144.description": "",
                            "backend.1934991144.group": "https://www.googleapis.com/compute/v1/projects/waze-development/regions/europe-west1/instanceGroups/dbeventwriter-stg-stg1-v002",
                            "connection_draining_timeout_sec": "300",
                            "description": "",
                            "fingerprint": "F7gEzunzQgA=",
                            "health_checks.#": "1",
                            "health_checks.3539866715": "https://www.googleapis.com/compute/v1/projects/waze-development/global/healthChecks/http-healthcheck",
                            "id": "dbeventwriter-stg-stg1-ibes",
                            "name": "dbeventwriter-stg-stg1-ibes",
                            "project": "waze-development",
                            "protocol": "TCP",
                            "region": "europe-west1",
                            "self_link": "https://www.googleapis.com/compute/v1/projects/waze-development/regions/europe-west1/backendServices/dbeventwriter-stg-stg1-ibes",
                            "session_affinity": "NONE",
                            "timeout_sec": "30"
                        },
                        "meta": {},
                        "tainted": false
                    },
                    "deposed": [],
                    "provider": "provider.google"
                },
                "google_compute_region_backend_service.descartes_dev_stg1_ibes": {
                    "type": "google_compute_region_backend_service",
                    "depends_on": [],
                    "primary": {
                        "id": "descartes-dev-stg1-ibes",
                        "attributes": {
                            "backend.#": "2",
                            "backend.1490745960.description": "",
                            "backend.1490745960.group": "https://www.googleapis.com/compute/v1/projects/waze-development/regions/europe-west1/instanceGroups/descartes-dev-stg1-v000",
                            "backend.1494782047.description": "",
                            "backend.1494782047.group": "https://www.googleapis.com/compute/v1/projects/waze-development/regions/europe-west1/instanceGroups/descartes-dev-stg1-v001",
                            "connection_draining_timeout_sec": "300",
                            "description": "",
                            "fingerprint": "yKW5fvreL4Q=",
                            "health_checks.#": "1",
                            "health_checks.3539866715": "https://www.googleapis.com/compute/v1/projects/waze-development/global/healthChecks/http-healthcheck",
                            "id": "descartes-dev-stg1-ibes",
                            "name": "descartes-dev-stg1-ibes",
                            "project": "waze-development",
                            "protocol": "TCP",
                            "region": "europe-west1",
                            "self_link": "https://www.googleapis.com/compute/v1/projects/waze-development/regions/europe-west1/backendServices/descartes-dev-stg1-ibes",
                            "session_affinity": "NONE",
                            "timeout_sec": "30"
                        },
                        "meta": {},
                        "tainted": false
                    },
                    "deposed": [],
                    "provider": "provider.google"
                },
                "google_compute_region_backend_service.descartes_stg_stg1_ibes": {
                    "type": "google_compute_region_backend_service",
                    "depends_on": [],
                    "primary": {
                        "id": "descartes-stg-stg1-ibes",
                        "attributes": {
                            "backend.#": "1",
                            "backend.2901132586.description": "",
                            "backend.2901132586.group": "https://www.googleapis.com/compute/v1/projects/waze-development/regions/europe-west1/instanceGroups/descartes-stg-stg1-v011",
                            "connection_draining_timeout_sec": "300",
                            "description": "",
                            "fingerprint": "GDseL_W2Zc4=",
                            "health_checks.#": "1",
                            "health_checks.3539866715": "https://www.googleapis.com/compute/v1/projects/waze-development/global/healthChecks/http-healthcheck",
                            "id": "descartes-stg-stg1-ibes",
                            "name": "descartes-stg-stg1-ibes",
                            "project": "waze-development",
                            "protocol": "TCP",
                            "region": "europe-west1",
                            "self_link": "https://www.googleapis.com/compute/v1/projects/waze-development/regions/europe-west1/backendServices/descartes-stg-stg1-ibes",
                            "session_affinity": "NONE",
                            "timeout_sec": "30"
                        },
                        "meta": {},
                        "tainted": false
                    },
                    "deposed": [],
                    "provider": "provider.google"
                },
                "google_compute_region_backend_service.driveplanner_stg_stg1_bes": {
                    "type": "google_compute_region_backend_service",
                    "depends_on": [],
                    "primary": {
                        "id": "driveplanner-stg-stg1-bes",
                        "attributes": {
                            "backend.#": "1",
                            "backend.4017100125.description": "",
                            "backend.4017100125.group": "https://www.googleapis.com/compute/v1/projects/waze-development/regions/europe-west1/instanceGroups/driveplanner-stg-stg1-v004",
                            "connection_draining_timeout_sec": "300",
                            "description": "",
                            "fingerprint": "cZPbVJurLbs=",
                            "health_checks.#": "1",
                            "health_checks.3539866715": "https://www.googleapis.com/compute/v1/projects/waze-development/global/healthChecks/http-healthcheck",
                            "id": "driveplanner-stg-stg1-bes",
                            "name": "driveplanner-stg-stg1-bes",
                            "project": "waze-development",
                            "protocol": "TCP",
                            "region": "europe-west1",
                            "self_link": "https://www.googleapis.com/compute/v1/projects/waze-development/regions/europe-west1/backendServices/driveplanner-stg-stg1-bes",
                            "session_affinity": "NONE",
                            "timeout_sec": "30"
                        },
                        "meta": {},
                        "tainted": false
                    },
                    "deposed": [],
                    "provider": "provider.google"
                },
                "google_compute_region_backend_service.engagement_stg_stg1_bes": {
                    "type": "google_compute_region_backend_service",
                    "depends_on": [],
                    "primary": {
                        "id": "engagement-stg-stg1-bes",
                        "attributes": {
                            "backend.#": "1",
                            "backend.3499087274.description": "",
                            "backend.3499087274.group": "https://www.googleapis.com/compute/v1/projects/waze-development/regions/europe-west1/instanceGroups/engagement-stg-stg1-v013",
                            "connection_draining_timeout_sec": "300",
                            "description": "",
                            "fingerprint": "lYZpXHrLOlI=",
                            "health_checks.#": "1",
                            "health_checks.3539866715": "https://www.googleapis.com/compute/v1/projects/waze-development/global/healthChecks/http-healthcheck",
                            "id": "engagement-stg-stg1-bes",
                            "name": "engagement-stg-stg1-bes",
                            "project": "waze-development",
                            "protocol": "TCP",
                            "region": "europe-west1",
                            "self_link": "https://www.googleapis.com/compute/v1/projects/waze-development/regions/europe-west1/backendServices/engagement-stg-stg1-bes",
                            "session_affinity": "NONE",
                            "timeout_sec": "30"
                        },
                        "meta": {},
                        "tainted": false
                    },
                    "deposed": [],
                    "provider": "provider.google"
                },
                "google_compute_region_backend_service.fluentd_forwarder_ng": {
                    "type": "google_compute_region_backend_service",
                    "depends_on": [],
                    "primary": {
                        "id": "fluentd-forwarder-ng",
                        "attributes": {
                            "backend.#": "1",
                            "backend.4283540305.description": "",
                            "backend.4283540305.group": "https://www.googleapis.com/compute/v1/projects/waze-development/regions/europe-west1/instanceGroups/fluentd-forwarder-ng-stg1-v013",
                            "connection_draining_timeout_sec": "300",
                            "description": "",
                            "fingerprint": "cZGo5ic9Azw=",
                            "health_checks.#": "1",
                            "health_checks.3555862669": "https://www.googleapis.com/compute/v1/projects/waze-development/global/healthChecks/fluentd-hc",
                            "id": "fluentd-forwarder-ng",
                            "name": "fluentd-forwarder-ng",
                            "project": "waze-development",
                            "protocol": "TCP",
                            "region": "europe-west1",
                            "self_link": "https://www.googleapis.com/compute/v1/projects/waze-development/regions/europe-west1/backendServices/fluentd-forwarder-ng",
                            "session_affinity": "NONE",
                            "timeout_sec": "30"
                        },
                        "meta": {},
                        "tainted": false
                    },
                    "deposed": [],
                    "provider": "provider.google"
                },
                "google_compute_region_backend_service.fluentd_forwarder_stg": {
                    "type": "google_compute_region_backend_service",
                    "depends_on": [],
                    "primary": {
                        "id": "fluentd-forwarder-stg",
                        "attributes": {
                            "backend.#": "1",
                            "backend.1673256348.description": "",
                            "backend.1673256348.group": "https://www.googleapis.com/compute/v1/projects/waze-development/zones/europe-west1-d/instanceGroups/fluentd-forwarder-stg1-v002",
                            "connection_draining_timeout_sec": "300",
                            "description": "",
                            "fingerprint": "upPKuqAZrFI=",
                            "health_checks.#": "1",
                            "health_checks.3555862669": "https://www.googleapis.com/compute/v1/projects/waze-development/global/healthChecks/fluentd-hc",
                            "id": "fluentd-forwarder-stg",
                            "name": "fluentd-forwarder-stg",
                            "project": "waze-development",
                            "protocol": "TCP",
                            "region": "europe-west1",
                            "self_link": "https://www.googleapis.com/compute/v1/projects/waze-development/regions/europe-west1/backendServices/fluentd-forwarder-stg",
                            "session_affinity": "NONE",
                            "timeout_sec": "30"
                        },
                        "meta": {},
                        "tainted": false
                    },
                    "deposed": [],
                    "provider": "provider.google"
                },
                "google_compute_region_backend_service.gagentproxy_stg_stg1_ibes": {
                    "type": "google_compute_region_backend_service",
                    "depends_on": [],
                    "primary": {
                        "id": "gagentproxy-stg-stg1-ibes",
                        "attributes": {
                            "backend.#": "1",
                            "backend.616341040.description": "",
                            "backend.616341040.group": "https://www.googleapis.com/compute/v1/projects/waze-development/regions/europe-west1/instanceGroups/gagentproxy-stg-stg1-v015",
                            "connection_draining_timeout_sec": "300",
                            "description": "",
                            "fingerprint": "FHZ1lmcl1S8=",
                            "health_checks.#": "1",
                            "health_checks.3539866715": "https://www.googleapis.com/compute/v1/projects/waze-development/global/healthChecks/http-healthcheck",
                            "id": "gagentproxy-stg-stg1-ibes",
                            "name": "gagentproxy-stg-stg1-ibes",
                            "project": "waze-development",
                            "protocol": "TCP",
                            "region": "europe-west1",
                            "self_link": "https://www.googleapis.com/compute/v1/projects/waze-development/regions/europe-west1/backendServices/gagentproxy-stg-stg1-ibes",
                            "session_affinity": "NONE",
                            "timeout_sec": "30"
                        },
                        "meta": {},
                        "tainted": false
                    },
                    "deposed": [],
                    "provider": "provider.google"
                },
                "google_compute_region_backend_service.gamingserver_stg_stg1_bes": {
                    "type": "google_compute_region_backend_service",
                    "depends_on": [],
                    "primary": {
                        "id": "gamingserver-stg-stg1-bes",
                        "attributes": {
                            "backend.#": "1",
                            "backend.620946727.description": "",
                            "backend.620946727.group": "https://www.googleapis.com/compute/v1/projects/waze-development/regions/europe-west1/instanceGroups/gamingserver-stg-stg1-v001",
                            "connection_draining_timeout_sec": "300",
                            "description": "",
                            "fingerprint": "GUDB9yW-F6A=",
                            "health_checks.#": "1",
                            "health_checks.3539866715": "https://www.googleapis.com/compute/v1/projects/waze-development/global/healthChecks/http-healthcheck",
                            "id": "gamingserver-stg-stg1-bes",
                            "name": "gamingserver-stg-stg1-bes",
                            "project": "waze-development",
                            "protocol": "TCP",
                            "region": "europe-west1",
                            "self_link": "https://www.googleapis.com/compute/v1/projects/waze-development/regions/europe-west1/backendServices/gamingserver-stg-stg1-bes",
                            "session_affinity": "NONE",
                            "timeout_sec": "30"
                        },
                        "meta": {},
                        "tainted": false
                    },
                    "deposed": [],
                    "provider": "provider.google"
                },
                "google_compute_region_backend_service.geocodingserver_incremental_stg_stg1_ibes": {
                    "type": "google_compute_region_backend_service",
                    "depends_on": [],
                    "primary": {
                        "id": "geocodingserver-incremental-stg-stg1-ibes",
                        "attributes": {
                            "backend.#": "1",
                            "backend.4107861006.description": "",
                            "backend.4107861006.group": "https://www.googleapis.com/compute/v1/projects/waze-development/regions/europe-west1/instanceGroups/geocodingserver-incremental-stg-stg1-v018",
                            "connection_draining_timeout_sec": "300",
                            "description": "",
                            "fingerprint": "K84LE_z7PP8=",
                            "health_checks.#": "1",
                            "health_checks.3539866715": "https://www.googleapis.com/compute/v1/projects/waze-development/global/healthChecks/http-healthcheck",
                            "id": "geocodingserver-incremental-stg-stg1-ibes",
                            "name": "geocodingserver-incremental-stg-stg1-ibes",
                            "project": "waze-development",
                            "protocol": "TCP",
                            "region": "europe-west1",
                            "self_link": "https://www.googleapis.com/compute/v1/projects/waze-development/regions/europe-west1/backendServices/geocodingserver-incremental-stg-stg1-ibes",
                            "session_affinity": "NONE",
                            "timeout_sec": "30"
                        },
                        "meta": {},
                        "tainted": false
                    },
                    "deposed": [],
                    "provider": "provider.google"
                },
                "google_compute_region_backend_service.geocodingserver_offline_stg_stg1_ibes": {
                    "type": "google_compute_region_backend_service",
                    "depends_on": [],
                    "primary": {
                        "id": "geocodingserver-offline-stg-stg1-ibes",
                        "attributes": {
                            "backend.#": "1",
                            "backend.388049192.description": "",
                            "backend.388049192.group": "https://www.googleapis.com/compute/v1/projects/waze-development/regions/europe-west1/instanceGroups/geocodingserver-offline-stg-stg1-v024",
                            "connection_draining_timeout_sec": "300",
                            "description": "",
                            "fingerprint": "KfcPpjFmlGA=",
                            "health_checks.#": "1",
                            "health_checks.3539866715": "https://www.googleapis.com/compute/v1/projects/waze-development/global/healthChecks/http-healthcheck",
                            "id": "geocodingserver-offline-stg-stg1-ibes",
                            "name": "geocodingserver-offline-stg-stg1-ibes",
                            "project": "waze-development",
                            "protocol": "TCP",
                            "region": "europe-west1",
                            "self_link": "https://www.googleapis.com/compute/v1/projects/waze-development/regions/europe-west1/backendServices/geocodingserver-offline-stg-stg1-ibes",
                            "session_affinity": "NONE",
                            "timeout_sec": "30"
                        },
                        "meta": {},
                        "tainted": false
                    },
                    "deposed": [],
                    "provider": "provider.google"
                },
                "google_compute_region_backend_service.georegistry_internal_stg": {
                    "type": "google_compute_region_backend_service",
                    "depends_on": [],
                    "primary": {
                        "id": "georegistry-internal-stg",
                        "attributes": {
                            "backend.#": "1",
                            "backend.77521515.description": "",
                            "backend.77521515.group": "https://www.googleapis.com/compute/v1/projects/waze-development/regions/europe-west1/instanceGroups/georegistry-stg-stg1-v157",
                            "connection_draining_timeout_sec": "300",
                            "description": "",
                            "fingerprint": "QKJJgFSfj24=",
                            "health_checks.#": "1",
                            "health_checks.4010115412": "https://www.googleapis.com/compute/v1/projects/waze-development/global/healthChecks/georegistry-healthcheck",
                            "id": "georegistry-internal-stg",
                            "name": "georegistry-internal-stg",
                            "project": "waze-development",
                            "protocol": "TCP",
                            "region": "europe-west1",
                            "self_link": "https://www.googleapis.com/compute/v1/projects/waze-development/regions/europe-west1/backendServices/georegistry-internal-stg",
                            "session_affinity": "NONE",
                            "timeout_sec": "30"
                        },
                        "meta": {},
                        "tainted": false
                    },
                    "deposed": [],
                    "provider": "provider.google"
                },
                "google_compute_region_backend_service.georegistry_offline_stg_stg1": {
                    "type": "google_compute_region_backend_service",
                    "depends_on": [],
                    "primary": {
                        "id": "georegistry-offline-stg-stg1",
                        "attributes": {
                            "backend.#": "1",
                            "backend.1148573031.description": "",
                            "backend.1148573031.group": "https://www.googleapis.com/compute/v1/projects/waze-development/regions/europe-west1/instanceGroups/georegistry-offline-stg-stg1-v004",
                            "connection_draining_timeout_sec": "300",
                            "description": "",
                            "fingerprint": "IzvepAmMjWs=",
                            "health_checks.#": "1",
                            "health_checks.4010115412": "https://www.googleapis.com/compute/v1/projects/waze-development/global/healthChecks/georegistry-healthcheck",
                            "id": "georegistry-offline-stg-stg1",
                            "name": "georegistry-offline-stg-stg1",
                            "project": "waze-development",
                            "protocol": "TCP",
                            "region": "europe-west1",
                            "self_link": "https://www.googleapis.com/compute/v1/projects/waze-development/regions/europe-west1/backendServices/georegistry-offline-stg-stg1",
                            "session_affinity": "NONE",
                            "timeout_sec": "30"
                        },
                        "meta": {},
                        "tainted": false
                    },
                    "deposed": [],
                    "provider": "provider.google"
                },
                "google_compute_region_backend_service.georegistry_redis_stg_stg1_ibes": {
                    "type": "google_compute_region_backend_service",
                    "depends_on": [],
                    "primary": {
                        "id": "georegistry-redis-stg-stg1-ibes",
                        "attributes": {
                            "backend.#": "0",
                            "connection_draining_timeout_sec": "300",
                            "description": "",
                            "fingerprint": "fiYBITIcP7w=",
                            "health_checks.#": "1",
                            "health_checks.1159595282": "https://www.googleapis.com/compute/v1/projects/waze-development/global/healthChecks/microservice-healthcheck",
                            "id": "georegistry-redis-stg-stg1-ibes",
                            "name": "georegistry-redis-stg-stg1-ibes",
                            "project": "waze-development",
                            "protocol": "TCP",
                            "region": "europe-west1",
                            "self_link": "https://www.googleapis.com/compute/v1/projects/waze-development/regions/europe-west1/backendServices/georegistry-redis-stg-stg1-ibes",
                            "session_affinity": "NONE",
                            "timeout_sec": "30"
                        },
                        "meta": {},
                        "tainted": false
                    },
                    "deposed": [],
                    "provider": "provider.google"
                },
                "google_compute_region_backend_service.internal_merger_jupyter_staging_debug": {
                    "type": "google_compute_region_backend_service",
                    "depends_on": [],
                    "primary": {
                        "id": "internal-merger-jupyter-staging-debug",
                        "attributes": {
                            "backend.#": "1",
                            "backend.3276705393.description": "",
                            "backend.3276705393.group": "https://www.googleapis.com/compute/v1/projects/waze-development/zones/europe-west1-d/instanceGroups/merger-jupyter-staging",
                            "connection_draining_timeout_sec": "300",
                            "description": "",
                            "fingerprint": "I5RfKx3Jx1o=",
                            "health_checks.#": "1",
                            "health_checks.1320241265": "https://www.googleapis.com/compute/v1/projects/waze-development/global/healthChecks/jupyter-stg-healthcheck",
                            "id": "internal-merger-jupyter-staging-debug",
                            "name": "internal-merger-jupyter-staging-debug",
                            "project": "waze-development",
                            "protocol": "TCP",
                            "region": "europe-west1",
                            "self_link": "https://www.googleapis.com/compute/v1/projects/waze-development/regions/europe-west1/backendServices/internal-merger-jupyter-staging-debug",
                            "session_affinity": "NONE",
                            "timeout_sec": "30"
                        },
                        "meta": {},
                        "tainted": false
                    },
                    "deposed": [],
                    "provider": "provider.google"
                },
                "google_compute_region_backend_service.mapnikserver_editor_stg1": {
                    "type": "google_compute_region_backend_service",
                    "depends_on": [],
                    "primary": {
                        "id": "mapnikserver-editor-stg1",
                        "attributes": {
                            "backend.#": "0",
                            "connection_draining_timeout_sec": "300",
                            "description": "",
                            "fingerprint": "JP5QpG1z3gA=",
                            "health_checks.#": "1",
                            "health_checks.1310295052": "https://www.googleapis.com/compute/v1/projects/waze-development/global/healthChecks/mapnik-livemap-hc",
                            "id": "mapnikserver-editor-stg1",
                            "name": "mapnikserver-editor-stg1",
                            "project": "waze-development",
                            "protocol": "TCP",
                            "region": "europe-west1",
                            "self_link": "https://www.googleapis.com/compute/v1/projects/waze-development/regions/europe-west1/backendServices/mapnikserver-editor-stg1",
                            "session_affinity": "NONE",
                            "timeout_sec": "30"
                        },
                        "meta": {},
                        "tainted": false
                    },
                    "deposed": [],
                    "provider": "provider.google"
                },
                "google_compute_region_backend_service.metrics_stg_stg1": {
                    "type": "google_compute_region_backend_service",
                    "depends_on": [],
                    "primary": {
                        "id": "metrics-stg-stg1",
                        "attributes": {
                            "backend.#": "1",
                            "backend.3927888310.description": "",
                            "backend.3927888310.group": "https://www.googleapis.com/compute/v1/projects/waze-development/zones/europe-west1-d/instanceGroups/metrics-stg-stg1-v061",
                            "connection_draining_timeout_sec": "300",
                            "description": "",
                            "fingerprint": "fY0VFSnEQEc=",
                            "health_checks.#": "1",
                            "health_checks.1159595282": "https://www.googleapis.com/compute/v1/projects/waze-development/global/healthChecks/microservice-healthcheck",
                            "id": "metrics-stg-stg1",
                            "name": "metrics-stg-stg1",
                            "project": "waze-development",
                            "protocol": "TCP",
                            "region": "europe-west1",
                            "self_link": "https://www.googleapis.com/compute/v1/projects/waze-development/regions/europe-west1/backendServices/metrics-stg-stg1",
                            "session_affinity": "NONE",
                            "timeout_sec": "30"
                        },
                        "meta": {},
                        "tainted": false
                    },
                    "deposed": [],
                    "provider": "provider.google"
                },
                "google_compute_region_backend_service.microservice_stg_internal": {
                    "type": "google_compute_region_backend_service",
                    "depends_on": [],
                    "primary": {
                        "id": "microservice-stg-internal",
                        "attributes": {
                            "backend.#": "34",
                            "backend.109884391.description": "",
                            "backend.109884391.group": "https://www.googleapis.com/compute/v1/projects/waze-development/regions/europe-west1/instanceGroups/geoindex-stg-stg1-v010",
                            "backend.1137758833.description": "",
                            "backend.1137758833.group": "https://www.googleapis.com/compute/v1/projects/waze-development/regions/europe-west1/instanceGroups/carpoolpricing-stg-stg1-v520",
                            "backend.1156227891.description": "",
                            "backend.1156227891.group": "https://www.googleapis.com/compute/v1/projects/waze-development/regions/europe-west1/instanceGroups/datasetmanager-stg-stg1-v003",
                            "backend.166388545.description": "",
                            "backend.166388545.group": "https://www.googleapis.com/compute/v1/projects/waze-development/regions/europe-west1/instanceGroups/carpoolmatching-stg-stg1-v579",
                            "backend.1670862118.description": "",
                            "backend.1670862118.group": "https://www.googleapis.com/compute/v1/projects/waze-development/regions/europe-west1/instanceGroups/usertracking-stg-stg1-v001",
                            "backend.1953888892.description": "",
                            "backend.1953888892.group": "https://www.googleapis.com/compute/v1/projects/waze-development/regions/europe-west1/instanceGroups/brandsserver-stg-stg1-v001",
                            "backend.1974964299.description": "",
                            "backend.1974964299.group": "https://www.googleapis.com/compute/v1/projects/waze-development/regions/europe-west1/instanceGroups/brandsserver-stg-stg1-v000",
                            "backend.1977901999.description": "",
                            "backend.1977901999.group": "https://www.googleapis.com/compute/v1/projects/waze-development/zones/europe-west1-d/instanceGroups/configuration-stg-stg1-v006",
                            "backend.2171783180.description": "",
                            "backend.2171783180.group": "https://www.googleapis.com/compute/v1/projects/waze-development/regions/europe-west1/instanceGroups/adreports-placed-stg-stg1-v006",
                            "backend.2340663729.description": "",
                            "backend.2340663729.group": "https://www.googleapis.com/compute/v1/projects/waze-development/regions/europe-west1/instanceGroups/carpooldispatcher-stg-stg1-v120",
                            "backend.242908053.description": "",
                            "backend.242908053.group": "https://www.googleapis.com/compute/v1/projects/waze-development/regions/europe-west1/instanceGroups/mte-stg-stg1-v003",
                            "backend.2441046445.description": "",
                            "backend.2441046445.group": "https://www.googleapis.com/compute/v1/projects/waze-development/regions/europe-west1/instanceGroups/carpooltesting-stg-infra-stg1-v010",
                            "backend.2566209659.description": "",
                            "backend.2566209659.group": "https://www.googleapis.com/compute/v1/projects/waze-development/regions/europe-west1/instanceGroups/dockermanager-stg-stg1-v010",
                            "backend.2585163321.description": "",
                            "backend.2585163321.group": "https://www.googleapis.com/compute/v1/projects/waze-development/regions/europe-west1/instanceGroups/adpacing-stg-stg1-v404",
                            "backend.2622874775.description": "",
                            "backend.2622874775.group": "https://www.googleapis.com/compute/v1/projects/waze-development/regions/europe-west1/instanceGroups/trip-server-stg1-v016",
                            "backend.2637826597.description": "",
                            "backend.2637826597.group": "https://www.googleapis.com/compute/v1/projects/waze-development/regions/europe-west1/instanceGroups/mapcomments-stg-stg1-v011",
                            "backend.2663308875.description": "",
                            "backend.2663308875.group": "https://www.googleapis.com/compute/v1/projects/waze-development/regions/europe-west1/instanceGroups/mapcomments-stg-stg1-v013",
                            "backend.2857441760.description": "",
                            "backend.2857441760.group": "https://www.googleapis.com/compute/v1/projects/waze-development/regions/europe-west1/instanceGroups/carpoolactivity-stg-stg1-v187",
                            "backend.2958472432.description": "",
                            "backend.2958472432.group": "https://www.googleapis.com/compute/v1/projects/waze-development/regions/europe-west1/instanceGroups/regressionchecker-stg-stg1-v014",
                            "backend.3172316522.description": "",
                            "backend.3172316522.group": "https://www.googleapis.com/compute/v1/projects/waze-development/regions/europe-west1/instanceGroups/voiceprompts-stg-stg1-v004",
                            "backend.3287772350.description": "",
                            "backend.3287772350.group": "https://www.googleapis.com/compute/v1/projects/waze-development/regions/europe-west1/instanceGroups/adreports-advise-stg-stg1-v005",
                            "backend.3461620123.description": "",
                            "backend.3461620123.group": "https://www.googleapis.com/compute/v1/projects/waze-development/regions/europe-west1/instanceGroups/carpooltesting-stg-stg1-v023",
                            "backend.3493055441.description": "",
                            "backend.3493055441.group": "https://www.googleapis.com/compute/v1/projects/waze-development/regions/europe-west1/instanceGroups/elton-stg-stg1-v015",
                            "backend.3606395702.description": "",
                            "backend.3606395702.group": "https://www.googleapis.com/compute/v1/projects/waze-development/regions/europe-west1/instanceGroups/carpoolserver-stg-stg1-v001",
                            "backend.3662186846.description": "",
                            "backend.3662186846.group": "https://www.googleapis.com/compute/v1/projects/waze-development/regions/europe-west1/instanceGroups/carpooltesting-stg-trip-stg1-v003",
                            "backend.3776208917.description": "",
                            "backend.3776208917.group": "https://www.googleapis.com/compute/v1/projects/waze-development/regions/europe-west1/instanceGroups/pointsserver-staging-stg1-v008",
                            "backend.3868344596.description": "",
                            "backend.3868344596.group": "https://www.googleapis.com/compute/v1/projects/waze-development/regions/europe-west1/instanceGroups/topiceventsdistributor-stg-stg1-v032",
                            "backend.3873112736.description": "",
                            "backend.3873112736.group": "https://www.googleapis.com/compute/v1/projects/waze-development/regions/europe-west1/instanceGroups/carpooltesting-stg-scheduler-stg1-v003",
                            "backend.411926056.description": "",
                            "backend.411926056.group": "https://www.googleapis.com/compute/v1/projects/waze-development/regions/europe-west1/instanceGroups/carpoolcommute-stg-stg1-v293",
                            "backend.738867704.description": "",
                            "backend.738867704.group": "https://www.googleapis.com/compute/v1/projects/waze-development/regions/europe-west1/instanceGroups/closures-stg-stg1-v002",
                            "backend.768103375.description": "",
                            "backend.768103375.group": "https://www.googleapis.com/compute/v1/projects/waze-development/regions/europe-west1/instanceGroups/closures-stg-stg1-v003",
                            "backend.852839127.description": "",
                            "backend.852839127.group": "https://www.googleapis.com/compute/v1/projects/waze-development/regions/europe-west1/instanceGroups/adreports-session-stg-stg1-v034",
                            "backend.860102009.description": "",
                            "backend.860102009.group": "https://www.googleapis.com/compute/v1/projects/waze-development/regions/europe-west1/instanceGroups/carpooladapter-stg-stg1-v642",
                            "backend.944208691.description": "",
                            "backend.944208691.group": "https://www.googleapis.com/compute/v1/projects/waze-development/regions/europe-west1/instanceGroups/pickups-stg-v004",
                            "connection_draining_timeout_sec": "300",
                            "description": "",
                            "fingerprint": "MEAV6B4_mfQ=",
                            "health_checks.#": "1",
                            "health_checks.1159595282": "https://www.googleapis.com/compute/v1/projects/waze-development/global/healthChecks/microservice-healthcheck",
                            "id": "microservice-stg-internal",
                            "name": "microservice-stg-internal",
                            "project": "waze-development",
                            "protocol": "TCP",
                            "region": "europe-west1",
                            "self_link": "https://www.googleapis.com/compute/v1/projects/waze-development/regions/europe-west1/backendServices/microservice-stg-internal",
                            "session_affinity": "NONE",
                            "timeout_sec": "30"
                        },
                        "meta": {},
                        "tainted": false
                    },
                    "deposed": [],
                    "provider": "provider.google"
                },
                "google_compute_region_backend_service.permits_stg_stg1_ibes": {
                    "type": "google_compute_region_backend_service",
                    "depends_on": [],
                    "primary": {
                        "id": "permits-stg-stg1-ibes",
                        "attributes": {
                            "backend.#": "1",
                            "backend.3296530348.description": "",
                            "backend.3296530348.group": "https://www.googleapis.com/compute/v1/projects/waze-development/regions/europe-west1/instanceGroups/permits-stg-stg1-v011",
                            "connection_draining_timeout_sec": "300",
                            "description": "",
                            "fingerprint": "S_lrSZJ8XVI=",
                            "health_checks.#": "1",
                            "health_checks.1159595282": "https://www.googleapis.com/compute/v1/projects/waze-development/global/healthChecks/microservice-healthcheck",
                            "id": "permits-stg-stg1-ibes",
                            "name": "permits-stg-stg1-ibes",
                            "project": "waze-development",
                            "protocol": "TCP",
                            "region": "europe-west1",
                            "self_link": "https://www.googleapis.com/compute/v1/projects/waze-development/regions/europe-west1/backendServices/permits-stg-stg1-ibes",
                            "session_affinity": "NONE",
                            "timeout_sec": "30"
                        },
                        "meta": {},
                        "tainted": false
                    },
                    "deposed": [],
                    "provider": "provider.google"
                },
                "google_compute_region_backend_service.piitool_stg_stg1_ibes": {
                    "type": "google_compute_region_backend_service",
                    "depends_on": [],
                    "primary": {
                        "id": "piitool-stg-stg1-ibes",
                        "attributes": {
                            "backend.#": "1",
                            "backend.2939164063.description": "",
                            "backend.2939164063.group": "https://www.googleapis.com/compute/v1/projects/waze-development/regions/europe-west1/instanceGroups/piitool-stg-stg1-v029",
                            "connection_draining_timeout_sec": "300",
                            "description": "",
                            "fingerprint": "LS6nRxBFC0c=",
                            "health_checks.#": "1",
                            "health_checks.3539866715": "https://www.googleapis.com/compute/v1/projects/waze-development/global/healthChecks/http-healthcheck",
                            "id": "piitool-stg-stg1-ibes",
                            "name": "piitool-stg-stg1-ibes",
                            "project": "waze-development",
                            "protocol": "TCP",
                            "region": "europe-west1",
                            "self_link": "https://www.googleapis.com/compute/v1/projects/waze-development/regions/europe-west1/backendServices/piitool-stg-stg1-ibes",
                            "session_affinity": "NONE",
                            "timeout_sec": "30"
                        },
                        "meta": {},
                        "tainted": false
                    },
                    "deposed": [],
                    "provider": "provider.google"
                },
                "google_compute_region_backend_service.preferences_stg_stg1_bes": {
                    "type": "google_compute_region_backend_service",
                    "depends_on": [],
                    "primary": {
                        "id": "preferences-stg-stg1-bes",
                        "attributes": {
                            "backend.#": "1",
                            "backend.2137602069.description": "",
                            "backend.2137602069.group": "https://www.googleapis.com/compute/v1/projects/waze-development/regions/europe-west1/instanceGroups/preferences-stg-stg1-v004",
                            "connection_draining_timeout_sec": "300",
                            "description": "",
                            "fingerprint": "_wERWU18N6I=",
                            "health_checks.#": "1",
                            "health_checks.3539866715": "https://www.googleapis.com/compute/v1/projects/waze-development/global/healthChecks/http-healthcheck",
                            "id": "preferences-stg-stg1-bes",
                            "name": "preferences-stg-stg1-bes",
                            "project": "waze-development",
                            "protocol": "TCP",
                            "region": "europe-west1",
                            "self_link": "https://www.googleapis.com/compute/v1/projects/waze-development/regions/europe-west1/backendServices/preferences-stg-stg1-bes",
                            "session_affinity": "NONE",
                            "timeout_sec": "30"
                        },
                        "meta": {},
                        "tainted": false
                    },
                    "deposed": [],
                    "provider": "provider.google"
                },
                "google_compute_region_backend_service.prompto_stg_stg1_ibes": {
                    "type": "google_compute_region_backend_service",
                    "depends_on": [],
                    "primary": {
                        "id": "prompto-stg-stg1-ibes",
                        "attributes": {
                            "backend.#": "0",
                            "connection_draining_timeout_sec": "300",
                            "description": "",
                            "fingerprint": "aQTdOeSVmLg=",
                            "health_checks.#": "1",
                            "health_checks.3539866715": "https://www.googleapis.com/compute/v1/projects/waze-development/global/healthChecks/http-healthcheck",
                            "id": "prompto-stg-stg1-ibes",
                            "name": "prompto-stg-stg1-ibes",
                            "project": "waze-development",
                            "protocol": "TCP",
                            "region": "europe-west1",
                            "self_link": "https://www.googleapis.com/compute/v1/projects/waze-development/regions/europe-west1/backendServices/prompto-stg-stg1-ibes",
                            "session_affinity": "NONE",
                            "timeout_sec": "30"
                        },
                        "meta": {},
                        "tainted": false
                    },
                    "deposed": [],
                    "provider": "provider.google"
                },
                "google_compute_region_backend_service.realtime_proxy_stg_management_stg1": {
                    "type": "google_compute_region_backend_service",
                    "depends_on": [],
                    "primary": {
                        "id": "realtime-proxy-stg-management-stg1",
                        "attributes": {
                            "backend.#": "0",
                            "connection_draining_timeout_sec": "300",
                            "description": "",
                            "fingerprint": "B7ygiYM-6bM=",
                            "health_checks.#": "1",
                            "health_checks.3010980139": "https://www.googleapis.com/compute/v1/projects/waze-development/global/healthChecks/realtime-proxy-stg-hc",
                            "id": "realtime-proxy-stg-management-stg1",
                            "name": "realtime-proxy-stg-management-stg1",
                            "project": "waze-development",
                            "protocol": "TCP",
                            "region": "europe-west1",
                            "self_link": "https://www.googleapis.com/compute/v1/projects/waze-development/regions/europe-west1/backendServices/realtime-proxy-stg-management-stg1",
                            "session_affinity": "NONE",
                            "timeout_sec": "30"
                        },
                        "meta": {},
                        "tainted": false
                    },
                    "deposed": [],
                    "provider": "provider.google"
                },
                "google_compute_region_backend_service.realtime_stg_stg1_internal": {
                    "type": "google_compute_region_backend_service",
                    "depends_on": [],
                    "primary": {
                        "id": "realtime-stg-stg1-internal",
                        "attributes": {
                            "backend.#": "8",
                            "backend.1603750330.description": "",
                            "backend.1603750330.group": "https://www.googleapis.com/compute/v1/projects/waze-development/zones/europe-west1-d/instanceGroups/realtime-traffic-east-stg-v018",
                            "backend.2408227668.description": "",
                            "backend.2408227668.group": "https://www.googleapis.com/compute/v1/projects/waze-development/zones/europe-west1-d/instanceGroups/realtime-frontend-3-stg-v023",
                            "backend.2701397384.description": "",
                            "backend.2701397384.group": "https://www.googleapis.com/compute/v1/projects/waze-development/zones/europe-west1-d/instanceGroups/realtime-frontend-2-stg-v039",
                            "backend.2747601179.description": "",
                            "backend.2747601179.group": "https://www.googleapis.com/compute/v1/projects/waze-development/zones/europe-west1-d/instanceGroups/realtime-traffic-west-stg-v014",
                            "backend.2977297198.description": "",
                            "backend.2977297198.group": "https://www.googleapis.com/compute/v1/projects/waze-development/zones/europe-west1-d/instanceGroups/realtime-frontend-6-stg-v008",
                            "backend.3401502271.description": "",
                            "backend.3401502271.group": "https://www.googleapis.com/compute/v1/projects/waze-development/zones/europe-west1-d/instanceGroups/realtime-frontend-5-stg-v003",
                            "backend.3619788805.description": "",
                            "backend.3619788805.group": "https://www.googleapis.com/compute/v1/projects/waze-development/zones/europe-west1-d/instanceGroups/realtime-centraldb-stg-v015",
                            "backend.4212280027.description": "",
                            "backend.4212280027.group": "https://www.googleapis.com/compute/v1/projects/waze-development/zones/europe-west1-d/instanceGroups/realtime-frontend-4-stg-v023",
                            "connection_draining_timeout_sec": "0",
                            "description": "",
                            "fingerprint": "RSQAGtDPyls=",
                            "health_checks.#": "1",
                            "health_checks.850958914": "https://www.googleapis.com/compute/v1/projects/waze-development/global/healthChecks/realtime-stg-internal-hc",
                            "id": "realtime-stg-stg1-internal",
                            "name": "realtime-stg-stg1-internal",
                            "project": "waze-development",
                            "protocol": "TCP",
                            "region": "europe-west1",
                            "self_link": "https://www.googleapis.com/compute/v1/projects/waze-development/regions/europe-west1/backendServices/realtime-stg-stg1-internal",
                            "session_affinity": "NONE",
                            "timeout_sec": "30"
                        },
                        "meta": {},
                        "tainted": false
                    },
                    "deposed": [],
                    "provider": "provider.google"
                },
                "google_compute_region_backend_service.redit_test_stg_stg1_ibes": {
                    "type": "google_compute_region_backend_service",
                    "depends_on": [],
                    "primary": {
                        "id": "redit-test-stg-stg1-ibes",
                        "attributes": {
                            "backend.#": "0",
                            "connection_draining_timeout_sec": "300",
                            "description": "",
                            "fingerprint": "r5jNmBKvNCI=",
                            "health_checks.#": "1",
                            "health_checks.1159595282": "https://www.googleapis.com/compute/v1/projects/waze-development/global/healthChecks/microservice-healthcheck",
                            "id": "redit-test-stg-stg1-ibes",
                            "name": "redit-test-stg-stg1-ibes",
                            "project": "waze-development",
                            "protocol": "TCP",
                            "region": "europe-west1",
                            "self_link": "https://www.googleapis.com/compute/v1/projects/waze-development/regions/europe-west1/backendServices/redit-test-stg-stg1-ibes",
                            "session_affinity": "NONE",
                            "timeout_sec": "30"
                        },
                        "meta": {},
                        "tainted": false
                    },
                    "deposed": [],
                    "provider": "provider.google"
                },
                "google_compute_region_backend_service.repository_server_stg_stg1_bes": {
                    "type": "google_compute_region_backend_service",
                    "depends_on": [],
                    "primary": {
                        "id": "repository-server-stg-stg1-bes",
                        "attributes": {
                            "backend.#": "0",
                            "connection_draining_timeout_sec": "300",
                            "description": "",
                            "fingerprint": "Kepiw93d5jg=",
                            "health_checks.#": "1",
                            "health_checks.3539866715": "https://www.googleapis.com/compute/v1/projects/waze-development/global/healthChecks/http-healthcheck",
                            "id": "repository-server-stg-stg1-bes",
                            "name": "repository-server-stg-stg1-bes",
                            "project": "waze-development",
                            "protocol": "TCP",
                            "region": "europe-west1",
                            "self_link": "https://www.googleapis.com/compute/v1/projects/waze-development/regions/europe-west1/backendServices/repository-server-stg-stg1-bes",
                            "session_affinity": "NONE",
                            "timeout_sec": "30"
                        },
                        "meta": {},
                        "tainted": false
                    },
                    "deposed": [],
                    "provider": "provider.google"
                },
                "google_compute_region_backend_service.repositoryprocessor_stg_stg1_bes": {
                    "type": "google_compute_region_backend_service",
                    "depends_on": [],
                    "primary": {
                        "id": "repositoryprocessor-stg-stg1-bes",
                        "attributes": {
                            "backend.#": "2",
                            "backend.1151714391.description": "",
                            "backend.1151714391.group": "https://www.googleapis.com/compute/v1/projects/waze-development/regions/europe-west1/instanceGroups/repositoryprocessor-stg-stg1-v002",
                            "backend.1189313038.description": "",
                            "backend.1189313038.group": "https://www.googleapis.com/compute/v1/projects/waze-development/regions/europe-west1/instanceGroups/repositoryprocessor-stg-stg1-v001",
                            "connection_draining_timeout_sec": "300",
                            "description": "",
                            "fingerprint": "1MJDLcey0EE=",
                            "health_checks.#": "1",
                            "health_checks.3539866715": "https://www.googleapis.com/compute/v1/projects/waze-development/global/healthChecks/http-healthcheck",
                            "id": "repositoryprocessor-stg-stg1-bes",
                            "name": "repositoryprocessor-stg-stg1-bes",
                            "project": "waze-development",
                            "protocol": "TCP",
                            "region": "europe-west1",
                            "self_link": "https://www.googleapis.com/compute/v1/projects/waze-development/regions/europe-west1/backendServices/repositoryprocessor-stg-stg1-bes",
                            "session_affinity": "NONE",
                            "timeout_sec": "30"
                        },
                        "meta": {},
                        "tainted": false
                    },
                    "deposed": [],
                    "provider": "provider.google"
                },
                "google_compute_region_backend_service.row_staging_general12_cassandra_bes": {
                    "type": "google_compute_region_backend_service",
                    "depends_on": [],
                    "primary": {
                        "id": "row-staging-general12-cassandra-bes",
                        "attributes": {
                            "backend.#": "3",
                            "backend.1699602386.description": "",
                            "backend.1699602386.group": "https://www.googleapis.com/compute/v1/projects/waze-development/zones/europe-west1-c/instanceGroups/stagingcassandra-stg-c-v001",
                            "backend.3414495859.description": "",
                            "backend.3414495859.group": "https://www.googleapis.com/compute/v1/projects/waze-development/zones/europe-west1-d/instanceGroups/stagingcassandra-stg-d-v001",
                            "backend.3593356511.description": "",
                            "backend.3593356511.group": "https://www.googleapis.com/compute/v1/projects/waze-development/zones/europe-west1-b/instanceGroups/stagingcassandra-stg-b-v001",
                            "connection_draining_timeout_sec": "300",
                            "description": "",
                            "fingerprint": "nOJ6zcvrPjg=",
                            "health_checks.#": "1",
                            "health_checks.3514590948": "https://www.googleapis.com/compute/v1/projects/waze-development/global/healthChecks/cassandra-healthcheck",
                            "id": "row-staging-general12-cassandra-bes",
                            "name": "row-staging-general12-cassandra-bes",
                            "project": "waze-development",
                            "protocol": "TCP",
                            "region": "europe-west1",
                            "self_link": "https://www.googleapis.com/compute/v1/projects/waze-development/regions/europe-west1/backendServices/row-staging-general12-cassandra-bes",
                            "session_affinity": "NONE",
                            "timeout_sec": "30"
                        },
                        "meta": {},
                        "tainted": false
                    },
                    "deposed": [],
                    "provider": "provider.google"
                },
                "google_compute_region_backend_service.row_staging_general21_cassandra_bes": {
                    "type": "google_compute_region_backend_service",
                    "depends_on": [],
                    "primary": {
                        "id": "row-staging-general21-cassandra-bes",
                        "attributes": {
                            "backend.#": "0",
                            "connection_draining_timeout_sec": "300",
                            "description": "",
                            "fingerprint": "IZz80UAEO_k=",
                            "health_checks.#": "1",
                            "health_checks.3514590948": "https://www.googleapis.com/compute/v1/projects/waze-development/global/healthChecks/cassandra-healthcheck",
                            "id": "row-staging-general21-cassandra-bes",
                            "name": "row-staging-general21-cassandra-bes",
                            "project": "waze-development",
                            "protocol": "TCP",
                            "region": "europe-west1",
                            "self_link": "https://www.googleapis.com/compute/v1/projects/waze-development/regions/europe-west1/backendServices/row-staging-general21-cassandra-bes",
                            "session_affinity": "NONE",
                            "timeout_sec": "30"
                        },
                        "meta": {},
                        "tainted": false
                    },
                    "deposed": [],
                    "provider": "provider.google"
                },
                "google_compute_region_backend_service.saw_stg_stg1_ibes": {
                    "type": "google_compute_region_backend_service",
                    "depends_on": [],
                    "primary": {
                        "id": "saw-stg-stg1-ibes",
                        "attributes": {
                            "backend.#": "1",
                            "backend.2213918242.description": "",
                            "backend.2213918242.group": "https://www.googleapis.com/compute/v1/projects/waze-development/regions/europe-west1/instanceGroups/saw-stg-stg1-v001",
                            "connection_draining_timeout_sec": "300",
                            "description": "",
                            "fingerprint": "fM4fASDDW8c=",
                            "health_checks.#": "1",
                            "health_checks.3539866715": "https://www.googleapis.com/compute/v1/projects/waze-development/global/healthChecks/http-healthcheck",
                            "id": "saw-stg-stg1-ibes",
                            "name": "saw-stg-stg1-ibes",
                            "project": "waze-development",
                            "protocol": "TCP",
                            "region": "europe-west1",
                            "self_link": "https://www.googleapis.com/compute/v1/projects/waze-development/regions/europe-west1/backendServices/saw-stg-stg1-ibes",
                            "session_affinity": "NONE",
                            "timeout_sec": "30"
                        },
                        "meta": {},
                        "tainted": false
                    },
                    "deposed": [],
                    "provider": "provider.google"
                },
                "google_compute_region_backend_service.scheduler_stg_stg1_bes": {
                    "type": "google_compute_region_backend_service",
                    "depends_on": [],
                    "primary": {
                        "id": "scheduler-stg-stg1-bes",
                        "attributes": {
                            "backend.#": "1",
                            "backend.3252283816.description": "",
                            "backend.3252283816.group": "https://www.googleapis.com/compute/v1/projects/waze-development/regions/europe-west1/instanceGroups/scheduler-stg-stg1-v005",
                            "connection_draining_timeout_sec": "300",
                            "description": "",
                            "fingerprint": "LYcQpbZV-ls=",
                            "health_checks.#": "1",
                            "health_checks.3539866715": "https://www.googleapis.com/compute/v1/projects/waze-development/global/healthChecks/http-healthcheck",
                            "id": "scheduler-stg-stg1-bes",
                            "name": "scheduler-stg-stg1-bes",
                            "project": "waze-development",
                            "protocol": "TCP",
                            "region": "europe-west1",
                            "self_link": "https://www.googleapis.com/compute/v1/projects/waze-development/regions/europe-west1/backendServices/scheduler-stg-stg1-bes",
                            "session_affinity": "NONE",
                            "timeout_sec": "30"
                        },
                        "meta": {},
                        "tainted": false
                    },
                    "deposed": [],
                    "provider": "provider.google"
                },
                "google_compute_region_backend_service.searchserver_stg_stg1_bes": {
                    "type": "google_compute_region_backend_service",
                    "depends_on": [],
                    "primary": {
                        "id": "searchserver-stg-stg1-bes",
                        "attributes": {
                            "backend.#": "0",
                            "connection_draining_timeout_sec": "300",
                            "description": "",
                            "fingerprint": "qo84iiPH0F0=",
                            "health_checks.#": "1",
                            "health_checks.3539866715": "https://www.googleapis.com/compute/v1/projects/waze-development/global/healthChecks/http-healthcheck",
                            "id": "searchserver-stg-stg1-bes",
                            "name": "searchserver-stg-stg1-bes",
                            "project": "waze-development",
                            "protocol": "TCP",
                            "region": "europe-west1",
                            "self_link": "https://www.googleapis.com/compute/v1/projects/waze-development/regions/europe-west1/backendServices/searchserver-stg-stg1-bes",
                            "session_affinity": "NONE",
                            "timeout_sec": "30"
                        },
                        "meta": {},
                        "tainted": false
                    },
                    "deposed": [],
                    "provider": "provider.google"
                },
                "google_compute_region_backend_service.servermanager_stg_stg1_bes": {
                    "type": "google_compute_region_backend_service",
                    "depends_on": [],
                    "primary": {
                        "id": "servermanager-stg-stg1-bes",
                        "attributes": {
                            "backend.#": "2",
                            "backend.1538102147.description": "",
                            "backend.1538102147.group": "https://www.googleapis.com/compute/v1/projects/waze-development/regions/europe-west1/instanceGroups/servermanager-stg-stg1-v002",
                            "backend.1591903494.description": "",
                            "backend.1591903494.group": "https://www.googleapis.com/compute/v1/projects/waze-development/regions/europe-west1/instanceGroups/servermanager-stg-stg1-v005",
                            "connection_draining_timeout_sec": "300",
                            "description": "",
                            "fingerprint": "ceiVLWxkMfY=",
                            "health_checks.#": "1",
                            "health_checks.3539866715": "https://www.googleapis.com/compute/v1/projects/waze-development/global/healthChecks/http-healthcheck",
                            "id": "servermanager-stg-stg1-bes",
                            "name": "servermanager-stg-stg1-bes",
                            "project": "waze-development",
                            "protocol": "TCP",
                            "region": "europe-west1",
                            "self_link": "https://www.googleapis.com/compute/v1/projects/waze-development/regions/europe-west1/backendServices/servermanager-stg-stg1-bes",
                            "session_affinity": "NONE",
                            "timeout_sec": "30"
                        },
                        "meta": {},
                        "tainted": false
                    },
                    "deposed": [],
                    "provider": "provider.google"
                },
                "google_compute_region_backend_service.socialmediaserver_stg_stg1_bes": {
                    "type": "google_compute_region_backend_service",
                    "depends_on": [],
                    "primary": {
                        "id": "socialmediaserver-stg-stg1-bes",
                        "attributes": {
                            "backend.#": "0",
                            "connection_draining_timeout_sec": "300",
                            "description": "",
                            "fingerprint": "U-rgcimgNtU=",
                            "health_checks.#": "1",
                            "health_checks.3539866715": "https://www.googleapis.com/compute/v1/projects/waze-development/global/healthChecks/http-healthcheck",
                            "id": "socialmediaserver-stg-stg1-bes",
                            "name": "socialmediaserver-stg-stg1-bes",
                            "project": "waze-development",
                            "protocol": "TCP",
                            "region": "europe-west1",
                            "self_link": "https://www.googleapis.com/compute/v1/projects/waze-development/regions/europe-west1/backendServices/socialmediaserver-stg-stg1-bes",
                            "session_affinity": "NONE",
                            "timeout_sec": "30"
                        },
                        "meta": {},
                        "tainted": false
                    },
                    "deposed": [],
                    "provider": "provider.google"
                },
                "google_compute_region_backend_service.stg_realtime_ddb_cassandra_bes": {
                    "type": "google_compute_region_backend_service",
                    "depends_on": [],
                    "primary": {
                        "id": "stg-realtime-ddb-cassandra-bes",
                        "attributes": {
                            "backend.#": "3",
                            "backend.2455577771.description": "",
                            "backend.2455577771.group": "https://www.googleapis.com/compute/v1/projects/waze-development/zones/europe-west1-c/instanceGroups/realtimeddbcassandra-stg-c-v000",
                            "backend.3001904359.description": "",
                            "backend.3001904359.group": "https://www.googleapis.com/compute/v1/projects/waze-development/zones/europe-west1-d/instanceGroups/realtimeddbcassandra-stg-d-v000",
                            "backend.3670425028.description": "",
                            "backend.3670425028.group": "https://www.googleapis.com/compute/v1/projects/waze-development/zones/europe-west1-b/instanceGroups/realtimeddbcassandra-stg-b-v000",
                            "connection_draining_timeout_sec": "300",
                            "description": "",
                            "fingerprint": "ZKDinZnvkVs=",
                            "health_checks.#": "1",
                            "health_checks.3514590948": "https://www.googleapis.com/compute/v1/projects/waze-development/global/healthChecks/cassandra-healthcheck",
                            "id": "stg-realtime-ddb-cassandra-bes",
                            "name": "stg-realtime-ddb-cassandra-bes",
                            "project": "waze-development",
                            "protocol": "TCP",
                            "region": "europe-west1",
                            "self_link": "https://www.googleapis.com/compute/v1/projects/waze-development/regions/europe-west1/backendServices/stg-realtime-ddb-cassandra-bes",
                            "session_affinity": "NONE",
                            "timeout_sec": "30"
                        },
                        "meta": {},
                        "tainted": false
                    },
                    "deposed": [],
                    "provider": "provider.google"
                },
                "google_compute_region_backend_service.stg_staging_general21_cassandra_bes": {
                    "type": "google_compute_region_backend_service",
                    "depends_on": [],
                    "primary": {
                        "id": "stg-staging-general21-cassandra-bes",
                        "attributes": {
                            "backend.#": "3",
                            "backend.344473870.description": "",
                            "backend.344473870.group": "https://www.googleapis.com/compute/v1/projects/waze-development/zones/europe-west1-d/instanceGroups/staginggeneral21cassandra-stg-d-v001",
                            "backend.4031205735.description": "",
                            "backend.4031205735.group": "https://www.googleapis.com/compute/v1/projects/waze-development/zones/europe-west1-c/instanceGroups/staginggeneral21cassandra-stg-c-v001",
                            "backend.518972137.description": "",
                            "backend.518972137.group": "https://www.googleapis.com/compute/v1/projects/waze-development/zones/europe-west1-b/instanceGroups/staginggeneral21cassandra-stg-b-v001",
                            "connection_draining_timeout_sec": "300",
                            "description": "",
                            "fingerprint": "y13UUosFmuk=",
                            "health_checks.#": "1",
                            "health_checks.3514590948": "https://www.googleapis.com/compute/v1/projects/waze-development/global/healthChecks/cassandra-healthcheck",
                            "id": "stg-staging-general21-cassandra-bes",
                            "name": "stg-staging-general21-cassandra-bes",
                            "project": "waze-development",
                            "protocol": "TCP",
                            "region": "europe-west1",
                            "self_link": "https://www.googleapis.com/compute/v1/projects/waze-development/regions/europe-west1/backendServices/stg-staging-general21-cassandra-bes",
                            "session_affinity": "NONE",
                            "timeout_sec": "30"
                        },
                        "meta": {},
                        "tainted": false
                    },
                    "deposed": [],
                    "provider": "provider.google"
                },
                "google_compute_region_backend_service.stg_staging_master_cassandra_bes": {
                    "type": "google_compute_region_backend_service",
                    "depends_on": [],
                    "primary": {
                        "id": "stg-staging-master-cassandra-bes",
                        "attributes": {
                            "backend.#": "3",
                            "backend.2144482098.description": "",
                            "backend.2144482098.group": "https://www.googleapis.com/compute/v1/projects/waze-development/zones/europe-west1-b/instanceGroups/stagingmastercassandra-stg-b-v001",
                            "backend.3669282721.description": "",
                            "backend.3669282721.group": "https://www.googleapis.com/compute/v1/projects/waze-development/zones/europe-west1-c/instanceGroups/stagingmastercassandra-stg-c-v001",
                            "backend.375796954.description": "",
                            "backend.375796954.group": "https://www.googleapis.com/compute/v1/projects/waze-development/zones/europe-west1-d/instanceGroups/stagingmastercassandra-stg-d-v001",
                            "connection_draining_timeout_sec": "300",
                            "description": "",
                            "fingerprint": "4Eqse8rc2r4=",
                            "health_checks.#": "1",
                            "health_checks.3514590948": "https://www.googleapis.com/compute/v1/projects/waze-development/global/healthChecks/cassandra-healthcheck",
                            "id": "stg-staging-master-cassandra-bes",
                            "name": "stg-staging-master-cassandra-bes",
                            "project": "waze-development",
                            "protocol": "TCP",
                            "region": "europe-west1",
                            "self_link": "https://www.googleapis.com/compute/v1/projects/waze-development/regions/europe-west1/backendServices/stg-staging-master-cassandra-bes",
                            "session_affinity": "NONE",
                            "timeout_sec": "30"
                        },
                        "meta": {},
                        "tainted": false
                    },
                    "deposed": [],
                    "provider": "provider.google"
                },
                "google_compute_region_backend_service.stg_staging_youying_test_cassandra_bes": {
                    "type": "google_compute_region_backend_service",
                    "depends_on": [],
                    "primary": {
                        "id": "stg-staging-youying-test-cassandra-bes",
                        "attributes": {
                            "backend.#": "3",
                            "backend.2087959100.description": "",
                            "backend.2087959100.group": "https://www.googleapis.com/compute/v1/projects/waze-development/zones/europe-west1-b/instanceGroups/stagingyouyingtestcassandra-stg-b-v000",
                            "backend.2846950129.description": "",
                            "backend.2846950129.group": "https://www.googleapis.com/compute/v1/projects/waze-development/zones/europe-west1-c/instanceGroups/stagingyouyingtestcassandra-stg-c-v001",
                            "backend.3923926755.description": "",
                            "backend.3923926755.group": "https://www.googleapis.com/compute/v1/projects/waze-development/zones/europe-west1-d/instanceGroups/stagingyouyingtestcassandra-stg-d-v000",
                            "connection_draining_timeout_sec": "300",
                            "description": "",
                            "fingerprint": "EUgq4l2irSI=",
                            "health_checks.#": "1",
                            "health_checks.3514590948": "https://www.googleapis.com/compute/v1/projects/waze-development/global/healthChecks/cassandra-healthcheck",
                            "id": "stg-staging-youying-test-cassandra-bes",
                            "name": "stg-staging-youying-test-cassandra-bes",
                            "project": "waze-development",
                            "protocol": "TCP",
                            "region": "europe-west1",
                            "self_link": "https://www.googleapis.com/compute/v1/projects/waze-development/regions/europe-west1/backendServices/stg-staging-youying-test-cassandra-bes",
                            "session_affinity": "NONE",
                            "timeout_sec": "30"
                        },
                        "meta": {},
                        "tainted": false
                    },
                    "deposed": [],
                    "provider": "provider.google"
                },
                "google_compute_region_backend_service.stg_stgregulator_cassandra_bes": {
                    "type": "google_compute_region_backend_service",
                    "depends_on": [],
                    "primary": {
                        "id": "stg-stgregulator-cassandra-bes",
                        "attributes": {
                            "backend.#": "3",
                            "backend.1106422210.description": "",
                            "backend.1106422210.group": "https://www.googleapis.com/compute/v1/projects/waze-development/zones/europe-west1-c/instanceGroups/stgregulatorcassandra-stg-c-v000",
                            "backend.1197890255.description": "",
                            "backend.1197890255.group": "https://www.googleapis.com/compute/v1/projects/waze-development/zones/europe-west1-b/instanceGroups/stgregulatorcassandra-stg-b-v000",
                            "backend.1344041185.description": "",
                            "backend.1344041185.group": "https://www.googleapis.com/compute/v1/projects/waze-development/zones/europe-west1-d/instanceGroups/stgregulatorcassandra-stg-d-v000",
                            "connection_draining_timeout_sec": "300",
                            "description": "",
                            "fingerprint": "ki7Dt0l7wJI=",
                            "health_checks.#": "1",
                            "health_checks.3514590948": "https://www.googleapis.com/compute/v1/projects/waze-development/global/healthChecks/cassandra-healthcheck",
                            "id": "stg-stgregulator-cassandra-bes",
                            "name": "stg-stgregulator-cassandra-bes",
                            "project": "waze-development",
                            "protocol": "TCP",
                            "region": "europe-west1",
                            "self_link": "https://www.googleapis.com/compute/v1/projects/waze-development/regions/europe-west1/backendServices/stg-stgregulator-cassandra-bes",
                            "session_affinity": "NONE",
                            "timeout_sec": "30"
                        },
                        "meta": {},
                        "tainted": false
                    },
                    "deposed": [],
                    "provider": "provider.google"
                },
                "google_compute_region_backend_service.stg_stgtopics_events_cassandra_bes": {
                    "type": "google_compute_region_backend_service",
                    "depends_on": [],
                    "primary": {
                        "id": "stg-stgtopics-events-cassandra-bes",
                        "attributes": {
                            "backend.#": "0",
                            "connection_draining_timeout_sec": "300",
                            "description": "",
                            "fingerprint": "Zx936piSaFY=",
                            "health_checks.#": "1",
                            "health_checks.3514590948": "https://www.googleapis.com/compute/v1/projects/waze-development/global/healthChecks/cassandra-healthcheck",
                            "id": "stg-stgtopics-events-cassandra-bes",
                            "name": "stg-stgtopics-events-cassandra-bes",
                            "project": "waze-development",
                            "protocol": "TCP",
                            "region": "europe-west1",
                            "self_link": "https://www.googleapis.com/compute/v1/projects/waze-development/regions/europe-west1/backendServices/stg-stgtopics-events-cassandra-bes",
                            "session_affinity": "NONE",
                            "timeout_sec": "30"
                        },
                        "meta": {},
                        "tainted": false
                    },
                    "deposed": [],
                    "provider": "provider.google"
                },
                "google_compute_region_backend_service.stg_test_cassandra_bes": {
                    "type": "google_compute_region_backend_service",
                    "depends_on": [],
                    "primary": {
                        "id": "stg-test-cassandra-bes",
                        "attributes": {
                            "backend.#": "0",
                            "connection_draining_timeout_sec": "300",
                            "description": "",
                            "fingerprint": "0kCWj2L5CAs=",
                            "health_checks.#": "1",
                            "health_checks.3514590948": "https://www.googleapis.com/compute/v1/projects/waze-development/global/healthChecks/cassandra-healthcheck",
                            "id": "stg-test-cassandra-bes",
                            "name": "stg-test-cassandra-bes",
                            "project": "waze-development",
                            "protocol": "TCP",
                            "region": "europe-west1",
                            "self_link": "https://www.googleapis.com/compute/v1/projects/waze-development/regions/europe-west1/backendServices/stg-test-cassandra-bes",
                            "session_affinity": "NONE",
                            "timeout_sec": "30"
                        },
                        "meta": {},
                        "tainted": false
                    },
                    "deposed": [],
                    "provider": "provider.google"
                },
                "google_compute_region_backend_service.stg_topics_events_cassandra_bes": {
                    "type": "google_compute_region_backend_service",
                    "depends_on": [],
                    "primary": {
                        "id": "stg-topics-events-cassandra-bes",
                        "attributes": {
                            "backend.#": "0",
                            "connection_draining_timeout_sec": "300",
                            "description": "",
                            "fingerprint": "sZaWHhCZPbM=",
                            "health_checks.#": "1",
                            "health_checks.3514590948": "https://www.googleapis.com/compute/v1/projects/waze-development/global/healthChecks/cassandra-healthcheck",
                            "id": "stg-topics-events-cassandra-bes",
                            "name": "stg-topics-events-cassandra-bes",
                            "project": "waze-development",
                            "protocol": "TCP",
                            "region": "europe-west1",
                            "self_link": "https://www.googleapis.com/compute/v1/projects/waze-development/regions/europe-west1/backendServices/stg-topics-events-cassandra-bes",
                            "session_affinity": "NONE",
                            "timeout_sec": "30"
                        },
                        "meta": {},
                        "tainted": false
                    },
                    "deposed": [],
                    "provider": "provider.google"
                },
                "google_compute_region_backend_service.storagegateway_stg_stg1_bes": {
                    "type": "google_compute_region_backend_service",
                    "depends_on": [],
                    "primary": {
                        "id": "storagegateway-stg-stg1-bes",
                        "attributes": {
                            "backend.#": "1",
                            "backend.2550310299.description": "",
                            "backend.2550310299.group": "https://www.googleapis.com/compute/v1/projects/waze-development/regions/europe-west1/instanceGroups/storagegateway-stg-stg1-v007",
                            "connection_draining_timeout_sec": "300",
                            "description": "",
                            "fingerprint": "oz-tO8EIMSg=",
                            "health_checks.#": "1",
                            "health_checks.3539866715": "https://www.googleapis.com/compute/v1/projects/waze-development/global/healthChecks/http-healthcheck",
                            "id": "storagegateway-stg-stg1-bes",
                            "name": "storagegateway-stg-stg1-bes",
                            "project": "waze-development",
                            "protocol": "TCP",
                            "region": "europe-west1",
                            "self_link": "https://www.googleapis.com/compute/v1/projects/waze-development/regions/europe-west1/backendServices/storagegateway-stg-stg1-bes",
                            "session_affinity": "NONE",
                            "timeout_sec": "30"
                        },
                        "meta": {},
                        "tainted": false
                    },
                    "deposed": [],
                    "provider": "provider.google"
                },
                "google_compute_region_backend_service.traceutility_stg_stg1_ibes": {
                    "type": "google_compute_region_backend_service",
                    "depends_on": [],
                    "primary": {
                        "id": "traceutility-stg-stg1-ibes",
                        "attributes": {
                            "backend.#": "1",
                            "backend.4257561086.description": "",
                            "backend.4257561086.group": "https://www.googleapis.com/compute/v1/projects/waze-development/regions/europe-west1/instanceGroups/traceutility-stg-stg1-v004",
                            "connection_draining_timeout_sec": "300",
                            "description": "",
                            "fingerprint": "qrtokpBVx1Y=",
                            "health_checks.#": "1",
                            "health_checks.3539866715": "https://www.googleapis.com/compute/v1/projects/waze-development/global/healthChecks/http-healthcheck",
                            "id": "traceutility-stg-stg1-ibes",
                            "name": "traceutility-stg-stg1-ibes",
                            "project": "waze-development",
                            "protocol": "TCP",
                            "region": "europe-west1",
                            "self_link": "https://www.googleapis.com/compute/v1/projects/waze-development/regions/europe-west1/backendServices/traceutility-stg-stg1-ibes",
                            "session_affinity": "NONE",
                            "timeout_sec": "30"
                        },
                        "meta": {},
                        "tainted": false
                    },
                    "deposed": [],
                    "provider": "provider.google"
                },
                "google_compute_region_backend_service.useractions_stg_stg1_ibes": {
                    "type": "google_compute_region_backend_service",
                    "depends_on": [],
                    "primary": {
                        "id": "useractions-stg-stg1-ibes",
                        "attributes": {
                            "backend.#": "1",
                            "backend.331262124.description": "",
                            "backend.331262124.group": "https://www.googleapis.com/compute/v1/projects/waze-development/regions/europe-west1/instanceGroups/useractions-stg-stg1-v002",
                            "connection_draining_timeout_sec": "300",
                            "description": "",
                            "fingerprint": "1QJ-htrCUtI=",
                            "health_checks.#": "1",
                            "health_checks.1159595282": "https://www.googleapis.com/compute/v1/projects/waze-development/global/healthChecks/microservice-healthcheck",
                            "id": "useractions-stg-stg1-ibes",
                            "name": "useractions-stg-stg1-ibes",
                            "project": "waze-development",
                            "protocol": "TCP",
                            "region": "europe-west1",
                            "self_link": "https://www.googleapis.com/compute/v1/projects/waze-development/regions/europe-west1/backendServices/useractions-stg-stg1-ibes",
                            "session_affinity": "NONE",
                            "timeout_sec": "30"
                        },
                        "meta": {},
                        "tainted": false
                    },
                    "deposed": [],
                    "provider": "provider.google"
                },
                "google_compute_region_backend_service.userjourney_stg_stg1_ibes": {
                    "type": "google_compute_region_backend_service",
                    "depends_on": [],
                    "primary": {
                        "id": "userjourney-stg-stg1-ibes",
                        "attributes": {
                            "backend.#": "1",
                            "backend.1766253516.description": "",
                            "backend.1766253516.group": "https://www.googleapis.com/compute/v1/projects/waze-development/regions/europe-west1/instanceGroups/userjourney-stg-stg1-v014",
                            "connection_draining_timeout_sec": "300",
                            "description": "",
                            "fingerprint": "5sUTcVT0c4s=",
                            "health_checks.#": "1",
                            "health_checks.1159595282": "https://www.googleapis.com/compute/v1/projects/waze-development/global/healthChecks/microservice-healthcheck",
                            "id": "userjourney-stg-stg1-ibes",
                            "name": "userjourney-stg-stg1-ibes",
                            "project": "waze-development",
                            "protocol": "TCP",
                            "region": "europe-west1",
                            "self_link": "https://www.googleapis.com/compute/v1/projects/waze-development/regions/europe-west1/backendServices/userjourney-stg-stg1-ibes",
                            "session_affinity": "NONE",
                            "timeout_sec": "30"
                        },
                        "meta": {},
                        "tainted": false
                    },
                    "deposed": [],
                    "provider": "provider.google"
                },
                "google_compute_region_backend_service.userrouting_stg_stg1_ibes": {
                    "type": "google_compute_region_backend_service",
                    "depends_on": [],
                    "primary": {
                        "id": "userrouting-stg-stg1-ibes",
                        "attributes": {
                            "backend.#": "1",
                            "backend.2965459805.description": "",
                            "backend.2965459805.group": "https://www.googleapis.com/compute/v1/projects/waze-development/regions/europe-west1/instanceGroups/userrouting-stg-stg1-v003",
                            "connection_draining_timeout_sec": "300",
                            "description": "",
                            "fingerprint": "ylbGo1u93aQ=",
                            "health_checks.#": "1",
                            "health_checks.3539866715": "https://www.googleapis.com/compute/v1/projects/waze-development/global/healthChecks/http-healthcheck",
                            "id": "userrouting-stg-stg1-ibes",
                            "name": "userrouting-stg-stg1-ibes",
                            "project": "waze-development",
                            "protocol": "TCP",
                            "region": "europe-west1",
                            "self_link": "https://www.googleapis.com/compute/v1/projects/waze-development/regions/europe-west1/backendServices/userrouting-stg-stg1-ibes",
                            "session_affinity": "NONE",
                            "timeout_sec": "30"
                        },
                        "meta": {},
                        "tainted": false
                    },
                    "deposed": [],
                    "provider": "provider.google"
                },
                "google_compute_region_backend_service.usersprofile_stg_internal": {
                    "type": "google_compute_region_backend_service",
                    "depends_on": [],
                    "primary": {
                        "id": "usersprofile-stg-internal",
                        "attributes": {
                            "backend.#": "1",
                            "backend.4001793357.description": "",
                            "backend.4001793357.group": "https://www.googleapis.com/compute/v1/projects/waze-development/regions/europe-west1/instanceGroups/usersprofile-stg-stg1-v124",
                            "connection_draining_timeout_sec": "300",
                            "description": "",
                            "fingerprint": "6KkgG7NfAc4=",
                            "health_checks.#": "1",
                            "health_checks.2525702793": "https://www.googleapis.com/compute/v1/projects/waze-development/global/healthChecks/usersprofile-stg-hc",
                            "id": "usersprofile-stg-internal",
                            "name": "usersprofile-stg-internal",
                            "project": "waze-development",
                            "protocol": "TCP",
                            "region": "europe-west1",
                            "self_link": "https://www.googleapis.com/compute/v1/projects/waze-development/regions/europe-west1/backendServices/usersprofile-stg-internal",
                            "session_affinity": "NONE",
                            "timeout_sec": "30"
                        },
                        "meta": {},
                        "tainted": false
                    },
                    "deposed": [],
                    "provider": "provider.google"
                }
            },
            "depends_on": []
        }
    ]
}
