{
    "version": 3,
    "terraform_version": "0.11.10",
    "serial": 1,
    "lineage": "4d7c481f-4585-9972-4a11-c4ecc70698fd",
    "modules": [
        {
            "path": [
                "root"
            ],
            "outputs": {},
            "resources": {
                "google_compute_subnetwork.cassandra_on_k8s": {
                    "type": "google_compute_subnetwork",
                    "depends_on": [],
                    "primary": {
                        "id": "cassandra-on-k8s",
                        "attributes": {
                            "creation_timestamp": "2018-08-17T10:05:50.735-07:00",
                            "description": "",
                            "enable_flow_logs": "false",
                            "fingerprint": "0fb5SnsyJgU=",
                            "gateway_address": "10.128.0.1",
                            "id": "cassandra-on-k8s",
                            "ip_cidr_range": "10.128.0.0/20",
                            "name": "cassandra-on-k8s",
                            "network": "https://www.googleapis.com/compute/v1/projects/waze-development/global/networks/cassandra-on-k8s",
                            "private_ip_google_access": "false",
                            "project": "waze-development",
                            "region": "us-central1",
                            "secondary_ip_range.#": "0",
                            "self_link": "https://www.googleapis.com/compute/v1/projects/waze-development/regions/us-central1/subnetworks/cassandra-on-k8s"
                        },
                        "meta": {},
                        "tainted": false
                    },
                    "deposed": [],
                    "provider": "provider.google"
                }
            },
            "depends_on": []
        }
    ]
}
